[0m[1mdata.utils_yaml_merge.model: Reading...[0m[0m
[0m[1mdata.utils_yaml_merge.model: Read complete after 0s[0m

Terraform used the selected providers to generate the following execution
plan. Resource actions are indicated with the following symbols:
  [32m+[0m create
[0m
Terraform will perform the following actions:

[1m  # module.access.aci_access_generic.access_generic["accessAep"][0m will be created[0m[0m
[0m  [32m+[0m[0m resource "aci_access_generic" "access_generic" {
      [32m+[0m [0m[1m[0mannotation[0m[0m                          = "easy-aci:1.0.1"
      [32m+[0m [0m[1m[0mattachable_access_entity_profile_dn[0m[0m = (known after apply)
      [32m+[0m [0m[1m[0mdescription[0m[0m                         = (known after apply)
      [32m+[0m [0m[1m[0mid[0m[0m                                  = (known after apply)
      [32m+[0m [0m[1m[0mname[0m[0m                                = "default"
      [32m+[0m [0m[1m[0mname_alias[0m[0m                          = (known after apply)
    }

[1m  # module.access.aci_access_generic.access_generic["infraAep"][0m will be created[0m[0m
[0m  [32m+[0m[0m resource "aci_access_generic" "access_generic" {
      [32m+[0m [0m[1m[0mannotation[0m[0m                          = "easy-aci:1.0.1"
      [32m+[0m [0m[1m[0mattachable_access_entity_profile_dn[0m[0m = (known after apply)
      [32m+[0m [0m[1m[0mdescription[0m[0m                         = (known after apply)
      [32m+[0m [0m[1m[0mid[0m[0m                                  = (known after apply)
      [32m+[0m [0m[1m[0mname[0m[0m                                = "default"
      [32m+[0m [0m[1m[0mname_alias[0m[0m                          = (known after apply)
    }

[1m  # module.access.aci_access_generic.access_generic["trunkAep"][0m will be created[0m[0m
[0m  [32m+[0m[0m resource "aci_access_generic" "access_generic" {
      [32m+[0m [0m[1m[0mannotation[0m[0m                          = "easy-aci:1.0.1"
      [32m+[0m [0m[1m[0mattachable_access_entity_profile_dn[0m[0m = (known after apply)
      [32m+[0m [0m[1m[0mdescription[0m[0m                         = (known after apply)
      [32m+[0m [0m[1m[0mid[0m[0m                                  = (known after apply)
      [32m+[0m [0m[1m[0mname[0m[0m                                = "default"
      [32m+[0m [0m[1m[0mname_alias[0m[0m                          = (known after apply)
    }

[1m  # module.access.aci_access_switch_policy_group.switches_leaf_policy_groups["default"][0m will be created[0m[0m
[0m  [32m+[0m[0m resource "aci_access_switch_policy_group" "switches_leaf_policy_groups" {
      [32m+[0m [0m[1m[0mannotation[0m[0m                                             = "easy-aci:1.0.1"
      [32m+[0m [0m[1m[0mdescription[0m[0m                                            = "Default Leaf Policy Group"
      [32m+[0m [0m[1m[0mid[0m[0m                                                     = (known after apply)
      [32m+[0m [0m[1m[0mname[0m[0m                                                   = "default"
      [32m+[0m [0m[1m[0mname_alias[0m[0m                                             = (known after apply)
      [32m+[0m [0m[1m[0mrelation_infra_rs_bfd_ipv4_inst_pol[0m[0m                    = "uni/infra/bfdIpv4Inst-default"
      [32m+[0m [0m[1m[0mrelation_infra_rs_bfd_ipv6_inst_pol[0m[0m                    = "uni/infra/bfdIpv6Inst-default"
      [32m+[0m [0m[1m[0mrelation_infra_rs_bfd_mh_ipv4_inst_pol[0m[0m                 = "uni/infra/bfdMhIpv4Inst-default"
      [32m+[0m [0m[1m[0mrelation_infra_rs_bfd_mh_ipv6_inst_pol[0m[0m                 = "uni/infra/bfdMhIpv6Inst-default"
      [32m+[0m [0m[1m[0mrelation_infra_rs_equipment_flash_config_pol[0m[0m           = "uni/infra/flashconfigpol-default"
      [32m+[0m [0m[1m[0mrelation_infra_rs_fc_fabric_pol[0m[0m                        = "uni/infra/fcfabricpol-default"
      [32m+[0m [0m[1m[0mrelation_infra_rs_fc_inst_pol[0m[0m                          = "uni/infra/fcinstpol-default"
      [32m+[0m [0m[1m[0mrelation_infra_rs_iacl_leaf_profile[0m[0m                    = "uni/infra/iaclleafp-default"
      [32m+[0m [0m[1m[0mrelation_infra_rs_l2_node_auth_pol[0m[0m                     = "uni/infra/nodeauthpol-default"
      [32m+[0m [0m[1m[0mrelation_infra_rs_leaf_copp_profile[0m[0m                    = "uni/infra/coppleafp-default"
      [32m+[0m [0m[1m[0mrelation_infra_rs_leaf_p_grp_to_cdp_if_pol[0m[0m             = "uni/infra/cdpIfP-cdpEnabled"
      [32m+[0m [0m[1m[0mrelation_infra_rs_leaf_p_grp_to_lldp_if_pol[0m[0m            = "uni/infra/lldpIfP-lldpEnabled"
      [32m+[0m [0m[1m[0mrelation_infra_rs_mon_node_infra_pol[0m[0m                   = "uni/infra/moninfra-default"
      [32m+[0m [0m[1m[0mrelation_infra_rs_mst_inst_pol[0m[0m                         = "uni/infra/mstpInstPol-default"
      [32m+[0m [0m[1m[0mrelation_infra_rs_netflow_node_pol[0m[0m                     = "uni/infra/nodepol-default"
      [32m+[0m [0m[1m[0mrelation_infra_rs_poe_inst_pol[0m[0m                         = "uni/infra/poeInstP-default"
      [32m+[0m [0m[1m[0mrelation_infra_rs_topoctrl_fast_link_failover_inst_pol[0m[0m = "uni/infra/fastlinkfailoverinstpol-default"
      [32m+[0m [0m[1m[0mrelation_infra_rs_topoctrl_fwd_scale_prof_pol[0m[0m          = "uni/infra/fwdscalepol-default"
    }

[1m  # module.access.aci_attachable_access_entity_profile.attachable_access_entity_profiles["accessAep"][0m will be created[0m[0m
[0m  [32m+[0m[0m resource "aci_attachable_access_entity_profile" "attachable_access_entity_profiles" {
      [32m+[0m [0m[1m[0mannotation[0m[0m              = "easy-aci:1.0.1"
      [32m+[0m [0m[1m[0mdescription[0m[0m             = "Default AAEP"
      [32m+[0m [0m[1m[0mid[0m[0m                      = (known after apply)
      [32m+[0m [0m[1m[0mname[0m[0m                    = "accessAep"
      [32m+[0m [0m[1m[0mname_alias[0m[0m              = (known after apply)
      [32m+[0m [0m[1m[0mrelation_infra_rs_dom_p[0m[0m = (known after apply)
    }

[1m  # module.access.aci_attachable_access_entity_profile.attachable_access_entity_profiles["infraAep"][0m will be created[0m[0m
[0m  [32m+[0m[0m resource "aci_attachable_access_entity_profile" "attachable_access_entity_profiles" {
      [32m+[0m [0m[1m[0mannotation[0m[0m              = "easy-aci:1.0.1"
      [32m+[0m [0m[1m[0mdescription[0m[0m             = "AAEP for Infra Trunk"
      [32m+[0m [0m[1m[0mid[0m[0m                      = (known after apply)
      [32m+[0m [0m[1m[0mname[0m[0m                    = "infraAep"
      [32m+[0m [0m[1m[0mname_alias[0m[0m              = (known after apply)
      [32m+[0m [0m[1m[0mrelation_infra_rs_dom_p[0m[0m = (known after apply)
    }

[1m  # module.access.aci_attachable_access_entity_profile.attachable_access_entity_profiles["trunkAep"][0m will be created[0m[0m
[0m  [32m+[0m[0m resource "aci_attachable_access_entity_profile" "attachable_access_entity_profiles" {
      [32m+[0m [0m[1m[0mannotation[0m[0m              = "easy-aci:1.0.1"
      [32m+[0m [0m[1m[0mdescription[0m[0m             = "AAEP for EPG Assignment"
      [32m+[0m [0m[1m[0mid[0m[0m                      = (known after apply)
      [32m+[0m [0m[1m[0mname[0m[0m                    = "trunkAep"
      [32m+[0m [0m[1m[0mname_alias[0m[0m              = (known after apply)
      [32m+[0m [0m[1m[0mrelation_infra_rs_dom_p[0m[0m = (known after apply)
    }

[1m  # module.access.aci_cdp_interface_policy.cdp_interface["cdpDisabled"][0m will be created[0m[0m
[0m  [32m+[0m[0m resource "aci_cdp_interface_policy" "cdp_interface" {
      [32m+[0m [0m[1m[0madmin_st[0m[0m    = "disabled"
      [32m+[0m [0m[1m[0mannotation[0m[0m  = "easy-aci:1.0.1"
      [32m+[0m [0m[1m[0mdescription[0m[0m = "CDP Disabled Policy"
      [32m+[0m [0m[1m[0mid[0m[0m          = (known after apply)
      [32m+[0m [0m[1m[0mname[0m[0m        = "cdpDisabled"
      [32m+[0m [0m[1m[0mname_alias[0m[0m  = (known after apply)
    }

[1m  # module.access.aci_cdp_interface_policy.cdp_interface["cdpEnabled"][0m will be created[0m[0m
[0m  [32m+[0m[0m resource "aci_cdp_interface_policy" "cdp_interface" {
      [32m+[0m [0m[1m[0madmin_st[0m[0m    = "enabled"
      [32m+[0m [0m[1m[0mannotation[0m[0m  = "easy-aci:1.0.1"
      [32m+[0m [0m[1m[0mdescription[0m[0m = "CDP Enabled Policy"
      [32m+[0m [0m[1m[0mid[0m[0m          = (known after apply)
      [32m+[0m [0m[1m[0mname[0m[0m        = "cdpEnabled"
      [32m+[0m [0m[1m[0mname_alias[0m[0m  = (known after apply)
    }

[1m  # module.access.aci_fabric_if_pol.link_level["100GAuto"][0m will be created[0m[0m
[0m  [32m+[0m[0m resource "aci_fabric_if_pol" "link_level" {
      [32m+[0m [0m[1m[0mannotation[0m[0m    = "easy-aci:1.0.1"
      [32m+[0m [0m[1m[0mauto_neg[0m[0m      = "on"
      [32m+[0m [0m[1m[0mdescription[0m[0m   = "Speed 100G Negotiation Auto"
      [32m+[0m [0m[1m[0mfec_mode[0m[0m      = "inherit"
      [32m+[0m [0m[1m[0mid[0m[0m            = (known after apply)
      [32m+[0m [0m[1m[0mlink_debounce[0m[0m = "100"
      [32m+[0m [0m[1m[0mname[0m[0m          = "100GAuto"
      [32m+[0m [0m[1m[0mname_alias[0m[0m    = (known after apply)
      [32m+[0m [0m[1m[0mspeed[0m[0m         = "100G"
    }

[1m  # module.access.aci_fabric_if_pol.link_level["100GnoNg"][0m will be created[0m[0m
[0m  [32m+[0m[0m resource "aci_fabric_if_pol" "link_level" {
      [32m+[0m [0m[1m[0mannotation[0m[0m    = "easy-aci:1.0.1"
      [32m+[0m [0m[1m[0mauto_neg[0m[0m      = "off"
      [32m+[0m [0m[1m[0mdescription[0m[0m   = "Speed 100G Negotiation Off"
      [32m+[0m [0m[1m[0mfec_mode[0m[0m      = "inherit"
      [32m+[0m [0m[1m[0mid[0m[0m            = (known after apply)
      [32m+[0m [0m[1m[0mlink_debounce[0m[0m = "100"
      [32m+[0m [0m[1m[0mname[0m[0m          = "100GnoNg"
      [32m+[0m [0m[1m[0mname_alias[0m[0m    = (known after apply)
      [32m+[0m [0m[1m[0mspeed[0m[0m         = "100G"
    }

[1m  # module.access.aci_fabric_if_pol.link_level["100MAuto"][0m will be created[0m[0m
[0m  [32m+[0m[0m resource "aci_fabric_if_pol" "link_level" {
      [32m+[0m [0m[1m[0mannotation[0m[0m    = "easy-aci:1.0.1"
      [32m+[0m [0m[1m[0mauto_neg[0m[0m      = "on"
      [32m+[0m [0m[1m[0mdescription[0m[0m   = "Speed 100M Negotiation Auto"
      [32m+[0m [0m[1m[0mfec_mode[0m[0m      = "inherit"
      [32m+[0m [0m[1m[0mid[0m[0m            = (known after apply)
      [32m+[0m [0m[1m[0mlink_debounce[0m[0m = "100"
      [32m+[0m [0m[1m[0mname[0m[0m          = "100MAuto"
      [32m+[0m [0m[1m[0mname_alias[0m[0m    = (known after apply)
      [32m+[0m [0m[1m[0mspeed[0m[0m         = "100M"
    }

[1m  # module.access.aci_fabric_if_pol.link_level["100MnoNg"][0m will be created[0m[0m
[0m  [32m+[0m[0m resource "aci_fabric_if_pol" "link_level" {
      [32m+[0m [0m[1m[0mannotation[0m[0m    = "easy-aci:1.0.1"
      [32m+[0m [0m[1m[0mauto_neg[0m[0m      = "off"
      [32m+[0m [0m[1m[0mdescription[0m[0m   = "Speed 100M Negotiation Off"
      [32m+[0m [0m[1m[0mfec_mode[0m[0m      = "inherit"
      [32m+[0m [0m[1m[0mid[0m[0m            = (known after apply)
      [32m+[0m [0m[1m[0mlink_debounce[0m[0m = "100"
      [32m+[0m [0m[1m[0mname[0m[0m          = "100MnoNg"
      [32m+[0m [0m[1m[0mname_alias[0m[0m    = (known after apply)
      [32m+[0m [0m[1m[0mspeed[0m[0m         = "100M"
    }

[1m  # module.access.aci_fabric_if_pol.link_level["10GAuto"][0m will be created[0m[0m
[0m  [32m+[0m[0m resource "aci_fabric_if_pol" "link_level" {
      [32m+[0m [0m[1m[0mannotation[0m[0m    = "easy-aci:1.0.1"
      [32m+[0m [0m[1m[0mauto_neg[0m[0m      = "on"
      [32m+[0m [0m[1m[0mdescription[0m[0m   = "Speed 10G Negotiation Auto"
      [32m+[0m [0m[1m[0mfec_mode[0m[0m      = "inherit"
      [32m+[0m [0m[1m[0mid[0m[0m            = (known after apply)
      [32m+[0m [0m[1m[0mlink_debounce[0m[0m = "100"
      [32m+[0m [0m[1m[0mname[0m[0m          = "10GAuto"
      [32m+[0m [0m[1m[0mname_alias[0m[0m    = (known after apply)
      [32m+[0m [0m[1m[0mspeed[0m[0m         = "10G"
    }

[1m  # module.access.aci_fabric_if_pol.link_level["10GnoNg"][0m will be created[0m[0m
[0m  [32m+[0m[0m resource "aci_fabric_if_pol" "link_level" {
      [32m+[0m [0m[1m[0mannotation[0m[0m    = "easy-aci:1.0.1"
      [32m+[0m [0m[1m[0mauto_neg[0m[0m      = "off"
      [32m+[0m [0m[1m[0mdescription[0m[0m   = "Speed 10G Negotiation Off"
      [32m+[0m [0m[1m[0mfec_mode[0m[0m      = "inherit"
      [32m+[0m [0m[1m[0mid[0m[0m            = (known after apply)
      [32m+[0m [0m[1m[0mlink_debounce[0m[0m = "100"
      [32m+[0m [0m[1m[0mname[0m[0m          = "10GnoNg"
      [32m+[0m [0m[1m[0mname_alias[0m[0m    = (known after apply)
      [32m+[0m [0m[1m[0mspeed[0m[0m         = "10G"
    }

[1m  # module.access.aci_fabric_if_pol.link_level["1GAuto"][0m will be created[0m[0m
[0m  [32m+[0m[0m resource "aci_fabric_if_pol" "link_level" {
      [32m+[0m [0m[1m[0mannotation[0m[0m    = "easy-aci:1.0.1"
      [32m+[0m [0m[1m[0mauto_neg[0m[0m      = "on"
      [32m+[0m [0m[1m[0mdescription[0m[0m   = "Speed 1G Negotiation Auto"
      [32m+[0m [0m[1m[0mfec_mode[0m[0m      = "inherit"
      [32m+[0m [0m[1m[0mid[0m[0m            = (known after apply)
      [32m+[0m [0m[1m[0mlink_debounce[0m[0m = "100"
      [32m+[0m [0m[1m[0mname[0m[0m          = "1GAuto"
      [32m+[0m [0m[1m[0mname_alias[0m[0m    = (known after apply)
      [32m+[0m [0m[1m[0mspeed[0m[0m         = "1G"
    }

[1m  # module.access.aci_fabric_if_pol.link_level["1GnoNg"][0m will be created[0m[0m
[0m  [32m+[0m[0m resource "aci_fabric_if_pol" "link_level" {
      [32m+[0m [0m[1m[0mannotation[0m[0m    = "easy-aci:1.0.1"
      [32m+[0m [0m[1m[0mauto_neg[0m[0m      = "off"
      [32m+[0m [0m[1m[0mdescription[0m[0m   = "Speed 1G Negotiation Off"
      [32m+[0m [0m[1m[0mfec_mode[0m[0m      = "inherit"
      [32m+[0m [0m[1m[0mid[0m[0m            = (known after apply)
      [32m+[0m [0m[1m[0mlink_debounce[0m[0m = "100"
      [32m+[0m [0m[1m[0mname[0m[0m          = "1GnoNg"
      [32m+[0m [0m[1m[0mname_alias[0m[0m    = (known after apply)
      [32m+[0m [0m[1m[0mspeed[0m[0m         = "1G"
    }

[1m  # module.access.aci_fabric_if_pol.link_level["200GAuto"][0m will be created[0m[0m
[0m  [32m+[0m[0m resource "aci_fabric_if_pol" "link_level" {
      [32m+[0m [0m[1m[0mannotation[0m[0m    = "easy-aci:1.0.1"
      [32m+[0m [0m[1m[0mauto_neg[0m[0m      = "on"
      [32m+[0m [0m[1m[0mdescription[0m[0m   = "Speed 200G Negotiation Auto"
      [32m+[0m [0m[1m[0mfec_mode[0m[0m      = "inherit"
      [32m+[0m [0m[1m[0mid[0m[0m            = (known after apply)
      [32m+[0m [0m[1m[0mlink_debounce[0m[0m = "100"
      [32m+[0m [0m[1m[0mname[0m[0m          = "200GAuto"
      [32m+[0m [0m[1m[0mname_alias[0m[0m    = (known after apply)
      [32m+[0m [0m[1m[0mspeed[0m[0m         = "200G"
    }

[1m  # module.access.aci_fabric_if_pol.link_level["200GnoNg"][0m will be created[0m[0m
[0m  [32m+[0m[0m resource "aci_fabric_if_pol" "link_level" {
      [32m+[0m [0m[1m[0mannotation[0m[0m    = "easy-aci:1.0.1"
      [32m+[0m [0m[1m[0mauto_neg[0m[0m      = "off"
      [32m+[0m [0m[1m[0mdescription[0m[0m   = "Speed 200G Negotiation Off"
      [32m+[0m [0m[1m[0mfec_mode[0m[0m      = "inherit"
      [32m+[0m [0m[1m[0mid[0m[0m            = (known after apply)
      [32m+[0m [0m[1m[0mlink_debounce[0m[0m = "100"
      [32m+[0m [0m[1m[0mname[0m[0m          = "200GnoNg"
      [32m+[0m [0m[1m[0mname_alias[0m[0m    = (known after apply)
      [32m+[0m [0m[1m[0mspeed[0m[0m         = "200G"
    }

[1m  # module.access.aci_fabric_if_pol.link_level["25GAuto"][0m will be created[0m[0m
[0m  [32m+[0m[0m resource "aci_fabric_if_pol" "link_level" {
      [32m+[0m [0m[1m[0mannotation[0m[0m    = "easy-aci:1.0.1"
      [32m+[0m [0m[1m[0mauto_neg[0m[0m      = "on"
      [32m+[0m [0m[1m[0mdescription[0m[0m   = "Speed 25G Negotiation Auto"
      [32m+[0m [0m[1m[0mfec_mode[0m[0m      = "inherit"
      [32m+[0m [0m[1m[0mid[0m[0m            = (known after apply)
      [32m+[0m [0m[1m[0mlink_debounce[0m[0m = "100"
      [32m+[0m [0m[1m[0mname[0m[0m          = "25GAuto"
      [32m+[0m [0m[1m[0mname_alias[0m[0m    = (known after apply)
      [32m+[0m [0m[1m[0mspeed[0m[0m         = "25G"
    }

[1m  # module.access.aci_fabric_if_pol.link_level["25GnoNg"][0m will be created[0m[0m
[0m  [32m+[0m[0m resource "aci_fabric_if_pol" "link_level" {
      [32m+[0m [0m[1m[0mannotation[0m[0m    = "easy-aci:1.0.1"
      [32m+[0m [0m[1m[0mauto_neg[0m[0m      = "off"
      [32m+[0m [0m[1m[0mdescription[0m[0m   = "Speed 25G Negotiation Off"
      [32m+[0m [0m[1m[0mfec_mode[0m[0m      = "inherit"
      [32m+[0m [0m[1m[0mid[0m[0m            = (known after apply)
      [32m+[0m [0m[1m[0mlink_debounce[0m[0m = "100"
      [32m+[0m [0m[1m[0mname[0m[0m          = "25GnoNg"
      [32m+[0m [0m[1m[0mname_alias[0m[0m    = (known after apply)
      [32m+[0m [0m[1m[0mspeed[0m[0m         = "25G"
    }

[1m  # module.access.aci_fabric_if_pol.link_level["400GAuto"][0m will be created[0m[0m
[0m  [32m+[0m[0m resource "aci_fabric_if_pol" "link_level" {
      [32m+[0m [0m[1m[0mannotation[0m[0m    = "easy-aci:1.0.1"
      [32m+[0m [0m[1m[0mauto_neg[0m[0m      = "on"
      [32m+[0m [0m[1m[0mdescription[0m[0m   = "Speed 400G Negotiation Auto"
      [32m+[0m [0m[1m[0mfec_mode[0m[0m      = "inherit"
      [32m+[0m [0m[1m[0mid[0m[0m            = (known after apply)
      [32m+[0m [0m[1m[0mlink_debounce[0m[0m = "100"
      [32m+[0m [0m[1m[0mname[0m[0m          = "400GAuto"
      [32m+[0m [0m[1m[0mname_alias[0m[0m    = (known after apply)
      [32m+[0m [0m[1m[0mspeed[0m[0m         = "400G"
    }

[1m  # module.access.aci_fabric_if_pol.link_level["400GnoNg"][0m will be created[0m[0m
[0m  [32m+[0m[0m resource "aci_fabric_if_pol" "link_level" {
      [32m+[0m [0m[1m[0mannotation[0m[0m    = "easy-aci:1.0.1"
      [32m+[0m [0m[1m[0mauto_neg[0m[0m      = "off"
      [32m+[0m [0m[1m[0mdescription[0m[0m   = "Speed 400G Negotiation Off"
      [32m+[0m [0m[1m[0mfec_mode[0m[0m      = "inherit"
      [32m+[0m [0m[1m[0mid[0m[0m            = (known after apply)
      [32m+[0m [0m[1m[0mlink_debounce[0m[0m = "100"
      [32m+[0m [0m[1m[0mname[0m[0m          = "400GnoNg"
      [32m+[0m [0m[1m[0mname_alias[0m[0m    = (known after apply)
      [32m+[0m [0m[1m[0mspeed[0m[0m         = "400G"
    }

[1m  # module.access.aci_fabric_if_pol.link_level["40GAuto"][0m will be created[0m[0m
[0m  [32m+[0m[0m resource "aci_fabric_if_pol" "link_level" {
      [32m+[0m [0m[1m[0mannotation[0m[0m    = "easy-aci:1.0.1"
      [32m+[0m [0m[1m[0mauto_neg[0m[0m      = "on"
      [32m+[0m [0m[1m[0mdescription[0m[0m   = "Speed 40G Negotiation Auto"
      [32m+[0m [0m[1m[0mfec_mode[0m[0m      = "inherit"
      [32m+[0m [0m[1m[0mid[0m[0m            = (known after apply)
      [32m+[0m [0m[1m[0mlink_debounce[0m[0m = "100"
      [32m+[0m [0m[1m[0mname[0m[0m          = "40GAuto"
      [32m+[0m [0m[1m[0mname_alias[0m[0m    = (known after apply)
      [32m+[0m [0m[1m[0mspeed[0m[0m         = "40G"
    }

[1m  # module.access.aci_fabric_if_pol.link_level["40GnoNg"][0m will be created[0m[0m
[0m  [32m+[0m[0m resource "aci_fabric_if_pol" "link_level" {
      [32m+[0m [0m[1m[0mannotation[0m[0m    = "easy-aci:1.0.1"
      [32m+[0m [0m[1m[0mauto_neg[0m[0m      = "off"
      [32m+[0m [0m[1m[0mdescription[0m[0m   = "Speed 40G Negotiation Off"
      [32m+[0m [0m[1m[0mfec_mode[0m[0m      = "inherit"
      [32m+[0m [0m[1m[0mid[0m[0m            = (known after apply)
      [32m+[0m [0m[1m[0mlink_debounce[0m[0m = "100"
      [32m+[0m [0m[1m[0mname[0m[0m          = "40GnoNg"
      [32m+[0m [0m[1m[0mname_alias[0m[0m    = (known after apply)
      [32m+[0m [0m[1m[0mspeed[0m[0m         = "40G"
    }

[1m  # module.access.aci_fabric_if_pol.link_level["50GAuto"][0m will be created[0m[0m
[0m  [32m+[0m[0m resource "aci_fabric_if_pol" "link_level" {
      [32m+[0m [0m[1m[0mannotation[0m[0m    = "easy-aci:1.0.1"
      [32m+[0m [0m[1m[0mauto_neg[0m[0m      = "on"
      [32m+[0m [0m[1m[0mdescription[0m[0m   = "Speed 50G Negotiation Auto"
      [32m+[0m [0m[1m[0mfec_mode[0m[0m      = "inherit"
      [32m+[0m [0m[1m[0mid[0m[0m            = (known after apply)
      [32m+[0m [0m[1m[0mlink_debounce[0m[0m = "100"
      [32m+[0m [0m[1m[0mname[0m[0m          = "50GAuto"
      [32m+[0m [0m[1m[0mname_alias[0m[0m    = (known after apply)
      [32m+[0m [0m[1m[0mspeed[0m[0m         = "50G"
    }

[1m  # module.access.aci_fabric_if_pol.link_level["50GnoNg"][0m will be created[0m[0m
[0m  [32m+[0m[0m resource "aci_fabric_if_pol" "link_level" {
      [32m+[0m [0m[1m[0mannotation[0m[0m    = "easy-aci:1.0.1"
      [32m+[0m [0m[1m[0mauto_neg[0m[0m      = "off"
      [32m+[0m [0m[1m[0mdescription[0m[0m   = "Speed 50G Negotiation Off"
      [32m+[0m [0m[1m[0mfec_mode[0m[0m      = "inherit"
      [32m+[0m [0m[1m[0mid[0m[0m            = (known after apply)
      [32m+[0m [0m[1m[0mlink_debounce[0m[0m = "100"
      [32m+[0m [0m[1m[0mname[0m[0m          = "50GnoNg"
      [32m+[0m [0m[1m[0mname_alias[0m[0m    = (known after apply)
      [32m+[0m [0m[1m[0mspeed[0m[0m         = "50G"
    }

[1m  # module.access.aci_fabric_if_pol.link_level["cl74_fc_fec"][0m will be created[0m[0m
[0m  [32m+[0m[0m resource "aci_fabric_if_pol" "link_level" {
      [32m+[0m [0m[1m[0mannotation[0m[0m    = "easy-aci:1.0.1"
      [32m+[0m [0m[1m[0mauto_neg[0m[0m      = "on"
      [32m+[0m [0m[1m[0mdescription[0m[0m   = (known after apply)
      [32m+[0m [0m[1m[0mfec_mode[0m[0m      = "inherit"
      [32m+[0m [0m[1m[0mid[0m[0m            = (known after apply)
      [32m+[0m [0m[1m[0mlink_debounce[0m[0m = "100"
      [32m+[0m [0m[1m[0mname[0m[0m          = "cl74_fc_fec"
      [32m+[0m [0m[1m[0mname_alias[0m[0m    = (known after apply)
      [32m+[0m [0m[1m[0mspeed[0m[0m         = "25G"
    }

[1m  # module.access.aci_fabric_if_pol.link_level["inheritAuto"][0m will be created[0m[0m
[0m  [32m+[0m[0m resource "aci_fabric_if_pol" "link_level" {
      [32m+[0m [0m[1m[0mannotation[0m[0m    = "easy-aci:1.0.1"
      [32m+[0m [0m[1m[0mauto_neg[0m[0m      = "on"
      [32m+[0m [0m[1m[0mdescription[0m[0m   = "Speed Auto Negotiation Auto"
      [32m+[0m [0m[1m[0mfec_mode[0m[0m      = "inherit"
      [32m+[0m [0m[1m[0mid[0m[0m            = (known after apply)
      [32m+[0m [0m[1m[0mlink_debounce[0m[0m = "100"
      [32m+[0m [0m[1m[0mname[0m[0m          = "inheritAuto"
      [32m+[0m [0m[1m[0mname_alias[0m[0m    = (known after apply)
      [32m+[0m [0m[1m[0mspeed[0m[0m         = "inherit"
    }

[1m  # module.access.aci_fabric_if_pol.link_level["inheritnoNg"][0m will be created[0m[0m
[0m  [32m+[0m[0m resource "aci_fabric_if_pol" "link_level" {
      [32m+[0m [0m[1m[0mannotation[0m[0m    = "easy-aci:1.0.1"
      [32m+[0m [0m[1m[0mauto_neg[0m[0m      = "off"
      [32m+[0m [0m[1m[0mdescription[0m[0m   = "Speed Auto Negotiation Off"
      [32m+[0m [0m[1m[0mfec_mode[0m[0m      = "inherit"
      [32m+[0m [0m[1m[0mid[0m[0m            = (known after apply)
      [32m+[0m [0m[1m[0mlink_debounce[0m[0m = "100"
      [32m+[0m [0m[1m[0mname[0m[0m          = "inheritnoNg"
      [32m+[0m [0m[1m[0mname_alias[0m[0m    = (known after apply)
      [32m+[0m [0m[1m[0mspeed[0m[0m         = "inherit"
    }

[1m  # module.access.aci_l2_interface_policy.l2_interface["portLocal"][0m will be created[0m[0m
[0m  [32m+[0m[0m resource "aci_l2_interface_policy" "l2_interface" {
      [32m+[0m [0m[1m[0mannotation[0m[0m  = "easy-aci:1.0.1"
      [32m+[0m [0m[1m[0mdescription[0m[0m = "VLAN Scope Local"
      [32m+[0m [0m[1m[0mid[0m[0m          = (known after apply)
      [32m+[0m [0m[1m[0mname[0m[0m        = "portLocal"
      [32m+[0m [0m[1m[0mname_alias[0m[0m  = (known after apply)
      [32m+[0m [0m[1m[0mqinq[0m[0m        = "disabled"
      [32m+[0m [0m[1m[0mvepa[0m[0m        = "disabled"
      [32m+[0m [0m[1m[0mvlan_scope[0m[0m  = "portlocal"
    }

[1m  # module.access.aci_l3_domain_profile.l3_domains["l3out"][0m will be created[0m[0m
[0m  [32m+[0m[0m resource "aci_l3_domain_profile" "l3_domains" {
      [32m+[0m [0m[1m[0mannotation[0m[0m                         = "easy-aci:1.0.1"
      [32m+[0m [0m[1m[0mid[0m[0m                                 = (known after apply)
      [32m+[0m [0m[1m[0mname[0m[0m                               = "l3out"
      [32m+[0m [0m[1m[0mname_alias[0m[0m                         = (known after apply)
      [32m+[0m [0m[1m[0mrelation_infra_rs_dom_vxlan_ns_def[0m[0m = (known after apply)
      [32m+[0m [0m[1m[0mrelation_infra_rs_vlan_ns[0m[0m          = (known after apply)
      [32m+[0m [0m[1m[0mrelation_infra_rs_vlan_ns_def[0m[0m      = (known after apply)
    }

[1m  # module.access.aci_lacp_policy.port_channel["lacpActive"][0m will be created[0m[0m
[0m  [32m+[0m[0m resource "aci_lacp_policy" "port_channel" {
      [32m+[0m [0m[1m[0mannotation[0m[0m  = "easy-aci:1.0.1"
      [32m+[0m [0m[1m[0mctrl[0m[0m        = [
          [32m+[0m [0m"fast-sel-hot-stdby",
          [32m+[0m [0m"graceful-conv",
          [32m+[0m [0m"susp-individual",
        ]
      [32m+[0m [0m[1m[0mdescription[0m[0m = "LACP Active"
      [32m+[0m [0m[1m[0mid[0m[0m          = (known after apply)
      [32m+[0m [0m[1m[0mmax_links[0m[0m   = "16"
      [32m+[0m [0m[1m[0mmin_links[0m[0m   = "1"
      [32m+[0m [0m[1m[0mmode[0m[0m        = "active"
      [32m+[0m [0m[1m[0mname[0m[0m        = "lacpActive"
      [32m+[0m [0m[1m[0mname_alias[0m[0m  = (known after apply)
    }

[1m  # module.access.aci_lacp_policy.port_channel["lacpPassive"][0m will be created[0m[0m
[0m  [32m+[0m[0m resource "aci_lacp_policy" "port_channel" {
      [32m+[0m [0m[1m[0mannotation[0m[0m  = "easy-aci:1.0.1"
      [32m+[0m [0m[1m[0mctrl[0m[0m        = [
          [32m+[0m [0m"fast-sel-hot-stdby",
          [32m+[0m [0m"graceful-conv",
          [32m+[0m [0m"susp-individual",
        ]
      [32m+[0m [0m[1m[0mdescription[0m[0m = "LACP Passive"
      [32m+[0m [0m[1m[0mid[0m[0m          = (known after apply)
      [32m+[0m [0m[1m[0mmax_links[0m[0m   = "16"
      [32m+[0m [0m[1m[0mmin_links[0m[0m   = "1"
      [32m+[0m [0m[1m[0mmode[0m[0m        = "passive"
      [32m+[0m [0m[1m[0mname[0m[0m        = "lacpPassive"
      [32m+[0m [0m[1m[0mname_alias[0m[0m  = (known after apply)
    }

[1m  # module.access.aci_lacp_policy.port_channel["macPin"][0m will be created[0m[0m
[0m  [32m+[0m[0m resource "aci_lacp_policy" "port_channel" {
      [32m+[0m [0m[1m[0mannotation[0m[0m  = "easy-aci:1.0.1"
      [32m+[0m [0m[1m[0mctrl[0m[0m        = [
          [32m+[0m [0m"fast-sel-hot-stdby",
          [32m+[0m [0m"graceful-conv",
          [32m+[0m [0m"susp-individual",
        ]
      [32m+[0m [0m[1m[0mdescription[0m[0m = "MAC Pinning"
      [32m+[0m [0m[1m[0mid[0m[0m          = (known after apply)
      [32m+[0m [0m[1m[0mmax_links[0m[0m   = "16"
      [32m+[0m [0m[1m[0mmin_links[0m[0m   = "1"
      [32m+[0m [0m[1m[0mmode[0m[0m        = "mac-pin"
      [32m+[0m [0m[1m[0mname[0m[0m        = "macPin"
      [32m+[0m [0m[1m[0mname_alias[0m[0m  = (known after apply)
    }

[1m  # module.access.aci_lacp_policy.port_channel["macPinNicLoad"][0m will be created[0m[0m
[0m  [32m+[0m[0m resource "aci_lacp_policy" "port_channel" {
      [32m+[0m [0m[1m[0mannotation[0m[0m  = "easy-aci:1.0.1"
      [32m+[0m [0m[1m[0mctrl[0m[0m        = [
          [32m+[0m [0m"fast-sel-hot-stdby",
          [32m+[0m [0m"graceful-conv",
          [32m+[0m [0m"susp-individual",
        ]
      [32m+[0m [0m[1m[0mdescription[0m[0m = "MAC Pin NIC Load"
      [32m+[0m [0m[1m[0mid[0m[0m          = (known after apply)
      [32m+[0m [0m[1m[0mmax_links[0m[0m   = "16"
      [32m+[0m [0m[1m[0mmin_links[0m[0m   = "1"
      [32m+[0m [0m[1m[0mmode[0m[0m        = "mac-pin-nicload"
      [32m+[0m [0m[1m[0mname[0m[0m        = "macPinNicLoad"
      [32m+[0m [0m[1m[0mname_alias[0m[0m  = (known after apply)
    }

[1m  # module.access.aci_lacp_policy.port_channel["static"][0m will be created[0m[0m
[0m  [32m+[0m[0m resource "aci_lacp_policy" "port_channel" {
      [32m+[0m [0m[1m[0mannotation[0m[0m  = "easy-aci:1.0.1"
      [32m+[0m [0m[1m[0mctrl[0m[0m        = [
          [32m+[0m [0m"fast-sel-hot-stdby",
          [32m+[0m [0m"graceful-conv",
          [32m+[0m [0m"susp-individual",
        ]
      [32m+[0m [0m[1m[0mdescription[0m[0m = "Static"
      [32m+[0m [0m[1m[0mid[0m[0m          = (known after apply)
      [32m+[0m [0m[1m[0mmax_links[0m[0m   = "16"
      [32m+[0m [0m[1m[0mmin_links[0m[0m   = "1"
      [32m+[0m [0m[1m[0mmode[0m[0m        = "off"
      [32m+[0m [0m[1m[0mname[0m[0m        = "static"
      [32m+[0m [0m[1m[0mname_alias[0m[0m  = (known after apply)
    }

[1m  # module.access.aci_leaf_access_bundle_policy_group.leaf_interfaces_policy_groups_bundle["l3out"][0m will be created[0m[0m
[0m  [32m+[0m[0m resource "aci_leaf_access_bundle_policy_group" "leaf_interfaces_policy_groups_bundle" {
      [32m+[0m [0m[1m[0mannotation[0m[0m                               = "easy-aci:1.0.1"
      [32m+[0m [0m[1m[0mdescription[0m[0m                              = "VPC for L3Out"
      [32m+[0m [0m[1m[0mid[0m[0m                                       = (known after apply)
      [32m+[0m [0m[1m[0mlag_t[0m[0m                                    = "node"
      [32m+[0m [0m[1m[0mname[0m[0m                                     = "l3out"
      [32m+[0m [0m[1m[0mname_alias[0m[0m                               = (known after apply)
      [32m+[0m [0m[1m[0mrelation_infra_rs_att_ent_p[0m[0m              = "uni/infra/attentp-accessAep"
      [32m+[0m [0m[1m[0mrelation_infra_rs_cdp_if_pol[0m[0m             = "uni/infra/cdpIfP-cdpEnabled"
      [32m+[0m [0m[1m[0mrelation_infra_rs_copp_if_pol[0m[0m            = "uni/infra/coppifpol-default"
      [32m+[0m [0m[1m[0mrelation_infra_rs_fc_if_pol[0m[0m              = "uni/infra/fcIfPol-default"
      [32m+[0m [0m[1m[0mrelation_infra_rs_h_if_pol[0m[0m               = "uni/infra/hintfpol-inheritAuto"
      [32m+[0m [0m[1m[0mrelation_infra_rs_l2_if_pol[0m[0m              = "uni/infra/l2IfP-default"
      [32m+[0m [0m[1m[0mrelation_infra_rs_l2_port_auth_pol[0m[0m       = (known after apply)
      [32m+[0m [0m[1m[0mrelation_infra_rs_l2_port_security_pol[0m[0m   = "uni/infra/portsecurityP-default"
      [32m+[0m [0m[1m[0mrelation_infra_rs_lacp_pol[0m[0m               = "uni/infra/lacplagp-lacpActive"
      [32m+[0m [0m[1m[0mrelation_infra_rs_lldp_if_pol[0m[0m            = "uni/infra/lldpIfP-lldpEnabled"
      [32m+[0m [0m[1m[0mrelation_infra_rs_macsec_if_pol[0m[0m          = "uni/infra/macsecifp-default"
      [32m+[0m [0m[1m[0mrelation_infra_rs_mcp_if_pol[0m[0m             = "uni/infra/mcpIfP-mcpEnabled"
      [32m+[0m [0m[1m[0mrelation_infra_rs_mon_if_infra_pol[0m[0m       = "uni/infra/moninfra-default"
      [32m+[0m [0m[1m[0mrelation_infra_rs_qos_dpp_if_pol[0m[0m         = (known after apply)
      [32m+[0m [0m[1m[0mrelation_infra_rs_qos_egress_dpp_if_pol[0m[0m  = "uni/infra/qosdpppol-default"
      [32m+[0m [0m[1m[0mrelation_infra_rs_qos_ingress_dpp_if_pol[0m[0m = "uni/infra/qosdpppol-default"
      [32m+[0m [0m[1m[0mrelation_infra_rs_qos_pfc_if_pol[0m[0m         = "uni/infra/pfc-default"
      [32m+[0m [0m[1m[0mrelation_infra_rs_qos_sd_if_pol[0m[0m          = "uni/infra/qossdpol-default"
      [32m+[0m [0m[1m[0mrelation_infra_rs_stormctrl_if_pol[0m[0m       = "uni/infra/stormctrlifp-default"
      [32m+[0m [0m[1m[0mrelation_infra_rs_stp_if_pol[0m[0m             = "uni/infra/ifPol-bpduFG"
    }

[1m  # module.access.aci_leaf_access_bundle_policy_group.leaf_interfaces_policy_groups_bundle["vpc001"][0m will be created[0m[0m
[0m  [32m+[0m[0m resource "aci_leaf_access_bundle_policy_group" "leaf_interfaces_policy_groups_bundle" {
      [32m+[0m [0m[1m[0mannotation[0m[0m                               = "easy-aci:1.0.1"
      [32m+[0m [0m[1m[0mdescription[0m[0m                              = "VPC Policy Group for Eth1/#VPC#"
      [32m+[0m [0m[1m[0mid[0m[0m                                       = (known after apply)
      [32m+[0m [0m[1m[0mlag_t[0m[0m                                    = "node"
      [32m+[0m [0m[1m[0mname[0m[0m                                     = "vpc001"
      [32m+[0m [0m[1m[0mname_alias[0m[0m                               = (known after apply)
      [32m+[0m [0m[1m[0mrelation_infra_rs_att_ent_p[0m[0m              = "uni/infra/attentp-trunkAep"
      [32m+[0m [0m[1m[0mrelation_infra_rs_cdp_if_pol[0m[0m             = "uni/infra/cdpIfP-cdpEnabled"
      [32m+[0m [0m[1m[0mrelation_infra_rs_copp_if_pol[0m[0m            = "uni/infra/coppifpol-default"
      [32m+[0m [0m[1m[0mrelation_infra_rs_fc_if_pol[0m[0m              = "uni/infra/fcIfPol-default"
      [32m+[0m [0m[1m[0mrelation_infra_rs_h_if_pol[0m[0m               = "uni/infra/hintfpol-inheritAuto"
      [32m+[0m [0m[1m[0mrelation_infra_rs_l2_if_pol[0m[0m              = "uni/infra/l2IfP-default"
      [32m+[0m [0m[1m[0mrelation_infra_rs_l2_port_auth_pol[0m[0m       = (known after apply)
      [32m+[0m [0m[1m[0mrelation_infra_rs_l2_port_security_pol[0m[0m   = "uni/infra/portsecurityP-default"
      [32m+[0m [0m[1m[0mrelation_infra_rs_lacp_pol[0m[0m               = "uni/infra/lacplagp-lacpActive"
      [32m+[0m [0m[1m[0mrelation_infra_rs_lldp_if_pol[0m[0m            = "uni/infra/lldpIfP-lldpEnabled"
      [32m+[0m [0m[1m[0mrelation_infra_rs_macsec_if_pol[0m[0m          = "uni/infra/macsecifp-default"
      [32m+[0m [0m[1m[0mrelation_infra_rs_mcp_if_pol[0m[0m             = "uni/infra/mcpIfP-mcpEnabled"
      [32m+[0m [0m[1m[0mrelation_infra_rs_mon_if_infra_pol[0m[0m       = "uni/infra/moninfra-default"
      [32m+[0m [0m[1m[0mrelation_infra_rs_qos_dpp_if_pol[0m[0m         = (known after apply)
      [32m+[0m [0m[1m[0mrelation_infra_rs_qos_egress_dpp_if_pol[0m[0m  = "uni/infra/qosdpppol-default"
      [32m+[0m [0m[1m[0mrelation_infra_rs_qos_ingress_dpp_if_pol[0m[0m = "uni/infra/qosdpppol-default"
      [32m+[0m [0m[1m[0mrelation_infra_rs_qos_pfc_if_pol[0m[0m         = "uni/infra/pfc-default"
      [32m+[0m [0m[1m[0mrelation_infra_rs_qos_sd_if_pol[0m[0m          = "uni/infra/qossdpol-default"
      [32m+[0m [0m[1m[0mrelation_infra_rs_stormctrl_if_pol[0m[0m       = "uni/infra/stormctrlifp-default"
      [32m+[0m [0m[1m[0mrelation_infra_rs_stp_if_pol[0m[0m             = "uni/infra/ifPol-bpduFG"
    }

[1m  # module.access.aci_leaf_access_bundle_policy_group.leaf_interfaces_policy_groups_bundle["vpc002"][0m will be created[0m[0m
[0m  [32m+[0m[0m resource "aci_leaf_access_bundle_policy_group" "leaf_interfaces_policy_groups_bundle" {
      [32m+[0m [0m[1m[0mannotation[0m[0m                               = "easy-aci:1.0.1"
      [32m+[0m [0m[1m[0mdescription[0m[0m                              = "VPC Policy Group for Eth1/#VPC#"
      [32m+[0m [0m[1m[0mid[0m[0m                                       = (known after apply)
      [32m+[0m [0m[1m[0mlag_t[0m[0m                                    = "node"
      [32m+[0m [0m[1m[0mname[0m[0m                                     = "vpc002"
      [32m+[0m [0m[1m[0mname_alias[0m[0m                               = (known after apply)
      [32m+[0m [0m[1m[0mrelation_infra_rs_att_ent_p[0m[0m              = "uni/infra/attentp-trunkAep"
      [32m+[0m [0m[1m[0mrelation_infra_rs_cdp_if_pol[0m[0m             = "uni/infra/cdpIfP-cdpEnabled"
      [32m+[0m [0m[1m[0mrelation_infra_rs_copp_if_pol[0m[0m            = "uni/infra/coppifpol-default"
      [32m+[0m [0m[1m[0mrelation_infra_rs_fc_if_pol[0m[0m              = "uni/infra/fcIfPol-default"
      [32m+[0m [0m[1m[0mrelation_infra_rs_h_if_pol[0m[0m               = "uni/infra/hintfpol-inheritAuto"
      [32m+[0m [0m[1m[0mrelation_infra_rs_l2_if_pol[0m[0m              = "uni/infra/l2IfP-default"
      [32m+[0m [0m[1m[0mrelation_infra_rs_l2_port_auth_pol[0m[0m       = (known after apply)
      [32m+[0m [0m[1m[0mrelation_infra_rs_l2_port_security_pol[0m[0m   = "uni/infra/portsecurityP-default"
      [32m+[0m [0m[1m[0mrelation_infra_rs_lacp_pol[0m[0m               = "uni/infra/lacplagp-lacpActive"
      [32m+[0m [0m[1m[0mrelation_infra_rs_lldp_if_pol[0m[0m            = "uni/infra/lldpIfP-lldpEnabled"
      [32m+[0m [0m[1m[0mrelation_infra_rs_macsec_if_pol[0m[0m          = "uni/infra/macsecifp-default"
      [32m+[0m [0m[1m[0mrelation_infra_rs_mcp_if_pol[0m[0m             = "uni/infra/mcpIfP-mcpEnabled"
      [32m+[0m [0m[1m[0mrelation_infra_rs_mon_if_infra_pol[0m[0m       = "uni/infra/moninfra-default"
      [32m+[0m [0m[1m[0mrelation_infra_rs_qos_dpp_if_pol[0m[0m         = (known after apply)
      [32m+[0m [0m[1m[0mrelation_infra_rs_qos_egress_dpp_if_pol[0m[0m  = "uni/infra/qosdpppol-default"
      [32m+[0m [0m[1m[0mrelation_infra_rs_qos_ingress_dpp_if_pol[0m[0m = "uni/infra/qosdpppol-default"
      [32m+[0m [0m[1m[0mrelation_infra_rs_qos_pfc_if_pol[0m[0m         = "uni/infra/pfc-default"
      [32m+[0m [0m[1m[0mrelation_infra_rs_qos_sd_if_pol[0m[0m          = "uni/infra/qossdpol-default"
      [32m+[0m [0m[1m[0mrelation_infra_rs_stormctrl_if_pol[0m[0m       = "uni/infra/stormctrlifp-default"
      [32m+[0m [0m[1m[0mrelation_infra_rs_stp_if_pol[0m[0m             = "uni/infra/ifPol-bpduFG"
    }

[1m  # module.access.aci_leaf_access_bundle_policy_group.leaf_interfaces_policy_groups_bundle["vpc003"][0m will be created[0m[0m
[0m  [32m+[0m[0m resource "aci_leaf_access_bundle_policy_group" "leaf_interfaces_policy_groups_bundle" {
      [32m+[0m [0m[1m[0mannotation[0m[0m                               = "easy-aci:1.0.1"
      [32m+[0m [0m[1m[0mdescription[0m[0m                              = "VPC Policy Group for Eth1/#VPC#"
      [32m+[0m [0m[1m[0mid[0m[0m                                       = (known after apply)
      [32m+[0m [0m[1m[0mlag_t[0m[0m                                    = "node"
      [32m+[0m [0m[1m[0mname[0m[0m                                     = "vpc003"
      [32m+[0m [0m[1m[0mname_alias[0m[0m                               = (known after apply)
      [32m+[0m [0m[1m[0mrelation_infra_rs_att_ent_p[0m[0m              = "uni/infra/attentp-trunkAep"
      [32m+[0m [0m[1m[0mrelation_infra_rs_cdp_if_pol[0m[0m             = "uni/infra/cdpIfP-cdpEnabled"
      [32m+[0m [0m[1m[0mrelation_infra_rs_copp_if_pol[0m[0m            = "uni/infra/coppifpol-default"
      [32m+[0m [0m[1m[0mrelation_infra_rs_fc_if_pol[0m[0m              = "uni/infra/fcIfPol-default"
      [32m+[0m [0m[1m[0mrelation_infra_rs_h_if_pol[0m[0m               = "uni/infra/hintfpol-inheritAuto"
      [32m+[0m [0m[1m[0mrelation_infra_rs_l2_if_pol[0m[0m              = "uni/infra/l2IfP-default"
      [32m+[0m [0m[1m[0mrelation_infra_rs_l2_port_auth_pol[0m[0m       = (known after apply)
      [32m+[0m [0m[1m[0mrelation_infra_rs_l2_port_security_pol[0m[0m   = "uni/infra/portsecurityP-default"
      [32m+[0m [0m[1m[0mrelation_infra_rs_lacp_pol[0m[0m               = "uni/infra/lacplagp-lacpActive"
      [32m+[0m [0m[1m[0mrelation_infra_rs_lldp_if_pol[0m[0m            = "uni/infra/lldpIfP-lldpEnabled"
      [32m+[0m [0m[1m[0mrelation_infra_rs_macsec_if_pol[0m[0m          = "uni/infra/macsecifp-default"
      [32m+[0m [0m[1m[0mrelation_infra_rs_mcp_if_pol[0m[0m             = "uni/infra/mcpIfP-mcpEnabled"
      [32m+[0m [0m[1m[0mrelation_infra_rs_mon_if_infra_pol[0m[0m       = "uni/infra/moninfra-default"
      [32m+[0m [0m[1m[0mrelation_infra_rs_qos_dpp_if_pol[0m[0m         = (known after apply)
      [32m+[0m [0m[1m[0mrelation_infra_rs_qos_egress_dpp_if_pol[0m[0m  = "uni/infra/qosdpppol-default"
      [32m+[0m [0m[1m[0mrelation_infra_rs_qos_ingress_dpp_if_pol[0m[0m = "uni/infra/qosdpppol-default"
      [32m+[0m [0m[1m[0mrelation_infra_rs_qos_pfc_if_pol[0m[0m         = "uni/infra/pfc-default"
      [32m+[0m [0m[1m[0mrelation_infra_rs_qos_sd_if_pol[0m[0m          = "uni/infra/qossdpol-default"
      [32m+[0m [0m[1m[0mrelation_infra_rs_stormctrl_if_pol[0m[0m       = "uni/infra/stormctrlifp-default"
      [32m+[0m [0m[1m[0mrelation_infra_rs_stp_if_pol[0m[0m             = "uni/infra/ifPol-bpduFG"
    }

[1m  # module.access.aci_leaf_access_bundle_policy_group.leaf_interfaces_policy_groups_bundle["vpc004"][0m will be created[0m[0m
[0m  [32m+[0m[0m resource "aci_leaf_access_bundle_policy_group" "leaf_interfaces_policy_groups_bundle" {
      [32m+[0m [0m[1m[0mannotation[0m[0m                               = "easy-aci:1.0.1"
      [32m+[0m [0m[1m[0mdescription[0m[0m                              = "VPC Policy Group for Eth1/#VPC#"
      [32m+[0m [0m[1m[0mid[0m[0m                                       = (known after apply)
      [32m+[0m [0m[1m[0mlag_t[0m[0m                                    = "node"
      [32m+[0m [0m[1m[0mname[0m[0m                                     = "vpc004"
      [32m+[0m [0m[1m[0mname_alias[0m[0m                               = (known after apply)
      [32m+[0m [0m[1m[0mrelation_infra_rs_att_ent_p[0m[0m              = "uni/infra/attentp-trunkAep"
      [32m+[0m [0m[1m[0mrelation_infra_rs_cdp_if_pol[0m[0m             = "uni/infra/cdpIfP-cdpEnabled"
      [32m+[0m [0m[1m[0mrelation_infra_rs_copp_if_pol[0m[0m            = "uni/infra/coppifpol-default"
      [32m+[0m [0m[1m[0mrelation_infra_rs_fc_if_pol[0m[0m              = "uni/infra/fcIfPol-default"
      [32m+[0m [0m[1m[0mrelation_infra_rs_h_if_pol[0m[0m               = "uni/infra/hintfpol-inheritAuto"
      [32m+[0m [0m[1m[0mrelation_infra_rs_l2_if_pol[0m[0m              = "uni/infra/l2IfP-default"
      [32m+[0m [0m[1m[0mrelation_infra_rs_l2_port_auth_pol[0m[0m       = (known after apply)
      [32m+[0m [0m[1m[0mrelation_infra_rs_l2_port_security_pol[0m[0m   = "uni/infra/portsecurityP-default"
      [32m+[0m [0m[1m[0mrelation_infra_rs_lacp_pol[0m[0m               = "uni/infra/lacplagp-lacpActive"
      [32m+[0m [0m[1m[0mrelation_infra_rs_lldp_if_pol[0m[0m            = "uni/infra/lldpIfP-lldpEnabled"
      [32m+[0m [0m[1m[0mrelation_infra_rs_macsec_if_pol[0m[0m          = "uni/infra/macsecifp-default"
      [32m+[0m [0m[1m[0mrelation_infra_rs_mcp_if_pol[0m[0m             = "uni/infra/mcpIfP-mcpEnabled"
      [32m+[0m [0m[1m[0mrelation_infra_rs_mon_if_infra_pol[0m[0m       = "uni/infra/moninfra-default"
      [32m+[0m [0m[1m[0mrelation_infra_rs_qos_dpp_if_pol[0m[0m         = (known after apply)
      [32m+[0m [0m[1m[0mrelation_infra_rs_qos_egress_dpp_if_pol[0m[0m  = "uni/infra/qosdpppol-default"
      [32m+[0m [0m[1m[0mrelation_infra_rs_qos_ingress_dpp_if_pol[0m[0m = "uni/infra/qosdpppol-default"
      [32m+[0m [0m[1m[0mrelation_infra_rs_qos_pfc_if_pol[0m[0m         = "uni/infra/pfc-default"
      [32m+[0m [0m[1m[0mrelation_infra_rs_qos_sd_if_pol[0m[0m          = "uni/infra/qossdpol-default"
      [32m+[0m [0m[1m[0mrelation_infra_rs_stormctrl_if_pol[0m[0m       = "uni/infra/stormctrlifp-default"
      [32m+[0m [0m[1m[0mrelation_infra_rs_stp_if_pol[0m[0m             = "uni/infra/ifPol-bpduFG"
    }

[1m  # module.access.aci_leaf_access_bundle_policy_group.leaf_interfaces_policy_groups_bundle["vpc005"][0m will be created[0m[0m
[0m  [32m+[0m[0m resource "aci_leaf_access_bundle_policy_group" "leaf_interfaces_policy_groups_bundle" {
      [32m+[0m [0m[1m[0mannotation[0m[0m                               = "easy-aci:1.0.1"
      [32m+[0m [0m[1m[0mdescription[0m[0m                              = "VPC Policy Group for Eth1/#VPC#"
      [32m+[0m [0m[1m[0mid[0m[0m                                       = (known after apply)
      [32m+[0m [0m[1m[0mlag_t[0m[0m                                    = "node"
      [32m+[0m [0m[1m[0mname[0m[0m                                     = "vpc005"
      [32m+[0m [0m[1m[0mname_alias[0m[0m                               = (known after apply)
      [32m+[0m [0m[1m[0mrelation_infra_rs_att_ent_p[0m[0m              = "uni/infra/attentp-trunkAep"
      [32m+[0m [0m[1m[0mrelation_infra_rs_cdp_if_pol[0m[0m             = "uni/infra/cdpIfP-cdpEnabled"
      [32m+[0m [0m[1m[0mrelation_infra_rs_copp_if_pol[0m[0m            = "uni/infra/coppifpol-default"
      [32m+[0m [0m[1m[0mrelation_infra_rs_fc_if_pol[0m[0m              = "uni/infra/fcIfPol-default"
      [32m+[0m [0m[1m[0mrelation_infra_rs_h_if_pol[0m[0m               = "uni/infra/hintfpol-inheritAuto"
      [32m+[0m [0m[1m[0mrelation_infra_rs_l2_if_pol[0m[0m              = "uni/infra/l2IfP-default"
      [32m+[0m [0m[1m[0mrelation_infra_rs_l2_port_auth_pol[0m[0m       = (known after apply)
      [32m+[0m [0m[1m[0mrelation_infra_rs_l2_port_security_pol[0m[0m   = "uni/infra/portsecurityP-default"
      [32m+[0m [0m[1m[0mrelation_infra_rs_lacp_pol[0m[0m               = "uni/infra/lacplagp-lacpActive"
      [32m+[0m [0m[1m[0mrelation_infra_rs_lldp_if_pol[0m[0m            = "uni/infra/lldpIfP-lldpEnabled"
      [32m+[0m [0m[1m[0mrelation_infra_rs_macsec_if_pol[0m[0m          = "uni/infra/macsecifp-default"
      [32m+[0m [0m[1m[0mrelation_infra_rs_mcp_if_pol[0m[0m             = "uni/infra/mcpIfP-mcpEnabled"
      [32m+[0m [0m[1m[0mrelation_infra_rs_mon_if_infra_pol[0m[0m       = "uni/infra/moninfra-default"
      [32m+[0m [0m[1m[0mrelation_infra_rs_qos_dpp_if_pol[0m[0m         = (known after apply)
      [32m+[0m [0m[1m[0mrelation_infra_rs_qos_egress_dpp_if_pol[0m[0m  = "uni/infra/qosdpppol-default"
      [32m+[0m [0m[1m[0mrelation_infra_rs_qos_ingress_dpp_if_pol[0m[0m = "uni/infra/qosdpppol-default"
      [32m+[0m [0m[1m[0mrelation_infra_rs_qos_pfc_if_pol[0m[0m         = "uni/infra/pfc-default"
      [32m+[0m [0m[1m[0mrelation_infra_rs_qos_sd_if_pol[0m[0m          = "uni/infra/qossdpol-default"
      [32m+[0m [0m[1m[0mrelation_infra_rs_stormctrl_if_pol[0m[0m       = "uni/infra/stormctrlifp-default"
      [32m+[0m [0m[1m[0mrelation_infra_rs_stp_if_pol[0m[0m             = "uni/infra/ifPol-bpduFG"
    }

[1m  # module.access.aci_leaf_access_bundle_policy_group.leaf_interfaces_policy_groups_bundle["vpc006"][0m will be created[0m[0m
[0m  [32m+[0m[0m resource "aci_leaf_access_bundle_policy_group" "leaf_interfaces_policy_groups_bundle" {
      [32m+[0m [0m[1m[0mannotation[0m[0m                               = "easy-aci:1.0.1"
      [32m+[0m [0m[1m[0mdescription[0m[0m                              = "VPC Policy Group for Eth1/#VPC#"
      [32m+[0m [0m[1m[0mid[0m[0m                                       = (known after apply)
      [32m+[0m [0m[1m[0mlag_t[0m[0m                                    = "node"
      [32m+[0m [0m[1m[0mname[0m[0m                                     = "vpc006"
      [32m+[0m [0m[1m[0mname_alias[0m[0m                               = (known after apply)
      [32m+[0m [0m[1m[0mrelation_infra_rs_att_ent_p[0m[0m              = "uni/infra/attentp-trunkAep"
      [32m+[0m [0m[1m[0mrelation_infra_rs_cdp_if_pol[0m[0m             = "uni/infra/cdpIfP-cdpEnabled"
      [32m+[0m [0m[1m[0mrelation_infra_rs_copp_if_pol[0m[0m            = "uni/infra/coppifpol-default"
      [32m+[0m [0m[1m[0mrelation_infra_rs_fc_if_pol[0m[0m              = "uni/infra/fcIfPol-default"
      [32m+[0m [0m[1m[0mrelation_infra_rs_h_if_pol[0m[0m               = "uni/infra/hintfpol-inheritAuto"
      [32m+[0m [0m[1m[0mrelation_infra_rs_l2_if_pol[0m[0m              = "uni/infra/l2IfP-default"
      [32m+[0m [0m[1m[0mrelation_infra_rs_l2_port_auth_pol[0m[0m       = (known after apply)
      [32m+[0m [0m[1m[0mrelation_infra_rs_l2_port_security_pol[0m[0m   = "uni/infra/portsecurityP-default"
      [32m+[0m [0m[1m[0mrelation_infra_rs_lacp_pol[0m[0m               = "uni/infra/lacplagp-lacpActive"
      [32m+[0m [0m[1m[0mrelation_infra_rs_lldp_if_pol[0m[0m            = "uni/infra/lldpIfP-lldpEnabled"
      [32m+[0m [0m[1m[0mrelation_infra_rs_macsec_if_pol[0m[0m          = "uni/infra/macsecifp-default"
      [32m+[0m [0m[1m[0mrelation_infra_rs_mcp_if_pol[0m[0m             = "uni/infra/mcpIfP-mcpEnabled"
      [32m+[0m [0m[1m[0mrelation_infra_rs_mon_if_infra_pol[0m[0m       = "uni/infra/moninfra-default"
      [32m+[0m [0m[1m[0mrelation_infra_rs_qos_dpp_if_pol[0m[0m         = (known after apply)
      [32m+[0m [0m[1m[0mrelation_infra_rs_qos_egress_dpp_if_pol[0m[0m  = "uni/infra/qosdpppol-default"
      [32m+[0m [0m[1m[0mrelation_infra_rs_qos_ingress_dpp_if_pol[0m[0m = "uni/infra/qosdpppol-default"
      [32m+[0m [0m[1m[0mrelation_infra_rs_qos_pfc_if_pol[0m[0m         = "uni/infra/pfc-default"
      [32m+[0m [0m[1m[0mrelation_infra_rs_qos_sd_if_pol[0m[0m          = "uni/infra/qossdpol-default"
      [32m+[0m [0m[1m[0mrelation_infra_rs_stormctrl_if_pol[0m[0m       = "uni/infra/stormctrlifp-default"
      [32m+[0m [0m[1m[0mrelation_infra_rs_stp_if_pol[0m[0m             = "uni/infra/ifPol-bpduFG"
    }

[1m  # module.access.aci_leaf_access_bundle_policy_group.leaf_interfaces_policy_groups_bundle["vpc007"][0m will be created[0m[0m
[0m  [32m+[0m[0m resource "aci_leaf_access_bundle_policy_group" "leaf_interfaces_policy_groups_bundle" {
      [32m+[0m [0m[1m[0mannotation[0m[0m                               = "easy-aci:1.0.1"
      [32m+[0m [0m[1m[0mdescription[0m[0m                              = "VPC Policy Group for Eth1/#VPC#"
      [32m+[0m [0m[1m[0mid[0m[0m                                       = (known after apply)
      [32m+[0m [0m[1m[0mlag_t[0m[0m                                    = "node"
      [32m+[0m [0m[1m[0mname[0m[0m                                     = "vpc007"
      [32m+[0m [0m[1m[0mname_alias[0m[0m                               = (known after apply)
      [32m+[0m [0m[1m[0mrelation_infra_rs_att_ent_p[0m[0m              = "uni/infra/attentp-trunkAep"
      [32m+[0m [0m[1m[0mrelation_infra_rs_cdp_if_pol[0m[0m             = "uni/infra/cdpIfP-cdpEnabled"
      [32m+[0m [0m[1m[0mrelation_infra_rs_copp_if_pol[0m[0m            = "uni/infra/coppifpol-default"
      [32m+[0m [0m[1m[0mrelation_infra_rs_fc_if_pol[0m[0m              = "uni/infra/fcIfPol-default"
      [32m+[0m [0m[1m[0mrelation_infra_rs_h_if_pol[0m[0m               = "uni/infra/hintfpol-inheritAuto"
      [32m+[0m [0m[1m[0mrelation_infra_rs_l2_if_pol[0m[0m              = "uni/infra/l2IfP-default"
      [32m+[0m [0m[1m[0mrelation_infra_rs_l2_port_auth_pol[0m[0m       = (known after apply)
      [32m+[0m [0m[1m[0mrelation_infra_rs_l2_port_security_pol[0m[0m   = "uni/infra/portsecurityP-default"
      [32m+[0m [0m[1m[0mrelation_infra_rs_lacp_pol[0m[0m               = "uni/infra/lacplagp-lacpActive"
      [32m+[0m [0m[1m[0mrelation_infra_rs_lldp_if_pol[0m[0m            = "uni/infra/lldpIfP-lldpEnabled"
      [32m+[0m [0m[1m[0mrelation_infra_rs_macsec_if_pol[0m[0m          = "uni/infra/macsecifp-default"
      [32m+[0m [0m[1m[0mrelation_infra_rs_mcp_if_pol[0m[0m             = "uni/infra/mcpIfP-mcpEnabled"
      [32m+[0m [0m[1m[0mrelation_infra_rs_mon_if_infra_pol[0m[0m       = "uni/infra/moninfra-default"
      [32m+[0m [0m[1m[0mrelation_infra_rs_qos_dpp_if_pol[0m[0m         = (known after apply)
      [32m+[0m [0m[1m[0mrelation_infra_rs_qos_egress_dpp_if_pol[0m[0m  = "uni/infra/qosdpppol-default"
      [32m+[0m [0m[1m[0mrelation_infra_rs_qos_ingress_dpp_if_pol[0m[0m = "uni/infra/qosdpppol-default"
      [32m+[0m [0m[1m[0mrelation_infra_rs_qos_pfc_if_pol[0m[0m         = "uni/infra/pfc-default"
      [32m+[0m [0m[1m[0mrelation_infra_rs_qos_sd_if_pol[0m[0m          = "uni/infra/qossdpol-default"
      [32m+[0m [0m[1m[0mrelation_infra_rs_stormctrl_if_pol[0m[0m       = "uni/infra/stormctrlifp-default"
      [32m+[0m [0m[1m[0mrelation_infra_rs_stp_if_pol[0m[0m             = "uni/infra/ifPol-bpduFG"
    }

[1m  # module.access.aci_leaf_access_bundle_policy_group.leaf_interfaces_policy_groups_bundle["vpc008"][0m will be created[0m[0m
[0m  [32m+[0m[0m resource "aci_leaf_access_bundle_policy_group" "leaf_interfaces_policy_groups_bundle" {
      [32m+[0m [0m[1m[0mannotation[0m[0m                               = "easy-aci:1.0.1"
      [32m+[0m [0m[1m[0mdescription[0m[0m                              = "VPC Policy Group for Eth1/#VPC#"
      [32m+[0m [0m[1m[0mid[0m[0m                                       = (known after apply)
      [32m+[0m [0m[1m[0mlag_t[0m[0m                                    = "node"
      [32m+[0m [0m[1m[0mname[0m[0m                                     = "vpc008"
      [32m+[0m [0m[1m[0mname_alias[0m[0m                               = (known after apply)
      [32m+[0m [0m[1m[0mrelation_infra_rs_att_ent_p[0m[0m              = "uni/infra/attentp-trunkAep"
      [32m+[0m [0m[1m[0mrelation_infra_rs_cdp_if_pol[0m[0m             = "uni/infra/cdpIfP-cdpEnabled"
      [32m+[0m [0m[1m[0mrelation_infra_rs_copp_if_pol[0m[0m            = "uni/infra/coppifpol-default"
      [32m+[0m [0m[1m[0mrelation_infra_rs_fc_if_pol[0m[0m              = "uni/infra/fcIfPol-default"
      [32m+[0m [0m[1m[0mrelation_infra_rs_h_if_pol[0m[0m               = "uni/infra/hintfpol-inheritAuto"
      [32m+[0m [0m[1m[0mrelation_infra_rs_l2_if_pol[0m[0m              = "uni/infra/l2IfP-default"
      [32m+[0m [0m[1m[0mrelation_infra_rs_l2_port_auth_pol[0m[0m       = (known after apply)
      [32m+[0m [0m[1m[0mrelation_infra_rs_l2_port_security_pol[0m[0m   = "uni/infra/portsecurityP-default"
      [32m+[0m [0m[1m[0mrelation_infra_rs_lacp_pol[0m[0m               = "uni/infra/lacplagp-lacpActive"
      [32m+[0m [0m[1m[0mrelation_infra_rs_lldp_if_pol[0m[0m            = "uni/infra/lldpIfP-lldpEnabled"
      [32m+[0m [0m[1m[0mrelation_infra_rs_macsec_if_pol[0m[0m          = "uni/infra/macsecifp-default"
      [32m+[0m [0m[1m[0mrelation_infra_rs_mcp_if_pol[0m[0m             = "uni/infra/mcpIfP-mcpEnabled"
      [32m+[0m [0m[1m[0mrelation_infra_rs_mon_if_infra_pol[0m[0m       = "uni/infra/moninfra-default"
      [32m+[0m [0m[1m[0mrelation_infra_rs_qos_dpp_if_pol[0m[0m         = (known after apply)
      [32m+[0m [0m[1m[0mrelation_infra_rs_qos_egress_dpp_if_pol[0m[0m  = "uni/infra/qosdpppol-default"
      [32m+[0m [0m[1m[0mrelation_infra_rs_qos_ingress_dpp_if_pol[0m[0m = "uni/infra/qosdpppol-default"
      [32m+[0m [0m[1m[0mrelation_infra_rs_qos_pfc_if_pol[0m[0m         = "uni/infra/pfc-default"
      [32m+[0m [0m[1m[0mrelation_infra_rs_qos_sd_if_pol[0m[0m          = "uni/infra/qossdpol-default"
      [32m+[0m [0m[1m[0mrelation_infra_rs_stormctrl_if_pol[0m[0m       = "uni/infra/stormctrlifp-default"
      [32m+[0m [0m[1m[0mrelation_infra_rs_stp_if_pol[0m[0m             = "uni/infra/ifPol-bpduFG"
    }

[1m  # module.access.aci_leaf_access_bundle_policy_group.leaf_interfaces_policy_groups_bundle["vpc009"][0m will be created[0m[0m
[0m  [32m+[0m[0m resource "aci_leaf_access_bundle_policy_group" "leaf_interfaces_policy_groups_bundle" {
      [32m+[0m [0m[1m[0mannotation[0m[0m                               = "easy-aci:1.0.1"
      [32m+[0m [0m[1m[0mdescription[0m[0m                              = "VPC Policy Group for Eth1/#VPC#"
      [32m+[0m [0m[1m[0mid[0m[0m                                       = (known after apply)
      [32m+[0m [0m[1m[0mlag_t[0m[0m                                    = "node"
      [32m+[0m [0m[1m[0mname[0m[0m                                     = "vpc009"
      [32m+[0m [0m[1m[0mname_alias[0m[0m                               = (known after apply)
      [32m+[0m [0m[1m[0mrelation_infra_rs_att_ent_p[0m[0m              = "uni/infra/attentp-trunkAep"
      [32m+[0m [0m[1m[0mrelation_infra_rs_cdp_if_pol[0m[0m             = "uni/infra/cdpIfP-cdpEnabled"
      [32m+[0m [0m[1m[0mrelation_infra_rs_copp_if_pol[0m[0m            = "uni/infra/coppifpol-default"
      [32m+[0m [0m[1m[0mrelation_infra_rs_fc_if_pol[0m[0m              = "uni/infra/fcIfPol-default"
      [32m+[0m [0m[1m[0mrelation_infra_rs_h_if_pol[0m[0m               = "uni/infra/hintfpol-inheritAuto"
      [32m+[0m [0m[1m[0mrelation_infra_rs_l2_if_pol[0m[0m              = "uni/infra/l2IfP-default"
      [32m+[0m [0m[1m[0mrelation_infra_rs_l2_port_auth_pol[0m[0m       = (known after apply)
      [32m+[0m [0m[1m[0mrelation_infra_rs_l2_port_security_pol[0m[0m   = "uni/infra/portsecurityP-default"
      [32m+[0m [0m[1m[0mrelation_infra_rs_lacp_pol[0m[0m               = "uni/infra/lacplagp-lacpActive"
      [32m+[0m [0m[1m[0mrelation_infra_rs_lldp_if_pol[0m[0m            = "uni/infra/lldpIfP-lldpEnabled"
      [32m+[0m [0m[1m[0mrelation_infra_rs_macsec_if_pol[0m[0m          = "uni/infra/macsecifp-default"
      [32m+[0m [0m[1m[0mrelation_infra_rs_mcp_if_pol[0m[0m             = "uni/infra/mcpIfP-mcpEnabled"
      [32m+[0m [0m[1m[0mrelation_infra_rs_mon_if_infra_pol[0m[0m       = "uni/infra/moninfra-default"
      [32m+[0m [0m[1m[0mrelation_infra_rs_qos_dpp_if_pol[0m[0m         = (known after apply)
      [32m+[0m [0m[1m[0mrelation_infra_rs_qos_egress_dpp_if_pol[0m[0m  = "uni/infra/qosdpppol-default"
      [32m+[0m [0m[1m[0mrelation_infra_rs_qos_ingress_dpp_if_pol[0m[0m = "uni/infra/qosdpppol-default"
      [32m+[0m [0m[1m[0mrelation_infra_rs_qos_pfc_if_pol[0m[0m         = "uni/infra/pfc-default"
      [32m+[0m [0m[1m[0mrelation_infra_rs_qos_sd_if_pol[0m[0m          = "uni/infra/qossdpol-default"
      [32m+[0m [0m[1m[0mrelation_infra_rs_stormctrl_if_pol[0m[0m       = "uni/infra/stormctrlifp-default"
      [32m+[0m [0m[1m[0mrelation_infra_rs_stp_if_pol[0m[0m             = "uni/infra/ifPol-bpduFG"
    }

[1m  # module.access.aci_leaf_access_bundle_policy_group.leaf_interfaces_policy_groups_bundle["vpc010"][0m will be created[0m[0m
[0m  [32m+[0m[0m resource "aci_leaf_access_bundle_policy_group" "leaf_interfaces_policy_groups_bundle" {
      [32m+[0m [0m[1m[0mannotation[0m[0m                               = "easy-aci:1.0.1"
      [32m+[0m [0m[1m[0mdescription[0m[0m                              = "VPC Policy Group for Eth1/#VPC#"
      [32m+[0m [0m[1m[0mid[0m[0m                                       = (known after apply)
      [32m+[0m [0m[1m[0mlag_t[0m[0m                                    = "node"
      [32m+[0m [0m[1m[0mname[0m[0m                                     = "vpc010"
      [32m+[0m [0m[1m[0mname_alias[0m[0m                               = (known after apply)
      [32m+[0m [0m[1m[0mrelation_infra_rs_att_ent_p[0m[0m              = "uni/infra/attentp-trunkAep"
      [32m+[0m [0m[1m[0mrelation_infra_rs_cdp_if_pol[0m[0m             = "uni/infra/cdpIfP-cdpEnabled"
      [32m+[0m [0m[1m[0mrelation_infra_rs_copp_if_pol[0m[0m            = "uni/infra/coppifpol-default"
      [32m+[0m [0m[1m[0mrelation_infra_rs_fc_if_pol[0m[0m              = "uni/infra/fcIfPol-default"
      [32m+[0m [0m[1m[0mrelation_infra_rs_h_if_pol[0m[0m               = "uni/infra/hintfpol-inheritAuto"
      [32m+[0m [0m[1m[0mrelation_infra_rs_l2_if_pol[0m[0m              = "uni/infra/l2IfP-default"
      [32m+[0m [0m[1m[0mrelation_infra_rs_l2_port_auth_pol[0m[0m       = (known after apply)
      [32m+[0m [0m[1m[0mrelation_infra_rs_l2_port_security_pol[0m[0m   = "uni/infra/portsecurityP-default"
      [32m+[0m [0m[1m[0mrelation_infra_rs_lacp_pol[0m[0m               = "uni/infra/lacplagp-lacpActive"
      [32m+[0m [0m[1m[0mrelation_infra_rs_lldp_if_pol[0m[0m            = "uni/infra/lldpIfP-lldpEnabled"
      [32m+[0m [0m[1m[0mrelation_infra_rs_macsec_if_pol[0m[0m          = "uni/infra/macsecifp-default"
      [32m+[0m [0m[1m[0mrelation_infra_rs_mcp_if_pol[0m[0m             = "uni/infra/mcpIfP-mcpEnabled"
      [32m+[0m [0m[1m[0mrelation_infra_rs_mon_if_infra_pol[0m[0m       = "uni/infra/moninfra-default"
      [32m+[0m [0m[1m[0mrelation_infra_rs_qos_dpp_if_pol[0m[0m         = (known after apply)
      [32m+[0m [0m[1m[0mrelation_infra_rs_qos_egress_dpp_if_pol[0m[0m  = "uni/infra/qosdpppol-default"
      [32m+[0m [0m[1m[0mrelation_infra_rs_qos_ingress_dpp_if_pol[0m[0m = "uni/infra/qosdpppol-default"
      [32m+[0m [0m[1m[0mrelation_infra_rs_qos_pfc_if_pol[0m[0m         = "uni/infra/pfc-default"
      [32m+[0m [0m[1m[0mrelation_infra_rs_qos_sd_if_pol[0m[0m          = "uni/infra/qossdpol-default"
      [32m+[0m [0m[1m[0mrelation_infra_rs_stormctrl_if_pol[0m[0m       = "uni/infra/stormctrlifp-default"
      [32m+[0m [0m[1m[0mrelation_infra_rs_stp_if_pol[0m[0m             = "uni/infra/ifPol-bpduFG"
    }

[1m  # module.access.aci_leaf_access_bundle_policy_group.leaf_interfaces_policy_groups_bundle["vpc011"][0m will be created[0m[0m
[0m  [32m+[0m[0m resource "aci_leaf_access_bundle_policy_group" "leaf_interfaces_policy_groups_bundle" {
      [32m+[0m [0m[1m[0mannotation[0m[0m                               = "easy-aci:1.0.1"
      [32m+[0m [0m[1m[0mdescription[0m[0m                              = "VPC Policy Group for Eth1/#VPC#"
      [32m+[0m [0m[1m[0mid[0m[0m                                       = (known after apply)
      [32m+[0m [0m[1m[0mlag_t[0m[0m                                    = "node"
      [32m+[0m [0m[1m[0mname[0m[0m                                     = "vpc011"
      [32m+[0m [0m[1m[0mname_alias[0m[0m                               = (known after apply)
      [32m+[0m [0m[1m[0mrelation_infra_rs_att_ent_p[0m[0m              = "uni/infra/attentp-trunkAep"
      [32m+[0m [0m[1m[0mrelation_infra_rs_cdp_if_pol[0m[0m             = "uni/infra/cdpIfP-cdpEnabled"
      [32m+[0m [0m[1m[0mrelation_infra_rs_copp_if_pol[0m[0m            = "uni/infra/coppifpol-default"
      [32m+[0m [0m[1m[0mrelation_infra_rs_fc_if_pol[0m[0m              = "uni/infra/fcIfPol-default"
      [32m+[0m [0m[1m[0mrelation_infra_rs_h_if_pol[0m[0m               = "uni/infra/hintfpol-inheritAuto"
      [32m+[0m [0m[1m[0mrelation_infra_rs_l2_if_pol[0m[0m              = "uni/infra/l2IfP-default"
      [32m+[0m [0m[1m[0mrelation_infra_rs_l2_port_auth_pol[0m[0m       = (known after apply)
      [32m+[0m [0m[1m[0mrelation_infra_rs_l2_port_security_pol[0m[0m   = "uni/infra/portsecurityP-default"
      [32m+[0m [0m[1m[0mrelation_infra_rs_lacp_pol[0m[0m               = "uni/infra/lacplagp-lacpActive"
      [32m+[0m [0m[1m[0mrelation_infra_rs_lldp_if_pol[0m[0m            = "uni/infra/lldpIfP-lldpEnabled"
      [32m+[0m [0m[1m[0mrelation_infra_rs_macsec_if_pol[0m[0m          = "uni/infra/macsecifp-default"
      [32m+[0m [0m[1m[0mrelation_infra_rs_mcp_if_pol[0m[0m             = "uni/infra/mcpIfP-mcpEnabled"
      [32m+[0m [0m[1m[0mrelation_infra_rs_mon_if_infra_pol[0m[0m       = "uni/infra/moninfra-default"
      [32m+[0m [0m[1m[0mrelation_infra_rs_qos_dpp_if_pol[0m[0m         = (known after apply)
      [32m+[0m [0m[1m[0mrelation_infra_rs_qos_egress_dpp_if_pol[0m[0m  = "uni/infra/qosdpppol-default"
      [32m+[0m [0m[1m[0mrelation_infra_rs_qos_ingress_dpp_if_pol[0m[0m = "uni/infra/qosdpppol-default"
      [32m+[0m [0m[1m[0mrelation_infra_rs_qos_pfc_if_pol[0m[0m         = "uni/infra/pfc-default"
      [32m+[0m [0m[1m[0mrelation_infra_rs_qos_sd_if_pol[0m[0m          = "uni/infra/qossdpol-default"
      [32m+[0m [0m[1m[0mrelation_infra_rs_stormctrl_if_pol[0m[0m       = "uni/infra/stormctrlifp-default"
      [32m+[0m [0m[1m[0mrelation_infra_rs_stp_if_pol[0m[0m             = "uni/infra/ifPol-bpduFG"
    }

[1m  # module.access.aci_leaf_access_bundle_policy_group.leaf_interfaces_policy_groups_bundle["vpc012"][0m will be created[0m[0m
[0m  [32m+[0m[0m resource "aci_leaf_access_bundle_policy_group" "leaf_interfaces_policy_groups_bundle" {
      [32m+[0m [0m[1m[0mannotation[0m[0m                               = "easy-aci:1.0.1"
      [32m+[0m [0m[1m[0mdescription[0m[0m                              = "VPC Policy Group for Eth1/#VPC#"
      [32m+[0m [0m[1m[0mid[0m[0m                                       = (known after apply)
      [32m+[0m [0m[1m[0mlag_t[0m[0m                                    = "node"
      [32m+[0m [0m[1m[0mname[0m[0m                                     = "vpc012"
      [32m+[0m [0m[1m[0mname_alias[0m[0m                               = (known after apply)
      [32m+[0m [0m[1m[0mrelation_infra_rs_att_ent_p[0m[0m              = "uni/infra/attentp-trunkAep"
      [32m+[0m [0m[1m[0mrelation_infra_rs_cdp_if_pol[0m[0m             = "uni/infra/cdpIfP-cdpEnabled"
      [32m+[0m [0m[1m[0mrelation_infra_rs_copp_if_pol[0m[0m            = "uni/infra/coppifpol-default"
      [32m+[0m [0m[1m[0mrelation_infra_rs_fc_if_pol[0m[0m              = "uni/infra/fcIfPol-default"
      [32m+[0m [0m[1m[0mrelation_infra_rs_h_if_pol[0m[0m               = "uni/infra/hintfpol-inheritAuto"
      [32m+[0m [0m[1m[0mrelation_infra_rs_l2_if_pol[0m[0m              = "uni/infra/l2IfP-default"
      [32m+[0m [0m[1m[0mrelation_infra_rs_l2_port_auth_pol[0m[0m       = (known after apply)
      [32m+[0m [0m[1m[0mrelation_infra_rs_l2_port_security_pol[0m[0m   = "uni/infra/portsecurityP-default"
      [32m+[0m [0m[1m[0mrelation_infra_rs_lacp_pol[0m[0m               = "uni/infra/lacplagp-lacpActive"
      [32m+[0m [0m[1m[0mrelation_infra_rs_lldp_if_pol[0m[0m            = "uni/infra/lldpIfP-lldpEnabled"
      [32m+[0m [0m[1m[0mrelation_infra_rs_macsec_if_pol[0m[0m          = "uni/infra/macsecifp-default"
      [32m+[0m [0m[1m[0mrelation_infra_rs_mcp_if_pol[0m[0m             = "uni/infra/mcpIfP-mcpEnabled"
      [32m+[0m [0m[1m[0mrelation_infra_rs_mon_if_infra_pol[0m[0m       = "uni/infra/moninfra-default"
      [32m+[0m [0m[1m[0mrelation_infra_rs_qos_dpp_if_pol[0m[0m         = (known after apply)
      [32m+[0m [0m[1m[0mrelation_infra_rs_qos_egress_dpp_if_pol[0m[0m  = "uni/infra/qosdpppol-default"
      [32m+[0m [0m[1m[0mrelation_infra_rs_qos_ingress_dpp_if_pol[0m[0m = "uni/infra/qosdpppol-default"
      [32m+[0m [0m[1m[0mrelation_infra_rs_qos_pfc_if_pol[0m[0m         = "uni/infra/pfc-default"
      [32m+[0m [0m[1m[0mrelation_infra_rs_qos_sd_if_pol[0m[0m          = "uni/infra/qossdpol-default"
      [32m+[0m [0m[1m[0mrelation_infra_rs_stormctrl_if_pol[0m[0m       = "uni/infra/stormctrlifp-default"
      [32m+[0m [0m[1m[0mrelation_infra_rs_stp_if_pol[0m[0m             = "uni/infra/ifPol-bpduFG"
    }

[1m  # module.access.aci_leaf_access_bundle_policy_group.leaf_interfaces_policy_groups_bundle["vpc013"][0m will be created[0m[0m
[0m  [32m+[0m[0m resource "aci_leaf_access_bundle_policy_group" "leaf_interfaces_policy_groups_bundle" {
      [32m+[0m [0m[1m[0mannotation[0m[0m                               = "easy-aci:1.0.1"
      [32m+[0m [0m[1m[0mdescription[0m[0m                              = "VPC Policy Group for Eth1/#VPC#"
      [32m+[0m [0m[1m[0mid[0m[0m                                       = (known after apply)
      [32m+[0m [0m[1m[0mlag_t[0m[0m                                    = "node"
      [32m+[0m [0m[1m[0mname[0m[0m                                     = "vpc013"
      [32m+[0m [0m[1m[0mname_alias[0m[0m                               = (known after apply)
      [32m+[0m [0m[1m[0mrelation_infra_rs_att_ent_p[0m[0m              = "uni/infra/attentp-trunkAep"
      [32m+[0m [0m[1m[0mrelation_infra_rs_cdp_if_pol[0m[0m             = "uni/infra/cdpIfP-cdpEnabled"
      [32m+[0m [0m[1m[0mrelation_infra_rs_copp_if_pol[0m[0m            = "uni/infra/coppifpol-default"
      [32m+[0m [0m[1m[0mrelation_infra_rs_fc_if_pol[0m[0m              = "uni/infra/fcIfPol-default"
      [32m+[0m [0m[1m[0mrelation_infra_rs_h_if_pol[0m[0m               = "uni/infra/hintfpol-inheritAuto"
      [32m+[0m [0m[1m[0mrelation_infra_rs_l2_if_pol[0m[0m              = "uni/infra/l2IfP-default"
      [32m+[0m [0m[1m[0mrelation_infra_rs_l2_port_auth_pol[0m[0m       = (known after apply)
      [32m+[0m [0m[1m[0mrelation_infra_rs_l2_port_security_pol[0m[0m   = "uni/infra/portsecurityP-default"
      [32m+[0m [0m[1m[0mrelation_infra_rs_lacp_pol[0m[0m               = "uni/infra/lacplagp-lacpActive"
      [32m+[0m [0m[1m[0mrelation_infra_rs_lldp_if_pol[0m[0m            = "uni/infra/lldpIfP-lldpEnabled"
      [32m+[0m [0m[1m[0mrelation_infra_rs_macsec_if_pol[0m[0m          = "uni/infra/macsecifp-default"
      [32m+[0m [0m[1m[0mrelation_infra_rs_mcp_if_pol[0m[0m             = "uni/infra/mcpIfP-mcpEnabled"
      [32m+[0m [0m[1m[0mrelation_infra_rs_mon_if_infra_pol[0m[0m       = "uni/infra/moninfra-default"
      [32m+[0m [0m[1m[0mrelation_infra_rs_qos_dpp_if_pol[0m[0m         = (known after apply)
      [32m+[0m [0m[1m[0mrelation_infra_rs_qos_egress_dpp_if_pol[0m[0m  = "uni/infra/qosdpppol-default"
      [32m+[0m [0m[1m[0mrelation_infra_rs_qos_ingress_dpp_if_pol[0m[0m = "uni/infra/qosdpppol-default"
      [32m+[0m [0m[1m[0mrelation_infra_rs_qos_pfc_if_pol[0m[0m         = "uni/infra/pfc-default"
      [32m+[0m [0m[1m[0mrelation_infra_rs_qos_sd_if_pol[0m[0m          = "uni/infra/qossdpol-default"
      [32m+[0m [0m[1m[0mrelation_infra_rs_stormctrl_if_pol[0m[0m       = "uni/infra/stormctrlifp-default"
      [32m+[0m [0m[1m[0mrelation_infra_rs_stp_if_pol[0m[0m             = "uni/infra/ifPol-bpduFG"
    }

[1m  # module.access.aci_leaf_access_bundle_policy_group.leaf_interfaces_policy_groups_bundle["vpc014"][0m will be created[0m[0m
[0m  [32m+[0m[0m resource "aci_leaf_access_bundle_policy_group" "leaf_interfaces_policy_groups_bundle" {
      [32m+[0m [0m[1m[0mannotation[0m[0m                               = "easy-aci:1.0.1"
      [32m+[0m [0m[1m[0mdescription[0m[0m                              = "VPC Policy Group for Eth1/#VPC#"
      [32m+[0m [0m[1m[0mid[0m[0m                                       = (known after apply)
      [32m+[0m [0m[1m[0mlag_t[0m[0m                                    = "node"
      [32m+[0m [0m[1m[0mname[0m[0m                                     = "vpc014"
      [32m+[0m [0m[1m[0mname_alias[0m[0m                               = (known after apply)
      [32m+[0m [0m[1m[0mrelation_infra_rs_att_ent_p[0m[0m              = "uni/infra/attentp-trunkAep"
      [32m+[0m [0m[1m[0mrelation_infra_rs_cdp_if_pol[0m[0m             = "uni/infra/cdpIfP-cdpEnabled"
      [32m+[0m [0m[1m[0mrelation_infra_rs_copp_if_pol[0m[0m            = "uni/infra/coppifpol-default"
      [32m+[0m [0m[1m[0mrelation_infra_rs_fc_if_pol[0m[0m              = "uni/infra/fcIfPol-default"
      [32m+[0m [0m[1m[0mrelation_infra_rs_h_if_pol[0m[0m               = "uni/infra/hintfpol-inheritAuto"
      [32m+[0m [0m[1m[0mrelation_infra_rs_l2_if_pol[0m[0m              = "uni/infra/l2IfP-default"
      [32m+[0m [0m[1m[0mrelation_infra_rs_l2_port_auth_pol[0m[0m       = (known after apply)
      [32m+[0m [0m[1m[0mrelation_infra_rs_l2_port_security_pol[0m[0m   = "uni/infra/portsecurityP-default"
      [32m+[0m [0m[1m[0mrelation_infra_rs_lacp_pol[0m[0m               = "uni/infra/lacplagp-lacpActive"
      [32m+[0m [0m[1m[0mrelation_infra_rs_lldp_if_pol[0m[0m            = "uni/infra/lldpIfP-lldpEnabled"
      [32m+[0m [0m[1m[0mrelation_infra_rs_macsec_if_pol[0m[0m          = "uni/infra/macsecifp-default"
      [32m+[0m [0m[1m[0mrelation_infra_rs_mcp_if_pol[0m[0m             = "uni/infra/mcpIfP-mcpEnabled"
      [32m+[0m [0m[1m[0mrelation_infra_rs_mon_if_infra_pol[0m[0m       = "uni/infra/moninfra-default"
      [32m+[0m [0m[1m[0mrelation_infra_rs_qos_dpp_if_pol[0m[0m         = (known after apply)
      [32m+[0m [0m[1m[0mrelation_infra_rs_qos_egress_dpp_if_pol[0m[0m  = "uni/infra/qosdpppol-default"
      [32m+[0m [0m[1m[0mrelation_infra_rs_qos_ingress_dpp_if_pol[0m[0m = "uni/infra/qosdpppol-default"
      [32m+[0m [0m[1m[0mrelation_infra_rs_qos_pfc_if_pol[0m[0m         = "uni/infra/pfc-default"
      [32m+[0m [0m[1m[0mrelation_infra_rs_qos_sd_if_pol[0m[0m          = "uni/infra/qossdpol-default"
      [32m+[0m [0m[1m[0mrelation_infra_rs_stormctrl_if_pol[0m[0m       = "uni/infra/stormctrlifp-default"
      [32m+[0m [0m[1m[0mrelation_infra_rs_stp_if_pol[0m[0m             = "uni/infra/ifPol-bpduFG"
    }

[1m  # module.access.aci_leaf_access_bundle_policy_group.leaf_interfaces_policy_groups_bundle["vpc015"][0m will be created[0m[0m
[0m  [32m+[0m[0m resource "aci_leaf_access_bundle_policy_group" "leaf_interfaces_policy_groups_bundle" {
      [32m+[0m [0m[1m[0mannotation[0m[0m                               = "easy-aci:1.0.1"
      [32m+[0m [0m[1m[0mdescription[0m[0m                              = "VPC Policy Group for Eth1/#VPC#"
      [32m+[0m [0m[1m[0mid[0m[0m                                       = (known after apply)
      [32m+[0m [0m[1m[0mlag_t[0m[0m                                    = "node"
      [32m+[0m [0m[1m[0mname[0m[0m                                     = "vpc015"
      [32m+[0m [0m[1m[0mname_alias[0m[0m                               = (known after apply)
      [32m+[0m [0m[1m[0mrelation_infra_rs_att_ent_p[0m[0m              = "uni/infra/attentp-trunkAep"
      [32m+[0m [0m[1m[0mrelation_infra_rs_cdp_if_pol[0m[0m             = "uni/infra/cdpIfP-cdpEnabled"
      [32m+[0m [0m[1m[0mrelation_infra_rs_copp_if_pol[0m[0m            = "uni/infra/coppifpol-default"
      [32m+[0m [0m[1m[0mrelation_infra_rs_fc_if_pol[0m[0m              = "uni/infra/fcIfPol-default"
      [32m+[0m [0m[1m[0mrelation_infra_rs_h_if_pol[0m[0m               = "uni/infra/hintfpol-inheritAuto"
      [32m+[0m [0m[1m[0mrelation_infra_rs_l2_if_pol[0m[0m              = "uni/infra/l2IfP-default"
      [32m+[0m [0m[1m[0mrelation_infra_rs_l2_port_auth_pol[0m[0m       = (known after apply)
      [32m+[0m [0m[1m[0mrelation_infra_rs_l2_port_security_pol[0m[0m   = "uni/infra/portsecurityP-default"
      [32m+[0m [0m[1m[0mrelation_infra_rs_lacp_pol[0m[0m               = "uni/infra/lacplagp-lacpActive"
      [32m+[0m [0m[1m[0mrelation_infra_rs_lldp_if_pol[0m[0m            = "uni/infra/lldpIfP-lldpEnabled"
      [32m+[0m [0m[1m[0mrelation_infra_rs_macsec_if_pol[0m[0m          = "uni/infra/macsecifp-default"
      [32m+[0m [0m[1m[0mrelation_infra_rs_mcp_if_pol[0m[0m             = "uni/infra/mcpIfP-mcpEnabled"
      [32m+[0m [0m[1m[0mrelation_infra_rs_mon_if_infra_pol[0m[0m       = "uni/infra/moninfra-default"
      [32m+[0m [0m[1m[0mrelation_infra_rs_qos_dpp_if_pol[0m[0m         = (known after apply)
      [32m+[0m [0m[1m[0mrelation_infra_rs_qos_egress_dpp_if_pol[0m[0m  = "uni/infra/qosdpppol-default"
      [32m+[0m [0m[1m[0mrelation_infra_rs_qos_ingress_dpp_if_pol[0m[0m = "uni/infra/qosdpppol-default"
      [32m+[0m [0m[1m[0mrelation_infra_rs_qos_pfc_if_pol[0m[0m         = "uni/infra/pfc-default"
      [32m+[0m [0m[1m[0mrelation_infra_rs_qos_sd_if_pol[0m[0m          = "uni/infra/qossdpol-default"
      [32m+[0m [0m[1m[0mrelation_infra_rs_stormctrl_if_pol[0m[0m       = "uni/infra/stormctrlifp-default"
      [32m+[0m [0m[1m[0mrelation_infra_rs_stp_if_pol[0m[0m             = "uni/infra/ifPol-bpduFG"
    }

[1m  # module.access.aci_leaf_access_bundle_policy_group.leaf_interfaces_policy_groups_bundle["vpc016"][0m will be created[0m[0m
[0m  [32m+[0m[0m resource "aci_leaf_access_bundle_policy_group" "leaf_interfaces_policy_groups_bundle" {
      [32m+[0m [0m[1m[0mannotation[0m[0m                               = "easy-aci:1.0.1"
      [32m+[0m [0m[1m[0mdescription[0m[0m                              = "VPC Policy Group for Eth1/#VPC#"
      [32m+[0m [0m[1m[0mid[0m[0m                                       = (known after apply)
      [32m+[0m [0m[1m[0mlag_t[0m[0m                                    = "node"
      [32m+[0m [0m[1m[0mname[0m[0m                                     = "vpc016"
      [32m+[0m [0m[1m[0mname_alias[0m[0m                               = (known after apply)
      [32m+[0m [0m[1m[0mrelation_infra_rs_att_ent_p[0m[0m              = "uni/infra/attentp-trunkAep"
      [32m+[0m [0m[1m[0mrelation_infra_rs_cdp_if_pol[0m[0m             = "uni/infra/cdpIfP-cdpEnabled"
      [32m+[0m [0m[1m[0mrelation_infra_rs_copp_if_pol[0m[0m            = "uni/infra/coppifpol-default"
      [32m+[0m [0m[1m[0mrelation_infra_rs_fc_if_pol[0m[0m              = "uni/infra/fcIfPol-default"
      [32m+[0m [0m[1m[0mrelation_infra_rs_h_if_pol[0m[0m               = "uni/infra/hintfpol-inheritAuto"
      [32m+[0m [0m[1m[0mrelation_infra_rs_l2_if_pol[0m[0m              = "uni/infra/l2IfP-default"
      [32m+[0m [0m[1m[0mrelation_infra_rs_l2_port_auth_pol[0m[0m       = (known after apply)
      [32m+[0m [0m[1m[0mrelation_infra_rs_l2_port_security_pol[0m[0m   = "uni/infra/portsecurityP-default"
      [32m+[0m [0m[1m[0mrelation_infra_rs_lacp_pol[0m[0m               = "uni/infra/lacplagp-lacpActive"
      [32m+[0m [0m[1m[0mrelation_infra_rs_lldp_if_pol[0m[0m            = "uni/infra/lldpIfP-lldpEnabled"
      [32m+[0m [0m[1m[0mrelation_infra_rs_macsec_if_pol[0m[0m          = "uni/infra/macsecifp-default"
      [32m+[0m [0m[1m[0mrelation_infra_rs_mcp_if_pol[0m[0m             = "uni/infra/mcpIfP-mcpEnabled"
      [32m+[0m [0m[1m[0mrelation_infra_rs_mon_if_infra_pol[0m[0m       = "uni/infra/moninfra-default"
      [32m+[0m [0m[1m[0mrelation_infra_rs_qos_dpp_if_pol[0m[0m         = (known after apply)
      [32m+[0m [0m[1m[0mrelation_infra_rs_qos_egress_dpp_if_pol[0m[0m  = "uni/infra/qosdpppol-default"
      [32m+[0m [0m[1m[0mrelation_infra_rs_qos_ingress_dpp_if_pol[0m[0m = "uni/infra/qosdpppol-default"
      [32m+[0m [0m[1m[0mrelation_infra_rs_qos_pfc_if_pol[0m[0m         = "uni/infra/pfc-default"
      [32m+[0m [0m[1m[0mrelation_infra_rs_qos_sd_if_pol[0m[0m          = "uni/infra/qossdpol-default"
      [32m+[0m [0m[1m[0mrelation_infra_rs_stormctrl_if_pol[0m[0m       = "uni/infra/stormctrlifp-default"
      [32m+[0m [0m[1m[0mrelation_infra_rs_stp_if_pol[0m[0m             = "uni/infra/ifPol-bpduFG"
    }

[1m  # module.access.aci_leaf_access_bundle_policy_group.leaf_interfaces_policy_groups_bundle["vpc017"][0m will be created[0m[0m
[0m  [32m+[0m[0m resource "aci_leaf_access_bundle_policy_group" "leaf_interfaces_policy_groups_bundle" {
      [32m+[0m [0m[1m[0mannotation[0m[0m                               = "easy-aci:1.0.1"
      [32m+[0m [0m[1m[0mdescription[0m[0m                              = "VPC Policy Group for Eth1/#VPC#"
      [32m+[0m [0m[1m[0mid[0m[0m                                       = (known after apply)
      [32m+[0m [0m[1m[0mlag_t[0m[0m                                    = "node"
      [32m+[0m [0m[1m[0mname[0m[0m                                     = "vpc017"
      [32m+[0m [0m[1m[0mname_alias[0m[0m                               = (known after apply)
      [32m+[0m [0m[1m[0mrelation_infra_rs_att_ent_p[0m[0m              = "uni/infra/attentp-trunkAep"
      [32m+[0m [0m[1m[0mrelation_infra_rs_cdp_if_pol[0m[0m             = "uni/infra/cdpIfP-cdpEnabled"
      [32m+[0m [0m[1m[0mrelation_infra_rs_copp_if_pol[0m[0m            = "uni/infra/coppifpol-default"
      [32m+[0m [0m[1m[0mrelation_infra_rs_fc_if_pol[0m[0m              = "uni/infra/fcIfPol-default"
      [32m+[0m [0m[1m[0mrelation_infra_rs_h_if_pol[0m[0m               = "uni/infra/hintfpol-inheritAuto"
      [32m+[0m [0m[1m[0mrelation_infra_rs_l2_if_pol[0m[0m              = "uni/infra/l2IfP-default"
      [32m+[0m [0m[1m[0mrelation_infra_rs_l2_port_auth_pol[0m[0m       = (known after apply)
      [32m+[0m [0m[1m[0mrelation_infra_rs_l2_port_security_pol[0m[0m   = "uni/infra/portsecurityP-default"
      [32m+[0m [0m[1m[0mrelation_infra_rs_lacp_pol[0m[0m               = "uni/infra/lacplagp-lacpActive"
      [32m+[0m [0m[1m[0mrelation_infra_rs_lldp_if_pol[0m[0m            = "uni/infra/lldpIfP-lldpEnabled"
      [32m+[0m [0m[1m[0mrelation_infra_rs_macsec_if_pol[0m[0m          = "uni/infra/macsecifp-default"
      [32m+[0m [0m[1m[0mrelation_infra_rs_mcp_if_pol[0m[0m             = "uni/infra/mcpIfP-mcpEnabled"
      [32m+[0m [0m[1m[0mrelation_infra_rs_mon_if_infra_pol[0m[0m       = "uni/infra/moninfra-default"
      [32m+[0m [0m[1m[0mrelation_infra_rs_qos_dpp_if_pol[0m[0m         = (known after apply)
      [32m+[0m [0m[1m[0mrelation_infra_rs_qos_egress_dpp_if_pol[0m[0m  = "uni/infra/qosdpppol-default"
      [32m+[0m [0m[1m[0mrelation_infra_rs_qos_ingress_dpp_if_pol[0m[0m = "uni/infra/qosdpppol-default"
      [32m+[0m [0m[1m[0mrelation_infra_rs_qos_pfc_if_pol[0m[0m         = "uni/infra/pfc-default"
      [32m+[0m [0m[1m[0mrelation_infra_rs_qos_sd_if_pol[0m[0m          = "uni/infra/qossdpol-default"
      [32m+[0m [0m[1m[0mrelation_infra_rs_stormctrl_if_pol[0m[0m       = "uni/infra/stormctrlifp-default"
      [32m+[0m [0m[1m[0mrelation_infra_rs_stp_if_pol[0m[0m             = "uni/infra/ifPol-bpduFG"
    }

[1m  # module.access.aci_leaf_access_bundle_policy_group.leaf_interfaces_policy_groups_bundle["vpc018"][0m will be created[0m[0m
[0m  [32m+[0m[0m resource "aci_leaf_access_bundle_policy_group" "leaf_interfaces_policy_groups_bundle" {
      [32m+[0m [0m[1m[0mannotation[0m[0m                               = "easy-aci:1.0.1"
      [32m+[0m [0m[1m[0mdescription[0m[0m                              = "VPC Policy Group for Eth1/#VPC#"
      [32m+[0m [0m[1m[0mid[0m[0m                                       = (known after apply)
      [32m+[0m [0m[1m[0mlag_t[0m[0m                                    = "node"
      [32m+[0m [0m[1m[0mname[0m[0m                                     = "vpc018"
      [32m+[0m [0m[1m[0mname_alias[0m[0m                               = (known after apply)
      [32m+[0m [0m[1m[0mrelation_infra_rs_att_ent_p[0m[0m              = "uni/infra/attentp-trunkAep"
      [32m+[0m [0m[1m[0mrelation_infra_rs_cdp_if_pol[0m[0m             = "uni/infra/cdpIfP-cdpEnabled"
      [32m+[0m [0m[1m[0mrelation_infra_rs_copp_if_pol[0m[0m            = "uni/infra/coppifpol-default"
      [32m+[0m [0m[1m[0mrelation_infra_rs_fc_if_pol[0m[0m              = "uni/infra/fcIfPol-default"
      [32m+[0m [0m[1m[0mrelation_infra_rs_h_if_pol[0m[0m               = "uni/infra/hintfpol-inheritAuto"
      [32m+[0m [0m[1m[0mrelation_infra_rs_l2_if_pol[0m[0m              = "uni/infra/l2IfP-default"
      [32m+[0m [0m[1m[0mrelation_infra_rs_l2_port_auth_pol[0m[0m       = (known after apply)
      [32m+[0m [0m[1m[0mrelation_infra_rs_l2_port_security_pol[0m[0m   = "uni/infra/portsecurityP-default"
      [32m+[0m [0m[1m[0mrelation_infra_rs_lacp_pol[0m[0m               = "uni/infra/lacplagp-lacpActive"
      [32m+[0m [0m[1m[0mrelation_infra_rs_lldp_if_pol[0m[0m            = "uni/infra/lldpIfP-lldpEnabled"
      [32m+[0m [0m[1m[0mrelation_infra_rs_macsec_if_pol[0m[0m          = "uni/infra/macsecifp-default"
      [32m+[0m [0m[1m[0mrelation_infra_rs_mcp_if_pol[0m[0m             = "uni/infra/mcpIfP-mcpEnabled"
      [32m+[0m [0m[1m[0mrelation_infra_rs_mon_if_infra_pol[0m[0m       = "uni/infra/moninfra-default"
      [32m+[0m [0m[1m[0mrelation_infra_rs_qos_dpp_if_pol[0m[0m         = (known after apply)
      [32m+[0m [0m[1m[0mrelation_infra_rs_qos_egress_dpp_if_pol[0m[0m  = "uni/infra/qosdpppol-default"
      [32m+[0m [0m[1m[0mrelation_infra_rs_qos_ingress_dpp_if_pol[0m[0m = "uni/infra/qosdpppol-default"
      [32m+[0m [0m[1m[0mrelation_infra_rs_qos_pfc_if_pol[0m[0m         = "uni/infra/pfc-default"
      [32m+[0m [0m[1m[0mrelation_infra_rs_qos_sd_if_pol[0m[0m          = "uni/infra/qossdpol-default"
      [32m+[0m [0m[1m[0mrelation_infra_rs_stormctrl_if_pol[0m[0m       = "uni/infra/stormctrlifp-default"
      [32m+[0m [0m[1m[0mrelation_infra_rs_stp_if_pol[0m[0m             = "uni/infra/ifPol-bpduFG"
    }

[1m  # module.access.aci_leaf_access_bundle_policy_group.leaf_interfaces_policy_groups_bundle["vpc019"][0m will be created[0m[0m
[0m  [32m+[0m[0m resource "aci_leaf_access_bundle_policy_group" "leaf_interfaces_policy_groups_bundle" {
      [32m+[0m [0m[1m[0mannotation[0m[0m                               = "easy-aci:1.0.1"
      [32m+[0m [0m[1m[0mdescription[0m[0m                              = "VPC Policy Group for Eth1/#VPC#"
      [32m+[0m [0m[1m[0mid[0m[0m                                       = (known after apply)
      [32m+[0m [0m[1m[0mlag_t[0m[0m                                    = "node"
      [32m+[0m [0m[1m[0mname[0m[0m                                     = "vpc019"
      [32m+[0m [0m[1m[0mname_alias[0m[0m                               = (known after apply)
      [32m+[0m [0m[1m[0mrelation_infra_rs_att_ent_p[0m[0m              = "uni/infra/attentp-trunkAep"
      [32m+[0m [0m[1m[0mrelation_infra_rs_cdp_if_pol[0m[0m             = "uni/infra/cdpIfP-cdpEnabled"
      [32m+[0m [0m[1m[0mrelation_infra_rs_copp_if_pol[0m[0m            = "uni/infra/coppifpol-default"
      [32m+[0m [0m[1m[0mrelation_infra_rs_fc_if_pol[0m[0m              = "uni/infra/fcIfPol-default"
      [32m+[0m [0m[1m[0mrelation_infra_rs_h_if_pol[0m[0m               = "uni/infra/hintfpol-inheritAuto"
      [32m+[0m [0m[1m[0mrelation_infra_rs_l2_if_pol[0m[0m              = "uni/infra/l2IfP-default"
      [32m+[0m [0m[1m[0mrelation_infra_rs_l2_port_auth_pol[0m[0m       = (known after apply)
      [32m+[0m [0m[1m[0mrelation_infra_rs_l2_port_security_pol[0m[0m   = "uni/infra/portsecurityP-default"
      [32m+[0m [0m[1m[0mrelation_infra_rs_lacp_pol[0m[0m               = "uni/infra/lacplagp-lacpActive"
      [32m+[0m [0m[1m[0mrelation_infra_rs_lldp_if_pol[0m[0m            = "uni/infra/lldpIfP-lldpEnabled"
      [32m+[0m [0m[1m[0mrelation_infra_rs_macsec_if_pol[0m[0m          = "uni/infra/macsecifp-default"
      [32m+[0m [0m[1m[0mrelation_infra_rs_mcp_if_pol[0m[0m             = "uni/infra/mcpIfP-mcpEnabled"
      [32m+[0m [0m[1m[0mrelation_infra_rs_mon_if_infra_pol[0m[0m       = "uni/infra/moninfra-default"
      [32m+[0m [0m[1m[0mrelation_infra_rs_qos_dpp_if_pol[0m[0m         = (known after apply)
      [32m+[0m [0m[1m[0mrelation_infra_rs_qos_egress_dpp_if_pol[0m[0m  = "uni/infra/qosdpppol-default"
      [32m+[0m [0m[1m[0mrelation_infra_rs_qos_ingress_dpp_if_pol[0m[0m = "uni/infra/qosdpppol-default"
      [32m+[0m [0m[1m[0mrelation_infra_rs_qos_pfc_if_pol[0m[0m         = "uni/infra/pfc-default"
      [32m+[0m [0m[1m[0mrelation_infra_rs_qos_sd_if_pol[0m[0m          = "uni/infra/qossdpol-default"
      [32m+[0m [0m[1m[0mrelation_infra_rs_stormctrl_if_pol[0m[0m       = "uni/infra/stormctrlifp-default"
      [32m+[0m [0m[1m[0mrelation_infra_rs_stp_if_pol[0m[0m             = "uni/infra/ifPol-bpduFG"
    }

[1m  # module.access.aci_leaf_access_bundle_policy_group.leaf_interfaces_policy_groups_bundle["vpc020"][0m will be created[0m[0m
[0m  [32m+[0m[0m resource "aci_leaf_access_bundle_policy_group" "leaf_interfaces_policy_groups_bundle" {
      [32m+[0m [0m[1m[0mannotation[0m[0m                               = "easy-aci:1.0.1"
      [32m+[0m [0m[1m[0mdescription[0m[0m                              = "VPC Policy Group for Eth1/#VPC#"
      [32m+[0m [0m[1m[0mid[0m[0m                                       = (known after apply)
      [32m+[0m [0m[1m[0mlag_t[0m[0m                                    = "node"
      [32m+[0m [0m[1m[0mname[0m[0m                                     = "vpc020"
      [32m+[0m [0m[1m[0mname_alias[0m[0m                               = (known after apply)
      [32m+[0m [0m[1m[0mrelation_infra_rs_att_ent_p[0m[0m              = "uni/infra/attentp-trunkAep"
      [32m+[0m [0m[1m[0mrelation_infra_rs_cdp_if_pol[0m[0m             = "uni/infra/cdpIfP-cdpEnabled"
      [32m+[0m [0m[1m[0mrelation_infra_rs_copp_if_pol[0m[0m            = "uni/infra/coppifpol-default"
      [32m+[0m [0m[1m[0mrelation_infra_rs_fc_if_pol[0m[0m              = "uni/infra/fcIfPol-default"
      [32m+[0m [0m[1m[0mrelation_infra_rs_h_if_pol[0m[0m               = "uni/infra/hintfpol-inheritAuto"
      [32m+[0m [0m[1m[0mrelation_infra_rs_l2_if_pol[0m[0m              = "uni/infra/l2IfP-default"
      [32m+[0m [0m[1m[0mrelation_infra_rs_l2_port_auth_pol[0m[0m       = (known after apply)
      [32m+[0m [0m[1m[0mrelation_infra_rs_l2_port_security_pol[0m[0m   = "uni/infra/portsecurityP-default"
      [32m+[0m [0m[1m[0mrelation_infra_rs_lacp_pol[0m[0m               = "uni/infra/lacplagp-lacpActive"
      [32m+[0m [0m[1m[0mrelation_infra_rs_lldp_if_pol[0m[0m            = "uni/infra/lldpIfP-lldpEnabled"
      [32m+[0m [0m[1m[0mrelation_infra_rs_macsec_if_pol[0m[0m          = "uni/infra/macsecifp-default"
      [32m+[0m [0m[1m[0mrelation_infra_rs_mcp_if_pol[0m[0m             = "uni/infra/mcpIfP-mcpEnabled"
      [32m+[0m [0m[1m[0mrelation_infra_rs_mon_if_infra_pol[0m[0m       = "uni/infra/moninfra-default"
      [32m+[0m [0m[1m[0mrelation_infra_rs_qos_dpp_if_pol[0m[0m         = (known after apply)
      [32m+[0m [0m[1m[0mrelation_infra_rs_qos_egress_dpp_if_pol[0m[0m  = "uni/infra/qosdpppol-default"
      [32m+[0m [0m[1m[0mrelation_infra_rs_qos_ingress_dpp_if_pol[0m[0m = "uni/infra/qosdpppol-default"
      [32m+[0m [0m[1m[0mrelation_infra_rs_qos_pfc_if_pol[0m[0m         = "uni/infra/pfc-default"
      [32m+[0m [0m[1m[0mrelation_infra_rs_qos_sd_if_pol[0m[0m          = "uni/infra/qossdpol-default"
      [32m+[0m [0m[1m[0mrelation_infra_rs_stormctrl_if_pol[0m[0m       = "uni/infra/stormctrlifp-default"
      [32m+[0m [0m[1m[0mrelation_infra_rs_stp_if_pol[0m[0m             = "uni/infra/ifPol-bpduFG"
    }

[1m  # module.access.aci_leaf_access_bundle_policy_group.leaf_interfaces_policy_groups_bundle["vpc021"][0m will be created[0m[0m
[0m  [32m+[0m[0m resource "aci_leaf_access_bundle_policy_group" "leaf_interfaces_policy_groups_bundle" {
      [32m+[0m [0m[1m[0mannotation[0m[0m                               = "easy-aci:1.0.1"
      [32m+[0m [0m[1m[0mdescription[0m[0m                              = "VPC Policy Group for Eth1/#VPC#"
      [32m+[0m [0m[1m[0mid[0m[0m                                       = (known after apply)
      [32m+[0m [0m[1m[0mlag_t[0m[0m                                    = "node"
      [32m+[0m [0m[1m[0mname[0m[0m                                     = "vpc021"
      [32m+[0m [0m[1m[0mname_alias[0m[0m                               = (known after apply)
      [32m+[0m [0m[1m[0mrelation_infra_rs_att_ent_p[0m[0m              = "uni/infra/attentp-trunkAep"
      [32m+[0m [0m[1m[0mrelation_infra_rs_cdp_if_pol[0m[0m             = "uni/infra/cdpIfP-cdpEnabled"
      [32m+[0m [0m[1m[0mrelation_infra_rs_copp_if_pol[0m[0m            = "uni/infra/coppifpol-default"
      [32m+[0m [0m[1m[0mrelation_infra_rs_fc_if_pol[0m[0m              = "uni/infra/fcIfPol-default"
      [32m+[0m [0m[1m[0mrelation_infra_rs_h_if_pol[0m[0m               = "uni/infra/hintfpol-inheritAuto"
      [32m+[0m [0m[1m[0mrelation_infra_rs_l2_if_pol[0m[0m              = "uni/infra/l2IfP-default"
      [32m+[0m [0m[1m[0mrelation_infra_rs_l2_port_auth_pol[0m[0m       = (known after apply)
      [32m+[0m [0m[1m[0mrelation_infra_rs_l2_port_security_pol[0m[0m   = "uni/infra/portsecurityP-default"
      [32m+[0m [0m[1m[0mrelation_infra_rs_lacp_pol[0m[0m               = "uni/infra/lacplagp-lacpActive"
      [32m+[0m [0m[1m[0mrelation_infra_rs_lldp_if_pol[0m[0m            = "uni/infra/lldpIfP-lldpEnabled"
      [32m+[0m [0m[1m[0mrelation_infra_rs_macsec_if_pol[0m[0m          = "uni/infra/macsecifp-default"
      [32m+[0m [0m[1m[0mrelation_infra_rs_mcp_if_pol[0m[0m             = "uni/infra/mcpIfP-mcpEnabled"
      [32m+[0m [0m[1m[0mrelation_infra_rs_mon_if_infra_pol[0m[0m       = "uni/infra/moninfra-default"
      [32m+[0m [0m[1m[0mrelation_infra_rs_qos_dpp_if_pol[0m[0m         = (known after apply)
      [32m+[0m [0m[1m[0mrelation_infra_rs_qos_egress_dpp_if_pol[0m[0m  = "uni/infra/qosdpppol-default"
      [32m+[0m [0m[1m[0mrelation_infra_rs_qos_ingress_dpp_if_pol[0m[0m = "uni/infra/qosdpppol-default"
      [32m+[0m [0m[1m[0mrelation_infra_rs_qos_pfc_if_pol[0m[0m         = "uni/infra/pfc-default"
      [32m+[0m [0m[1m[0mrelation_infra_rs_qos_sd_if_pol[0m[0m          = "uni/infra/qossdpol-default"
      [32m+[0m [0m[1m[0mrelation_infra_rs_stormctrl_if_pol[0m[0m       = "uni/infra/stormctrlifp-default"
      [32m+[0m [0m[1m[0mrelation_infra_rs_stp_if_pol[0m[0m             = "uni/infra/ifPol-bpduFG"
    }

[1m  # module.access.aci_leaf_access_bundle_policy_group.leaf_interfaces_policy_groups_bundle["vpc022"][0m will be created[0m[0m
[0m  [32m+[0m[0m resource "aci_leaf_access_bundle_policy_group" "leaf_interfaces_policy_groups_bundle" {
      [32m+[0m [0m[1m[0mannotation[0m[0m                               = "easy-aci:1.0.1"
      [32m+[0m [0m[1m[0mdescription[0m[0m                              = "VPC Policy Group for Eth1/#VPC#"
      [32m+[0m [0m[1m[0mid[0m[0m                                       = (known after apply)
      [32m+[0m [0m[1m[0mlag_t[0m[0m                                    = "node"
      [32m+[0m [0m[1m[0mname[0m[0m                                     = "vpc022"
      [32m+[0m [0m[1m[0mname_alias[0m[0m                               = (known after apply)
      [32m+[0m [0m[1m[0mrelation_infra_rs_att_ent_p[0m[0m              = "uni/infra/attentp-trunkAep"
      [32m+[0m [0m[1m[0mrelation_infra_rs_cdp_if_pol[0m[0m             = "uni/infra/cdpIfP-cdpEnabled"
      [32m+[0m [0m[1m[0mrelation_infra_rs_copp_if_pol[0m[0m            = "uni/infra/coppifpol-default"
      [32m+[0m [0m[1m[0mrelation_infra_rs_fc_if_pol[0m[0m              = "uni/infra/fcIfPol-default"
      [32m+[0m [0m[1m[0mrelation_infra_rs_h_if_pol[0m[0m               = "uni/infra/hintfpol-inheritAuto"
      [32m+[0m [0m[1m[0mrelation_infra_rs_l2_if_pol[0m[0m              = "uni/infra/l2IfP-default"
      [32m+[0m [0m[1m[0mrelation_infra_rs_l2_port_auth_pol[0m[0m       = (known after apply)
      [32m+[0m [0m[1m[0mrelation_infra_rs_l2_port_security_pol[0m[0m   = "uni/infra/portsecurityP-default"
      [32m+[0m [0m[1m[0mrelation_infra_rs_lacp_pol[0m[0m               = "uni/infra/lacplagp-lacpActive"
      [32m+[0m [0m[1m[0mrelation_infra_rs_lldp_if_pol[0m[0m            = "uni/infra/lldpIfP-lldpEnabled"
      [32m+[0m [0m[1m[0mrelation_infra_rs_macsec_if_pol[0m[0m          = "uni/infra/macsecifp-default"
      [32m+[0m [0m[1m[0mrelation_infra_rs_mcp_if_pol[0m[0m             = "uni/infra/mcpIfP-mcpEnabled"
      [32m+[0m [0m[1m[0mrelation_infra_rs_mon_if_infra_pol[0m[0m       = "uni/infra/moninfra-default"
      [32m+[0m [0m[1m[0mrelation_infra_rs_qos_dpp_if_pol[0m[0m         = (known after apply)
      [32m+[0m [0m[1m[0mrelation_infra_rs_qos_egress_dpp_if_pol[0m[0m  = "uni/infra/qosdpppol-default"
      [32m+[0m [0m[1m[0mrelation_infra_rs_qos_ingress_dpp_if_pol[0m[0m = "uni/infra/qosdpppol-default"
      [32m+[0m [0m[1m[0mrelation_infra_rs_qos_pfc_if_pol[0m[0m         = "uni/infra/pfc-default"
      [32m+[0m [0m[1m[0mrelation_infra_rs_qos_sd_if_pol[0m[0m          = "uni/infra/qossdpol-default"
      [32m+[0m [0m[1m[0mrelation_infra_rs_stormctrl_if_pol[0m[0m       = "uni/infra/stormctrlifp-default"
      [32m+[0m [0m[1m[0mrelation_infra_rs_stp_if_pol[0m[0m             = "uni/infra/ifPol-bpduFG"
    }

[1m  # module.access.aci_leaf_access_bundle_policy_group.leaf_interfaces_policy_groups_bundle["vpc023"][0m will be created[0m[0m
[0m  [32m+[0m[0m resource "aci_leaf_access_bundle_policy_group" "leaf_interfaces_policy_groups_bundle" {
      [32m+[0m [0m[1m[0mannotation[0m[0m                               = "easy-aci:1.0.1"
      [32m+[0m [0m[1m[0mdescription[0m[0m                              = "VPC Policy Group for Eth1/#VPC#"
      [32m+[0m [0m[1m[0mid[0m[0m                                       = (known after apply)
      [32m+[0m [0m[1m[0mlag_t[0m[0m                                    = "node"
      [32m+[0m [0m[1m[0mname[0m[0m                                     = "vpc023"
      [32m+[0m [0m[1m[0mname_alias[0m[0m                               = (known after apply)
      [32m+[0m [0m[1m[0mrelation_infra_rs_att_ent_p[0m[0m              = "uni/infra/attentp-trunkAep"
      [32m+[0m [0m[1m[0mrelation_infra_rs_cdp_if_pol[0m[0m             = "uni/infra/cdpIfP-cdpEnabled"
      [32m+[0m [0m[1m[0mrelation_infra_rs_copp_if_pol[0m[0m            = "uni/infra/coppifpol-default"
      [32m+[0m [0m[1m[0mrelation_infra_rs_fc_if_pol[0m[0m              = "uni/infra/fcIfPol-default"
      [32m+[0m [0m[1m[0mrelation_infra_rs_h_if_pol[0m[0m               = "uni/infra/hintfpol-inheritAuto"
      [32m+[0m [0m[1m[0mrelation_infra_rs_l2_if_pol[0m[0m              = "uni/infra/l2IfP-default"
      [32m+[0m [0m[1m[0mrelation_infra_rs_l2_port_auth_pol[0m[0m       = (known after apply)
      [32m+[0m [0m[1m[0mrelation_infra_rs_l2_port_security_pol[0m[0m   = "uni/infra/portsecurityP-default"
      [32m+[0m [0m[1m[0mrelation_infra_rs_lacp_pol[0m[0m               = "uni/infra/lacplagp-lacpActive"
      [32m+[0m [0m[1m[0mrelation_infra_rs_lldp_if_pol[0m[0m            = "uni/infra/lldpIfP-lldpEnabled"
      [32m+[0m [0m[1m[0mrelation_infra_rs_macsec_if_pol[0m[0m          = "uni/infra/macsecifp-default"
      [32m+[0m [0m[1m[0mrelation_infra_rs_mcp_if_pol[0m[0m             = "uni/infra/mcpIfP-mcpEnabled"
      [32m+[0m [0m[1m[0mrelation_infra_rs_mon_if_infra_pol[0m[0m       = "uni/infra/moninfra-default"
      [32m+[0m [0m[1m[0mrelation_infra_rs_qos_dpp_if_pol[0m[0m         = (known after apply)
      [32m+[0m [0m[1m[0mrelation_infra_rs_qos_egress_dpp_if_pol[0m[0m  = "uni/infra/qosdpppol-default"
      [32m+[0m [0m[1m[0mrelation_infra_rs_qos_ingress_dpp_if_pol[0m[0m = "uni/infra/qosdpppol-default"
      [32m+[0m [0m[1m[0mrelation_infra_rs_qos_pfc_if_pol[0m[0m         = "uni/infra/pfc-default"
      [32m+[0m [0m[1m[0mrelation_infra_rs_qos_sd_if_pol[0m[0m          = "uni/infra/qossdpol-default"
      [32m+[0m [0m[1m[0mrelation_infra_rs_stormctrl_if_pol[0m[0m       = "uni/infra/stormctrlifp-default"
      [32m+[0m [0m[1m[0mrelation_infra_rs_stp_if_pol[0m[0m             = "uni/infra/ifPol-bpduFG"
    }

[1m  # module.access.aci_leaf_access_bundle_policy_group.leaf_interfaces_policy_groups_bundle["vpc024"][0m will be created[0m[0m
[0m  [32m+[0m[0m resource "aci_leaf_access_bundle_policy_group" "leaf_interfaces_policy_groups_bundle" {
      [32m+[0m [0m[1m[0mannotation[0m[0m                               = "easy-aci:1.0.1"
      [32m+[0m [0m[1m[0mdescription[0m[0m                              = "VPC Policy Group for Eth1/#VPC#"
      [32m+[0m [0m[1m[0mid[0m[0m                                       = (known after apply)
      [32m+[0m [0m[1m[0mlag_t[0m[0m                                    = "node"
      [32m+[0m [0m[1m[0mname[0m[0m                                     = "vpc024"
      [32m+[0m [0m[1m[0mname_alias[0m[0m                               = (known after apply)
      [32m+[0m [0m[1m[0mrelation_infra_rs_att_ent_p[0m[0m              = "uni/infra/attentp-trunkAep"
      [32m+[0m [0m[1m[0mrelation_infra_rs_cdp_if_pol[0m[0m             = "uni/infra/cdpIfP-cdpEnabled"
      [32m+[0m [0m[1m[0mrelation_infra_rs_copp_if_pol[0m[0m            = "uni/infra/coppifpol-default"
      [32m+[0m [0m[1m[0mrelation_infra_rs_fc_if_pol[0m[0m              = "uni/infra/fcIfPol-default"
      [32m+[0m [0m[1m[0mrelation_infra_rs_h_if_pol[0m[0m               = "uni/infra/hintfpol-inheritAuto"
      [32m+[0m [0m[1m[0mrelation_infra_rs_l2_if_pol[0m[0m              = "uni/infra/l2IfP-default"
      [32m+[0m [0m[1m[0mrelation_infra_rs_l2_port_auth_pol[0m[0m       = (known after apply)
      [32m+[0m [0m[1m[0mrelation_infra_rs_l2_port_security_pol[0m[0m   = "uni/infra/portsecurityP-default"
      [32m+[0m [0m[1m[0mrelation_infra_rs_lacp_pol[0m[0m               = "uni/infra/lacplagp-lacpActive"
      [32m+[0m [0m[1m[0mrelation_infra_rs_lldp_if_pol[0m[0m            = "uni/infra/lldpIfP-lldpEnabled"
      [32m+[0m [0m[1m[0mrelation_infra_rs_macsec_if_pol[0m[0m          = "uni/infra/macsecifp-default"
      [32m+[0m [0m[1m[0mrelation_infra_rs_mcp_if_pol[0m[0m             = "uni/infra/mcpIfP-mcpEnabled"
      [32m+[0m [0m[1m[0mrelation_infra_rs_mon_if_infra_pol[0m[0m       = "uni/infra/moninfra-default"
      [32m+[0m [0m[1m[0mrelation_infra_rs_qos_dpp_if_pol[0m[0m         = (known after apply)
      [32m+[0m [0m[1m[0mrelation_infra_rs_qos_egress_dpp_if_pol[0m[0m  = "uni/infra/qosdpppol-default"
      [32m+[0m [0m[1m[0mrelation_infra_rs_qos_ingress_dpp_if_pol[0m[0m = "uni/infra/qosdpppol-default"
      [32m+[0m [0m[1m[0mrelation_infra_rs_qos_pfc_if_pol[0m[0m         = "uni/infra/pfc-default"
      [32m+[0m [0m[1m[0mrelation_infra_rs_qos_sd_if_pol[0m[0m          = "uni/infra/qossdpol-default"
      [32m+[0m [0m[1m[0mrelation_infra_rs_stormctrl_if_pol[0m[0m       = "uni/infra/stormctrlifp-default"
      [32m+[0m [0m[1m[0mrelation_infra_rs_stp_if_pol[0m[0m             = "uni/infra/ifPol-bpduFG"
    }

[1m  # module.access.aci_leaf_access_bundle_policy_group.leaf_interfaces_policy_groups_bundle["vpc025"][0m will be created[0m[0m
[0m  [32m+[0m[0m resource "aci_leaf_access_bundle_policy_group" "leaf_interfaces_policy_groups_bundle" {
      [32m+[0m [0m[1m[0mannotation[0m[0m                               = "easy-aci:1.0.1"
      [32m+[0m [0m[1m[0mdescription[0m[0m                              = "VPC Policy Group for Eth1/#VPC#"
      [32m+[0m [0m[1m[0mid[0m[0m                                       = (known after apply)
      [32m+[0m [0m[1m[0mlag_t[0m[0m                                    = "node"
      [32m+[0m [0m[1m[0mname[0m[0m                                     = "vpc025"
      [32m+[0m [0m[1m[0mname_alias[0m[0m                               = (known after apply)
      [32m+[0m [0m[1m[0mrelation_infra_rs_att_ent_p[0m[0m              = "uni/infra/attentp-trunkAep"
      [32m+[0m [0m[1m[0mrelation_infra_rs_cdp_if_pol[0m[0m             = "uni/infra/cdpIfP-cdpEnabled"
      [32m+[0m [0m[1m[0mrelation_infra_rs_copp_if_pol[0m[0m            = "uni/infra/coppifpol-default"
      [32m+[0m [0m[1m[0mrelation_infra_rs_fc_if_pol[0m[0m              = "uni/infra/fcIfPol-default"
      [32m+[0m [0m[1m[0mrelation_infra_rs_h_if_pol[0m[0m               = "uni/infra/hintfpol-inheritAuto"
      [32m+[0m [0m[1m[0mrelation_infra_rs_l2_if_pol[0m[0m              = "uni/infra/l2IfP-default"
      [32m+[0m [0m[1m[0mrelation_infra_rs_l2_port_auth_pol[0m[0m       = (known after apply)
      [32m+[0m [0m[1m[0mrelation_infra_rs_l2_port_security_pol[0m[0m   = "uni/infra/portsecurityP-default"
      [32m+[0m [0m[1m[0mrelation_infra_rs_lacp_pol[0m[0m               = "uni/infra/lacplagp-lacpActive"
      [32m+[0m [0m[1m[0mrelation_infra_rs_lldp_if_pol[0m[0m            = "uni/infra/lldpIfP-lldpEnabled"
      [32m+[0m [0m[1m[0mrelation_infra_rs_macsec_if_pol[0m[0m          = "uni/infra/macsecifp-default"
      [32m+[0m [0m[1m[0mrelation_infra_rs_mcp_if_pol[0m[0m             = "uni/infra/mcpIfP-mcpEnabled"
      [32m+[0m [0m[1m[0mrelation_infra_rs_mon_if_infra_pol[0m[0m       = "uni/infra/moninfra-default"
      [32m+[0m [0m[1m[0mrelation_infra_rs_qos_dpp_if_pol[0m[0m         = (known after apply)
      [32m+[0m [0m[1m[0mrelation_infra_rs_qos_egress_dpp_if_pol[0m[0m  = "uni/infra/qosdpppol-default"
      [32m+[0m [0m[1m[0mrelation_infra_rs_qos_ingress_dpp_if_pol[0m[0m = "uni/infra/qosdpppol-default"
      [32m+[0m [0m[1m[0mrelation_infra_rs_qos_pfc_if_pol[0m[0m         = "uni/infra/pfc-default"
      [32m+[0m [0m[1m[0mrelation_infra_rs_qos_sd_if_pol[0m[0m          = "uni/infra/qossdpol-default"
      [32m+[0m [0m[1m[0mrelation_infra_rs_stormctrl_if_pol[0m[0m       = "uni/infra/stormctrlifp-default"
      [32m+[0m [0m[1m[0mrelation_infra_rs_stp_if_pol[0m[0m             = "uni/infra/ifPol-bpduFG"
    }

[1m  # module.access.aci_leaf_access_bundle_policy_group.leaf_interfaces_policy_groups_bundle["vpc026"][0m will be created[0m[0m
[0m  [32m+[0m[0m resource "aci_leaf_access_bundle_policy_group" "leaf_interfaces_policy_groups_bundle" {
      [32m+[0m [0m[1m[0mannotation[0m[0m                               = "easy-aci:1.0.1"
      [32m+[0m [0m[1m[0mdescription[0m[0m                              = "VPC Policy Group for Eth1/#VPC#"
      [32m+[0m [0m[1m[0mid[0m[0m                                       = (known after apply)
      [32m+[0m [0m[1m[0mlag_t[0m[0m                                    = "node"
      [32m+[0m [0m[1m[0mname[0m[0m                                     = "vpc026"
      [32m+[0m [0m[1m[0mname_alias[0m[0m                               = (known after apply)
      [32m+[0m [0m[1m[0mrelation_infra_rs_att_ent_p[0m[0m              = "uni/infra/attentp-trunkAep"
      [32m+[0m [0m[1m[0mrelation_infra_rs_cdp_if_pol[0m[0m             = "uni/infra/cdpIfP-cdpEnabled"
      [32m+[0m [0m[1m[0mrelation_infra_rs_copp_if_pol[0m[0m            = "uni/infra/coppifpol-default"
      [32m+[0m [0m[1m[0mrelation_infra_rs_fc_if_pol[0m[0m              = "uni/infra/fcIfPol-default"
      [32m+[0m [0m[1m[0mrelation_infra_rs_h_if_pol[0m[0m               = "uni/infra/hintfpol-inheritAuto"
      [32m+[0m [0m[1m[0mrelation_infra_rs_l2_if_pol[0m[0m              = "uni/infra/l2IfP-default"
      [32m+[0m [0m[1m[0mrelation_infra_rs_l2_port_auth_pol[0m[0m       = (known after apply)
      [32m+[0m [0m[1m[0mrelation_infra_rs_l2_port_security_pol[0m[0m   = "uni/infra/portsecurityP-default"
      [32m+[0m [0m[1m[0mrelation_infra_rs_lacp_pol[0m[0m               = "uni/infra/lacplagp-lacpActive"
      [32m+[0m [0m[1m[0mrelation_infra_rs_lldp_if_pol[0m[0m            = "uni/infra/lldpIfP-lldpEnabled"
      [32m+[0m [0m[1m[0mrelation_infra_rs_macsec_if_pol[0m[0m          = "uni/infra/macsecifp-default"
      [32m+[0m [0m[1m[0mrelation_infra_rs_mcp_if_pol[0m[0m             = "uni/infra/mcpIfP-mcpEnabled"
      [32m+[0m [0m[1m[0mrelation_infra_rs_mon_if_infra_pol[0m[0m       = "uni/infra/moninfra-default"
      [32m+[0m [0m[1m[0mrelation_infra_rs_qos_dpp_if_pol[0m[0m         = (known after apply)
      [32m+[0m [0m[1m[0mrelation_infra_rs_qos_egress_dpp_if_pol[0m[0m  = "uni/infra/qosdpppol-default"
      [32m+[0m [0m[1m[0mrelation_infra_rs_qos_ingress_dpp_if_pol[0m[0m = "uni/infra/qosdpppol-default"
      [32m+[0m [0m[1m[0mrelation_infra_rs_qos_pfc_if_pol[0m[0m         = "uni/infra/pfc-default"
      [32m+[0m [0m[1m[0mrelation_infra_rs_qos_sd_if_pol[0m[0m          = "uni/infra/qossdpol-default"
      [32m+[0m [0m[1m[0mrelation_infra_rs_stormctrl_if_pol[0m[0m       = "uni/infra/stormctrlifp-default"
      [32m+[0m [0m[1m[0mrelation_infra_rs_stp_if_pol[0m[0m             = "uni/infra/ifPol-bpduFG"
    }

[1m  # module.access.aci_leaf_access_bundle_policy_group.leaf_interfaces_policy_groups_bundle["vpc027"][0m will be created[0m[0m
[0m  [32m+[0m[0m resource "aci_leaf_access_bundle_policy_group" "leaf_interfaces_policy_groups_bundle" {
      [32m+[0m [0m[1m[0mannotation[0m[0m                               = "easy-aci:1.0.1"
      [32m+[0m [0m[1m[0mdescription[0m[0m                              = "VPC Policy Group for Eth1/#VPC#"
      [32m+[0m [0m[1m[0mid[0m[0m                                       = (known after apply)
      [32m+[0m [0m[1m[0mlag_t[0m[0m                                    = "node"
      [32m+[0m [0m[1m[0mname[0m[0m                                     = "vpc027"
      [32m+[0m [0m[1m[0mname_alias[0m[0m                               = (known after apply)
      [32m+[0m [0m[1m[0mrelation_infra_rs_att_ent_p[0m[0m              = "uni/infra/attentp-trunkAep"
      [32m+[0m [0m[1m[0mrelation_infra_rs_cdp_if_pol[0m[0m             = "uni/infra/cdpIfP-cdpEnabled"
      [32m+[0m [0m[1m[0mrelation_infra_rs_copp_if_pol[0m[0m            = "uni/infra/coppifpol-default"
      [32m+[0m [0m[1m[0mrelation_infra_rs_fc_if_pol[0m[0m              = "uni/infra/fcIfPol-default"
      [32m+[0m [0m[1m[0mrelation_infra_rs_h_if_pol[0m[0m               = "uni/infra/hintfpol-inheritAuto"
      [32m+[0m [0m[1m[0mrelation_infra_rs_l2_if_pol[0m[0m              = "uni/infra/l2IfP-default"
      [32m+[0m [0m[1m[0mrelation_infra_rs_l2_port_auth_pol[0m[0m       = (known after apply)
      [32m+[0m [0m[1m[0mrelation_infra_rs_l2_port_security_pol[0m[0m   = "uni/infra/portsecurityP-default"
      [32m+[0m [0m[1m[0mrelation_infra_rs_lacp_pol[0m[0m               = "uni/infra/lacplagp-lacpActive"
      [32m+[0m [0m[1m[0mrelation_infra_rs_lldp_if_pol[0m[0m            = "uni/infra/lldpIfP-lldpEnabled"
      [32m+[0m [0m[1m[0mrelation_infra_rs_macsec_if_pol[0m[0m          = "uni/infra/macsecifp-default"
      [32m+[0m [0m[1m[0mrelation_infra_rs_mcp_if_pol[0m[0m             = "uni/infra/mcpIfP-mcpEnabled"
      [32m+[0m [0m[1m[0mrelation_infra_rs_mon_if_infra_pol[0m[0m       = "uni/infra/moninfra-default"
      [32m+[0m [0m[1m[0mrelation_infra_rs_qos_dpp_if_pol[0m[0m         = (known after apply)
      [32m+[0m [0m[1m[0mrelation_infra_rs_qos_egress_dpp_if_pol[0m[0m  = "uni/infra/qosdpppol-default"
      [32m+[0m [0m[1m[0mrelation_infra_rs_qos_ingress_dpp_if_pol[0m[0m = "uni/infra/qosdpppol-default"
      [32m+[0m [0m[1m[0mrelation_infra_rs_qos_pfc_if_pol[0m[0m         = "uni/infra/pfc-default"
      [32m+[0m [0m[1m[0mrelation_infra_rs_qos_sd_if_pol[0m[0m          = "uni/infra/qossdpol-default"
      [32m+[0m [0m[1m[0mrelation_infra_rs_stormctrl_if_pol[0m[0m       = "uni/infra/stormctrlifp-default"
      [32m+[0m [0m[1m[0mrelation_infra_rs_stp_if_pol[0m[0m             = "uni/infra/ifPol-bpduFG"
    }

[1m  # module.access.aci_leaf_access_bundle_policy_group.leaf_interfaces_policy_groups_bundle["vpc028"][0m will be created[0m[0m
[0m  [32m+[0m[0m resource "aci_leaf_access_bundle_policy_group" "leaf_interfaces_policy_groups_bundle" {
      [32m+[0m [0m[1m[0mannotation[0m[0m                               = "easy-aci:1.0.1"
      [32m+[0m [0m[1m[0mdescription[0m[0m                              = "VPC Policy Group for Eth1/#VPC#"
      [32m+[0m [0m[1m[0mid[0m[0m                                       = (known after apply)
      [32m+[0m [0m[1m[0mlag_t[0m[0m                                    = "node"
      [32m+[0m [0m[1m[0mname[0m[0m                                     = "vpc028"
      [32m+[0m [0m[1m[0mname_alias[0m[0m                               = (known after apply)
      [32m+[0m [0m[1m[0mrelation_infra_rs_att_ent_p[0m[0m              = "uni/infra/attentp-trunkAep"
      [32m+[0m [0m[1m[0mrelation_infra_rs_cdp_if_pol[0m[0m             = "uni/infra/cdpIfP-cdpEnabled"
      [32m+[0m [0m[1m[0mrelation_infra_rs_copp_if_pol[0m[0m            = "uni/infra/coppifpol-default"
      [32m+[0m [0m[1m[0mrelation_infra_rs_fc_if_pol[0m[0m              = "uni/infra/fcIfPol-default"
      [32m+[0m [0m[1m[0mrelation_infra_rs_h_if_pol[0m[0m               = "uni/infra/hintfpol-inheritAuto"
      [32m+[0m [0m[1m[0mrelation_infra_rs_l2_if_pol[0m[0m              = "uni/infra/l2IfP-default"
      [32m+[0m [0m[1m[0mrelation_infra_rs_l2_port_auth_pol[0m[0m       = (known after apply)
      [32m+[0m [0m[1m[0mrelation_infra_rs_l2_port_security_pol[0m[0m   = "uni/infra/portsecurityP-default"
      [32m+[0m [0m[1m[0mrelation_infra_rs_lacp_pol[0m[0m               = "uni/infra/lacplagp-lacpActive"
      [32m+[0m [0m[1m[0mrelation_infra_rs_lldp_if_pol[0m[0m            = "uni/infra/lldpIfP-lldpEnabled"
      [32m+[0m [0m[1m[0mrelation_infra_rs_macsec_if_pol[0m[0m          = "uni/infra/macsecifp-default"
      [32m+[0m [0m[1m[0mrelation_infra_rs_mcp_if_pol[0m[0m             = "uni/infra/mcpIfP-mcpEnabled"
      [32m+[0m [0m[1m[0mrelation_infra_rs_mon_if_infra_pol[0m[0m       = "uni/infra/moninfra-default"
      [32m+[0m [0m[1m[0mrelation_infra_rs_qos_dpp_if_pol[0m[0m         = (known after apply)
      [32m+[0m [0m[1m[0mrelation_infra_rs_qos_egress_dpp_if_pol[0m[0m  = "uni/infra/qosdpppol-default"
      [32m+[0m [0m[1m[0mrelation_infra_rs_qos_ingress_dpp_if_pol[0m[0m = "uni/infra/qosdpppol-default"
      [32m+[0m [0m[1m[0mrelation_infra_rs_qos_pfc_if_pol[0m[0m         = "uni/infra/pfc-default"
      [32m+[0m [0m[1m[0mrelation_infra_rs_qos_sd_if_pol[0m[0m          = "uni/infra/qossdpol-default"
      [32m+[0m [0m[1m[0mrelation_infra_rs_stormctrl_if_pol[0m[0m       = "uni/infra/stormctrlifp-default"
      [32m+[0m [0m[1m[0mrelation_infra_rs_stp_if_pol[0m[0m             = "uni/infra/ifPol-bpduFG"
    }

[1m  # module.access.aci_leaf_access_bundle_policy_group.leaf_interfaces_policy_groups_bundle["vpc029"][0m will be created[0m[0m
[0m  [32m+[0m[0m resource "aci_leaf_access_bundle_policy_group" "leaf_interfaces_policy_groups_bundle" {
      [32m+[0m [0m[1m[0mannotation[0m[0m                               = "easy-aci:1.0.1"
      [32m+[0m [0m[1m[0mdescription[0m[0m                              = "VPC Policy Group for Eth1/#VPC#"
      [32m+[0m [0m[1m[0mid[0m[0m                                       = (known after apply)
      [32m+[0m [0m[1m[0mlag_t[0m[0m                                    = "node"
      [32m+[0m [0m[1m[0mname[0m[0m                                     = "vpc029"
      [32m+[0m [0m[1m[0mname_alias[0m[0m                               = (known after apply)
      [32m+[0m [0m[1m[0mrelation_infra_rs_att_ent_p[0m[0m              = "uni/infra/attentp-trunkAep"
      [32m+[0m [0m[1m[0mrelation_infra_rs_cdp_if_pol[0m[0m             = "uni/infra/cdpIfP-cdpEnabled"
      [32m+[0m [0m[1m[0mrelation_infra_rs_copp_if_pol[0m[0m            = "uni/infra/coppifpol-default"
      [32m+[0m [0m[1m[0mrelation_infra_rs_fc_if_pol[0m[0m              = "uni/infra/fcIfPol-default"
      [32m+[0m [0m[1m[0mrelation_infra_rs_h_if_pol[0m[0m               = "uni/infra/hintfpol-inheritAuto"
      [32m+[0m [0m[1m[0mrelation_infra_rs_l2_if_pol[0m[0m              = "uni/infra/l2IfP-default"
      [32m+[0m [0m[1m[0mrelation_infra_rs_l2_port_auth_pol[0m[0m       = (known after apply)
      [32m+[0m [0m[1m[0mrelation_infra_rs_l2_port_security_pol[0m[0m   = "uni/infra/portsecurityP-default"
      [32m+[0m [0m[1m[0mrelation_infra_rs_lacp_pol[0m[0m               = "uni/infra/lacplagp-lacpActive"
      [32m+[0m [0m[1m[0mrelation_infra_rs_lldp_if_pol[0m[0m            = "uni/infra/lldpIfP-lldpEnabled"
      [32m+[0m [0m[1m[0mrelation_infra_rs_macsec_if_pol[0m[0m          = "uni/infra/macsecifp-default"
      [32m+[0m [0m[1m[0mrelation_infra_rs_mcp_if_pol[0m[0m             = "uni/infra/mcpIfP-mcpEnabled"
      [32m+[0m [0m[1m[0mrelation_infra_rs_mon_if_infra_pol[0m[0m       = "uni/infra/moninfra-default"
      [32m+[0m [0m[1m[0mrelation_infra_rs_qos_dpp_if_pol[0m[0m         = (known after apply)
      [32m+[0m [0m[1m[0mrelation_infra_rs_qos_egress_dpp_if_pol[0m[0m  = "uni/infra/qosdpppol-default"
      [32m+[0m [0m[1m[0mrelation_infra_rs_qos_ingress_dpp_if_pol[0m[0m = "uni/infra/qosdpppol-default"
      [32m+[0m [0m[1m[0mrelation_infra_rs_qos_pfc_if_pol[0m[0m         = "uni/infra/pfc-default"
      [32m+[0m [0m[1m[0mrelation_infra_rs_qos_sd_if_pol[0m[0m          = "uni/infra/qossdpol-default"
      [32m+[0m [0m[1m[0mrelation_infra_rs_stormctrl_if_pol[0m[0m       = "uni/infra/stormctrlifp-default"
      [32m+[0m [0m[1m[0mrelation_infra_rs_stp_if_pol[0m[0m             = "uni/infra/ifPol-bpduFG"
    }

[1m  # module.access.aci_leaf_access_bundle_policy_group.leaf_interfaces_policy_groups_bundle["vpc030"][0m will be created[0m[0m
[0m  [32m+[0m[0m resource "aci_leaf_access_bundle_policy_group" "leaf_interfaces_policy_groups_bundle" {
      [32m+[0m [0m[1m[0mannotation[0m[0m                               = "easy-aci:1.0.1"
      [32m+[0m [0m[1m[0mdescription[0m[0m                              = "VPC Policy Group for Eth1/#VPC#"
      [32m+[0m [0m[1m[0mid[0m[0m                                       = (known after apply)
      [32m+[0m [0m[1m[0mlag_t[0m[0m                                    = "node"
      [32m+[0m [0m[1m[0mname[0m[0m                                     = "vpc030"
      [32m+[0m [0m[1m[0mname_alias[0m[0m                               = (known after apply)
      [32m+[0m [0m[1m[0mrelation_infra_rs_att_ent_p[0m[0m              = "uni/infra/attentp-trunkAep"
      [32m+[0m [0m[1m[0mrelation_infra_rs_cdp_if_pol[0m[0m             = "uni/infra/cdpIfP-cdpEnabled"
      [32m+[0m [0m[1m[0mrelation_infra_rs_copp_if_pol[0m[0m            = "uni/infra/coppifpol-default"
      [32m+[0m [0m[1m[0mrelation_infra_rs_fc_if_pol[0m[0m              = "uni/infra/fcIfPol-default"
      [32m+[0m [0m[1m[0mrelation_infra_rs_h_if_pol[0m[0m               = "uni/infra/hintfpol-inheritAuto"
      [32m+[0m [0m[1m[0mrelation_infra_rs_l2_if_pol[0m[0m              = "uni/infra/l2IfP-default"
      [32m+[0m [0m[1m[0mrelation_infra_rs_l2_port_auth_pol[0m[0m       = (known after apply)
      [32m+[0m [0m[1m[0mrelation_infra_rs_l2_port_security_pol[0m[0m   = "uni/infra/portsecurityP-default"
      [32m+[0m [0m[1m[0mrelation_infra_rs_lacp_pol[0m[0m               = "uni/infra/lacplagp-lacpActive"
      [32m+[0m [0m[1m[0mrelation_infra_rs_lldp_if_pol[0m[0m            = "uni/infra/lldpIfP-lldpEnabled"
      [32m+[0m [0m[1m[0mrelation_infra_rs_macsec_if_pol[0m[0m          = "uni/infra/macsecifp-default"
      [32m+[0m [0m[1m[0mrelation_infra_rs_mcp_if_pol[0m[0m             = "uni/infra/mcpIfP-mcpEnabled"
      [32m+[0m [0m[1m[0mrelation_infra_rs_mon_if_infra_pol[0m[0m       = "uni/infra/moninfra-default"
      [32m+[0m [0m[1m[0mrelation_infra_rs_qos_dpp_if_pol[0m[0m         = (known after apply)
      [32m+[0m [0m[1m[0mrelation_infra_rs_qos_egress_dpp_if_pol[0m[0m  = "uni/infra/qosdpppol-default"
      [32m+[0m [0m[1m[0mrelation_infra_rs_qos_ingress_dpp_if_pol[0m[0m = "uni/infra/qosdpppol-default"
      [32m+[0m [0m[1m[0mrelation_infra_rs_qos_pfc_if_pol[0m[0m         = "uni/infra/pfc-default"
      [32m+[0m [0m[1m[0mrelation_infra_rs_qos_sd_if_pol[0m[0m          = "uni/infra/qossdpol-default"
      [32m+[0m [0m[1m[0mrelation_infra_rs_stormctrl_if_pol[0m[0m       = "uni/infra/stormctrlifp-default"
      [32m+[0m [0m[1m[0mrelation_infra_rs_stp_if_pol[0m[0m             = "uni/infra/ifPol-bpduFG"
    }

[1m  # module.access.aci_leaf_access_bundle_policy_group.leaf_interfaces_policy_groups_bundle["vpc031"][0m will be created[0m[0m
[0m  [32m+[0m[0m resource "aci_leaf_access_bundle_policy_group" "leaf_interfaces_policy_groups_bundle" {
      [32m+[0m [0m[1m[0mannotation[0m[0m                               = "easy-aci:1.0.1"
      [32m+[0m [0m[1m[0mdescription[0m[0m                              = "VPC Policy Group for Eth1/#VPC#"
      [32m+[0m [0m[1m[0mid[0m[0m                                       = (known after apply)
      [32m+[0m [0m[1m[0mlag_t[0m[0m                                    = "node"
      [32m+[0m [0m[1m[0mname[0m[0m                                     = "vpc031"
      [32m+[0m [0m[1m[0mname_alias[0m[0m                               = (known after apply)
      [32m+[0m [0m[1m[0mrelation_infra_rs_att_ent_p[0m[0m              = "uni/infra/attentp-trunkAep"
      [32m+[0m [0m[1m[0mrelation_infra_rs_cdp_if_pol[0m[0m             = "uni/infra/cdpIfP-cdpEnabled"
      [32m+[0m [0m[1m[0mrelation_infra_rs_copp_if_pol[0m[0m            = "uni/infra/coppifpol-default"
      [32m+[0m [0m[1m[0mrelation_infra_rs_fc_if_pol[0m[0m              = "uni/infra/fcIfPol-default"
      [32m+[0m [0m[1m[0mrelation_infra_rs_h_if_pol[0m[0m               = "uni/infra/hintfpol-inheritAuto"
      [32m+[0m [0m[1m[0mrelation_infra_rs_l2_if_pol[0m[0m              = "uni/infra/l2IfP-default"
      [32m+[0m [0m[1m[0mrelation_infra_rs_l2_port_auth_pol[0m[0m       = (known after apply)
      [32m+[0m [0m[1m[0mrelation_infra_rs_l2_port_security_pol[0m[0m   = "uni/infra/portsecurityP-default"
      [32m+[0m [0m[1m[0mrelation_infra_rs_lacp_pol[0m[0m               = "uni/infra/lacplagp-lacpActive"
      [32m+[0m [0m[1m[0mrelation_infra_rs_lldp_if_pol[0m[0m            = "uni/infra/lldpIfP-lldpEnabled"
      [32m+[0m [0m[1m[0mrelation_infra_rs_macsec_if_pol[0m[0m          = "uni/infra/macsecifp-default"
      [32m+[0m [0m[1m[0mrelation_infra_rs_mcp_if_pol[0m[0m             = "uni/infra/mcpIfP-mcpEnabled"
      [32m+[0m [0m[1m[0mrelation_infra_rs_mon_if_infra_pol[0m[0m       = "uni/infra/moninfra-default"
      [32m+[0m [0m[1m[0mrelation_infra_rs_qos_dpp_if_pol[0m[0m         = (known after apply)
      [32m+[0m [0m[1m[0mrelation_infra_rs_qos_egress_dpp_if_pol[0m[0m  = "uni/infra/qosdpppol-default"
      [32m+[0m [0m[1m[0mrelation_infra_rs_qos_ingress_dpp_if_pol[0m[0m = "uni/infra/qosdpppol-default"
      [32m+[0m [0m[1m[0mrelation_infra_rs_qos_pfc_if_pol[0m[0m         = "uni/infra/pfc-default"
      [32m+[0m [0m[1m[0mrelation_infra_rs_qos_sd_if_pol[0m[0m          = "uni/infra/qossdpol-default"
      [32m+[0m [0m[1m[0mrelation_infra_rs_stormctrl_if_pol[0m[0m       = "uni/infra/stormctrlifp-default"
      [32m+[0m [0m[1m[0mrelation_infra_rs_stp_if_pol[0m[0m             = "uni/infra/ifPol-bpduFG"
    }

[1m  # module.access.aci_leaf_access_bundle_policy_group.leaf_interfaces_policy_groups_bundle["vpc032"][0m will be created[0m[0m
[0m  [32m+[0m[0m resource "aci_leaf_access_bundle_policy_group" "leaf_interfaces_policy_groups_bundle" {
      [32m+[0m [0m[1m[0mannotation[0m[0m                               = "easy-aci:1.0.1"
      [32m+[0m [0m[1m[0mdescription[0m[0m                              = "VPC Policy Group for Eth1/#VPC#"
      [32m+[0m [0m[1m[0mid[0m[0m                                       = (known after apply)
      [32m+[0m [0m[1m[0mlag_t[0m[0m                                    = "node"
      [32m+[0m [0m[1m[0mname[0m[0m                                     = "vpc032"
      [32m+[0m [0m[1m[0mname_alias[0m[0m                               = (known after apply)
      [32m+[0m [0m[1m[0mrelation_infra_rs_att_ent_p[0m[0m              = "uni/infra/attentp-trunkAep"
      [32m+[0m [0m[1m[0mrelation_infra_rs_cdp_if_pol[0m[0m             = "uni/infra/cdpIfP-cdpEnabled"
      [32m+[0m [0m[1m[0mrelation_infra_rs_copp_if_pol[0m[0m            = "uni/infra/coppifpol-default"
      [32m+[0m [0m[1m[0mrelation_infra_rs_fc_if_pol[0m[0m              = "uni/infra/fcIfPol-default"
      [32m+[0m [0m[1m[0mrelation_infra_rs_h_if_pol[0m[0m               = "uni/infra/hintfpol-inheritAuto"
      [32m+[0m [0m[1m[0mrelation_infra_rs_l2_if_pol[0m[0m              = "uni/infra/l2IfP-default"
      [32m+[0m [0m[1m[0mrelation_infra_rs_l2_port_auth_pol[0m[0m       = (known after apply)
      [32m+[0m [0m[1m[0mrelation_infra_rs_l2_port_security_pol[0m[0m   = "uni/infra/portsecurityP-default"
      [32m+[0m [0m[1m[0mrelation_infra_rs_lacp_pol[0m[0m               = "uni/infra/lacplagp-lacpActive"
      [32m+[0m [0m[1m[0mrelation_infra_rs_lldp_if_pol[0m[0m            = "uni/infra/lldpIfP-lldpEnabled"
      [32m+[0m [0m[1m[0mrelation_infra_rs_macsec_if_pol[0m[0m          = "uni/infra/macsecifp-default"
      [32m+[0m [0m[1m[0mrelation_infra_rs_mcp_if_pol[0m[0m             = "uni/infra/mcpIfP-mcpEnabled"
      [32m+[0m [0m[1m[0mrelation_infra_rs_mon_if_infra_pol[0m[0m       = "uni/infra/moninfra-default"
      [32m+[0m [0m[1m[0mrelation_infra_rs_qos_dpp_if_pol[0m[0m         = (known after apply)
      [32m+[0m [0m[1m[0mrelation_infra_rs_qos_egress_dpp_if_pol[0m[0m  = "uni/infra/qosdpppol-default"
      [32m+[0m [0m[1m[0mrelation_infra_rs_qos_ingress_dpp_if_pol[0m[0m = "uni/infra/qosdpppol-default"
      [32m+[0m [0m[1m[0mrelation_infra_rs_qos_pfc_if_pol[0m[0m         = "uni/infra/pfc-default"
      [32m+[0m [0m[1m[0mrelation_infra_rs_qos_sd_if_pol[0m[0m          = "uni/infra/qossdpol-default"
      [32m+[0m [0m[1m[0mrelation_infra_rs_stormctrl_if_pol[0m[0m       = "uni/infra/stormctrlifp-default"
      [32m+[0m [0m[1m[0mrelation_infra_rs_stp_if_pol[0m[0m             = "uni/infra/ifPol-bpduFG"
    }

[1m  # module.access.aci_leaf_access_bundle_policy_group.leaf_interfaces_policy_groups_bundle["vpc033"][0m will be created[0m[0m
[0m  [32m+[0m[0m resource "aci_leaf_access_bundle_policy_group" "leaf_interfaces_policy_groups_bundle" {
      [32m+[0m [0m[1m[0mannotation[0m[0m                               = "easy-aci:1.0.1"
      [32m+[0m [0m[1m[0mdescription[0m[0m                              = "VPC Policy Group for Eth1/#VPC#"
      [32m+[0m [0m[1m[0mid[0m[0m                                       = (known after apply)
      [32m+[0m [0m[1m[0mlag_t[0m[0m                                    = "node"
      [32m+[0m [0m[1m[0mname[0m[0m                                     = "vpc033"
      [32m+[0m [0m[1m[0mname_alias[0m[0m                               = (known after apply)
      [32m+[0m [0m[1m[0mrelation_infra_rs_att_ent_p[0m[0m              = "uni/infra/attentp-trunkAep"
      [32m+[0m [0m[1m[0mrelation_infra_rs_cdp_if_pol[0m[0m             = "uni/infra/cdpIfP-cdpEnabled"
      [32m+[0m [0m[1m[0mrelation_infra_rs_copp_if_pol[0m[0m            = "uni/infra/coppifpol-default"
      [32m+[0m [0m[1m[0mrelation_infra_rs_fc_if_pol[0m[0m              = "uni/infra/fcIfPol-default"
      [32m+[0m [0m[1m[0mrelation_infra_rs_h_if_pol[0m[0m               = "uni/infra/hintfpol-inheritAuto"
      [32m+[0m [0m[1m[0mrelation_infra_rs_l2_if_pol[0m[0m              = "uni/infra/l2IfP-default"
      [32m+[0m [0m[1m[0mrelation_infra_rs_l2_port_auth_pol[0m[0m       = (known after apply)
      [32m+[0m [0m[1m[0mrelation_infra_rs_l2_port_security_pol[0m[0m   = "uni/infra/portsecurityP-default"
      [32m+[0m [0m[1m[0mrelation_infra_rs_lacp_pol[0m[0m               = "uni/infra/lacplagp-lacpActive"
      [32m+[0m [0m[1m[0mrelation_infra_rs_lldp_if_pol[0m[0m            = "uni/infra/lldpIfP-lldpEnabled"
      [32m+[0m [0m[1m[0mrelation_infra_rs_macsec_if_pol[0m[0m          = "uni/infra/macsecifp-default"
      [32m+[0m [0m[1m[0mrelation_infra_rs_mcp_if_pol[0m[0m             = "uni/infra/mcpIfP-mcpEnabled"
      [32m+[0m [0m[1m[0mrelation_infra_rs_mon_if_infra_pol[0m[0m       = "uni/infra/moninfra-default"
      [32m+[0m [0m[1m[0mrelation_infra_rs_qos_dpp_if_pol[0m[0m         = (known after apply)
      [32m+[0m [0m[1m[0mrelation_infra_rs_qos_egress_dpp_if_pol[0m[0m  = "uni/infra/qosdpppol-default"
      [32m+[0m [0m[1m[0mrelation_infra_rs_qos_ingress_dpp_if_pol[0m[0m = "uni/infra/qosdpppol-default"
      [32m+[0m [0m[1m[0mrelation_infra_rs_qos_pfc_if_pol[0m[0m         = "uni/infra/pfc-default"
      [32m+[0m [0m[1m[0mrelation_infra_rs_qos_sd_if_pol[0m[0m          = "uni/infra/qossdpol-default"
      [32m+[0m [0m[1m[0mrelation_infra_rs_stormctrl_if_pol[0m[0m       = "uni/infra/stormctrlifp-default"
      [32m+[0m [0m[1m[0mrelation_infra_rs_stp_if_pol[0m[0m             = "uni/infra/ifPol-bpduFG"
    }

[1m  # module.access.aci_leaf_access_bundle_policy_group.leaf_interfaces_policy_groups_bundle["vpc034"][0m will be created[0m[0m
[0m  [32m+[0m[0m resource "aci_leaf_access_bundle_policy_group" "leaf_interfaces_policy_groups_bundle" {
      [32m+[0m [0m[1m[0mannotation[0m[0m                               = "easy-aci:1.0.1"
      [32m+[0m [0m[1m[0mdescription[0m[0m                              = "VPC Policy Group for Eth1/#VPC#"
      [32m+[0m [0m[1m[0mid[0m[0m                                       = (known after apply)
      [32m+[0m [0m[1m[0mlag_t[0m[0m                                    = "node"
      [32m+[0m [0m[1m[0mname[0m[0m                                     = "vpc034"
      [32m+[0m [0m[1m[0mname_alias[0m[0m                               = (known after apply)
      [32m+[0m [0m[1m[0mrelation_infra_rs_att_ent_p[0m[0m              = "uni/infra/attentp-trunkAep"
      [32m+[0m [0m[1m[0mrelation_infra_rs_cdp_if_pol[0m[0m             = "uni/infra/cdpIfP-cdpEnabled"
      [32m+[0m [0m[1m[0mrelation_infra_rs_copp_if_pol[0m[0m            = "uni/infra/coppifpol-default"
      [32m+[0m [0m[1m[0mrelation_infra_rs_fc_if_pol[0m[0m              = "uni/infra/fcIfPol-default"
      [32m+[0m [0m[1m[0mrelation_infra_rs_h_if_pol[0m[0m               = "uni/infra/hintfpol-inheritAuto"
      [32m+[0m [0m[1m[0mrelation_infra_rs_l2_if_pol[0m[0m              = "uni/infra/l2IfP-default"
      [32m+[0m [0m[1m[0mrelation_infra_rs_l2_port_auth_pol[0m[0m       = (known after apply)
      [32m+[0m [0m[1m[0mrelation_infra_rs_l2_port_security_pol[0m[0m   = "uni/infra/portsecurityP-default"
      [32m+[0m [0m[1m[0mrelation_infra_rs_lacp_pol[0m[0m               = "uni/infra/lacplagp-lacpActive"
      [32m+[0m [0m[1m[0mrelation_infra_rs_lldp_if_pol[0m[0m            = "uni/infra/lldpIfP-lldpEnabled"
      [32m+[0m [0m[1m[0mrelation_infra_rs_macsec_if_pol[0m[0m          = "uni/infra/macsecifp-default"
      [32m+[0m [0m[1m[0mrelation_infra_rs_mcp_if_pol[0m[0m             = "uni/infra/mcpIfP-mcpEnabled"
      [32m+[0m [0m[1m[0mrelation_infra_rs_mon_if_infra_pol[0m[0m       = "uni/infra/moninfra-default"
      [32m+[0m [0m[1m[0mrelation_infra_rs_qos_dpp_if_pol[0m[0m         = (known after apply)
      [32m+[0m [0m[1m[0mrelation_infra_rs_qos_egress_dpp_if_pol[0m[0m  = "uni/infra/qosdpppol-default"
      [32m+[0m [0m[1m[0mrelation_infra_rs_qos_ingress_dpp_if_pol[0m[0m = "uni/infra/qosdpppol-default"
      [32m+[0m [0m[1m[0mrelation_infra_rs_qos_pfc_if_pol[0m[0m         = "uni/infra/pfc-default"
      [32m+[0m [0m[1m[0mrelation_infra_rs_qos_sd_if_pol[0m[0m          = "uni/infra/qossdpol-default"
      [32m+[0m [0m[1m[0mrelation_infra_rs_stormctrl_if_pol[0m[0m       = "uni/infra/stormctrlifp-default"
      [32m+[0m [0m[1m[0mrelation_infra_rs_stp_if_pol[0m[0m             = "uni/infra/ifPol-bpduFG"
    }

[1m  # module.access.aci_leaf_access_bundle_policy_group.leaf_interfaces_policy_groups_bundle["vpc035"][0m will be created[0m[0m
[0m  [32m+[0m[0m resource "aci_leaf_access_bundle_policy_group" "leaf_interfaces_policy_groups_bundle" {
      [32m+[0m [0m[1m[0mannotation[0m[0m                               = "easy-aci:1.0.1"
      [32m+[0m [0m[1m[0mdescription[0m[0m                              = "VPC Policy Group for Eth1/#VPC#"
      [32m+[0m [0m[1m[0mid[0m[0m                                       = (known after apply)
      [32m+[0m [0m[1m[0mlag_t[0m[0m                                    = "node"
      [32m+[0m [0m[1m[0mname[0m[0m                                     = "vpc035"
      [32m+[0m [0m[1m[0mname_alias[0m[0m                               = (known after apply)
      [32m+[0m [0m[1m[0mrelation_infra_rs_att_ent_p[0m[0m              = "uni/infra/attentp-trunkAep"
      [32m+[0m [0m[1m[0mrelation_infra_rs_cdp_if_pol[0m[0m             = "uni/infra/cdpIfP-cdpEnabled"
      [32m+[0m [0m[1m[0mrelation_infra_rs_copp_if_pol[0m[0m            = "uni/infra/coppifpol-default"
      [32m+[0m [0m[1m[0mrelation_infra_rs_fc_if_pol[0m[0m              = "uni/infra/fcIfPol-default"
      [32m+[0m [0m[1m[0mrelation_infra_rs_h_if_pol[0m[0m               = "uni/infra/hintfpol-inheritAuto"
      [32m+[0m [0m[1m[0mrelation_infra_rs_l2_if_pol[0m[0m              = "uni/infra/l2IfP-default"
      [32m+[0m [0m[1m[0mrelation_infra_rs_l2_port_auth_pol[0m[0m       = (known after apply)
      [32m+[0m [0m[1m[0mrelation_infra_rs_l2_port_security_pol[0m[0m   = "uni/infra/portsecurityP-default"
      [32m+[0m [0m[1m[0mrelation_infra_rs_lacp_pol[0m[0m               = "uni/infra/lacplagp-lacpActive"
      [32m+[0m [0m[1m[0mrelation_infra_rs_lldp_if_pol[0m[0m            = "uni/infra/lldpIfP-lldpEnabled"
      [32m+[0m [0m[1m[0mrelation_infra_rs_macsec_if_pol[0m[0m          = "uni/infra/macsecifp-default"
      [32m+[0m [0m[1m[0mrelation_infra_rs_mcp_if_pol[0m[0m             = "uni/infra/mcpIfP-mcpEnabled"
      [32m+[0m [0m[1m[0mrelation_infra_rs_mon_if_infra_pol[0m[0m       = "uni/infra/moninfra-default"
      [32m+[0m [0m[1m[0mrelation_infra_rs_qos_dpp_if_pol[0m[0m         = (known after apply)
      [32m+[0m [0m[1m[0mrelation_infra_rs_qos_egress_dpp_if_pol[0m[0m  = "uni/infra/qosdpppol-default"
      [32m+[0m [0m[1m[0mrelation_infra_rs_qos_ingress_dpp_if_pol[0m[0m = "uni/infra/qosdpppol-default"
      [32m+[0m [0m[1m[0mrelation_infra_rs_qos_pfc_if_pol[0m[0m         = "uni/infra/pfc-default"
      [32m+[0m [0m[1m[0mrelation_infra_rs_qos_sd_if_pol[0m[0m          = "uni/infra/qossdpol-default"
      [32m+[0m [0m[1m[0mrelation_infra_rs_stormctrl_if_pol[0m[0m       = "uni/infra/stormctrlifp-default"
      [32m+[0m [0m[1m[0mrelation_infra_rs_stp_if_pol[0m[0m             = "uni/infra/ifPol-bpduFG"
    }

[1m  # module.access.aci_leaf_access_bundle_policy_group.leaf_interfaces_policy_groups_bundle["vpc036"][0m will be created[0m[0m
[0m  [32m+[0m[0m resource "aci_leaf_access_bundle_policy_group" "leaf_interfaces_policy_groups_bundle" {
      [32m+[0m [0m[1m[0mannotation[0m[0m                               = "easy-aci:1.0.1"
      [32m+[0m [0m[1m[0mdescription[0m[0m                              = "VPC Policy Group for Eth1/#VPC#"
      [32m+[0m [0m[1m[0mid[0m[0m                                       = (known after apply)
      [32m+[0m [0m[1m[0mlag_t[0m[0m                                    = "node"
      [32m+[0m [0m[1m[0mname[0m[0m                                     = "vpc036"
      [32m+[0m [0m[1m[0mname_alias[0m[0m                               = (known after apply)
      [32m+[0m [0m[1m[0mrelation_infra_rs_att_ent_p[0m[0m              = "uni/infra/attentp-trunkAep"
      [32m+[0m [0m[1m[0mrelation_infra_rs_cdp_if_pol[0m[0m             = "uni/infra/cdpIfP-cdpEnabled"
      [32m+[0m [0m[1m[0mrelation_infra_rs_copp_if_pol[0m[0m            = "uni/infra/coppifpol-default"
      [32m+[0m [0m[1m[0mrelation_infra_rs_fc_if_pol[0m[0m              = "uni/infra/fcIfPol-default"
      [32m+[0m [0m[1m[0mrelation_infra_rs_h_if_pol[0m[0m               = "uni/infra/hintfpol-inheritAuto"
      [32m+[0m [0m[1m[0mrelation_infra_rs_l2_if_pol[0m[0m              = "uni/infra/l2IfP-default"
      [32m+[0m [0m[1m[0mrelation_infra_rs_l2_port_auth_pol[0m[0m       = (known after apply)
      [32m+[0m [0m[1m[0mrelation_infra_rs_l2_port_security_pol[0m[0m   = "uni/infra/portsecurityP-default"
      [32m+[0m [0m[1m[0mrelation_infra_rs_lacp_pol[0m[0m               = "uni/infra/lacplagp-lacpActive"
      [32m+[0m [0m[1m[0mrelation_infra_rs_lldp_if_pol[0m[0m            = "uni/infra/lldpIfP-lldpEnabled"
      [32m+[0m [0m[1m[0mrelation_infra_rs_macsec_if_pol[0m[0m          = "uni/infra/macsecifp-default"
      [32m+[0m [0m[1m[0mrelation_infra_rs_mcp_if_pol[0m[0m             = "uni/infra/mcpIfP-mcpEnabled"
      [32m+[0m [0m[1m[0mrelation_infra_rs_mon_if_infra_pol[0m[0m       = "uni/infra/moninfra-default"
      [32m+[0m [0m[1m[0mrelation_infra_rs_qos_dpp_if_pol[0m[0m         = (known after apply)
      [32m+[0m [0m[1m[0mrelation_infra_rs_qos_egress_dpp_if_pol[0m[0m  = "uni/infra/qosdpppol-default"
      [32m+[0m [0m[1m[0mrelation_infra_rs_qos_ingress_dpp_if_pol[0m[0m = "uni/infra/qosdpppol-default"
      [32m+[0m [0m[1m[0mrelation_infra_rs_qos_pfc_if_pol[0m[0m         = "uni/infra/pfc-default"
      [32m+[0m [0m[1m[0mrelation_infra_rs_qos_sd_if_pol[0m[0m          = "uni/infra/qossdpol-default"
      [32m+[0m [0m[1m[0mrelation_infra_rs_stormctrl_if_pol[0m[0m       = "uni/infra/stormctrlifp-default"
      [32m+[0m [0m[1m[0mrelation_infra_rs_stp_if_pol[0m[0m             = "uni/infra/ifPol-bpduFG"
    }

[1m  # module.access.aci_leaf_access_bundle_policy_group.leaf_interfaces_policy_groups_bundle["vpc037"][0m will be created[0m[0m
[0m  [32m+[0m[0m resource "aci_leaf_access_bundle_policy_group" "leaf_interfaces_policy_groups_bundle" {
      [32m+[0m [0m[1m[0mannotation[0m[0m                               = "easy-aci:1.0.1"
      [32m+[0m [0m[1m[0mdescription[0m[0m                              = "VPC Policy Group for Eth1/#VPC#"
      [32m+[0m [0m[1m[0mid[0m[0m                                       = (known after apply)
      [32m+[0m [0m[1m[0mlag_t[0m[0m                                    = "node"
      [32m+[0m [0m[1m[0mname[0m[0m                                     = "vpc037"
      [32m+[0m [0m[1m[0mname_alias[0m[0m                               = (known after apply)
      [32m+[0m [0m[1m[0mrelation_infra_rs_att_ent_p[0m[0m              = "uni/infra/attentp-trunkAep"
      [32m+[0m [0m[1m[0mrelation_infra_rs_cdp_if_pol[0m[0m             = "uni/infra/cdpIfP-cdpEnabled"
      [32m+[0m [0m[1m[0mrelation_infra_rs_copp_if_pol[0m[0m            = "uni/infra/coppifpol-default"
      [32m+[0m [0m[1m[0mrelation_infra_rs_fc_if_pol[0m[0m              = "uni/infra/fcIfPol-default"
      [32m+[0m [0m[1m[0mrelation_infra_rs_h_if_pol[0m[0m               = "uni/infra/hintfpol-inheritAuto"
      [32m+[0m [0m[1m[0mrelation_infra_rs_l2_if_pol[0m[0m              = "uni/infra/l2IfP-default"
      [32m+[0m [0m[1m[0mrelation_infra_rs_l2_port_auth_pol[0m[0m       = (known after apply)
      [32m+[0m [0m[1m[0mrelation_infra_rs_l2_port_security_pol[0m[0m   = "uni/infra/portsecurityP-default"
      [32m+[0m [0m[1m[0mrelation_infra_rs_lacp_pol[0m[0m               = "uni/infra/lacplagp-lacpActive"
      [32m+[0m [0m[1m[0mrelation_infra_rs_lldp_if_pol[0m[0m            = "uni/infra/lldpIfP-lldpEnabled"
      [32m+[0m [0m[1m[0mrelation_infra_rs_macsec_if_pol[0m[0m          = "uni/infra/macsecifp-default"
      [32m+[0m [0m[1m[0mrelation_infra_rs_mcp_if_pol[0m[0m             = "uni/infra/mcpIfP-mcpEnabled"
      [32m+[0m [0m[1m[0mrelation_infra_rs_mon_if_infra_pol[0m[0m       = "uni/infra/moninfra-default"
      [32m+[0m [0m[1m[0mrelation_infra_rs_qos_dpp_if_pol[0m[0m         = (known after apply)
      [32m+[0m [0m[1m[0mrelation_infra_rs_qos_egress_dpp_if_pol[0m[0m  = "uni/infra/qosdpppol-default"
      [32m+[0m [0m[1m[0mrelation_infra_rs_qos_ingress_dpp_if_pol[0m[0m = "uni/infra/qosdpppol-default"
      [32m+[0m [0m[1m[0mrelation_infra_rs_qos_pfc_if_pol[0m[0m         = "uni/infra/pfc-default"
      [32m+[0m [0m[1m[0mrelation_infra_rs_qos_sd_if_pol[0m[0m          = "uni/infra/qossdpol-default"
      [32m+[0m [0m[1m[0mrelation_infra_rs_stormctrl_if_pol[0m[0m       = "uni/infra/stormctrlifp-default"
      [32m+[0m [0m[1m[0mrelation_infra_rs_stp_if_pol[0m[0m             = "uni/infra/ifPol-bpduFG"
    }

[1m  # module.access.aci_leaf_access_bundle_policy_group.leaf_interfaces_policy_groups_bundle["vpc038"][0m will be created[0m[0m
[0m  [32m+[0m[0m resource "aci_leaf_access_bundle_policy_group" "leaf_interfaces_policy_groups_bundle" {
      [32m+[0m [0m[1m[0mannotation[0m[0m                               = "easy-aci:1.0.1"
      [32m+[0m [0m[1m[0mdescription[0m[0m                              = "VPC Policy Group for Eth1/#VPC#"
      [32m+[0m [0m[1m[0mid[0m[0m                                       = (known after apply)
      [32m+[0m [0m[1m[0mlag_t[0m[0m                                    = "node"
      [32m+[0m [0m[1m[0mname[0m[0m                                     = "vpc038"
      [32m+[0m [0m[1m[0mname_alias[0m[0m                               = (known after apply)
      [32m+[0m [0m[1m[0mrelation_infra_rs_att_ent_p[0m[0m              = "uni/infra/attentp-trunkAep"
      [32m+[0m [0m[1m[0mrelation_infra_rs_cdp_if_pol[0m[0m             = "uni/infra/cdpIfP-cdpEnabled"
      [32m+[0m [0m[1m[0mrelation_infra_rs_copp_if_pol[0m[0m            = "uni/infra/coppifpol-default"
      [32m+[0m [0m[1m[0mrelation_infra_rs_fc_if_pol[0m[0m              = "uni/infra/fcIfPol-default"
      [32m+[0m [0m[1m[0mrelation_infra_rs_h_if_pol[0m[0m               = "uni/infra/hintfpol-inheritAuto"
      [32m+[0m [0m[1m[0mrelation_infra_rs_l2_if_pol[0m[0m              = "uni/infra/l2IfP-default"
      [32m+[0m [0m[1m[0mrelation_infra_rs_l2_port_auth_pol[0m[0m       = (known after apply)
      [32m+[0m [0m[1m[0mrelation_infra_rs_l2_port_security_pol[0m[0m   = "uni/infra/portsecurityP-default"
      [32m+[0m [0m[1m[0mrelation_infra_rs_lacp_pol[0m[0m               = "uni/infra/lacplagp-lacpActive"
      [32m+[0m [0m[1m[0mrelation_infra_rs_lldp_if_pol[0m[0m            = "uni/infra/lldpIfP-lldpEnabled"
      [32m+[0m [0m[1m[0mrelation_infra_rs_macsec_if_pol[0m[0m          = "uni/infra/macsecifp-default"
      [32m+[0m [0m[1m[0mrelation_infra_rs_mcp_if_pol[0m[0m             = "uni/infra/mcpIfP-mcpEnabled"
      [32m+[0m [0m[1m[0mrelation_infra_rs_mon_if_infra_pol[0m[0m       = "uni/infra/moninfra-default"
      [32m+[0m [0m[1m[0mrelation_infra_rs_qos_dpp_if_pol[0m[0m         = (known after apply)
      [32m+[0m [0m[1m[0mrelation_infra_rs_qos_egress_dpp_if_pol[0m[0m  = "uni/infra/qosdpppol-default"
      [32m+[0m [0m[1m[0mrelation_infra_rs_qos_ingress_dpp_if_pol[0m[0m = "uni/infra/qosdpppol-default"
      [32m+[0m [0m[1m[0mrelation_infra_rs_qos_pfc_if_pol[0m[0m         = "uni/infra/pfc-default"
      [32m+[0m [0m[1m[0mrelation_infra_rs_qos_sd_if_pol[0m[0m          = "uni/infra/qossdpol-default"
      [32m+[0m [0m[1m[0mrelation_infra_rs_stormctrl_if_pol[0m[0m       = "uni/infra/stormctrlifp-default"
      [32m+[0m [0m[1m[0mrelation_infra_rs_stp_if_pol[0m[0m             = "uni/infra/ifPol-bpduFG"
    }

[1m  # module.access.aci_leaf_access_bundle_policy_group.leaf_interfaces_policy_groups_bundle["vpc039"][0m will be created[0m[0m
[0m  [32m+[0m[0m resource "aci_leaf_access_bundle_policy_group" "leaf_interfaces_policy_groups_bundle" {
      [32m+[0m [0m[1m[0mannotation[0m[0m                               = "easy-aci:1.0.1"
      [32m+[0m [0m[1m[0mdescription[0m[0m                              = "VPC Policy Group for Eth1/#VPC#"
      [32m+[0m [0m[1m[0mid[0m[0m                                       = (known after apply)
      [32m+[0m [0m[1m[0mlag_t[0m[0m                                    = "node"
      [32m+[0m [0m[1m[0mname[0m[0m                                     = "vpc039"
      [32m+[0m [0m[1m[0mname_alias[0m[0m                               = (known after apply)
      [32m+[0m [0m[1m[0mrelation_infra_rs_att_ent_p[0m[0m              = "uni/infra/attentp-trunkAep"
      [32m+[0m [0m[1m[0mrelation_infra_rs_cdp_if_pol[0m[0m             = "uni/infra/cdpIfP-cdpEnabled"
      [32m+[0m [0m[1m[0mrelation_infra_rs_copp_if_pol[0m[0m            = "uni/infra/coppifpol-default"
      [32m+[0m [0m[1m[0mrelation_infra_rs_fc_if_pol[0m[0m              = "uni/infra/fcIfPol-default"
      [32m+[0m [0m[1m[0mrelation_infra_rs_h_if_pol[0m[0m               = "uni/infra/hintfpol-inheritAuto"
      [32m+[0m [0m[1m[0mrelation_infra_rs_l2_if_pol[0m[0m              = "uni/infra/l2IfP-default"
      [32m+[0m [0m[1m[0mrelation_infra_rs_l2_port_auth_pol[0m[0m       = (known after apply)
      [32m+[0m [0m[1m[0mrelation_infra_rs_l2_port_security_pol[0m[0m   = "uni/infra/portsecurityP-default"
      [32m+[0m [0m[1m[0mrelation_infra_rs_lacp_pol[0m[0m               = "uni/infra/lacplagp-lacpActive"
      [32m+[0m [0m[1m[0mrelation_infra_rs_lldp_if_pol[0m[0m            = "uni/infra/lldpIfP-lldpEnabled"
      [32m+[0m [0m[1m[0mrelation_infra_rs_macsec_if_pol[0m[0m          = "uni/infra/macsecifp-default"
      [32m+[0m [0m[1m[0mrelation_infra_rs_mcp_if_pol[0m[0m             = "uni/infra/mcpIfP-mcpEnabled"
      [32m+[0m [0m[1m[0mrelation_infra_rs_mon_if_infra_pol[0m[0m       = "uni/infra/moninfra-default"
      [32m+[0m [0m[1m[0mrelation_infra_rs_qos_dpp_if_pol[0m[0m         = (known after apply)
      [32m+[0m [0m[1m[0mrelation_infra_rs_qos_egress_dpp_if_pol[0m[0m  = "uni/infra/qosdpppol-default"
      [32m+[0m [0m[1m[0mrelation_infra_rs_qos_ingress_dpp_if_pol[0m[0m = "uni/infra/qosdpppol-default"
      [32m+[0m [0m[1m[0mrelation_infra_rs_qos_pfc_if_pol[0m[0m         = "uni/infra/pfc-default"
      [32m+[0m [0m[1m[0mrelation_infra_rs_qos_sd_if_pol[0m[0m          = "uni/infra/qossdpol-default"
      [32m+[0m [0m[1m[0mrelation_infra_rs_stormctrl_if_pol[0m[0m       = "uni/infra/stormctrlifp-default"
      [32m+[0m [0m[1m[0mrelation_infra_rs_stp_if_pol[0m[0m             = "uni/infra/ifPol-bpduFG"
    }

[1m  # module.access.aci_leaf_access_bundle_policy_group.leaf_interfaces_policy_groups_bundle["vpc040"][0m will be created[0m[0m
[0m  [32m+[0m[0m resource "aci_leaf_access_bundle_policy_group" "leaf_interfaces_policy_groups_bundle" {
      [32m+[0m [0m[1m[0mannotation[0m[0m                               = "easy-aci:1.0.1"
      [32m+[0m [0m[1m[0mdescription[0m[0m                              = "VPC Policy Group for Eth1/#VPC#"
      [32m+[0m [0m[1m[0mid[0m[0m                                       = (known after apply)
      [32m+[0m [0m[1m[0mlag_t[0m[0m                                    = "node"
      [32m+[0m [0m[1m[0mname[0m[0m                                     = "vpc040"
      [32m+[0m [0m[1m[0mname_alias[0m[0m                               = (known after apply)
      [32m+[0m [0m[1m[0mrelation_infra_rs_att_ent_p[0m[0m              = "uni/infra/attentp-trunkAep"
      [32m+[0m [0m[1m[0mrelation_infra_rs_cdp_if_pol[0m[0m             = "uni/infra/cdpIfP-cdpEnabled"
      [32m+[0m [0m[1m[0mrelation_infra_rs_copp_if_pol[0m[0m            = "uni/infra/coppifpol-default"
      [32m+[0m [0m[1m[0mrelation_infra_rs_fc_if_pol[0m[0m              = "uni/infra/fcIfPol-default"
      [32m+[0m [0m[1m[0mrelation_infra_rs_h_if_pol[0m[0m               = "uni/infra/hintfpol-inheritAuto"
      [32m+[0m [0m[1m[0mrelation_infra_rs_l2_if_pol[0m[0m              = "uni/infra/l2IfP-default"
      [32m+[0m [0m[1m[0mrelation_infra_rs_l2_port_auth_pol[0m[0m       = (known after apply)
      [32m+[0m [0m[1m[0mrelation_infra_rs_l2_port_security_pol[0m[0m   = "uni/infra/portsecurityP-default"
      [32m+[0m [0m[1m[0mrelation_infra_rs_lacp_pol[0m[0m               = "uni/infra/lacplagp-lacpActive"
      [32m+[0m [0m[1m[0mrelation_infra_rs_lldp_if_pol[0m[0m            = "uni/infra/lldpIfP-lldpEnabled"
      [32m+[0m [0m[1m[0mrelation_infra_rs_macsec_if_pol[0m[0m          = "uni/infra/macsecifp-default"
      [32m+[0m [0m[1m[0mrelation_infra_rs_mcp_if_pol[0m[0m             = "uni/infra/mcpIfP-mcpEnabled"
      [32m+[0m [0m[1m[0mrelation_infra_rs_mon_if_infra_pol[0m[0m       = "uni/infra/moninfra-default"
      [32m+[0m [0m[1m[0mrelation_infra_rs_qos_dpp_if_pol[0m[0m         = (known after apply)
      [32m+[0m [0m[1m[0mrelation_infra_rs_qos_egress_dpp_if_pol[0m[0m  = "uni/infra/qosdpppol-default"
      [32m+[0m [0m[1m[0mrelation_infra_rs_qos_ingress_dpp_if_pol[0m[0m = "uni/infra/qosdpppol-default"
      [32m+[0m [0m[1m[0mrelation_infra_rs_qos_pfc_if_pol[0m[0m         = "uni/infra/pfc-default"
      [32m+[0m [0m[1m[0mrelation_infra_rs_qos_sd_if_pol[0m[0m          = "uni/infra/qossdpol-default"
      [32m+[0m [0m[1m[0mrelation_infra_rs_stormctrl_if_pol[0m[0m       = "uni/infra/stormctrlifp-default"
      [32m+[0m [0m[1m[0mrelation_infra_rs_stp_if_pol[0m[0m             = "uni/infra/ifPol-bpduFG"
    }

[1m  # module.access.aci_leaf_access_bundle_policy_group.leaf_interfaces_policy_groups_bundle["vpc041"][0m will be created[0m[0m
[0m  [32m+[0m[0m resource "aci_leaf_access_bundle_policy_group" "leaf_interfaces_policy_groups_bundle" {
      [32m+[0m [0m[1m[0mannotation[0m[0m                               = "easy-aci:1.0.1"
      [32m+[0m [0m[1m[0mdescription[0m[0m                              = "VPC Policy Group for Eth1/#VPC#"
      [32m+[0m [0m[1m[0mid[0m[0m                                       = (known after apply)
      [32m+[0m [0m[1m[0mlag_t[0m[0m                                    = "node"
      [32m+[0m [0m[1m[0mname[0m[0m                                     = "vpc041"
      [32m+[0m [0m[1m[0mname_alias[0m[0m                               = (known after apply)
      [32m+[0m [0m[1m[0mrelation_infra_rs_att_ent_p[0m[0m              = "uni/infra/attentp-trunkAep"
      [32m+[0m [0m[1m[0mrelation_infra_rs_cdp_if_pol[0m[0m             = "uni/infra/cdpIfP-cdpEnabled"
      [32m+[0m [0m[1m[0mrelation_infra_rs_copp_if_pol[0m[0m            = "uni/infra/coppifpol-default"
      [32m+[0m [0m[1m[0mrelation_infra_rs_fc_if_pol[0m[0m              = "uni/infra/fcIfPol-default"
      [32m+[0m [0m[1m[0mrelation_infra_rs_h_if_pol[0m[0m               = "uni/infra/hintfpol-inheritAuto"
      [32m+[0m [0m[1m[0mrelation_infra_rs_l2_if_pol[0m[0m              = "uni/infra/l2IfP-default"
      [32m+[0m [0m[1m[0mrelation_infra_rs_l2_port_auth_pol[0m[0m       = (known after apply)
      [32m+[0m [0m[1m[0mrelation_infra_rs_l2_port_security_pol[0m[0m   = "uni/infra/portsecurityP-default"
      [32m+[0m [0m[1m[0mrelation_infra_rs_lacp_pol[0m[0m               = "uni/infra/lacplagp-lacpActive"
      [32m+[0m [0m[1m[0mrelation_infra_rs_lldp_if_pol[0m[0m            = "uni/infra/lldpIfP-lldpEnabled"
      [32m+[0m [0m[1m[0mrelation_infra_rs_macsec_if_pol[0m[0m          = "uni/infra/macsecifp-default"
      [32m+[0m [0m[1m[0mrelation_infra_rs_mcp_if_pol[0m[0m             = "uni/infra/mcpIfP-mcpEnabled"
      [32m+[0m [0m[1m[0mrelation_infra_rs_mon_if_infra_pol[0m[0m       = "uni/infra/moninfra-default"
      [32m+[0m [0m[1m[0mrelation_infra_rs_qos_dpp_if_pol[0m[0m         = (known after apply)
      [32m+[0m [0m[1m[0mrelation_infra_rs_qos_egress_dpp_if_pol[0m[0m  = "uni/infra/qosdpppol-default"
      [32m+[0m [0m[1m[0mrelation_infra_rs_qos_ingress_dpp_if_pol[0m[0m = "uni/infra/qosdpppol-default"
      [32m+[0m [0m[1m[0mrelation_infra_rs_qos_pfc_if_pol[0m[0m         = "uni/infra/pfc-default"
      [32m+[0m [0m[1m[0mrelation_infra_rs_qos_sd_if_pol[0m[0m          = "uni/infra/qossdpol-default"
      [32m+[0m [0m[1m[0mrelation_infra_rs_stormctrl_if_pol[0m[0m       = "uni/infra/stormctrlifp-default"
      [32m+[0m [0m[1m[0mrelation_infra_rs_stp_if_pol[0m[0m             = "uni/infra/ifPol-bpduFG"
    }

[1m  # module.access.aci_leaf_access_bundle_policy_group.leaf_interfaces_policy_groups_bundle["vpc042"][0m will be created[0m[0m
[0m  [32m+[0m[0m resource "aci_leaf_access_bundle_policy_group" "leaf_interfaces_policy_groups_bundle" {
      [32m+[0m [0m[1m[0mannotation[0m[0m                               = "easy-aci:1.0.1"
      [32m+[0m [0m[1m[0mdescription[0m[0m                              = "VPC Policy Group for Eth1/#VPC#"
      [32m+[0m [0m[1m[0mid[0m[0m                                       = (known after apply)
      [32m+[0m [0m[1m[0mlag_t[0m[0m                                    = "node"
      [32m+[0m [0m[1m[0mname[0m[0m                                     = "vpc042"
      [32m+[0m [0m[1m[0mname_alias[0m[0m                               = (known after apply)
      [32m+[0m [0m[1m[0mrelation_infra_rs_att_ent_p[0m[0m              = "uni/infra/attentp-trunkAep"
      [32m+[0m [0m[1m[0mrelation_infra_rs_cdp_if_pol[0m[0m             = "uni/infra/cdpIfP-cdpEnabled"
      [32m+[0m [0m[1m[0mrelation_infra_rs_copp_if_pol[0m[0m            = "uni/infra/coppifpol-default"
      [32m+[0m [0m[1m[0mrelation_infra_rs_fc_if_pol[0m[0m              = "uni/infra/fcIfPol-default"
      [32m+[0m [0m[1m[0mrelation_infra_rs_h_if_pol[0m[0m               = "uni/infra/hintfpol-inheritAuto"
      [32m+[0m [0m[1m[0mrelation_infra_rs_l2_if_pol[0m[0m              = "uni/infra/l2IfP-default"
      [32m+[0m [0m[1m[0mrelation_infra_rs_l2_port_auth_pol[0m[0m       = (known after apply)
      [32m+[0m [0m[1m[0mrelation_infra_rs_l2_port_security_pol[0m[0m   = "uni/infra/portsecurityP-default"
      [32m+[0m [0m[1m[0mrelation_infra_rs_lacp_pol[0m[0m               = "uni/infra/lacplagp-lacpActive"
      [32m+[0m [0m[1m[0mrelation_infra_rs_lldp_if_pol[0m[0m            = "uni/infra/lldpIfP-lldpEnabled"
      [32m+[0m [0m[1m[0mrelation_infra_rs_macsec_if_pol[0m[0m          = "uni/infra/macsecifp-default"
      [32m+[0m [0m[1m[0mrelation_infra_rs_mcp_if_pol[0m[0m             = "uni/infra/mcpIfP-mcpEnabled"
      [32m+[0m [0m[1m[0mrelation_infra_rs_mon_if_infra_pol[0m[0m       = "uni/infra/moninfra-default"
      [32m+[0m [0m[1m[0mrelation_infra_rs_qos_dpp_if_pol[0m[0m         = (known after apply)
      [32m+[0m [0m[1m[0mrelation_infra_rs_qos_egress_dpp_if_pol[0m[0m  = "uni/infra/qosdpppol-default"
      [32m+[0m [0m[1m[0mrelation_infra_rs_qos_ingress_dpp_if_pol[0m[0m = "uni/infra/qosdpppol-default"
      [32m+[0m [0m[1m[0mrelation_infra_rs_qos_pfc_if_pol[0m[0m         = "uni/infra/pfc-default"
      [32m+[0m [0m[1m[0mrelation_infra_rs_qos_sd_if_pol[0m[0m          = "uni/infra/qossdpol-default"
      [32m+[0m [0m[1m[0mrelation_infra_rs_stormctrl_if_pol[0m[0m       = "uni/infra/stormctrlifp-default"
      [32m+[0m [0m[1m[0mrelation_infra_rs_stp_if_pol[0m[0m             = "uni/infra/ifPol-bpduFG"
    }

[1m  # module.access.aci_leaf_access_bundle_policy_group.leaf_interfaces_policy_groups_bundle["vpc043"][0m will be created[0m[0m
[0m  [32m+[0m[0m resource "aci_leaf_access_bundle_policy_group" "leaf_interfaces_policy_groups_bundle" {
      [32m+[0m [0m[1m[0mannotation[0m[0m                               = "easy-aci:1.0.1"
      [32m+[0m [0m[1m[0mdescription[0m[0m                              = "VPC Policy Group for Eth1/#VPC#"
      [32m+[0m [0m[1m[0mid[0m[0m                                       = (known after apply)
      [32m+[0m [0m[1m[0mlag_t[0m[0m                                    = "node"
      [32m+[0m [0m[1m[0mname[0m[0m                                     = "vpc043"
      [32m+[0m [0m[1m[0mname_alias[0m[0m                               = (known after apply)
      [32m+[0m [0m[1m[0mrelation_infra_rs_att_ent_p[0m[0m              = "uni/infra/attentp-trunkAep"
      [32m+[0m [0m[1m[0mrelation_infra_rs_cdp_if_pol[0m[0m             = "uni/infra/cdpIfP-cdpEnabled"
      [32m+[0m [0m[1m[0mrelation_infra_rs_copp_if_pol[0m[0m            = "uni/infra/coppifpol-default"
      [32m+[0m [0m[1m[0mrelation_infra_rs_fc_if_pol[0m[0m              = "uni/infra/fcIfPol-default"
      [32m+[0m [0m[1m[0mrelation_infra_rs_h_if_pol[0m[0m               = "uni/infra/hintfpol-inheritAuto"
      [32m+[0m [0m[1m[0mrelation_infra_rs_l2_if_pol[0m[0m              = "uni/infra/l2IfP-default"
      [32m+[0m [0m[1m[0mrelation_infra_rs_l2_port_auth_pol[0m[0m       = (known after apply)
      [32m+[0m [0m[1m[0mrelation_infra_rs_l2_port_security_pol[0m[0m   = "uni/infra/portsecurityP-default"
      [32m+[0m [0m[1m[0mrelation_infra_rs_lacp_pol[0m[0m               = "uni/infra/lacplagp-lacpActive"
      [32m+[0m [0m[1m[0mrelation_infra_rs_lldp_if_pol[0m[0m            = "uni/infra/lldpIfP-lldpEnabled"
      [32m+[0m [0m[1m[0mrelation_infra_rs_macsec_if_pol[0m[0m          = "uni/infra/macsecifp-default"
      [32m+[0m [0m[1m[0mrelation_infra_rs_mcp_if_pol[0m[0m             = "uni/infra/mcpIfP-mcpEnabled"
      [32m+[0m [0m[1m[0mrelation_infra_rs_mon_if_infra_pol[0m[0m       = "uni/infra/moninfra-default"
      [32m+[0m [0m[1m[0mrelation_infra_rs_qos_dpp_if_pol[0m[0m         = (known after apply)
      [32m+[0m [0m[1m[0mrelation_infra_rs_qos_egress_dpp_if_pol[0m[0m  = "uni/infra/qosdpppol-default"
      [32m+[0m [0m[1m[0mrelation_infra_rs_qos_ingress_dpp_if_pol[0m[0m = "uni/infra/qosdpppol-default"
      [32m+[0m [0m[1m[0mrelation_infra_rs_qos_pfc_if_pol[0m[0m         = "uni/infra/pfc-default"
      [32m+[0m [0m[1m[0mrelation_infra_rs_qos_sd_if_pol[0m[0m          = "uni/infra/qossdpol-default"
      [32m+[0m [0m[1m[0mrelation_infra_rs_stormctrl_if_pol[0m[0m       = "uni/infra/stormctrlifp-default"
      [32m+[0m [0m[1m[0mrelation_infra_rs_stp_if_pol[0m[0m             = "uni/infra/ifPol-bpduFG"
    }

[1m  # module.access.aci_leaf_access_bundle_policy_group.leaf_interfaces_policy_groups_bundle["vpc044"][0m will be created[0m[0m
[0m  [32m+[0m[0m resource "aci_leaf_access_bundle_policy_group" "leaf_interfaces_policy_groups_bundle" {
      [32m+[0m [0m[1m[0mannotation[0m[0m                               = "easy-aci:1.0.1"
      [32m+[0m [0m[1m[0mdescription[0m[0m                              = "VPC Policy Group for Eth1/#VPC#"
      [32m+[0m [0m[1m[0mid[0m[0m                                       = (known after apply)
      [32m+[0m [0m[1m[0mlag_t[0m[0m                                    = "node"
      [32m+[0m [0m[1m[0mname[0m[0m                                     = "vpc044"
      [32m+[0m [0m[1m[0mname_alias[0m[0m                               = (known after apply)
      [32m+[0m [0m[1m[0mrelation_infra_rs_att_ent_p[0m[0m              = "uni/infra/attentp-trunkAep"
      [32m+[0m [0m[1m[0mrelation_infra_rs_cdp_if_pol[0m[0m             = "uni/infra/cdpIfP-cdpEnabled"
      [32m+[0m [0m[1m[0mrelation_infra_rs_copp_if_pol[0m[0m            = "uni/infra/coppifpol-default"
      [32m+[0m [0m[1m[0mrelation_infra_rs_fc_if_pol[0m[0m              = "uni/infra/fcIfPol-default"
      [32m+[0m [0m[1m[0mrelation_infra_rs_h_if_pol[0m[0m               = "uni/infra/hintfpol-inheritAuto"
      [32m+[0m [0m[1m[0mrelation_infra_rs_l2_if_pol[0m[0m              = "uni/infra/l2IfP-default"
      [32m+[0m [0m[1m[0mrelation_infra_rs_l2_port_auth_pol[0m[0m       = (known after apply)
      [32m+[0m [0m[1m[0mrelation_infra_rs_l2_port_security_pol[0m[0m   = "uni/infra/portsecurityP-default"
      [32m+[0m [0m[1m[0mrelation_infra_rs_lacp_pol[0m[0m               = "uni/infra/lacplagp-lacpActive"
      [32m+[0m [0m[1m[0mrelation_infra_rs_lldp_if_pol[0m[0m            = "uni/infra/lldpIfP-lldpEnabled"
      [32m+[0m [0m[1m[0mrelation_infra_rs_macsec_if_pol[0m[0m          = "uni/infra/macsecifp-default"
      [32m+[0m [0m[1m[0mrelation_infra_rs_mcp_if_pol[0m[0m             = "uni/infra/mcpIfP-mcpEnabled"
      [32m+[0m [0m[1m[0mrelation_infra_rs_mon_if_infra_pol[0m[0m       = "uni/infra/moninfra-default"
      [32m+[0m [0m[1m[0mrelation_infra_rs_qos_dpp_if_pol[0m[0m         = (known after apply)
      [32m+[0m [0m[1m[0mrelation_infra_rs_qos_egress_dpp_if_pol[0m[0m  = "uni/infra/qosdpppol-default"
      [32m+[0m [0m[1m[0mrelation_infra_rs_qos_ingress_dpp_if_pol[0m[0m = "uni/infra/qosdpppol-default"
      [32m+[0m [0m[1m[0mrelation_infra_rs_qos_pfc_if_pol[0m[0m         = "uni/infra/pfc-default"
      [32m+[0m [0m[1m[0mrelation_infra_rs_qos_sd_if_pol[0m[0m          = "uni/infra/qossdpol-default"
      [32m+[0m [0m[1m[0mrelation_infra_rs_stormctrl_if_pol[0m[0m       = "uni/infra/stormctrlifp-default"
      [32m+[0m [0m[1m[0mrelation_infra_rs_stp_if_pol[0m[0m             = "uni/infra/ifPol-bpduFG"
    }

[1m  # module.access.aci_leaf_access_bundle_policy_group.leaf_interfaces_policy_groups_bundle["vpc045"][0m will be created[0m[0m
[0m  [32m+[0m[0m resource "aci_leaf_access_bundle_policy_group" "leaf_interfaces_policy_groups_bundle" {
      [32m+[0m [0m[1m[0mannotation[0m[0m                               = "easy-aci:1.0.1"
      [32m+[0m [0m[1m[0mdescription[0m[0m                              = "VPC Policy Group for Eth1/#VPC#"
      [32m+[0m [0m[1m[0mid[0m[0m                                       = (known after apply)
      [32m+[0m [0m[1m[0mlag_t[0m[0m                                    = "node"
      [32m+[0m [0m[1m[0mname[0m[0m                                     = "vpc045"
      [32m+[0m [0m[1m[0mname_alias[0m[0m                               = (known after apply)
      [32m+[0m [0m[1m[0mrelation_infra_rs_att_ent_p[0m[0m              = "uni/infra/attentp-trunkAep"
      [32m+[0m [0m[1m[0mrelation_infra_rs_cdp_if_pol[0m[0m             = "uni/infra/cdpIfP-cdpEnabled"
      [32m+[0m [0m[1m[0mrelation_infra_rs_copp_if_pol[0m[0m            = "uni/infra/coppifpol-default"
      [32m+[0m [0m[1m[0mrelation_infra_rs_fc_if_pol[0m[0m              = "uni/infra/fcIfPol-default"
      [32m+[0m [0m[1m[0mrelation_infra_rs_h_if_pol[0m[0m               = "uni/infra/hintfpol-inheritAuto"
      [32m+[0m [0m[1m[0mrelation_infra_rs_l2_if_pol[0m[0m              = "uni/infra/l2IfP-default"
      [32m+[0m [0m[1m[0mrelation_infra_rs_l2_port_auth_pol[0m[0m       = (known after apply)
      [32m+[0m [0m[1m[0mrelation_infra_rs_l2_port_security_pol[0m[0m   = "uni/infra/portsecurityP-default"
      [32m+[0m [0m[1m[0mrelation_infra_rs_lacp_pol[0m[0m               = "uni/infra/lacplagp-lacpActive"
      [32m+[0m [0m[1m[0mrelation_infra_rs_lldp_if_pol[0m[0m            = "uni/infra/lldpIfP-lldpEnabled"
      [32m+[0m [0m[1m[0mrelation_infra_rs_macsec_if_pol[0m[0m          = "uni/infra/macsecifp-default"
      [32m+[0m [0m[1m[0mrelation_infra_rs_mcp_if_pol[0m[0m             = "uni/infra/mcpIfP-mcpEnabled"
      [32m+[0m [0m[1m[0mrelation_infra_rs_mon_if_infra_pol[0m[0m       = "uni/infra/moninfra-default"
      [32m+[0m [0m[1m[0mrelation_infra_rs_qos_dpp_if_pol[0m[0m         = (known after apply)
      [32m+[0m [0m[1m[0mrelation_infra_rs_qos_egress_dpp_if_pol[0m[0m  = "uni/infra/qosdpppol-default"
      [32m+[0m [0m[1m[0mrelation_infra_rs_qos_ingress_dpp_if_pol[0m[0m = "uni/infra/qosdpppol-default"
      [32m+[0m [0m[1m[0mrelation_infra_rs_qos_pfc_if_pol[0m[0m         = "uni/infra/pfc-default"
      [32m+[0m [0m[1m[0mrelation_infra_rs_qos_sd_if_pol[0m[0m          = "uni/infra/qossdpol-default"
      [32m+[0m [0m[1m[0mrelation_infra_rs_stormctrl_if_pol[0m[0m       = "uni/infra/stormctrlifp-default"
      [32m+[0m [0m[1m[0mrelation_infra_rs_stp_if_pol[0m[0m             = "uni/infra/ifPol-bpduFG"
    }

[1m  # module.access.aci_leaf_access_bundle_policy_group.leaf_interfaces_policy_groups_bundle["vpc046"][0m will be created[0m[0m
[0m  [32m+[0m[0m resource "aci_leaf_access_bundle_policy_group" "leaf_interfaces_policy_groups_bundle" {
      [32m+[0m [0m[1m[0mannotation[0m[0m                               = "easy-aci:1.0.1"
      [32m+[0m [0m[1m[0mdescription[0m[0m                              = "VPC Policy Group for Eth1/#VPC#"
      [32m+[0m [0m[1m[0mid[0m[0m                                       = (known after apply)
      [32m+[0m [0m[1m[0mlag_t[0m[0m                                    = "node"
      [32m+[0m [0m[1m[0mname[0m[0m                                     = "vpc046"
      [32m+[0m [0m[1m[0mname_alias[0m[0m                               = (known after apply)
      [32m+[0m [0m[1m[0mrelation_infra_rs_att_ent_p[0m[0m              = "uni/infra/attentp-trunkAep"
      [32m+[0m [0m[1m[0mrelation_infra_rs_cdp_if_pol[0m[0m             = "uni/infra/cdpIfP-cdpEnabled"
      [32m+[0m [0m[1m[0mrelation_infra_rs_copp_if_pol[0m[0m            = "uni/infra/coppifpol-default"
      [32m+[0m [0m[1m[0mrelation_infra_rs_fc_if_pol[0m[0m              = "uni/infra/fcIfPol-default"
      [32m+[0m [0m[1m[0mrelation_infra_rs_h_if_pol[0m[0m               = "uni/infra/hintfpol-inheritAuto"
      [32m+[0m [0m[1m[0mrelation_infra_rs_l2_if_pol[0m[0m              = "uni/infra/l2IfP-default"
      [32m+[0m [0m[1m[0mrelation_infra_rs_l2_port_auth_pol[0m[0m       = (known after apply)
      [32m+[0m [0m[1m[0mrelation_infra_rs_l2_port_security_pol[0m[0m   = "uni/infra/portsecurityP-default"
      [32m+[0m [0m[1m[0mrelation_infra_rs_lacp_pol[0m[0m               = "uni/infra/lacplagp-lacpActive"
      [32m+[0m [0m[1m[0mrelation_infra_rs_lldp_if_pol[0m[0m            = "uni/infra/lldpIfP-lldpEnabled"
      [32m+[0m [0m[1m[0mrelation_infra_rs_macsec_if_pol[0m[0m          = "uni/infra/macsecifp-default"
      [32m+[0m [0m[1m[0mrelation_infra_rs_mcp_if_pol[0m[0m             = "uni/infra/mcpIfP-mcpEnabled"
      [32m+[0m [0m[1m[0mrelation_infra_rs_mon_if_infra_pol[0m[0m       = "uni/infra/moninfra-default"
      [32m+[0m [0m[1m[0mrelation_infra_rs_qos_dpp_if_pol[0m[0m         = (known after apply)
      [32m+[0m [0m[1m[0mrelation_infra_rs_qos_egress_dpp_if_pol[0m[0m  = "uni/infra/qosdpppol-default"
      [32m+[0m [0m[1m[0mrelation_infra_rs_qos_ingress_dpp_if_pol[0m[0m = "uni/infra/qosdpppol-default"
      [32m+[0m [0m[1m[0mrelation_infra_rs_qos_pfc_if_pol[0m[0m         = "uni/infra/pfc-default"
      [32m+[0m [0m[1m[0mrelation_infra_rs_qos_sd_if_pol[0m[0m          = "uni/infra/qossdpol-default"
      [32m+[0m [0m[1m[0mrelation_infra_rs_stormctrl_if_pol[0m[0m       = "uni/infra/stormctrlifp-default"
      [32m+[0m [0m[1m[0mrelation_infra_rs_stp_if_pol[0m[0m             = "uni/infra/ifPol-bpduFG"
    }

[1m  # module.access.aci_leaf_access_bundle_policy_group.leaf_interfaces_policy_groups_bundle["vpc047"][0m will be created[0m[0m
[0m  [32m+[0m[0m resource "aci_leaf_access_bundle_policy_group" "leaf_interfaces_policy_groups_bundle" {
      [32m+[0m [0m[1m[0mannotation[0m[0m                               = "easy-aci:1.0.1"
      [32m+[0m [0m[1m[0mdescription[0m[0m                              = "VPC Policy Group for Eth1/#VPC#"
      [32m+[0m [0m[1m[0mid[0m[0m                                       = (known after apply)
      [32m+[0m [0m[1m[0mlag_t[0m[0m                                    = "node"
      [32m+[0m [0m[1m[0mname[0m[0m                                     = "vpc047"
      [32m+[0m [0m[1m[0mname_alias[0m[0m                               = (known after apply)
      [32m+[0m [0m[1m[0mrelation_infra_rs_att_ent_p[0m[0m              = "uni/infra/attentp-trunkAep"
      [32m+[0m [0m[1m[0mrelation_infra_rs_cdp_if_pol[0m[0m             = "uni/infra/cdpIfP-cdpEnabled"
      [32m+[0m [0m[1m[0mrelation_infra_rs_copp_if_pol[0m[0m            = "uni/infra/coppifpol-default"
      [32m+[0m [0m[1m[0mrelation_infra_rs_fc_if_pol[0m[0m              = "uni/infra/fcIfPol-default"
      [32m+[0m [0m[1m[0mrelation_infra_rs_h_if_pol[0m[0m               = "uni/infra/hintfpol-inheritAuto"
      [32m+[0m [0m[1m[0mrelation_infra_rs_l2_if_pol[0m[0m              = "uni/infra/l2IfP-default"
      [32m+[0m [0m[1m[0mrelation_infra_rs_l2_port_auth_pol[0m[0m       = (known after apply)
      [32m+[0m [0m[1m[0mrelation_infra_rs_l2_port_security_pol[0m[0m   = "uni/infra/portsecurityP-default"
      [32m+[0m [0m[1m[0mrelation_infra_rs_lacp_pol[0m[0m               = "uni/infra/lacplagp-lacpActive"
      [32m+[0m [0m[1m[0mrelation_infra_rs_lldp_if_pol[0m[0m            = "uni/infra/lldpIfP-lldpEnabled"
      [32m+[0m [0m[1m[0mrelation_infra_rs_macsec_if_pol[0m[0m          = "uni/infra/macsecifp-default"
      [32m+[0m [0m[1m[0mrelation_infra_rs_mcp_if_pol[0m[0m             = "uni/infra/mcpIfP-mcpEnabled"
      [32m+[0m [0m[1m[0mrelation_infra_rs_mon_if_infra_pol[0m[0m       = "uni/infra/moninfra-default"
      [32m+[0m [0m[1m[0mrelation_infra_rs_qos_dpp_if_pol[0m[0m         = (known after apply)
      [32m+[0m [0m[1m[0mrelation_infra_rs_qos_egress_dpp_if_pol[0m[0m  = "uni/infra/qosdpppol-default"
      [32m+[0m [0m[1m[0mrelation_infra_rs_qos_ingress_dpp_if_pol[0m[0m = "uni/infra/qosdpppol-default"
      [32m+[0m [0m[1m[0mrelation_infra_rs_qos_pfc_if_pol[0m[0m         = "uni/infra/pfc-default"
      [32m+[0m [0m[1m[0mrelation_infra_rs_qos_sd_if_pol[0m[0m          = "uni/infra/qossdpol-default"
      [32m+[0m [0m[1m[0mrelation_infra_rs_stormctrl_if_pol[0m[0m       = "uni/infra/stormctrlifp-default"
      [32m+[0m [0m[1m[0mrelation_infra_rs_stp_if_pol[0m[0m             = "uni/infra/ifPol-bpduFG"
    }

[1m  # module.access.aci_leaf_access_bundle_policy_group.leaf_interfaces_policy_groups_bundle["vpc048"][0m will be created[0m[0m
[0m  [32m+[0m[0m resource "aci_leaf_access_bundle_policy_group" "leaf_interfaces_policy_groups_bundle" {
      [32m+[0m [0m[1m[0mannotation[0m[0m                               = "easy-aci:1.0.1"
      [32m+[0m [0m[1m[0mdescription[0m[0m                              = "VPC Policy Group for Eth1/#VPC#"
      [32m+[0m [0m[1m[0mid[0m[0m                                       = (known after apply)
      [32m+[0m [0m[1m[0mlag_t[0m[0m                                    = "node"
      [32m+[0m [0m[1m[0mname[0m[0m                                     = "vpc048"
      [32m+[0m [0m[1m[0mname_alias[0m[0m                               = (known after apply)
      [32m+[0m [0m[1m[0mrelation_infra_rs_att_ent_p[0m[0m              = "uni/infra/attentp-trunkAep"
      [32m+[0m [0m[1m[0mrelation_infra_rs_cdp_if_pol[0m[0m             = "uni/infra/cdpIfP-cdpEnabled"
      [32m+[0m [0m[1m[0mrelation_infra_rs_copp_if_pol[0m[0m            = "uni/infra/coppifpol-default"
      [32m+[0m [0m[1m[0mrelation_infra_rs_fc_if_pol[0m[0m              = "uni/infra/fcIfPol-default"
      [32m+[0m [0m[1m[0mrelation_infra_rs_h_if_pol[0m[0m               = "uni/infra/hintfpol-inheritAuto"
      [32m+[0m [0m[1m[0mrelation_infra_rs_l2_if_pol[0m[0m              = "uni/infra/l2IfP-default"
      [32m+[0m [0m[1m[0mrelation_infra_rs_l2_port_auth_pol[0m[0m       = (known after apply)
      [32m+[0m [0m[1m[0mrelation_infra_rs_l2_port_security_pol[0m[0m   = "uni/infra/portsecurityP-default"
      [32m+[0m [0m[1m[0mrelation_infra_rs_lacp_pol[0m[0m               = "uni/infra/lacplagp-lacpActive"
      [32m+[0m [0m[1m[0mrelation_infra_rs_lldp_if_pol[0m[0m            = "uni/infra/lldpIfP-lldpEnabled"
      [32m+[0m [0m[1m[0mrelation_infra_rs_macsec_if_pol[0m[0m          = "uni/infra/macsecifp-default"
      [32m+[0m [0m[1m[0mrelation_infra_rs_mcp_if_pol[0m[0m             = "uni/infra/mcpIfP-mcpEnabled"
      [32m+[0m [0m[1m[0mrelation_infra_rs_mon_if_infra_pol[0m[0m       = "uni/infra/moninfra-default"
      [32m+[0m [0m[1m[0mrelation_infra_rs_qos_dpp_if_pol[0m[0m         = (known after apply)
      [32m+[0m [0m[1m[0mrelation_infra_rs_qos_egress_dpp_if_pol[0m[0m  = "uni/infra/qosdpppol-default"
      [32m+[0m [0m[1m[0mrelation_infra_rs_qos_ingress_dpp_if_pol[0m[0m = "uni/infra/qosdpppol-default"
      [32m+[0m [0m[1m[0mrelation_infra_rs_qos_pfc_if_pol[0m[0m         = "uni/infra/pfc-default"
      [32m+[0m [0m[1m[0mrelation_infra_rs_qos_sd_if_pol[0m[0m          = "uni/infra/qossdpol-default"
      [32m+[0m [0m[1m[0mrelation_infra_rs_stormctrl_if_pol[0m[0m       = "uni/infra/stormctrlifp-default"
      [32m+[0m [0m[1m[0mrelation_infra_rs_stp_if_pol[0m[0m             = "uni/infra/ifPol-bpduFG"
    }

[1m  # module.access.aci_leaf_access_bundle_policy_group.leaf_interfaces_policy_groups_bundle["vpc049"][0m will be created[0m[0m
[0m  [32m+[0m[0m resource "aci_leaf_access_bundle_policy_group" "leaf_interfaces_policy_groups_bundle" {
      [32m+[0m [0m[1m[0mannotation[0m[0m                               = "easy-aci:1.0.1"
      [32m+[0m [0m[1m[0mdescription[0m[0m                              = "VPC Policy Group for Eth1/#VPC#"
      [32m+[0m [0m[1m[0mid[0m[0m                                       = (known after apply)
      [32m+[0m [0m[1m[0mlag_t[0m[0m                                    = "node"
      [32m+[0m [0m[1m[0mname[0m[0m                                     = "vpc049"
      [32m+[0m [0m[1m[0mname_alias[0m[0m                               = (known after apply)
      [32m+[0m [0m[1m[0mrelation_infra_rs_att_ent_p[0m[0m              = "uni/infra/attentp-trunkAep"
      [32m+[0m [0m[1m[0mrelation_infra_rs_cdp_if_pol[0m[0m             = "uni/infra/cdpIfP-cdpEnabled"
      [32m+[0m [0m[1m[0mrelation_infra_rs_copp_if_pol[0m[0m            = "uni/infra/coppifpol-default"
      [32m+[0m [0m[1m[0mrelation_infra_rs_fc_if_pol[0m[0m              = "uni/infra/fcIfPol-default"
      [32m+[0m [0m[1m[0mrelation_infra_rs_h_if_pol[0m[0m               = "uni/infra/hintfpol-inheritAuto"
      [32m+[0m [0m[1m[0mrelation_infra_rs_l2_if_pol[0m[0m              = "uni/infra/l2IfP-default"
      [32m+[0m [0m[1m[0mrelation_infra_rs_l2_port_auth_pol[0m[0m       = (known after apply)
      [32m+[0m [0m[1m[0mrelation_infra_rs_l2_port_security_pol[0m[0m   = "uni/infra/portsecurityP-default"
      [32m+[0m [0m[1m[0mrelation_infra_rs_lacp_pol[0m[0m               = "uni/infra/lacplagp-lacpActive"
      [32m+[0m [0m[1m[0mrelation_infra_rs_lldp_if_pol[0m[0m            = "uni/infra/lldpIfP-lldpEnabled"
      [32m+[0m [0m[1m[0mrelation_infra_rs_macsec_if_pol[0m[0m          = "uni/infra/macsecifp-default"
      [32m+[0m [0m[1m[0mrelation_infra_rs_mcp_if_pol[0m[0m             = "uni/infra/mcpIfP-mcpEnabled"
      [32m+[0m [0m[1m[0mrelation_infra_rs_mon_if_infra_pol[0m[0m       = "uni/infra/moninfra-default"
      [32m+[0m [0m[1m[0mrelation_infra_rs_qos_dpp_if_pol[0m[0m         = (known after apply)
      [32m+[0m [0m[1m[0mrelation_infra_rs_qos_egress_dpp_if_pol[0m[0m  = "uni/infra/qosdpppol-default"
      [32m+[0m [0m[1m[0mrelation_infra_rs_qos_ingress_dpp_if_pol[0m[0m = "uni/infra/qosdpppol-default"
      [32m+[0m [0m[1m[0mrelation_infra_rs_qos_pfc_if_pol[0m[0m         = "uni/infra/pfc-default"
      [32m+[0m [0m[1m[0mrelation_infra_rs_qos_sd_if_pol[0m[0m          = "uni/infra/qossdpol-default"
      [32m+[0m [0m[1m[0mrelation_infra_rs_stormctrl_if_pol[0m[0m       = "uni/infra/stormctrlifp-default"
      [32m+[0m [0m[1m[0mrelation_infra_rs_stp_if_pol[0m[0m             = "uni/infra/ifPol-bpduFG"
    }

[1m  # module.access.aci_leaf_access_bundle_policy_group.leaf_interfaces_policy_groups_bundle["vpc050"][0m will be created[0m[0m
[0m  [32m+[0m[0m resource "aci_leaf_access_bundle_policy_group" "leaf_interfaces_policy_groups_bundle" {
      [32m+[0m [0m[1m[0mannotation[0m[0m                               = "easy-aci:1.0.1"
      [32m+[0m [0m[1m[0mdescription[0m[0m                              = "VPC Policy Group for Eth1/#VPC#"
      [32m+[0m [0m[1m[0mid[0m[0m                                       = (known after apply)
      [32m+[0m [0m[1m[0mlag_t[0m[0m                                    = "node"
      [32m+[0m [0m[1m[0mname[0m[0m                                     = "vpc050"
      [32m+[0m [0m[1m[0mname_alias[0m[0m                               = (known after apply)
      [32m+[0m [0m[1m[0mrelation_infra_rs_att_ent_p[0m[0m              = "uni/infra/attentp-trunkAep"
      [32m+[0m [0m[1m[0mrelation_infra_rs_cdp_if_pol[0m[0m             = "uni/infra/cdpIfP-cdpEnabled"
      [32m+[0m [0m[1m[0mrelation_infra_rs_copp_if_pol[0m[0m            = "uni/infra/coppifpol-default"
      [32m+[0m [0m[1m[0mrelation_infra_rs_fc_if_pol[0m[0m              = "uni/infra/fcIfPol-default"
      [32m+[0m [0m[1m[0mrelation_infra_rs_h_if_pol[0m[0m               = "uni/infra/hintfpol-inheritAuto"
      [32m+[0m [0m[1m[0mrelation_infra_rs_l2_if_pol[0m[0m              = "uni/infra/l2IfP-default"
      [32m+[0m [0m[1m[0mrelation_infra_rs_l2_port_auth_pol[0m[0m       = (known after apply)
      [32m+[0m [0m[1m[0mrelation_infra_rs_l2_port_security_pol[0m[0m   = "uni/infra/portsecurityP-default"
      [32m+[0m [0m[1m[0mrelation_infra_rs_lacp_pol[0m[0m               = "uni/infra/lacplagp-lacpActive"
      [32m+[0m [0m[1m[0mrelation_infra_rs_lldp_if_pol[0m[0m            = "uni/infra/lldpIfP-lldpEnabled"
      [32m+[0m [0m[1m[0mrelation_infra_rs_macsec_if_pol[0m[0m          = "uni/infra/macsecifp-default"
      [32m+[0m [0m[1m[0mrelation_infra_rs_mcp_if_pol[0m[0m             = "uni/infra/mcpIfP-mcpEnabled"
      [32m+[0m [0m[1m[0mrelation_infra_rs_mon_if_infra_pol[0m[0m       = "uni/infra/moninfra-default"
      [32m+[0m [0m[1m[0mrelation_infra_rs_qos_dpp_if_pol[0m[0m         = (known after apply)
      [32m+[0m [0m[1m[0mrelation_infra_rs_qos_egress_dpp_if_pol[0m[0m  = "uni/infra/qosdpppol-default"
      [32m+[0m [0m[1m[0mrelation_infra_rs_qos_ingress_dpp_if_pol[0m[0m = "uni/infra/qosdpppol-default"
      [32m+[0m [0m[1m[0mrelation_infra_rs_qos_pfc_if_pol[0m[0m         = "uni/infra/pfc-default"
      [32m+[0m [0m[1m[0mrelation_infra_rs_qos_sd_if_pol[0m[0m          = "uni/infra/qossdpol-default"
      [32m+[0m [0m[1m[0mrelation_infra_rs_stormctrl_if_pol[0m[0m       = "uni/infra/stormctrlifp-default"
      [32m+[0m [0m[1m[0mrelation_infra_rs_stp_if_pol[0m[0m             = "uni/infra/ifPol-bpduFG"
    }

[1m  # module.access.aci_leaf_access_bundle_policy_group.leaf_interfaces_policy_groups_bundle["vpc051"][0m will be created[0m[0m
[0m  [32m+[0m[0m resource "aci_leaf_access_bundle_policy_group" "leaf_interfaces_policy_groups_bundle" {
      [32m+[0m [0m[1m[0mannotation[0m[0m                               = "easy-aci:1.0.1"
      [32m+[0m [0m[1m[0mdescription[0m[0m                              = "VPC Policy Group for Eth1/#VPC#"
      [32m+[0m [0m[1m[0mid[0m[0m                                       = (known after apply)
      [32m+[0m [0m[1m[0mlag_t[0m[0m                                    = "node"
      [32m+[0m [0m[1m[0mname[0m[0m                                     = "vpc051"
      [32m+[0m [0m[1m[0mname_alias[0m[0m                               = (known after apply)
      [32m+[0m [0m[1m[0mrelation_infra_rs_att_ent_p[0m[0m              = "uni/infra/attentp-trunkAep"
      [32m+[0m [0m[1m[0mrelation_infra_rs_cdp_if_pol[0m[0m             = "uni/infra/cdpIfP-cdpEnabled"
      [32m+[0m [0m[1m[0mrelation_infra_rs_copp_if_pol[0m[0m            = "uni/infra/coppifpol-default"
      [32m+[0m [0m[1m[0mrelation_infra_rs_fc_if_pol[0m[0m              = "uni/infra/fcIfPol-default"
      [32m+[0m [0m[1m[0mrelation_infra_rs_h_if_pol[0m[0m               = "uni/infra/hintfpol-inheritAuto"
      [32m+[0m [0m[1m[0mrelation_infra_rs_l2_if_pol[0m[0m              = "uni/infra/l2IfP-default"
      [32m+[0m [0m[1m[0mrelation_infra_rs_l2_port_auth_pol[0m[0m       = (known after apply)
      [32m+[0m [0m[1m[0mrelation_infra_rs_l2_port_security_pol[0m[0m   = "uni/infra/portsecurityP-default"
      [32m+[0m [0m[1m[0mrelation_infra_rs_lacp_pol[0m[0m               = "uni/infra/lacplagp-lacpActive"
      [32m+[0m [0m[1m[0mrelation_infra_rs_lldp_if_pol[0m[0m            = "uni/infra/lldpIfP-lldpEnabled"
      [32m+[0m [0m[1m[0mrelation_infra_rs_macsec_if_pol[0m[0m          = "uni/infra/macsecifp-default"
      [32m+[0m [0m[1m[0mrelation_infra_rs_mcp_if_pol[0m[0m             = "uni/infra/mcpIfP-mcpEnabled"
      [32m+[0m [0m[1m[0mrelation_infra_rs_mon_if_infra_pol[0m[0m       = "uni/infra/moninfra-default"
      [32m+[0m [0m[1m[0mrelation_infra_rs_qos_dpp_if_pol[0m[0m         = (known after apply)
      [32m+[0m [0m[1m[0mrelation_infra_rs_qos_egress_dpp_if_pol[0m[0m  = "uni/infra/qosdpppol-default"
      [32m+[0m [0m[1m[0mrelation_infra_rs_qos_ingress_dpp_if_pol[0m[0m = "uni/infra/qosdpppol-default"
      [32m+[0m [0m[1m[0mrelation_infra_rs_qos_pfc_if_pol[0m[0m         = "uni/infra/pfc-default"
      [32m+[0m [0m[1m[0mrelation_infra_rs_qos_sd_if_pol[0m[0m          = "uni/infra/qossdpol-default"
      [32m+[0m [0m[1m[0mrelation_infra_rs_stormctrl_if_pol[0m[0m       = "uni/infra/stormctrlifp-default"
      [32m+[0m [0m[1m[0mrelation_infra_rs_stp_if_pol[0m[0m             = "uni/infra/ifPol-bpduFG"
    }

[1m  # module.access.aci_leaf_access_bundle_policy_group.leaf_interfaces_policy_groups_bundle["vpc052"][0m will be created[0m[0m
[0m  [32m+[0m[0m resource "aci_leaf_access_bundle_policy_group" "leaf_interfaces_policy_groups_bundle" {
      [32m+[0m [0m[1m[0mannotation[0m[0m                               = "easy-aci:1.0.1"
      [32m+[0m [0m[1m[0mdescription[0m[0m                              = "VPC Policy Group for Eth1/#VPC#"
      [32m+[0m [0m[1m[0mid[0m[0m                                       = (known after apply)
      [32m+[0m [0m[1m[0mlag_t[0m[0m                                    = "node"
      [32m+[0m [0m[1m[0mname[0m[0m                                     = "vpc052"
      [32m+[0m [0m[1m[0mname_alias[0m[0m                               = (known after apply)
      [32m+[0m [0m[1m[0mrelation_infra_rs_att_ent_p[0m[0m              = "uni/infra/attentp-trunkAep"
      [32m+[0m [0m[1m[0mrelation_infra_rs_cdp_if_pol[0m[0m             = "uni/infra/cdpIfP-cdpEnabled"
      [32m+[0m [0m[1m[0mrelation_infra_rs_copp_if_pol[0m[0m            = "uni/infra/coppifpol-default"
      [32m+[0m [0m[1m[0mrelation_infra_rs_fc_if_pol[0m[0m              = "uni/infra/fcIfPol-default"
      [32m+[0m [0m[1m[0mrelation_infra_rs_h_if_pol[0m[0m               = "uni/infra/hintfpol-inheritAuto"
      [32m+[0m [0m[1m[0mrelation_infra_rs_l2_if_pol[0m[0m              = "uni/infra/l2IfP-default"
      [32m+[0m [0m[1m[0mrelation_infra_rs_l2_port_auth_pol[0m[0m       = (known after apply)
      [32m+[0m [0m[1m[0mrelation_infra_rs_l2_port_security_pol[0m[0m   = "uni/infra/portsecurityP-default"
      [32m+[0m [0m[1m[0mrelation_infra_rs_lacp_pol[0m[0m               = "uni/infra/lacplagp-lacpActive"
      [32m+[0m [0m[1m[0mrelation_infra_rs_lldp_if_pol[0m[0m            = "uni/infra/lldpIfP-lldpEnabled"
      [32m+[0m [0m[1m[0mrelation_infra_rs_macsec_if_pol[0m[0m          = "uni/infra/macsecifp-default"
      [32m+[0m [0m[1m[0mrelation_infra_rs_mcp_if_pol[0m[0m             = "uni/infra/mcpIfP-mcpEnabled"
      [32m+[0m [0m[1m[0mrelation_infra_rs_mon_if_infra_pol[0m[0m       = "uni/infra/moninfra-default"
      [32m+[0m [0m[1m[0mrelation_infra_rs_qos_dpp_if_pol[0m[0m         = (known after apply)
      [32m+[0m [0m[1m[0mrelation_infra_rs_qos_egress_dpp_if_pol[0m[0m  = "uni/infra/qosdpppol-default"
      [32m+[0m [0m[1m[0mrelation_infra_rs_qos_ingress_dpp_if_pol[0m[0m = "uni/infra/qosdpppol-default"
      [32m+[0m [0m[1m[0mrelation_infra_rs_qos_pfc_if_pol[0m[0m         = "uni/infra/pfc-default"
      [32m+[0m [0m[1m[0mrelation_infra_rs_qos_sd_if_pol[0m[0m          = "uni/infra/qossdpol-default"
      [32m+[0m [0m[1m[0mrelation_infra_rs_stormctrl_if_pol[0m[0m       = "uni/infra/stormctrlifp-default"
      [32m+[0m [0m[1m[0mrelation_infra_rs_stp_if_pol[0m[0m             = "uni/infra/ifPol-bpduFG"
    }

[1m  # module.access.aci_leaf_access_bundle_policy_group.leaf_interfaces_policy_groups_bundle["vpc053"][0m will be created[0m[0m
[0m  [32m+[0m[0m resource "aci_leaf_access_bundle_policy_group" "leaf_interfaces_policy_groups_bundle" {
      [32m+[0m [0m[1m[0mannotation[0m[0m                               = "easy-aci:1.0.1"
      [32m+[0m [0m[1m[0mdescription[0m[0m                              = "VPC Policy Group for Eth1/#VPC#"
      [32m+[0m [0m[1m[0mid[0m[0m                                       = (known after apply)
      [32m+[0m [0m[1m[0mlag_t[0m[0m                                    = "node"
      [32m+[0m [0m[1m[0mname[0m[0m                                     = "vpc053"
      [32m+[0m [0m[1m[0mname_alias[0m[0m                               = (known after apply)
      [32m+[0m [0m[1m[0mrelation_infra_rs_att_ent_p[0m[0m              = "uni/infra/attentp-trunkAep"
      [32m+[0m [0m[1m[0mrelation_infra_rs_cdp_if_pol[0m[0m             = "uni/infra/cdpIfP-cdpEnabled"
      [32m+[0m [0m[1m[0mrelation_infra_rs_copp_if_pol[0m[0m            = "uni/infra/coppifpol-default"
      [32m+[0m [0m[1m[0mrelation_infra_rs_fc_if_pol[0m[0m              = "uni/infra/fcIfPol-default"
      [32m+[0m [0m[1m[0mrelation_infra_rs_h_if_pol[0m[0m               = "uni/infra/hintfpol-inheritAuto"
      [32m+[0m [0m[1m[0mrelation_infra_rs_l2_if_pol[0m[0m              = "uni/infra/l2IfP-default"
      [32m+[0m [0m[1m[0mrelation_infra_rs_l2_port_auth_pol[0m[0m       = (known after apply)
      [32m+[0m [0m[1m[0mrelation_infra_rs_l2_port_security_pol[0m[0m   = "uni/infra/portsecurityP-default"
      [32m+[0m [0m[1m[0mrelation_infra_rs_lacp_pol[0m[0m               = "uni/infra/lacplagp-lacpActive"
      [32m+[0m [0m[1m[0mrelation_infra_rs_lldp_if_pol[0m[0m            = "uni/infra/lldpIfP-lldpEnabled"
      [32m+[0m [0m[1m[0mrelation_infra_rs_macsec_if_pol[0m[0m          = "uni/infra/macsecifp-default"
      [32m+[0m [0m[1m[0mrelation_infra_rs_mcp_if_pol[0m[0m             = "uni/infra/mcpIfP-mcpEnabled"
      [32m+[0m [0m[1m[0mrelation_infra_rs_mon_if_infra_pol[0m[0m       = "uni/infra/moninfra-default"
      [32m+[0m [0m[1m[0mrelation_infra_rs_qos_dpp_if_pol[0m[0m         = (known after apply)
      [32m+[0m [0m[1m[0mrelation_infra_rs_qos_egress_dpp_if_pol[0m[0m  = "uni/infra/qosdpppol-default"
      [32m+[0m [0m[1m[0mrelation_infra_rs_qos_ingress_dpp_if_pol[0m[0m = "uni/infra/qosdpppol-default"
      [32m+[0m [0m[1m[0mrelation_infra_rs_qos_pfc_if_pol[0m[0m         = "uni/infra/pfc-default"
      [32m+[0m [0m[1m[0mrelation_infra_rs_qos_sd_if_pol[0m[0m          = "uni/infra/qossdpol-default"
      [32m+[0m [0m[1m[0mrelation_infra_rs_stormctrl_if_pol[0m[0m       = "uni/infra/stormctrlifp-default"
      [32m+[0m [0m[1m[0mrelation_infra_rs_stp_if_pol[0m[0m             = "uni/infra/ifPol-bpduFG"
    }

[1m  # module.access.aci_leaf_access_bundle_policy_group.leaf_interfaces_policy_groups_bundle["vpc054"][0m will be created[0m[0m
[0m  [32m+[0m[0m resource "aci_leaf_access_bundle_policy_group" "leaf_interfaces_policy_groups_bundle" {
      [32m+[0m [0m[1m[0mannotation[0m[0m                               = "easy-aci:1.0.1"
      [32m+[0m [0m[1m[0mdescription[0m[0m                              = "VPC Policy Group for Eth1/#VPC#"
      [32m+[0m [0m[1m[0mid[0m[0m                                       = (known after apply)
      [32m+[0m [0m[1m[0mlag_t[0m[0m                                    = "node"
      [32m+[0m [0m[1m[0mname[0m[0m                                     = "vpc054"
      [32m+[0m [0m[1m[0mname_alias[0m[0m                               = (known after apply)
      [32m+[0m [0m[1m[0mrelation_infra_rs_att_ent_p[0m[0m              = "uni/infra/attentp-trunkAep"
      [32m+[0m [0m[1m[0mrelation_infra_rs_cdp_if_pol[0m[0m             = "uni/infra/cdpIfP-cdpEnabled"
      [32m+[0m [0m[1m[0mrelation_infra_rs_copp_if_pol[0m[0m            = "uni/infra/coppifpol-default"
      [32m+[0m [0m[1m[0mrelation_infra_rs_fc_if_pol[0m[0m              = "uni/infra/fcIfPol-default"
      [32m+[0m [0m[1m[0mrelation_infra_rs_h_if_pol[0m[0m               = "uni/infra/hintfpol-inheritAuto"
      [32m+[0m [0m[1m[0mrelation_infra_rs_l2_if_pol[0m[0m              = "uni/infra/l2IfP-default"
      [32m+[0m [0m[1m[0mrelation_infra_rs_l2_port_auth_pol[0m[0m       = (known after apply)
      [32m+[0m [0m[1m[0mrelation_infra_rs_l2_port_security_pol[0m[0m   = "uni/infra/portsecurityP-default"
      [32m+[0m [0m[1m[0mrelation_infra_rs_lacp_pol[0m[0m               = "uni/infra/lacplagp-lacpActive"
      [32m+[0m [0m[1m[0mrelation_infra_rs_lldp_if_pol[0m[0m            = "uni/infra/lldpIfP-lldpEnabled"
      [32m+[0m [0m[1m[0mrelation_infra_rs_macsec_if_pol[0m[0m          = "uni/infra/macsecifp-default"
      [32m+[0m [0m[1m[0mrelation_infra_rs_mcp_if_pol[0m[0m             = "uni/infra/mcpIfP-mcpEnabled"
      [32m+[0m [0m[1m[0mrelation_infra_rs_mon_if_infra_pol[0m[0m       = "uni/infra/moninfra-default"
      [32m+[0m [0m[1m[0mrelation_infra_rs_qos_dpp_if_pol[0m[0m         = (known after apply)
      [32m+[0m [0m[1m[0mrelation_infra_rs_qos_egress_dpp_if_pol[0m[0m  = "uni/infra/qosdpppol-default"
      [32m+[0m [0m[1m[0mrelation_infra_rs_qos_ingress_dpp_if_pol[0m[0m = "uni/infra/qosdpppol-default"
      [32m+[0m [0m[1m[0mrelation_infra_rs_qos_pfc_if_pol[0m[0m         = "uni/infra/pfc-default"
      [32m+[0m [0m[1m[0mrelation_infra_rs_qos_sd_if_pol[0m[0m          = "uni/infra/qossdpol-default"
      [32m+[0m [0m[1m[0mrelation_infra_rs_stormctrl_if_pol[0m[0m       = "uni/infra/stormctrlifp-default"
      [32m+[0m [0m[1m[0mrelation_infra_rs_stp_if_pol[0m[0m             = "uni/infra/ifPol-bpduFG"
    }

[1m  # module.access.aci_leaf_access_bundle_policy_group.leaf_interfaces_policy_groups_bundle["vpc055"][0m will be created[0m[0m
[0m  [32m+[0m[0m resource "aci_leaf_access_bundle_policy_group" "leaf_interfaces_policy_groups_bundle" {
      [32m+[0m [0m[1m[0mannotation[0m[0m                               = "easy-aci:1.0.1"
      [32m+[0m [0m[1m[0mdescription[0m[0m                              = "VPC Policy Group for Eth1/#VPC#"
      [32m+[0m [0m[1m[0mid[0m[0m                                       = (known after apply)
      [32m+[0m [0m[1m[0mlag_t[0m[0m                                    = "node"
      [32m+[0m [0m[1m[0mname[0m[0m                                     = "vpc055"
      [32m+[0m [0m[1m[0mname_alias[0m[0m                               = (known after apply)
      [32m+[0m [0m[1m[0mrelation_infra_rs_att_ent_p[0m[0m              = "uni/infra/attentp-trunkAep"
      [32m+[0m [0m[1m[0mrelation_infra_rs_cdp_if_pol[0m[0m             = "uni/infra/cdpIfP-cdpEnabled"
      [32m+[0m [0m[1m[0mrelation_infra_rs_copp_if_pol[0m[0m            = "uni/infra/coppifpol-default"
      [32m+[0m [0m[1m[0mrelation_infra_rs_fc_if_pol[0m[0m              = "uni/infra/fcIfPol-default"
      [32m+[0m [0m[1m[0mrelation_infra_rs_h_if_pol[0m[0m               = "uni/infra/hintfpol-inheritAuto"
      [32m+[0m [0m[1m[0mrelation_infra_rs_l2_if_pol[0m[0m              = "uni/infra/l2IfP-default"
      [32m+[0m [0m[1m[0mrelation_infra_rs_l2_port_auth_pol[0m[0m       = (known after apply)
      [32m+[0m [0m[1m[0mrelation_infra_rs_l2_port_security_pol[0m[0m   = "uni/infra/portsecurityP-default"
      [32m+[0m [0m[1m[0mrelation_infra_rs_lacp_pol[0m[0m               = "uni/infra/lacplagp-lacpActive"
      [32m+[0m [0m[1m[0mrelation_infra_rs_lldp_if_pol[0m[0m            = "uni/infra/lldpIfP-lldpEnabled"
      [32m+[0m [0m[1m[0mrelation_infra_rs_macsec_if_pol[0m[0m          = "uni/infra/macsecifp-default"
      [32m+[0m [0m[1m[0mrelation_infra_rs_mcp_if_pol[0m[0m             = "uni/infra/mcpIfP-mcpEnabled"
      [32m+[0m [0m[1m[0mrelation_infra_rs_mon_if_infra_pol[0m[0m       = "uni/infra/moninfra-default"
      [32m+[0m [0m[1m[0mrelation_infra_rs_qos_dpp_if_pol[0m[0m         = (known after apply)
      [32m+[0m [0m[1m[0mrelation_infra_rs_qos_egress_dpp_if_pol[0m[0m  = "uni/infra/qosdpppol-default"
      [32m+[0m [0m[1m[0mrelation_infra_rs_qos_ingress_dpp_if_pol[0m[0m = "uni/infra/qosdpppol-default"
      [32m+[0m [0m[1m[0mrelation_infra_rs_qos_pfc_if_pol[0m[0m         = "uni/infra/pfc-default"
      [32m+[0m [0m[1m[0mrelation_infra_rs_qos_sd_if_pol[0m[0m          = "uni/infra/qossdpol-default"
      [32m+[0m [0m[1m[0mrelation_infra_rs_stormctrl_if_pol[0m[0m       = "uni/infra/stormctrlifp-default"
      [32m+[0m [0m[1m[0mrelation_infra_rs_stp_if_pol[0m[0m             = "uni/infra/ifPol-bpduFG"
    }

[1m  # module.access.aci_leaf_access_bundle_policy_group.leaf_interfaces_policy_groups_bundle["vpc056"][0m will be created[0m[0m
[0m  [32m+[0m[0m resource "aci_leaf_access_bundle_policy_group" "leaf_interfaces_policy_groups_bundle" {
      [32m+[0m [0m[1m[0mannotation[0m[0m                               = "easy-aci:1.0.1"
      [32m+[0m [0m[1m[0mdescription[0m[0m                              = "VPC Policy Group for Eth1/#VPC#"
      [32m+[0m [0m[1m[0mid[0m[0m                                       = (known after apply)
      [32m+[0m [0m[1m[0mlag_t[0m[0m                                    = "node"
      [32m+[0m [0m[1m[0mname[0m[0m                                     = "vpc056"
      [32m+[0m [0m[1m[0mname_alias[0m[0m                               = (known after apply)
      [32m+[0m [0m[1m[0mrelation_infra_rs_att_ent_p[0m[0m              = "uni/infra/attentp-trunkAep"
      [32m+[0m [0m[1m[0mrelation_infra_rs_cdp_if_pol[0m[0m             = "uni/infra/cdpIfP-cdpEnabled"
      [32m+[0m [0m[1m[0mrelation_infra_rs_copp_if_pol[0m[0m            = "uni/infra/coppifpol-default"
      [32m+[0m [0m[1m[0mrelation_infra_rs_fc_if_pol[0m[0m              = "uni/infra/fcIfPol-default"
      [32m+[0m [0m[1m[0mrelation_infra_rs_h_if_pol[0m[0m               = "uni/infra/hintfpol-inheritAuto"
      [32m+[0m [0m[1m[0mrelation_infra_rs_l2_if_pol[0m[0m              = "uni/infra/l2IfP-default"
      [32m+[0m [0m[1m[0mrelation_infra_rs_l2_port_auth_pol[0m[0m       = (known after apply)
      [32m+[0m [0m[1m[0mrelation_infra_rs_l2_port_security_pol[0m[0m   = "uni/infra/portsecurityP-default"
      [32m+[0m [0m[1m[0mrelation_infra_rs_lacp_pol[0m[0m               = "uni/infra/lacplagp-lacpActive"
      [32m+[0m [0m[1m[0mrelation_infra_rs_lldp_if_pol[0m[0m            = "uni/infra/lldpIfP-lldpEnabled"
      [32m+[0m [0m[1m[0mrelation_infra_rs_macsec_if_pol[0m[0m          = "uni/infra/macsecifp-default"
      [32m+[0m [0m[1m[0mrelation_infra_rs_mcp_if_pol[0m[0m             = "uni/infra/mcpIfP-mcpEnabled"
      [32m+[0m [0m[1m[0mrelation_infra_rs_mon_if_infra_pol[0m[0m       = "uni/infra/moninfra-default"
      [32m+[0m [0m[1m[0mrelation_infra_rs_qos_dpp_if_pol[0m[0m         = (known after apply)
      [32m+[0m [0m[1m[0mrelation_infra_rs_qos_egress_dpp_if_pol[0m[0m  = "uni/infra/qosdpppol-default"
      [32m+[0m [0m[1m[0mrelation_infra_rs_qos_ingress_dpp_if_pol[0m[0m = "uni/infra/qosdpppol-default"
      [32m+[0m [0m[1m[0mrelation_infra_rs_qos_pfc_if_pol[0m[0m         = "uni/infra/pfc-default"
      [32m+[0m [0m[1m[0mrelation_infra_rs_qos_sd_if_pol[0m[0m          = "uni/infra/qossdpol-default"
      [32m+[0m [0m[1m[0mrelation_infra_rs_stormctrl_if_pol[0m[0m       = "uni/infra/stormctrlifp-default"
      [32m+[0m [0m[1m[0mrelation_infra_rs_stp_if_pol[0m[0m             = "uni/infra/ifPol-bpduFG"
    }

[1m  # module.access.aci_leaf_access_bundle_policy_group.leaf_interfaces_policy_groups_bundle["vpc057"][0m will be created[0m[0m
[0m  [32m+[0m[0m resource "aci_leaf_access_bundle_policy_group" "leaf_interfaces_policy_groups_bundle" {
      [32m+[0m [0m[1m[0mannotation[0m[0m                               = "easy-aci:1.0.1"
      [32m+[0m [0m[1m[0mdescription[0m[0m                              = "VPC Policy Group for Eth1/#VPC#"
      [32m+[0m [0m[1m[0mid[0m[0m                                       = (known after apply)
      [32m+[0m [0m[1m[0mlag_t[0m[0m                                    = "node"
      [32m+[0m [0m[1m[0mname[0m[0m                                     = "vpc057"
      [32m+[0m [0m[1m[0mname_alias[0m[0m                               = (known after apply)
      [32m+[0m [0m[1m[0mrelation_infra_rs_att_ent_p[0m[0m              = "uni/infra/attentp-trunkAep"
      [32m+[0m [0m[1m[0mrelation_infra_rs_cdp_if_pol[0m[0m             = "uni/infra/cdpIfP-cdpEnabled"
      [32m+[0m [0m[1m[0mrelation_infra_rs_copp_if_pol[0m[0m            = "uni/infra/coppifpol-default"
      [32m+[0m [0m[1m[0mrelation_infra_rs_fc_if_pol[0m[0m              = "uni/infra/fcIfPol-default"
      [32m+[0m [0m[1m[0mrelation_infra_rs_h_if_pol[0m[0m               = "uni/infra/hintfpol-inheritAuto"
      [32m+[0m [0m[1m[0mrelation_infra_rs_l2_if_pol[0m[0m              = "uni/infra/l2IfP-default"
      [32m+[0m [0m[1m[0mrelation_infra_rs_l2_port_auth_pol[0m[0m       = (known after apply)
      [32m+[0m [0m[1m[0mrelation_infra_rs_l2_port_security_pol[0m[0m   = "uni/infra/portsecurityP-default"
      [32m+[0m [0m[1m[0mrelation_infra_rs_lacp_pol[0m[0m               = "uni/infra/lacplagp-lacpActive"
      [32m+[0m [0m[1m[0mrelation_infra_rs_lldp_if_pol[0m[0m            = "uni/infra/lldpIfP-lldpEnabled"
      [32m+[0m [0m[1m[0mrelation_infra_rs_macsec_if_pol[0m[0m          = "uni/infra/macsecifp-default"
      [32m+[0m [0m[1m[0mrelation_infra_rs_mcp_if_pol[0m[0m             = "uni/infra/mcpIfP-mcpEnabled"
      [32m+[0m [0m[1m[0mrelation_infra_rs_mon_if_infra_pol[0m[0m       = "uni/infra/moninfra-default"
      [32m+[0m [0m[1m[0mrelation_infra_rs_qos_dpp_if_pol[0m[0m         = (known after apply)
      [32m+[0m [0m[1m[0mrelation_infra_rs_qos_egress_dpp_if_pol[0m[0m  = "uni/infra/qosdpppol-default"
      [32m+[0m [0m[1m[0mrelation_infra_rs_qos_ingress_dpp_if_pol[0m[0m = "uni/infra/qosdpppol-default"
      [32m+[0m [0m[1m[0mrelation_infra_rs_qos_pfc_if_pol[0m[0m         = "uni/infra/pfc-default"
      [32m+[0m [0m[1m[0mrelation_infra_rs_qos_sd_if_pol[0m[0m          = "uni/infra/qossdpol-default"
      [32m+[0m [0m[1m[0mrelation_infra_rs_stormctrl_if_pol[0m[0m       = "uni/infra/stormctrlifp-default"
      [32m+[0m [0m[1m[0mrelation_infra_rs_stp_if_pol[0m[0m             = "uni/infra/ifPol-bpduFG"
    }

[1m  # module.access.aci_leaf_access_bundle_policy_group.leaf_interfaces_policy_groups_bundle["vpc058"][0m will be created[0m[0m
[0m  [32m+[0m[0m resource "aci_leaf_access_bundle_policy_group" "leaf_interfaces_policy_groups_bundle" {
      [32m+[0m [0m[1m[0mannotation[0m[0m                               = "easy-aci:1.0.1"
      [32m+[0m [0m[1m[0mdescription[0m[0m                              = "VPC Policy Group for Eth1/#VPC#"
      [32m+[0m [0m[1m[0mid[0m[0m                                       = (known after apply)
      [32m+[0m [0m[1m[0mlag_t[0m[0m                                    = "node"
      [32m+[0m [0m[1m[0mname[0m[0m                                     = "vpc058"
      [32m+[0m [0m[1m[0mname_alias[0m[0m                               = (known after apply)
      [32m+[0m [0m[1m[0mrelation_infra_rs_att_ent_p[0m[0m              = "uni/infra/attentp-trunkAep"
      [32m+[0m [0m[1m[0mrelation_infra_rs_cdp_if_pol[0m[0m             = "uni/infra/cdpIfP-cdpEnabled"
      [32m+[0m [0m[1m[0mrelation_infra_rs_copp_if_pol[0m[0m            = "uni/infra/coppifpol-default"
      [32m+[0m [0m[1m[0mrelation_infra_rs_fc_if_pol[0m[0m              = "uni/infra/fcIfPol-default"
      [32m+[0m [0m[1m[0mrelation_infra_rs_h_if_pol[0m[0m               = "uni/infra/hintfpol-inheritAuto"
      [32m+[0m [0m[1m[0mrelation_infra_rs_l2_if_pol[0m[0m              = "uni/infra/l2IfP-default"
      [32m+[0m [0m[1m[0mrelation_infra_rs_l2_port_auth_pol[0m[0m       = (known after apply)
      [32m+[0m [0m[1m[0mrelation_infra_rs_l2_port_security_pol[0m[0m   = "uni/infra/portsecurityP-default"
      [32m+[0m [0m[1m[0mrelation_infra_rs_lacp_pol[0m[0m               = "uni/infra/lacplagp-lacpActive"
      [32m+[0m [0m[1m[0mrelation_infra_rs_lldp_if_pol[0m[0m            = "uni/infra/lldpIfP-lldpEnabled"
      [32m+[0m [0m[1m[0mrelation_infra_rs_macsec_if_pol[0m[0m          = "uni/infra/macsecifp-default"
      [32m+[0m [0m[1m[0mrelation_infra_rs_mcp_if_pol[0m[0m             = "uni/infra/mcpIfP-mcpEnabled"
      [32m+[0m [0m[1m[0mrelation_infra_rs_mon_if_infra_pol[0m[0m       = "uni/infra/moninfra-default"
      [32m+[0m [0m[1m[0mrelation_infra_rs_qos_dpp_if_pol[0m[0m         = (known after apply)
      [32m+[0m [0m[1m[0mrelation_infra_rs_qos_egress_dpp_if_pol[0m[0m  = "uni/infra/qosdpppol-default"
      [32m+[0m [0m[1m[0mrelation_infra_rs_qos_ingress_dpp_if_pol[0m[0m = "uni/infra/qosdpppol-default"
      [32m+[0m [0m[1m[0mrelation_infra_rs_qos_pfc_if_pol[0m[0m         = "uni/infra/pfc-default"
      [32m+[0m [0m[1m[0mrelation_infra_rs_qos_sd_if_pol[0m[0m          = "uni/infra/qossdpol-default"
      [32m+[0m [0m[1m[0mrelation_infra_rs_stormctrl_if_pol[0m[0m       = "uni/infra/stormctrlifp-default"
      [32m+[0m [0m[1m[0mrelation_infra_rs_stp_if_pol[0m[0m             = "uni/infra/ifPol-bpduFG"
    }

[1m  # module.access.aci_leaf_access_bundle_policy_group.leaf_interfaces_policy_groups_bundle["vpc059"][0m will be created[0m[0m
[0m  [32m+[0m[0m resource "aci_leaf_access_bundle_policy_group" "leaf_interfaces_policy_groups_bundle" {
      [32m+[0m [0m[1m[0mannotation[0m[0m                               = "easy-aci:1.0.1"
      [32m+[0m [0m[1m[0mdescription[0m[0m                              = "VPC Policy Group for Eth1/#VPC#"
      [32m+[0m [0m[1m[0mid[0m[0m                                       = (known after apply)
      [32m+[0m [0m[1m[0mlag_t[0m[0m                                    = "node"
      [32m+[0m [0m[1m[0mname[0m[0m                                     = "vpc059"
      [32m+[0m [0m[1m[0mname_alias[0m[0m                               = (known after apply)
      [32m+[0m [0m[1m[0mrelation_infra_rs_att_ent_p[0m[0m              = "uni/infra/attentp-trunkAep"
      [32m+[0m [0m[1m[0mrelation_infra_rs_cdp_if_pol[0m[0m             = "uni/infra/cdpIfP-cdpEnabled"
      [32m+[0m [0m[1m[0mrelation_infra_rs_copp_if_pol[0m[0m            = "uni/infra/coppifpol-default"
      [32m+[0m [0m[1m[0mrelation_infra_rs_fc_if_pol[0m[0m              = "uni/infra/fcIfPol-default"
      [32m+[0m [0m[1m[0mrelation_infra_rs_h_if_pol[0m[0m               = "uni/infra/hintfpol-inheritAuto"
      [32m+[0m [0m[1m[0mrelation_infra_rs_l2_if_pol[0m[0m              = "uni/infra/l2IfP-default"
      [32m+[0m [0m[1m[0mrelation_infra_rs_l2_port_auth_pol[0m[0m       = (known after apply)
      [32m+[0m [0m[1m[0mrelation_infra_rs_l2_port_security_pol[0m[0m   = "uni/infra/portsecurityP-default"
      [32m+[0m [0m[1m[0mrelation_infra_rs_lacp_pol[0m[0m               = "uni/infra/lacplagp-lacpActive"
      [32m+[0m [0m[1m[0mrelation_infra_rs_lldp_if_pol[0m[0m            = "uni/infra/lldpIfP-lldpEnabled"
      [32m+[0m [0m[1m[0mrelation_infra_rs_macsec_if_pol[0m[0m          = "uni/infra/macsecifp-default"
      [32m+[0m [0m[1m[0mrelation_infra_rs_mcp_if_pol[0m[0m             = "uni/infra/mcpIfP-mcpEnabled"
      [32m+[0m [0m[1m[0mrelation_infra_rs_mon_if_infra_pol[0m[0m       = "uni/infra/moninfra-default"
      [32m+[0m [0m[1m[0mrelation_infra_rs_qos_dpp_if_pol[0m[0m         = (known after apply)
      [32m+[0m [0m[1m[0mrelation_infra_rs_qos_egress_dpp_if_pol[0m[0m  = "uni/infra/qosdpppol-default"
      [32m+[0m [0m[1m[0mrelation_infra_rs_qos_ingress_dpp_if_pol[0m[0m = "uni/infra/qosdpppol-default"
      [32m+[0m [0m[1m[0mrelation_infra_rs_qos_pfc_if_pol[0m[0m         = "uni/infra/pfc-default"
      [32m+[0m [0m[1m[0mrelation_infra_rs_qos_sd_if_pol[0m[0m          = "uni/infra/qossdpol-default"
      [32m+[0m [0m[1m[0mrelation_infra_rs_stormctrl_if_pol[0m[0m       = "uni/infra/stormctrlifp-default"
      [32m+[0m [0m[1m[0mrelation_infra_rs_stp_if_pol[0m[0m             = "uni/infra/ifPol-bpduFG"
    }

[1m  # module.access.aci_leaf_access_bundle_policy_group.leaf_interfaces_policy_groups_bundle["vpc060"][0m will be created[0m[0m
[0m  [32m+[0m[0m resource "aci_leaf_access_bundle_policy_group" "leaf_interfaces_policy_groups_bundle" {
      [32m+[0m [0m[1m[0mannotation[0m[0m                               = "easy-aci:1.0.1"
      [32m+[0m [0m[1m[0mdescription[0m[0m                              = "VPC Policy Group for Eth1/#VPC#"
      [32m+[0m [0m[1m[0mid[0m[0m                                       = (known after apply)
      [32m+[0m [0m[1m[0mlag_t[0m[0m                                    = "node"
      [32m+[0m [0m[1m[0mname[0m[0m                                     = "vpc060"
      [32m+[0m [0m[1m[0mname_alias[0m[0m                               = (known after apply)
      [32m+[0m [0m[1m[0mrelation_infra_rs_att_ent_p[0m[0m              = "uni/infra/attentp-trunkAep"
      [32m+[0m [0m[1m[0mrelation_infra_rs_cdp_if_pol[0m[0m             = "uni/infra/cdpIfP-cdpEnabled"
      [32m+[0m [0m[1m[0mrelation_infra_rs_copp_if_pol[0m[0m            = "uni/infra/coppifpol-default"
      [32m+[0m [0m[1m[0mrelation_infra_rs_fc_if_pol[0m[0m              = "uni/infra/fcIfPol-default"
      [32m+[0m [0m[1m[0mrelation_infra_rs_h_if_pol[0m[0m               = "uni/infra/hintfpol-inheritAuto"
      [32m+[0m [0m[1m[0mrelation_infra_rs_l2_if_pol[0m[0m              = "uni/infra/l2IfP-default"
      [32m+[0m [0m[1m[0mrelation_infra_rs_l2_port_auth_pol[0m[0m       = (known after apply)
      [32m+[0m [0m[1m[0mrelation_infra_rs_l2_port_security_pol[0m[0m   = "uni/infra/portsecurityP-default"
      [32m+[0m [0m[1m[0mrelation_infra_rs_lacp_pol[0m[0m               = "uni/infra/lacplagp-lacpActive"
      [32m+[0m [0m[1m[0mrelation_infra_rs_lldp_if_pol[0m[0m            = "uni/infra/lldpIfP-lldpEnabled"
      [32m+[0m [0m[1m[0mrelation_infra_rs_macsec_if_pol[0m[0m          = "uni/infra/macsecifp-default"
      [32m+[0m [0m[1m[0mrelation_infra_rs_mcp_if_pol[0m[0m             = "uni/infra/mcpIfP-mcpEnabled"
      [32m+[0m [0m[1m[0mrelation_infra_rs_mon_if_infra_pol[0m[0m       = "uni/infra/moninfra-default"
      [32m+[0m [0m[1m[0mrelation_infra_rs_qos_dpp_if_pol[0m[0m         = (known after apply)
      [32m+[0m [0m[1m[0mrelation_infra_rs_qos_egress_dpp_if_pol[0m[0m  = "uni/infra/qosdpppol-default"
      [32m+[0m [0m[1m[0mrelation_infra_rs_qos_ingress_dpp_if_pol[0m[0m = "uni/infra/qosdpppol-default"
      [32m+[0m [0m[1m[0mrelation_infra_rs_qos_pfc_if_pol[0m[0m         = "uni/infra/pfc-default"
      [32m+[0m [0m[1m[0mrelation_infra_rs_qos_sd_if_pol[0m[0m          = "uni/infra/qossdpol-default"
      [32m+[0m [0m[1m[0mrelation_infra_rs_stormctrl_if_pol[0m[0m       = "uni/infra/stormctrlifp-default"
      [32m+[0m [0m[1m[0mrelation_infra_rs_stp_if_pol[0m[0m             = "uni/infra/ifPol-bpduFG"
    }

[1m  # module.access.aci_leaf_access_bundle_policy_group.leaf_interfaces_policy_groups_bundle["vpc061"][0m will be created[0m[0m
[0m  [32m+[0m[0m resource "aci_leaf_access_bundle_policy_group" "leaf_interfaces_policy_groups_bundle" {
      [32m+[0m [0m[1m[0mannotation[0m[0m                               = "easy-aci:1.0.1"
      [32m+[0m [0m[1m[0mdescription[0m[0m                              = "VPC Policy Group for Eth1/#VPC#"
      [32m+[0m [0m[1m[0mid[0m[0m                                       = (known after apply)
      [32m+[0m [0m[1m[0mlag_t[0m[0m                                    = "node"
      [32m+[0m [0m[1m[0mname[0m[0m                                     = "vpc061"
      [32m+[0m [0m[1m[0mname_alias[0m[0m                               = (known after apply)
      [32m+[0m [0m[1m[0mrelation_infra_rs_att_ent_p[0m[0m              = "uni/infra/attentp-trunkAep"
      [32m+[0m [0m[1m[0mrelation_infra_rs_cdp_if_pol[0m[0m             = "uni/infra/cdpIfP-cdpEnabled"
      [32m+[0m [0m[1m[0mrelation_infra_rs_copp_if_pol[0m[0m            = "uni/infra/coppifpol-default"
      [32m+[0m [0m[1m[0mrelation_infra_rs_fc_if_pol[0m[0m              = "uni/infra/fcIfPol-default"
      [32m+[0m [0m[1m[0mrelation_infra_rs_h_if_pol[0m[0m               = "uni/infra/hintfpol-inheritAuto"
      [32m+[0m [0m[1m[0mrelation_infra_rs_l2_if_pol[0m[0m              = "uni/infra/l2IfP-default"
      [32m+[0m [0m[1m[0mrelation_infra_rs_l2_port_auth_pol[0m[0m       = (known after apply)
      [32m+[0m [0m[1m[0mrelation_infra_rs_l2_port_security_pol[0m[0m   = "uni/infra/portsecurityP-default"
      [32m+[0m [0m[1m[0mrelation_infra_rs_lacp_pol[0m[0m               = "uni/infra/lacplagp-lacpActive"
      [32m+[0m [0m[1m[0mrelation_infra_rs_lldp_if_pol[0m[0m            = "uni/infra/lldpIfP-lldpEnabled"
      [32m+[0m [0m[1m[0mrelation_infra_rs_macsec_if_pol[0m[0m          = "uni/infra/macsecifp-default"
      [32m+[0m [0m[1m[0mrelation_infra_rs_mcp_if_pol[0m[0m             = "uni/infra/mcpIfP-mcpEnabled"
      [32m+[0m [0m[1m[0mrelation_infra_rs_mon_if_infra_pol[0m[0m       = "uni/infra/moninfra-default"
      [32m+[0m [0m[1m[0mrelation_infra_rs_qos_dpp_if_pol[0m[0m         = (known after apply)
      [32m+[0m [0m[1m[0mrelation_infra_rs_qos_egress_dpp_if_pol[0m[0m  = "uni/infra/qosdpppol-default"
      [32m+[0m [0m[1m[0mrelation_infra_rs_qos_ingress_dpp_if_pol[0m[0m = "uni/infra/qosdpppol-default"
      [32m+[0m [0m[1m[0mrelation_infra_rs_qos_pfc_if_pol[0m[0m         = "uni/infra/pfc-default"
      [32m+[0m [0m[1m[0mrelation_infra_rs_qos_sd_if_pol[0m[0m          = "uni/infra/qossdpol-default"
      [32m+[0m [0m[1m[0mrelation_infra_rs_stormctrl_if_pol[0m[0m       = "uni/infra/stormctrlifp-default"
      [32m+[0m [0m[1m[0mrelation_infra_rs_stp_if_pol[0m[0m             = "uni/infra/ifPol-bpduFG"
    }

[1m  # module.access.aci_leaf_access_bundle_policy_group.leaf_interfaces_policy_groups_bundle["vpc062"][0m will be created[0m[0m
[0m  [32m+[0m[0m resource "aci_leaf_access_bundle_policy_group" "leaf_interfaces_policy_groups_bundle" {
      [32m+[0m [0m[1m[0mannotation[0m[0m                               = "easy-aci:1.0.1"
      [32m+[0m [0m[1m[0mdescription[0m[0m                              = "VPC Policy Group for Eth1/#VPC#"
      [32m+[0m [0m[1m[0mid[0m[0m                                       = (known after apply)
      [32m+[0m [0m[1m[0mlag_t[0m[0m                                    = "node"
      [32m+[0m [0m[1m[0mname[0m[0m                                     = "vpc062"
      [32m+[0m [0m[1m[0mname_alias[0m[0m                               = (known after apply)
      [32m+[0m [0m[1m[0mrelation_infra_rs_att_ent_p[0m[0m              = "uni/infra/attentp-trunkAep"
      [32m+[0m [0m[1m[0mrelation_infra_rs_cdp_if_pol[0m[0m             = "uni/infra/cdpIfP-cdpEnabled"
      [32m+[0m [0m[1m[0mrelation_infra_rs_copp_if_pol[0m[0m            = "uni/infra/coppifpol-default"
      [32m+[0m [0m[1m[0mrelation_infra_rs_fc_if_pol[0m[0m              = "uni/infra/fcIfPol-default"
      [32m+[0m [0m[1m[0mrelation_infra_rs_h_if_pol[0m[0m               = "uni/infra/hintfpol-inheritAuto"
      [32m+[0m [0m[1m[0mrelation_infra_rs_l2_if_pol[0m[0m              = "uni/infra/l2IfP-default"
      [32m+[0m [0m[1m[0mrelation_infra_rs_l2_port_auth_pol[0m[0m       = (known after apply)
      [32m+[0m [0m[1m[0mrelation_infra_rs_l2_port_security_pol[0m[0m   = "uni/infra/portsecurityP-default"
      [32m+[0m [0m[1m[0mrelation_infra_rs_lacp_pol[0m[0m               = "uni/infra/lacplagp-lacpActive"
      [32m+[0m [0m[1m[0mrelation_infra_rs_lldp_if_pol[0m[0m            = "uni/infra/lldpIfP-lldpEnabled"
      [32m+[0m [0m[1m[0mrelation_infra_rs_macsec_if_pol[0m[0m          = "uni/infra/macsecifp-default"
      [32m+[0m [0m[1m[0mrelation_infra_rs_mcp_if_pol[0m[0m             = "uni/infra/mcpIfP-mcpEnabled"
      [32m+[0m [0m[1m[0mrelation_infra_rs_mon_if_infra_pol[0m[0m       = "uni/infra/moninfra-default"
      [32m+[0m [0m[1m[0mrelation_infra_rs_qos_dpp_if_pol[0m[0m         = (known after apply)
      [32m+[0m [0m[1m[0mrelation_infra_rs_qos_egress_dpp_if_pol[0m[0m  = "uni/infra/qosdpppol-default"
      [32m+[0m [0m[1m[0mrelation_infra_rs_qos_ingress_dpp_if_pol[0m[0m = "uni/infra/qosdpppol-default"
      [32m+[0m [0m[1m[0mrelation_infra_rs_qos_pfc_if_pol[0m[0m         = "uni/infra/pfc-default"
      [32m+[0m [0m[1m[0mrelation_infra_rs_qos_sd_if_pol[0m[0m          = "uni/infra/qossdpol-default"
      [32m+[0m [0m[1m[0mrelation_infra_rs_stormctrl_if_pol[0m[0m       = "uni/infra/stormctrlifp-default"
      [32m+[0m [0m[1m[0mrelation_infra_rs_stp_if_pol[0m[0m             = "uni/infra/ifPol-bpduFG"
    }

[1m  # module.access.aci_leaf_access_bundle_policy_group.leaf_interfaces_policy_groups_bundle["vpc063"][0m will be created[0m[0m
[0m  [32m+[0m[0m resource "aci_leaf_access_bundle_policy_group" "leaf_interfaces_policy_groups_bundle" {
      [32m+[0m [0m[1m[0mannotation[0m[0m                               = "easy-aci:1.0.1"
      [32m+[0m [0m[1m[0mdescription[0m[0m                              = "VPC Policy Group for Eth1/#VPC#"
      [32m+[0m [0m[1m[0mid[0m[0m                                       = (known after apply)
      [32m+[0m [0m[1m[0mlag_t[0m[0m                                    = "node"
      [32m+[0m [0m[1m[0mname[0m[0m                                     = "vpc063"
      [32m+[0m [0m[1m[0mname_alias[0m[0m                               = (known after apply)
      [32m+[0m [0m[1m[0mrelation_infra_rs_att_ent_p[0m[0m              = "uni/infra/attentp-trunkAep"
      [32m+[0m [0m[1m[0mrelation_infra_rs_cdp_if_pol[0m[0m             = "uni/infra/cdpIfP-cdpEnabled"
      [32m+[0m [0m[1m[0mrelation_infra_rs_copp_if_pol[0m[0m            = "uni/infra/coppifpol-default"
      [32m+[0m [0m[1m[0mrelation_infra_rs_fc_if_pol[0m[0m              = "uni/infra/fcIfPol-default"
      [32m+[0m [0m[1m[0mrelation_infra_rs_h_if_pol[0m[0m               = "uni/infra/hintfpol-inheritAuto"
      [32m+[0m [0m[1m[0mrelation_infra_rs_l2_if_pol[0m[0m              = "uni/infra/l2IfP-default"
      [32m+[0m [0m[1m[0mrelation_infra_rs_l2_port_auth_pol[0m[0m       = (known after apply)
      [32m+[0m [0m[1m[0mrelation_infra_rs_l2_port_security_pol[0m[0m   = "uni/infra/portsecurityP-default"
      [32m+[0m [0m[1m[0mrelation_infra_rs_lacp_pol[0m[0m               = "uni/infra/lacplagp-lacpActive"
      [32m+[0m [0m[1m[0mrelation_infra_rs_lldp_if_pol[0m[0m            = "uni/infra/lldpIfP-lldpEnabled"
      [32m+[0m [0m[1m[0mrelation_infra_rs_macsec_if_pol[0m[0m          = "uni/infra/macsecifp-default"
      [32m+[0m [0m[1m[0mrelation_infra_rs_mcp_if_pol[0m[0m             = "uni/infra/mcpIfP-mcpEnabled"
      [32m+[0m [0m[1m[0mrelation_infra_rs_mon_if_infra_pol[0m[0m       = "uni/infra/moninfra-default"
      [32m+[0m [0m[1m[0mrelation_infra_rs_qos_dpp_if_pol[0m[0m         = (known after apply)
      [32m+[0m [0m[1m[0mrelation_infra_rs_qos_egress_dpp_if_pol[0m[0m  = "uni/infra/qosdpppol-default"
      [32m+[0m [0m[1m[0mrelation_infra_rs_qos_ingress_dpp_if_pol[0m[0m = "uni/infra/qosdpppol-default"
      [32m+[0m [0m[1m[0mrelation_infra_rs_qos_pfc_if_pol[0m[0m         = "uni/infra/pfc-default"
      [32m+[0m [0m[1m[0mrelation_infra_rs_qos_sd_if_pol[0m[0m          = "uni/infra/qossdpol-default"
      [32m+[0m [0m[1m[0mrelation_infra_rs_stormctrl_if_pol[0m[0m       = "uni/infra/stormctrlifp-default"
      [32m+[0m [0m[1m[0mrelation_infra_rs_stp_if_pol[0m[0m             = "uni/infra/ifPol-bpduFG"
    }

[1m  # module.access.aci_leaf_access_bundle_policy_group.leaf_interfaces_policy_groups_bundle["vpc064"][0m will be created[0m[0m
[0m  [32m+[0m[0m resource "aci_leaf_access_bundle_policy_group" "leaf_interfaces_policy_groups_bundle" {
      [32m+[0m [0m[1m[0mannotation[0m[0m                               = "easy-aci:1.0.1"
      [32m+[0m [0m[1m[0mdescription[0m[0m                              = "VPC Policy Group for Eth1/#VPC#"
      [32m+[0m [0m[1m[0mid[0m[0m                                       = (known after apply)
      [32m+[0m [0m[1m[0mlag_t[0m[0m                                    = "node"
      [32m+[0m [0m[1m[0mname[0m[0m                                     = "vpc064"
      [32m+[0m [0m[1m[0mname_alias[0m[0m                               = (known after apply)
      [32m+[0m [0m[1m[0mrelation_infra_rs_att_ent_p[0m[0m              = "uni/infra/attentp-trunkAep"
      [32m+[0m [0m[1m[0mrelation_infra_rs_cdp_if_pol[0m[0m             = "uni/infra/cdpIfP-cdpEnabled"
      [32m+[0m [0m[1m[0mrelation_infra_rs_copp_if_pol[0m[0m            = "uni/infra/coppifpol-default"
      [32m+[0m [0m[1m[0mrelation_infra_rs_fc_if_pol[0m[0m              = "uni/infra/fcIfPol-default"
      [32m+[0m [0m[1m[0mrelation_infra_rs_h_if_pol[0m[0m               = "uni/infra/hintfpol-inheritAuto"
      [32m+[0m [0m[1m[0mrelation_infra_rs_l2_if_pol[0m[0m              = "uni/infra/l2IfP-default"
      [32m+[0m [0m[1m[0mrelation_infra_rs_l2_port_auth_pol[0m[0m       = (known after apply)
      [32m+[0m [0m[1m[0mrelation_infra_rs_l2_port_security_pol[0m[0m   = "uni/infra/portsecurityP-default"
      [32m+[0m [0m[1m[0mrelation_infra_rs_lacp_pol[0m[0m               = "uni/infra/lacplagp-lacpActive"
      [32m+[0m [0m[1m[0mrelation_infra_rs_lldp_if_pol[0m[0m            = "uni/infra/lldpIfP-lldpEnabled"
      [32m+[0m [0m[1m[0mrelation_infra_rs_macsec_if_pol[0m[0m          = "uni/infra/macsecifp-default"
      [32m+[0m [0m[1m[0mrelation_infra_rs_mcp_if_pol[0m[0m             = "uni/infra/mcpIfP-mcpEnabled"
      [32m+[0m [0m[1m[0mrelation_infra_rs_mon_if_infra_pol[0m[0m       = "uni/infra/moninfra-default"
      [32m+[0m [0m[1m[0mrelation_infra_rs_qos_dpp_if_pol[0m[0m         = (known after apply)
      [32m+[0m [0m[1m[0mrelation_infra_rs_qos_egress_dpp_if_pol[0m[0m  = "uni/infra/qosdpppol-default"
      [32m+[0m [0m[1m[0mrelation_infra_rs_qos_ingress_dpp_if_pol[0m[0m = "uni/infra/qosdpppol-default"
      [32m+[0m [0m[1m[0mrelation_infra_rs_qos_pfc_if_pol[0m[0m         = "uni/infra/pfc-default"
      [32m+[0m [0m[1m[0mrelation_infra_rs_qos_sd_if_pol[0m[0m          = "uni/infra/qossdpol-default"
      [32m+[0m [0m[1m[0mrelation_infra_rs_stormctrl_if_pol[0m[0m       = "uni/infra/stormctrlifp-default"
      [32m+[0m [0m[1m[0mrelation_infra_rs_stp_if_pol[0m[0m             = "uni/infra/ifPol-bpduFG"
    }

[1m  # module.access.aci_leaf_access_bundle_policy_group.leaf_interfaces_policy_groups_bundle["vpc065"][0m will be created[0m[0m
[0m  [32m+[0m[0m resource "aci_leaf_access_bundle_policy_group" "leaf_interfaces_policy_groups_bundle" {
      [32m+[0m [0m[1m[0mannotation[0m[0m                               = "easy-aci:1.0.1"
      [32m+[0m [0m[1m[0mdescription[0m[0m                              = "VPC Policy Group for Eth1/#VPC#"
      [32m+[0m [0m[1m[0mid[0m[0m                                       = (known after apply)
      [32m+[0m [0m[1m[0mlag_t[0m[0m                                    = "node"
      [32m+[0m [0m[1m[0mname[0m[0m                                     = "vpc065"
      [32m+[0m [0m[1m[0mname_alias[0m[0m                               = (known after apply)
      [32m+[0m [0m[1m[0mrelation_infra_rs_att_ent_p[0m[0m              = "uni/infra/attentp-trunkAep"
      [32m+[0m [0m[1m[0mrelation_infra_rs_cdp_if_pol[0m[0m             = "uni/infra/cdpIfP-cdpEnabled"
      [32m+[0m [0m[1m[0mrelation_infra_rs_copp_if_pol[0m[0m            = "uni/infra/coppifpol-default"
      [32m+[0m [0m[1m[0mrelation_infra_rs_fc_if_pol[0m[0m              = "uni/infra/fcIfPol-default"
      [32m+[0m [0m[1m[0mrelation_infra_rs_h_if_pol[0m[0m               = "uni/infra/hintfpol-inheritAuto"
      [32m+[0m [0m[1m[0mrelation_infra_rs_l2_if_pol[0m[0m              = "uni/infra/l2IfP-default"
      [32m+[0m [0m[1m[0mrelation_infra_rs_l2_port_auth_pol[0m[0m       = (known after apply)
      [32m+[0m [0m[1m[0mrelation_infra_rs_l2_port_security_pol[0m[0m   = "uni/infra/portsecurityP-default"
      [32m+[0m [0m[1m[0mrelation_infra_rs_lacp_pol[0m[0m               = "uni/infra/lacplagp-lacpActive"
      [32m+[0m [0m[1m[0mrelation_infra_rs_lldp_if_pol[0m[0m            = "uni/infra/lldpIfP-lldpEnabled"
      [32m+[0m [0m[1m[0mrelation_infra_rs_macsec_if_pol[0m[0m          = "uni/infra/macsecifp-default"
      [32m+[0m [0m[1m[0mrelation_infra_rs_mcp_if_pol[0m[0m             = "uni/infra/mcpIfP-mcpEnabled"
      [32m+[0m [0m[1m[0mrelation_infra_rs_mon_if_infra_pol[0m[0m       = "uni/infra/moninfra-default"
      [32m+[0m [0m[1m[0mrelation_infra_rs_qos_dpp_if_pol[0m[0m         = (known after apply)
      [32m+[0m [0m[1m[0mrelation_infra_rs_qos_egress_dpp_if_pol[0m[0m  = "uni/infra/qosdpppol-default"
      [32m+[0m [0m[1m[0mrelation_infra_rs_qos_ingress_dpp_if_pol[0m[0m = "uni/infra/qosdpppol-default"
      [32m+[0m [0m[1m[0mrelation_infra_rs_qos_pfc_if_pol[0m[0m         = "uni/infra/pfc-default"
      [32m+[0m [0m[1m[0mrelation_infra_rs_qos_sd_if_pol[0m[0m          = "uni/infra/qossdpol-default"
      [32m+[0m [0m[1m[0mrelation_infra_rs_stormctrl_if_pol[0m[0m       = "uni/infra/stormctrlifp-default"
      [32m+[0m [0m[1m[0mrelation_infra_rs_stp_if_pol[0m[0m             = "uni/infra/ifPol-bpduFG"
    }

[1m  # module.access.aci_leaf_access_bundle_policy_group.leaf_interfaces_policy_groups_bundle["vpc066"][0m will be created[0m[0m
[0m  [32m+[0m[0m resource "aci_leaf_access_bundle_policy_group" "leaf_interfaces_policy_groups_bundle" {
      [32m+[0m [0m[1m[0mannotation[0m[0m                               = "easy-aci:1.0.1"
      [32m+[0m [0m[1m[0mdescription[0m[0m                              = "VPC Policy Group for Eth1/#VPC#"
      [32m+[0m [0m[1m[0mid[0m[0m                                       = (known after apply)
      [32m+[0m [0m[1m[0mlag_t[0m[0m                                    = "node"
      [32m+[0m [0m[1m[0mname[0m[0m                                     = "vpc066"
      [32m+[0m [0m[1m[0mname_alias[0m[0m                               = (known after apply)
      [32m+[0m [0m[1m[0mrelation_infra_rs_att_ent_p[0m[0m              = "uni/infra/attentp-trunkAep"
      [32m+[0m [0m[1m[0mrelation_infra_rs_cdp_if_pol[0m[0m             = "uni/infra/cdpIfP-cdpEnabled"
      [32m+[0m [0m[1m[0mrelation_infra_rs_copp_if_pol[0m[0m            = "uni/infra/coppifpol-default"
      [32m+[0m [0m[1m[0mrelation_infra_rs_fc_if_pol[0m[0m              = "uni/infra/fcIfPol-default"
      [32m+[0m [0m[1m[0mrelation_infra_rs_h_if_pol[0m[0m               = "uni/infra/hintfpol-inheritAuto"
      [32m+[0m [0m[1m[0mrelation_infra_rs_l2_if_pol[0m[0m              = "uni/infra/l2IfP-default"
      [32m+[0m [0m[1m[0mrelation_infra_rs_l2_port_auth_pol[0m[0m       = (known after apply)
      [32m+[0m [0m[1m[0mrelation_infra_rs_l2_port_security_pol[0m[0m   = "uni/infra/portsecurityP-default"
      [32m+[0m [0m[1m[0mrelation_infra_rs_lacp_pol[0m[0m               = "uni/infra/lacplagp-lacpActive"
      [32m+[0m [0m[1m[0mrelation_infra_rs_lldp_if_pol[0m[0m            = "uni/infra/lldpIfP-lldpEnabled"
      [32m+[0m [0m[1m[0mrelation_infra_rs_macsec_if_pol[0m[0m          = "uni/infra/macsecifp-default"
      [32m+[0m [0m[1m[0mrelation_infra_rs_mcp_if_pol[0m[0m             = "uni/infra/mcpIfP-mcpEnabled"
      [32m+[0m [0m[1m[0mrelation_infra_rs_mon_if_infra_pol[0m[0m       = "uni/infra/moninfra-default"
      [32m+[0m [0m[1m[0mrelation_infra_rs_qos_dpp_if_pol[0m[0m         = (known after apply)
      [32m+[0m [0m[1m[0mrelation_infra_rs_qos_egress_dpp_if_pol[0m[0m  = "uni/infra/qosdpppol-default"
      [32m+[0m [0m[1m[0mrelation_infra_rs_qos_ingress_dpp_if_pol[0m[0m = "uni/infra/qosdpppol-default"
      [32m+[0m [0m[1m[0mrelation_infra_rs_qos_pfc_if_pol[0m[0m         = "uni/infra/pfc-default"
      [32m+[0m [0m[1m[0mrelation_infra_rs_qos_sd_if_pol[0m[0m          = "uni/infra/qossdpol-default"
      [32m+[0m [0m[1m[0mrelation_infra_rs_stormctrl_if_pol[0m[0m       = "uni/infra/stormctrlifp-default"
      [32m+[0m [0m[1m[0mrelation_infra_rs_stp_if_pol[0m[0m             = "uni/infra/ifPol-bpduFG"
    }

[1m  # module.access.aci_leaf_access_bundle_policy_group.leaf_interfaces_policy_groups_bundle["vpc067"][0m will be created[0m[0m
[0m  [32m+[0m[0m resource "aci_leaf_access_bundle_policy_group" "leaf_interfaces_policy_groups_bundle" {
      [32m+[0m [0m[1m[0mannotation[0m[0m                               = "easy-aci:1.0.1"
      [32m+[0m [0m[1m[0mdescription[0m[0m                              = "VPC Policy Group for Eth1/#VPC#"
      [32m+[0m [0m[1m[0mid[0m[0m                                       = (known after apply)
      [32m+[0m [0m[1m[0mlag_t[0m[0m                                    = "node"
      [32m+[0m [0m[1m[0mname[0m[0m                                     = "vpc067"
      [32m+[0m [0m[1m[0mname_alias[0m[0m                               = (known after apply)
      [32m+[0m [0m[1m[0mrelation_infra_rs_att_ent_p[0m[0m              = "uni/infra/attentp-trunkAep"
      [32m+[0m [0m[1m[0mrelation_infra_rs_cdp_if_pol[0m[0m             = "uni/infra/cdpIfP-cdpEnabled"
      [32m+[0m [0m[1m[0mrelation_infra_rs_copp_if_pol[0m[0m            = "uni/infra/coppifpol-default"
      [32m+[0m [0m[1m[0mrelation_infra_rs_fc_if_pol[0m[0m              = "uni/infra/fcIfPol-default"
      [32m+[0m [0m[1m[0mrelation_infra_rs_h_if_pol[0m[0m               = "uni/infra/hintfpol-inheritAuto"
      [32m+[0m [0m[1m[0mrelation_infra_rs_l2_if_pol[0m[0m              = "uni/infra/l2IfP-default"
      [32m+[0m [0m[1m[0mrelation_infra_rs_l2_port_auth_pol[0m[0m       = (known after apply)
      [32m+[0m [0m[1m[0mrelation_infra_rs_l2_port_security_pol[0m[0m   = "uni/infra/portsecurityP-default"
      [32m+[0m [0m[1m[0mrelation_infra_rs_lacp_pol[0m[0m               = "uni/infra/lacplagp-lacpActive"
      [32m+[0m [0m[1m[0mrelation_infra_rs_lldp_if_pol[0m[0m            = "uni/infra/lldpIfP-lldpEnabled"
      [32m+[0m [0m[1m[0mrelation_infra_rs_macsec_if_pol[0m[0m          = "uni/infra/macsecifp-default"
      [32m+[0m [0m[1m[0mrelation_infra_rs_mcp_if_pol[0m[0m             = "uni/infra/mcpIfP-mcpEnabled"
      [32m+[0m [0m[1m[0mrelation_infra_rs_mon_if_infra_pol[0m[0m       = "uni/infra/moninfra-default"
      [32m+[0m [0m[1m[0mrelation_infra_rs_qos_dpp_if_pol[0m[0m         = (known after apply)
      [32m+[0m [0m[1m[0mrelation_infra_rs_qos_egress_dpp_if_pol[0m[0m  = "uni/infra/qosdpppol-default"
      [32m+[0m [0m[1m[0mrelation_infra_rs_qos_ingress_dpp_if_pol[0m[0m = "uni/infra/qosdpppol-default"
      [32m+[0m [0m[1m[0mrelation_infra_rs_qos_pfc_if_pol[0m[0m         = "uni/infra/pfc-default"
      [32m+[0m [0m[1m[0mrelation_infra_rs_qos_sd_if_pol[0m[0m          = "uni/infra/qossdpol-default"
      [32m+[0m [0m[1m[0mrelation_infra_rs_stormctrl_if_pol[0m[0m       = "uni/infra/stormctrlifp-default"
      [32m+[0m [0m[1m[0mrelation_infra_rs_stp_if_pol[0m[0m             = "uni/infra/ifPol-bpduFG"
    }

[1m  # module.access.aci_leaf_access_bundle_policy_group.leaf_interfaces_policy_groups_bundle["vpc068"][0m will be created[0m[0m
[0m  [32m+[0m[0m resource "aci_leaf_access_bundle_policy_group" "leaf_interfaces_policy_groups_bundle" {
      [32m+[0m [0m[1m[0mannotation[0m[0m                               = "easy-aci:1.0.1"
      [32m+[0m [0m[1m[0mdescription[0m[0m                              = "VPC Policy Group for Eth1/#VPC#"
      [32m+[0m [0m[1m[0mid[0m[0m                                       = (known after apply)
      [32m+[0m [0m[1m[0mlag_t[0m[0m                                    = "node"
      [32m+[0m [0m[1m[0mname[0m[0m                                     = "vpc068"
      [32m+[0m [0m[1m[0mname_alias[0m[0m                               = (known after apply)
      [32m+[0m [0m[1m[0mrelation_infra_rs_att_ent_p[0m[0m              = "uni/infra/attentp-trunkAep"
      [32m+[0m [0m[1m[0mrelation_infra_rs_cdp_if_pol[0m[0m             = "uni/infra/cdpIfP-cdpEnabled"
      [32m+[0m [0m[1m[0mrelation_infra_rs_copp_if_pol[0m[0m            = "uni/infra/coppifpol-default"
      [32m+[0m [0m[1m[0mrelation_infra_rs_fc_if_pol[0m[0m              = "uni/infra/fcIfPol-default"
      [32m+[0m [0m[1m[0mrelation_infra_rs_h_if_pol[0m[0m               = "uni/infra/hintfpol-inheritAuto"
      [32m+[0m [0m[1m[0mrelation_infra_rs_l2_if_pol[0m[0m              = "uni/infra/l2IfP-default"
      [32m+[0m [0m[1m[0mrelation_infra_rs_l2_port_auth_pol[0m[0m       = (known after apply)
      [32m+[0m [0m[1m[0mrelation_infra_rs_l2_port_security_pol[0m[0m   = "uni/infra/portsecurityP-default"
      [32m+[0m [0m[1m[0mrelation_infra_rs_lacp_pol[0m[0m               = "uni/infra/lacplagp-lacpActive"
      [32m+[0m [0m[1m[0mrelation_infra_rs_lldp_if_pol[0m[0m            = "uni/infra/lldpIfP-lldpEnabled"
      [32m+[0m [0m[1m[0mrelation_infra_rs_macsec_if_pol[0m[0m          = "uni/infra/macsecifp-default"
      [32m+[0m [0m[1m[0mrelation_infra_rs_mcp_if_pol[0m[0m             = "uni/infra/mcpIfP-mcpEnabled"
      [32m+[0m [0m[1m[0mrelation_infra_rs_mon_if_infra_pol[0m[0m       = "uni/infra/moninfra-default"
      [32m+[0m [0m[1m[0mrelation_infra_rs_qos_dpp_if_pol[0m[0m         = (known after apply)
      [32m+[0m [0m[1m[0mrelation_infra_rs_qos_egress_dpp_if_pol[0m[0m  = "uni/infra/qosdpppol-default"
      [32m+[0m [0m[1m[0mrelation_infra_rs_qos_ingress_dpp_if_pol[0m[0m = "uni/infra/qosdpppol-default"
      [32m+[0m [0m[1m[0mrelation_infra_rs_qos_pfc_if_pol[0m[0m         = "uni/infra/pfc-default"
      [32m+[0m [0m[1m[0mrelation_infra_rs_qos_sd_if_pol[0m[0m          = "uni/infra/qossdpol-default"
      [32m+[0m [0m[1m[0mrelation_infra_rs_stormctrl_if_pol[0m[0m       = "uni/infra/stormctrlifp-default"
      [32m+[0m [0m[1m[0mrelation_infra_rs_stp_if_pol[0m[0m             = "uni/infra/ifPol-bpduFG"
    }

[1m  # module.access.aci_leaf_access_bundle_policy_group.leaf_interfaces_policy_groups_bundle["vpc069"][0m will be created[0m[0m
[0m  [32m+[0m[0m resource "aci_leaf_access_bundle_policy_group" "leaf_interfaces_policy_groups_bundle" {
      [32m+[0m [0m[1m[0mannotation[0m[0m                               = "easy-aci:1.0.1"
      [32m+[0m [0m[1m[0mdescription[0m[0m                              = "VPC Policy Group for Eth1/#VPC#"
      [32m+[0m [0m[1m[0mid[0m[0m                                       = (known after apply)
      [32m+[0m [0m[1m[0mlag_t[0m[0m                                    = "node"
      [32m+[0m [0m[1m[0mname[0m[0m                                     = "vpc069"
      [32m+[0m [0m[1m[0mname_alias[0m[0m                               = (known after apply)
      [32m+[0m [0m[1m[0mrelation_infra_rs_att_ent_p[0m[0m              = "uni/infra/attentp-trunkAep"
      [32m+[0m [0m[1m[0mrelation_infra_rs_cdp_if_pol[0m[0m             = "uni/infra/cdpIfP-cdpEnabled"
      [32m+[0m [0m[1m[0mrelation_infra_rs_copp_if_pol[0m[0m            = "uni/infra/coppifpol-default"
      [32m+[0m [0m[1m[0mrelation_infra_rs_fc_if_pol[0m[0m              = "uni/infra/fcIfPol-default"
      [32m+[0m [0m[1m[0mrelation_infra_rs_h_if_pol[0m[0m               = "uni/infra/hintfpol-inheritAuto"
      [32m+[0m [0m[1m[0mrelation_infra_rs_l2_if_pol[0m[0m              = "uni/infra/l2IfP-default"
      [32m+[0m [0m[1m[0mrelation_infra_rs_l2_port_auth_pol[0m[0m       = (known after apply)
      [32m+[0m [0m[1m[0mrelation_infra_rs_l2_port_security_pol[0m[0m   = "uni/infra/portsecurityP-default"
      [32m+[0m [0m[1m[0mrelation_infra_rs_lacp_pol[0m[0m               = "uni/infra/lacplagp-lacpActive"
      [32m+[0m [0m[1m[0mrelation_infra_rs_lldp_if_pol[0m[0m            = "uni/infra/lldpIfP-lldpEnabled"
      [32m+[0m [0m[1m[0mrelation_infra_rs_macsec_if_pol[0m[0m          = "uni/infra/macsecifp-default"
      [32m+[0m [0m[1m[0mrelation_infra_rs_mcp_if_pol[0m[0m             = "uni/infra/mcpIfP-mcpEnabled"
      [32m+[0m [0m[1m[0mrelation_infra_rs_mon_if_infra_pol[0m[0m       = "uni/infra/moninfra-default"
      [32m+[0m [0m[1m[0mrelation_infra_rs_qos_dpp_if_pol[0m[0m         = (known after apply)
      [32m+[0m [0m[1m[0mrelation_infra_rs_qos_egress_dpp_if_pol[0m[0m  = "uni/infra/qosdpppol-default"
      [32m+[0m [0m[1m[0mrelation_infra_rs_qos_ingress_dpp_if_pol[0m[0m = "uni/infra/qosdpppol-default"
      [32m+[0m [0m[1m[0mrelation_infra_rs_qos_pfc_if_pol[0m[0m         = "uni/infra/pfc-default"
      [32m+[0m [0m[1m[0mrelation_infra_rs_qos_sd_if_pol[0m[0m          = "uni/infra/qossdpol-default"
      [32m+[0m [0m[1m[0mrelation_infra_rs_stormctrl_if_pol[0m[0m       = "uni/infra/stormctrlifp-default"
      [32m+[0m [0m[1m[0mrelation_infra_rs_stp_if_pol[0m[0m             = "uni/infra/ifPol-bpduFG"
    }

[1m  # module.access.aci_leaf_access_bundle_policy_group.leaf_interfaces_policy_groups_bundle["vpc070"][0m will be created[0m[0m
[0m  [32m+[0m[0m resource "aci_leaf_access_bundle_policy_group" "leaf_interfaces_policy_groups_bundle" {
      [32m+[0m [0m[1m[0mannotation[0m[0m                               = "easy-aci:1.0.1"
      [32m+[0m [0m[1m[0mdescription[0m[0m                              = "VPC Policy Group for Eth1/#VPC#"
      [32m+[0m [0m[1m[0mid[0m[0m                                       = (known after apply)
      [32m+[0m [0m[1m[0mlag_t[0m[0m                                    = "node"
      [32m+[0m [0m[1m[0mname[0m[0m                                     = "vpc070"
      [32m+[0m [0m[1m[0mname_alias[0m[0m                               = (known after apply)
      [32m+[0m [0m[1m[0mrelation_infra_rs_att_ent_p[0m[0m              = "uni/infra/attentp-trunkAep"
      [32m+[0m [0m[1m[0mrelation_infra_rs_cdp_if_pol[0m[0m             = "uni/infra/cdpIfP-cdpEnabled"
      [32m+[0m [0m[1m[0mrelation_infra_rs_copp_if_pol[0m[0m            = "uni/infra/coppifpol-default"
      [32m+[0m [0m[1m[0mrelation_infra_rs_fc_if_pol[0m[0m              = "uni/infra/fcIfPol-default"
      [32m+[0m [0m[1m[0mrelation_infra_rs_h_if_pol[0m[0m               = "uni/infra/hintfpol-inheritAuto"
      [32m+[0m [0m[1m[0mrelation_infra_rs_l2_if_pol[0m[0m              = "uni/infra/l2IfP-default"
      [32m+[0m [0m[1m[0mrelation_infra_rs_l2_port_auth_pol[0m[0m       = (known after apply)
      [32m+[0m [0m[1m[0mrelation_infra_rs_l2_port_security_pol[0m[0m   = "uni/infra/portsecurityP-default"
      [32m+[0m [0m[1m[0mrelation_infra_rs_lacp_pol[0m[0m               = "uni/infra/lacplagp-lacpActive"
      [32m+[0m [0m[1m[0mrelation_infra_rs_lldp_if_pol[0m[0m            = "uni/infra/lldpIfP-lldpEnabled"
      [32m+[0m [0m[1m[0mrelation_infra_rs_macsec_if_pol[0m[0m          = "uni/infra/macsecifp-default"
      [32m+[0m [0m[1m[0mrelation_infra_rs_mcp_if_pol[0m[0m             = "uni/infra/mcpIfP-mcpEnabled"
      [32m+[0m [0m[1m[0mrelation_infra_rs_mon_if_infra_pol[0m[0m       = "uni/infra/moninfra-default"
      [32m+[0m [0m[1m[0mrelation_infra_rs_qos_dpp_if_pol[0m[0m         = (known after apply)
      [32m+[0m [0m[1m[0mrelation_infra_rs_qos_egress_dpp_if_pol[0m[0m  = "uni/infra/qosdpppol-default"
      [32m+[0m [0m[1m[0mrelation_infra_rs_qos_ingress_dpp_if_pol[0m[0m = "uni/infra/qosdpppol-default"
      [32m+[0m [0m[1m[0mrelation_infra_rs_qos_pfc_if_pol[0m[0m         = "uni/infra/pfc-default"
      [32m+[0m [0m[1m[0mrelation_infra_rs_qos_sd_if_pol[0m[0m          = "uni/infra/qossdpol-default"
      [32m+[0m [0m[1m[0mrelation_infra_rs_stormctrl_if_pol[0m[0m       = "uni/infra/stormctrlifp-default"
      [32m+[0m [0m[1m[0mrelation_infra_rs_stp_if_pol[0m[0m             = "uni/infra/ifPol-bpduFG"
    }

[1m  # module.access.aci_leaf_access_bundle_policy_group.leaf_interfaces_policy_groups_bundle["vpc071"][0m will be created[0m[0m
[0m  [32m+[0m[0m resource "aci_leaf_access_bundle_policy_group" "leaf_interfaces_policy_groups_bundle" {
      [32m+[0m [0m[1m[0mannotation[0m[0m                               = "easy-aci:1.0.1"
      [32m+[0m [0m[1m[0mdescription[0m[0m                              = "VPC Policy Group for Eth1/#VPC#"
      [32m+[0m [0m[1m[0mid[0m[0m                                       = (known after apply)
      [32m+[0m [0m[1m[0mlag_t[0m[0m                                    = "node"
      [32m+[0m [0m[1m[0mname[0m[0m                                     = "vpc071"
      [32m+[0m [0m[1m[0mname_alias[0m[0m                               = (known after apply)
      [32m+[0m [0m[1m[0mrelation_infra_rs_att_ent_p[0m[0m              = "uni/infra/attentp-trunkAep"
      [32m+[0m [0m[1m[0mrelation_infra_rs_cdp_if_pol[0m[0m             = "uni/infra/cdpIfP-cdpEnabled"
      [32m+[0m [0m[1m[0mrelation_infra_rs_copp_if_pol[0m[0m            = "uni/infra/coppifpol-default"
      [32m+[0m [0m[1m[0mrelation_infra_rs_fc_if_pol[0m[0m              = "uni/infra/fcIfPol-default"
      [32m+[0m [0m[1m[0mrelation_infra_rs_h_if_pol[0m[0m               = "uni/infra/hintfpol-inheritAuto"
      [32m+[0m [0m[1m[0mrelation_infra_rs_l2_if_pol[0m[0m              = "uni/infra/l2IfP-default"
      [32m+[0m [0m[1m[0mrelation_infra_rs_l2_port_auth_pol[0m[0m       = (known after apply)
      [32m+[0m [0m[1m[0mrelation_infra_rs_l2_port_security_pol[0m[0m   = "uni/infra/portsecurityP-default"
      [32m+[0m [0m[1m[0mrelation_infra_rs_lacp_pol[0m[0m               = "uni/infra/lacplagp-lacpActive"
      [32m+[0m [0m[1m[0mrelation_infra_rs_lldp_if_pol[0m[0m            = "uni/infra/lldpIfP-lldpEnabled"
      [32m+[0m [0m[1m[0mrelation_infra_rs_macsec_if_pol[0m[0m          = "uni/infra/macsecifp-default"
      [32m+[0m [0m[1m[0mrelation_infra_rs_mcp_if_pol[0m[0m             = "uni/infra/mcpIfP-mcpEnabled"
      [32m+[0m [0m[1m[0mrelation_infra_rs_mon_if_infra_pol[0m[0m       = "uni/infra/moninfra-default"
      [32m+[0m [0m[1m[0mrelation_infra_rs_qos_dpp_if_pol[0m[0m         = (known after apply)
      [32m+[0m [0m[1m[0mrelation_infra_rs_qos_egress_dpp_if_pol[0m[0m  = "uni/infra/qosdpppol-default"
      [32m+[0m [0m[1m[0mrelation_infra_rs_qos_ingress_dpp_if_pol[0m[0m = "uni/infra/qosdpppol-default"
      [32m+[0m [0m[1m[0mrelation_infra_rs_qos_pfc_if_pol[0m[0m         = "uni/infra/pfc-default"
      [32m+[0m [0m[1m[0mrelation_infra_rs_qos_sd_if_pol[0m[0m          = "uni/infra/qossdpol-default"
      [32m+[0m [0m[1m[0mrelation_infra_rs_stormctrl_if_pol[0m[0m       = "uni/infra/stormctrlifp-default"
      [32m+[0m [0m[1m[0mrelation_infra_rs_stp_if_pol[0m[0m             = "uni/infra/ifPol-bpduFG"
    }

[1m  # module.access.aci_leaf_access_bundle_policy_group.leaf_interfaces_policy_groups_bundle["vpc072"][0m will be created[0m[0m
[0m  [32m+[0m[0m resource "aci_leaf_access_bundle_policy_group" "leaf_interfaces_policy_groups_bundle" {
      [32m+[0m [0m[1m[0mannotation[0m[0m                               = "easy-aci:1.0.1"
      [32m+[0m [0m[1m[0mdescription[0m[0m                              = "VPC Policy Group for Eth1/#VPC#"
      [32m+[0m [0m[1m[0mid[0m[0m                                       = (known after apply)
      [32m+[0m [0m[1m[0mlag_t[0m[0m                                    = "node"
      [32m+[0m [0m[1m[0mname[0m[0m                                     = "vpc072"
      [32m+[0m [0m[1m[0mname_alias[0m[0m                               = (known after apply)
      [32m+[0m [0m[1m[0mrelation_infra_rs_att_ent_p[0m[0m              = "uni/infra/attentp-trunkAep"
      [32m+[0m [0m[1m[0mrelation_infra_rs_cdp_if_pol[0m[0m             = "uni/infra/cdpIfP-cdpEnabled"
      [32m+[0m [0m[1m[0mrelation_infra_rs_copp_if_pol[0m[0m            = "uni/infra/coppifpol-default"
      [32m+[0m [0m[1m[0mrelation_infra_rs_fc_if_pol[0m[0m              = "uni/infra/fcIfPol-default"
      [32m+[0m [0m[1m[0mrelation_infra_rs_h_if_pol[0m[0m               = "uni/infra/hintfpol-inheritAuto"
      [32m+[0m [0m[1m[0mrelation_infra_rs_l2_if_pol[0m[0m              = "uni/infra/l2IfP-default"
      [32m+[0m [0m[1m[0mrelation_infra_rs_l2_port_auth_pol[0m[0m       = (known after apply)
      [32m+[0m [0m[1m[0mrelation_infra_rs_l2_port_security_pol[0m[0m   = "uni/infra/portsecurityP-default"
      [32m+[0m [0m[1m[0mrelation_infra_rs_lacp_pol[0m[0m               = "uni/infra/lacplagp-lacpActive"
      [32m+[0m [0m[1m[0mrelation_infra_rs_lldp_if_pol[0m[0m            = "uni/infra/lldpIfP-lldpEnabled"
      [32m+[0m [0m[1m[0mrelation_infra_rs_macsec_if_pol[0m[0m          = "uni/infra/macsecifp-default"
      [32m+[0m [0m[1m[0mrelation_infra_rs_mcp_if_pol[0m[0m             = "uni/infra/mcpIfP-mcpEnabled"
      [32m+[0m [0m[1m[0mrelation_infra_rs_mon_if_infra_pol[0m[0m       = "uni/infra/moninfra-default"
      [32m+[0m [0m[1m[0mrelation_infra_rs_qos_dpp_if_pol[0m[0m         = (known after apply)
      [32m+[0m [0m[1m[0mrelation_infra_rs_qos_egress_dpp_if_pol[0m[0m  = "uni/infra/qosdpppol-default"
      [32m+[0m [0m[1m[0mrelation_infra_rs_qos_ingress_dpp_if_pol[0m[0m = "uni/infra/qosdpppol-default"
      [32m+[0m [0m[1m[0mrelation_infra_rs_qos_pfc_if_pol[0m[0m         = "uni/infra/pfc-default"
      [32m+[0m [0m[1m[0mrelation_infra_rs_qos_sd_if_pol[0m[0m          = "uni/infra/qossdpol-default"
      [32m+[0m [0m[1m[0mrelation_infra_rs_stormctrl_if_pol[0m[0m       = "uni/infra/stormctrlifp-default"
      [32m+[0m [0m[1m[0mrelation_infra_rs_stp_if_pol[0m[0m             = "uni/infra/ifPol-bpduFG"
    }

[1m  # module.access.aci_leaf_access_bundle_policy_group.leaf_interfaces_policy_groups_bundle["vpc073"][0m will be created[0m[0m
[0m  [32m+[0m[0m resource "aci_leaf_access_bundle_policy_group" "leaf_interfaces_policy_groups_bundle" {
      [32m+[0m [0m[1m[0mannotation[0m[0m                               = "easy-aci:1.0.1"
      [32m+[0m [0m[1m[0mdescription[0m[0m                              = "VPC Policy Group for Eth1/#VPC#"
      [32m+[0m [0m[1m[0mid[0m[0m                                       = (known after apply)
      [32m+[0m [0m[1m[0mlag_t[0m[0m                                    = "node"
      [32m+[0m [0m[1m[0mname[0m[0m                                     = "vpc073"
      [32m+[0m [0m[1m[0mname_alias[0m[0m                               = (known after apply)
      [32m+[0m [0m[1m[0mrelation_infra_rs_att_ent_p[0m[0m              = "uni/infra/attentp-trunkAep"
      [32m+[0m [0m[1m[0mrelation_infra_rs_cdp_if_pol[0m[0m             = "uni/infra/cdpIfP-cdpEnabled"
      [32m+[0m [0m[1m[0mrelation_infra_rs_copp_if_pol[0m[0m            = "uni/infra/coppifpol-default"
      [32m+[0m [0m[1m[0mrelation_infra_rs_fc_if_pol[0m[0m              = "uni/infra/fcIfPol-default"
      [32m+[0m [0m[1m[0mrelation_infra_rs_h_if_pol[0m[0m               = "uni/infra/hintfpol-inheritAuto"
      [32m+[0m [0m[1m[0mrelation_infra_rs_l2_if_pol[0m[0m              = "uni/infra/l2IfP-default"
      [32m+[0m [0m[1m[0mrelation_infra_rs_l2_port_auth_pol[0m[0m       = (known after apply)
      [32m+[0m [0m[1m[0mrelation_infra_rs_l2_port_security_pol[0m[0m   = "uni/infra/portsecurityP-default"
      [32m+[0m [0m[1m[0mrelation_infra_rs_lacp_pol[0m[0m               = "uni/infra/lacplagp-lacpActive"
      [32m+[0m [0m[1m[0mrelation_infra_rs_lldp_if_pol[0m[0m            = "uni/infra/lldpIfP-lldpEnabled"
      [32m+[0m [0m[1m[0mrelation_infra_rs_macsec_if_pol[0m[0m          = "uni/infra/macsecifp-default"
      [32m+[0m [0m[1m[0mrelation_infra_rs_mcp_if_pol[0m[0m             = "uni/infra/mcpIfP-mcpEnabled"
      [32m+[0m [0m[1m[0mrelation_infra_rs_mon_if_infra_pol[0m[0m       = "uni/infra/moninfra-default"
      [32m+[0m [0m[1m[0mrelation_infra_rs_qos_dpp_if_pol[0m[0m         = (known after apply)
      [32m+[0m [0m[1m[0mrelation_infra_rs_qos_egress_dpp_if_pol[0m[0m  = "uni/infra/qosdpppol-default"
      [32m+[0m [0m[1m[0mrelation_infra_rs_qos_ingress_dpp_if_pol[0m[0m = "uni/infra/qosdpppol-default"
      [32m+[0m [0m[1m[0mrelation_infra_rs_qos_pfc_if_pol[0m[0m         = "uni/infra/pfc-default"
      [32m+[0m [0m[1m[0mrelation_infra_rs_qos_sd_if_pol[0m[0m          = "uni/infra/qossdpol-default"
      [32m+[0m [0m[1m[0mrelation_infra_rs_stormctrl_if_pol[0m[0m       = "uni/infra/stormctrlifp-default"
      [32m+[0m [0m[1m[0mrelation_infra_rs_stp_if_pol[0m[0m             = "uni/infra/ifPol-bpduFG"
    }

[1m  # module.access.aci_leaf_access_bundle_policy_group.leaf_interfaces_policy_groups_bundle["vpc074"][0m will be created[0m[0m
[0m  [32m+[0m[0m resource "aci_leaf_access_bundle_policy_group" "leaf_interfaces_policy_groups_bundle" {
      [32m+[0m [0m[1m[0mannotation[0m[0m                               = "easy-aci:1.0.1"
      [32m+[0m [0m[1m[0mdescription[0m[0m                              = "VPC Policy Group for Eth1/#VPC#"
      [32m+[0m [0m[1m[0mid[0m[0m                                       = (known after apply)
      [32m+[0m [0m[1m[0mlag_t[0m[0m                                    = "node"
      [32m+[0m [0m[1m[0mname[0m[0m                                     = "vpc074"
      [32m+[0m [0m[1m[0mname_alias[0m[0m                               = (known after apply)
      [32m+[0m [0m[1m[0mrelation_infra_rs_att_ent_p[0m[0m              = "uni/infra/attentp-trunkAep"
      [32m+[0m [0m[1m[0mrelation_infra_rs_cdp_if_pol[0m[0m             = "uni/infra/cdpIfP-cdpEnabled"
      [32m+[0m [0m[1m[0mrelation_infra_rs_copp_if_pol[0m[0m            = "uni/infra/coppifpol-default"
      [32m+[0m [0m[1m[0mrelation_infra_rs_fc_if_pol[0m[0m              = "uni/infra/fcIfPol-default"
      [32m+[0m [0m[1m[0mrelation_infra_rs_h_if_pol[0m[0m               = "uni/infra/hintfpol-inheritAuto"
      [32m+[0m [0m[1m[0mrelation_infra_rs_l2_if_pol[0m[0m              = "uni/infra/l2IfP-default"
      [32m+[0m [0m[1m[0mrelation_infra_rs_l2_port_auth_pol[0m[0m       = (known after apply)
      [32m+[0m [0m[1m[0mrelation_infra_rs_l2_port_security_pol[0m[0m   = "uni/infra/portsecurityP-default"
      [32m+[0m [0m[1m[0mrelation_infra_rs_lacp_pol[0m[0m               = "uni/infra/lacplagp-lacpActive"
      [32m+[0m [0m[1m[0mrelation_infra_rs_lldp_if_pol[0m[0m            = "uni/infra/lldpIfP-lldpEnabled"
      [32m+[0m [0m[1m[0mrelation_infra_rs_macsec_if_pol[0m[0m          = "uni/infra/macsecifp-default"
      [32m+[0m [0m[1m[0mrelation_infra_rs_mcp_if_pol[0m[0m             = "uni/infra/mcpIfP-mcpEnabled"
      [32m+[0m [0m[1m[0mrelation_infra_rs_mon_if_infra_pol[0m[0m       = "uni/infra/moninfra-default"
      [32m+[0m [0m[1m[0mrelation_infra_rs_qos_dpp_if_pol[0m[0m         = (known after apply)
      [32m+[0m [0m[1m[0mrelation_infra_rs_qos_egress_dpp_if_pol[0m[0m  = "uni/infra/qosdpppol-default"
      [32m+[0m [0m[1m[0mrelation_infra_rs_qos_ingress_dpp_if_pol[0m[0m = "uni/infra/qosdpppol-default"
      [32m+[0m [0m[1m[0mrelation_infra_rs_qos_pfc_if_pol[0m[0m         = "uni/infra/pfc-default"
      [32m+[0m [0m[1m[0mrelation_infra_rs_qos_sd_if_pol[0m[0m          = "uni/infra/qossdpol-default"
      [32m+[0m [0m[1m[0mrelation_infra_rs_stormctrl_if_pol[0m[0m       = "uni/infra/stormctrlifp-default"
      [32m+[0m [0m[1m[0mrelation_infra_rs_stp_if_pol[0m[0m             = "uni/infra/ifPol-bpduFG"
    }

[1m  # module.access.aci_leaf_access_bundle_policy_group.leaf_interfaces_policy_groups_bundle["vpc075"][0m will be created[0m[0m
[0m  [32m+[0m[0m resource "aci_leaf_access_bundle_policy_group" "leaf_interfaces_policy_groups_bundle" {
      [32m+[0m [0m[1m[0mannotation[0m[0m                               = "easy-aci:1.0.1"
      [32m+[0m [0m[1m[0mdescription[0m[0m                              = "VPC Policy Group for Eth1/#VPC#"
      [32m+[0m [0m[1m[0mid[0m[0m                                       = (known after apply)
      [32m+[0m [0m[1m[0mlag_t[0m[0m                                    = "node"
      [32m+[0m [0m[1m[0mname[0m[0m                                     = "vpc075"
      [32m+[0m [0m[1m[0mname_alias[0m[0m                               = (known after apply)
      [32m+[0m [0m[1m[0mrelation_infra_rs_att_ent_p[0m[0m              = "uni/infra/attentp-trunkAep"
      [32m+[0m [0m[1m[0mrelation_infra_rs_cdp_if_pol[0m[0m             = "uni/infra/cdpIfP-cdpEnabled"
      [32m+[0m [0m[1m[0mrelation_infra_rs_copp_if_pol[0m[0m            = "uni/infra/coppifpol-default"
      [32m+[0m [0m[1m[0mrelation_infra_rs_fc_if_pol[0m[0m              = "uni/infra/fcIfPol-default"
      [32m+[0m [0m[1m[0mrelation_infra_rs_h_if_pol[0m[0m               = "uni/infra/hintfpol-inheritAuto"
      [32m+[0m [0m[1m[0mrelation_infra_rs_l2_if_pol[0m[0m              = "uni/infra/l2IfP-default"
      [32m+[0m [0m[1m[0mrelation_infra_rs_l2_port_auth_pol[0m[0m       = (known after apply)
      [32m+[0m [0m[1m[0mrelation_infra_rs_l2_port_security_pol[0m[0m   = "uni/infra/portsecurityP-default"
      [32m+[0m [0m[1m[0mrelation_infra_rs_lacp_pol[0m[0m               = "uni/infra/lacplagp-lacpActive"
      [32m+[0m [0m[1m[0mrelation_infra_rs_lldp_if_pol[0m[0m            = "uni/infra/lldpIfP-lldpEnabled"
      [32m+[0m [0m[1m[0mrelation_infra_rs_macsec_if_pol[0m[0m          = "uni/infra/macsecifp-default"
      [32m+[0m [0m[1m[0mrelation_infra_rs_mcp_if_pol[0m[0m             = "uni/infra/mcpIfP-mcpEnabled"
      [32m+[0m [0m[1m[0mrelation_infra_rs_mon_if_infra_pol[0m[0m       = "uni/infra/moninfra-default"
      [32m+[0m [0m[1m[0mrelation_infra_rs_qos_dpp_if_pol[0m[0m         = (known after apply)
      [32m+[0m [0m[1m[0mrelation_infra_rs_qos_egress_dpp_if_pol[0m[0m  = "uni/infra/qosdpppol-default"
      [32m+[0m [0m[1m[0mrelation_infra_rs_qos_ingress_dpp_if_pol[0m[0m = "uni/infra/qosdpppol-default"
      [32m+[0m [0m[1m[0mrelation_infra_rs_qos_pfc_if_pol[0m[0m         = "uni/infra/pfc-default"
      [32m+[0m [0m[1m[0mrelation_infra_rs_qos_sd_if_pol[0m[0m          = "uni/infra/qossdpol-default"
      [32m+[0m [0m[1m[0mrelation_infra_rs_stormctrl_if_pol[0m[0m       = "uni/infra/stormctrlifp-default"
      [32m+[0m [0m[1m[0mrelation_infra_rs_stp_if_pol[0m[0m             = "uni/infra/ifPol-bpduFG"
    }

[1m  # module.access.aci_leaf_access_bundle_policy_group.leaf_interfaces_policy_groups_bundle["vpc076"][0m will be created[0m[0m
[0m  [32m+[0m[0m resource "aci_leaf_access_bundle_policy_group" "leaf_interfaces_policy_groups_bundle" {
      [32m+[0m [0m[1m[0mannotation[0m[0m                               = "easy-aci:1.0.1"
      [32m+[0m [0m[1m[0mdescription[0m[0m                              = "VPC Policy Group for Eth1/#VPC#"
      [32m+[0m [0m[1m[0mid[0m[0m                                       = (known after apply)
      [32m+[0m [0m[1m[0mlag_t[0m[0m                                    = "node"
      [32m+[0m [0m[1m[0mname[0m[0m                                     = "vpc076"
      [32m+[0m [0m[1m[0mname_alias[0m[0m                               = (known after apply)
      [32m+[0m [0m[1m[0mrelation_infra_rs_att_ent_p[0m[0m              = "uni/infra/attentp-trunkAep"
      [32m+[0m [0m[1m[0mrelation_infra_rs_cdp_if_pol[0m[0m             = "uni/infra/cdpIfP-cdpEnabled"
      [32m+[0m [0m[1m[0mrelation_infra_rs_copp_if_pol[0m[0m            = "uni/infra/coppifpol-default"
      [32m+[0m [0m[1m[0mrelation_infra_rs_fc_if_pol[0m[0m              = "uni/infra/fcIfPol-default"
      [32m+[0m [0m[1m[0mrelation_infra_rs_h_if_pol[0m[0m               = "uni/infra/hintfpol-inheritAuto"
      [32m+[0m [0m[1m[0mrelation_infra_rs_l2_if_pol[0m[0m              = "uni/infra/l2IfP-default"
      [32m+[0m [0m[1m[0mrelation_infra_rs_l2_port_auth_pol[0m[0m       = (known after apply)
      [32m+[0m [0m[1m[0mrelation_infra_rs_l2_port_security_pol[0m[0m   = "uni/infra/portsecurityP-default"
      [32m+[0m [0m[1m[0mrelation_infra_rs_lacp_pol[0m[0m               = "uni/infra/lacplagp-lacpActive"
      [32m+[0m [0m[1m[0mrelation_infra_rs_lldp_if_pol[0m[0m            = "uni/infra/lldpIfP-lldpEnabled"
      [32m+[0m [0m[1m[0mrelation_infra_rs_macsec_if_pol[0m[0m          = "uni/infra/macsecifp-default"
      [32m+[0m [0m[1m[0mrelation_infra_rs_mcp_if_pol[0m[0m             = "uni/infra/mcpIfP-mcpEnabled"
      [32m+[0m [0m[1m[0mrelation_infra_rs_mon_if_infra_pol[0m[0m       = "uni/infra/moninfra-default"
      [32m+[0m [0m[1m[0mrelation_infra_rs_qos_dpp_if_pol[0m[0m         = (known after apply)
      [32m+[0m [0m[1m[0mrelation_infra_rs_qos_egress_dpp_if_pol[0m[0m  = "uni/infra/qosdpppol-default"
      [32m+[0m [0m[1m[0mrelation_infra_rs_qos_ingress_dpp_if_pol[0m[0m = "uni/infra/qosdpppol-default"
      [32m+[0m [0m[1m[0mrelation_infra_rs_qos_pfc_if_pol[0m[0m         = "uni/infra/pfc-default"
      [32m+[0m [0m[1m[0mrelation_infra_rs_qos_sd_if_pol[0m[0m          = "uni/infra/qossdpol-default"
      [32m+[0m [0m[1m[0mrelation_infra_rs_stormctrl_if_pol[0m[0m       = "uni/infra/stormctrlifp-default"
      [32m+[0m [0m[1m[0mrelation_infra_rs_stp_if_pol[0m[0m             = "uni/infra/ifPol-bpduFG"
    }

[1m  # module.access.aci_leaf_access_bundle_policy_group.leaf_interfaces_policy_groups_bundle["vpc077"][0m will be created[0m[0m
[0m  [32m+[0m[0m resource "aci_leaf_access_bundle_policy_group" "leaf_interfaces_policy_groups_bundle" {
      [32m+[0m [0m[1m[0mannotation[0m[0m                               = "easy-aci:1.0.1"
      [32m+[0m [0m[1m[0mdescription[0m[0m                              = "VPC Policy Group for Eth1/#VPC#"
      [32m+[0m [0m[1m[0mid[0m[0m                                       = (known after apply)
      [32m+[0m [0m[1m[0mlag_t[0m[0m                                    = "node"
      [32m+[0m [0m[1m[0mname[0m[0m                                     = "vpc077"
      [32m+[0m [0m[1m[0mname_alias[0m[0m                               = (known after apply)
      [32m+[0m [0m[1m[0mrelation_infra_rs_att_ent_p[0m[0m              = "uni/infra/attentp-trunkAep"
      [32m+[0m [0m[1m[0mrelation_infra_rs_cdp_if_pol[0m[0m             = "uni/infra/cdpIfP-cdpEnabled"
      [32m+[0m [0m[1m[0mrelation_infra_rs_copp_if_pol[0m[0m            = "uni/infra/coppifpol-default"
      [32m+[0m [0m[1m[0mrelation_infra_rs_fc_if_pol[0m[0m              = "uni/infra/fcIfPol-default"
      [32m+[0m [0m[1m[0mrelation_infra_rs_h_if_pol[0m[0m               = "uni/infra/hintfpol-inheritAuto"
      [32m+[0m [0m[1m[0mrelation_infra_rs_l2_if_pol[0m[0m              = "uni/infra/l2IfP-default"
      [32m+[0m [0m[1m[0mrelation_infra_rs_l2_port_auth_pol[0m[0m       = (known after apply)
      [32m+[0m [0m[1m[0mrelation_infra_rs_l2_port_security_pol[0m[0m   = "uni/infra/portsecurityP-default"
      [32m+[0m [0m[1m[0mrelation_infra_rs_lacp_pol[0m[0m               = "uni/infra/lacplagp-lacpActive"
      [32m+[0m [0m[1m[0mrelation_infra_rs_lldp_if_pol[0m[0m            = "uni/infra/lldpIfP-lldpEnabled"
      [32m+[0m [0m[1m[0mrelation_infra_rs_macsec_if_pol[0m[0m          = "uni/infra/macsecifp-default"
      [32m+[0m [0m[1m[0mrelation_infra_rs_mcp_if_pol[0m[0m             = "uni/infra/mcpIfP-mcpEnabled"
      [32m+[0m [0m[1m[0mrelation_infra_rs_mon_if_infra_pol[0m[0m       = "uni/infra/moninfra-default"
      [32m+[0m [0m[1m[0mrelation_infra_rs_qos_dpp_if_pol[0m[0m         = (known after apply)
      [32m+[0m [0m[1m[0mrelation_infra_rs_qos_egress_dpp_if_pol[0m[0m  = "uni/infra/qosdpppol-default"
      [32m+[0m [0m[1m[0mrelation_infra_rs_qos_ingress_dpp_if_pol[0m[0m = "uni/infra/qosdpppol-default"
      [32m+[0m [0m[1m[0mrelation_infra_rs_qos_pfc_if_pol[0m[0m         = "uni/infra/pfc-default"
      [32m+[0m [0m[1m[0mrelation_infra_rs_qos_sd_if_pol[0m[0m          = "uni/infra/qossdpol-default"
      [32m+[0m [0m[1m[0mrelation_infra_rs_stormctrl_if_pol[0m[0m       = "uni/infra/stormctrlifp-default"
      [32m+[0m [0m[1m[0mrelation_infra_rs_stp_if_pol[0m[0m             = "uni/infra/ifPol-bpduFG"
    }

[1m  # module.access.aci_leaf_access_bundle_policy_group.leaf_interfaces_policy_groups_bundle["vpc078"][0m will be created[0m[0m
[0m  [32m+[0m[0m resource "aci_leaf_access_bundle_policy_group" "leaf_interfaces_policy_groups_bundle" {
      [32m+[0m [0m[1m[0mannotation[0m[0m                               = "easy-aci:1.0.1"
      [32m+[0m [0m[1m[0mdescription[0m[0m                              = "VPC Policy Group for Eth1/#VPC#"
      [32m+[0m [0m[1m[0mid[0m[0m                                       = (known after apply)
      [32m+[0m [0m[1m[0mlag_t[0m[0m                                    = "node"
      [32m+[0m [0m[1m[0mname[0m[0m                                     = "vpc078"
      [32m+[0m [0m[1m[0mname_alias[0m[0m                               = (known after apply)
      [32m+[0m [0m[1m[0mrelation_infra_rs_att_ent_p[0m[0m              = "uni/infra/attentp-trunkAep"
      [32m+[0m [0m[1m[0mrelation_infra_rs_cdp_if_pol[0m[0m             = "uni/infra/cdpIfP-cdpEnabled"
      [32m+[0m [0m[1m[0mrelation_infra_rs_copp_if_pol[0m[0m            = "uni/infra/coppifpol-default"
      [32m+[0m [0m[1m[0mrelation_infra_rs_fc_if_pol[0m[0m              = "uni/infra/fcIfPol-default"
      [32m+[0m [0m[1m[0mrelation_infra_rs_h_if_pol[0m[0m               = "uni/infra/hintfpol-inheritAuto"
      [32m+[0m [0m[1m[0mrelation_infra_rs_l2_if_pol[0m[0m              = "uni/infra/l2IfP-default"
      [32m+[0m [0m[1m[0mrelation_infra_rs_l2_port_auth_pol[0m[0m       = (known after apply)
      [32m+[0m [0m[1m[0mrelation_infra_rs_l2_port_security_pol[0m[0m   = "uni/infra/portsecurityP-default"
      [32m+[0m [0m[1m[0mrelation_infra_rs_lacp_pol[0m[0m               = "uni/infra/lacplagp-lacpActive"
      [32m+[0m [0m[1m[0mrelation_infra_rs_lldp_if_pol[0m[0m            = "uni/infra/lldpIfP-lldpEnabled"
      [32m+[0m [0m[1m[0mrelation_infra_rs_macsec_if_pol[0m[0m          = "uni/infra/macsecifp-default"
      [32m+[0m [0m[1m[0mrelation_infra_rs_mcp_if_pol[0m[0m             = "uni/infra/mcpIfP-mcpEnabled"
      [32m+[0m [0m[1m[0mrelation_infra_rs_mon_if_infra_pol[0m[0m       = "uni/infra/moninfra-default"
      [32m+[0m [0m[1m[0mrelation_infra_rs_qos_dpp_if_pol[0m[0m         = (known after apply)
      [32m+[0m [0m[1m[0mrelation_infra_rs_qos_egress_dpp_if_pol[0m[0m  = "uni/infra/qosdpppol-default"
      [32m+[0m [0m[1m[0mrelation_infra_rs_qos_ingress_dpp_if_pol[0m[0m = "uni/infra/qosdpppol-default"
      [32m+[0m [0m[1m[0mrelation_infra_rs_qos_pfc_if_pol[0m[0m         = "uni/infra/pfc-default"
      [32m+[0m [0m[1m[0mrelation_infra_rs_qos_sd_if_pol[0m[0m          = "uni/infra/qossdpol-default"
      [32m+[0m [0m[1m[0mrelation_infra_rs_stormctrl_if_pol[0m[0m       = "uni/infra/stormctrlifp-default"
      [32m+[0m [0m[1m[0mrelation_infra_rs_stp_if_pol[0m[0m             = "uni/infra/ifPol-bpduFG"
    }

[1m  # module.access.aci_leaf_access_bundle_policy_group.leaf_interfaces_policy_groups_bundle["vpc079"][0m will be created[0m[0m
[0m  [32m+[0m[0m resource "aci_leaf_access_bundle_policy_group" "leaf_interfaces_policy_groups_bundle" {
      [32m+[0m [0m[1m[0mannotation[0m[0m                               = "easy-aci:1.0.1"
      [32m+[0m [0m[1m[0mdescription[0m[0m                              = "VPC Policy Group for Eth1/#VPC#"
      [32m+[0m [0m[1m[0mid[0m[0m                                       = (known after apply)
      [32m+[0m [0m[1m[0mlag_t[0m[0m                                    = "node"
      [32m+[0m [0m[1m[0mname[0m[0m                                     = "vpc079"
      [32m+[0m [0m[1m[0mname_alias[0m[0m                               = (known after apply)
      [32m+[0m [0m[1m[0mrelation_infra_rs_att_ent_p[0m[0m              = "uni/infra/attentp-trunkAep"
      [32m+[0m [0m[1m[0mrelation_infra_rs_cdp_if_pol[0m[0m             = "uni/infra/cdpIfP-cdpEnabled"
      [32m+[0m [0m[1m[0mrelation_infra_rs_copp_if_pol[0m[0m            = "uni/infra/coppifpol-default"
      [32m+[0m [0m[1m[0mrelation_infra_rs_fc_if_pol[0m[0m              = "uni/infra/fcIfPol-default"
      [32m+[0m [0m[1m[0mrelation_infra_rs_h_if_pol[0m[0m               = "uni/infra/hintfpol-inheritAuto"
      [32m+[0m [0m[1m[0mrelation_infra_rs_l2_if_pol[0m[0m              = "uni/infra/l2IfP-default"
      [32m+[0m [0m[1m[0mrelation_infra_rs_l2_port_auth_pol[0m[0m       = (known after apply)
      [32m+[0m [0m[1m[0mrelation_infra_rs_l2_port_security_pol[0m[0m   = "uni/infra/portsecurityP-default"
      [32m+[0m [0m[1m[0mrelation_infra_rs_lacp_pol[0m[0m               = "uni/infra/lacplagp-lacpActive"
      [32m+[0m [0m[1m[0mrelation_infra_rs_lldp_if_pol[0m[0m            = "uni/infra/lldpIfP-lldpEnabled"
      [32m+[0m [0m[1m[0mrelation_infra_rs_macsec_if_pol[0m[0m          = "uni/infra/macsecifp-default"
      [32m+[0m [0m[1m[0mrelation_infra_rs_mcp_if_pol[0m[0m             = "uni/infra/mcpIfP-mcpEnabled"
      [32m+[0m [0m[1m[0mrelation_infra_rs_mon_if_infra_pol[0m[0m       = "uni/infra/moninfra-default"
      [32m+[0m [0m[1m[0mrelation_infra_rs_qos_dpp_if_pol[0m[0m         = (known after apply)
      [32m+[0m [0m[1m[0mrelation_infra_rs_qos_egress_dpp_if_pol[0m[0m  = "uni/infra/qosdpppol-default"
      [32m+[0m [0m[1m[0mrelation_infra_rs_qos_ingress_dpp_if_pol[0m[0m = "uni/infra/qosdpppol-default"
      [32m+[0m [0m[1m[0mrelation_infra_rs_qos_pfc_if_pol[0m[0m         = "uni/infra/pfc-default"
      [32m+[0m [0m[1m[0mrelation_infra_rs_qos_sd_if_pol[0m[0m          = "uni/infra/qossdpol-default"
      [32m+[0m [0m[1m[0mrelation_infra_rs_stormctrl_if_pol[0m[0m       = "uni/infra/stormctrlifp-default"
      [32m+[0m [0m[1m[0mrelation_infra_rs_stp_if_pol[0m[0m             = "uni/infra/ifPol-bpduFG"
    }

[1m  # module.access.aci_leaf_access_bundle_policy_group.leaf_interfaces_policy_groups_bundle["vpc080"][0m will be created[0m[0m
[0m  [32m+[0m[0m resource "aci_leaf_access_bundle_policy_group" "leaf_interfaces_policy_groups_bundle" {
      [32m+[0m [0m[1m[0mannotation[0m[0m                               = "easy-aci:1.0.1"
      [32m+[0m [0m[1m[0mdescription[0m[0m                              = "VPC Policy Group for Eth1/#VPC#"
      [32m+[0m [0m[1m[0mid[0m[0m                                       = (known after apply)
      [32m+[0m [0m[1m[0mlag_t[0m[0m                                    = "node"
      [32m+[0m [0m[1m[0mname[0m[0m                                     = "vpc080"
      [32m+[0m [0m[1m[0mname_alias[0m[0m                               = (known after apply)
      [32m+[0m [0m[1m[0mrelation_infra_rs_att_ent_p[0m[0m              = "uni/infra/attentp-trunkAep"
      [32m+[0m [0m[1m[0mrelation_infra_rs_cdp_if_pol[0m[0m             = "uni/infra/cdpIfP-cdpEnabled"
      [32m+[0m [0m[1m[0mrelation_infra_rs_copp_if_pol[0m[0m            = "uni/infra/coppifpol-default"
      [32m+[0m [0m[1m[0mrelation_infra_rs_fc_if_pol[0m[0m              = "uni/infra/fcIfPol-default"
      [32m+[0m [0m[1m[0mrelation_infra_rs_h_if_pol[0m[0m               = "uni/infra/hintfpol-inheritAuto"
      [32m+[0m [0m[1m[0mrelation_infra_rs_l2_if_pol[0m[0m              = "uni/infra/l2IfP-default"
      [32m+[0m [0m[1m[0mrelation_infra_rs_l2_port_auth_pol[0m[0m       = (known after apply)
      [32m+[0m [0m[1m[0mrelation_infra_rs_l2_port_security_pol[0m[0m   = "uni/infra/portsecurityP-default"
      [32m+[0m [0m[1m[0mrelation_infra_rs_lacp_pol[0m[0m               = "uni/infra/lacplagp-lacpActive"
      [32m+[0m [0m[1m[0mrelation_infra_rs_lldp_if_pol[0m[0m            = "uni/infra/lldpIfP-lldpEnabled"
      [32m+[0m [0m[1m[0mrelation_infra_rs_macsec_if_pol[0m[0m          = "uni/infra/macsecifp-default"
      [32m+[0m [0m[1m[0mrelation_infra_rs_mcp_if_pol[0m[0m             = "uni/infra/mcpIfP-mcpEnabled"
      [32m+[0m [0m[1m[0mrelation_infra_rs_mon_if_infra_pol[0m[0m       = "uni/infra/moninfra-default"
      [32m+[0m [0m[1m[0mrelation_infra_rs_qos_dpp_if_pol[0m[0m         = (known after apply)
      [32m+[0m [0m[1m[0mrelation_infra_rs_qos_egress_dpp_if_pol[0m[0m  = "uni/infra/qosdpppol-default"
      [32m+[0m [0m[1m[0mrelation_infra_rs_qos_ingress_dpp_if_pol[0m[0m = "uni/infra/qosdpppol-default"
      [32m+[0m [0m[1m[0mrelation_infra_rs_qos_pfc_if_pol[0m[0m         = "uni/infra/pfc-default"
      [32m+[0m [0m[1m[0mrelation_infra_rs_qos_sd_if_pol[0m[0m          = "uni/infra/qossdpol-default"
      [32m+[0m [0m[1m[0mrelation_infra_rs_stormctrl_if_pol[0m[0m       = "uni/infra/stormctrlifp-default"
      [32m+[0m [0m[1m[0mrelation_infra_rs_stp_if_pol[0m[0m             = "uni/infra/ifPol-bpduFG"
    }

[1m  # module.access.aci_leaf_access_bundle_policy_group.leaf_interfaces_policy_groups_bundle["vpc081"][0m will be created[0m[0m
[0m  [32m+[0m[0m resource "aci_leaf_access_bundle_policy_group" "leaf_interfaces_policy_groups_bundle" {
      [32m+[0m [0m[1m[0mannotation[0m[0m                               = "easy-aci:1.0.1"
      [32m+[0m [0m[1m[0mdescription[0m[0m                              = "VPC Policy Group for Eth1/#VPC#"
      [32m+[0m [0m[1m[0mid[0m[0m                                       = (known after apply)
      [32m+[0m [0m[1m[0mlag_t[0m[0m                                    = "node"
      [32m+[0m [0m[1m[0mname[0m[0m                                     = "vpc081"
      [32m+[0m [0m[1m[0mname_alias[0m[0m                               = (known after apply)
      [32m+[0m [0m[1m[0mrelation_infra_rs_att_ent_p[0m[0m              = "uni/infra/attentp-trunkAep"
      [32m+[0m [0m[1m[0mrelation_infra_rs_cdp_if_pol[0m[0m             = "uni/infra/cdpIfP-cdpEnabled"
      [32m+[0m [0m[1m[0mrelation_infra_rs_copp_if_pol[0m[0m            = "uni/infra/coppifpol-default"
      [32m+[0m [0m[1m[0mrelation_infra_rs_fc_if_pol[0m[0m              = "uni/infra/fcIfPol-default"
      [32m+[0m [0m[1m[0mrelation_infra_rs_h_if_pol[0m[0m               = "uni/infra/hintfpol-inheritAuto"
      [32m+[0m [0m[1m[0mrelation_infra_rs_l2_if_pol[0m[0m              = "uni/infra/l2IfP-default"
      [32m+[0m [0m[1m[0mrelation_infra_rs_l2_port_auth_pol[0m[0m       = (known after apply)
      [32m+[0m [0m[1m[0mrelation_infra_rs_l2_port_security_pol[0m[0m   = "uni/infra/portsecurityP-default"
      [32m+[0m [0m[1m[0mrelation_infra_rs_lacp_pol[0m[0m               = "uni/infra/lacplagp-lacpActive"
      [32m+[0m [0m[1m[0mrelation_infra_rs_lldp_if_pol[0m[0m            = "uni/infra/lldpIfP-lldpEnabled"
      [32m+[0m [0m[1m[0mrelation_infra_rs_macsec_if_pol[0m[0m          = "uni/infra/macsecifp-default"
      [32m+[0m [0m[1m[0mrelation_infra_rs_mcp_if_pol[0m[0m             = "uni/infra/mcpIfP-mcpEnabled"
      [32m+[0m [0m[1m[0mrelation_infra_rs_mon_if_infra_pol[0m[0m       = "uni/infra/moninfra-default"
      [32m+[0m [0m[1m[0mrelation_infra_rs_qos_dpp_if_pol[0m[0m         = (known after apply)
      [32m+[0m [0m[1m[0mrelation_infra_rs_qos_egress_dpp_if_pol[0m[0m  = "uni/infra/qosdpppol-default"
      [32m+[0m [0m[1m[0mrelation_infra_rs_qos_ingress_dpp_if_pol[0m[0m = "uni/infra/qosdpppol-default"
      [32m+[0m [0m[1m[0mrelation_infra_rs_qos_pfc_if_pol[0m[0m         = "uni/infra/pfc-default"
      [32m+[0m [0m[1m[0mrelation_infra_rs_qos_sd_if_pol[0m[0m          = "uni/infra/qossdpol-default"
      [32m+[0m [0m[1m[0mrelation_infra_rs_stormctrl_if_pol[0m[0m       = "uni/infra/stormctrlifp-default"
      [32m+[0m [0m[1m[0mrelation_infra_rs_stp_if_pol[0m[0m             = "uni/infra/ifPol-bpduFG"
    }

[1m  # module.access.aci_leaf_access_bundle_policy_group.leaf_interfaces_policy_groups_bundle["vpc082"][0m will be created[0m[0m
[0m  [32m+[0m[0m resource "aci_leaf_access_bundle_policy_group" "leaf_interfaces_policy_groups_bundle" {
      [32m+[0m [0m[1m[0mannotation[0m[0m                               = "easy-aci:1.0.1"
      [32m+[0m [0m[1m[0mdescription[0m[0m                              = "VPC Policy Group for Eth1/#VPC#"
      [32m+[0m [0m[1m[0mid[0m[0m                                       = (known after apply)
      [32m+[0m [0m[1m[0mlag_t[0m[0m                                    = "node"
      [32m+[0m [0m[1m[0mname[0m[0m                                     = "vpc082"
      [32m+[0m [0m[1m[0mname_alias[0m[0m                               = (known after apply)
      [32m+[0m [0m[1m[0mrelation_infra_rs_att_ent_p[0m[0m              = "uni/infra/attentp-trunkAep"
      [32m+[0m [0m[1m[0mrelation_infra_rs_cdp_if_pol[0m[0m             = "uni/infra/cdpIfP-cdpEnabled"
      [32m+[0m [0m[1m[0mrelation_infra_rs_copp_if_pol[0m[0m            = "uni/infra/coppifpol-default"
      [32m+[0m [0m[1m[0mrelation_infra_rs_fc_if_pol[0m[0m              = "uni/infra/fcIfPol-default"
      [32m+[0m [0m[1m[0mrelation_infra_rs_h_if_pol[0m[0m               = "uni/infra/hintfpol-inheritAuto"
      [32m+[0m [0m[1m[0mrelation_infra_rs_l2_if_pol[0m[0m              = "uni/infra/l2IfP-default"
      [32m+[0m [0m[1m[0mrelation_infra_rs_l2_port_auth_pol[0m[0m       = (known after apply)
      [32m+[0m [0m[1m[0mrelation_infra_rs_l2_port_security_pol[0m[0m   = "uni/infra/portsecurityP-default"
      [32m+[0m [0m[1m[0mrelation_infra_rs_lacp_pol[0m[0m               = "uni/infra/lacplagp-lacpActive"
      [32m+[0m [0m[1m[0mrelation_infra_rs_lldp_if_pol[0m[0m            = "uni/infra/lldpIfP-lldpEnabled"
      [32m+[0m [0m[1m[0mrelation_infra_rs_macsec_if_pol[0m[0m          = "uni/infra/macsecifp-default"
      [32m+[0m [0m[1m[0mrelation_infra_rs_mcp_if_pol[0m[0m             = "uni/infra/mcpIfP-mcpEnabled"
      [32m+[0m [0m[1m[0mrelation_infra_rs_mon_if_infra_pol[0m[0m       = "uni/infra/moninfra-default"
      [32m+[0m [0m[1m[0mrelation_infra_rs_qos_dpp_if_pol[0m[0m         = (known after apply)
      [32m+[0m [0m[1m[0mrelation_infra_rs_qos_egress_dpp_if_pol[0m[0m  = "uni/infra/qosdpppol-default"
      [32m+[0m [0m[1m[0mrelation_infra_rs_qos_ingress_dpp_if_pol[0m[0m = "uni/infra/qosdpppol-default"
      [32m+[0m [0m[1m[0mrelation_infra_rs_qos_pfc_if_pol[0m[0m         = "uni/infra/pfc-default"
      [32m+[0m [0m[1m[0mrelation_infra_rs_qos_sd_if_pol[0m[0m          = "uni/infra/qossdpol-default"
      [32m+[0m [0m[1m[0mrelation_infra_rs_stormctrl_if_pol[0m[0m       = "uni/infra/stormctrlifp-default"
      [32m+[0m [0m[1m[0mrelation_infra_rs_stp_if_pol[0m[0m             = "uni/infra/ifPol-bpduFG"
    }

[1m  # module.access.aci_leaf_access_bundle_policy_group.leaf_interfaces_policy_groups_bundle["vpc083"][0m will be created[0m[0m
[0m  [32m+[0m[0m resource "aci_leaf_access_bundle_policy_group" "leaf_interfaces_policy_groups_bundle" {
      [32m+[0m [0m[1m[0mannotation[0m[0m                               = "easy-aci:1.0.1"
      [32m+[0m [0m[1m[0mdescription[0m[0m                              = "VPC Policy Group for Eth1/#VPC#"
      [32m+[0m [0m[1m[0mid[0m[0m                                       = (known after apply)
      [32m+[0m [0m[1m[0mlag_t[0m[0m                                    = "node"
      [32m+[0m [0m[1m[0mname[0m[0m                                     = "vpc083"
      [32m+[0m [0m[1m[0mname_alias[0m[0m                               = (known after apply)
      [32m+[0m [0m[1m[0mrelation_infra_rs_att_ent_p[0m[0m              = "uni/infra/attentp-trunkAep"
      [32m+[0m [0m[1m[0mrelation_infra_rs_cdp_if_pol[0m[0m             = "uni/infra/cdpIfP-cdpEnabled"
      [32m+[0m [0m[1m[0mrelation_infra_rs_copp_if_pol[0m[0m            = "uni/infra/coppifpol-default"
      [32m+[0m [0m[1m[0mrelation_infra_rs_fc_if_pol[0m[0m              = "uni/infra/fcIfPol-default"
      [32m+[0m [0m[1m[0mrelation_infra_rs_h_if_pol[0m[0m               = "uni/infra/hintfpol-inheritAuto"
      [32m+[0m [0m[1m[0mrelation_infra_rs_l2_if_pol[0m[0m              = "uni/infra/l2IfP-default"
      [32m+[0m [0m[1m[0mrelation_infra_rs_l2_port_auth_pol[0m[0m       = (known after apply)
      [32m+[0m [0m[1m[0mrelation_infra_rs_l2_port_security_pol[0m[0m   = "uni/infra/portsecurityP-default"
      [32m+[0m [0m[1m[0mrelation_infra_rs_lacp_pol[0m[0m               = "uni/infra/lacplagp-lacpActive"
      [32m+[0m [0m[1m[0mrelation_infra_rs_lldp_if_pol[0m[0m            = "uni/infra/lldpIfP-lldpEnabled"
      [32m+[0m [0m[1m[0mrelation_infra_rs_macsec_if_pol[0m[0m          = "uni/infra/macsecifp-default"
      [32m+[0m [0m[1m[0mrelation_infra_rs_mcp_if_pol[0m[0m             = "uni/infra/mcpIfP-mcpEnabled"
      [32m+[0m [0m[1m[0mrelation_infra_rs_mon_if_infra_pol[0m[0m       = "uni/infra/moninfra-default"
      [32m+[0m [0m[1m[0mrelation_infra_rs_qos_dpp_if_pol[0m[0m         = (known after apply)
      [32m+[0m [0m[1m[0mrelation_infra_rs_qos_egress_dpp_if_pol[0m[0m  = "uni/infra/qosdpppol-default"
      [32m+[0m [0m[1m[0mrelation_infra_rs_qos_ingress_dpp_if_pol[0m[0m = "uni/infra/qosdpppol-default"
      [32m+[0m [0m[1m[0mrelation_infra_rs_qos_pfc_if_pol[0m[0m         = "uni/infra/pfc-default"
      [32m+[0m [0m[1m[0mrelation_infra_rs_qos_sd_if_pol[0m[0m          = "uni/infra/qossdpol-default"
      [32m+[0m [0m[1m[0mrelation_infra_rs_stormctrl_if_pol[0m[0m       = "uni/infra/stormctrlifp-default"
      [32m+[0m [0m[1m[0mrelation_infra_rs_stp_if_pol[0m[0m             = "uni/infra/ifPol-bpduFG"
    }

[1m  # module.access.aci_leaf_access_bundle_policy_group.leaf_interfaces_policy_groups_bundle["vpc084"][0m will be created[0m[0m
[0m  [32m+[0m[0m resource "aci_leaf_access_bundle_policy_group" "leaf_interfaces_policy_groups_bundle" {
      [32m+[0m [0m[1m[0mannotation[0m[0m                               = "easy-aci:1.0.1"
      [32m+[0m [0m[1m[0mdescription[0m[0m                              = "VPC Policy Group for Eth1/#VPC#"
      [32m+[0m [0m[1m[0mid[0m[0m                                       = (known after apply)
      [32m+[0m [0m[1m[0mlag_t[0m[0m                                    = "node"
      [32m+[0m [0m[1m[0mname[0m[0m                                     = "vpc084"
      [32m+[0m [0m[1m[0mname_alias[0m[0m                               = (known after apply)
      [32m+[0m [0m[1m[0mrelation_infra_rs_att_ent_p[0m[0m              = "uni/infra/attentp-trunkAep"
      [32m+[0m [0m[1m[0mrelation_infra_rs_cdp_if_pol[0m[0m             = "uni/infra/cdpIfP-cdpEnabled"
      [32m+[0m [0m[1m[0mrelation_infra_rs_copp_if_pol[0m[0m            = "uni/infra/coppifpol-default"
      [32m+[0m [0m[1m[0mrelation_infra_rs_fc_if_pol[0m[0m              = "uni/infra/fcIfPol-default"
      [32m+[0m [0m[1m[0mrelation_infra_rs_h_if_pol[0m[0m               = "uni/infra/hintfpol-inheritAuto"
      [32m+[0m [0m[1m[0mrelation_infra_rs_l2_if_pol[0m[0m              = "uni/infra/l2IfP-default"
      [32m+[0m [0m[1m[0mrelation_infra_rs_l2_port_auth_pol[0m[0m       = (known after apply)
      [32m+[0m [0m[1m[0mrelation_infra_rs_l2_port_security_pol[0m[0m   = "uni/infra/portsecurityP-default"
      [32m+[0m [0m[1m[0mrelation_infra_rs_lacp_pol[0m[0m               = "uni/infra/lacplagp-lacpActive"
      [32m+[0m [0m[1m[0mrelation_infra_rs_lldp_if_pol[0m[0m            = "uni/infra/lldpIfP-lldpEnabled"
      [32m+[0m [0m[1m[0mrelation_infra_rs_macsec_if_pol[0m[0m          = "uni/infra/macsecifp-default"
      [32m+[0m [0m[1m[0mrelation_infra_rs_mcp_if_pol[0m[0m             = "uni/infra/mcpIfP-mcpEnabled"
      [32m+[0m [0m[1m[0mrelation_infra_rs_mon_if_infra_pol[0m[0m       = "uni/infra/moninfra-default"
      [32m+[0m [0m[1m[0mrelation_infra_rs_qos_dpp_if_pol[0m[0m         = (known after apply)
      [32m+[0m [0m[1m[0mrelation_infra_rs_qos_egress_dpp_if_pol[0m[0m  = "uni/infra/qosdpppol-default"
      [32m+[0m [0m[1m[0mrelation_infra_rs_qos_ingress_dpp_if_pol[0m[0m = "uni/infra/qosdpppol-default"
      [32m+[0m [0m[1m[0mrelation_infra_rs_qos_pfc_if_pol[0m[0m         = "uni/infra/pfc-default"
      [32m+[0m [0m[1m[0mrelation_infra_rs_qos_sd_if_pol[0m[0m          = "uni/infra/qossdpol-default"
      [32m+[0m [0m[1m[0mrelation_infra_rs_stormctrl_if_pol[0m[0m       = "uni/infra/stormctrlifp-default"
      [32m+[0m [0m[1m[0mrelation_infra_rs_stp_if_pol[0m[0m             = "uni/infra/ifPol-bpduFG"
    }

[1m  # module.access.aci_leaf_access_bundle_policy_group.leaf_interfaces_policy_groups_bundle["vpc085"][0m will be created[0m[0m
[0m  [32m+[0m[0m resource "aci_leaf_access_bundle_policy_group" "leaf_interfaces_policy_groups_bundle" {
      [32m+[0m [0m[1m[0mannotation[0m[0m                               = "easy-aci:1.0.1"
      [32m+[0m [0m[1m[0mdescription[0m[0m                              = "VPC Policy Group for Eth1/#VPC#"
      [32m+[0m [0m[1m[0mid[0m[0m                                       = (known after apply)
      [32m+[0m [0m[1m[0mlag_t[0m[0m                                    = "node"
      [32m+[0m [0m[1m[0mname[0m[0m                                     = "vpc085"
      [32m+[0m [0m[1m[0mname_alias[0m[0m                               = (known after apply)
      [32m+[0m [0m[1m[0mrelation_infra_rs_att_ent_p[0m[0m              = "uni/infra/attentp-trunkAep"
      [32m+[0m [0m[1m[0mrelation_infra_rs_cdp_if_pol[0m[0m             = "uni/infra/cdpIfP-cdpEnabled"
      [32m+[0m [0m[1m[0mrelation_infra_rs_copp_if_pol[0m[0m            = "uni/infra/coppifpol-default"
      [32m+[0m [0m[1m[0mrelation_infra_rs_fc_if_pol[0m[0m              = "uni/infra/fcIfPol-default"
      [32m+[0m [0m[1m[0mrelation_infra_rs_h_if_pol[0m[0m               = "uni/infra/hintfpol-inheritAuto"
      [32m+[0m [0m[1m[0mrelation_infra_rs_l2_if_pol[0m[0m              = "uni/infra/l2IfP-default"
      [32m+[0m [0m[1m[0mrelation_infra_rs_l2_port_auth_pol[0m[0m       = (known after apply)
      [32m+[0m [0m[1m[0mrelation_infra_rs_l2_port_security_pol[0m[0m   = "uni/infra/portsecurityP-default"
      [32m+[0m [0m[1m[0mrelation_infra_rs_lacp_pol[0m[0m               = "uni/infra/lacplagp-lacpActive"
      [32m+[0m [0m[1m[0mrelation_infra_rs_lldp_if_pol[0m[0m            = "uni/infra/lldpIfP-lldpEnabled"
      [32m+[0m [0m[1m[0mrelation_infra_rs_macsec_if_pol[0m[0m          = "uni/infra/macsecifp-default"
      [32m+[0m [0m[1m[0mrelation_infra_rs_mcp_if_pol[0m[0m             = "uni/infra/mcpIfP-mcpEnabled"
      [32m+[0m [0m[1m[0mrelation_infra_rs_mon_if_infra_pol[0m[0m       = "uni/infra/moninfra-default"
      [32m+[0m [0m[1m[0mrelation_infra_rs_qos_dpp_if_pol[0m[0m         = (known after apply)
      [32m+[0m [0m[1m[0mrelation_infra_rs_qos_egress_dpp_if_pol[0m[0m  = "uni/infra/qosdpppol-default"
      [32m+[0m [0m[1m[0mrelation_infra_rs_qos_ingress_dpp_if_pol[0m[0m = "uni/infra/qosdpppol-default"
      [32m+[0m [0m[1m[0mrelation_infra_rs_qos_pfc_if_pol[0m[0m         = "uni/infra/pfc-default"
      [32m+[0m [0m[1m[0mrelation_infra_rs_qos_sd_if_pol[0m[0m          = "uni/infra/qossdpol-default"
      [32m+[0m [0m[1m[0mrelation_infra_rs_stormctrl_if_pol[0m[0m       = "uni/infra/stormctrlifp-default"
      [32m+[0m [0m[1m[0mrelation_infra_rs_stp_if_pol[0m[0m             = "uni/infra/ifPol-bpduFG"
    }

[1m  # module.access.aci_leaf_access_bundle_policy_group.leaf_interfaces_policy_groups_bundle["vpc086"][0m will be created[0m[0m
[0m  [32m+[0m[0m resource "aci_leaf_access_bundle_policy_group" "leaf_interfaces_policy_groups_bundle" {
      [32m+[0m [0m[1m[0mannotation[0m[0m                               = "easy-aci:1.0.1"
      [32m+[0m [0m[1m[0mdescription[0m[0m                              = "VPC Policy Group for Eth1/#VPC#"
      [32m+[0m [0m[1m[0mid[0m[0m                                       = (known after apply)
      [32m+[0m [0m[1m[0mlag_t[0m[0m                                    = "node"
      [32m+[0m [0m[1m[0mname[0m[0m                                     = "vpc086"
      [32m+[0m [0m[1m[0mname_alias[0m[0m                               = (known after apply)
      [32m+[0m [0m[1m[0mrelation_infra_rs_att_ent_p[0m[0m              = "uni/infra/attentp-trunkAep"
      [32m+[0m [0m[1m[0mrelation_infra_rs_cdp_if_pol[0m[0m             = "uni/infra/cdpIfP-cdpEnabled"
      [32m+[0m [0m[1m[0mrelation_infra_rs_copp_if_pol[0m[0m            = "uni/infra/coppifpol-default"
      [32m+[0m [0m[1m[0mrelation_infra_rs_fc_if_pol[0m[0m              = "uni/infra/fcIfPol-default"
      [32m+[0m [0m[1m[0mrelation_infra_rs_h_if_pol[0m[0m               = "uni/infra/hintfpol-inheritAuto"
      [32m+[0m [0m[1m[0mrelation_infra_rs_l2_if_pol[0m[0m              = "uni/infra/l2IfP-default"
      [32m+[0m [0m[1m[0mrelation_infra_rs_l2_port_auth_pol[0m[0m       = (known after apply)
      [32m+[0m [0m[1m[0mrelation_infra_rs_l2_port_security_pol[0m[0m   = "uni/infra/portsecurityP-default"
      [32m+[0m [0m[1m[0mrelation_infra_rs_lacp_pol[0m[0m               = "uni/infra/lacplagp-lacpActive"
      [32m+[0m [0m[1m[0mrelation_infra_rs_lldp_if_pol[0m[0m            = "uni/infra/lldpIfP-lldpEnabled"
      [32m+[0m [0m[1m[0mrelation_infra_rs_macsec_if_pol[0m[0m          = "uni/infra/macsecifp-default"
      [32m+[0m [0m[1m[0mrelation_infra_rs_mcp_if_pol[0m[0m             = "uni/infra/mcpIfP-mcpEnabled"
      [32m+[0m [0m[1m[0mrelation_infra_rs_mon_if_infra_pol[0m[0m       = "uni/infra/moninfra-default"
      [32m+[0m [0m[1m[0mrelation_infra_rs_qos_dpp_if_pol[0m[0m         = (known after apply)
      [32m+[0m [0m[1m[0mrelation_infra_rs_qos_egress_dpp_if_pol[0m[0m  = "uni/infra/qosdpppol-default"
      [32m+[0m [0m[1m[0mrelation_infra_rs_qos_ingress_dpp_if_pol[0m[0m = "uni/infra/qosdpppol-default"
      [32m+[0m [0m[1m[0mrelation_infra_rs_qos_pfc_if_pol[0m[0m         = "uni/infra/pfc-default"
      [32m+[0m [0m[1m[0mrelation_infra_rs_qos_sd_if_pol[0m[0m          = "uni/infra/qossdpol-default"
      [32m+[0m [0m[1m[0mrelation_infra_rs_stormctrl_if_pol[0m[0m       = "uni/infra/stormctrlifp-default"
      [32m+[0m [0m[1m[0mrelation_infra_rs_stp_if_pol[0m[0m             = "uni/infra/ifPol-bpduFG"
    }

[1m  # module.access.aci_leaf_access_bundle_policy_group.leaf_interfaces_policy_groups_bundle["vpc087"][0m will be created[0m[0m
[0m  [32m+[0m[0m resource "aci_leaf_access_bundle_policy_group" "leaf_interfaces_policy_groups_bundle" {
      [32m+[0m [0m[1m[0mannotation[0m[0m                               = "easy-aci:1.0.1"
      [32m+[0m [0m[1m[0mdescription[0m[0m                              = "VPC Policy Group for Eth1/#VPC#"
      [32m+[0m [0m[1m[0mid[0m[0m                                       = (known after apply)
      [32m+[0m [0m[1m[0mlag_t[0m[0m                                    = "node"
      [32m+[0m [0m[1m[0mname[0m[0m                                     = "vpc087"
      [32m+[0m [0m[1m[0mname_alias[0m[0m                               = (known after apply)
      [32m+[0m [0m[1m[0mrelation_infra_rs_att_ent_p[0m[0m              = "uni/infra/attentp-trunkAep"
      [32m+[0m [0m[1m[0mrelation_infra_rs_cdp_if_pol[0m[0m             = "uni/infra/cdpIfP-cdpEnabled"
      [32m+[0m [0m[1m[0mrelation_infra_rs_copp_if_pol[0m[0m            = "uni/infra/coppifpol-default"
      [32m+[0m [0m[1m[0mrelation_infra_rs_fc_if_pol[0m[0m              = "uni/infra/fcIfPol-default"
      [32m+[0m [0m[1m[0mrelation_infra_rs_h_if_pol[0m[0m               = "uni/infra/hintfpol-inheritAuto"
      [32m+[0m [0m[1m[0mrelation_infra_rs_l2_if_pol[0m[0m              = "uni/infra/l2IfP-default"
      [32m+[0m [0m[1m[0mrelation_infra_rs_l2_port_auth_pol[0m[0m       = (known after apply)
      [32m+[0m [0m[1m[0mrelation_infra_rs_l2_port_security_pol[0m[0m   = "uni/infra/portsecurityP-default"
      [32m+[0m [0m[1m[0mrelation_infra_rs_lacp_pol[0m[0m               = "uni/infra/lacplagp-lacpActive"
      [32m+[0m [0m[1m[0mrelation_infra_rs_lldp_if_pol[0m[0m            = "uni/infra/lldpIfP-lldpEnabled"
      [32m+[0m [0m[1m[0mrelation_infra_rs_macsec_if_pol[0m[0m          = "uni/infra/macsecifp-default"
      [32m+[0m [0m[1m[0mrelation_infra_rs_mcp_if_pol[0m[0m             = "uni/infra/mcpIfP-mcpEnabled"
      [32m+[0m [0m[1m[0mrelation_infra_rs_mon_if_infra_pol[0m[0m       = "uni/infra/moninfra-default"
      [32m+[0m [0m[1m[0mrelation_infra_rs_qos_dpp_if_pol[0m[0m         = (known after apply)
      [32m+[0m [0m[1m[0mrelation_infra_rs_qos_egress_dpp_if_pol[0m[0m  = "uni/infra/qosdpppol-default"
      [32m+[0m [0m[1m[0mrelation_infra_rs_qos_ingress_dpp_if_pol[0m[0m = "uni/infra/qosdpppol-default"
      [32m+[0m [0m[1m[0mrelation_infra_rs_qos_pfc_if_pol[0m[0m         = "uni/infra/pfc-default"
      [32m+[0m [0m[1m[0mrelation_infra_rs_qos_sd_if_pol[0m[0m          = "uni/infra/qossdpol-default"
      [32m+[0m [0m[1m[0mrelation_infra_rs_stormctrl_if_pol[0m[0m       = "uni/infra/stormctrlifp-default"
      [32m+[0m [0m[1m[0mrelation_infra_rs_stp_if_pol[0m[0m             = "uni/infra/ifPol-bpduFG"
    }

[1m  # module.access.aci_leaf_access_bundle_policy_group.leaf_interfaces_policy_groups_bundle["vpc088"][0m will be created[0m[0m
[0m  [32m+[0m[0m resource "aci_leaf_access_bundle_policy_group" "leaf_interfaces_policy_groups_bundle" {
      [32m+[0m [0m[1m[0mannotation[0m[0m                               = "easy-aci:1.0.1"
      [32m+[0m [0m[1m[0mdescription[0m[0m                              = "VPC Policy Group for Eth1/#VPC#"
      [32m+[0m [0m[1m[0mid[0m[0m                                       = (known after apply)
      [32m+[0m [0m[1m[0mlag_t[0m[0m                                    = "node"
      [32m+[0m [0m[1m[0mname[0m[0m                                     = "vpc088"
      [32m+[0m [0m[1m[0mname_alias[0m[0m                               = (known after apply)
      [32m+[0m [0m[1m[0mrelation_infra_rs_att_ent_p[0m[0m              = "uni/infra/attentp-trunkAep"
      [32m+[0m [0m[1m[0mrelation_infra_rs_cdp_if_pol[0m[0m             = "uni/infra/cdpIfP-cdpEnabled"
      [32m+[0m [0m[1m[0mrelation_infra_rs_copp_if_pol[0m[0m            = "uni/infra/coppifpol-default"
      [32m+[0m [0m[1m[0mrelation_infra_rs_fc_if_pol[0m[0m              = "uni/infra/fcIfPol-default"
      [32m+[0m [0m[1m[0mrelation_infra_rs_h_if_pol[0m[0m               = "uni/infra/hintfpol-inheritAuto"
      [32m+[0m [0m[1m[0mrelation_infra_rs_l2_if_pol[0m[0m              = "uni/infra/l2IfP-default"
      [32m+[0m [0m[1m[0mrelation_infra_rs_l2_port_auth_pol[0m[0m       = (known after apply)
      [32m+[0m [0m[1m[0mrelation_infra_rs_l2_port_security_pol[0m[0m   = "uni/infra/portsecurityP-default"
      [32m+[0m [0m[1m[0mrelation_infra_rs_lacp_pol[0m[0m               = "uni/infra/lacplagp-lacpActive"
      [32m+[0m [0m[1m[0mrelation_infra_rs_lldp_if_pol[0m[0m            = "uni/infra/lldpIfP-lldpEnabled"
      [32m+[0m [0m[1m[0mrelation_infra_rs_macsec_if_pol[0m[0m          = "uni/infra/macsecifp-default"
      [32m+[0m [0m[1m[0mrelation_infra_rs_mcp_if_pol[0m[0m             = "uni/infra/mcpIfP-mcpEnabled"
      [32m+[0m [0m[1m[0mrelation_infra_rs_mon_if_infra_pol[0m[0m       = "uni/infra/moninfra-default"
      [32m+[0m [0m[1m[0mrelation_infra_rs_qos_dpp_if_pol[0m[0m         = (known after apply)
      [32m+[0m [0m[1m[0mrelation_infra_rs_qos_egress_dpp_if_pol[0m[0m  = "uni/infra/qosdpppol-default"
      [32m+[0m [0m[1m[0mrelation_infra_rs_qos_ingress_dpp_if_pol[0m[0m = "uni/infra/qosdpppol-default"
      [32m+[0m [0m[1m[0mrelation_infra_rs_qos_pfc_if_pol[0m[0m         = "uni/infra/pfc-default"
      [32m+[0m [0m[1m[0mrelation_infra_rs_qos_sd_if_pol[0m[0m          = "uni/infra/qossdpol-default"
      [32m+[0m [0m[1m[0mrelation_infra_rs_stormctrl_if_pol[0m[0m       = "uni/infra/stormctrlifp-default"
      [32m+[0m [0m[1m[0mrelation_infra_rs_stp_if_pol[0m[0m             = "uni/infra/ifPol-bpduFG"
    }

[1m  # module.access.aci_leaf_access_bundle_policy_group.leaf_interfaces_policy_groups_bundle["vpc089"][0m will be created[0m[0m
[0m  [32m+[0m[0m resource "aci_leaf_access_bundle_policy_group" "leaf_interfaces_policy_groups_bundle" {
      [32m+[0m [0m[1m[0mannotation[0m[0m                               = "easy-aci:1.0.1"
      [32m+[0m [0m[1m[0mdescription[0m[0m                              = "VPC Policy Group for Eth1/#VPC#"
      [32m+[0m [0m[1m[0mid[0m[0m                                       = (known after apply)
      [32m+[0m [0m[1m[0mlag_t[0m[0m                                    = "node"
      [32m+[0m [0m[1m[0mname[0m[0m                                     = "vpc089"
      [32m+[0m [0m[1m[0mname_alias[0m[0m                               = (known after apply)
      [32m+[0m [0m[1m[0mrelation_infra_rs_att_ent_p[0m[0m              = "uni/infra/attentp-trunkAep"
      [32m+[0m [0m[1m[0mrelation_infra_rs_cdp_if_pol[0m[0m             = "uni/infra/cdpIfP-cdpEnabled"
      [32m+[0m [0m[1m[0mrelation_infra_rs_copp_if_pol[0m[0m            = "uni/infra/coppifpol-default"
      [32m+[0m [0m[1m[0mrelation_infra_rs_fc_if_pol[0m[0m              = "uni/infra/fcIfPol-default"
      [32m+[0m [0m[1m[0mrelation_infra_rs_h_if_pol[0m[0m               = "uni/infra/hintfpol-inheritAuto"
      [32m+[0m [0m[1m[0mrelation_infra_rs_l2_if_pol[0m[0m              = "uni/infra/l2IfP-default"
      [32m+[0m [0m[1m[0mrelation_infra_rs_l2_port_auth_pol[0m[0m       = (known after apply)
      [32m+[0m [0m[1m[0mrelation_infra_rs_l2_port_security_pol[0m[0m   = "uni/infra/portsecurityP-default"
      [32m+[0m [0m[1m[0mrelation_infra_rs_lacp_pol[0m[0m               = "uni/infra/lacplagp-lacpActive"
      [32m+[0m [0m[1m[0mrelation_infra_rs_lldp_if_pol[0m[0m            = "uni/infra/lldpIfP-lldpEnabled"
      [32m+[0m [0m[1m[0mrelation_infra_rs_macsec_if_pol[0m[0m          = "uni/infra/macsecifp-default"
      [32m+[0m [0m[1m[0mrelation_infra_rs_mcp_if_pol[0m[0m             = "uni/infra/mcpIfP-mcpEnabled"
      [32m+[0m [0m[1m[0mrelation_infra_rs_mon_if_infra_pol[0m[0m       = "uni/infra/moninfra-default"
      [32m+[0m [0m[1m[0mrelation_infra_rs_qos_dpp_if_pol[0m[0m         = (known after apply)
      [32m+[0m [0m[1m[0mrelation_infra_rs_qos_egress_dpp_if_pol[0m[0m  = "uni/infra/qosdpppol-default"
      [32m+[0m [0m[1m[0mrelation_infra_rs_qos_ingress_dpp_if_pol[0m[0m = "uni/infra/qosdpppol-default"
      [32m+[0m [0m[1m[0mrelation_infra_rs_qos_pfc_if_pol[0m[0m         = "uni/infra/pfc-default"
      [32m+[0m [0m[1m[0mrelation_infra_rs_qos_sd_if_pol[0m[0m          = "uni/infra/qossdpol-default"
      [32m+[0m [0m[1m[0mrelation_infra_rs_stormctrl_if_pol[0m[0m       = "uni/infra/stormctrlifp-default"
      [32m+[0m [0m[1m[0mrelation_infra_rs_stp_if_pol[0m[0m             = "uni/infra/ifPol-bpduFG"
    }

[1m  # module.access.aci_leaf_access_bundle_policy_group.leaf_interfaces_policy_groups_bundle["vpc090"][0m will be created[0m[0m
[0m  [32m+[0m[0m resource "aci_leaf_access_bundle_policy_group" "leaf_interfaces_policy_groups_bundle" {
      [32m+[0m [0m[1m[0mannotation[0m[0m                               = "easy-aci:1.0.1"
      [32m+[0m [0m[1m[0mdescription[0m[0m                              = "VPC Policy Group for Eth1/#VPC#"
      [32m+[0m [0m[1m[0mid[0m[0m                                       = (known after apply)
      [32m+[0m [0m[1m[0mlag_t[0m[0m                                    = "node"
      [32m+[0m [0m[1m[0mname[0m[0m                                     = "vpc090"
      [32m+[0m [0m[1m[0mname_alias[0m[0m                               = (known after apply)
      [32m+[0m [0m[1m[0mrelation_infra_rs_att_ent_p[0m[0m              = "uni/infra/attentp-trunkAep"
      [32m+[0m [0m[1m[0mrelation_infra_rs_cdp_if_pol[0m[0m             = "uni/infra/cdpIfP-cdpEnabled"
      [32m+[0m [0m[1m[0mrelation_infra_rs_copp_if_pol[0m[0m            = "uni/infra/coppifpol-default"
      [32m+[0m [0m[1m[0mrelation_infra_rs_fc_if_pol[0m[0m              = "uni/infra/fcIfPol-default"
      [32m+[0m [0m[1m[0mrelation_infra_rs_h_if_pol[0m[0m               = "uni/infra/hintfpol-inheritAuto"
      [32m+[0m [0m[1m[0mrelation_infra_rs_l2_if_pol[0m[0m              = "uni/infra/l2IfP-default"
      [32m+[0m [0m[1m[0mrelation_infra_rs_l2_port_auth_pol[0m[0m       = (known after apply)
      [32m+[0m [0m[1m[0mrelation_infra_rs_l2_port_security_pol[0m[0m   = "uni/infra/portsecurityP-default"
      [32m+[0m [0m[1m[0mrelation_infra_rs_lacp_pol[0m[0m               = "uni/infra/lacplagp-lacpActive"
      [32m+[0m [0m[1m[0mrelation_infra_rs_lldp_if_pol[0m[0m            = "uni/infra/lldpIfP-lldpEnabled"
      [32m+[0m [0m[1m[0mrelation_infra_rs_macsec_if_pol[0m[0m          = "uni/infra/macsecifp-default"
      [32m+[0m [0m[1m[0mrelation_infra_rs_mcp_if_pol[0m[0m             = "uni/infra/mcpIfP-mcpEnabled"
      [32m+[0m [0m[1m[0mrelation_infra_rs_mon_if_infra_pol[0m[0m       = "uni/infra/moninfra-default"
      [32m+[0m [0m[1m[0mrelation_infra_rs_qos_dpp_if_pol[0m[0m         = (known after apply)
      [32m+[0m [0m[1m[0mrelation_infra_rs_qos_egress_dpp_if_pol[0m[0m  = "uni/infra/qosdpppol-default"
      [32m+[0m [0m[1m[0mrelation_infra_rs_qos_ingress_dpp_if_pol[0m[0m = "uni/infra/qosdpppol-default"
      [32m+[0m [0m[1m[0mrelation_infra_rs_qos_pfc_if_pol[0m[0m         = "uni/infra/pfc-default"
      [32m+[0m [0m[1m[0mrelation_infra_rs_qos_sd_if_pol[0m[0m          = "uni/infra/qossdpol-default"
      [32m+[0m [0m[1m[0mrelation_infra_rs_stormctrl_if_pol[0m[0m       = "uni/infra/stormctrlifp-default"
      [32m+[0m [0m[1m[0mrelation_infra_rs_stp_if_pol[0m[0m             = "uni/infra/ifPol-bpduFG"
    }

[1m  # module.access.aci_leaf_access_bundle_policy_group.leaf_interfaces_policy_groups_bundle["vpc091"][0m will be created[0m[0m
[0m  [32m+[0m[0m resource "aci_leaf_access_bundle_policy_group" "leaf_interfaces_policy_groups_bundle" {
      [32m+[0m [0m[1m[0mannotation[0m[0m                               = "easy-aci:1.0.1"
      [32m+[0m [0m[1m[0mdescription[0m[0m                              = "VPC Policy Group for Eth1/#VPC#"
      [32m+[0m [0m[1m[0mid[0m[0m                                       = (known after apply)
      [32m+[0m [0m[1m[0mlag_t[0m[0m                                    = "node"
      [32m+[0m [0m[1m[0mname[0m[0m                                     = "vpc091"
      [32m+[0m [0m[1m[0mname_alias[0m[0m                               = (known after apply)
      [32m+[0m [0m[1m[0mrelation_infra_rs_att_ent_p[0m[0m              = "uni/infra/attentp-trunkAep"
      [32m+[0m [0m[1m[0mrelation_infra_rs_cdp_if_pol[0m[0m             = "uni/infra/cdpIfP-cdpEnabled"
      [32m+[0m [0m[1m[0mrelation_infra_rs_copp_if_pol[0m[0m            = "uni/infra/coppifpol-default"
      [32m+[0m [0m[1m[0mrelation_infra_rs_fc_if_pol[0m[0m              = "uni/infra/fcIfPol-default"
      [32m+[0m [0m[1m[0mrelation_infra_rs_h_if_pol[0m[0m               = "uni/infra/hintfpol-inheritAuto"
      [32m+[0m [0m[1m[0mrelation_infra_rs_l2_if_pol[0m[0m              = "uni/infra/l2IfP-default"
      [32m+[0m [0m[1m[0mrelation_infra_rs_l2_port_auth_pol[0m[0m       = (known after apply)
      [32m+[0m [0m[1m[0mrelation_infra_rs_l2_port_security_pol[0m[0m   = "uni/infra/portsecurityP-default"
      [32m+[0m [0m[1m[0mrelation_infra_rs_lacp_pol[0m[0m               = "uni/infra/lacplagp-lacpActive"
      [32m+[0m [0m[1m[0mrelation_infra_rs_lldp_if_pol[0m[0m            = "uni/infra/lldpIfP-lldpEnabled"
      [32m+[0m [0m[1m[0mrelation_infra_rs_macsec_if_pol[0m[0m          = "uni/infra/macsecifp-default"
      [32m+[0m [0m[1m[0mrelation_infra_rs_mcp_if_pol[0m[0m             = "uni/infra/mcpIfP-mcpEnabled"
      [32m+[0m [0m[1m[0mrelation_infra_rs_mon_if_infra_pol[0m[0m       = "uni/infra/moninfra-default"
      [32m+[0m [0m[1m[0mrelation_infra_rs_qos_dpp_if_pol[0m[0m         = (known after apply)
      [32m+[0m [0m[1m[0mrelation_infra_rs_qos_egress_dpp_if_pol[0m[0m  = "uni/infra/qosdpppol-default"
      [32m+[0m [0m[1m[0mrelation_infra_rs_qos_ingress_dpp_if_pol[0m[0m = "uni/infra/qosdpppol-default"
      [32m+[0m [0m[1m[0mrelation_infra_rs_qos_pfc_if_pol[0m[0m         = "uni/infra/pfc-default"
      [32m+[0m [0m[1m[0mrelation_infra_rs_qos_sd_if_pol[0m[0m          = "uni/infra/qossdpol-default"
      [32m+[0m [0m[1m[0mrelation_infra_rs_stormctrl_if_pol[0m[0m       = "uni/infra/stormctrlifp-default"
      [32m+[0m [0m[1m[0mrelation_infra_rs_stp_if_pol[0m[0m             = "uni/infra/ifPol-bpduFG"
    }

[1m  # module.access.aci_leaf_access_bundle_policy_group.leaf_interfaces_policy_groups_bundle["vpc092"][0m will be created[0m[0m
[0m  [32m+[0m[0m resource "aci_leaf_access_bundle_policy_group" "leaf_interfaces_policy_groups_bundle" {
      [32m+[0m [0m[1m[0mannotation[0m[0m                               = "easy-aci:1.0.1"
      [32m+[0m [0m[1m[0mdescription[0m[0m                              = "VPC Policy Group for Eth1/#VPC#"
      [32m+[0m [0m[1m[0mid[0m[0m                                       = (known after apply)
      [32m+[0m [0m[1m[0mlag_t[0m[0m                                    = "node"
      [32m+[0m [0m[1m[0mname[0m[0m                                     = "vpc092"
      [32m+[0m [0m[1m[0mname_alias[0m[0m                               = (known after apply)
      [32m+[0m [0m[1m[0mrelation_infra_rs_att_ent_p[0m[0m              = "uni/infra/attentp-trunkAep"
      [32m+[0m [0m[1m[0mrelation_infra_rs_cdp_if_pol[0m[0m             = "uni/infra/cdpIfP-cdpEnabled"
      [32m+[0m [0m[1m[0mrelation_infra_rs_copp_if_pol[0m[0m            = "uni/infra/coppifpol-default"
      [32m+[0m [0m[1m[0mrelation_infra_rs_fc_if_pol[0m[0m              = "uni/infra/fcIfPol-default"
      [32m+[0m [0m[1m[0mrelation_infra_rs_h_if_pol[0m[0m               = "uni/infra/hintfpol-inheritAuto"
      [32m+[0m [0m[1m[0mrelation_infra_rs_l2_if_pol[0m[0m              = "uni/infra/l2IfP-default"
      [32m+[0m [0m[1m[0mrelation_infra_rs_l2_port_auth_pol[0m[0m       = (known after apply)
      [32m+[0m [0m[1m[0mrelation_infra_rs_l2_port_security_pol[0m[0m   = "uni/infra/portsecurityP-default"
      [32m+[0m [0m[1m[0mrelation_infra_rs_lacp_pol[0m[0m               = "uni/infra/lacplagp-lacpActive"
      [32m+[0m [0m[1m[0mrelation_infra_rs_lldp_if_pol[0m[0m            = "uni/infra/lldpIfP-lldpEnabled"
      [32m+[0m [0m[1m[0mrelation_infra_rs_macsec_if_pol[0m[0m          = "uni/infra/macsecifp-default"
      [32m+[0m [0m[1m[0mrelation_infra_rs_mcp_if_pol[0m[0m             = "uni/infra/mcpIfP-mcpEnabled"
      [32m+[0m [0m[1m[0mrelation_infra_rs_mon_if_infra_pol[0m[0m       = "uni/infra/moninfra-default"
      [32m+[0m [0m[1m[0mrelation_infra_rs_qos_dpp_if_pol[0m[0m         = (known after apply)
      [32m+[0m [0m[1m[0mrelation_infra_rs_qos_egress_dpp_if_pol[0m[0m  = "uni/infra/qosdpppol-default"
      [32m+[0m [0m[1m[0mrelation_infra_rs_qos_ingress_dpp_if_pol[0m[0m = "uni/infra/qosdpppol-default"
      [32m+[0m [0m[1m[0mrelation_infra_rs_qos_pfc_if_pol[0m[0m         = "uni/infra/pfc-default"
      [32m+[0m [0m[1m[0mrelation_infra_rs_qos_sd_if_pol[0m[0m          = "uni/infra/qossdpol-default"
      [32m+[0m [0m[1m[0mrelation_infra_rs_stormctrl_if_pol[0m[0m       = "uni/infra/stormctrlifp-default"
      [32m+[0m [0m[1m[0mrelation_infra_rs_stp_if_pol[0m[0m             = "uni/infra/ifPol-bpduFG"
    }

[1m  # module.access.aci_leaf_access_bundle_policy_group.leaf_interfaces_policy_groups_bundle["vpc093"][0m will be created[0m[0m
[0m  [32m+[0m[0m resource "aci_leaf_access_bundle_policy_group" "leaf_interfaces_policy_groups_bundle" {
      [32m+[0m [0m[1m[0mannotation[0m[0m                               = "easy-aci:1.0.1"
      [32m+[0m [0m[1m[0mdescription[0m[0m                              = "VPC Policy Group for Eth1/#VPC#"
      [32m+[0m [0m[1m[0mid[0m[0m                                       = (known after apply)
      [32m+[0m [0m[1m[0mlag_t[0m[0m                                    = "node"
      [32m+[0m [0m[1m[0mname[0m[0m                                     = "vpc093"
      [32m+[0m [0m[1m[0mname_alias[0m[0m                               = (known after apply)
      [32m+[0m [0m[1m[0mrelation_infra_rs_att_ent_p[0m[0m              = "uni/infra/attentp-trunkAep"
      [32m+[0m [0m[1m[0mrelation_infra_rs_cdp_if_pol[0m[0m             = "uni/infra/cdpIfP-cdpEnabled"
      [32m+[0m [0m[1m[0mrelation_infra_rs_copp_if_pol[0m[0m            = "uni/infra/coppifpol-default"
      [32m+[0m [0m[1m[0mrelation_infra_rs_fc_if_pol[0m[0m              = "uni/infra/fcIfPol-default"
      [32m+[0m [0m[1m[0mrelation_infra_rs_h_if_pol[0m[0m               = "uni/infra/hintfpol-inheritAuto"
      [32m+[0m [0m[1m[0mrelation_infra_rs_l2_if_pol[0m[0m              = "uni/infra/l2IfP-default"
      [32m+[0m [0m[1m[0mrelation_infra_rs_l2_port_auth_pol[0m[0m       = (known after apply)
      [32m+[0m [0m[1m[0mrelation_infra_rs_l2_port_security_pol[0m[0m   = "uni/infra/portsecurityP-default"
      [32m+[0m [0m[1m[0mrelation_infra_rs_lacp_pol[0m[0m               = "uni/infra/lacplagp-lacpActive"
      [32m+[0m [0m[1m[0mrelation_infra_rs_lldp_if_pol[0m[0m            = "uni/infra/lldpIfP-lldpEnabled"
      [32m+[0m [0m[1m[0mrelation_infra_rs_macsec_if_pol[0m[0m          = "uni/infra/macsecifp-default"
      [32m+[0m [0m[1m[0mrelation_infra_rs_mcp_if_pol[0m[0m             = "uni/infra/mcpIfP-mcpEnabled"
      [32m+[0m [0m[1m[0mrelation_infra_rs_mon_if_infra_pol[0m[0m       = "uni/infra/moninfra-default"
      [32m+[0m [0m[1m[0mrelation_infra_rs_qos_dpp_if_pol[0m[0m         = (known after apply)
      [32m+[0m [0m[1m[0mrelation_infra_rs_qos_egress_dpp_if_pol[0m[0m  = "uni/infra/qosdpppol-default"
      [32m+[0m [0m[1m[0mrelation_infra_rs_qos_ingress_dpp_if_pol[0m[0m = "uni/infra/qosdpppol-default"
      [32m+[0m [0m[1m[0mrelation_infra_rs_qos_pfc_if_pol[0m[0m         = "uni/infra/pfc-default"
      [32m+[0m [0m[1m[0mrelation_infra_rs_qos_sd_if_pol[0m[0m          = "uni/infra/qossdpol-default"
      [32m+[0m [0m[1m[0mrelation_infra_rs_stormctrl_if_pol[0m[0m       = "uni/infra/stormctrlifp-default"
      [32m+[0m [0m[1m[0mrelation_infra_rs_stp_if_pol[0m[0m             = "uni/infra/ifPol-bpduFG"
    }

[1m  # module.access.aci_leaf_access_bundle_policy_group.leaf_interfaces_policy_groups_bundle["vpc094"][0m will be created[0m[0m
[0m  [32m+[0m[0m resource "aci_leaf_access_bundle_policy_group" "leaf_interfaces_policy_groups_bundle" {
      [32m+[0m [0m[1m[0mannotation[0m[0m                               = "easy-aci:1.0.1"
      [32m+[0m [0m[1m[0mdescription[0m[0m                              = "VPC Policy Group for Eth1/#VPC#"
      [32m+[0m [0m[1m[0mid[0m[0m                                       = (known after apply)
      [32m+[0m [0m[1m[0mlag_t[0m[0m                                    = "node"
      [32m+[0m [0m[1m[0mname[0m[0m                                     = "vpc094"
      [32m+[0m [0m[1m[0mname_alias[0m[0m                               = (known after apply)
      [32m+[0m [0m[1m[0mrelation_infra_rs_att_ent_p[0m[0m              = "uni/infra/attentp-trunkAep"
      [32m+[0m [0m[1m[0mrelation_infra_rs_cdp_if_pol[0m[0m             = "uni/infra/cdpIfP-cdpEnabled"
      [32m+[0m [0m[1m[0mrelation_infra_rs_copp_if_pol[0m[0m            = "uni/infra/coppifpol-default"
      [32m+[0m [0m[1m[0mrelation_infra_rs_fc_if_pol[0m[0m              = "uni/infra/fcIfPol-default"
      [32m+[0m [0m[1m[0mrelation_infra_rs_h_if_pol[0m[0m               = "uni/infra/hintfpol-inheritAuto"
      [32m+[0m [0m[1m[0mrelation_infra_rs_l2_if_pol[0m[0m              = "uni/infra/l2IfP-default"
      [32m+[0m [0m[1m[0mrelation_infra_rs_l2_port_auth_pol[0m[0m       = (known after apply)
      [32m+[0m [0m[1m[0mrelation_infra_rs_l2_port_security_pol[0m[0m   = "uni/infra/portsecurityP-default"
      [32m+[0m [0m[1m[0mrelation_infra_rs_lacp_pol[0m[0m               = "uni/infra/lacplagp-lacpActive"
      [32m+[0m [0m[1m[0mrelation_infra_rs_lldp_if_pol[0m[0m            = "uni/infra/lldpIfP-lldpEnabled"
      [32m+[0m [0m[1m[0mrelation_infra_rs_macsec_if_pol[0m[0m          = "uni/infra/macsecifp-default"
      [32m+[0m [0m[1m[0mrelation_infra_rs_mcp_if_pol[0m[0m             = "uni/infra/mcpIfP-mcpEnabled"
      [32m+[0m [0m[1m[0mrelation_infra_rs_mon_if_infra_pol[0m[0m       = "uni/infra/moninfra-default"
      [32m+[0m [0m[1m[0mrelation_infra_rs_qos_dpp_if_pol[0m[0m         = (known after apply)
      [32m+[0m [0m[1m[0mrelation_infra_rs_qos_egress_dpp_if_pol[0m[0m  = "uni/infra/qosdpppol-default"
      [32m+[0m [0m[1m[0mrelation_infra_rs_qos_ingress_dpp_if_pol[0m[0m = "uni/infra/qosdpppol-default"
      [32m+[0m [0m[1m[0mrelation_infra_rs_qos_pfc_if_pol[0m[0m         = "uni/infra/pfc-default"
      [32m+[0m [0m[1m[0mrelation_infra_rs_qos_sd_if_pol[0m[0m          = "uni/infra/qossdpol-default"
      [32m+[0m [0m[1m[0mrelation_infra_rs_stormctrl_if_pol[0m[0m       = "uni/infra/stormctrlifp-default"
      [32m+[0m [0m[1m[0mrelation_infra_rs_stp_if_pol[0m[0m             = "uni/infra/ifPol-bpduFG"
    }

[1m  # module.access.aci_leaf_access_bundle_policy_group.leaf_interfaces_policy_groups_bundle["vpc095"][0m will be created[0m[0m
[0m  [32m+[0m[0m resource "aci_leaf_access_bundle_policy_group" "leaf_interfaces_policy_groups_bundle" {
      [32m+[0m [0m[1m[0mannotation[0m[0m                               = "easy-aci:1.0.1"
      [32m+[0m [0m[1m[0mdescription[0m[0m                              = "VPC Policy Group for Eth1/#VPC#"
      [32m+[0m [0m[1m[0mid[0m[0m                                       = (known after apply)
      [32m+[0m [0m[1m[0mlag_t[0m[0m                                    = "node"
      [32m+[0m [0m[1m[0mname[0m[0m                                     = "vpc095"
      [32m+[0m [0m[1m[0mname_alias[0m[0m                               = (known after apply)
      [32m+[0m [0m[1m[0mrelation_infra_rs_att_ent_p[0m[0m              = "uni/infra/attentp-trunkAep"
      [32m+[0m [0m[1m[0mrelation_infra_rs_cdp_if_pol[0m[0m             = "uni/infra/cdpIfP-cdpEnabled"
      [32m+[0m [0m[1m[0mrelation_infra_rs_copp_if_pol[0m[0m            = "uni/infra/coppifpol-default"
      [32m+[0m [0m[1m[0mrelation_infra_rs_fc_if_pol[0m[0m              = "uni/infra/fcIfPol-default"
      [32m+[0m [0m[1m[0mrelation_infra_rs_h_if_pol[0m[0m               = "uni/infra/hintfpol-inheritAuto"
      [32m+[0m [0m[1m[0mrelation_infra_rs_l2_if_pol[0m[0m              = "uni/infra/l2IfP-default"
      [32m+[0m [0m[1m[0mrelation_infra_rs_l2_port_auth_pol[0m[0m       = (known after apply)
      [32m+[0m [0m[1m[0mrelation_infra_rs_l2_port_security_pol[0m[0m   = "uni/infra/portsecurityP-default"
      [32m+[0m [0m[1m[0mrelation_infra_rs_lacp_pol[0m[0m               = "uni/infra/lacplagp-lacpActive"
      [32m+[0m [0m[1m[0mrelation_infra_rs_lldp_if_pol[0m[0m            = "uni/infra/lldpIfP-lldpEnabled"
      [32m+[0m [0m[1m[0mrelation_infra_rs_macsec_if_pol[0m[0m          = "uni/infra/macsecifp-default"
      [32m+[0m [0m[1m[0mrelation_infra_rs_mcp_if_pol[0m[0m             = "uni/infra/mcpIfP-mcpEnabled"
      [32m+[0m [0m[1m[0mrelation_infra_rs_mon_if_infra_pol[0m[0m       = "uni/infra/moninfra-default"
      [32m+[0m [0m[1m[0mrelation_infra_rs_qos_dpp_if_pol[0m[0m         = (known after apply)
      [32m+[0m [0m[1m[0mrelation_infra_rs_qos_egress_dpp_if_pol[0m[0m  = "uni/infra/qosdpppol-default"
      [32m+[0m [0m[1m[0mrelation_infra_rs_qos_ingress_dpp_if_pol[0m[0m = "uni/infra/qosdpppol-default"
      [32m+[0m [0m[1m[0mrelation_infra_rs_qos_pfc_if_pol[0m[0m         = "uni/infra/pfc-default"
      [32m+[0m [0m[1m[0mrelation_infra_rs_qos_sd_if_pol[0m[0m          = "uni/infra/qossdpol-default"
      [32m+[0m [0m[1m[0mrelation_infra_rs_stormctrl_if_pol[0m[0m       = "uni/infra/stormctrlifp-default"
      [32m+[0m [0m[1m[0mrelation_infra_rs_stp_if_pol[0m[0m             = "uni/infra/ifPol-bpduFG"
    }

[1m  # module.access.aci_leaf_access_bundle_policy_group.leaf_interfaces_policy_groups_bundle["vpc096"][0m will be created[0m[0m
[0m  [32m+[0m[0m resource "aci_leaf_access_bundle_policy_group" "leaf_interfaces_policy_groups_bundle" {
      [32m+[0m [0m[1m[0mannotation[0m[0m                               = "easy-aci:1.0.1"
      [32m+[0m [0m[1m[0mdescription[0m[0m                              = "VPC Policy Group for Eth1/#VPC#"
      [32m+[0m [0m[1m[0mid[0m[0m                                       = (known after apply)
      [32m+[0m [0m[1m[0mlag_t[0m[0m                                    = "node"
      [32m+[0m [0m[1m[0mname[0m[0m                                     = "vpc096"
      [32m+[0m [0m[1m[0mname_alias[0m[0m                               = (known after apply)
      [32m+[0m [0m[1m[0mrelation_infra_rs_att_ent_p[0m[0m              = "uni/infra/attentp-trunkAep"
      [32m+[0m [0m[1m[0mrelation_infra_rs_cdp_if_pol[0m[0m             = "uni/infra/cdpIfP-cdpEnabled"
      [32m+[0m [0m[1m[0mrelation_infra_rs_copp_if_pol[0m[0m            = "uni/infra/coppifpol-default"
      [32m+[0m [0m[1m[0mrelation_infra_rs_fc_if_pol[0m[0m              = "uni/infra/fcIfPol-default"
      [32m+[0m [0m[1m[0mrelation_infra_rs_h_if_pol[0m[0m               = "uni/infra/hintfpol-inheritAuto"
      [32m+[0m [0m[1m[0mrelation_infra_rs_l2_if_pol[0m[0m              = "uni/infra/l2IfP-default"
      [32m+[0m [0m[1m[0mrelation_infra_rs_l2_port_auth_pol[0m[0m       = (known after apply)
      [32m+[0m [0m[1m[0mrelation_infra_rs_l2_port_security_pol[0m[0m   = "uni/infra/portsecurityP-default"
      [32m+[0m [0m[1m[0mrelation_infra_rs_lacp_pol[0m[0m               = "uni/infra/lacplagp-lacpActive"
      [32m+[0m [0m[1m[0mrelation_infra_rs_lldp_if_pol[0m[0m            = "uni/infra/lldpIfP-lldpEnabled"
      [32m+[0m [0m[1m[0mrelation_infra_rs_macsec_if_pol[0m[0m          = "uni/infra/macsecifp-default"
      [32m+[0m [0m[1m[0mrelation_infra_rs_mcp_if_pol[0m[0m             = "uni/infra/mcpIfP-mcpEnabled"
      [32m+[0m [0m[1m[0mrelation_infra_rs_mon_if_infra_pol[0m[0m       = "uni/infra/moninfra-default"
      [32m+[0m [0m[1m[0mrelation_infra_rs_qos_dpp_if_pol[0m[0m         = (known after apply)
      [32m+[0m [0m[1m[0mrelation_infra_rs_qos_egress_dpp_if_pol[0m[0m  = "uni/infra/qosdpppol-default"
      [32m+[0m [0m[1m[0mrelation_infra_rs_qos_ingress_dpp_if_pol[0m[0m = "uni/infra/qosdpppol-default"
      [32m+[0m [0m[1m[0mrelation_infra_rs_qos_pfc_if_pol[0m[0m         = "uni/infra/pfc-default"
      [32m+[0m [0m[1m[0mrelation_infra_rs_qos_sd_if_pol[0m[0m          = "uni/infra/qossdpol-default"
      [32m+[0m [0m[1m[0mrelation_infra_rs_stormctrl_if_pol[0m[0m       = "uni/infra/stormctrlifp-default"
      [32m+[0m [0m[1m[0mrelation_infra_rs_stp_if_pol[0m[0m             = "uni/infra/ifPol-bpduFG"
    }

[1m  # module.access.aci_leaf_access_bundle_policy_group.leaf_interfaces_policy_groups_bundle["vpc097"][0m will be created[0m[0m
[0m  [32m+[0m[0m resource "aci_leaf_access_bundle_policy_group" "leaf_interfaces_policy_groups_bundle" {
      [32m+[0m [0m[1m[0mannotation[0m[0m                               = "easy-aci:1.0.1"
      [32m+[0m [0m[1m[0mdescription[0m[0m                              = "VPC Policy Group for Eth1/#VPC#"
      [32m+[0m [0m[1m[0mid[0m[0m                                       = (known after apply)
      [32m+[0m [0m[1m[0mlag_t[0m[0m                                    = "node"
      [32m+[0m [0m[1m[0mname[0m[0m                                     = "vpc097"
      [32m+[0m [0m[1m[0mname_alias[0m[0m                               = (known after apply)
      [32m+[0m [0m[1m[0mrelation_infra_rs_att_ent_p[0m[0m              = "uni/infra/attentp-trunkAep"
      [32m+[0m [0m[1m[0mrelation_infra_rs_cdp_if_pol[0m[0m             = "uni/infra/cdpIfP-cdpEnabled"
      [32m+[0m [0m[1m[0mrelation_infra_rs_copp_if_pol[0m[0m            = "uni/infra/coppifpol-default"
      [32m+[0m [0m[1m[0mrelation_infra_rs_fc_if_pol[0m[0m              = "uni/infra/fcIfPol-default"
      [32m+[0m [0m[1m[0mrelation_infra_rs_h_if_pol[0m[0m               = "uni/infra/hintfpol-inheritAuto"
      [32m+[0m [0m[1m[0mrelation_infra_rs_l2_if_pol[0m[0m              = "uni/infra/l2IfP-default"
      [32m+[0m [0m[1m[0mrelation_infra_rs_l2_port_auth_pol[0m[0m       = (known after apply)
      [32m+[0m [0m[1m[0mrelation_infra_rs_l2_port_security_pol[0m[0m   = "uni/infra/portsecurityP-default"
      [32m+[0m [0m[1m[0mrelation_infra_rs_lacp_pol[0m[0m               = "uni/infra/lacplagp-lacpActive"
      [32m+[0m [0m[1m[0mrelation_infra_rs_lldp_if_pol[0m[0m            = "uni/infra/lldpIfP-lldpEnabled"
      [32m+[0m [0m[1m[0mrelation_infra_rs_macsec_if_pol[0m[0m          = "uni/infra/macsecifp-default"
      [32m+[0m [0m[1m[0mrelation_infra_rs_mcp_if_pol[0m[0m             = "uni/infra/mcpIfP-mcpEnabled"
      [32m+[0m [0m[1m[0mrelation_infra_rs_mon_if_infra_pol[0m[0m       = "uni/infra/moninfra-default"
      [32m+[0m [0m[1m[0mrelation_infra_rs_qos_dpp_if_pol[0m[0m         = (known after apply)
      [32m+[0m [0m[1m[0mrelation_infra_rs_qos_egress_dpp_if_pol[0m[0m  = "uni/infra/qosdpppol-default"
      [32m+[0m [0m[1m[0mrelation_infra_rs_qos_ingress_dpp_if_pol[0m[0m = "uni/infra/qosdpppol-default"
      [32m+[0m [0m[1m[0mrelation_infra_rs_qos_pfc_if_pol[0m[0m         = "uni/infra/pfc-default"
      [32m+[0m [0m[1m[0mrelation_infra_rs_qos_sd_if_pol[0m[0m          = "uni/infra/qossdpol-default"
      [32m+[0m [0m[1m[0mrelation_infra_rs_stormctrl_if_pol[0m[0m       = "uni/infra/stormctrlifp-default"
      [32m+[0m [0m[1m[0mrelation_infra_rs_stp_if_pol[0m[0m             = "uni/infra/ifPol-bpduFG"
    }

[1m  # module.access.aci_leaf_access_bundle_policy_group.leaf_interfaces_policy_groups_bundle["vpc098"][0m will be created[0m[0m
[0m  [32m+[0m[0m resource "aci_leaf_access_bundle_policy_group" "leaf_interfaces_policy_groups_bundle" {
      [32m+[0m [0m[1m[0mannotation[0m[0m                               = "easy-aci:1.0.1"
      [32m+[0m [0m[1m[0mdescription[0m[0m                              = "VPC Policy Group for Eth1/#VPC#"
      [32m+[0m [0m[1m[0mid[0m[0m                                       = (known after apply)
      [32m+[0m [0m[1m[0mlag_t[0m[0m                                    = "node"
      [32m+[0m [0m[1m[0mname[0m[0m                                     = "vpc098"
      [32m+[0m [0m[1m[0mname_alias[0m[0m                               = (known after apply)
      [32m+[0m [0m[1m[0mrelation_infra_rs_att_ent_p[0m[0m              = "uni/infra/attentp-trunkAep"
      [32m+[0m [0m[1m[0mrelation_infra_rs_cdp_if_pol[0m[0m             = "uni/infra/cdpIfP-cdpEnabled"
      [32m+[0m [0m[1m[0mrelation_infra_rs_copp_if_pol[0m[0m            = "uni/infra/coppifpol-default"
      [32m+[0m [0m[1m[0mrelation_infra_rs_fc_if_pol[0m[0m              = "uni/infra/fcIfPol-default"
      [32m+[0m [0m[1m[0mrelation_infra_rs_h_if_pol[0m[0m               = "uni/infra/hintfpol-inheritAuto"
      [32m+[0m [0m[1m[0mrelation_infra_rs_l2_if_pol[0m[0m              = "uni/infra/l2IfP-default"
      [32m+[0m [0m[1m[0mrelation_infra_rs_l2_port_auth_pol[0m[0m       = (known after apply)
      [32m+[0m [0m[1m[0mrelation_infra_rs_l2_port_security_pol[0m[0m   = "uni/infra/portsecurityP-default"
      [32m+[0m [0m[1m[0mrelation_infra_rs_lacp_pol[0m[0m               = "uni/infra/lacplagp-lacpActive"
      [32m+[0m [0m[1m[0mrelation_infra_rs_lldp_if_pol[0m[0m            = "uni/infra/lldpIfP-lldpEnabled"
      [32m+[0m [0m[1m[0mrelation_infra_rs_macsec_if_pol[0m[0m          = "uni/infra/macsecifp-default"
      [32m+[0m [0m[1m[0mrelation_infra_rs_mcp_if_pol[0m[0m             = "uni/infra/mcpIfP-mcpEnabled"
      [32m+[0m [0m[1m[0mrelation_infra_rs_mon_if_infra_pol[0m[0m       = "uni/infra/moninfra-default"
      [32m+[0m [0m[1m[0mrelation_infra_rs_qos_dpp_if_pol[0m[0m         = (known after apply)
      [32m+[0m [0m[1m[0mrelation_infra_rs_qos_egress_dpp_if_pol[0m[0m  = "uni/infra/qosdpppol-default"
      [32m+[0m [0m[1m[0mrelation_infra_rs_qos_ingress_dpp_if_pol[0m[0m = "uni/infra/qosdpppol-default"
      [32m+[0m [0m[1m[0mrelation_infra_rs_qos_pfc_if_pol[0m[0m         = "uni/infra/pfc-default"
      [32m+[0m [0m[1m[0mrelation_infra_rs_qos_sd_if_pol[0m[0m          = "uni/infra/qossdpol-default"
      [32m+[0m [0m[1m[0mrelation_infra_rs_stormctrl_if_pol[0m[0m       = "uni/infra/stormctrlifp-default"
      [32m+[0m [0m[1m[0mrelation_infra_rs_stp_if_pol[0m[0m             = "uni/infra/ifPol-bpduFG"
    }

[1m  # module.access.aci_leaf_access_bundle_policy_group.leaf_interfaces_policy_groups_bundle["vpc099"][0m will be created[0m[0m
[0m  [32m+[0m[0m resource "aci_leaf_access_bundle_policy_group" "leaf_interfaces_policy_groups_bundle" {
      [32m+[0m [0m[1m[0mannotation[0m[0m                               = "easy-aci:1.0.1"
      [32m+[0m [0m[1m[0mdescription[0m[0m                              = "VPC Policy Group for Eth1/#VPC#"
      [32m+[0m [0m[1m[0mid[0m[0m                                       = (known after apply)
      [32m+[0m [0m[1m[0mlag_t[0m[0m                                    = "node"
      [32m+[0m [0m[1m[0mname[0m[0m                                     = "vpc099"
      [32m+[0m [0m[1m[0mname_alias[0m[0m                               = (known after apply)
      [32m+[0m [0m[1m[0mrelation_infra_rs_att_ent_p[0m[0m              = "uni/infra/attentp-trunkAep"
      [32m+[0m [0m[1m[0mrelation_infra_rs_cdp_if_pol[0m[0m             = "uni/infra/cdpIfP-cdpEnabled"
      [32m+[0m [0m[1m[0mrelation_infra_rs_copp_if_pol[0m[0m            = "uni/infra/coppifpol-default"
      [32m+[0m [0m[1m[0mrelation_infra_rs_fc_if_pol[0m[0m              = "uni/infra/fcIfPol-default"
      [32m+[0m [0m[1m[0mrelation_infra_rs_h_if_pol[0m[0m               = "uni/infra/hintfpol-inheritAuto"
      [32m+[0m [0m[1m[0mrelation_infra_rs_l2_if_pol[0m[0m              = "uni/infra/l2IfP-default"
      [32m+[0m [0m[1m[0mrelation_infra_rs_l2_port_auth_pol[0m[0m       = (known after apply)
      [32m+[0m [0m[1m[0mrelation_infra_rs_l2_port_security_pol[0m[0m   = "uni/infra/portsecurityP-default"
      [32m+[0m [0m[1m[0mrelation_infra_rs_lacp_pol[0m[0m               = "uni/infra/lacplagp-lacpActive"
      [32m+[0m [0m[1m[0mrelation_infra_rs_lldp_if_pol[0m[0m            = "uni/infra/lldpIfP-lldpEnabled"
      [32m+[0m [0m[1m[0mrelation_infra_rs_macsec_if_pol[0m[0m          = "uni/infra/macsecifp-default"
      [32m+[0m [0m[1m[0mrelation_infra_rs_mcp_if_pol[0m[0m             = "uni/infra/mcpIfP-mcpEnabled"
      [32m+[0m [0m[1m[0mrelation_infra_rs_mon_if_infra_pol[0m[0m       = "uni/infra/moninfra-default"
      [32m+[0m [0m[1m[0mrelation_infra_rs_qos_dpp_if_pol[0m[0m         = (known after apply)
      [32m+[0m [0m[1m[0mrelation_infra_rs_qos_egress_dpp_if_pol[0m[0m  = "uni/infra/qosdpppol-default"
      [32m+[0m [0m[1m[0mrelation_infra_rs_qos_ingress_dpp_if_pol[0m[0m = "uni/infra/qosdpppol-default"
      [32m+[0m [0m[1m[0mrelation_infra_rs_qos_pfc_if_pol[0m[0m         = "uni/infra/pfc-default"
      [32m+[0m [0m[1m[0mrelation_infra_rs_qos_sd_if_pol[0m[0m          = "uni/infra/qossdpol-default"
      [32m+[0m [0m[1m[0mrelation_infra_rs_stormctrl_if_pol[0m[0m       = "uni/infra/stormctrlifp-default"
      [32m+[0m [0m[1m[0mrelation_infra_rs_stp_if_pol[0m[0m             = "uni/infra/ifPol-bpduFG"
    }

[1m  # module.access.aci_leaf_access_bundle_policy_group.leaf_interfaces_policy_groups_bundle["vpc100"][0m will be created[0m[0m
[0m  [32m+[0m[0m resource "aci_leaf_access_bundle_policy_group" "leaf_interfaces_policy_groups_bundle" {
      [32m+[0m [0m[1m[0mannotation[0m[0m                               = "easy-aci:1.0.1"
      [32m+[0m [0m[1m[0mdescription[0m[0m                              = "VPC Policy Group for Eth1/#VPC#"
      [32m+[0m [0m[1m[0mid[0m[0m                                       = (known after apply)
      [32m+[0m [0m[1m[0mlag_t[0m[0m                                    = "node"
      [32m+[0m [0m[1m[0mname[0m[0m                                     = "vpc100"
      [32m+[0m [0m[1m[0mname_alias[0m[0m                               = (known after apply)
      [32m+[0m [0m[1m[0mrelation_infra_rs_att_ent_p[0m[0m              = "uni/infra/attentp-trunkAep"
      [32m+[0m [0m[1m[0mrelation_infra_rs_cdp_if_pol[0m[0m             = "uni/infra/cdpIfP-cdpEnabled"
      [32m+[0m [0m[1m[0mrelation_infra_rs_copp_if_pol[0m[0m            = "uni/infra/coppifpol-default"
      [32m+[0m [0m[1m[0mrelation_infra_rs_fc_if_pol[0m[0m              = "uni/infra/fcIfPol-default"
      [32m+[0m [0m[1m[0mrelation_infra_rs_h_if_pol[0m[0m               = "uni/infra/hintfpol-inheritAuto"
      [32m+[0m [0m[1m[0mrelation_infra_rs_l2_if_pol[0m[0m              = "uni/infra/l2IfP-default"
      [32m+[0m [0m[1m[0mrelation_infra_rs_l2_port_auth_pol[0m[0m       = (known after apply)
      [32m+[0m [0m[1m[0mrelation_infra_rs_l2_port_security_pol[0m[0m   = "uni/infra/portsecurityP-default"
      [32m+[0m [0m[1m[0mrelation_infra_rs_lacp_pol[0m[0m               = "uni/infra/lacplagp-lacpActive"
      [32m+[0m [0m[1m[0mrelation_infra_rs_lldp_if_pol[0m[0m            = "uni/infra/lldpIfP-lldpEnabled"
      [32m+[0m [0m[1m[0mrelation_infra_rs_macsec_if_pol[0m[0m          = "uni/infra/macsecifp-default"
      [32m+[0m [0m[1m[0mrelation_infra_rs_mcp_if_pol[0m[0m             = "uni/infra/mcpIfP-mcpEnabled"
      [32m+[0m [0m[1m[0mrelation_infra_rs_mon_if_infra_pol[0m[0m       = "uni/infra/moninfra-default"
      [32m+[0m [0m[1m[0mrelation_infra_rs_qos_dpp_if_pol[0m[0m         = (known after apply)
      [32m+[0m [0m[1m[0mrelation_infra_rs_qos_egress_dpp_if_pol[0m[0m  = "uni/infra/qosdpppol-default"
      [32m+[0m [0m[1m[0mrelation_infra_rs_qos_ingress_dpp_if_pol[0m[0m = "uni/infra/qosdpppol-default"
      [32m+[0m [0m[1m[0mrelation_infra_rs_qos_pfc_if_pol[0m[0m         = "uni/infra/pfc-default"
      [32m+[0m [0m[1m[0mrelation_infra_rs_qos_sd_if_pol[0m[0m          = "uni/infra/qossdpol-default"
      [32m+[0m [0m[1m[0mrelation_infra_rs_stormctrl_if_pol[0m[0m       = "uni/infra/stormctrlifp-default"
      [32m+[0m [0m[1m[0mrelation_infra_rs_stp_if_pol[0m[0m             = "uni/infra/ifPol-bpduFG"
    }

[1m  # module.access.aci_leaf_access_bundle_policy_group.leaf_interfaces_policy_groups_bundle["vpc101"][0m will be created[0m[0m
[0m  [32m+[0m[0m resource "aci_leaf_access_bundle_policy_group" "leaf_interfaces_policy_groups_bundle" {
      [32m+[0m [0m[1m[0mannotation[0m[0m                               = "easy-aci:1.0.1"
      [32m+[0m [0m[1m[0mdescription[0m[0m                              = "VPC Policy Group for Eth1/#VPC#"
      [32m+[0m [0m[1m[0mid[0m[0m                                       = (known after apply)
      [32m+[0m [0m[1m[0mlag_t[0m[0m                                    = "node"
      [32m+[0m [0m[1m[0mname[0m[0m                                     = "vpc101"
      [32m+[0m [0m[1m[0mname_alias[0m[0m                               = (known after apply)
      [32m+[0m [0m[1m[0mrelation_infra_rs_att_ent_p[0m[0m              = "uni/infra/attentp-trunkAep"
      [32m+[0m [0m[1m[0mrelation_infra_rs_cdp_if_pol[0m[0m             = "uni/infra/cdpIfP-cdpEnabled"
      [32m+[0m [0m[1m[0mrelation_infra_rs_copp_if_pol[0m[0m            = "uni/infra/coppifpol-default"
      [32m+[0m [0m[1m[0mrelation_infra_rs_fc_if_pol[0m[0m              = "uni/infra/fcIfPol-default"
      [32m+[0m [0m[1m[0mrelation_infra_rs_h_if_pol[0m[0m               = "uni/infra/hintfpol-inheritAuto"
      [32m+[0m [0m[1m[0mrelation_infra_rs_l2_if_pol[0m[0m              = "uni/infra/l2IfP-default"
      [32m+[0m [0m[1m[0mrelation_infra_rs_l2_port_auth_pol[0m[0m       = (known after apply)
      [32m+[0m [0m[1m[0mrelation_infra_rs_l2_port_security_pol[0m[0m   = "uni/infra/portsecurityP-default"
      [32m+[0m [0m[1m[0mrelation_infra_rs_lacp_pol[0m[0m               = "uni/infra/lacplagp-lacpActive"
      [32m+[0m [0m[1m[0mrelation_infra_rs_lldp_if_pol[0m[0m            = "uni/infra/lldpIfP-lldpEnabled"
      [32m+[0m [0m[1m[0mrelation_infra_rs_macsec_if_pol[0m[0m          = "uni/infra/macsecifp-default"
      [32m+[0m [0m[1m[0mrelation_infra_rs_mcp_if_pol[0m[0m             = "uni/infra/mcpIfP-mcpEnabled"
      [32m+[0m [0m[1m[0mrelation_infra_rs_mon_if_infra_pol[0m[0m       = "uni/infra/moninfra-default"
      [32m+[0m [0m[1m[0mrelation_infra_rs_qos_dpp_if_pol[0m[0m         = (known after apply)
      [32m+[0m [0m[1m[0mrelation_infra_rs_qos_egress_dpp_if_pol[0m[0m  = "uni/infra/qosdpppol-default"
      [32m+[0m [0m[1m[0mrelation_infra_rs_qos_ingress_dpp_if_pol[0m[0m = "uni/infra/qosdpppol-default"
      [32m+[0m [0m[1m[0mrelation_infra_rs_qos_pfc_if_pol[0m[0m         = "uni/infra/pfc-default"
      [32m+[0m [0m[1m[0mrelation_infra_rs_qos_sd_if_pol[0m[0m          = "uni/infra/qossdpol-default"
      [32m+[0m [0m[1m[0mrelation_infra_rs_stormctrl_if_pol[0m[0m       = "uni/infra/stormctrlifp-default"
      [32m+[0m [0m[1m[0mrelation_infra_rs_stp_if_pol[0m[0m             = "uni/infra/ifPol-bpduFG"
    }

[1m  # module.access.aci_leaf_access_bundle_policy_group.leaf_interfaces_policy_groups_bundle["vpc102"][0m will be created[0m[0m
[0m  [32m+[0m[0m resource "aci_leaf_access_bundle_policy_group" "leaf_interfaces_policy_groups_bundle" {
      [32m+[0m [0m[1m[0mannotation[0m[0m                               = "easy-aci:1.0.1"
      [32m+[0m [0m[1m[0mdescription[0m[0m                              = "VPC Policy Group for Eth1/#VPC#"
      [32m+[0m [0m[1m[0mid[0m[0m                                       = (known after apply)
      [32m+[0m [0m[1m[0mlag_t[0m[0m                                    = "node"
      [32m+[0m [0m[1m[0mname[0m[0m                                     = "vpc102"
      [32m+[0m [0m[1m[0mname_alias[0m[0m                               = (known after apply)
      [32m+[0m [0m[1m[0mrelation_infra_rs_att_ent_p[0m[0m              = "uni/infra/attentp-trunkAep"
      [32m+[0m [0m[1m[0mrelation_infra_rs_cdp_if_pol[0m[0m             = "uni/infra/cdpIfP-cdpEnabled"
      [32m+[0m [0m[1m[0mrelation_infra_rs_copp_if_pol[0m[0m            = "uni/infra/coppifpol-default"
      [32m+[0m [0m[1m[0mrelation_infra_rs_fc_if_pol[0m[0m              = "uni/infra/fcIfPol-default"
      [32m+[0m [0m[1m[0mrelation_infra_rs_h_if_pol[0m[0m               = "uni/infra/hintfpol-inheritAuto"
      [32m+[0m [0m[1m[0mrelation_infra_rs_l2_if_pol[0m[0m              = "uni/infra/l2IfP-default"
      [32m+[0m [0m[1m[0mrelation_infra_rs_l2_port_auth_pol[0m[0m       = (known after apply)
      [32m+[0m [0m[1m[0mrelation_infra_rs_l2_port_security_pol[0m[0m   = "uni/infra/portsecurityP-default"
      [32m+[0m [0m[1m[0mrelation_infra_rs_lacp_pol[0m[0m               = "uni/infra/lacplagp-lacpActive"
      [32m+[0m [0m[1m[0mrelation_infra_rs_lldp_if_pol[0m[0m            = "uni/infra/lldpIfP-lldpEnabled"
      [32m+[0m [0m[1m[0mrelation_infra_rs_macsec_if_pol[0m[0m          = "uni/infra/macsecifp-default"
      [32m+[0m [0m[1m[0mrelation_infra_rs_mcp_if_pol[0m[0m             = "uni/infra/mcpIfP-mcpEnabled"
      [32m+[0m [0m[1m[0mrelation_infra_rs_mon_if_infra_pol[0m[0m       = "uni/infra/moninfra-default"
      [32m+[0m [0m[1m[0mrelation_infra_rs_qos_dpp_if_pol[0m[0m         = (known after apply)
      [32m+[0m [0m[1m[0mrelation_infra_rs_qos_egress_dpp_if_pol[0m[0m  = "uni/infra/qosdpppol-default"
      [32m+[0m [0m[1m[0mrelation_infra_rs_qos_ingress_dpp_if_pol[0m[0m = "uni/infra/qosdpppol-default"
      [32m+[0m [0m[1m[0mrelation_infra_rs_qos_pfc_if_pol[0m[0m         = "uni/infra/pfc-default"
      [32m+[0m [0m[1m[0mrelation_infra_rs_qos_sd_if_pol[0m[0m          = "uni/infra/qossdpol-default"
      [32m+[0m [0m[1m[0mrelation_infra_rs_stormctrl_if_pol[0m[0m       = "uni/infra/stormctrlifp-default"
      [32m+[0m [0m[1m[0mrelation_infra_rs_stp_if_pol[0m[0m             = "uni/infra/ifPol-bpduFG"
    }

[1m  # module.access.aci_leaf_access_bundle_policy_group.leaf_interfaces_policy_groups_bundle["vpc103"][0m will be created[0m[0m
[0m  [32m+[0m[0m resource "aci_leaf_access_bundle_policy_group" "leaf_interfaces_policy_groups_bundle" {
      [32m+[0m [0m[1m[0mannotation[0m[0m                               = "easy-aci:1.0.1"
      [32m+[0m [0m[1m[0mdescription[0m[0m                              = "VPC Policy Group for Eth1/#VPC#"
      [32m+[0m [0m[1m[0mid[0m[0m                                       = (known after apply)
      [32m+[0m [0m[1m[0mlag_t[0m[0m                                    = "node"
      [32m+[0m [0m[1m[0mname[0m[0m                                     = "vpc103"
      [32m+[0m [0m[1m[0mname_alias[0m[0m                               = (known after apply)
      [32m+[0m [0m[1m[0mrelation_infra_rs_att_ent_p[0m[0m              = "uni/infra/attentp-trunkAep"
      [32m+[0m [0m[1m[0mrelation_infra_rs_cdp_if_pol[0m[0m             = "uni/infra/cdpIfP-cdpEnabled"
      [32m+[0m [0m[1m[0mrelation_infra_rs_copp_if_pol[0m[0m            = "uni/infra/coppifpol-default"
      [32m+[0m [0m[1m[0mrelation_infra_rs_fc_if_pol[0m[0m              = "uni/infra/fcIfPol-default"
      [32m+[0m [0m[1m[0mrelation_infra_rs_h_if_pol[0m[0m               = "uni/infra/hintfpol-inheritAuto"
      [32m+[0m [0m[1m[0mrelation_infra_rs_l2_if_pol[0m[0m              = "uni/infra/l2IfP-default"
      [32m+[0m [0m[1m[0mrelation_infra_rs_l2_port_auth_pol[0m[0m       = (known after apply)
      [32m+[0m [0m[1m[0mrelation_infra_rs_l2_port_security_pol[0m[0m   = "uni/infra/portsecurityP-default"
      [32m+[0m [0m[1m[0mrelation_infra_rs_lacp_pol[0m[0m               = "uni/infra/lacplagp-lacpActive"
      [32m+[0m [0m[1m[0mrelation_infra_rs_lldp_if_pol[0m[0m            = "uni/infra/lldpIfP-lldpEnabled"
      [32m+[0m [0m[1m[0mrelation_infra_rs_macsec_if_pol[0m[0m          = "uni/infra/macsecifp-default"
      [32m+[0m [0m[1m[0mrelation_infra_rs_mcp_if_pol[0m[0m             = "uni/infra/mcpIfP-mcpEnabled"
      [32m+[0m [0m[1m[0mrelation_infra_rs_mon_if_infra_pol[0m[0m       = "uni/infra/moninfra-default"
      [32m+[0m [0m[1m[0mrelation_infra_rs_qos_dpp_if_pol[0m[0m         = (known after apply)
      [32m+[0m [0m[1m[0mrelation_infra_rs_qos_egress_dpp_if_pol[0m[0m  = "uni/infra/qosdpppol-default"
      [32m+[0m [0m[1m[0mrelation_infra_rs_qos_ingress_dpp_if_pol[0m[0m = "uni/infra/qosdpppol-default"
      [32m+[0m [0m[1m[0mrelation_infra_rs_qos_pfc_if_pol[0m[0m         = "uni/infra/pfc-default"
      [32m+[0m [0m[1m[0mrelation_infra_rs_qos_sd_if_pol[0m[0m          = "uni/infra/qossdpol-default"
      [32m+[0m [0m[1m[0mrelation_infra_rs_stormctrl_if_pol[0m[0m       = "uni/infra/stormctrlifp-default"
      [32m+[0m [0m[1m[0mrelation_infra_rs_stp_if_pol[0m[0m             = "uni/infra/ifPol-bpduFG"
    }

[1m  # module.access.aci_leaf_access_bundle_policy_group.leaf_interfaces_policy_groups_bundle["vpc104"][0m will be created[0m[0m
[0m  [32m+[0m[0m resource "aci_leaf_access_bundle_policy_group" "leaf_interfaces_policy_groups_bundle" {
      [32m+[0m [0m[1m[0mannotation[0m[0m                               = "easy-aci:1.0.1"
      [32m+[0m [0m[1m[0mdescription[0m[0m                              = "VPC Policy Group for Eth1/#VPC#"
      [32m+[0m [0m[1m[0mid[0m[0m                                       = (known after apply)
      [32m+[0m [0m[1m[0mlag_t[0m[0m                                    = "node"
      [32m+[0m [0m[1m[0mname[0m[0m                                     = "vpc104"
      [32m+[0m [0m[1m[0mname_alias[0m[0m                               = (known after apply)
      [32m+[0m [0m[1m[0mrelation_infra_rs_att_ent_p[0m[0m              = "uni/infra/attentp-trunkAep"
      [32m+[0m [0m[1m[0mrelation_infra_rs_cdp_if_pol[0m[0m             = "uni/infra/cdpIfP-cdpEnabled"
      [32m+[0m [0m[1m[0mrelation_infra_rs_copp_if_pol[0m[0m            = "uni/infra/coppifpol-default"
      [32m+[0m [0m[1m[0mrelation_infra_rs_fc_if_pol[0m[0m              = "uni/infra/fcIfPol-default"
      [32m+[0m [0m[1m[0mrelation_infra_rs_h_if_pol[0m[0m               = "uni/infra/hintfpol-inheritAuto"
      [32m+[0m [0m[1m[0mrelation_infra_rs_l2_if_pol[0m[0m              = "uni/infra/l2IfP-default"
      [32m+[0m [0m[1m[0mrelation_infra_rs_l2_port_auth_pol[0m[0m       = (known after apply)
      [32m+[0m [0m[1m[0mrelation_infra_rs_l2_port_security_pol[0m[0m   = "uni/infra/portsecurityP-default"
      [32m+[0m [0m[1m[0mrelation_infra_rs_lacp_pol[0m[0m               = "uni/infra/lacplagp-lacpActive"
      [32m+[0m [0m[1m[0mrelation_infra_rs_lldp_if_pol[0m[0m            = "uni/infra/lldpIfP-lldpEnabled"
      [32m+[0m [0m[1m[0mrelation_infra_rs_macsec_if_pol[0m[0m          = "uni/infra/macsecifp-default"
      [32m+[0m [0m[1m[0mrelation_infra_rs_mcp_if_pol[0m[0m             = "uni/infra/mcpIfP-mcpEnabled"
      [32m+[0m [0m[1m[0mrelation_infra_rs_mon_if_infra_pol[0m[0m       = "uni/infra/moninfra-default"
      [32m+[0m [0m[1m[0mrelation_infra_rs_qos_dpp_if_pol[0m[0m         = (known after apply)
      [32m+[0m [0m[1m[0mrelation_infra_rs_qos_egress_dpp_if_pol[0m[0m  = "uni/infra/qosdpppol-default"
      [32m+[0m [0m[1m[0mrelation_infra_rs_qos_ingress_dpp_if_pol[0m[0m = "uni/infra/qosdpppol-default"
      [32m+[0m [0m[1m[0mrelation_infra_rs_qos_pfc_if_pol[0m[0m         = "uni/infra/pfc-default"
      [32m+[0m [0m[1m[0mrelation_infra_rs_qos_sd_if_pol[0m[0m          = "uni/infra/qossdpol-default"
      [32m+[0m [0m[1m[0mrelation_infra_rs_stormctrl_if_pol[0m[0m       = "uni/infra/stormctrlifp-default"
      [32m+[0m [0m[1m[0mrelation_infra_rs_stp_if_pol[0m[0m             = "uni/infra/ifPol-bpduFG"
    }

[1m  # module.access.aci_leaf_access_bundle_policy_group.leaf_interfaces_policy_groups_bundle["vpc105"][0m will be created[0m[0m
[0m  [32m+[0m[0m resource "aci_leaf_access_bundle_policy_group" "leaf_interfaces_policy_groups_bundle" {
      [32m+[0m [0m[1m[0mannotation[0m[0m                               = "easy-aci:1.0.1"
      [32m+[0m [0m[1m[0mdescription[0m[0m                              = "VPC Policy Group for Eth1/#VPC#"
      [32m+[0m [0m[1m[0mid[0m[0m                                       = (known after apply)
      [32m+[0m [0m[1m[0mlag_t[0m[0m                                    = "node"
      [32m+[0m [0m[1m[0mname[0m[0m                                     = "vpc105"
      [32m+[0m [0m[1m[0mname_alias[0m[0m                               = (known after apply)
      [32m+[0m [0m[1m[0mrelation_infra_rs_att_ent_p[0m[0m              = "uni/infra/attentp-trunkAep"
      [32m+[0m [0m[1m[0mrelation_infra_rs_cdp_if_pol[0m[0m             = "uni/infra/cdpIfP-cdpEnabled"
      [32m+[0m [0m[1m[0mrelation_infra_rs_copp_if_pol[0m[0m            = "uni/infra/coppifpol-default"
      [32m+[0m [0m[1m[0mrelation_infra_rs_fc_if_pol[0m[0m              = "uni/infra/fcIfPol-default"
      [32m+[0m [0m[1m[0mrelation_infra_rs_h_if_pol[0m[0m               = "uni/infra/hintfpol-inheritAuto"
      [32m+[0m [0m[1m[0mrelation_infra_rs_l2_if_pol[0m[0m              = "uni/infra/l2IfP-default"
      [32m+[0m [0m[1m[0mrelation_infra_rs_l2_port_auth_pol[0m[0m       = (known after apply)
      [32m+[0m [0m[1m[0mrelation_infra_rs_l2_port_security_pol[0m[0m   = "uni/infra/portsecurityP-default"
      [32m+[0m [0m[1m[0mrelation_infra_rs_lacp_pol[0m[0m               = "uni/infra/lacplagp-lacpActive"
      [32m+[0m [0m[1m[0mrelation_infra_rs_lldp_if_pol[0m[0m            = "uni/infra/lldpIfP-lldpEnabled"
      [32m+[0m [0m[1m[0mrelation_infra_rs_macsec_if_pol[0m[0m          = "uni/infra/macsecifp-default"
      [32m+[0m [0m[1m[0mrelation_infra_rs_mcp_if_pol[0m[0m             = "uni/infra/mcpIfP-mcpEnabled"
      [32m+[0m [0m[1m[0mrelation_infra_rs_mon_if_infra_pol[0m[0m       = "uni/infra/moninfra-default"
      [32m+[0m [0m[1m[0mrelation_infra_rs_qos_dpp_if_pol[0m[0m         = (known after apply)
      [32m+[0m [0m[1m[0mrelation_infra_rs_qos_egress_dpp_if_pol[0m[0m  = "uni/infra/qosdpppol-default"
      [32m+[0m [0m[1m[0mrelation_infra_rs_qos_ingress_dpp_if_pol[0m[0m = "uni/infra/qosdpppol-default"
      [32m+[0m [0m[1m[0mrelation_infra_rs_qos_pfc_if_pol[0m[0m         = "uni/infra/pfc-default"
      [32m+[0m [0m[1m[0mrelation_infra_rs_qos_sd_if_pol[0m[0m          = "uni/infra/qossdpol-default"
      [32m+[0m [0m[1m[0mrelation_infra_rs_stormctrl_if_pol[0m[0m       = "uni/infra/stormctrlifp-default"
      [32m+[0m [0m[1m[0mrelation_infra_rs_stp_if_pol[0m[0m             = "uni/infra/ifPol-bpduFG"
    }

[1m  # module.access.aci_leaf_access_bundle_policy_group.leaf_interfaces_policy_groups_bundle["vpc106"][0m will be created[0m[0m
[0m  [32m+[0m[0m resource "aci_leaf_access_bundle_policy_group" "leaf_interfaces_policy_groups_bundle" {
      [32m+[0m [0m[1m[0mannotation[0m[0m                               = "easy-aci:1.0.1"
      [32m+[0m [0m[1m[0mdescription[0m[0m                              = "VPC Policy Group for Eth1/#VPC#"
      [32m+[0m [0m[1m[0mid[0m[0m                                       = (known after apply)
      [32m+[0m [0m[1m[0mlag_t[0m[0m                                    = "node"
      [32m+[0m [0m[1m[0mname[0m[0m                                     = "vpc106"
      [32m+[0m [0m[1m[0mname_alias[0m[0m                               = (known after apply)
      [32m+[0m [0m[1m[0mrelation_infra_rs_att_ent_p[0m[0m              = "uni/infra/attentp-trunkAep"
      [32m+[0m [0m[1m[0mrelation_infra_rs_cdp_if_pol[0m[0m             = "uni/infra/cdpIfP-cdpEnabled"
      [32m+[0m [0m[1m[0mrelation_infra_rs_copp_if_pol[0m[0m            = "uni/infra/coppifpol-default"
      [32m+[0m [0m[1m[0mrelation_infra_rs_fc_if_pol[0m[0m              = "uni/infra/fcIfPol-default"
      [32m+[0m [0m[1m[0mrelation_infra_rs_h_if_pol[0m[0m               = "uni/infra/hintfpol-inheritAuto"
      [32m+[0m [0m[1m[0mrelation_infra_rs_l2_if_pol[0m[0m              = "uni/infra/l2IfP-default"
      [32m+[0m [0m[1m[0mrelation_infra_rs_l2_port_auth_pol[0m[0m       = (known after apply)
      [32m+[0m [0m[1m[0mrelation_infra_rs_l2_port_security_pol[0m[0m   = "uni/infra/portsecurityP-default"
      [32m+[0m [0m[1m[0mrelation_infra_rs_lacp_pol[0m[0m               = "uni/infra/lacplagp-lacpActive"
      [32m+[0m [0m[1m[0mrelation_infra_rs_lldp_if_pol[0m[0m            = "uni/infra/lldpIfP-lldpEnabled"
      [32m+[0m [0m[1m[0mrelation_infra_rs_macsec_if_pol[0m[0m          = "uni/infra/macsecifp-default"
      [32m+[0m [0m[1m[0mrelation_infra_rs_mcp_if_pol[0m[0m             = "uni/infra/mcpIfP-mcpEnabled"
      [32m+[0m [0m[1m[0mrelation_infra_rs_mon_if_infra_pol[0m[0m       = "uni/infra/moninfra-default"
      [32m+[0m [0m[1m[0mrelation_infra_rs_qos_dpp_if_pol[0m[0m         = (known after apply)
      [32m+[0m [0m[1m[0mrelation_infra_rs_qos_egress_dpp_if_pol[0m[0m  = "uni/infra/qosdpppol-default"
      [32m+[0m [0m[1m[0mrelation_infra_rs_qos_ingress_dpp_if_pol[0m[0m = "uni/infra/qosdpppol-default"
      [32m+[0m [0m[1m[0mrelation_infra_rs_qos_pfc_if_pol[0m[0m         = "uni/infra/pfc-default"
      [32m+[0m [0m[1m[0mrelation_infra_rs_qos_sd_if_pol[0m[0m          = "uni/infra/qossdpol-default"
      [32m+[0m [0m[1m[0mrelation_infra_rs_stormctrl_if_pol[0m[0m       = "uni/infra/stormctrlifp-default"
      [32m+[0m [0m[1m[0mrelation_infra_rs_stp_if_pol[0m[0m             = "uni/infra/ifPol-bpduFG"
    }

[1m  # module.access.aci_leaf_access_bundle_policy_group.leaf_interfaces_policy_groups_bundle["vpc107"][0m will be created[0m[0m
[0m  [32m+[0m[0m resource "aci_leaf_access_bundle_policy_group" "leaf_interfaces_policy_groups_bundle" {
      [32m+[0m [0m[1m[0mannotation[0m[0m                               = "easy-aci:1.0.1"
      [32m+[0m [0m[1m[0mdescription[0m[0m                              = "VPC Policy Group for Eth1/#VPC#"
      [32m+[0m [0m[1m[0mid[0m[0m                                       = (known after apply)
      [32m+[0m [0m[1m[0mlag_t[0m[0m                                    = "node"
      [32m+[0m [0m[1m[0mname[0m[0m                                     = "vpc107"
      [32m+[0m [0m[1m[0mname_alias[0m[0m                               = (known after apply)
      [32m+[0m [0m[1m[0mrelation_infra_rs_att_ent_p[0m[0m              = "uni/infra/attentp-trunkAep"
      [32m+[0m [0m[1m[0mrelation_infra_rs_cdp_if_pol[0m[0m             = "uni/infra/cdpIfP-cdpEnabled"
      [32m+[0m [0m[1m[0mrelation_infra_rs_copp_if_pol[0m[0m            = "uni/infra/coppifpol-default"
      [32m+[0m [0m[1m[0mrelation_infra_rs_fc_if_pol[0m[0m              = "uni/infra/fcIfPol-default"
      [32m+[0m [0m[1m[0mrelation_infra_rs_h_if_pol[0m[0m               = "uni/infra/hintfpol-inheritAuto"
      [32m+[0m [0m[1m[0mrelation_infra_rs_l2_if_pol[0m[0m              = "uni/infra/l2IfP-default"
      [32m+[0m [0m[1m[0mrelation_infra_rs_l2_port_auth_pol[0m[0m       = (known after apply)
      [32m+[0m [0m[1m[0mrelation_infra_rs_l2_port_security_pol[0m[0m   = "uni/infra/portsecurityP-default"
      [32m+[0m [0m[1m[0mrelation_infra_rs_lacp_pol[0m[0m               = "uni/infra/lacplagp-lacpActive"
      [32m+[0m [0m[1m[0mrelation_infra_rs_lldp_if_pol[0m[0m            = "uni/infra/lldpIfP-lldpEnabled"
      [32m+[0m [0m[1m[0mrelation_infra_rs_macsec_if_pol[0m[0m          = "uni/infra/macsecifp-default"
      [32m+[0m [0m[1m[0mrelation_infra_rs_mcp_if_pol[0m[0m             = "uni/infra/mcpIfP-mcpEnabled"
      [32m+[0m [0m[1m[0mrelation_infra_rs_mon_if_infra_pol[0m[0m       = "uni/infra/moninfra-default"
      [32m+[0m [0m[1m[0mrelation_infra_rs_qos_dpp_if_pol[0m[0m         = (known after apply)
      [32m+[0m [0m[1m[0mrelation_infra_rs_qos_egress_dpp_if_pol[0m[0m  = "uni/infra/qosdpppol-default"
      [32m+[0m [0m[1m[0mrelation_infra_rs_qos_ingress_dpp_if_pol[0m[0m = "uni/infra/qosdpppol-default"
      [32m+[0m [0m[1m[0mrelation_infra_rs_qos_pfc_if_pol[0m[0m         = "uni/infra/pfc-default"
      [32m+[0m [0m[1m[0mrelation_infra_rs_qos_sd_if_pol[0m[0m          = "uni/infra/qossdpol-default"
      [32m+[0m [0m[1m[0mrelation_infra_rs_stormctrl_if_pol[0m[0m       = "uni/infra/stormctrlifp-default"
      [32m+[0m [0m[1m[0mrelation_infra_rs_stp_if_pol[0m[0m             = "uni/infra/ifPol-bpduFG"
    }

[1m  # module.access.aci_leaf_access_bundle_policy_group.leaf_interfaces_policy_groups_bundle["vpc108"][0m will be created[0m[0m
[0m  [32m+[0m[0m resource "aci_leaf_access_bundle_policy_group" "leaf_interfaces_policy_groups_bundle" {
      [32m+[0m [0m[1m[0mannotation[0m[0m                               = "easy-aci:1.0.1"
      [32m+[0m [0m[1m[0mdescription[0m[0m                              = "VPC Policy Group for Eth1/#VPC#"
      [32m+[0m [0m[1m[0mid[0m[0m                                       = (known after apply)
      [32m+[0m [0m[1m[0mlag_t[0m[0m                                    = "node"
      [32m+[0m [0m[1m[0mname[0m[0m                                     = "vpc108"
      [32m+[0m [0m[1m[0mname_alias[0m[0m                               = (known after apply)
      [32m+[0m [0m[1m[0mrelation_infra_rs_att_ent_p[0m[0m              = "uni/infra/attentp-trunkAep"
      [32m+[0m [0m[1m[0mrelation_infra_rs_cdp_if_pol[0m[0m             = "uni/infra/cdpIfP-cdpEnabled"
      [32m+[0m [0m[1m[0mrelation_infra_rs_copp_if_pol[0m[0m            = "uni/infra/coppifpol-default"
      [32m+[0m [0m[1m[0mrelation_infra_rs_fc_if_pol[0m[0m              = "uni/infra/fcIfPol-default"
      [32m+[0m [0m[1m[0mrelation_infra_rs_h_if_pol[0m[0m               = "uni/infra/hintfpol-inheritAuto"
      [32m+[0m [0m[1m[0mrelation_infra_rs_l2_if_pol[0m[0m              = "uni/infra/l2IfP-default"
      [32m+[0m [0m[1m[0mrelation_infra_rs_l2_port_auth_pol[0m[0m       = (known after apply)
      [32m+[0m [0m[1m[0mrelation_infra_rs_l2_port_security_pol[0m[0m   = "uni/infra/portsecurityP-default"
      [32m+[0m [0m[1m[0mrelation_infra_rs_lacp_pol[0m[0m               = "uni/infra/lacplagp-lacpActive"
      [32m+[0m [0m[1m[0mrelation_infra_rs_lldp_if_pol[0m[0m            = "uni/infra/lldpIfP-lldpEnabled"
      [32m+[0m [0m[1m[0mrelation_infra_rs_macsec_if_pol[0m[0m          = "uni/infra/macsecifp-default"
      [32m+[0m [0m[1m[0mrelation_infra_rs_mcp_if_pol[0m[0m             = "uni/infra/mcpIfP-mcpEnabled"
      [32m+[0m [0m[1m[0mrelation_infra_rs_mon_if_infra_pol[0m[0m       = "uni/infra/moninfra-default"
      [32m+[0m [0m[1m[0mrelation_infra_rs_qos_dpp_if_pol[0m[0m         = (known after apply)
      [32m+[0m [0m[1m[0mrelation_infra_rs_qos_egress_dpp_if_pol[0m[0m  = "uni/infra/qosdpppol-default"
      [32m+[0m [0m[1m[0mrelation_infra_rs_qos_ingress_dpp_if_pol[0m[0m = "uni/infra/qosdpppol-default"
      [32m+[0m [0m[1m[0mrelation_infra_rs_qos_pfc_if_pol[0m[0m         = "uni/infra/pfc-default"
      [32m+[0m [0m[1m[0mrelation_infra_rs_qos_sd_if_pol[0m[0m          = "uni/infra/qossdpol-default"
      [32m+[0m [0m[1m[0mrelation_infra_rs_stormctrl_if_pol[0m[0m       = "uni/infra/stormctrlifp-default"
      [32m+[0m [0m[1m[0mrelation_infra_rs_stp_if_pol[0m[0m             = "uni/infra/ifPol-bpduFG"
    }

[1m  # module.access.aci_leaf_access_port_policy_group.leaf_interfaces_policy_groups_access["accessPort"][0m will be created[0m[0m
[0m  [32m+[0m[0m resource "aci_leaf_access_port_policy_group" "leaf_interfaces_policy_groups_access" {
      [32m+[0m [0m[1m[0mannotation[0m[0m                               = "easy-aci:1.0.1"
      [32m+[0m [0m[1m[0mdescription[0m[0m                              = "Basic Access Port"
      [32m+[0m [0m[1m[0mid[0m[0m                                       = (known after apply)
      [32m+[0m [0m[1m[0mname[0m[0m                                     = "accessPort"
      [32m+[0m [0m[1m[0mname_alias[0m[0m                               = (known after apply)
      [32m+[0m [0m[1m[0mrelation_infra_rs_att_ent_p[0m[0m              = "uni/infra/attentp-accessAep"
      [32m+[0m [0m[1m[0mrelation_infra_rs_cdp_if_pol[0m[0m             = "uni/infra/cdpIfP-cdpEnabled"
      [32m+[0m [0m[1m[0mrelation_infra_rs_copp_if_pol[0m[0m            = "uni/infra/coppifpol-default"
      [32m+[0m [0m[1m[0mrelation_infra_rs_dwdm_if_pol[0m[0m            = "uni/infra/dwdmifpol-default"
      [32m+[0m [0m[1m[0mrelation_infra_rs_fc_if_pol[0m[0m              = "uni/infra/fcIfPol-default"
      [32m+[0m [0m[1m[0mrelation_infra_rs_h_if_pol[0m[0m               = "uni/infra/hintfpol-inheritAuto"
      [32m+[0m [0m[1m[0mrelation_infra_rs_l2_if_pol[0m[0m              = "uni/infra/l2IfP-default"
      [32m+[0m [0m[1m[0mrelation_infra_rs_l2_port_auth_pol[0m[0m       = "uni/infra/portauthpol-default"
      [32m+[0m [0m[1m[0mrelation_infra_rs_l2_port_security_pol[0m[0m   = "uni/infra/portsecurityP-default"
      [32m+[0m [0m[1m[0mrelation_infra_rs_lldp_if_pol[0m[0m            = "uni/infra/lldpIfP-lldpEnabled"
      [32m+[0m [0m[1m[0mrelation_infra_rs_macsec_if_pol[0m[0m          = "uni/infra/macsecifp-default"
      [32m+[0m [0m[1m[0mrelation_infra_rs_mcp_if_pol[0m[0m             = "uni/infra/mcpIfP-mcpEnabled"
      [32m+[0m [0m[1m[0mrelation_infra_rs_mon_if_infra_pol[0m[0m       = "uni/infra/moninfra-default"
      [32m+[0m [0m[1m[0mrelation_infra_rs_poe_if_pol[0m[0m             = "uni/infra/poeIfP-default"
      [32m+[0m [0m[1m[0mrelation_infra_rs_qos_dpp_if_pol[0m[0m         = (known after apply)
      [32m+[0m [0m[1m[0mrelation_infra_rs_qos_egress_dpp_if_pol[0m[0m  = "uni/infra/qosdpppol-default"
      [32m+[0m [0m[1m[0mrelation_infra_rs_qos_ingress_dpp_if_pol[0m[0m = "uni/infra/qosdpppol-default"
      [32m+[0m [0m[1m[0mrelation_infra_rs_qos_pfc_if_pol[0m[0m         = "uni/infra/pfc-default"
      [32m+[0m [0m[1m[0mrelation_infra_rs_qos_sd_if_pol[0m[0m          = "uni/infra/qossdpol-default"
      [32m+[0m [0m[1m[0mrelation_infra_rs_stormctrl_if_pol[0m[0m       = "uni/infra/stormctrlifp-default"
      [32m+[0m [0m[1m[0mrelation_infra_rs_stp_if_pol[0m[0m             = "uni/infra/ifPol-bpduFG"
    }

[1m  # module.access.aci_leaf_access_port_policy_group.leaf_interfaces_policy_groups_access["infraPort"][0m will be created[0m[0m
[0m  [32m+[0m[0m resource "aci_leaf_access_port_policy_group" "leaf_interfaces_policy_groups_access" {
      [32m+[0m [0m[1m[0mannotation[0m[0m                               = "easy-aci:1.0.1"
      [32m+[0m [0m[1m[0mdescription[0m[0m                              = "includes infra VLAN"
      [32m+[0m [0m[1m[0mid[0m[0m                                       = (known after apply)
      [32m+[0m [0m[1m[0mname[0m[0m                                     = "infraPort"
      [32m+[0m [0m[1m[0mname_alias[0m[0m                               = (known after apply)
      [32m+[0m [0m[1m[0mrelation_infra_rs_att_ent_p[0m[0m              = "uni/infra/attentp-infraAep"
      [32m+[0m [0m[1m[0mrelation_infra_rs_cdp_if_pol[0m[0m             = "uni/infra/cdpIfP-cdpEnabled"
      [32m+[0m [0m[1m[0mrelation_infra_rs_copp_if_pol[0m[0m            = "uni/infra/coppifpol-default"
      [32m+[0m [0m[1m[0mrelation_infra_rs_dwdm_if_pol[0m[0m            = "uni/infra/dwdmifpol-default"
      [32m+[0m [0m[1m[0mrelation_infra_rs_fc_if_pol[0m[0m              = "uni/infra/fcIfPol-default"
      [32m+[0m [0m[1m[0mrelation_infra_rs_h_if_pol[0m[0m               = "uni/infra/hintfpol-inheritAuto"
      [32m+[0m [0m[1m[0mrelation_infra_rs_l2_if_pol[0m[0m              = "uni/infra/l2IfP-default"
      [32m+[0m [0m[1m[0mrelation_infra_rs_l2_port_auth_pol[0m[0m       = "uni/infra/portauthpol-default"
      [32m+[0m [0m[1m[0mrelation_infra_rs_l2_port_security_pol[0m[0m   = "uni/infra/portsecurityP-default"
      [32m+[0m [0m[1m[0mrelation_infra_rs_lldp_if_pol[0m[0m            = "uni/infra/lldpIfP-lldpEnabled"
      [32m+[0m [0m[1m[0mrelation_infra_rs_macsec_if_pol[0m[0m          = "uni/infra/macsecifp-default"
      [32m+[0m [0m[1m[0mrelation_infra_rs_mcp_if_pol[0m[0m             = "uni/infra/mcpIfP-mcpEnabled"
      [32m+[0m [0m[1m[0mrelation_infra_rs_mon_if_infra_pol[0m[0m       = "uni/infra/moninfra-default"
      [32m+[0m [0m[1m[0mrelation_infra_rs_poe_if_pol[0m[0m             = "uni/infra/poeIfP-default"
      [32m+[0m [0m[1m[0mrelation_infra_rs_qos_dpp_if_pol[0m[0m         = (known after apply)
      [32m+[0m [0m[1m[0mrelation_infra_rs_qos_egress_dpp_if_pol[0m[0m  = "uni/infra/qosdpppol-default"
      [32m+[0m [0m[1m[0mrelation_infra_rs_qos_ingress_dpp_if_pol[0m[0m = "uni/infra/qosdpppol-default"
      [32m+[0m [0m[1m[0mrelation_infra_rs_qos_pfc_if_pol[0m[0m         = "uni/infra/pfc-default"
      [32m+[0m [0m[1m[0mrelation_infra_rs_qos_sd_if_pol[0m[0m          = "uni/infra/qossdpol-default"
      [32m+[0m [0m[1m[0mrelation_infra_rs_stormctrl_if_pol[0m[0m       = "uni/infra/stormctrlifp-default"
      [32m+[0m [0m[1m[0mrelation_infra_rs_stp_if_pol[0m[0m             = "uni/infra/ifPol-default"
    }

[1m  # module.access.aci_leaf_access_port_policy_group.leaf_interfaces_policy_groups_access["trunkPort"][0m will be created[0m[0m
[0m  [32m+[0m[0m resource "aci_leaf_access_port_policy_group" "leaf_interfaces_policy_groups_access" {
      [32m+[0m [0m[1m[0mannotation[0m[0m                               = "easy-aci:1.0.1"
      [32m+[0m [0m[1m[0mdescription[0m[0m                              = "Basic Trunk Port"
      [32m+[0m [0m[1m[0mid[0m[0m                                       = (known after apply)
      [32m+[0m [0m[1m[0mname[0m[0m                                     = "trunkPort"
      [32m+[0m [0m[1m[0mname_alias[0m[0m                               = (known after apply)
      [32m+[0m [0m[1m[0mrelation_infra_rs_att_ent_p[0m[0m              = "uni/infra/attentp-trunkAep"
      [32m+[0m [0m[1m[0mrelation_infra_rs_cdp_if_pol[0m[0m             = "uni/infra/cdpIfP-cdpEnabled"
      [32m+[0m [0m[1m[0mrelation_infra_rs_copp_if_pol[0m[0m            = "uni/infra/coppifpol-default"
      [32m+[0m [0m[1m[0mrelation_infra_rs_dwdm_if_pol[0m[0m            = "uni/infra/dwdmifpol-default"
      [32m+[0m [0m[1m[0mrelation_infra_rs_fc_if_pol[0m[0m              = "uni/infra/fcIfPol-default"
      [32m+[0m [0m[1m[0mrelation_infra_rs_h_if_pol[0m[0m               = "uni/infra/hintfpol-inheritAuto"
      [32m+[0m [0m[1m[0mrelation_infra_rs_l2_if_pol[0m[0m              = "uni/infra/l2IfP-default"
      [32m+[0m [0m[1m[0mrelation_infra_rs_l2_port_auth_pol[0m[0m       = "uni/infra/portauthpol-default"
      [32m+[0m [0m[1m[0mrelation_infra_rs_l2_port_security_pol[0m[0m   = "uni/infra/portsecurityP-default"
      [32m+[0m [0m[1m[0mrelation_infra_rs_lldp_if_pol[0m[0m            = "uni/infra/lldpIfP-lldpEnabled"
      [32m+[0m [0m[1m[0mrelation_infra_rs_macsec_if_pol[0m[0m          = "uni/infra/macsecifp-default"
      [32m+[0m [0m[1m[0mrelation_infra_rs_mcp_if_pol[0m[0m             = "uni/infra/mcpIfP-mcpEnabled"
      [32m+[0m [0m[1m[0mrelation_infra_rs_mon_if_infra_pol[0m[0m       = "uni/infra/moninfra-default"
      [32m+[0m [0m[1m[0mrelation_infra_rs_poe_if_pol[0m[0m             = "uni/infra/poeIfP-default"
      [32m+[0m [0m[1m[0mrelation_infra_rs_qos_dpp_if_pol[0m[0m         = (known after apply)
      [32m+[0m [0m[1m[0mrelation_infra_rs_qos_egress_dpp_if_pol[0m[0m  = "uni/infra/qosdpppol-default"
      [32m+[0m [0m[1m[0mrelation_infra_rs_qos_ingress_dpp_if_pol[0m[0m = "uni/infra/qosdpppol-default"
      [32m+[0m [0m[1m[0mrelation_infra_rs_qos_pfc_if_pol[0m[0m         = "uni/infra/pfc-default"
      [32m+[0m [0m[1m[0mrelation_infra_rs_qos_sd_if_pol[0m[0m          = "uni/infra/qossdpol-default"
      [32m+[0m [0m[1m[0mrelation_infra_rs_stormctrl_if_pol[0m[0m       = "uni/infra/stormctrlifp-default"
      [32m+[0m [0m[1m[0mrelation_infra_rs_stp_if_pol[0m[0m             = "uni/infra/ifPol-bpduFG"
    }

[1m  # module.access.aci_leaf_breakout_port_group.leaf_interfaces_policy_groups_breakout["100g-2x"][0m will be created[0m[0m
[0m  [32m+[0m[0m resource "aci_leaf_breakout_port_group" "leaf_interfaces_policy_groups_breakout" {
      [32m+[0m [0m[1m[0mannotation[0m[0m  = "easy-aci:1.0.1"
      [32m+[0m [0m[1m[0mbrkout_map[0m[0m  = "100g-2x"
      [32m+[0m [0m[1m[0mdescription[0m[0m = "Breakup Map for 2 x 100G"
      [32m+[0m [0m[1m[0mid[0m[0m          = (known after apply)
      [32m+[0m [0m[1m[0mname[0m[0m        = "100g-2x"
      [32m+[0m [0m[1m[0mname_alias[0m[0m  = (known after apply)
    }

[1m  # module.access.aci_leaf_breakout_port_group.leaf_interfaces_policy_groups_breakout["100g-4x"][0m will be created[0m[0m
[0m  [32m+[0m[0m resource "aci_leaf_breakout_port_group" "leaf_interfaces_policy_groups_breakout" {
      [32m+[0m [0m[1m[0mannotation[0m[0m  = "easy-aci:1.0.1"
      [32m+[0m [0m[1m[0mbrkout_map[0m[0m  = "100g-4x"
      [32m+[0m [0m[1m[0mdescription[0m[0m = "Breakup Map for 4 x 100G"
      [32m+[0m [0m[1m[0mid[0m[0m          = (known after apply)
      [32m+[0m [0m[1m[0mname[0m[0m        = "100g-4x"
      [32m+[0m [0m[1m[0mname_alias[0m[0m  = (known after apply)
    }

[1m  # module.access.aci_leaf_breakout_port_group.leaf_interfaces_policy_groups_breakout["10g-4x"][0m will be created[0m[0m
[0m  [32m+[0m[0m resource "aci_leaf_breakout_port_group" "leaf_interfaces_policy_groups_breakout" {
      [32m+[0m [0m[1m[0mannotation[0m[0m  = "easy-aci:1.0.1"
      [32m+[0m [0m[1m[0mbrkout_map[0m[0m  = "10g-4x"
      [32m+[0m [0m[1m[0mdescription[0m[0m = "Breakup Map for 4 x 10G"
      [32m+[0m [0m[1m[0mid[0m[0m          = (known after apply)
      [32m+[0m [0m[1m[0mname[0m[0m        = "10g-4x"
      [32m+[0m [0m[1m[0mname_alias[0m[0m  = (known after apply)
    }

[1m  # module.access.aci_leaf_breakout_port_group.leaf_interfaces_policy_groups_breakout["25g-4x"][0m will be created[0m[0m
[0m  [32m+[0m[0m resource "aci_leaf_breakout_port_group" "leaf_interfaces_policy_groups_breakout" {
      [32m+[0m [0m[1m[0mannotation[0m[0m  = "easy-aci:1.0.1"
      [32m+[0m [0m[1m[0mbrkout_map[0m[0m  = "25g-4x"
      [32m+[0m [0m[1m[0mdescription[0m[0m = "Breakup Map for 4 x 25G"
      [32m+[0m [0m[1m[0mid[0m[0m          = (known after apply)
      [32m+[0m [0m[1m[0mname[0m[0m        = "25g-4x"
      [32m+[0m [0m[1m[0mname_alias[0m[0m  = (known after apply)
    }

[1m  # module.access.aci_leaf_breakout_port_group.leaf_interfaces_policy_groups_breakout["50g-8x"][0m will be created[0m[0m
[0m  [32m+[0m[0m resource "aci_leaf_breakout_port_group" "leaf_interfaces_policy_groups_breakout" {
      [32m+[0m [0m[1m[0mannotation[0m[0m  = "easy-aci:1.0.1"
      [32m+[0m [0m[1m[0mbrkout_map[0m[0m  = "50g-8x"
      [32m+[0m [0m[1m[0mdescription[0m[0m = "Breakup Map for 8 x 50G"
      [32m+[0m [0m[1m[0mid[0m[0m          = (known after apply)
      [32m+[0m [0m[1m[0mname[0m[0m        = "50g-8x"
      [32m+[0m [0m[1m[0mname_alias[0m[0m  = (known after apply)
    }

[1m  # module.access.aci_lldp_interface_policy.lldp_interface["lldpDisabled"][0m will be created[0m[0m
[0m  [32m+[0m[0m resource "aci_lldp_interface_policy" "lldp_interface" {
      [32m+[0m [0m[1m[0madmin_rx_st[0m[0m = "disabled"
      [32m+[0m [0m[1m[0madmin_tx_st[0m[0m = "disabled"
      [32m+[0m [0m[1m[0mannotation[0m[0m  = "easy-aci:1.0.1"
      [32m+[0m [0m[1m[0mdescription[0m[0m = "LLDP Both Disabled"
      [32m+[0m [0m[1m[0mid[0m[0m          = (known after apply)
      [32m+[0m [0m[1m[0mname[0m[0m        = "lldpDisabled"
      [32m+[0m [0m[1m[0mname_alias[0m[0m  = (known after apply)
    }

[1m  # module.access.aci_lldp_interface_policy.lldp_interface["lldpEnabled"][0m will be created[0m[0m
[0m  [32m+[0m[0m resource "aci_lldp_interface_policy" "lldp_interface" {
      [32m+[0m [0m[1m[0madmin_rx_st[0m[0m = "enabled"
      [32m+[0m [0m[1m[0madmin_tx_st[0m[0m = "enabled"
      [32m+[0m [0m[1m[0mannotation[0m[0m  = "easy-aci:1.0.1"
      [32m+[0m [0m[1m[0mdescription[0m[0m = "LLDP Both Enabled"
      [32m+[0m [0m[1m[0mid[0m[0m          = (known after apply)
      [32m+[0m [0m[1m[0mname[0m[0m        = "lldpEnabled"
      [32m+[0m [0m[1m[0mname_alias[0m[0m  = (known after apply)
    }

[1m  # module.access.aci_lldp_interface_policy.lldp_interface["lldpRx"][0m will be created[0m[0m
[0m  [32m+[0m[0m resource "aci_lldp_interface_policy" "lldp_interface" {
      [32m+[0m [0m[1m[0madmin_rx_st[0m[0m = "enabled"
      [32m+[0m [0m[1m[0madmin_tx_st[0m[0m = "disabled"
      [32m+[0m [0m[1m[0mannotation[0m[0m  = "easy-aci:1.0.1"
      [32m+[0m [0m[1m[0mdescription[0m[0m = "LLDP Rx Enabled"
      [32m+[0m [0m[1m[0mid[0m[0m          = (known after apply)
      [32m+[0m [0m[1m[0mname[0m[0m        = "lldpRx"
      [32m+[0m [0m[1m[0mname_alias[0m[0m  = (known after apply)
    }

[1m  # module.access.aci_lldp_interface_policy.lldp_interface["lldpTx"][0m will be created[0m[0m
[0m  [32m+[0m[0m resource "aci_lldp_interface_policy" "lldp_interface" {
      [32m+[0m [0m[1m[0madmin_rx_st[0m[0m = "disabled"
      [32m+[0m [0m[1m[0madmin_tx_st[0m[0m = "enabled"
      [32m+[0m [0m[1m[0mannotation[0m[0m  = "easy-aci:1.0.1"
      [32m+[0m [0m[1m[0mdescription[0m[0m = "LLDP Tx Enabled"
      [32m+[0m [0m[1m[0mid[0m[0m          = (known after apply)
      [32m+[0m [0m[1m[0mname[0m[0m        = "lldpTx"
      [32m+[0m [0m[1m[0mname_alias[0m[0m  = (known after apply)
    }

[1m  # module.access.aci_miscabling_protocol_interface_policy.mcp_interface["mcpDisabled"][0m will be created[0m[0m
[0m  [32m+[0m[0m resource "aci_miscabling_protocol_interface_policy" "mcp_interface" {
      [32m+[0m [0m[1m[0madmin_st[0m[0m    = "disabled"
      [32m+[0m [0m[1m[0mannotation[0m[0m  = "easy-aci:1.0.1"
      [32m+[0m [0m[1m[0mdescription[0m[0m = "MCP Disabled"
      [32m+[0m [0m[1m[0mid[0m[0m          = (known after apply)
      [32m+[0m [0m[1m[0mname[0m[0m        = "mcpDisabled"
      [32m+[0m [0m[1m[0mname_alias[0m[0m  = (known after apply)
    }

[1m  # module.access.aci_miscabling_protocol_interface_policy.mcp_interface["mcpEnabled"][0m will be created[0m[0m
[0m  [32m+[0m[0m resource "aci_miscabling_protocol_interface_policy" "mcp_interface" {
      [32m+[0m [0m[1m[0madmin_st[0m[0m    = "enabled"
      [32m+[0m [0m[1m[0mannotation[0m[0m  = "easy-aci:1.0.1"
      [32m+[0m [0m[1m[0mdescription[0m[0m = "MCP Enabled"
      [32m+[0m [0m[1m[0mid[0m[0m          = (known after apply)
      [32m+[0m [0m[1m[0mname[0m[0m        = "mcpEnabled"
      [32m+[0m [0m[1m[0mname_alias[0m[0m  = (known after apply)
    }

[1m  # module.access.aci_physical_domain.physical_domains["access"][0m will be created[0m[0m
[0m  [32m+[0m[0m resource "aci_physical_domain" "physical_domains" {
      [32m+[0m [0m[1m[0mannotation[0m[0m                         = "easy-aci:1.0.1"
      [32m+[0m [0m[1m[0mid[0m[0m                                 = (known after apply)
      [32m+[0m [0m[1m[0mname[0m[0m                               = "access"
      [32m+[0m [0m[1m[0mname_alias[0m[0m                         = (known after apply)
      [32m+[0m [0m[1m[0mrelation_infra_rs_dom_vxlan_ns_def[0m[0m = (known after apply)
      [32m+[0m [0m[1m[0mrelation_infra_rs_vlan_ns[0m[0m          = (known after apply)
      [32m+[0m [0m[1m[0mrelation_infra_rs_vlan_ns_def[0m[0m      = (known after apply)
    }

[1m  # module.access.aci_port_security_policy.port_security["default"][0m will be created[0m[0m
[0m  [32m+[0m[0m resource "aci_port_security_policy" "port_security" {
      [32m+[0m [0m[1m[0mannotation[0m[0m  = "easy-aci:1.0.1"
      [32m+[0m [0m[1m[0mdescription[0m[0m = "Default Port Security Policy"
      [32m+[0m [0m[1m[0mid[0m[0m          = (known after apply)
      [32m+[0m [0m[1m[0mmaximum[0m[0m     = "0"
      [32m+[0m [0m[1m[0mname[0m[0m        = "default"
      [32m+[0m [0m[1m[0mname_alias[0m[0m  = (known after apply)
      [32m+[0m [0m[1m[0mtimeout[0m[0m     = "60"
      [32m+[0m [0m[1m[0mviolation[0m[0m   = "protect"
    }

[1m  # module.access.aci_ranges.vlans["all-vlans-100-299"][0m will be created[0m[0m
[0m  [32m+[0m[0m resource "aci_ranges" "vlans" {
      [32m+[0m [0m[1m[0malloc_mode[0m[0m   = "static"
      [32m+[0m [0m[1m[0mannotation[0m[0m   = "easy-aci:1.0.1"
      [32m+[0m [0m[1m[0mdescription[0m[0m  = (known after apply)
      [32m+[0m [0m[1m[0mfrom[0m[0m         = "vlan-100"
      [32m+[0m [0m[1m[0mid[0m[0m           = (known after apply)
      [32m+[0m [0m[1m[0mname_alias[0m[0m   = (known after apply)
      [32m+[0m [0m[1m[0mrole[0m[0m         = "external"
      [32m+[0m [0m[1m[0mto[0m[0m           = "vlan-299"
      [32m+[0m [0m[1m[0mvlan_pool_dn[0m[0m = (known after apply)
    }

[1m  # module.access.aci_ranges.vlans["all-vlans-1000-1100"][0m will be created[0m[0m
[0m  [32m+[0m[0m resource "aci_ranges" "vlans" {
      [32m+[0m [0m[1m[0malloc_mode[0m[0m   = "inherit"
      [32m+[0m [0m[1m[0mannotation[0m[0m   = "easy-aci:1.0.1"
      [32m+[0m [0m[1m[0mdescription[0m[0m  = (known after apply)
      [32m+[0m [0m[1m[0mfrom[0m[0m         = "vlan-1000"
      [32m+[0m [0m[1m[0mid[0m[0m           = (known after apply)
      [32m+[0m [0m[1m[0mname_alias[0m[0m   = (known after apply)
      [32m+[0m [0m[1m[0mrole[0m[0m         = "external"
      [32m+[0m [0m[1m[0mto[0m[0m           = "vlan-1100"
      [32m+[0m [0m[1m[0mvlan_pool_dn[0m[0m = (known after apply)
    }

[1m  # module.access.aci_ranges.vlans["all-vlans-11-13"][0m will be created[0m[0m
[0m  [32m+[0m[0m resource "aci_ranges" "vlans" {
      [32m+[0m [0m[1m[0malloc_mode[0m[0m   = "static"
      [32m+[0m [0m[1m[0mannotation[0m[0m   = "easy-aci:1.0.1"
      [32m+[0m [0m[1m[0mdescription[0m[0m  = (known after apply)
      [32m+[0m [0m[1m[0mfrom[0m[0m         = "vlan-11"
      [32m+[0m [0m[1m[0mid[0m[0m           = (known after apply)
      [32m+[0m [0m[1m[0mname_alias[0m[0m   = (known after apply)
      [32m+[0m [0m[1m[0mrole[0m[0m         = "external"
      [32m+[0m [0m[1m[0mto[0m[0m           = "vlan-13"
      [32m+[0m [0m[1m[0mvlan_pool_dn[0m[0m = (known after apply)
    }

[1m  # module.access.aci_ranges.vlans["all-vlans-1101-1110"][0m will be created[0m[0m
[0m  [32m+[0m[0m resource "aci_ranges" "vlans" {
      [32m+[0m [0m[1m[0malloc_mode[0m[0m   = "static"
      [32m+[0m [0m[1m[0mannotation[0m[0m   = "easy-aci:1.0.1"
      [32m+[0m [0m[1m[0mdescription[0m[0m  = (known after apply)
      [32m+[0m [0m[1m[0mfrom[0m[0m         = "vlan-1101"
      [32m+[0m [0m[1m[0mid[0m[0m           = (known after apply)
      [32m+[0m [0m[1m[0mname_alias[0m[0m   = (known after apply)
      [32m+[0m [0m[1m[0mrole[0m[0m         = "external"
      [32m+[0m [0m[1m[0mto[0m[0m           = "vlan-1110"
      [32m+[0m [0m[1m[0mvlan_pool_dn[0m[0m = (known after apply)
    }

[1m  # module.access.aci_ranges.vlans["all-vlans-1111-1199"][0m will be created[0m[0m
[0m  [32m+[0m[0m resource "aci_ranges" "vlans" {
      [32m+[0m [0m[1m[0malloc_mode[0m[0m   = "inherit"
      [32m+[0m [0m[1m[0mannotation[0m[0m   = "easy-aci:1.0.1"
      [32m+[0m [0m[1m[0mdescription[0m[0m  = (known after apply)
      [32m+[0m [0m[1m[0mfrom[0m[0m         = "vlan-1111"
      [32m+[0m [0m[1m[0mid[0m[0m           = (known after apply)
      [32m+[0m [0m[1m[0mname_alias[0m[0m   = (known after apply)
      [32m+[0m [0m[1m[0mrole[0m[0m         = "external"
      [32m+[0m [0m[1m[0mto[0m[0m           = "vlan-1199"
      [32m+[0m [0m[1m[0mvlan_pool_dn[0m[0m = (known after apply)
    }

[1m  # module.access.aci_ranges.vlans["all-vlans-4-4"][0m will be created[0m[0m
[0m  [32m+[0m[0m resource "aci_ranges" "vlans" {
      [32m+[0m [0m[1m[0malloc_mode[0m[0m   = "static"
      [32m+[0m [0m[1m[0mannotation[0m[0m   = "easy-aci:1.0.1"
      [32m+[0m [0m[1m[0mdescription[0m[0m  = (known after apply)
      [32m+[0m [0m[1m[0mfrom[0m[0m         = "vlan-4"
      [32m+[0m [0m[1m[0mid[0m[0m           = (known after apply)
      [32m+[0m [0m[1m[0mname_alias[0m[0m   = (known after apply)
      [32m+[0m [0m[1m[0mrole[0m[0m         = "external"
      [32m+[0m [0m[1m[0mto[0m[0m           = "vlan-4"
      [32m+[0m [0m[1m[0mvlan_pool_dn[0m[0m = (known after apply)
    }

[1m  # module.access.aci_rest_managed.dhcp_relay["ad1"][0m will be created[0m[0m
[0m  [32m+[0m[0m resource "aci_rest_managed" "dhcp_relay" {
      [32m+[0m [0m[1m[0mclass_name[0m[0m = "dhcpRelayP"
      [32m+[0m [0m[1m[0mcontent[0m[0m    = {
          [32m+[0m [0m"descr" = ""
          [32m+[0m [0m"mode"  = "visible"
          [32m+[0m [0m"name"  = "ad1"
          [32m+[0m [0m"owner" = "infra"
        }
      [32m+[0m [0m[1m[0mdn[0m[0m         = "uni/infra/relayp-ad1"
      [32m+[0m [0m[1m[0mid[0m[0m         = (known after apply)

      [32m+[0m [0mchild {
          [32m+[0m [0m[1m[0mclass_name[0m[0m = "dhcpRsProv"
          [32m+[0m [0m[1m[0mcontent[0m[0m    = {
              [32m+[0m [0m"addr" = "10.101.128.15"
              [32m+[0m [0m"tDn"  = "uni/tn-common/out-asgard-prod/instP-prod"
            }
          [32m+[0m [0m[1m[0mrn[0m[0m         = "rsprov-[uni/tn-common/out-asgard-prod/instP-prod]"
        }
    }

[1m  # module.access.aci_rest_managed.dhcp_relay["ad2"][0m will be created[0m[0m
[0m  [32m+[0m[0m resource "aci_rest_managed" "dhcp_relay" {
      [32m+[0m [0m[1m[0mclass_name[0m[0m = "dhcpRelayP"
      [32m+[0m [0m[1m[0mcontent[0m[0m    = {
          [32m+[0m [0m"descr" = ""
          [32m+[0m [0m"mode"  = "visible"
          [32m+[0m [0m"name"  = "ad2"
          [32m+[0m [0m"owner" = "infra"
        }
      [32m+[0m [0m[1m[0mdn[0m[0m         = "uni/infra/relayp-ad2"
      [32m+[0m [0m[1m[0mid[0m[0m         = (known after apply)

      [32m+[0m [0mchild {
          [32m+[0m [0m[1m[0mclass_name[0m[0m = "dhcpRsProv"
          [32m+[0m [0m[1m[0mcontent[0m[0m    = {
              [32m+[0m [0m"addr" = "10.101.128.16"
              [32m+[0m [0m"tDn"  = "uni/tn-common/out-asgard-prod/instP-prod"
            }
          [32m+[0m [0m[1m[0mrn[0m[0m         = "rsprov-[uni/tn-common/out-asgard-prod/instP-prod]"
        }
    }

[1m  # module.access.aci_rest_managed.vmm_domain_uplinks["Asgard"][0m will be created[0m[0m
[0m  [32m+[0m[0m resource "aci_rest_managed" "vmm_domain_uplinks" {
      [32m+[0m [0m[1m[0mclass_name[0m[0m = "vmmUplinkPCont"
      [32m+[0m [0m[1m[0mcontent[0m[0m    = {
          [32m+[0m [0m"numOfUplinks" = "2"
        }
      [32m+[0m [0m[1m[0mdn[0m[0m         = "uni/vmmp-VMware/dom-Asgard/uplinkpcont"
      [32m+[0m [0m[1m[0mid[0m[0m         = (known after apply)
    }

[1m  # module.access.aci_rest_managed.vmm_uplinks["Asgard-uplink1"][0m will be created[0m[0m
[0m  [32m+[0m[0m resource "aci_rest_managed" "vmm_uplinks" {
      [32m+[0m [0m[1m[0mclass_name[0m[0m = "vmmUplinkP"
      [32m+[0m [0m[1m[0mcontent[0m[0m    = {
          [32m+[0m [0m"uplinkId"   = "0"
          [32m+[0m [0m"uplinkName" = "uplink1"
        }
      [32m+[0m [0m[1m[0mdn[0m[0m         = "uni/vmmp-VMware/dom-Asgard/uplinkpcont/uplinkp-0"
      [32m+[0m [0m[1m[0mid[0m[0m         = (known after apply)
    }

[1m  # module.access.aci_rest_managed.vmm_uplinks["Asgard-uplink2"][0m will be created[0m[0m
[0m  [32m+[0m[0m resource "aci_rest_managed" "vmm_uplinks" {
      [32m+[0m [0m[1m[0mclass_name[0m[0m = "vmmUplinkP"
      [32m+[0m [0m[1m[0mcontent[0m[0m    = {
          [32m+[0m [0m"uplinkId"   = "1"
          [32m+[0m [0m"uplinkName" = "uplink2"
        }
      [32m+[0m [0m[1m[0mdn[0m[0m         = "uni/vmmp-VMware/dom-Asgard/uplinkpcont/uplinkp-1"
      [32m+[0m [0m[1m[0mid[0m[0m         = (known after apply)
    }

[1m  # module.access.aci_spanning_tree_interface_policy.spanning_tree_interface["bpduFG"][0m will be created[0m[0m
[0m  [32m+[0m[0m resource "aci_spanning_tree_interface_policy" "spanning_tree_interface" {
      [32m+[0m [0m[1m[0mannotation[0m[0m  = "easy-aci:1.0.1"
      [32m+[0m [0m[1m[0mctrl[0m[0m        = [
          [32m+[0m [0m"unspecified",
        ]
      [32m+[0m [0m[1m[0mdescription[0m[0m = "BPDU Filter and Guard"
      [32m+[0m [0m[1m[0mid[0m[0m          = (known after apply)
      [32m+[0m [0m[1m[0mname[0m[0m        = "bpduFG"
      [32m+[0m [0m[1m[0mname_alias[0m[0m  = (known after apply)
    }

[1m  # module.access.aci_spanning_tree_interface_policy.spanning_tree_interface["bpduFt"][0m will be created[0m[0m
[0m  [32m+[0m[0m resource "aci_spanning_tree_interface_policy" "spanning_tree_interface" {
      [32m+[0m [0m[1m[0mannotation[0m[0m  = "easy-aci:1.0.1"
      [32m+[0m [0m[1m[0mctrl[0m[0m        = [
          [32m+[0m [0m"unspecified",
        ]
      [32m+[0m [0m[1m[0mdescription[0m[0m = "BPDU Filter"
      [32m+[0m [0m[1m[0mid[0m[0m          = (known after apply)
      [32m+[0m [0m[1m[0mname[0m[0m        = "bpduFt"
      [32m+[0m [0m[1m[0mname_alias[0m[0m  = (known after apply)
    }

[1m  # module.access.aci_spanning_tree_interface_policy.spanning_tree_interface["bpduGd"][0m will be created[0m[0m
[0m  [32m+[0m[0m resource "aci_spanning_tree_interface_policy" "spanning_tree_interface" {
      [32m+[0m [0m[1m[0mannotation[0m[0m  = "easy-aci:1.0.1"
      [32m+[0m [0m[1m[0mctrl[0m[0m        = [
          [32m+[0m [0m"unspecified",
        ]
      [32m+[0m [0m[1m[0mdescription[0m[0m = "BPDU Guard"
      [32m+[0m [0m[1m[0mid[0m[0m          = (known after apply)
      [32m+[0m [0m[1m[0mname[0m[0m        = "bpduGd"
      [32m+[0m [0m[1m[0mname_alias[0m[0m  = (known after apply)
    }

[1m  # module.access.aci_spine_switch_policy_group.switches_spine_policy_groups["default"][0m will be created[0m[0m
[0m  [32m+[0m[0m resource "aci_spine_switch_policy_group" "switches_spine_policy_groups" {
      [32m+[0m [0m[1m[0mannotation[0m[0m                                   = "easy-aci:1.0.1"
      [32m+[0m [0m[1m[0mdescription[0m[0m                                  = "Default Spine Policy Group"
      [32m+[0m [0m[1m[0mid[0m[0m                                           = (known after apply)
      [32m+[0m [0m[1m[0mname[0m[0m                                         = "default"
      [32m+[0m [0m[1m[0mname_alias[0m[0m                                   = (known after apply)
      [32m+[0m [0m[1m[0mrelation_infra_rs_iacl_spine_profile[0m[0m         = "uni/infra/iaclspinep-default"
      [32m+[0m [0m[1m[0mrelation_infra_rs_spine_bfd_ipv4_inst_pol[0m[0m    = "uni/infra/bfdIpv4Inst-default"
      [32m+[0m [0m[1m[0mrelation_infra_rs_spine_bfd_ipv6_inst_pol[0m[0m    = "uni/infra/bfdIpv6Inst-default"
      [32m+[0m [0m[1m[0mrelation_infra_rs_spine_copp_profile[0m[0m         = "uni/infra/coppspinep-default"
      [32m+[0m [0m[1m[0mrelation_infra_rs_spine_p_grp_to_cdp_if_pol[0m[0m  = "uni/infra/cdpIfP-cdpEnabled"
      [32m+[0m [0m[1m[0mrelation_infra_rs_spine_p_grp_to_lldp_if_pol[0m[0m = "uni/infra/lldpIfP-lldpEnabled"
    }

[1m  # module.access.aci_vlan_pool.vlan_pools["all-vlans"][0m will be created[0m[0m
[0m  [32m+[0m[0m resource "aci_vlan_pool" "vlan_pools" {
      [32m+[0m [0m[1m[0malloc_mode[0m[0m  = "dynamic"
      [32m+[0m [0m[1m[0mannotation[0m[0m  = "easy-aci:1.0.1"
      [32m+[0m [0m[1m[0mdescription[0m[0m = "All VLANs - VLAN Pool"
      [32m+[0m [0m[1m[0mid[0m[0m          = (known after apply)
      [32m+[0m [0m[1m[0mname[0m[0m        = "all-vlans"
      [32m+[0m [0m[1m[0mname_alias[0m[0m  = (known after apply)
    }

[1m  # module.access.aci_vmm_controller.controllers["Asgard_asgard-vcenter.rich.ciscolabs.com"][0m will be created[0m[0m
[0m  [32m+[0m[0m resource "aci_vmm_controller" "controllers" {
      [32m+[0m [0m[1m[0mannotation[0m[0m                   = "easy-aci:1.0.1"
      [32m+[0m [0m[1m[0mdvs_version[0m[0m                  = "7.0"
      [32m+[0m [0m[1m[0mhost_or_ip[0m[0m                   = "asgard-vcenter.rich.ciscolabs.com"
      [32m+[0m [0m[1m[0mid[0m[0m                           = (known after apply)
      [32m+[0m [0m[1m[0minventory_trig_st[0m[0m            = "untriggered"
      [32m+[0m [0m[1m[0mmode[0m[0m                         = "default"
      [32m+[0m [0m[1m[0mmsft_config_err_msg[0m[0m          = (known after apply)
      [32m+[0m [0m[1m[0mmsft_config_issues[0m[0m           = (known after apply)
      [32m+[0m [0m[1m[0mn1kv_stats_mode[0m[0m              = (known after apply)
      [32m+[0m [0m[1m[0mname[0m[0m                         = "asgard-vcenter.rich.ciscolabs.com"
      [32m+[0m [0m[1m[0mname_alias[0m[0m                   = (known after apply)
      [32m+[0m [0m[1m[0mport[0m[0m                         = "0"
      [32m+[0m [0m[1m[0mrelation_vmm_rs_acc[0m[0m          = (known after apply)
      [32m+[0m [0m[1m[0mrelation_vmm_rs_vxlan_ns_def[0m[0m = (known after apply)
      [32m+[0m [0m[1m[0mroot_cont_name[0m[0m               = "Asgard"
      [32m+[0m [0m[1m[0mscope[0m[0m                        = "vm"
      [32m+[0m [0m[1m[0mseq_num[0m[0m                      = "0"
      [32m+[0m [0m[1m[0mstats_mode[0m[0m                   = "enabled"
      [32m+[0m [0m[1m[0mvmm_domain_dn[0m[0m                = (known after apply)
      [32m+[0m [0m[1m[0mvxlan_depl_pref[0m[0m              = "vxlan"
    }

[1m  # module.access.aci_vmm_credential.credentials["Asgard"][0m will be created[0m[0m
[0m  [32m+[0m[0m resource "aci_vmm_credential" "credentials" {
      [32m+[0m [0m[1m[0mannotation[0m[0m    = "easy-aci:1.0.1"
      [32m+[0m [0m[1m[0mdescription[0m[0m   = (known after apply)
      [32m+[0m [0m[1m[0mid[0m[0m            = (known after apply)
      [32m+[0m [0m[1m[0mname[0m[0m          = "Asgard"
      [32m+[0m [0m[1m[0mname_alias[0m[0m    = (known after apply)
      [32m+[0m [0m[1m[0mpwd[0m[0m           = (sensitive)
      [32m+[0m [0m[1m[0musr[0m[0m           = "administrator@rich.local"
      [32m+[0m [0m[1m[0mvmm_domain_dn[0m[0m = (known after apply)
    }

[1m  # module.access.aci_vmm_domain.vmm_domains["Asgard"][0m will be created[0m[0m
[0m  [32m+[0m[0m resource "aci_vmm_domain" "vmm_domains" {
      [32m+[0m [0m[1m[0maccess_mode[0m[0m                          = "read-write"
      [32m+[0m [0m[1m[0mannotation[0m[0m                           = "easy-aci:1.0.1"
      [32m+[0m [0m[1m[0marp_learning[0m[0m                         = (known after apply)
      [32m+[0m [0m[1m[0mave_time_out[0m[0m                         = (known after apply)
      [32m+[0m [0m[1m[0mconfig_infra_pg[0m[0m                      = (known after apply)
      [32m+[0m [0m[1m[0mctrl_knob[0m[0m                            = "epDpVerify"
      [32m+[0m [0m[1m[0mdelimiter[0m[0m                            = (known after apply)
      [32m+[0m [0m[1m[0menable_ave[0m[0m                           = (known after apply)
      [32m+[0m [0m[1m[0menable_tag[0m[0m                           = "yes"
      [32m+[0m [0m[1m[0menable_vm_folder[0m[0m                     = (known after apply)
      [32m+[0m [0m[1m[0mencap_mode[0m[0m                           = "vlan"
      [32m+[0m [0m[1m[0menf_pref[0m[0m                             = "hw"
      [32m+[0m [0m[1m[0mep_inventory_type[0m[0m                    = "on-link"
      [32m+[0m [0m[1m[0mep_ret_time[0m[0m                          = "0"
      [32m+[0m [0m[1m[0mhv_avail_monitor[0m[0m                     = (known after apply)
      [32m+[0m [0m[1m[0mid[0m[0m                                   = (known after apply)
      [32m+[0m [0m[1m[0mmcast_addr[0m[0m                           = (known after apply)
      [32m+[0m [0m[1m[0mmode[0m[0m                                 = "default"
      [32m+[0m [0m[1m[0mname[0m[0m                                 = "Asgard"
      [32m+[0m [0m[1m[0mname_alias[0m[0m                           = (known after apply)
      [32m+[0m [0m[1m[0mpref_encap_mode[0m[0m                      = "unspecified"
      [32m+[0m [0m[1m[0mprovider_profile_dn[0m[0m                  = "uni/vmmp-VMware"
      [32m+[0m [0m[1m[0mrelation_vmm_rs_default_cdp_if_pol[0m[0m   = (known after apply)
      [32m+[0m [0m[1m[0mrelation_vmm_rs_default_fw_pol[0m[0m       = (known after apply)
      [32m+[0m [0m[1m[0mrelation_vmm_rs_default_l2_inst_pol[0m[0m  = (known after apply)
      [32m+[0m [0m[1m[0mrelation_vmm_rs_default_lacp_lag_pol[0m[0m = (known after apply)
      [32m+[0m [0m[1m[0mrelation_vmm_rs_default_lldp_if_pol[0m[0m  = (known after apply)
      [32m+[0m [0m[1m[0mrelation_vmm_rs_default_stp_if_pol[0m[0m   = (known after apply)
    }

[1m  # module.access.aci_vswitch_policy.vswitch_policies["Asgard"][0m will be created[0m[0m
[0m  [32m+[0m[0m resource "aci_vswitch_policy" "vswitch_policies" {
      [32m+[0m [0m[1m[0mannotation[0m[0m                                   = "easy-aci:1.0.1"
      [32m+[0m [0m[1m[0mdescription[0m[0m                                  = (known after apply)
      [32m+[0m [0m[1m[0mid[0m[0m                                           = (known after apply)
      [32m+[0m [0m[1m[0mname_alias[0m[0m                                   = (known after apply)
      [32m+[0m [0m[1m[0mrelation_vmm_rs_vswitch_override_cdp_if_pol[0m[0m  = "uni/infra/cdpIfP-cdpEnabled"
      [32m+[0m [0m[1m[0mrelation_vmm_rs_vswitch_override_fw_pol[0m[0m      = "uni/infra/fwP-default"
      [32m+[0m [0m[1m[0mrelation_vmm_rs_vswitch_override_lacp_pol[0m[0m    = "uni/infra/lacplagp-macPin"
      [32m+[0m [0m[1m[0mrelation_vmm_rs_vswitch_override_lldp_if_pol[0m[0m = "uni/infra/lldpIfP-lldpEnabled"
      [32m+[0m [0m[1m[0mrelation_vmm_rs_vswitch_override_mtu_pol[0m[0m     = "uni/fabric/l2pol-default"
      [32m+[0m [0m[1m[0mvmm_domain_dn[0m[0m                                = (known after apply)
    }

[1m  # module.admin.aci_authentication_properties.authentication_properties["default"][0m will be created[0m[0m
[0m  [32m+[0m[0m resource "aci_authentication_properties" "authentication_properties" {
      [32m+[0m [0m[1m[0mannotation[0m[0m      = "easy-aci:1.0.1"
      [32m+[0m [0m[1m[0mdef_role_policy[0m[0m = "no-login"
      [32m+[0m [0m[1m[0mdescription[0m[0m     = (known after apply)
      [32m+[0m [0m[1m[0mid[0m[0m              = (known after apply)
      [32m+[0m [0m[1m[0mname_alias[0m[0m      = (known after apply)
      [32m+[0m [0m[1m[0mping_check[0m[0m      = "true"
      [32m+[0m [0m[1m[0mretries[0m[0m         = "1"
      [32m+[0m [0m[1m[0mtimeout[0m[0m         = "5"
    }

[1m  # module.admin.aci_configuration_export_policy.configuration_export["fileserver.example.com"][0m will be created[0m[0m
[0m  [32m+[0m[0m resource "aci_configuration_export_policy" "configuration_export" {
      [32m+[0m [0m[1m[0madmin_st[0m[0m                              = "untriggered"
      [32m+[0m [0m[1m[0mannotation[0m[0m                            = "easy-aci:1.0.1"
      [32m+[0m [0m[1m[0mdescription[0m[0m                           = (known after apply)
      [32m+[0m [0m[1m[0mformat[0m[0m                                = "json"
      [32m+[0m [0m[1m[0mid[0m[0m                                    = (known after apply)
      [32m+[0m [0m[1m[0minclude_secure_fields[0m[0m                 = "no"
      [32m+[0m [0m[1m[0mmax_snapshot_count[0m[0m                    = "global-limit"
      [32m+[0m [0m[1m[0mname[0m[0m                                  = "fileserver.example.com"
      [32m+[0m [0m[1m[0mname_alias[0m[0m                            = (known after apply)
      [32m+[0m [0m[1m[0mrelation_config_rs_export_destination[0m[0m = (known after apply)
      [32m+[0m [0m[1m[0mrelation_config_rs_export_scheduler[0m[0m   = (known after apply)
      [32m+[0m [0m[1m[0msnapshot[0m[0m                              = "no"
      [32m+[0m [0m[1m[0mtarget_dn[0m[0m                             = (known after apply)
    }

[1m  # module.admin.aci_console_authentication.console["default"][0m will be created[0m[0m
[0m  [32m+[0m[0m resource "aci_console_authentication" "console" {
      [32m+[0m [0m[1m[0mannotation[0m[0m     = "easy-aci:1.0.1"
      [32m+[0m [0m[1m[0mdescription[0m[0m    = (known after apply)
      [32m+[0m [0m[1m[0mid[0m[0m             = (known after apply)
      [32m+[0m [0m[1m[0mname_alias[0m[0m     = (known after apply)
      [32m+[0m [0m[1m[0mprovider_group[0m[0m = (known after apply)
      [32m+[0m [0m[1m[0mrealm[0m[0m          = "local"
      [32m+[0m [0m[1m[0mrealm_sub_type[0m[0m = "default"
    }

[1m  # module.admin.aci_default_authentication.default["default"][0m will be created[0m[0m
[0m  [32m+[0m[0m resource "aci_default_authentication" "default" {
      [32m+[0m [0m[1m[0mannotation[0m[0m     = "easy-aci:1.0.1"
      [32m+[0m [0m[1m[0mdescription[0m[0m    = (known after apply)
      [32m+[0m [0m[1m[0mfallback_check[0m[0m = "false"
      [32m+[0m [0m[1m[0mid[0m[0m             = (known after apply)
      [32m+[0m [0m[1m[0mname_alias[0m[0m     = (known after apply)
      [32m+[0m [0m[1m[0mprovider_group[0m[0m = (known after apply)
      [32m+[0m [0m[1m[0mrealm[0m[0m          = "local"
      [32m+[0m [0m[1m[0mrealm_sub_type[0m[0m = "default"
    }

[1m  # module.admin.aci_file_remote_path.remote_locations["fileserver.example.com"][0m will be created[0m[0m
[0m  [32m+[0m[0m resource "aci_file_remote_path" "remote_locations" {
      [32m+[0m [0m[1m[0mannotation[0m[0m                            = "easy-aci:1.0.1"
      [32m+[0m [0m[1m[0mauth_type[0m[0m                             = "usePassword"
      [32m+[0m [0m[1m[0mdescription[0m[0m                           = (known after apply)
      [32m+[0m [0m[1m[0mhost[0m[0m                                  = "fileserver.example.com"
      [32m+[0m [0m[1m[0mid[0m[0m                                    = (known after apply)
      [32m+[0m [0m[1m[0midentity_private_key_contents[0m[0m         = (known after apply)
      [32m+[0m [0m[1m[0midentity_private_key_passphrase[0m[0m       = (known after apply)
      [32m+[0m [0m[1m[0mname[0m[0m                                  = "fileserver.example.com"
      [32m+[0m [0m[1m[0mname_alias[0m[0m                            = (known after apply)
      [32m+[0m [0m[1m[0mprotocol[0m[0m                              = "sftp"
      [32m+[0m [0m[1m[0mrelation_file_rs_a_remote_host_to_epg[0m[0m = "uni/tn-mgmt/mgmtp-default/oob-ooband"
      [32m+[0m [0m[1m[0mremote_path[0m[0m                           = "/tmp"
      [32m+[0m [0m[1m[0mremote_port[0m[0m                           = "22"
      [32m+[0m [0m[1m[0muser_name[0m[0m                             = "admin"
      [32m+[0m [0m[1m[0muser_passwd[0m[0m                           = (sensitive)
    }

[1m  # module.admin.aci_global_security.security["default"][0m will be created[0m[0m
[0m  [32m+[0m[0m resource "aci_global_security" "security" {
      [32m+[0m [0m[1m[0mannotation[0m[0m                 = "easy-aci:1.0.1"
      [32m+[0m [0m[1m[0mblock_duration[0m[0m             = "60"
      [32m+[0m [0m[1m[0mchange_count[0m[0m               = "2"
      [32m+[0m [0m[1m[0mchange_during_interval[0m[0m     = "enable"
      [32m+[0m [0m[1m[0mchange_interval[0m[0m            = "48"
      [32m+[0m [0m[1m[0mdescription[0m[0m                = (known after apply)
      [32m+[0m [0m[1m[0menable_login_block[0m[0m         = "disable"
      [32m+[0m [0m[1m[0mexpiration_warn_time[0m[0m       = "15"
      [32m+[0m [0m[1m[0mhistory_count[0m[0m              = "5"
      [32m+[0m [0m[1m[0mid[0m[0m                         = (known after apply)
      [32m+[0m [0m[1m[0mmax_failed_attempts[0m[0m        = "5"
      [32m+[0m [0m[1m[0mmax_failed_attempts_window[0m[0m = "5"
      [32m+[0m [0m[1m[0mmaximum_validity_period[0m[0m    = "24"
      [32m+[0m [0m[1m[0mname_alias[0m[0m                 = (known after apply)
      [32m+[0m [0m[1m[0mno_change_interval[0m[0m         = "48"
      [32m+[0m [0m[1m[0mpwd_strength_check[0m[0m         = "yes"
      [32m+[0m [0m[1m[0msession_record_flags[0m[0m       = [
          [32m+[0m [0m"login",
          [32m+[0m [0m"logout",
          [32m+[0m [0m"refresh",
        ]
      [32m+[0m [0m[1m[0mui_idle_timeout_seconds[0m[0m    = "65525"
      [32m+[0m [0m[1m[0mwebtoken_timeout_seconds[0m[0m   = "600"
    }

[1m  # module.admin.aci_login_domain.login_domain["RADIUS"][0m will be created[0m[0m
[0m  [32m+[0m[0m resource "aci_login_domain" "login_domain" {
      [32m+[0m [0m[1m[0mannotation[0m[0m     = "easy-aci:1.0.1"
      [32m+[0m [0m[1m[0mdescription[0m[0m    = "RADIUS Login Domain."
      [32m+[0m [0m[1m[0mid[0m[0m             = (known after apply)
      [32m+[0m [0m[1m[0mname[0m[0m           = "RADIUS"
      [32m+[0m [0m[1m[0mname_alias[0m[0m     = (known after apply)
      [32m+[0m [0m[1m[0mprovider_group[0m[0m = "RADIUS"
      [32m+[0m [0m[1m[0mrealm[0m[0m          = "radius"
      [32m+[0m [0m[1m[0mrealm_sub_type[0m[0m = "default"
    }

[1m  # module.admin.aci_login_domain.login_domain_tacacs["TACACS"][0m will be created[0m[0m
[0m  [32m+[0m[0m resource "aci_login_domain" "login_domain_tacacs" {
      [32m+[0m [0m[1m[0mannotation[0m[0m     = "easy-aci:1.0.1"
      [32m+[0m [0m[1m[0mdescription[0m[0m    = "TACACS Login Domain."
      [32m+[0m [0m[1m[0mid[0m[0m             = (known after apply)
      [32m+[0m [0m[1m[0mname[0m[0m           = "TACACS"
      [32m+[0m [0m[1m[0mname_alias[0m[0m     = (known after apply)
      [32m+[0m [0m[1m[0mprovider_group[0m[0m = "TACACS"
      [32m+[0m [0m[1m[0mrealm[0m[0m          = "tacacs"
      [32m+[0m [0m[1m[0mrealm_sub_type[0m[0m = "default"
    }

[1m  # module.admin.aci_login_domain_provider.aci_login_domain_provider_radius["198.18.18.12"][0m will be created[0m[0m
[0m  [32m+[0m[0m resource "aci_login_domain_provider" "aci_login_domain_provider_radius" {
      [32m+[0m [0m[1m[0mannotation[0m[0m  = "easy-aci:1.0.1"
      [32m+[0m [0m[1m[0mdescription[0m[0m = "198.18.18.12 Login Domain Provider."
      [32m+[0m [0m[1m[0mid[0m[0m          = (known after apply)
      [32m+[0m [0m[1m[0mname[0m[0m        = "198.18.18.12"
      [32m+[0m [0m[1m[0mname_alias[0m[0m  = (known after apply)
      [32m+[0m [0m[1m[0morder[0m[0m       = "0"
      [32m+[0m [0m[1m[0mparent_dn[0m[0m   = (known after apply)
    }

[1m  # module.admin.aci_login_domain_provider.aci_login_domain_provider_radius["198.18.18.13"][0m will be created[0m[0m
[0m  [32m+[0m[0m resource "aci_login_domain_provider" "aci_login_domain_provider_radius" {
      [32m+[0m [0m[1m[0mannotation[0m[0m  = "easy-aci:1.0.1"
      [32m+[0m [0m[1m[0mdescription[0m[0m = "198.18.18.13 Login Domain Provider."
      [32m+[0m [0m[1m[0mid[0m[0m          = (known after apply)
      [32m+[0m [0m[1m[0mname[0m[0m        = "198.18.18.13"
      [32m+[0m [0m[1m[0mname_alias[0m[0m  = (known after apply)
      [32m+[0m [0m[1m[0morder[0m[0m       = "1"
      [32m+[0m [0m[1m[0mparent_dn[0m[0m   = (known after apply)
    }

[1m  # module.admin.aci_login_domain_provider.aci_login_domain_provider_tacacs["198.18.0.49"][0m will be created[0m[0m
[0m  [32m+[0m[0m resource "aci_login_domain_provider" "aci_login_domain_provider_tacacs" {
      [32m+[0m [0m[1m[0mannotation[0m[0m  = "easy-aci:1.0.1"
      [32m+[0m [0m[1m[0mdescription[0m[0m = "198.18.0.49 Login Domain Provider."
      [32m+[0m [0m[1m[0mid[0m[0m          = (known after apply)
      [32m+[0m [0m[1m[0mname[0m[0m        = "198.18.0.49"
      [32m+[0m [0m[1m[0mname_alias[0m[0m  = (known after apply)
      [32m+[0m [0m[1m[0morder[0m[0m       = "0"
      [32m+[0m [0m[1m[0mparent_dn[0m[0m   = (known after apply)
    }

[1m  # module.admin.aci_login_domain_provider.aci_login_domain_provider_tacacs["198.18.0.50"][0m will be created[0m[0m
[0m  [32m+[0m[0m resource "aci_login_domain_provider" "aci_login_domain_provider_tacacs" {
      [32m+[0m [0m[1m[0mannotation[0m[0m  = "easy-aci:1.0.1"
      [32m+[0m [0m[1m[0mdescription[0m[0m = "198.18.0.50 Login Domain Provider."
      [32m+[0m [0m[1m[0mid[0m[0m          = (known after apply)
      [32m+[0m [0m[1m[0mname[0m[0m        = "198.18.0.50"
      [32m+[0m [0m[1m[0mname_alias[0m[0m  = (known after apply)
      [32m+[0m [0m[1m[0morder[0m[0m       = "1"
      [32m+[0m [0m[1m[0mparent_dn[0m[0m   = (known after apply)
    }

[1m  # module.admin.aci_radius_provider.radius_providers["198.18.18.12"][0m will be created[0m[0m
[0m  [32m+[0m[0m resource "aci_radius_provider" "radius_providers" {
      [32m+[0m [0m[1m[0mannotation[0m[0m                      = "easy-aci:1.0.1"
      [32m+[0m [0m[1m[0mauth_port[0m[0m                       = "1812"
      [32m+[0m [0m[1m[0mauth_protocol[0m[0m                   = "pap"
      [32m+[0m [0m[1m[0mdescription[0m[0m                     = "198.18.18.12 Provider."
      [32m+[0m [0m[1m[0mid[0m[0m                              = (known after apply)
      [32m+[0m [0m[1m[0mkey[0m[0m                             = (sensitive)
      [32m+[0m [0m[1m[0mmonitor_server[0m[0m                  = "disabled"
      [32m+[0m [0m[1m[0mmonitoring_password[0m[0m             = (known after apply)
      [32m+[0m [0m[1m[0mmonitoring_user[0m[0m                 = "default"
      [32m+[0m [0m[1m[0mname[0m[0m                            = "198.18.18.12"
      [32m+[0m [0m[1m[0mname_alias[0m[0m                      = (known after apply)
      [32m+[0m [0m[1m[0mrelation_aaa_rs_sec_prov_to_epg[0m[0m = "uni/tn-mgmt/mgmtp-default/oob-ooband"
      [32m+[0m [0m[1m[0mretries[0m[0m                         = "1"
      [32m+[0m [0m[1m[0mtimeout[0m[0m                         = "5"
      [32m+[0m [0m[1m[0mtype[0m[0m                            = "radius"
    }

[1m  # module.admin.aci_radius_provider.radius_providers["198.18.18.13"][0m will be created[0m[0m
[0m  [32m+[0m[0m resource "aci_radius_provider" "radius_providers" {
      [32m+[0m [0m[1m[0mannotation[0m[0m                      = "easy-aci:1.0.1"
      [32m+[0m [0m[1m[0mauth_port[0m[0m                       = "1812"
      [32m+[0m [0m[1m[0mauth_protocol[0m[0m                   = "pap"
      [32m+[0m [0m[1m[0mdescription[0m[0m                     = "198.18.18.13 Provider."
      [32m+[0m [0m[1m[0mid[0m[0m                              = (known after apply)
      [32m+[0m [0m[1m[0mkey[0m[0m                             = (sensitive)
      [32m+[0m [0m[1m[0mmonitor_server[0m[0m                  = "disabled"
      [32m+[0m [0m[1m[0mmonitoring_password[0m[0m             = (known after apply)
      [32m+[0m [0m[1m[0mmonitoring_user[0m[0m                 = "default"
      [32m+[0m [0m[1m[0mname[0m[0m                            = "198.18.18.13"
      [32m+[0m [0m[1m[0mname_alias[0m[0m                      = (known after apply)
      [32m+[0m [0m[1m[0mrelation_aaa_rs_sec_prov_to_epg[0m[0m = "uni/tn-mgmt/mgmtp-default/oob-ooband"
      [32m+[0m [0m[1m[0mretries[0m[0m                         = "1"
      [32m+[0m [0m[1m[0mtimeout[0m[0m                         = "5"
      [32m+[0m [0m[1m[0mtype[0m[0m                            = "radius"
    }

[1m  # module.admin.aci_radius_provider_group.radius_provider_groups["RADIUS"][0m will be created[0m[0m
[0m  [32m+[0m[0m resource "aci_radius_provider_group" "radius_provider_groups" {
      [32m+[0m [0m[1m[0mannotation[0m[0m  = "easy-aci:1.0.1"
      [32m+[0m [0m[1m[0mdescription[0m[0m = (known after apply)
      [32m+[0m [0m[1m[0mid[0m[0m          = (known after apply)
      [32m+[0m [0m[1m[0mname[0m[0m        = "RADIUS"
      [32m+[0m [0m[1m[0mname_alias[0m[0m  = (known after apply)
    }

[1m  # module.admin.aci_recurring_window.recurring_window["daily-backups"][0m will be created[0m[0m
[0m  [32m+[0m[0m resource "aci_recurring_window" "recurring_window" {
      [32m+[0m [0m[1m[0mannotation[0m[0m        = "easy-aci:1.0.1"
      [32m+[0m [0m[1m[0mconcur_cap[0m[0m        = "unlimited"
      [32m+[0m [0m[1m[0mday[0m[0m               = "every-day"
      [32m+[0m [0m[1m[0mhour[0m[0m              = "23"
      [32m+[0m [0m[1m[0mid[0m[0m                = (known after apply)
      [32m+[0m [0m[1m[0mminute[0m[0m            = "45"
      [32m+[0m [0m[1m[0mname[0m[0m              = "daily-backups"
      [32m+[0m [0m[1m[0mname_alias[0m[0m        = (known after apply)
      [32m+[0m [0m[1m[0mnode_upg_interval[0m[0m = "0"
      [32m+[0m [0m[1m[0mproc_break[0m[0m        = "none"
      [32m+[0m [0m[1m[0mproc_cap[0m[0m          = "unlimited"
      [32m+[0m [0m[1m[0mscheduler_dn[0m[0m      = (known after apply)
      [32m+[0m [0m[1m[0mtime_cap[0m[0m          = "unlimited"
    }

[1m  # module.admin.aci_rest_managed.smart_callhome_destination_groups["default"][0m will be created[0m[0m
[0m  [32m+[0m[0m resource "aci_rest_managed" "smart_callhome_destination_groups" {
      [32m+[0m [0m[1m[0mclass_name[0m[0m = "callhomeSmartGroup"
      [32m+[0m [0m[1m[0mcontent[0m[0m    = {
          [32m+[0m [0m"descr" = ""
          [32m+[0m [0m"name"  = "default"
        }
      [32m+[0m [0m[1m[0mdn[0m[0m         = "uni/fabric/smartgroup-default"
      [32m+[0m [0m[1m[0mid[0m[0m         = (known after apply)
    }

[1m  # module.admin.aci_rest_managed.smart_callhome_destination_groups_callhome_profile["default"][0m will be created[0m[0m
[0m  [32m+[0m[0m resource "aci_rest_managed" "smart_callhome_destination_groups_callhome_profile" {
      [32m+[0m [0m[1m[0mclass_name[0m[0m = "callhomeProf"
      [32m+[0m [0m[1m[0mcontent[0m[0m    = {
          [32m+[0m [0m"addr"       = "4125 Highlander Parkway Richfield, OH 44286"
          [32m+[0m [0m"adminState" = "enabled"
          [32m+[0m [0m"contact"    = "rich-lab@cisco.com"
          [32m+[0m [0m"contract"   = ""
          [32m+[0m [0m"customer"   = ""
          [32m+[0m [0m"email"      = "rich-lab@cisco.com"
          [32m+[0m [0m"from"       = "rich-lab@cisco.com"
          [32m+[0m [0m"phone"      = "+1 408-555-5555"
          [32m+[0m [0m"port"       = "25"
          [32m+[0m [0m"pwd"        = ""
          [32m+[0m [0m"replyTo"    = "rich-lab@cisco.com"
          [32m+[0m [0m"secureSmtp" = "no"
          [32m+[0m [0m"site"       = ""
          [32m+[0m [0m"username"   = ""
        }
      [32m+[0m [0m[1m[0mdn[0m[0m         = "uni/fabric/smartgroup-default/prof"
      [32m+[0m [0m[1m[0mid[0m[0m         = (known after apply)
    }

[1m  # module.admin.aci_rest_managed.smart_callhome_destinations["default-rich-lab"][0m will be created[0m[0m
[0m  [32m+[0m[0m resource "aci_rest_managed" "smart_callhome_destinations" {
      [32m+[0m [0m[1m[0mclass_name[0m[0m = "callhomeSmartDest"
      [32m+[0m [0m[1m[0mcontent[0m[0m    = {
          [32m+[0m [0m"adminState"   = "enabled"
          [32m+[0m [0m"email"        = "rich-lab@cisco.com"
          [32m+[0m [0m"format"       = "short-txt"
          [32m+[0m [0m"name"         = "rich-lab"
          [32m+[0m [0m"rfcCompliant" = "yes"
        }
      [32m+[0m [0m[1m[0mdn[0m[0m         = "uni/fabric/smartgroup-default/smartdest-rich-lab"
      [32m+[0m [0m[1m[0mid[0m[0m         = (known after apply)
    }

[1m  # module.admin.aci_rest_managed.smart_callhome_smtp_servers["default"][0m will be created[0m[0m
[0m  [32m+[0m[0m resource "aci_rest_managed" "smart_callhome_smtp_servers" {
      [32m+[0m [0m[1m[0mclass_name[0m[0m = "callhomeSmtpServer"
      [32m+[0m [0m[1m[0mcontent[0m[0m    = {
          [32m+[0m [0m"host" = "smtp-ext.cisco.com"
        }
      [32m+[0m [0m[1m[0mdn[0m[0m         = "uni/fabric/smartgroup-default/prof/smtp"
      [32m+[0m [0m[1m[0mid[0m[0m         = (known after apply)

      [32m+[0m [0mchild {
          [32m+[0m [0m[1m[0mclass_name[0m[0m = "fileRsARemoteHostToEpg"
          [32m+[0m [0m[1m[0mcontent[0m[0m    = {
              [32m+[0m [0m"tDn" = "uni/tn-mgmt/mgmtp-default/oob-ooband"
            }
          [32m+[0m [0m[1m[0mrn[0m[0m         = "rsARemoteHostToEpg"
        }
    }

[1m  # module.admin.aci_rest_managed.smart_callhome_source["default"][0m will be created[0m[0m
[0m  [32m+[0m[0m resource "aci_rest_managed" "smart_callhome_source" {
      [32m+[0m [0m[1m[0mclass_name[0m[0m = "callhomeSmartSrc"
      [32m+[0m [0m[1m[0mcontent[0m[0m    = (known after apply)
      [32m+[0m [0m[1m[0mdn[0m[0m         = "uni/fabric/moncommon/smartchsrc"
      [32m+[0m [0m[1m[0mid[0m[0m         = (known after apply)

      [32m+[0m [0mchild {
          [32m+[0m [0m[1m[0mclass_name[0m[0m = "callhomeRsSmartdestGroup"
          [32m+[0m [0m[1m[0mcontent[0m[0m    = {
              [32m+[0m [0m"tDn" = "uni/fabric/smartgroup-default"
            }
          [32m+[0m [0m[1m[0mrn[0m[0m         = "rssmartdestGroup"
        }
    }

[1m  # module.admin.aci_rest_managed.syslog_destination_groups["default"][0m will be created[0m[0m
[0m  [32m+[0m[0m resource "aci_rest_managed" "syslog_destination_groups" {
      [32m+[0m [0m[1m[0mclass_name[0m[0m = "syslogGroup"
      [32m+[0m [0m[1m[0mcontent[0m[0m    = {
          [32m+[0m [0m"descr"               = ""
          [32m+[0m [0m"format"              = "aci"
          [32m+[0m [0m"includeMilliSeconds" = "yes"
          [32m+[0m [0m"includeTimeZone"     = "yes"
          [32m+[0m [0m"name"                = "default"
        }
      [32m+[0m [0m[1m[0mdn[0m[0m         = "uni/fabric/slgroup-default"
      [32m+[0m [0m[1m[0mid[0m[0m         = (known after apply)

      [32m+[0m [0mchild {
          [32m+[0m [0m[1m[0mclass_name[0m[0m = "syslogConsole"
          [32m+[0m [0m[1m[0mcontent[0m[0m    = {
              [32m+[0m [0m"adminState" = "enabled"
              [32m+[0m [0m"severity"   = "critical"
            }
          [32m+[0m [0m[1m[0mrn[0m[0m         = "console"
        }
      [32m+[0m [0mchild {
          [32m+[0m [0m[1m[0mclass_name[0m[0m = "syslogFile"
          [32m+[0m [0m[1m[0mcontent[0m[0m    = {
              [32m+[0m [0m"adminState" = "enabled"
              [32m+[0m [0m"severity"   = "information"
            }
          [32m+[0m [0m[1m[0mrn[0m[0m         = "file"
        }
      [32m+[0m [0mchild {
          [32m+[0m [0m[1m[0mclass_name[0m[0m = "syslogProf"
          [32m+[0m [0m[1m[0mcontent[0m[0m    = {
              [32m+[0m [0m"adminState" = "enabled"
            }
          [32m+[0m [0m[1m[0mrn[0m[0m         = "prof"
        }
    }

[1m  # module.admin.aci_rest_managed.syslog_remote_destinations["default_10.101.128.24"][0m will be created[0m[0m
[0m  [32m+[0m[0m resource "aci_rest_managed" "syslog_remote_destinations" {
      [32m+[0m [0m[1m[0mclass_name[0m[0m = "syslogRemoteDest"
      [32m+[0m [0m[1m[0mcontent[0m[0m    = {
          [32m+[0m [0m"adminState"         = "enabled"
          [32m+[0m [0m"forwardingFacility" = "local7"
          [32m+[0m [0m"host"               = "10.101.128.24"
          [32m+[0m [0m"name"               = "10.101.128.24"
          [32m+[0m [0m"port"               = "514"
          [32m+[0m [0m"severity"           = "information"
        }
      [32m+[0m [0m[1m[0mdn[0m[0m         = "uni/fabric/slgroup-default/rdst-10.101.128.24"
      [32m+[0m [0m[1m[0mid[0m[0m         = (known after apply)

      [32m+[0m [0mchild {
          [32m+[0m [0m[1m[0mclass_name[0m[0m = "fileRsARemoteHostToEpg"
          [32m+[0m [0m[1m[0mcontent[0m[0m    = {
              [32m+[0m [0m"tDn" = "uni/tn-mgmt/mgmtp-default/oob-ooband"
            }
          [32m+[0m [0m[1m[0mrn[0m[0m         = "rsARemoteHostToEpg"
        }
    }

[1m  # module.admin.aci_rest_managed.syslog_remote_destinations["default_10.101.128.25"][0m will be created[0m[0m
[0m  [32m+[0m[0m resource "aci_rest_managed" "syslog_remote_destinations" {
      [32m+[0m [0m[1m[0mclass_name[0m[0m = "syslogRemoteDest"
      [32m+[0m [0m[1m[0mcontent[0m[0m    = {
          [32m+[0m [0m"adminState"         = "enabled"
          [32m+[0m [0m"forwardingFacility" = "local7"
          [32m+[0m [0m"host"               = "10.101.128.25"
          [32m+[0m [0m"name"               = "10.101.128.25"
          [32m+[0m [0m"port"               = "514"
          [32m+[0m [0m"severity"           = "information"
        }
      [32m+[0m [0m[1m[0mdn[0m[0m         = "uni/fabric/slgroup-default/rdst-10.101.128.25"
      [32m+[0m [0m[1m[0mid[0m[0m         = (known after apply)

      [32m+[0m [0mchild {
          [32m+[0m [0m[1m[0mclass_name[0m[0m = "fileRsARemoteHostToEpg"
          [32m+[0m [0m[1m[0mcontent[0m[0m    = {
              [32m+[0m [0m"tDn" = "uni/tn-mgmt/mgmtp-default/oob-ooband"
            }
          [32m+[0m [0m[1m[0mrn[0m[0m         = "rsARemoteHostToEpg"
        }
    }

[1m  # module.admin.aci_rest_managed.syslog_sources["default"][0m will be created[0m[0m
[0m  [32m+[0m[0m resource "aci_rest_managed" "syslog_sources" {
      [32m+[0m [0m[1m[0mclass_name[0m[0m = "syslogSrc"
      [32m+[0m [0m[1m[0mcontent[0m[0m    = {
          [32m+[0m [0m"incl"   = "all,audit,events,faults,session"
          [32m+[0m [0m"minSev" = "warnings"
          [32m+[0m [0m"name"   = "default"
        }
      [32m+[0m [0m[1m[0mdn[0m[0m         = "uni/fabric/moncommon/slsrc-default"
      [32m+[0m [0m[1m[0mid[0m[0m         = (known after apply)

      [32m+[0m [0mchild {
          [32m+[0m [0m[1m[0mclass_name[0m[0m = "syslogRsDestGroup"
          [32m+[0m [0m[1m[0mcontent[0m[0m    = {
              [32m+[0m [0m"tDn" = "uni/fabric/slgroup-default"
            }
          [32m+[0m [0m[1m[0mrn[0m[0m         = "rsdestGroup"
        }
    }

[1m  # module.admin.aci_tacacs_accounting.tacacs_accounting["TACACS"][0m will be created[0m[0m
[0m  [32m+[0m[0m resource "aci_tacacs_accounting" "tacacs_accounting" {
      [32m+[0m [0m[1m[0mannotation[0m[0m  = "easy-aci:1.0.1"
      [32m+[0m [0m[1m[0mdescription[0m[0m = "TACACS Accounting"
      [32m+[0m [0m[1m[0mid[0m[0m          = (known after apply)
      [32m+[0m [0m[1m[0mname[0m[0m        = "TACACS"
      [32m+[0m [0m[1m[0mname_alias[0m[0m  = (known after apply)
    }

[1m  # module.admin.aci_tacacs_accounting_destination.tacacs_accounting_destinations["198.18.0.49"][0m will be created[0m[0m
[0m  [32m+[0m[0m resource "aci_tacacs_accounting_destination" "tacacs_accounting_destinations" {
      [32m+[0m [0m[1m[0mannotation[0m[0m                            = "easy-aci:1.0.1"
      [32m+[0m [0m[1m[0mauth_protocol[0m[0m                         = (known after apply)
      [32m+[0m [0m[1m[0mdescription[0m[0m                           = "198.18.0.49 Accounting Destination."
      [32m+[0m [0m[1m[0mhost[0m[0m                                  = "198.18.0.49"
      [32m+[0m [0m[1m[0mid[0m[0m                                    = (known after apply)
      [32m+[0m [0m[1m[0mkey[0m[0m                                   = (sensitive)
      [32m+[0m [0m[1m[0mname[0m[0m                                  = "198.18.0.49"
      [32m+[0m [0m[1m[0mname_alias[0m[0m                            = (known after apply)
      [32m+[0m [0m[1m[0mport[0m[0m                                  = "49"
      [32m+[0m [0m[1m[0mrelation_file_rs_a_remote_host_to_epg[0m[0m = "uni/tn-mgmt/mgmtp-default/oob-ooband"
      [32m+[0m [0m[1m[0mtacacs_accounting_dn[0m[0m                  = (known after apply)
    }

[1m  # module.admin.aci_tacacs_accounting_destination.tacacs_accounting_destinations["198.18.0.50"][0m will be created[0m[0m
[0m  [32m+[0m[0m resource "aci_tacacs_accounting_destination" "tacacs_accounting_destinations" {
      [32m+[0m [0m[1m[0mannotation[0m[0m                            = "easy-aci:1.0.1"
      [32m+[0m [0m[1m[0mauth_protocol[0m[0m                         = (known after apply)
      [32m+[0m [0m[1m[0mdescription[0m[0m                           = "198.18.0.50 Accounting Destination."
      [32m+[0m [0m[1m[0mhost[0m[0m                                  = "198.18.0.50"
      [32m+[0m [0m[1m[0mid[0m[0m                                    = (known after apply)
      [32m+[0m [0m[1m[0mkey[0m[0m                                   = (sensitive)
      [32m+[0m [0m[1m[0mname[0m[0m                                  = "198.18.0.50"
      [32m+[0m [0m[1m[0mname_alias[0m[0m                            = (known after apply)
      [32m+[0m [0m[1m[0mport[0m[0m                                  = "49"
      [32m+[0m [0m[1m[0mrelation_file_rs_a_remote_host_to_epg[0m[0m = "uni/tn-mgmt/mgmtp-default/oob-ooband"
      [32m+[0m [0m[1m[0mtacacs_accounting_dn[0m[0m                  = (known after apply)
    }

[1m  # module.admin.aci_tacacs_provider.tacacs_providers["198.18.0.49"][0m will be created[0m[0m
[0m  [32m+[0m[0m resource "aci_tacacs_provider" "tacacs_providers" {
      [32m+[0m [0m[1m[0mannotation[0m[0m                      = "easy-aci:1.0.1"
      [32m+[0m [0m[1m[0mauth_protocol[0m[0m                   = "pap"
      [32m+[0m [0m[1m[0mdescription[0m[0m                     = "198.18.0.49 TACACS+ Provider."
      [32m+[0m [0m[1m[0mid[0m[0m                              = (known after apply)
      [32m+[0m [0m[1m[0mkey[0m[0m                             = (sensitive)
      [32m+[0m [0m[1m[0mmonitor_server[0m[0m                  = "disabled"
      [32m+[0m [0m[1m[0mmonitoring_password[0m[0m             = (known after apply)
      [32m+[0m [0m[1m[0mmonitoring_user[0m[0m                 = "default"
      [32m+[0m [0m[1m[0mname[0m[0m                            = "198.18.0.49"
      [32m+[0m [0m[1m[0mname_alias[0m[0m                      = (known after apply)
      [32m+[0m [0m[1m[0mport[0m[0m                            = "49"
      [32m+[0m [0m[1m[0mrelation_aaa_rs_sec_prov_to_epg[0m[0m = "uni/tn-mgmt/mgmtp-default/oob-ooband"
      [32m+[0m [0m[1m[0mretries[0m[0m                         = "1"
      [32m+[0m [0m[1m[0mtimeout[0m[0m                         = "5"
    }

[1m  # module.admin.aci_tacacs_provider.tacacs_providers["198.18.0.50"][0m will be created[0m[0m
[0m  [32m+[0m[0m resource "aci_tacacs_provider" "tacacs_providers" {
      [32m+[0m [0m[1m[0mannotation[0m[0m                      = "easy-aci:1.0.1"
      [32m+[0m [0m[1m[0mauth_protocol[0m[0m                   = "pap"
      [32m+[0m [0m[1m[0mdescription[0m[0m                     = "198.18.0.50 TACACS+ Provider."
      [32m+[0m [0m[1m[0mid[0m[0m                              = (known after apply)
      [32m+[0m [0m[1m[0mkey[0m[0m                             = (sensitive)
      [32m+[0m [0m[1m[0mmonitor_server[0m[0m                  = "disabled"
      [32m+[0m [0m[1m[0mmonitoring_password[0m[0m             = (known after apply)
      [32m+[0m [0m[1m[0mmonitoring_user[0m[0m                 = "default"
      [32m+[0m [0m[1m[0mname[0m[0m                            = "198.18.0.50"
      [32m+[0m [0m[1m[0mname_alias[0m[0m                      = (known after apply)
      [32m+[0m [0m[1m[0mport[0m[0m                            = "49"
      [32m+[0m [0m[1m[0mrelation_aaa_rs_sec_prov_to_epg[0m[0m = "uni/tn-mgmt/mgmtp-default/oob-ooband"
      [32m+[0m [0m[1m[0mretries[0m[0m                         = "1"
      [32m+[0m [0m[1m[0mtimeout[0m[0m                         = "5"
    }

[1m  # module.admin.aci_tacacs_provider_group.tacacs_provider_groups["TACACS"][0m will be created[0m[0m
[0m  [32m+[0m[0m resource "aci_tacacs_provider_group" "tacacs_provider_groups" {
      [32m+[0m [0m[1m[0mannotation[0m[0m  = "easy-aci:1.0.1"
      [32m+[0m [0m[1m[0mdescription[0m[0m = (known after apply)
      [32m+[0m [0m[1m[0mid[0m[0m          = (known after apply)
      [32m+[0m [0m[1m[0mname[0m[0m        = "TACACS"
      [32m+[0m [0m[1m[0mname_alias[0m[0m  = (known after apply)
    }

[1m  # module.admin.aci_tacacs_source.tacacs_sources["TACACS"][0m will be created[0m[0m
[0m  [32m+[0m[0m resource "aci_tacacs_source" "tacacs_sources" {
      [32m+[0m [0m[1m[0mannotation[0m[0m                    = "easy-aci:1.0.1"
      [32m+[0m [0m[1m[0mdescription[0m[0m                   = (known after apply)
      [32m+[0m [0m[1m[0mid[0m[0m                            = (known after apply)
      [32m+[0m [0m[1m[0mincl[0m[0m                          = [
          [32m+[0m [0m"audit",
          [32m+[0m [0m"session",
        ]
      [32m+[0m [0m[1m[0mmin_sev[0m[0m                       = (known after apply)
      [32m+[0m [0m[1m[0mname[0m[0m                          = "TACACS"
      [32m+[0m [0m[1m[0mname_alias[0m[0m                    = (known after apply)
      [32m+[0m [0m[1m[0mparent_dn[0m[0m                     = "uni/fabric/moncommon"
      [32m+[0m [0m[1m[0mrelation_tacacs_rs_dest_group[0m[0m = (known after apply)
    }

[1m  # module.admin.aci_trigger_scheduler.schedulers["daily-backups"][0m will be created[0m[0m
[0m  [32m+[0m[0m resource "aci_trigger_scheduler" "schedulers" {
      [32m+[0m [0m[1m[0mannotation[0m[0m  = "easy-aci:1.0.1"
      [32m+[0m [0m[1m[0mdescription[0m[0m = (known after apply)
      [32m+[0m [0m[1m[0mid[0m[0m          = (known after apply)
      [32m+[0m [0m[1m[0mname[0m[0m        = "daily-backups"
      [32m+[0m [0m[1m[0mname_alias[0m[0m  = (known after apply)
    }

[1m  # module.fabric.aci_fabric_node_control.fabric_node_controls["default"][0m will be created[0m[0m
[0m  [32m+[0m[0m resource "aci_fabric_node_control" "fabric_node_controls" {
      [32m+[0m [0m[1m[0mannotation[0m[0m  = "orchestrator:terraform"
      [32m+[0m [0m[1m[0mcontrol[0m[0m     = "Dom"
      [32m+[0m [0m[1m[0mdescription[0m[0m = (known after apply)
      [32m+[0m [0m[1m[0mfeature_sel[0m[0m = "telemetry"
      [32m+[0m [0m[1m[0mid[0m[0m          = (known after apply)
      [32m+[0m [0m[1m[0mname[0m[0m        = "default"
      [32m+[0m [0m[1m[0mname_alias[0m[0m  = (known after apply)
    }

[1m  # module.fabric.aci_l3_interface_policy.l3_interface["default"][0m will be created[0m[0m
[0m  [32m+[0m[0m resource "aci_l3_interface_policy" "l3_interface" {
      [32m+[0m [0m[1m[0mannotation[0m[0m  = "orchestrator:terraform"
      [32m+[0m [0m[1m[0mbfd_isis[0m[0m    = "enabled"
      [32m+[0m [0m[1m[0mdescription[0m[0m = (known after apply)
      [32m+[0m [0m[1m[0mid[0m[0m          = (known after apply)
      [32m+[0m [0m[1m[0mname[0m[0m        = "default"
      [32m+[0m [0m[1m[0mname_alias[0m[0m  = (known after apply)
    }

[1m  # module.fabric.aci_rest_managed.date_and_time["default"][0m will be created[0m[0m
[0m  [32m+[0m[0m resource "aci_rest_managed" "date_and_time" {
      [32m+[0m [0m[1m[0mclass_name[0m[0m = "datetimePol"
      [32m+[0m [0m[1m[0mcontent[0m[0m    = {
          [32m+[0m [0m"StratumValue" = "8"
          [32m+[0m [0m"adminSt"      = "enabled"
          [32m+[0m [0m"authSt"       = "disabled"
          [32m+[0m [0m"descr"        = ""
          [32m+[0m [0m"name"         = "default"
          [32m+[0m [0m"serverState"  = "enabled"
        }
      [32m+[0m [0m[1m[0mdn[0m[0m         = "uni/fabric/time-default"
      [32m+[0m [0m[1m[0mid[0m[0m         = (known after apply)
    }

[1m  # module.fabric.aci_rest_managed.date_and_time_format["default"][0m will be created[0m[0m
[0m  [32m+[0m[0m resource "aci_rest_managed" "date_and_time_format" {
      [32m+[0m [0m[1m[0mclass_name[0m[0m = "datetimeFormat"
      [32m+[0m [0m[1m[0mcontent[0m[0m    = {
          [32m+[0m [0m"displayFormat" = "local"
          [32m+[0m [0m"showOffset"    = "enabled"
          [32m+[0m [0m"tz"            = "n240_America-Detroit"
        }
      [32m+[0m [0m[1m[0mdn[0m[0m         = "uni/fabric/format-default"
      [32m+[0m [0m[1m[0mid[0m[0m         = (known after apply)
    }

[1m  # module.fabric.aci_rest_managed.dns_domains["default-cisco.com"][0m will be created[0m[0m
[0m  [32m+[0m[0m resource "aci_rest_managed" "dns_domains" {
      [32m+[0m [0m[1m[0mclass_name[0m[0m = "dnsDomain"
      [32m+[0m [0m[1m[0mcontent[0m[0m    = {
          [32m+[0m [0m"descr"     = ""
          [32m+[0m [0m"isDefault" = "no"
          [32m+[0m [0m"name"      = "cisco.com"
        }
      [32m+[0m [0m[1m[0mdn[0m[0m         = "uni/fabric/dnsp-default/dom-[cisco.com]"
      [32m+[0m [0m[1m[0mid[0m[0m         = (known after apply)
    }

[1m  # module.fabric.aci_rest_managed.dns_domains["default-rich.ciscolabs.com"][0m will be created[0m[0m
[0m  [32m+[0m[0m resource "aci_rest_managed" "dns_domains" {
      [32m+[0m [0m[1m[0mclass_name[0m[0m = "dnsDomain"
      [32m+[0m [0m[1m[0mcontent[0m[0m    = {
          [32m+[0m [0m"descr"     = ""
          [32m+[0m [0m"isDefault" = "yes"
          [32m+[0m [0m"name"      = "rich.ciscolabs.com"
        }
      [32m+[0m [0m[1m[0mdn[0m[0m         = "uni/fabric/dnsp-default/dom-[rich.ciscolabs.com]"
      [32m+[0m [0m[1m[0mid[0m[0m         = (known after apply)
    }

[1m  # module.fabric.aci_rest_managed.dns_profiles["default"][0m will be created[0m[0m
[0m  [32m+[0m[0m resource "aci_rest_managed" "dns_profiles" {
      [32m+[0m [0m[1m[0mclass_name[0m[0m = "dnsProfile"
      [32m+[0m [0m[1m[0mcontent[0m[0m    = {
          [32m+[0m [0m"IPVerPreference" = "IPv4"
          [32m+[0m [0m"descr"           = "System DNS Profile"
          [32m+[0m [0m"name"            = "default"
        }
      [32m+[0m [0m[1m[0mdn[0m[0m         = "uni/fabric/dnsp-default"
      [32m+[0m [0m[1m[0mid[0m[0m         = (known after apply)

      [32m+[0m [0mchild {
          [32m+[0m [0m[1m[0mclass_name[0m[0m = "dnsRsProfileToEpg"
          [32m+[0m [0m[1m[0mcontent[0m[0m    = {
              [32m+[0m [0m"tDn" = "uni/tn-mgmt/mgmtp-default/oob-ooband"
            }
          [32m+[0m [0m[1m[0mrn[0m[0m         = "rsProfileToEpg"
        }
    }

[1m  # module.fabric.aci_rest_managed.dns_providers["default-10.101.128.15"][0m will be created[0m[0m
[0m  [32m+[0m[0m resource "aci_rest_managed" "dns_providers" {
      [32m+[0m [0m[1m[0mclass_name[0m[0m = "dnsProv"
      [32m+[0m [0m[1m[0mcontent[0m[0m    = {
          [32m+[0m [0m"addr"      = "10.101.128.15"
          [32m+[0m [0m"preferred" = "yes"
        }
      [32m+[0m [0m[1m[0mdn[0m[0m         = "uni/fabric/dnsp-default/prov-[10.101.128.15]"
      [32m+[0m [0m[1m[0mid[0m[0m         = (known after apply)
    }

[1m  # module.fabric.aci_rest_managed.dns_providers["default-10.101.128.16"][0m will be created[0m[0m
[0m  [32m+[0m[0m resource "aci_rest_managed" "dns_providers" {
      [32m+[0m [0m[1m[0mclass_name[0m[0m = "dnsProv"
      [32m+[0m [0m[1m[0mcontent[0m[0m    = {
          [32m+[0m [0m"addr"      = "10.101.128.16"
          [32m+[0m [0m"preferred" = "no"
        }
      [32m+[0m [0m[1m[0mdn[0m[0m         = "uni/fabric/dnsp-default/prov-[10.101.128.16]"
      [32m+[0m [0m[1m[0mid[0m[0m         = (known after apply)
    }

[1m  # module.fabric.aci_rest_managed.ntp_servers["default_10.101.128.15"][0m will be created[0m[0m
[0m  [32m+[0m[0m resource "aci_rest_managed" "ntp_servers" {
      [32m+[0m [0m[1m[0mclass_name[0m[0m = "datetimeNtpProv"
      [32m+[0m [0m[1m[0mcontent[0m[0m    = {
          [32m+[0m [0m"descr"      = ""
          [32m+[0m [0m"keyId"      = "0"
          [32m+[0m [0m"maxPoll"    = "6"
          [32m+[0m [0m"minPoll"    = "5"
          [32m+[0m [0m"name"       = "10.101.128.15"
          [32m+[0m [0m"preferred"  = "no"
          [32m+[0m [0m"trueChimer" = "disabled"
        }
      [32m+[0m [0m[1m[0mdn[0m[0m         = "uni/fabric/time-default/ntpprov-10.101.128.15"
      [32m+[0m [0m[1m[0mid[0m[0m         = (known after apply)

      [32m+[0m [0mchild {
          [32m+[0m [0m[1m[0mclass_name[0m[0m = "datetimeRsNtpProvToEpg"
          [32m+[0m [0m[1m[0mcontent[0m[0m    = {
              [32m+[0m [0m"tDn" = "uni/tn-mgmt/mgmtp-default/oob-ooband"
            }
          [32m+[0m [0m[1m[0mrn[0m[0m         = "rsNtpProvToEpg"
        }
    }

[1m  # module.fabric.aci_rest_managed.ntp_servers["default_10.101.128.16"][0m will be created[0m[0m
[0m  [32m+[0m[0m resource "aci_rest_managed" "ntp_servers" {
      [32m+[0m [0m[1m[0mclass_name[0m[0m = "datetimeNtpProv"
      [32m+[0m [0m[1m[0mcontent[0m[0m    = {
          [32m+[0m [0m"descr"      = ""
          [32m+[0m [0m"keyId"      = "0"
          [32m+[0m [0m"maxPoll"    = "6"
          [32m+[0m [0m"minPoll"    = "5"
          [32m+[0m [0m"name"       = "10.101.128.16"
          [32m+[0m [0m"preferred"  = "yes"
          [32m+[0m [0m"trueChimer" = "disabled"
        }
      [32m+[0m [0m[1m[0mdn[0m[0m         = "uni/fabric/time-default/ntpprov-10.101.128.16"
      [32m+[0m [0m[1m[0mid[0m[0m         = (known after apply)

      [32m+[0m [0mchild {
          [32m+[0m [0m[1m[0mclass_name[0m[0m = "datetimeRsNtpProvToEpg"
          [32m+[0m [0m[1m[0mcontent[0m[0m    = {
              [32m+[0m [0m"tDn" = "uni/tn-mgmt/mgmtp-default/oob-ooband"
            }
          [32m+[0m [0m[1m[0mrn[0m[0m         = "rsNtpProvToEpg"
        }
    }

[1m  # module.fabric.aci_rest_managed.pod_policy_groups["default"][0m will be created[0m[0m
[0m  [32m+[0m[0m resource "aci_rest_managed" "pod_policy_groups" {
      [32m+[0m [0m[1m[0mclass_name[0m[0m = "fabricPodPGrp"
      [32m+[0m [0m[1m[0mcontent[0m[0m    = {
          [32m+[0m [0m"descr" = ""
          [32m+[0m [0m"name"  = "default"
        }
      [32m+[0m [0m[1m[0mdn[0m[0m         = "uni/fabric/funcprof/podpgrp-default"
      [32m+[0m [0m[1m[0mid[0m[0m         = (known after apply)
    }

[1m  # module.fabric.aci_rest_managed.pod_policy_groups_bgp_rr_policy["default"][0m will be created[0m[0m
[0m  [32m+[0m[0m resource "aci_rest_managed" "pod_policy_groups_bgp_rr_policy" {
      [32m+[0m [0m[1m[0mclass_name[0m[0m = "fabricRsPodPGrpBGPRRP"
      [32m+[0m [0m[1m[0mcontent[0m[0m    = {
          [32m+[0m [0m"tnBgpInstPolName" = "default"
        }
      [32m+[0m [0m[1m[0mdn[0m[0m         = "uni/fabric/funcprof/podpgrp-default/rspodPGrpBGPRRP"
      [32m+[0m [0m[1m[0mid[0m[0m         = (known after apply)
    }

[1m  # module.fabric.aci_rest_managed.pod_policy_groups_coop_policy["default"][0m will be created[0m[0m
[0m  [32m+[0m[0m resource "aci_rest_managed" "pod_policy_groups_coop_policy" {
      [32m+[0m [0m[1m[0mclass_name[0m[0m = "fabricRsPodPGrpCoopP"
      [32m+[0m [0m[1m[0mcontent[0m[0m    = {
          [32m+[0m [0m"tnCoopPolName" = "default"
        }
      [32m+[0m [0m[1m[0mdn[0m[0m         = "uni/fabric/funcprof/podpgrp-default/rspodPGrpCoopP"
      [32m+[0m [0m[1m[0mid[0m[0m         = (known after apply)
    }

[1m  # module.fabric.aci_rest_managed.pod_policy_groups_date_and_time_policy["default"][0m will be created[0m[0m
[0m  [32m+[0m[0m resource "aci_rest_managed" "pod_policy_groups_date_and_time_policy" {
      [32m+[0m [0m[1m[0mclass_name[0m[0m = "fabricRsTimePol"
      [32m+[0m [0m[1m[0mcontent[0m[0m    = {
          [32m+[0m [0m"tnDatetimePolName" = "default"
        }
      [32m+[0m [0m[1m[0mdn[0m[0m         = "uni/fabric/funcprof/podpgrp-default/rsTimePol"
      [32m+[0m [0m[1m[0mid[0m[0m         = (known after apply)
    }

[1m  # module.fabric.aci_rest_managed.pod_policy_groups_isis_policy["default"][0m will be created[0m[0m
[0m  [32m+[0m[0m resource "aci_rest_managed" "pod_policy_groups_isis_policy" {
      [32m+[0m [0m[1m[0mclass_name[0m[0m = "fabricRsPodPGrpIsisDomP"
      [32m+[0m [0m[1m[0mcontent[0m[0m    = {
          [32m+[0m [0m"tnIsisDomPolName" = "default"
        }
      [32m+[0m [0m[1m[0mdn[0m[0m         = "uni/fabric/funcprof/podpgrp-default/rspodPGrpIsisDomP"
      [32m+[0m [0m[1m[0mid[0m[0m         = (known after apply)
    }

[1m  # module.fabric.aci_rest_managed.pod_policy_groups_macsec_policy["default"][0m will be created[0m[0m
[0m  [32m+[0m[0m resource "aci_rest_managed" "pod_policy_groups_macsec_policy" {
      [32m+[0m [0m[1m[0mclass_name[0m[0m = "fabricRsMacsecPol"
      [32m+[0m [0m[1m[0mcontent[0m[0m    = {
          [32m+[0m [0m"tnMacsecFabIfPolName" = "default"
        }
      [32m+[0m [0m[1m[0mdn[0m[0m         = "uni/fabric/funcprof/podpgrp-default/rsmacsecPol"
      [32m+[0m [0m[1m[0mid[0m[0m         = (known after apply)
    }

[1m  # module.fabric.aci_rest_managed.pod_policy_groups_mgmt_policy["default"][0m will be created[0m[0m
[0m  [32m+[0m[0m resource "aci_rest_managed" "pod_policy_groups_mgmt_policy" {
      [32m+[0m [0m[1m[0mclass_name[0m[0m = "fabricRsCommPol"
      [32m+[0m [0m[1m[0mcontent[0m[0m    = {
          [32m+[0m [0m"tnCommPolName" = "default"
        }
      [32m+[0m [0m[1m[0mdn[0m[0m         = "uni/fabric/funcprof/podpgrp-default/rsCommPol"
      [32m+[0m [0m[1m[0mid[0m[0m         = (known after apply)
    }

[1m  # module.fabric.aci_rest_managed.pod_policy_groups_snmp_policy["default"][0m will be created[0m[0m
[0m  [32m+[0m[0m resource "aci_rest_managed" "pod_policy_groups_snmp_policy" {
      [32m+[0m [0m[1m[0mclass_name[0m[0m = "fabricRsSnmpPol"
      [32m+[0m [0m[1m[0mcontent[0m[0m    = {
          [32m+[0m [0m"tnSnmpPolName" = "default"
        }
      [32m+[0m [0m[1m[0mdn[0m[0m         = "uni/fabric/funcprof/podpgrp-default/rssnmpPol"
      [32m+[0m [0m[1m[0mid[0m[0m         = (known after apply)
    }

[1m  # module.fabric.aci_rest_managed.pod_profile_selectors_all["default"][0m will be created[0m[0m
[0m  [32m+[0m[0m resource "aci_rest_managed" "pod_profile_selectors_all" {
      [32m+[0m [0m[1m[0mclass_name[0m[0m = "fabricPodS"
      [32m+[0m [0m[1m[0mcontent[0m[0m    = {
          [32m+[0m [0m"name" = "default"
          [32m+[0m [0m"type" = "ALL"
        }
      [32m+[0m [0m[1m[0mdn[0m[0m         = "uni/fabric/podprof-default/pods-default-typ-ALL"
      [32m+[0m [0m[1m[0mid[0m[0m         = (known after apply)

      [32m+[0m [0mchild {
          [32m+[0m [0m[1m[0mclass_name[0m[0m = "fabricRsPodPGrp"
          [32m+[0m [0m[1m[0mcontent[0m[0m    = {
              [32m+[0m [0m"tDn" = "uni/fabric/funcprof/podpgrp-default"
            }
          [32m+[0m [0m[1m[0mrn[0m[0m         = "rspodPGrp"
        }
    }

[1m  # module.fabric.aci_rest_managed.pod_profiles["default"][0m will be created[0m[0m
[0m  [32m+[0m[0m resource "aci_rest_managed" "pod_profiles" {
      [32m+[0m [0m[1m[0mclass_name[0m[0m = "fabricPodP"
      [32m+[0m [0m[1m[0mcontent[0m[0m    = {
          [32m+[0m [0m"descr" = ""
          [32m+[0m [0m"name"  = "default"
        }
      [32m+[0m [0m[1m[0mdn[0m[0m         = "uni/fabric/podprof-default"
      [32m+[0m [0m[1m[0mid[0m[0m         = (known after apply)
    }

[1m  # module.fabric.aci_rest_managed.snmp_client_group_clients["default-ooband-10.101.128.24"][0m will be created[0m[0m
[0m  [32m+[0m[0m resource "aci_rest_managed" "snmp_client_group_clients" {
      [32m+[0m [0m[1m[0mclass_name[0m[0m = "snmpClientP"
      [32m+[0m [0m[1m[0mcontent[0m[0m    = {
          [32m+[0m [0m"addr" = "10.101.128.24"
          [32m+[0m [0m"name" = "LNX1"
        }
      [32m+[0m [0m[1m[0mdn[0m[0m         = "uni/fabric/snmppol-default/clgrp-ooband/client-[10.101.128.24]"
      [32m+[0m [0m[1m[0mid[0m[0m         = (known after apply)
    }

[1m  # module.fabric.aci_rest_managed.snmp_client_group_clients["default-ooband-10.101.128.25"][0m will be created[0m[0m
[0m  [32m+[0m[0m resource "aci_rest_managed" "snmp_client_group_clients" {
      [32m+[0m [0m[1m[0mclass_name[0m[0m = "snmpClientP"
      [32m+[0m [0m[1m[0mcontent[0m[0m    = {
          [32m+[0m [0m"addr" = "10.101.128.25"
          [32m+[0m [0m"name" = "10.101.128.25"
        }
      [32m+[0m [0m[1m[0mdn[0m[0m         = "uni/fabric/snmppol-default/clgrp-ooband/client-[10.101.128.25]"
      [32m+[0m [0m[1m[0mid[0m[0m         = (known after apply)
    }

[1m  # module.fabric.aci_rest_managed.snmp_client_groups["default-ooband"][0m will be created[0m[0m
[0m  [32m+[0m[0m resource "aci_rest_managed" "snmp_client_groups" {
      [32m+[0m [0m[1m[0mclass_name[0m[0m = "snmpClientGrpP"
      [32m+[0m [0m[1m[0mcontent[0m[0m    = {
          [32m+[0m [0m"descr" = "Out-of-Band Client Group"
          [32m+[0m [0m"name"  = "ooband"
        }
      [32m+[0m [0m[1m[0mdn[0m[0m         = "uni/fabric/snmppol-default/clgrp-ooband"
      [32m+[0m [0m[1m[0mid[0m[0m         = (known after apply)

      [32m+[0m [0mchild {
          [32m+[0m [0m[1m[0mclass_name[0m[0m = "snmpRsEpg"
          [32m+[0m [0m[1m[0mcontent[0m[0m    = {
              [32m+[0m [0m"tDn" = "uni/tn-mgmt/mgmtp-default/oob-ooband"
            }
          [32m+[0m [0m[1m[0mrn[0m[0m         = "rsepg"
        }
    }

[1m  # module.fabric.aci_rest_managed.snmp_destination_groups["default"][0m will be created[0m[0m
[0m  [32m+[0m[0m resource "aci_rest_managed" "snmp_destination_groups" {
      [32m+[0m [0m[1m[0mclass_name[0m[0m = "snmpGroup"
      [32m+[0m [0m[1m[0mcontent[0m[0m    = {
          [32m+[0m [0m"descr" = ""
          [32m+[0m [0m"name"  = "default"
        }
      [32m+[0m [0m[1m[0mdn[0m[0m         = "uni/fabric/snmpgroup-default"
      [32m+[0m [0m[1m[0mid[0m[0m         = (known after apply)
    }

[1m  # module.fabric.aci_rest_managed.snmp_policies["default"][0m will be created[0m[0m
[0m  [32m+[0m[0m resource "aci_rest_managed" "snmp_policies" {
      [32m+[0m [0m[1m[0mclass_name[0m[0m = "snmpPol"
      [32m+[0m [0m[1m[0mcontent[0m[0m    = {
          [32m+[0m [0m"adminSt" = "enabled"
          [32m+[0m [0m"contact" = "rich-lab@cisco.com"
          [32m+[0m [0m"descr"   = ""
          [32m+[0m [0m"loc"     = "Asgard - Rack143D"
          [32m+[0m [0m"name"    = "default"
        }
      [32m+[0m [0m[1m[0mdn[0m[0m         = "uni/fabric/snmppol-default"
      [32m+[0m [0m[1m[0mid[0m[0m         = (known after apply)
    }

[1m  # module.fabric.aci_rest_managed.snmp_policies_trap_servers["default-10.101.128.24"][0m will be created[0m[0m
[0m  [32m+[0m[0m resource "aci_rest_managed" "snmp_policies_trap_servers" {
      [32m+[0m [0m[1m[0mclass_name[0m[0m = "snmpTrapFwdServerP"
      [32m+[0m [0m[1m[0mcontent[0m[0m    = {
          [32m+[0m [0m"addr" = "10.101.128.24"
          [32m+[0m [0m"port" = "162"
        }
      [32m+[0m [0m[1m[0mdn[0m[0m         = "uni/fabric/snmppol-default/trapfwdserver-[10.101.128.24]"
      [32m+[0m [0m[1m[0mid[0m[0m         = (known after apply)
    }

[1m  # module.fabric.aci_rest_managed.snmp_policies_trap_servers["default-10.101.128.25"][0m will be created[0m[0m
[0m  [32m+[0m[0m resource "aci_rest_managed" "snmp_policies_trap_servers" {
      [32m+[0m [0m[1m[0mclass_name[0m[0m = "snmpTrapFwdServerP"
      [32m+[0m [0m[1m[0mcontent[0m[0m    = {
          [32m+[0m [0m"addr" = "10.101.128.25"
          [32m+[0m [0m"port" = "162"
        }
      [32m+[0m [0m[1m[0mdn[0m[0m         = "uni/fabric/snmppol-default/trapfwdserver-[10.101.128.25]"
      [32m+[0m [0m[1m[0mid[0m[0m         = (known after apply)
    }

[1m  # module.fabric.aci_rest_managed.snmp_policy_users["default-cisco_user1"][0m will be created[0m[0m
[0m  [32m+[0m[0m resource "aci_rest_managed" "snmp_policy_users" {
      [32m+[0m [0m[1m[0mclass_name[0m[0m = "snmpUserP"
      [32m+[0m [0m[1m[0mcontent[0m[0m    = {
          [32m+[0m [0m"authKey"  = (sensitive)
          [32m+[0m [0m"authType" = "hmac-sha1-96"
          [32m+[0m [0m"name"     = "cisco_user1"
          [32m+[0m [0m"privKey"  = (sensitive)
          [32m+[0m [0m"privType" = "aes-128"
        }
      [32m+[0m [0m[1m[0mdn[0m[0m         = "uni/fabric/snmppol-default/user-[cisco_user1]"
      [32m+[0m [0m[1m[0mid[0m[0m         = (known after apply)
    }

[1m  # module.fabric.aci_rest_managed.snmp_trap_destinations["default-10.101.128.24"][0m will be created[0m[0m
[0m  [32m+[0m[0m resource "aci_rest_managed" "snmp_trap_destinations" {
      [32m+[0m [0m[1m[0mclass_name[0m[0m = "snmpTrapDest"
      [32m+[0m [0m[1m[0mcontent[0m[0m    = {
          [32m+[0m [0m"host"     = "10.101.128.24"
          [32m+[0m [0m"port"     = "162"
          [32m+[0m [0m"secName"  = "cisco_user1"
          [32m+[0m [0m"v3SecLvl" = "priv"
          [32m+[0m [0m"ver"      = "v3"
        }
      [32m+[0m [0m[1m[0mdn[0m[0m         = "uni/fabric/snmpgroup-default/trapdest-10.101.128.24-port-162"
      [32m+[0m [0m[1m[0mid[0m[0m         = (known after apply)

      [32m+[0m [0mchild {
          [32m+[0m [0m[1m[0mclass_name[0m[0m = "fileRsARemoteHostToEpg"
          [32m+[0m [0m[1m[0mcontent[0m[0m    = {
              [32m+[0m [0m"tDn" = "uni/tn-mgmt/mgmtp-default/oob-ooband"
            }
          [32m+[0m [0m[1m[0mrn[0m[0m         = "rsARemoteHostToEpg"
        }
    }

[1m  # module.fabric.aci_rest_managed.snmp_trap_destinations["default-10.101.128.25"][0m will be created[0m[0m
[0m  [32m+[0m[0m resource "aci_rest_managed" "snmp_trap_destinations" {
      [32m+[0m [0m[1m[0mclass_name[0m[0m = "snmpTrapDest"
      [32m+[0m [0m[1m[0mcontent[0m[0m    = {
          [32m+[0m [0m"host"     = "10.101.128.25"
          [32m+[0m [0m"port"     = "162"
          [32m+[0m [0m"secName"  = (sensitive)
          [32m+[0m [0m"v3SecLvl" = "noauth"
          [32m+[0m [0m"ver"      = "v2c"
        }
      [32m+[0m [0m[1m[0mdn[0m[0m         = "uni/fabric/snmpgroup-default/trapdest-10.101.128.25-port-162"
      [32m+[0m [0m[1m[0mid[0m[0m         = (known after apply)

      [32m+[0m [0mchild {
          [32m+[0m [0m[1m[0mclass_name[0m[0m = "fileRsARemoteHostToEpg"
          [32m+[0m [0m[1m[0mcontent[0m[0m    = {
              [32m+[0m [0m"tDn" = "uni/tn-mgmt/mgmtp-default/oob-ooband"
            }
          [32m+[0m [0m[1m[0mrn[0m[0m         = "rsARemoteHostToEpg"
        }
    }

[1m  # module.fabric.aci_rest_managed.snmp_trap_source["default"][0m will be created[0m[0m
[0m  [32m+[0m[0m resource "aci_rest_managed" "snmp_trap_source" {
      [32m+[0m [0m[1m[0mclass_name[0m[0m = "snmpSrc"
      [32m+[0m [0m[1m[0mcontent[0m[0m    = {
          [32m+[0m [0m"incl" = "all,audit,events,faults,session"
          [32m+[0m [0m"name" = "default"
        }
      [32m+[0m [0m[1m[0mdn[0m[0m         = "uni/fabric/moncommon/snmpsrc-default"
      [32m+[0m [0m[1m[0mid[0m[0m         = (known after apply)

      [32m+[0m [0mchild {
          [32m+[0m [0m[1m[0mclass_name[0m[0m = "snmpRsDestGroup"
          [32m+[0m [0m[1m[0mcontent[0m[0m    = {
              [32m+[0m [0m"tDn" = "uni/fabric/snmpgroup-default"
            }
          [32m+[0m [0m[1m[0mrn[0m[0m         = "rsdestGroup"
        }
    }

[1m  # module.fabric.aci_snmp_community.snmp_policy_communities["default-1"][0m will be created[0m[0m
[0m  [32m+[0m[0m resource "aci_snmp_community" "snmp_policy_communities" {
      [32m+[0m [0m[1m[0mannotation[0m[0m  = "orchestrator:terraform"
      [32m+[0m [0m[1m[0mdescription[0m[0m = (known after apply)
      [32m+[0m [0m[1m[0mid[0m[0m          = (known after apply)
      [32m+[0m [0m[1m[0mname[0m[0m        = (sensitive)
      [32m+[0m [0m[1m[0mname_alias[0m[0m  = (known after apply)
      [32m+[0m [0m[1m[0mparent_dn[0m[0m   = (known after apply)
    }

[1m  # module.fabric.aci_snmp_community.snmp_policy_communities["default-2"][0m will be created[0m[0m
[0m  [32m+[0m[0m resource "aci_snmp_community" "snmp_policy_communities" {
      [32m+[0m [0m[1m[0mannotation[0m[0m  = "orchestrator:terraform"
      [32m+[0m [0m[1m[0mdescription[0m[0m = (known after apply)
      [32m+[0m [0m[1m[0mid[0m[0m          = (known after apply)
      [32m+[0m [0m[1m[0mname[0m[0m        = (sensitive)
      [32m+[0m [0m[1m[0mname_alias[0m[0m  = (known after apply)
      [32m+[0m [0m[1m[0mparent_dn[0m[0m   = (known after apply)
    }

[1m  # module.switch.aci_access_port_block.leaf_port_blocks["asgard-leaf201-Eth1/1"][0m will be created[0m[0m
[0m  [32m+[0m[0m resource "aci_access_port_block" "leaf_port_blocks" {
      [32m+[0m [0m[1m[0maccess_port_selector_dn[0m[0m = (known after apply)
      [32m+[0m [0m[1m[0mannotation[0m[0m              = "easy-aci:1.0.1"
      [32m+[0m [0m[1m[0mdescription[0m[0m             = (known after apply)
      [32m+[0m [0m[1m[0mfrom_card[0m[0m               = "1"
      [32m+[0m [0m[1m[0mfrom_port[0m[0m               = "1"
      [32m+[0m [0m[1m[0mid[0m[0m                      = (known after apply)
      [32m+[0m [0m[1m[0mname[0m[0m                    = "Eth1-01"
      [32m+[0m [0m[1m[0mname_alias[0m[0m              = (known after apply)
      [32m+[0m [0m[1m[0mto_card[0m[0m                 = "1"
      [32m+[0m [0m[1m[0mto_port[0m[0m                 = "1"
    }

[1m  # module.switch.aci_access_port_block.leaf_port_blocks["asgard-leaf201-Eth1/10"][0m will be created[0m[0m
[0m  [32m+[0m[0m resource "aci_access_port_block" "leaf_port_blocks" {
      [32m+[0m [0m[1m[0maccess_port_selector_dn[0m[0m = (known after apply)
      [32m+[0m [0m[1m[0mannotation[0m[0m              = "easy-aci:1.0.1"
      [32m+[0m [0m[1m[0mdescription[0m[0m             = (known after apply)
      [32m+[0m [0m[1m[0mfrom_card[0m[0m               = "1"
      [32m+[0m [0m[1m[0mfrom_port[0m[0m               = "10"
      [32m+[0m [0m[1m[0mid[0m[0m                      = (known after apply)
      [32m+[0m [0m[1m[0mname[0m[0m                    = "Eth1-10"
      [32m+[0m [0m[1m[0mname_alias[0m[0m              = (known after apply)
      [32m+[0m [0m[1m[0mto_card[0m[0m                 = "1"
      [32m+[0m [0m[1m[0mto_port[0m[0m                 = "10"
    }

[1m  # module.switch.aci_access_port_block.leaf_port_blocks["asgard-leaf201-Eth1/11"][0m will be created[0m[0m
[0m  [32m+[0m[0m resource "aci_access_port_block" "leaf_port_blocks" {
      [32m+[0m [0m[1m[0maccess_port_selector_dn[0m[0m = (known after apply)
      [32m+[0m [0m[1m[0mannotation[0m[0m              = "easy-aci:1.0.1"
      [32m+[0m [0m[1m[0mdescription[0m[0m             = (known after apply)
      [32m+[0m [0m[1m[0mfrom_card[0m[0m               = "1"
      [32m+[0m [0m[1m[0mfrom_port[0m[0m               = "11"
      [32m+[0m [0m[1m[0mid[0m[0m                      = (known after apply)
      [32m+[0m [0m[1m[0mname[0m[0m                    = "Eth1-11"
      [32m+[0m [0m[1m[0mname_alias[0m[0m              = (known after apply)
      [32m+[0m [0m[1m[0mto_card[0m[0m                 = "1"
      [32m+[0m [0m[1m[0mto_port[0m[0m                 = "11"
    }

[1m  # module.switch.aci_access_port_block.leaf_port_blocks["asgard-leaf201-Eth1/12"][0m will be created[0m[0m
[0m  [32m+[0m[0m resource "aci_access_port_block" "leaf_port_blocks" {
      [32m+[0m [0m[1m[0maccess_port_selector_dn[0m[0m = (known after apply)
      [32m+[0m [0m[1m[0mannotation[0m[0m              = "easy-aci:1.0.1"
      [32m+[0m [0m[1m[0mdescription[0m[0m             = (known after apply)
      [32m+[0m [0m[1m[0mfrom_card[0m[0m               = "1"
      [32m+[0m [0m[1m[0mfrom_port[0m[0m               = "12"
      [32m+[0m [0m[1m[0mid[0m[0m                      = (known after apply)
      [32m+[0m [0m[1m[0mname[0m[0m                    = "Eth1-12"
      [32m+[0m [0m[1m[0mname_alias[0m[0m              = (known after apply)
      [32m+[0m [0m[1m[0mto_card[0m[0m                 = "1"
      [32m+[0m [0m[1m[0mto_port[0m[0m                 = "12"
    }

[1m  # module.switch.aci_access_port_block.leaf_port_blocks["asgard-leaf201-Eth1/13"][0m will be created[0m[0m
[0m  [32m+[0m[0m resource "aci_access_port_block" "leaf_port_blocks" {
      [32m+[0m [0m[1m[0maccess_port_selector_dn[0m[0m = (known after apply)
      [32m+[0m [0m[1m[0mannotation[0m[0m              = "easy-aci:1.0.1"
      [32m+[0m [0m[1m[0mdescription[0m[0m             = (known after apply)
      [32m+[0m [0m[1m[0mfrom_card[0m[0m               = "1"
      [32m+[0m [0m[1m[0mfrom_port[0m[0m               = "13"
      [32m+[0m [0m[1m[0mid[0m[0m                      = (known after apply)
      [32m+[0m [0m[1m[0mname[0m[0m                    = "Eth1-13"
      [32m+[0m [0m[1m[0mname_alias[0m[0m              = (known after apply)
      [32m+[0m [0m[1m[0mto_card[0m[0m                 = "1"
      [32m+[0m [0m[1m[0mto_port[0m[0m                 = "13"
    }

[1m  # module.switch.aci_access_port_block.leaf_port_blocks["asgard-leaf201-Eth1/14"][0m will be created[0m[0m
[0m  [32m+[0m[0m resource "aci_access_port_block" "leaf_port_blocks" {
      [32m+[0m [0m[1m[0maccess_port_selector_dn[0m[0m = (known after apply)
      [32m+[0m [0m[1m[0mannotation[0m[0m              = "easy-aci:1.0.1"
      [32m+[0m [0m[1m[0mdescription[0m[0m             = (known after apply)
      [32m+[0m [0m[1m[0mfrom_card[0m[0m               = "1"
      [32m+[0m [0m[1m[0mfrom_port[0m[0m               = "14"
      [32m+[0m [0m[1m[0mid[0m[0m                      = (known after apply)
      [32m+[0m [0m[1m[0mname[0m[0m                    = "Eth1-14"
      [32m+[0m [0m[1m[0mname_alias[0m[0m              = (known after apply)
      [32m+[0m [0m[1m[0mto_card[0m[0m                 = "1"
      [32m+[0m [0m[1m[0mto_port[0m[0m                 = "14"
    }

[1m  # module.switch.aci_access_port_block.leaf_port_blocks["asgard-leaf201-Eth1/15"][0m will be created[0m[0m
[0m  [32m+[0m[0m resource "aci_access_port_block" "leaf_port_blocks" {
      [32m+[0m [0m[1m[0maccess_port_selector_dn[0m[0m = (known after apply)
      [32m+[0m [0m[1m[0mannotation[0m[0m              = "easy-aci:1.0.1"
      [32m+[0m [0m[1m[0mdescription[0m[0m             = (known after apply)
      [32m+[0m [0m[1m[0mfrom_card[0m[0m               = "1"
      [32m+[0m [0m[1m[0mfrom_port[0m[0m               = "15"
      [32m+[0m [0m[1m[0mid[0m[0m                      = (known after apply)
      [32m+[0m [0m[1m[0mname[0m[0m                    = "Eth1-15"
      [32m+[0m [0m[1m[0mname_alias[0m[0m              = (known after apply)
      [32m+[0m [0m[1m[0mto_card[0m[0m                 = "1"
      [32m+[0m [0m[1m[0mto_port[0m[0m                 = "15"
    }

[1m  # module.switch.aci_access_port_block.leaf_port_blocks["asgard-leaf201-Eth1/16"][0m will be created[0m[0m
[0m  [32m+[0m[0m resource "aci_access_port_block" "leaf_port_blocks" {
      [32m+[0m [0m[1m[0maccess_port_selector_dn[0m[0m = (known after apply)
      [32m+[0m [0m[1m[0mannotation[0m[0m              = "easy-aci:1.0.1"
      [32m+[0m [0m[1m[0mdescription[0m[0m             = (known after apply)
      [32m+[0m [0m[1m[0mfrom_card[0m[0m               = "1"
      [32m+[0m [0m[1m[0mfrom_port[0m[0m               = "16"
      [32m+[0m [0m[1m[0mid[0m[0m                      = (known after apply)
      [32m+[0m [0m[1m[0mname[0m[0m                    = "Eth1-16"
      [32m+[0m [0m[1m[0mname_alias[0m[0m              = (known after apply)
      [32m+[0m [0m[1m[0mto_card[0m[0m                 = "1"
      [32m+[0m [0m[1m[0mto_port[0m[0m                 = "16"
    }

[1m  # module.switch.aci_access_port_block.leaf_port_blocks["asgard-leaf201-Eth1/17"][0m will be created[0m[0m
[0m  [32m+[0m[0m resource "aci_access_port_block" "leaf_port_blocks" {
      [32m+[0m [0m[1m[0maccess_port_selector_dn[0m[0m = (known after apply)
      [32m+[0m [0m[1m[0mannotation[0m[0m              = "easy-aci:1.0.1"
      [32m+[0m [0m[1m[0mdescription[0m[0m             = (known after apply)
      [32m+[0m [0m[1m[0mfrom_card[0m[0m               = "1"
      [32m+[0m [0m[1m[0mfrom_port[0m[0m               = "17"
      [32m+[0m [0m[1m[0mid[0m[0m                      = (known after apply)
      [32m+[0m [0m[1m[0mname[0m[0m                    = "Eth1-17"
      [32m+[0m [0m[1m[0mname_alias[0m[0m              = (known after apply)
      [32m+[0m [0m[1m[0mto_card[0m[0m                 = "1"
      [32m+[0m [0m[1m[0mto_port[0m[0m                 = "17"
    }

[1m  # module.switch.aci_access_port_block.leaf_port_blocks["asgard-leaf201-Eth1/18"][0m will be created[0m[0m
[0m  [32m+[0m[0m resource "aci_access_port_block" "leaf_port_blocks" {
      [32m+[0m [0m[1m[0maccess_port_selector_dn[0m[0m = (known after apply)
      [32m+[0m [0m[1m[0mannotation[0m[0m              = "easy-aci:1.0.1"
      [32m+[0m [0m[1m[0mdescription[0m[0m             = (known after apply)
      [32m+[0m [0m[1m[0mfrom_card[0m[0m               = "1"
      [32m+[0m [0m[1m[0mfrom_port[0m[0m               = "18"
      [32m+[0m [0m[1m[0mid[0m[0m                      = (known after apply)
      [32m+[0m [0m[1m[0mname[0m[0m                    = "Eth1-18"
      [32m+[0m [0m[1m[0mname_alias[0m[0m              = (known after apply)
      [32m+[0m [0m[1m[0mto_card[0m[0m                 = "1"
      [32m+[0m [0m[1m[0mto_port[0m[0m                 = "18"
    }

[1m  # module.switch.aci_access_port_block.leaf_port_blocks["asgard-leaf201-Eth1/19"][0m will be created[0m[0m
[0m  [32m+[0m[0m resource "aci_access_port_block" "leaf_port_blocks" {
      [32m+[0m [0m[1m[0maccess_port_selector_dn[0m[0m = (known after apply)
      [32m+[0m [0m[1m[0mannotation[0m[0m              = "easy-aci:1.0.1"
      [32m+[0m [0m[1m[0mdescription[0m[0m             = (known after apply)
      [32m+[0m [0m[1m[0mfrom_card[0m[0m               = "1"
      [32m+[0m [0m[1m[0mfrom_port[0m[0m               = "19"
      [32m+[0m [0m[1m[0mid[0m[0m                      = (known after apply)
      [32m+[0m [0m[1m[0mname[0m[0m                    = "Eth1-19"
      [32m+[0m [0m[1m[0mname_alias[0m[0m              = (known after apply)
      [32m+[0m [0m[1m[0mto_card[0m[0m                 = "1"
      [32m+[0m [0m[1m[0mto_port[0m[0m                 = "19"
    }

[1m  # module.switch.aci_access_port_block.leaf_port_blocks["asgard-leaf201-Eth1/2"][0m will be created[0m[0m
[0m  [32m+[0m[0m resource "aci_access_port_block" "leaf_port_blocks" {
      [32m+[0m [0m[1m[0maccess_port_selector_dn[0m[0m = (known after apply)
      [32m+[0m [0m[1m[0mannotation[0m[0m              = "easy-aci:1.0.1"
      [32m+[0m [0m[1m[0mdescription[0m[0m             = (known after apply)
      [32m+[0m [0m[1m[0mfrom_card[0m[0m               = "1"
      [32m+[0m [0m[1m[0mfrom_port[0m[0m               = "2"
      [32m+[0m [0m[1m[0mid[0m[0m                      = (known after apply)
      [32m+[0m [0m[1m[0mname[0m[0m                    = "Eth1-02"
      [32m+[0m [0m[1m[0mname_alias[0m[0m              = (known after apply)
      [32m+[0m [0m[1m[0mto_card[0m[0m                 = "1"
      [32m+[0m [0m[1m[0mto_port[0m[0m                 = "2"
    }

[1m  # module.switch.aci_access_port_block.leaf_port_blocks["asgard-leaf201-Eth1/20"][0m will be created[0m[0m
[0m  [32m+[0m[0m resource "aci_access_port_block" "leaf_port_blocks" {
      [32m+[0m [0m[1m[0maccess_port_selector_dn[0m[0m = (known after apply)
      [32m+[0m [0m[1m[0mannotation[0m[0m              = "easy-aci:1.0.1"
      [32m+[0m [0m[1m[0mdescription[0m[0m             = (known after apply)
      [32m+[0m [0m[1m[0mfrom_card[0m[0m               = "1"
      [32m+[0m [0m[1m[0mfrom_port[0m[0m               = "20"
      [32m+[0m [0m[1m[0mid[0m[0m                      = (known after apply)
      [32m+[0m [0m[1m[0mname[0m[0m                    = "Eth1-20"
      [32m+[0m [0m[1m[0mname_alias[0m[0m              = (known after apply)
      [32m+[0m [0m[1m[0mto_card[0m[0m                 = "1"
      [32m+[0m [0m[1m[0mto_port[0m[0m                 = "20"
    }

[1m  # module.switch.aci_access_port_block.leaf_port_blocks["asgard-leaf201-Eth1/21"][0m will be created[0m[0m
[0m  [32m+[0m[0m resource "aci_access_port_block" "leaf_port_blocks" {
      [32m+[0m [0m[1m[0maccess_port_selector_dn[0m[0m = (known after apply)
      [32m+[0m [0m[1m[0mannotation[0m[0m              = "easy-aci:1.0.1"
      [32m+[0m [0m[1m[0mdescription[0m[0m             = (known after apply)
      [32m+[0m [0m[1m[0mfrom_card[0m[0m               = "1"
      [32m+[0m [0m[1m[0mfrom_port[0m[0m               = "21"
      [32m+[0m [0m[1m[0mid[0m[0m                      = (known after apply)
      [32m+[0m [0m[1m[0mname[0m[0m                    = "Eth1-21"
      [32m+[0m [0m[1m[0mname_alias[0m[0m              = (known after apply)
      [32m+[0m [0m[1m[0mto_card[0m[0m                 = "1"
      [32m+[0m [0m[1m[0mto_port[0m[0m                 = "21"
    }

[1m  # module.switch.aci_access_port_block.leaf_port_blocks["asgard-leaf201-Eth1/22"][0m will be created[0m[0m
[0m  [32m+[0m[0m resource "aci_access_port_block" "leaf_port_blocks" {
      [32m+[0m [0m[1m[0maccess_port_selector_dn[0m[0m = (known after apply)
      [32m+[0m [0m[1m[0mannotation[0m[0m              = "easy-aci:1.0.1"
      [32m+[0m [0m[1m[0mdescription[0m[0m             = (known after apply)
      [32m+[0m [0m[1m[0mfrom_card[0m[0m               = "1"
      [32m+[0m [0m[1m[0mfrom_port[0m[0m               = "22"
      [32m+[0m [0m[1m[0mid[0m[0m                      = (known after apply)
      [32m+[0m [0m[1m[0mname[0m[0m                    = "Eth1-22"
      [32m+[0m [0m[1m[0mname_alias[0m[0m              = (known after apply)
      [32m+[0m [0m[1m[0mto_card[0m[0m                 = "1"
      [32m+[0m [0m[1m[0mto_port[0m[0m                 = "22"
    }

[1m  # module.switch.aci_access_port_block.leaf_port_blocks["asgard-leaf201-Eth1/23"][0m will be created[0m[0m
[0m  [32m+[0m[0m resource "aci_access_port_block" "leaf_port_blocks" {
      [32m+[0m [0m[1m[0maccess_port_selector_dn[0m[0m = (known after apply)
      [32m+[0m [0m[1m[0mannotation[0m[0m              = "easy-aci:1.0.1"
      [32m+[0m [0m[1m[0mdescription[0m[0m             = (known after apply)
      [32m+[0m [0m[1m[0mfrom_card[0m[0m               = "1"
      [32m+[0m [0m[1m[0mfrom_port[0m[0m               = "23"
      [32m+[0m [0m[1m[0mid[0m[0m                      = (known after apply)
      [32m+[0m [0m[1m[0mname[0m[0m                    = "Eth1-23"
      [32m+[0m [0m[1m[0mname_alias[0m[0m              = (known after apply)
      [32m+[0m [0m[1m[0mto_card[0m[0m                 = "1"
      [32m+[0m [0m[1m[0mto_port[0m[0m                 = "23"
    }

[1m  # module.switch.aci_access_port_block.leaf_port_blocks["asgard-leaf201-Eth1/24"][0m will be created[0m[0m
[0m  [32m+[0m[0m resource "aci_access_port_block" "leaf_port_blocks" {
      [32m+[0m [0m[1m[0maccess_port_selector_dn[0m[0m = (known after apply)
      [32m+[0m [0m[1m[0mannotation[0m[0m              = "easy-aci:1.0.1"
      [32m+[0m [0m[1m[0mdescription[0m[0m             = (known after apply)
      [32m+[0m [0m[1m[0mfrom_card[0m[0m               = "1"
      [32m+[0m [0m[1m[0mfrom_port[0m[0m               = "24"
      [32m+[0m [0m[1m[0mid[0m[0m                      = (known after apply)
      [32m+[0m [0m[1m[0mname[0m[0m                    = "Eth1-24"
      [32m+[0m [0m[1m[0mname_alias[0m[0m              = (known after apply)
      [32m+[0m [0m[1m[0mto_card[0m[0m                 = "1"
      [32m+[0m [0m[1m[0mto_port[0m[0m                 = "24"
    }

[1m  # module.switch.aci_access_port_block.leaf_port_blocks["asgard-leaf201-Eth1/25"][0m will be created[0m[0m
[0m  [32m+[0m[0m resource "aci_access_port_block" "leaf_port_blocks" {
      [32m+[0m [0m[1m[0maccess_port_selector_dn[0m[0m = (known after apply)
      [32m+[0m [0m[1m[0mannotation[0m[0m              = "easy-aci:1.0.1"
      [32m+[0m [0m[1m[0mdescription[0m[0m             = "odin-ucs-a-Eth1/53"
      [32m+[0m [0m[1m[0mfrom_card[0m[0m               = "1"
      [32m+[0m [0m[1m[0mfrom_port[0m[0m               = "25"
      [32m+[0m [0m[1m[0mid[0m[0m                      = (known after apply)
      [32m+[0m [0m[1m[0mname[0m[0m                    = "Eth1-25"
      [32m+[0m [0m[1m[0mname_alias[0m[0m              = (known after apply)
      [32m+[0m [0m[1m[0mto_card[0m[0m                 = "1"
      [32m+[0m [0m[1m[0mto_port[0m[0m                 = "25"
    }

[1m  # module.switch.aci_access_port_block.leaf_port_blocks["asgard-leaf201-Eth1/26"][0m will be created[0m[0m
[0m  [32m+[0m[0m resource "aci_access_port_block" "leaf_port_blocks" {
      [32m+[0m [0m[1m[0maccess_port_selector_dn[0m[0m = (known after apply)
      [32m+[0m [0m[1m[0mannotation[0m[0m              = "easy-aci:1.0.1"
      [32m+[0m [0m[1m[0mdescription[0m[0m             = "odin-ucs-b-Eth1/53"
      [32m+[0m [0m[1m[0mfrom_card[0m[0m               = "1"
      [32m+[0m [0m[1m[0mfrom_port[0m[0m               = "26"
      [32m+[0m [0m[1m[0mid[0m[0m                      = (known after apply)
      [32m+[0m [0m[1m[0mname[0m[0m                    = "Eth1-26"
      [32m+[0m [0m[1m[0mname_alias[0m[0m              = (known after apply)
      [32m+[0m [0m[1m[0mto_card[0m[0m                 = "1"
      [32m+[0m [0m[1m[0mto_port[0m[0m                 = "26"
    }

[1m  # module.switch.aci_access_port_block.leaf_port_blocks["asgard-leaf201-Eth1/27"][0m will be created[0m[0m
[0m  [32m+[0m[0m resource "aci_access_port_block" "leaf_port_blocks" {
      [32m+[0m [0m[1m[0maccess_port_selector_dn[0m[0m = (known after apply)
      [32m+[0m [0m[1m[0mannotation[0m[0m              = "easy-aci:1.0.1"
      [32m+[0m [0m[1m[0mdescription[0m[0m             = "heimdall-ucs-a-Eth1/53"
      [32m+[0m [0m[1m[0mfrom_card[0m[0m               = "1"
      [32m+[0m [0m[1m[0mfrom_port[0m[0m               = "27"
      [32m+[0m [0m[1m[0mid[0m[0m                      = (known after apply)
      [32m+[0m [0m[1m[0mname[0m[0m                    = "Eth1-27"
      [32m+[0m [0m[1m[0mname_alias[0m[0m              = (known after apply)
      [32m+[0m [0m[1m[0mto_card[0m[0m                 = "1"
      [32m+[0m [0m[1m[0mto_port[0m[0m                 = "27"
    }

[1m  # module.switch.aci_access_port_block.leaf_port_blocks["asgard-leaf201-Eth1/28"][0m will be created[0m[0m
[0m  [32m+[0m[0m resource "aci_access_port_block" "leaf_port_blocks" {
      [32m+[0m [0m[1m[0maccess_port_selector_dn[0m[0m = (known after apply)
      [32m+[0m [0m[1m[0mannotation[0m[0m              = "easy-aci:1.0.1"
      [32m+[0m [0m[1m[0mdescription[0m[0m             = "heimdall-ucs-b-Eth1/53"
      [32m+[0m [0m[1m[0mfrom_card[0m[0m               = "1"
      [32m+[0m [0m[1m[0mfrom_port[0m[0m               = "28"
      [32m+[0m [0m[1m[0mid[0m[0m                      = (known after apply)
      [32m+[0m [0m[1m[0mname[0m[0m                    = "Eth1-28"
      [32m+[0m [0m[1m[0mname_alias[0m[0m              = (known after apply)
      [32m+[0m [0m[1m[0mto_card[0m[0m                 = "1"
      [32m+[0m [0m[1m[0mto_port[0m[0m                 = "28"
    }

[1m  # module.switch.aci_access_port_block.leaf_port_blocks["asgard-leaf201-Eth1/29"][0m will be created[0m[0m
[0m  [32m+[0m[0m resource "aci_access_port_block" "leaf_port_blocks" {
      [32m+[0m [0m[1m[0maccess_port_selector_dn[0m[0m = (known after apply)
      [32m+[0m [0m[1m[0mannotation[0m[0m              = "easy-aci:1.0.1"
      [32m+[0m [0m[1m[0mdescription[0m[0m             = "142b-core01-Eth1/27"
      [32m+[0m [0m[1m[0mfrom_card[0m[0m               = "1"
      [32m+[0m [0m[1m[0mfrom_port[0m[0m               = "29"
      [32m+[0m [0m[1m[0mid[0m[0m                      = (known after apply)
      [32m+[0m [0m[1m[0mname[0m[0m                    = "Eth1-29"
      [32m+[0m [0m[1m[0mname_alias[0m[0m              = (known after apply)
      [32m+[0m [0m[1m[0mto_card[0m[0m                 = "1"
      [32m+[0m [0m[1m[0mto_port[0m[0m                 = "29"
    }

[1m  # module.switch.aci_access_port_block.leaf_port_blocks["asgard-leaf201-Eth1/3"][0m will be created[0m[0m
[0m  [32m+[0m[0m resource "aci_access_port_block" "leaf_port_blocks" {
      [32m+[0m [0m[1m[0maccess_port_selector_dn[0m[0m = (known after apply)
      [32m+[0m [0m[1m[0mannotation[0m[0m              = "easy-aci:1.0.1"
      [32m+[0m [0m[1m[0mdescription[0m[0m             = (known after apply)
      [32m+[0m [0m[1m[0mfrom_card[0m[0m               = "1"
      [32m+[0m [0m[1m[0mfrom_port[0m[0m               = "3"
      [32m+[0m [0m[1m[0mid[0m[0m                      = (known after apply)
      [32m+[0m [0m[1m[0mname[0m[0m                    = "Eth1-03"
      [32m+[0m [0m[1m[0mname_alias[0m[0m              = (known after apply)
      [32m+[0m [0m[1m[0mto_card[0m[0m                 = "1"
      [32m+[0m [0m[1m[0mto_port[0m[0m                 = "3"
    }

[1m  # module.switch.aci_access_port_block.leaf_port_blocks["asgard-leaf201-Eth1/30"][0m will be created[0m[0m
[0m  [32m+[0m[0m resource "aci_access_port_block" "leaf_port_blocks" {
      [32m+[0m [0m[1m[0maccess_port_selector_dn[0m[0m = (known after apply)
      [32m+[0m [0m[1m[0mannotation[0m[0m              = "easy-aci:1.0.1"
      [32m+[0m [0m[1m[0mdescription[0m[0m             = "142b-core02-Eth1/27"
      [32m+[0m [0m[1m[0mfrom_card[0m[0m               = "1"
      [32m+[0m [0m[1m[0mfrom_port[0m[0m               = "30"
      [32m+[0m [0m[1m[0mid[0m[0m                      = (known after apply)
      [32m+[0m [0m[1m[0mname[0m[0m                    = "Eth1-30"
      [32m+[0m [0m[1m[0mname_alias[0m[0m              = (known after apply)
      [32m+[0m [0m[1m[0mto_card[0m[0m                 = "1"
      [32m+[0m [0m[1m[0mto_port[0m[0m                 = "30"
    }

[1m  # module.switch.aci_access_port_block.leaf_port_blocks["asgard-leaf201-Eth1/31"][0m will be created[0m[0m
[0m  [32m+[0m[0m resource "aci_access_port_block" "leaf_port_blocks" {
      [32m+[0m [0m[1m[0maccess_port_selector_dn[0m[0m = (known after apply)
      [32m+[0m [0m[1m[0mannotation[0m[0m              = "easy-aci:1.0.1"
      [32m+[0m [0m[1m[0mdescription[0m[0m             = (known after apply)
      [32m+[0m [0m[1m[0mfrom_card[0m[0m               = "1"
      [32m+[0m [0m[1m[0mfrom_port[0m[0m               = "31"
      [32m+[0m [0m[1m[0mid[0m[0m                      = (known after apply)
      [32m+[0m [0m[1m[0mname[0m[0m                    = "Eth1-31"
      [32m+[0m [0m[1m[0mname_alias[0m[0m              = (known after apply)
      [32m+[0m [0m[1m[0mto_card[0m[0m                 = "1"
      [32m+[0m [0m[1m[0mto_port[0m[0m                 = "31"
    }

[1m  # module.switch.aci_access_port_block.leaf_port_blocks["asgard-leaf201-Eth1/32"][0m will be created[0m[0m
[0m  [32m+[0m[0m resource "aci_access_port_block" "leaf_port_blocks" {
      [32m+[0m [0m[1m[0maccess_port_selector_dn[0m[0m = (known after apply)
      [32m+[0m [0m[1m[0mannotation[0m[0m              = "easy-aci:1.0.1"
      [32m+[0m [0m[1m[0mdescription[0m[0m             = (known after apply)
      [32m+[0m [0m[1m[0mfrom_card[0m[0m               = "1"
      [32m+[0m [0m[1m[0mfrom_port[0m[0m               = "32"
      [32m+[0m [0m[1m[0mid[0m[0m                      = (known after apply)
      [32m+[0m [0m[1m[0mname[0m[0m                    = "Eth1-32"
      [32m+[0m [0m[1m[0mname_alias[0m[0m              = (known after apply)
      [32m+[0m [0m[1m[0mto_card[0m[0m                 = "1"
      [32m+[0m [0m[1m[0mto_port[0m[0m                 = "32"
    }

[1m  # module.switch.aci_access_port_block.leaf_port_blocks["asgard-leaf201-Eth1/33"][0m will be created[0m[0m
[0m  [32m+[0m[0m resource "aci_access_port_block" "leaf_port_blocks" {
      [32m+[0m [0m[1m[0maccess_port_selector_dn[0m[0m = (known after apply)
      [32m+[0m [0m[1m[0mannotation[0m[0m              = "easy-aci:1.0.1"
      [32m+[0m [0m[1m[0mdescription[0m[0m             = (known after apply)
      [32m+[0m [0m[1m[0mfrom_card[0m[0m               = "1"
      [32m+[0m [0m[1m[0mfrom_port[0m[0m               = "33"
      [32m+[0m [0m[1m[0mid[0m[0m                      = (known after apply)
      [32m+[0m [0m[1m[0mname[0m[0m                    = "Eth1-33"
      [32m+[0m [0m[1m[0mname_alias[0m[0m              = (known after apply)
      [32m+[0m [0m[1m[0mto_card[0m[0m                 = "1"
      [32m+[0m [0m[1m[0mto_port[0m[0m                 = "33"
    }

[1m  # module.switch.aci_access_port_block.leaf_port_blocks["asgard-leaf201-Eth1/34"][0m will be created[0m[0m
[0m  [32m+[0m[0m resource "aci_access_port_block" "leaf_port_blocks" {
      [32m+[0m [0m[1m[0maccess_port_selector_dn[0m[0m = (known after apply)
      [32m+[0m [0m[1m[0mannotation[0m[0m              = "easy-aci:1.0.1"
      [32m+[0m [0m[1m[0mdescription[0m[0m             = (known after apply)
      [32m+[0m [0m[1m[0mfrom_card[0m[0m               = "1"
      [32m+[0m [0m[1m[0mfrom_port[0m[0m               = "34"
      [32m+[0m [0m[1m[0mid[0m[0m                      = (known after apply)
      [32m+[0m [0m[1m[0mname[0m[0m                    = "Eth1-34"
      [32m+[0m [0m[1m[0mname_alias[0m[0m              = (known after apply)
      [32m+[0m [0m[1m[0mto_card[0m[0m                 = "1"
      [32m+[0m [0m[1m[0mto_port[0m[0m                 = "34"
    }

[1m  # module.switch.aci_access_port_block.leaf_port_blocks["asgard-leaf201-Eth1/35"][0m will be created[0m[0m
[0m  [32m+[0m[0m resource "aci_access_port_block" "leaf_port_blocks" {
      [32m+[0m [0m[1m[0maccess_port_selector_dn[0m[0m = (known after apply)
      [32m+[0m [0m[1m[0mannotation[0m[0m              = "easy-aci:1.0.1"
      [32m+[0m [0m[1m[0mdescription[0m[0m             = (known after apply)
      [32m+[0m [0m[1m[0mfrom_card[0m[0m               = "1"
      [32m+[0m [0m[1m[0mfrom_port[0m[0m               = "35"
      [32m+[0m [0m[1m[0mid[0m[0m                      = (known after apply)
      [32m+[0m [0m[1m[0mname[0m[0m                    = "Eth1-35"
      [32m+[0m [0m[1m[0mname_alias[0m[0m              = (known after apply)
      [32m+[0m [0m[1m[0mto_card[0m[0m                 = "1"
      [32m+[0m [0m[1m[0mto_port[0m[0m                 = "35"
    }

[1m  # module.switch.aci_access_port_block.leaf_port_blocks["asgard-leaf201-Eth1/36"][0m will be created[0m[0m
[0m  [32m+[0m[0m resource "aci_access_port_block" "leaf_port_blocks" {
      [32m+[0m [0m[1m[0maccess_port_selector_dn[0m[0m = (known after apply)
      [32m+[0m [0m[1m[0mannotation[0m[0m              = "easy-aci:1.0.1"
      [32m+[0m [0m[1m[0mdescription[0m[0m             = (known after apply)
      [32m+[0m [0m[1m[0mfrom_card[0m[0m               = "1"
      [32m+[0m [0m[1m[0mfrom_port[0m[0m               = "36"
      [32m+[0m [0m[1m[0mid[0m[0m                      = (known after apply)
      [32m+[0m [0m[1m[0mname[0m[0m                    = "Eth1-36"
      [32m+[0m [0m[1m[0mname_alias[0m[0m              = (known after apply)
      [32m+[0m [0m[1m[0mto_card[0m[0m                 = "1"
      [32m+[0m [0m[1m[0mto_port[0m[0m                 = "36"
    }

[1m  # module.switch.aci_access_port_block.leaf_port_blocks["asgard-leaf201-Eth1/4"][0m will be created[0m[0m
[0m  [32m+[0m[0m resource "aci_access_port_block" "leaf_port_blocks" {
      [32m+[0m [0m[1m[0maccess_port_selector_dn[0m[0m = (known after apply)
      [32m+[0m [0m[1m[0mannotation[0m[0m              = "easy-aci:1.0.1"
      [32m+[0m [0m[1m[0mdescription[0m[0m             = (known after apply)
      [32m+[0m [0m[1m[0mfrom_card[0m[0m               = "1"
      [32m+[0m [0m[1m[0mfrom_port[0m[0m               = "4"
      [32m+[0m [0m[1m[0mid[0m[0m                      = (known after apply)
      [32m+[0m [0m[1m[0mname[0m[0m                    = "Eth1-04"
      [32m+[0m [0m[1m[0mname_alias[0m[0m              = (known after apply)
      [32m+[0m [0m[1m[0mto_card[0m[0m                 = "1"
      [32m+[0m [0m[1m[0mto_port[0m[0m                 = "4"
    }

[1m  # module.switch.aci_access_port_block.leaf_port_blocks["asgard-leaf201-Eth1/5"][0m will be created[0m[0m
[0m  [32m+[0m[0m resource "aci_access_port_block" "leaf_port_blocks" {
      [32m+[0m [0m[1m[0maccess_port_selector_dn[0m[0m = (known after apply)
      [32m+[0m [0m[1m[0mannotation[0m[0m              = "easy-aci:1.0.1"
      [32m+[0m [0m[1m[0mdescription[0m[0m             = (known after apply)
      [32m+[0m [0m[1m[0mfrom_card[0m[0m               = "1"
      [32m+[0m [0m[1m[0mfrom_port[0m[0m               = "5"
      [32m+[0m [0m[1m[0mid[0m[0m                      = (known after apply)
      [32m+[0m [0m[1m[0mname[0m[0m                    = "Eth1-05"
      [32m+[0m [0m[1m[0mname_alias[0m[0m              = (known after apply)
      [32m+[0m [0m[1m[0mto_card[0m[0m                 = "1"
      [32m+[0m [0m[1m[0mto_port[0m[0m                 = "5"
    }

[1m  # module.switch.aci_access_port_block.leaf_port_blocks["asgard-leaf201-Eth1/6"][0m will be created[0m[0m
[0m  [32m+[0m[0m resource "aci_access_port_block" "leaf_port_blocks" {
      [32m+[0m [0m[1m[0maccess_port_selector_dn[0m[0m = (known after apply)
      [32m+[0m [0m[1m[0mannotation[0m[0m              = "easy-aci:1.0.1"
      [32m+[0m [0m[1m[0mdescription[0m[0m             = (known after apply)
      [32m+[0m [0m[1m[0mfrom_card[0m[0m               = "1"
      [32m+[0m [0m[1m[0mfrom_port[0m[0m               = "6"
      [32m+[0m [0m[1m[0mid[0m[0m                      = (known after apply)
      [32m+[0m [0m[1m[0mname[0m[0m                    = "Eth1-06"
      [32m+[0m [0m[1m[0mname_alias[0m[0m              = (known after apply)
      [32m+[0m [0m[1m[0mto_card[0m[0m                 = "1"
      [32m+[0m [0m[1m[0mto_port[0m[0m                 = "6"
    }

[1m  # module.switch.aci_access_port_block.leaf_port_blocks["asgard-leaf201-Eth1/7"][0m will be created[0m[0m
[0m  [32m+[0m[0m resource "aci_access_port_block" "leaf_port_blocks" {
      [32m+[0m [0m[1m[0maccess_port_selector_dn[0m[0m = (known after apply)
      [32m+[0m [0m[1m[0mannotation[0m[0m              = "easy-aci:1.0.1"
      [32m+[0m [0m[1m[0mdescription[0m[0m             = (known after apply)
      [32m+[0m [0m[1m[0mfrom_card[0m[0m               = "1"
      [32m+[0m [0m[1m[0mfrom_port[0m[0m               = "7"
      [32m+[0m [0m[1m[0mid[0m[0m                      = (known after apply)
      [32m+[0m [0m[1m[0mname[0m[0m                    = "Eth1-07"
      [32m+[0m [0m[1m[0mname_alias[0m[0m              = (known after apply)
      [32m+[0m [0m[1m[0mto_card[0m[0m                 = "1"
      [32m+[0m [0m[1m[0mto_port[0m[0m                 = "7"
    }

[1m  # module.switch.aci_access_port_block.leaf_port_blocks["asgard-leaf201-Eth1/8"][0m will be created[0m[0m
[0m  [32m+[0m[0m resource "aci_access_port_block" "leaf_port_blocks" {
      [32m+[0m [0m[1m[0maccess_port_selector_dn[0m[0m = (known after apply)
      [32m+[0m [0m[1m[0mannotation[0m[0m              = "easy-aci:1.0.1"
      [32m+[0m [0m[1m[0mdescription[0m[0m             = (known after apply)
      [32m+[0m [0m[1m[0mfrom_card[0m[0m               = "1"
      [32m+[0m [0m[1m[0mfrom_port[0m[0m               = "8"
      [32m+[0m [0m[1m[0mid[0m[0m                      = (known after apply)
      [32m+[0m [0m[1m[0mname[0m[0m                    = "Eth1-08"
      [32m+[0m [0m[1m[0mname_alias[0m[0m              = (known after apply)
      [32m+[0m [0m[1m[0mto_card[0m[0m                 = "1"
      [32m+[0m [0m[1m[0mto_port[0m[0m                 = "8"
    }

[1m  # module.switch.aci_access_port_block.leaf_port_blocks["asgard-leaf201-Eth1/9"][0m will be created[0m[0m
[0m  [32m+[0m[0m resource "aci_access_port_block" "leaf_port_blocks" {
      [32m+[0m [0m[1m[0maccess_port_selector_dn[0m[0m = (known after apply)
      [32m+[0m [0m[1m[0mannotation[0m[0m              = "easy-aci:1.0.1"
      [32m+[0m [0m[1m[0mdescription[0m[0m             = (known after apply)
      [32m+[0m [0m[1m[0mfrom_card[0m[0m               = "1"
      [32m+[0m [0m[1m[0mfrom_port[0m[0m               = "9"
      [32m+[0m [0m[1m[0mid[0m[0m                      = (known after apply)
      [32m+[0m [0m[1m[0mname[0m[0m                    = "Eth1-09"
      [32m+[0m [0m[1m[0mname_alias[0m[0m              = (known after apply)
      [32m+[0m [0m[1m[0mto_card[0m[0m                 = "1"
      [32m+[0m [0m[1m[0mto_port[0m[0m                 = "9"
    }

[1m  # module.switch.aci_access_port_block.leaf_port_blocks["asgard-leaf202-Eth1/1"][0m will be created[0m[0m
[0m  [32m+[0m[0m resource "aci_access_port_block" "leaf_port_blocks" {
      [32m+[0m [0m[1m[0maccess_port_selector_dn[0m[0m = (known after apply)
      [32m+[0m [0m[1m[0mannotation[0m[0m              = "easy-aci:1.0.1"
      [32m+[0m [0m[1m[0mdescription[0m[0m             = (known after apply)
      [32m+[0m [0m[1m[0mfrom_card[0m[0m               = "1"
      [32m+[0m [0m[1m[0mfrom_port[0m[0m               = "1"
      [32m+[0m [0m[1m[0mid[0m[0m                      = (known after apply)
      [32m+[0m [0m[1m[0mname[0m[0m                    = "Eth1-01"
      [32m+[0m [0m[1m[0mname_alias[0m[0m              = (known after apply)
      [32m+[0m [0m[1m[0mto_card[0m[0m                 = "1"
      [32m+[0m [0m[1m[0mto_port[0m[0m                 = "1"
    }

[1m  # module.switch.aci_access_port_block.leaf_port_blocks["asgard-leaf202-Eth1/10"][0m will be created[0m[0m
[0m  [32m+[0m[0m resource "aci_access_port_block" "leaf_port_blocks" {
      [32m+[0m [0m[1m[0maccess_port_selector_dn[0m[0m = (known after apply)
      [32m+[0m [0m[1m[0mannotation[0m[0m              = "easy-aci:1.0.1"
      [32m+[0m [0m[1m[0mdescription[0m[0m             = (known after apply)
      [32m+[0m [0m[1m[0mfrom_card[0m[0m               = "1"
      [32m+[0m [0m[1m[0mfrom_port[0m[0m               = "10"
      [32m+[0m [0m[1m[0mid[0m[0m                      = (known after apply)
      [32m+[0m [0m[1m[0mname[0m[0m                    = "Eth1-10"
      [32m+[0m [0m[1m[0mname_alias[0m[0m              = (known after apply)
      [32m+[0m [0m[1m[0mto_card[0m[0m                 = "1"
      [32m+[0m [0m[1m[0mto_port[0m[0m                 = "10"
    }

[1m  # module.switch.aci_access_port_block.leaf_port_blocks["asgard-leaf202-Eth1/11"][0m will be created[0m[0m
[0m  [32m+[0m[0m resource "aci_access_port_block" "leaf_port_blocks" {
      [32m+[0m [0m[1m[0maccess_port_selector_dn[0m[0m = (known after apply)
      [32m+[0m [0m[1m[0mannotation[0m[0m              = "easy-aci:1.0.1"
      [32m+[0m [0m[1m[0mdescription[0m[0m             = (known after apply)
      [32m+[0m [0m[1m[0mfrom_card[0m[0m               = "1"
      [32m+[0m [0m[1m[0mfrom_port[0m[0m               = "11"
      [32m+[0m [0m[1m[0mid[0m[0m                      = (known after apply)
      [32m+[0m [0m[1m[0mname[0m[0m                    = "Eth1-11"
      [32m+[0m [0m[1m[0mname_alias[0m[0m              = (known after apply)
      [32m+[0m [0m[1m[0mto_card[0m[0m                 = "1"
      [32m+[0m [0m[1m[0mto_port[0m[0m                 = "11"
    }

[1m  # module.switch.aci_access_port_block.leaf_port_blocks["asgard-leaf202-Eth1/12"][0m will be created[0m[0m
[0m  [32m+[0m[0m resource "aci_access_port_block" "leaf_port_blocks" {
      [32m+[0m [0m[1m[0maccess_port_selector_dn[0m[0m = (known after apply)
      [32m+[0m [0m[1m[0mannotation[0m[0m              = "easy-aci:1.0.1"
      [32m+[0m [0m[1m[0mdescription[0m[0m             = (known after apply)
      [32m+[0m [0m[1m[0mfrom_card[0m[0m               = "1"
      [32m+[0m [0m[1m[0mfrom_port[0m[0m               = "12"
      [32m+[0m [0m[1m[0mid[0m[0m                      = (known after apply)
      [32m+[0m [0m[1m[0mname[0m[0m                    = "Eth1-12"
      [32m+[0m [0m[1m[0mname_alias[0m[0m              = (known after apply)
      [32m+[0m [0m[1m[0mto_card[0m[0m                 = "1"
      [32m+[0m [0m[1m[0mto_port[0m[0m                 = "12"
    }

[1m  # module.switch.aci_access_port_block.leaf_port_blocks["asgard-leaf202-Eth1/13"][0m will be created[0m[0m
[0m  [32m+[0m[0m resource "aci_access_port_block" "leaf_port_blocks" {
      [32m+[0m [0m[1m[0maccess_port_selector_dn[0m[0m = (known after apply)
      [32m+[0m [0m[1m[0mannotation[0m[0m              = "easy-aci:1.0.1"
      [32m+[0m [0m[1m[0mdescription[0m[0m             = (known after apply)
      [32m+[0m [0m[1m[0mfrom_card[0m[0m               = "1"
      [32m+[0m [0m[1m[0mfrom_port[0m[0m               = "13"
      [32m+[0m [0m[1m[0mid[0m[0m                      = (known after apply)
      [32m+[0m [0m[1m[0mname[0m[0m                    = "Eth1-13"
      [32m+[0m [0m[1m[0mname_alias[0m[0m              = (known after apply)
      [32m+[0m [0m[1m[0mto_card[0m[0m                 = "1"
      [32m+[0m [0m[1m[0mto_port[0m[0m                 = "13"
    }

[1m  # module.switch.aci_access_port_block.leaf_port_blocks["asgard-leaf202-Eth1/14"][0m will be created[0m[0m
[0m  [32m+[0m[0m resource "aci_access_port_block" "leaf_port_blocks" {
      [32m+[0m [0m[1m[0maccess_port_selector_dn[0m[0m = (known after apply)
      [32m+[0m [0m[1m[0mannotation[0m[0m              = "easy-aci:1.0.1"
      [32m+[0m [0m[1m[0mdescription[0m[0m             = (known after apply)
      [32m+[0m [0m[1m[0mfrom_card[0m[0m               = "1"
      [32m+[0m [0m[1m[0mfrom_port[0m[0m               = "14"
      [32m+[0m [0m[1m[0mid[0m[0m                      = (known after apply)
      [32m+[0m [0m[1m[0mname[0m[0m                    = "Eth1-14"
      [32m+[0m [0m[1m[0mname_alias[0m[0m              = (known after apply)
      [32m+[0m [0m[1m[0mto_card[0m[0m                 = "1"
      [32m+[0m [0m[1m[0mto_port[0m[0m                 = "14"
    }

[1m  # module.switch.aci_access_port_block.leaf_port_blocks["asgard-leaf202-Eth1/15"][0m will be created[0m[0m
[0m  [32m+[0m[0m resource "aci_access_port_block" "leaf_port_blocks" {
      [32m+[0m [0m[1m[0maccess_port_selector_dn[0m[0m = (known after apply)
      [32m+[0m [0m[1m[0mannotation[0m[0m              = "easy-aci:1.0.1"
      [32m+[0m [0m[1m[0mdescription[0m[0m             = (known after apply)
      [32m+[0m [0m[1m[0mfrom_card[0m[0m               = "1"
      [32m+[0m [0m[1m[0mfrom_port[0m[0m               = "15"
      [32m+[0m [0m[1m[0mid[0m[0m                      = (known after apply)
      [32m+[0m [0m[1m[0mname[0m[0m                    = "Eth1-15"
      [32m+[0m [0m[1m[0mname_alias[0m[0m              = (known after apply)
      [32m+[0m [0m[1m[0mto_card[0m[0m                 = "1"
      [32m+[0m [0m[1m[0mto_port[0m[0m                 = "15"
    }

[1m  # module.switch.aci_access_port_block.leaf_port_blocks["asgard-leaf202-Eth1/16"][0m will be created[0m[0m
[0m  [32m+[0m[0m resource "aci_access_port_block" "leaf_port_blocks" {
      [32m+[0m [0m[1m[0maccess_port_selector_dn[0m[0m = (known after apply)
      [32m+[0m [0m[1m[0mannotation[0m[0m              = "easy-aci:1.0.1"
      [32m+[0m [0m[1m[0mdescription[0m[0m             = (known after apply)
      [32m+[0m [0m[1m[0mfrom_card[0m[0m               = "1"
      [32m+[0m [0m[1m[0mfrom_port[0m[0m               = "16"
      [32m+[0m [0m[1m[0mid[0m[0m                      = (known after apply)
      [32m+[0m [0m[1m[0mname[0m[0m                    = "Eth1-16"
      [32m+[0m [0m[1m[0mname_alias[0m[0m              = (known after apply)
      [32m+[0m [0m[1m[0mto_card[0m[0m                 = "1"
      [32m+[0m [0m[1m[0mto_port[0m[0m                 = "16"
    }

[1m  # module.switch.aci_access_port_block.leaf_port_blocks["asgard-leaf202-Eth1/17"][0m will be created[0m[0m
[0m  [32m+[0m[0m resource "aci_access_port_block" "leaf_port_blocks" {
      [32m+[0m [0m[1m[0maccess_port_selector_dn[0m[0m = (known after apply)
      [32m+[0m [0m[1m[0mannotation[0m[0m              = "easy-aci:1.0.1"
      [32m+[0m [0m[1m[0mdescription[0m[0m             = (known after apply)
      [32m+[0m [0m[1m[0mfrom_card[0m[0m               = "1"
      [32m+[0m [0m[1m[0mfrom_port[0m[0m               = "17"
      [32m+[0m [0m[1m[0mid[0m[0m                      = (known after apply)
      [32m+[0m [0m[1m[0mname[0m[0m                    = "Eth1-17"
      [32m+[0m [0m[1m[0mname_alias[0m[0m              = (known after apply)
      [32m+[0m [0m[1m[0mto_card[0m[0m                 = "1"
      [32m+[0m [0m[1m[0mto_port[0m[0m                 = "17"
    }

[1m  # module.switch.aci_access_port_block.leaf_port_blocks["asgard-leaf202-Eth1/18"][0m will be created[0m[0m
[0m  [32m+[0m[0m resource "aci_access_port_block" "leaf_port_blocks" {
      [32m+[0m [0m[1m[0maccess_port_selector_dn[0m[0m = (known after apply)
      [32m+[0m [0m[1m[0mannotation[0m[0m              = "easy-aci:1.0.1"
      [32m+[0m [0m[1m[0mdescription[0m[0m             = (known after apply)
      [32m+[0m [0m[1m[0mfrom_card[0m[0m               = "1"
      [32m+[0m [0m[1m[0mfrom_port[0m[0m               = "18"
      [32m+[0m [0m[1m[0mid[0m[0m                      = (known after apply)
      [32m+[0m [0m[1m[0mname[0m[0m                    = "Eth1-18"
      [32m+[0m [0m[1m[0mname_alias[0m[0m              = (known after apply)
      [32m+[0m [0m[1m[0mto_card[0m[0m                 = "1"
      [32m+[0m [0m[1m[0mto_port[0m[0m                 = "18"
    }

[1m  # module.switch.aci_access_port_block.leaf_port_blocks["asgard-leaf202-Eth1/19"][0m will be created[0m[0m
[0m  [32m+[0m[0m resource "aci_access_port_block" "leaf_port_blocks" {
      [32m+[0m [0m[1m[0maccess_port_selector_dn[0m[0m = (known after apply)
      [32m+[0m [0m[1m[0mannotation[0m[0m              = "easy-aci:1.0.1"
      [32m+[0m [0m[1m[0mdescription[0m[0m             = (known after apply)
      [32m+[0m [0m[1m[0mfrom_card[0m[0m               = "1"
      [32m+[0m [0m[1m[0mfrom_port[0m[0m               = "19"
      [32m+[0m [0m[1m[0mid[0m[0m                      = (known after apply)
      [32m+[0m [0m[1m[0mname[0m[0m                    = "Eth1-19"
      [32m+[0m [0m[1m[0mname_alias[0m[0m              = (known after apply)
      [32m+[0m [0m[1m[0mto_card[0m[0m                 = "1"
      [32m+[0m [0m[1m[0mto_port[0m[0m                 = "19"
    }

[1m  # module.switch.aci_access_port_block.leaf_port_blocks["asgard-leaf202-Eth1/2"][0m will be created[0m[0m
[0m  [32m+[0m[0m resource "aci_access_port_block" "leaf_port_blocks" {
      [32m+[0m [0m[1m[0maccess_port_selector_dn[0m[0m = (known after apply)
      [32m+[0m [0m[1m[0mannotation[0m[0m              = "easy-aci:1.0.1"
      [32m+[0m [0m[1m[0mdescription[0m[0m             = (known after apply)
      [32m+[0m [0m[1m[0mfrom_card[0m[0m               = "1"
      [32m+[0m [0m[1m[0mfrom_port[0m[0m               = "2"
      [32m+[0m [0m[1m[0mid[0m[0m                      = (known after apply)
      [32m+[0m [0m[1m[0mname[0m[0m                    = "Eth1-02"
      [32m+[0m [0m[1m[0mname_alias[0m[0m              = (known after apply)
      [32m+[0m [0m[1m[0mto_card[0m[0m                 = "1"
      [32m+[0m [0m[1m[0mto_port[0m[0m                 = "2"
    }

[1m  # module.switch.aci_access_port_block.leaf_port_blocks["asgard-leaf202-Eth1/20"][0m will be created[0m[0m
[0m  [32m+[0m[0m resource "aci_access_port_block" "leaf_port_blocks" {
      [32m+[0m [0m[1m[0maccess_port_selector_dn[0m[0m = (known after apply)
      [32m+[0m [0m[1m[0mannotation[0m[0m              = "easy-aci:1.0.1"
      [32m+[0m [0m[1m[0mdescription[0m[0m             = (known after apply)
      [32m+[0m [0m[1m[0mfrom_card[0m[0m               = "1"
      [32m+[0m [0m[1m[0mfrom_port[0m[0m               = "20"
      [32m+[0m [0m[1m[0mid[0m[0m                      = (known after apply)
      [32m+[0m [0m[1m[0mname[0m[0m                    = "Eth1-20"
      [32m+[0m [0m[1m[0mname_alias[0m[0m              = (known after apply)
      [32m+[0m [0m[1m[0mto_card[0m[0m                 = "1"
      [32m+[0m [0m[1m[0mto_port[0m[0m                 = "20"
    }

[1m  # module.switch.aci_access_port_block.leaf_port_blocks["asgard-leaf202-Eth1/21"][0m will be created[0m[0m
[0m  [32m+[0m[0m resource "aci_access_port_block" "leaf_port_blocks" {
      [32m+[0m [0m[1m[0maccess_port_selector_dn[0m[0m = (known after apply)
      [32m+[0m [0m[1m[0mannotation[0m[0m              = "easy-aci:1.0.1"
      [32m+[0m [0m[1m[0mdescription[0m[0m             = (known after apply)
      [32m+[0m [0m[1m[0mfrom_card[0m[0m               = "1"
      [32m+[0m [0m[1m[0mfrom_port[0m[0m               = "21"
      [32m+[0m [0m[1m[0mid[0m[0m                      = (known after apply)
      [32m+[0m [0m[1m[0mname[0m[0m                    = "Eth1-21"
      [32m+[0m [0m[1m[0mname_alias[0m[0m              = (known after apply)
      [32m+[0m [0m[1m[0mto_card[0m[0m                 = "1"
      [32m+[0m [0m[1m[0mto_port[0m[0m                 = "21"
    }

[1m  # module.switch.aci_access_port_block.leaf_port_blocks["asgard-leaf202-Eth1/22"][0m will be created[0m[0m
[0m  [32m+[0m[0m resource "aci_access_port_block" "leaf_port_blocks" {
      [32m+[0m [0m[1m[0maccess_port_selector_dn[0m[0m = (known after apply)
      [32m+[0m [0m[1m[0mannotation[0m[0m              = "easy-aci:1.0.1"
      [32m+[0m [0m[1m[0mdescription[0m[0m             = (known after apply)
      [32m+[0m [0m[1m[0mfrom_card[0m[0m               = "1"
      [32m+[0m [0m[1m[0mfrom_port[0m[0m               = "22"
      [32m+[0m [0m[1m[0mid[0m[0m                      = (known after apply)
      [32m+[0m [0m[1m[0mname[0m[0m                    = "Eth1-22"
      [32m+[0m [0m[1m[0mname_alias[0m[0m              = (known after apply)
      [32m+[0m [0m[1m[0mto_card[0m[0m                 = "1"
      [32m+[0m [0m[1m[0mto_port[0m[0m                 = "22"
    }

[1m  # module.switch.aci_access_port_block.leaf_port_blocks["asgard-leaf202-Eth1/23"][0m will be created[0m[0m
[0m  [32m+[0m[0m resource "aci_access_port_block" "leaf_port_blocks" {
      [32m+[0m [0m[1m[0maccess_port_selector_dn[0m[0m = (known after apply)
      [32m+[0m [0m[1m[0mannotation[0m[0m              = "easy-aci:1.0.1"
      [32m+[0m [0m[1m[0mdescription[0m[0m             = (known after apply)
      [32m+[0m [0m[1m[0mfrom_card[0m[0m               = "1"
      [32m+[0m [0m[1m[0mfrom_port[0m[0m               = "23"
      [32m+[0m [0m[1m[0mid[0m[0m                      = (known after apply)
      [32m+[0m [0m[1m[0mname[0m[0m                    = "Eth1-23"
      [32m+[0m [0m[1m[0mname_alias[0m[0m              = (known after apply)
      [32m+[0m [0m[1m[0mto_card[0m[0m                 = "1"
      [32m+[0m [0m[1m[0mto_port[0m[0m                 = "23"
    }

[1m  # module.switch.aci_access_port_block.leaf_port_blocks["asgard-leaf202-Eth1/24"][0m will be created[0m[0m
[0m  [32m+[0m[0m resource "aci_access_port_block" "leaf_port_blocks" {
      [32m+[0m [0m[1m[0maccess_port_selector_dn[0m[0m = (known after apply)
      [32m+[0m [0m[1m[0mannotation[0m[0m              = "easy-aci:1.0.1"
      [32m+[0m [0m[1m[0mdescription[0m[0m             = (known after apply)
      [32m+[0m [0m[1m[0mfrom_card[0m[0m               = "1"
      [32m+[0m [0m[1m[0mfrom_port[0m[0m               = "24"
      [32m+[0m [0m[1m[0mid[0m[0m                      = (known after apply)
      [32m+[0m [0m[1m[0mname[0m[0m                    = "Eth1-24"
      [32m+[0m [0m[1m[0mname_alias[0m[0m              = (known after apply)
      [32m+[0m [0m[1m[0mto_card[0m[0m                 = "1"
      [32m+[0m [0m[1m[0mto_port[0m[0m                 = "24"
    }

[1m  # module.switch.aci_access_port_block.leaf_port_blocks["asgard-leaf202-Eth1/25"][0m will be created[0m[0m
[0m  [32m+[0m[0m resource "aci_access_port_block" "leaf_port_blocks" {
      [32m+[0m [0m[1m[0maccess_port_selector_dn[0m[0m = (known after apply)
      [32m+[0m [0m[1m[0mannotation[0m[0m              = "easy-aci:1.0.1"
      [32m+[0m [0m[1m[0mdescription[0m[0m             = "odin-ucs-a-Eth1/54"
      [32m+[0m [0m[1m[0mfrom_card[0m[0m               = "1"
      [32m+[0m [0m[1m[0mfrom_port[0m[0m               = "25"
      [32m+[0m [0m[1m[0mid[0m[0m                      = (known after apply)
      [32m+[0m [0m[1m[0mname[0m[0m                    = "Eth1-25"
      [32m+[0m [0m[1m[0mname_alias[0m[0m              = (known after apply)
      [32m+[0m [0m[1m[0mto_card[0m[0m                 = "1"
      [32m+[0m [0m[1m[0mto_port[0m[0m                 = "25"
    }

[1m  # module.switch.aci_access_port_block.leaf_port_blocks["asgard-leaf202-Eth1/26"][0m will be created[0m[0m
[0m  [32m+[0m[0m resource "aci_access_port_block" "leaf_port_blocks" {
      [32m+[0m [0m[1m[0maccess_port_selector_dn[0m[0m = (known after apply)
      [32m+[0m [0m[1m[0mannotation[0m[0m              = "easy-aci:1.0.1"
      [32m+[0m [0m[1m[0mdescription[0m[0m             = "odin-ucs-b-Eth1/54"
      [32m+[0m [0m[1m[0mfrom_card[0m[0m               = "1"
      [32m+[0m [0m[1m[0mfrom_port[0m[0m               = "26"
      [32m+[0m [0m[1m[0mid[0m[0m                      = (known after apply)
      [32m+[0m [0m[1m[0mname[0m[0m                    = "Eth1-26"
      [32m+[0m [0m[1m[0mname_alias[0m[0m              = (known after apply)
      [32m+[0m [0m[1m[0mto_card[0m[0m                 = "1"
      [32m+[0m [0m[1m[0mto_port[0m[0m                 = "26"
    }

[1m  # module.switch.aci_access_port_block.leaf_port_blocks["asgard-leaf202-Eth1/27"][0m will be created[0m[0m
[0m  [32m+[0m[0m resource "aci_access_port_block" "leaf_port_blocks" {
      [32m+[0m [0m[1m[0maccess_port_selector_dn[0m[0m = (known after apply)
      [32m+[0m [0m[1m[0mannotation[0m[0m              = "easy-aci:1.0.1"
      [32m+[0m [0m[1m[0mdescription[0m[0m             = "heimdall-ucs-a-Eth1/54"
      [32m+[0m [0m[1m[0mfrom_card[0m[0m               = "1"
      [32m+[0m [0m[1m[0mfrom_port[0m[0m               = "27"
      [32m+[0m [0m[1m[0mid[0m[0m                      = (known after apply)
      [32m+[0m [0m[1m[0mname[0m[0m                    = "Eth1-27"
      [32m+[0m [0m[1m[0mname_alias[0m[0m              = (known after apply)
      [32m+[0m [0m[1m[0mto_card[0m[0m                 = "1"
      [32m+[0m [0m[1m[0mto_port[0m[0m                 = "27"
    }

[1m  # module.switch.aci_access_port_block.leaf_port_blocks["asgard-leaf202-Eth1/28"][0m will be created[0m[0m
[0m  [32m+[0m[0m resource "aci_access_port_block" "leaf_port_blocks" {
      [32m+[0m [0m[1m[0maccess_port_selector_dn[0m[0m = (known after apply)
      [32m+[0m [0m[1m[0mannotation[0m[0m              = "easy-aci:1.0.1"
      [32m+[0m [0m[1m[0mdescription[0m[0m             = "heimdall-ucs-b-Eth1/54"
      [32m+[0m [0m[1m[0mfrom_card[0m[0m               = "1"
      [32m+[0m [0m[1m[0mfrom_port[0m[0m               = "28"
      [32m+[0m [0m[1m[0mid[0m[0m                      = (known after apply)
      [32m+[0m [0m[1m[0mname[0m[0m                    = "Eth1-28"
      [32m+[0m [0m[1m[0mname_alias[0m[0m              = (known after apply)
      [32m+[0m [0m[1m[0mto_card[0m[0m                 = "1"
      [32m+[0m [0m[1m[0mto_port[0m[0m                 = "28"
    }

[1m  # module.switch.aci_access_port_block.leaf_port_blocks["asgard-leaf202-Eth1/29"][0m will be created[0m[0m
[0m  [32m+[0m[0m resource "aci_access_port_block" "leaf_port_blocks" {
      [32m+[0m [0m[1m[0maccess_port_selector_dn[0m[0m = (known after apply)
      [32m+[0m [0m[1m[0mannotation[0m[0m              = "easy-aci:1.0.1"
      [32m+[0m [0m[1m[0mdescription[0m[0m             = "142b-core01-Eth1/28"
      [32m+[0m [0m[1m[0mfrom_card[0m[0m               = "1"
      [32m+[0m [0m[1m[0mfrom_port[0m[0m               = "29"
      [32m+[0m [0m[1m[0mid[0m[0m                      = (known after apply)
      [32m+[0m [0m[1m[0mname[0m[0m                    = "Eth1-29"
      [32m+[0m [0m[1m[0mname_alias[0m[0m              = (known after apply)
      [32m+[0m [0m[1m[0mto_card[0m[0m                 = "1"
      [32m+[0m [0m[1m[0mto_port[0m[0m                 = "29"
    }

[1m  # module.switch.aci_access_port_block.leaf_port_blocks["asgard-leaf202-Eth1/3"][0m will be created[0m[0m
[0m  [32m+[0m[0m resource "aci_access_port_block" "leaf_port_blocks" {
      [32m+[0m [0m[1m[0maccess_port_selector_dn[0m[0m = (known after apply)
      [32m+[0m [0m[1m[0mannotation[0m[0m              = "easy-aci:1.0.1"
      [32m+[0m [0m[1m[0mdescription[0m[0m             = (known after apply)
      [32m+[0m [0m[1m[0mfrom_card[0m[0m               = "1"
      [32m+[0m [0m[1m[0mfrom_port[0m[0m               = "3"
      [32m+[0m [0m[1m[0mid[0m[0m                      = (known after apply)
      [32m+[0m [0m[1m[0mname[0m[0m                    = "Eth1-03"
      [32m+[0m [0m[1m[0mname_alias[0m[0m              = (known after apply)
      [32m+[0m [0m[1m[0mto_card[0m[0m                 = "1"
      [32m+[0m [0m[1m[0mto_port[0m[0m                 = "3"
    }

[1m  # module.switch.aci_access_port_block.leaf_port_blocks["asgard-leaf202-Eth1/30"][0m will be created[0m[0m
[0m  [32m+[0m[0m resource "aci_access_port_block" "leaf_port_blocks" {
      [32m+[0m [0m[1m[0maccess_port_selector_dn[0m[0m = (known after apply)
      [32m+[0m [0m[1m[0mannotation[0m[0m              = "easy-aci:1.0.1"
      [32m+[0m [0m[1m[0mdescription[0m[0m             = "142b-core02-Eth1/28"
      [32m+[0m [0m[1m[0mfrom_card[0m[0m               = "1"
      [32m+[0m [0m[1m[0mfrom_port[0m[0m               = "30"
      [32m+[0m [0m[1m[0mid[0m[0m                      = (known after apply)
      [32m+[0m [0m[1m[0mname[0m[0m                    = "Eth1-30"
      [32m+[0m [0m[1m[0mname_alias[0m[0m              = (known after apply)
      [32m+[0m [0m[1m[0mto_card[0m[0m                 = "1"
      [32m+[0m [0m[1m[0mto_port[0m[0m                 = "30"
    }

[1m  # module.switch.aci_access_port_block.leaf_port_blocks["asgard-leaf202-Eth1/31"][0m will be created[0m[0m
[0m  [32m+[0m[0m resource "aci_access_port_block" "leaf_port_blocks" {
      [32m+[0m [0m[1m[0maccess_port_selector_dn[0m[0m = (known after apply)
      [32m+[0m [0m[1m[0mannotation[0m[0m              = "easy-aci:1.0.1"
      [32m+[0m [0m[1m[0mdescription[0m[0m             = (known after apply)
      [32m+[0m [0m[1m[0mfrom_card[0m[0m               = "1"
      [32m+[0m [0m[1m[0mfrom_port[0m[0m               = "31"
      [32m+[0m [0m[1m[0mid[0m[0m                      = (known after apply)
      [32m+[0m [0m[1m[0mname[0m[0m                    = "Eth1-31"
      [32m+[0m [0m[1m[0mname_alias[0m[0m              = (known after apply)
      [32m+[0m [0m[1m[0mto_card[0m[0m                 = "1"
      [32m+[0m [0m[1m[0mto_port[0m[0m                 = "31"
    }

[1m  # module.switch.aci_access_port_block.leaf_port_blocks["asgard-leaf202-Eth1/32"][0m will be created[0m[0m
[0m  [32m+[0m[0m resource "aci_access_port_block" "leaf_port_blocks" {
      [32m+[0m [0m[1m[0maccess_port_selector_dn[0m[0m = (known after apply)
      [32m+[0m [0m[1m[0mannotation[0m[0m              = "easy-aci:1.0.1"
      [32m+[0m [0m[1m[0mdescription[0m[0m             = (known after apply)
      [32m+[0m [0m[1m[0mfrom_card[0m[0m               = "1"
      [32m+[0m [0m[1m[0mfrom_port[0m[0m               = "32"
      [32m+[0m [0m[1m[0mid[0m[0m                      = (known after apply)
      [32m+[0m [0m[1m[0mname[0m[0m                    = "Eth1-32"
      [32m+[0m [0m[1m[0mname_alias[0m[0m              = (known after apply)
      [32m+[0m [0m[1m[0mto_card[0m[0m                 = "1"
      [32m+[0m [0m[1m[0mto_port[0m[0m                 = "32"
    }

[1m  # module.switch.aci_access_port_block.leaf_port_blocks["asgard-leaf202-Eth1/33"][0m will be created[0m[0m
[0m  [32m+[0m[0m resource "aci_access_port_block" "leaf_port_blocks" {
      [32m+[0m [0m[1m[0maccess_port_selector_dn[0m[0m = (known after apply)
      [32m+[0m [0m[1m[0mannotation[0m[0m              = "easy-aci:1.0.1"
      [32m+[0m [0m[1m[0mdescription[0m[0m             = (known after apply)
      [32m+[0m [0m[1m[0mfrom_card[0m[0m               = "1"
      [32m+[0m [0m[1m[0mfrom_port[0m[0m               = "33"
      [32m+[0m [0m[1m[0mid[0m[0m                      = (known after apply)
      [32m+[0m [0m[1m[0mname[0m[0m                    = "Eth1-33"
      [32m+[0m [0m[1m[0mname_alias[0m[0m              = (known after apply)
      [32m+[0m [0m[1m[0mto_card[0m[0m                 = "1"
      [32m+[0m [0m[1m[0mto_port[0m[0m                 = "33"
    }

[1m  # module.switch.aci_access_port_block.leaf_port_blocks["asgard-leaf202-Eth1/34"][0m will be created[0m[0m
[0m  [32m+[0m[0m resource "aci_access_port_block" "leaf_port_blocks" {
      [32m+[0m [0m[1m[0maccess_port_selector_dn[0m[0m = (known after apply)
      [32m+[0m [0m[1m[0mannotation[0m[0m              = "easy-aci:1.0.1"
      [32m+[0m [0m[1m[0mdescription[0m[0m             = (known after apply)
      [32m+[0m [0m[1m[0mfrom_card[0m[0m               = "1"
      [32m+[0m [0m[1m[0mfrom_port[0m[0m               = "34"
      [32m+[0m [0m[1m[0mid[0m[0m                      = (known after apply)
      [32m+[0m [0m[1m[0mname[0m[0m                    = "Eth1-34"
      [32m+[0m [0m[1m[0mname_alias[0m[0m              = (known after apply)
      [32m+[0m [0m[1m[0mto_card[0m[0m                 = "1"
      [32m+[0m [0m[1m[0mto_port[0m[0m                 = "34"
    }

[1m  # module.switch.aci_access_port_block.leaf_port_blocks["asgard-leaf202-Eth1/35"][0m will be created[0m[0m
[0m  [32m+[0m[0m resource "aci_access_port_block" "leaf_port_blocks" {
      [32m+[0m [0m[1m[0maccess_port_selector_dn[0m[0m = (known after apply)
      [32m+[0m [0m[1m[0mannotation[0m[0m              = "easy-aci:1.0.1"
      [32m+[0m [0m[1m[0mdescription[0m[0m             = (known after apply)
      [32m+[0m [0m[1m[0mfrom_card[0m[0m               = "1"
      [32m+[0m [0m[1m[0mfrom_port[0m[0m               = "35"
      [32m+[0m [0m[1m[0mid[0m[0m                      = (known after apply)
      [32m+[0m [0m[1m[0mname[0m[0m                    = "Eth1-35"
      [32m+[0m [0m[1m[0mname_alias[0m[0m              = (known after apply)
      [32m+[0m [0m[1m[0mto_card[0m[0m                 = "1"
      [32m+[0m [0m[1m[0mto_port[0m[0m                 = "35"
    }

[1m  # module.switch.aci_access_port_block.leaf_port_blocks["asgard-leaf202-Eth1/36"][0m will be created[0m[0m
[0m  [32m+[0m[0m resource "aci_access_port_block" "leaf_port_blocks" {
      [32m+[0m [0m[1m[0maccess_port_selector_dn[0m[0m = (known after apply)
      [32m+[0m [0m[1m[0mannotation[0m[0m              = "easy-aci:1.0.1"
      [32m+[0m [0m[1m[0mdescription[0m[0m             = (known after apply)
      [32m+[0m [0m[1m[0mfrom_card[0m[0m               = "1"
      [32m+[0m [0m[1m[0mfrom_port[0m[0m               = "36"
      [32m+[0m [0m[1m[0mid[0m[0m                      = (known after apply)
      [32m+[0m [0m[1m[0mname[0m[0m                    = "Eth1-36"
      [32m+[0m [0m[1m[0mname_alias[0m[0m              = (known after apply)
      [32m+[0m [0m[1m[0mto_card[0m[0m                 = "1"
      [32m+[0m [0m[1m[0mto_port[0m[0m                 = "36"
    }

[1m  # module.switch.aci_access_port_block.leaf_port_blocks["asgard-leaf202-Eth1/4"][0m will be created[0m[0m
[0m  [32m+[0m[0m resource "aci_access_port_block" "leaf_port_blocks" {
      [32m+[0m [0m[1m[0maccess_port_selector_dn[0m[0m = (known after apply)
      [32m+[0m [0m[1m[0mannotation[0m[0m              = "easy-aci:1.0.1"
      [32m+[0m [0m[1m[0mdescription[0m[0m             = (known after apply)
      [32m+[0m [0m[1m[0mfrom_card[0m[0m               = "1"
      [32m+[0m [0m[1m[0mfrom_port[0m[0m               = "4"
      [32m+[0m [0m[1m[0mid[0m[0m                      = (known after apply)
      [32m+[0m [0m[1m[0mname[0m[0m                    = "Eth1-04"
      [32m+[0m [0m[1m[0mname_alias[0m[0m              = (known after apply)
      [32m+[0m [0m[1m[0mto_card[0m[0m                 = "1"
      [32m+[0m [0m[1m[0mto_port[0m[0m                 = "4"
    }

[1m  # module.switch.aci_access_port_block.leaf_port_blocks["asgard-leaf202-Eth1/5"][0m will be created[0m[0m
[0m  [32m+[0m[0m resource "aci_access_port_block" "leaf_port_blocks" {
      [32m+[0m [0m[1m[0maccess_port_selector_dn[0m[0m = (known after apply)
      [32m+[0m [0m[1m[0mannotation[0m[0m              = "easy-aci:1.0.1"
      [32m+[0m [0m[1m[0mdescription[0m[0m             = (known after apply)
      [32m+[0m [0m[1m[0mfrom_card[0m[0m               = "1"
      [32m+[0m [0m[1m[0mfrom_port[0m[0m               = "5"
      [32m+[0m [0m[1m[0mid[0m[0m                      = (known after apply)
      [32m+[0m [0m[1m[0mname[0m[0m                    = "Eth1-05"
      [32m+[0m [0m[1m[0mname_alias[0m[0m              = (known after apply)
      [32m+[0m [0m[1m[0mto_card[0m[0m                 = "1"
      [32m+[0m [0m[1m[0mto_port[0m[0m                 = "5"
    }

[1m  # module.switch.aci_access_port_block.leaf_port_blocks["asgard-leaf202-Eth1/6"][0m will be created[0m[0m
[0m  [32m+[0m[0m resource "aci_access_port_block" "leaf_port_blocks" {
      [32m+[0m [0m[1m[0maccess_port_selector_dn[0m[0m = (known after apply)
      [32m+[0m [0m[1m[0mannotation[0m[0m              = "easy-aci:1.0.1"
      [32m+[0m [0m[1m[0mdescription[0m[0m             = (known after apply)
      [32m+[0m [0m[1m[0mfrom_card[0m[0m               = "1"
      [32m+[0m [0m[1m[0mfrom_port[0m[0m               = "6"
      [32m+[0m [0m[1m[0mid[0m[0m                      = (known after apply)
      [32m+[0m [0m[1m[0mname[0m[0m                    = "Eth1-06"
      [32m+[0m [0m[1m[0mname_alias[0m[0m              = (known after apply)
      [32m+[0m [0m[1m[0mto_card[0m[0m                 = "1"
      [32m+[0m [0m[1m[0mto_port[0m[0m                 = "6"
    }

[1m  # module.switch.aci_access_port_block.leaf_port_blocks["asgard-leaf202-Eth1/7"][0m will be created[0m[0m
[0m  [32m+[0m[0m resource "aci_access_port_block" "leaf_port_blocks" {
      [32m+[0m [0m[1m[0maccess_port_selector_dn[0m[0m = (known after apply)
      [32m+[0m [0m[1m[0mannotation[0m[0m              = "easy-aci:1.0.1"
      [32m+[0m [0m[1m[0mdescription[0m[0m             = (known after apply)
      [32m+[0m [0m[1m[0mfrom_card[0m[0m               = "1"
      [32m+[0m [0m[1m[0mfrom_port[0m[0m               = "7"
      [32m+[0m [0m[1m[0mid[0m[0m                      = (known after apply)
      [32m+[0m [0m[1m[0mname[0m[0m                    = "Eth1-07"
      [32m+[0m [0m[1m[0mname_alias[0m[0m              = (known after apply)
      [32m+[0m [0m[1m[0mto_card[0m[0m                 = "1"
      [32m+[0m [0m[1m[0mto_port[0m[0m                 = "7"
    }

[1m  # module.switch.aci_access_port_block.leaf_port_blocks["asgard-leaf202-Eth1/8"][0m will be created[0m[0m
[0m  [32m+[0m[0m resource "aci_access_port_block" "leaf_port_blocks" {
      [32m+[0m [0m[1m[0maccess_port_selector_dn[0m[0m = (known after apply)
      [32m+[0m [0m[1m[0mannotation[0m[0m              = "easy-aci:1.0.1"
      [32m+[0m [0m[1m[0mdescription[0m[0m             = (known after apply)
      [32m+[0m [0m[1m[0mfrom_card[0m[0m               = "1"
      [32m+[0m [0m[1m[0mfrom_port[0m[0m               = "8"
      [32m+[0m [0m[1m[0mid[0m[0m                      = (known after apply)
      [32m+[0m [0m[1m[0mname[0m[0m                    = "Eth1-08"
      [32m+[0m [0m[1m[0mname_alias[0m[0m              = (known after apply)
      [32m+[0m [0m[1m[0mto_card[0m[0m                 = "1"
      [32m+[0m [0m[1m[0mto_port[0m[0m                 = "8"
    }

[1m  # module.switch.aci_access_port_block.leaf_port_blocks["asgard-leaf202-Eth1/9"][0m will be created[0m[0m
[0m  [32m+[0m[0m resource "aci_access_port_block" "leaf_port_blocks" {
      [32m+[0m [0m[1m[0maccess_port_selector_dn[0m[0m = (known after apply)
      [32m+[0m [0m[1m[0mannotation[0m[0m              = "easy-aci:1.0.1"
      [32m+[0m [0m[1m[0mdescription[0m[0m             = (known after apply)
      [32m+[0m [0m[1m[0mfrom_card[0m[0m               = "1"
      [32m+[0m [0m[1m[0mfrom_port[0m[0m               = "9"
      [32m+[0m [0m[1m[0mid[0m[0m                      = (known after apply)
      [32m+[0m [0m[1m[0mname[0m[0m                    = "Eth1-09"
      [32m+[0m [0m[1m[0mname_alias[0m[0m              = (known after apply)
      [32m+[0m [0m[1m[0mto_card[0m[0m                 = "1"
      [32m+[0m [0m[1m[0mto_port[0m[0m                 = "9"
    }

[1m  # module.switch.aci_access_port_selector.leaf_interface_selectors["asgard-leaf201-Eth1/1"][0m will be created[0m[0m
[0m  [32m+[0m[0m resource "aci_access_port_selector" "leaf_interface_selectors" {
      [32m+[0m [0m[1m[0maccess_port_selector_type[0m[0m = "range"
      [32m+[0m [0m[1m[0mannotation[0m[0m                = "easy-aci:1.0.1"
      [32m+[0m [0m[1m[0mdescription[0m[0m               = (known after apply)
      [32m+[0m [0m[1m[0mid[0m[0m                        = (known after apply)
      [32m+[0m [0m[1m[0mleaf_interface_profile_dn[0m[0m = (known after apply)
      [32m+[0m [0m[1m[0mname[0m[0m                      = "Eth1-01"
      [32m+[0m [0m[1m[0mname_alias[0m[0m                = (known after apply)
    }

[1m  # module.switch.aci_access_port_selector.leaf_interface_selectors["asgard-leaf201-Eth1/10"][0m will be created[0m[0m
[0m  [32m+[0m[0m resource "aci_access_port_selector" "leaf_interface_selectors" {
      [32m+[0m [0m[1m[0maccess_port_selector_type[0m[0m = "range"
      [32m+[0m [0m[1m[0mannotation[0m[0m                = "easy-aci:1.0.1"
      [32m+[0m [0m[1m[0mdescription[0m[0m               = (known after apply)
      [32m+[0m [0m[1m[0mid[0m[0m                        = (known after apply)
      [32m+[0m [0m[1m[0mleaf_interface_profile_dn[0m[0m = (known after apply)
      [32m+[0m [0m[1m[0mname[0m[0m                      = "Eth1-10"
      [32m+[0m [0m[1m[0mname_alias[0m[0m                = (known after apply)
    }

[1m  # module.switch.aci_access_port_selector.leaf_interface_selectors["asgard-leaf201-Eth1/11"][0m will be created[0m[0m
[0m  [32m+[0m[0m resource "aci_access_port_selector" "leaf_interface_selectors" {
      [32m+[0m [0m[1m[0maccess_port_selector_type[0m[0m = "range"
      [32m+[0m [0m[1m[0mannotation[0m[0m                = "easy-aci:1.0.1"
      [32m+[0m [0m[1m[0mdescription[0m[0m               = (known after apply)
      [32m+[0m [0m[1m[0mid[0m[0m                        = (known after apply)
      [32m+[0m [0m[1m[0mleaf_interface_profile_dn[0m[0m = (known after apply)
      [32m+[0m [0m[1m[0mname[0m[0m                      = "Eth1-11"
      [32m+[0m [0m[1m[0mname_alias[0m[0m                = (known after apply)
    }

[1m  # module.switch.aci_access_port_selector.leaf_interface_selectors["asgard-leaf201-Eth1/12"][0m will be created[0m[0m
[0m  [32m+[0m[0m resource "aci_access_port_selector" "leaf_interface_selectors" {
      [32m+[0m [0m[1m[0maccess_port_selector_type[0m[0m = "range"
      [32m+[0m [0m[1m[0mannotation[0m[0m                = "easy-aci:1.0.1"
      [32m+[0m [0m[1m[0mdescription[0m[0m               = (known after apply)
      [32m+[0m [0m[1m[0mid[0m[0m                        = (known after apply)
      [32m+[0m [0m[1m[0mleaf_interface_profile_dn[0m[0m = (known after apply)
      [32m+[0m [0m[1m[0mname[0m[0m                      = "Eth1-12"
      [32m+[0m [0m[1m[0mname_alias[0m[0m                = (known after apply)
    }

[1m  # module.switch.aci_access_port_selector.leaf_interface_selectors["asgard-leaf201-Eth1/13"][0m will be created[0m[0m
[0m  [32m+[0m[0m resource "aci_access_port_selector" "leaf_interface_selectors" {
      [32m+[0m [0m[1m[0maccess_port_selector_type[0m[0m = "range"
      [32m+[0m [0m[1m[0mannotation[0m[0m                = "easy-aci:1.0.1"
      [32m+[0m [0m[1m[0mdescription[0m[0m               = (known after apply)
      [32m+[0m [0m[1m[0mid[0m[0m                        = (known after apply)
      [32m+[0m [0m[1m[0mleaf_interface_profile_dn[0m[0m = (known after apply)
      [32m+[0m [0m[1m[0mname[0m[0m                      = "Eth1-13"
      [32m+[0m [0m[1m[0mname_alias[0m[0m                = (known after apply)
    }

[1m  # module.switch.aci_access_port_selector.leaf_interface_selectors["asgard-leaf201-Eth1/14"][0m will be created[0m[0m
[0m  [32m+[0m[0m resource "aci_access_port_selector" "leaf_interface_selectors" {
      [32m+[0m [0m[1m[0maccess_port_selector_type[0m[0m = "range"
      [32m+[0m [0m[1m[0mannotation[0m[0m                = "easy-aci:1.0.1"
      [32m+[0m [0m[1m[0mdescription[0m[0m               = (known after apply)
      [32m+[0m [0m[1m[0mid[0m[0m                        = (known after apply)
      [32m+[0m [0m[1m[0mleaf_interface_profile_dn[0m[0m = (known after apply)
      [32m+[0m [0m[1m[0mname[0m[0m                      = "Eth1-14"
      [32m+[0m [0m[1m[0mname_alias[0m[0m                = (known after apply)
    }

[1m  # module.switch.aci_access_port_selector.leaf_interface_selectors["asgard-leaf201-Eth1/15"][0m will be created[0m[0m
[0m  [32m+[0m[0m resource "aci_access_port_selector" "leaf_interface_selectors" {
      [32m+[0m [0m[1m[0maccess_port_selector_type[0m[0m = "range"
      [32m+[0m [0m[1m[0mannotation[0m[0m                = "easy-aci:1.0.1"
      [32m+[0m [0m[1m[0mdescription[0m[0m               = (known after apply)
      [32m+[0m [0m[1m[0mid[0m[0m                        = (known after apply)
      [32m+[0m [0m[1m[0mleaf_interface_profile_dn[0m[0m = (known after apply)
      [32m+[0m [0m[1m[0mname[0m[0m                      = "Eth1-15"
      [32m+[0m [0m[1m[0mname_alias[0m[0m                = (known after apply)
    }

[1m  # module.switch.aci_access_port_selector.leaf_interface_selectors["asgard-leaf201-Eth1/16"][0m will be created[0m[0m
[0m  [32m+[0m[0m resource "aci_access_port_selector" "leaf_interface_selectors" {
      [32m+[0m [0m[1m[0maccess_port_selector_type[0m[0m = "range"
      [32m+[0m [0m[1m[0mannotation[0m[0m                = "easy-aci:1.0.1"
      [32m+[0m [0m[1m[0mdescription[0m[0m               = (known after apply)
      [32m+[0m [0m[1m[0mid[0m[0m                        = (known after apply)
      [32m+[0m [0m[1m[0mleaf_interface_profile_dn[0m[0m = (known after apply)
      [32m+[0m [0m[1m[0mname[0m[0m                      = "Eth1-16"
      [32m+[0m [0m[1m[0mname_alias[0m[0m                = (known after apply)
    }

[1m  # module.switch.aci_access_port_selector.leaf_interface_selectors["asgard-leaf201-Eth1/17"][0m will be created[0m[0m
[0m  [32m+[0m[0m resource "aci_access_port_selector" "leaf_interface_selectors" {
      [32m+[0m [0m[1m[0maccess_port_selector_type[0m[0m = "range"
      [32m+[0m [0m[1m[0mannotation[0m[0m                = "easy-aci:1.0.1"
      [32m+[0m [0m[1m[0mdescription[0m[0m               = (known after apply)
      [32m+[0m [0m[1m[0mid[0m[0m                        = (known after apply)
      [32m+[0m [0m[1m[0mleaf_interface_profile_dn[0m[0m = (known after apply)
      [32m+[0m [0m[1m[0mname[0m[0m                      = "Eth1-17"
      [32m+[0m [0m[1m[0mname_alias[0m[0m                = (known after apply)
    }

[1m  # module.switch.aci_access_port_selector.leaf_interface_selectors["asgard-leaf201-Eth1/18"][0m will be created[0m[0m
[0m  [32m+[0m[0m resource "aci_access_port_selector" "leaf_interface_selectors" {
      [32m+[0m [0m[1m[0maccess_port_selector_type[0m[0m = "range"
      [32m+[0m [0m[1m[0mannotation[0m[0m                = "easy-aci:1.0.1"
      [32m+[0m [0m[1m[0mdescription[0m[0m               = (known after apply)
      [32m+[0m [0m[1m[0mid[0m[0m                        = (known after apply)
      [32m+[0m [0m[1m[0mleaf_interface_profile_dn[0m[0m = (known after apply)
      [32m+[0m [0m[1m[0mname[0m[0m                      = "Eth1-18"
      [32m+[0m [0m[1m[0mname_alias[0m[0m                = (known after apply)
    }

[1m  # module.switch.aci_access_port_selector.leaf_interface_selectors["asgard-leaf201-Eth1/19"][0m will be created[0m[0m
[0m  [32m+[0m[0m resource "aci_access_port_selector" "leaf_interface_selectors" {
      [32m+[0m [0m[1m[0maccess_port_selector_type[0m[0m = "range"
      [32m+[0m [0m[1m[0mannotation[0m[0m                = "easy-aci:1.0.1"
      [32m+[0m [0m[1m[0mdescription[0m[0m               = (known after apply)
      [32m+[0m [0m[1m[0mid[0m[0m                        = (known after apply)
      [32m+[0m [0m[1m[0mleaf_interface_profile_dn[0m[0m = (known after apply)
      [32m+[0m [0m[1m[0mname[0m[0m                      = "Eth1-19"
      [32m+[0m [0m[1m[0mname_alias[0m[0m                = (known after apply)
    }

[1m  # module.switch.aci_access_port_selector.leaf_interface_selectors["asgard-leaf201-Eth1/2"][0m will be created[0m[0m
[0m  [32m+[0m[0m resource "aci_access_port_selector" "leaf_interface_selectors" {
      [32m+[0m [0m[1m[0maccess_port_selector_type[0m[0m = "range"
      [32m+[0m [0m[1m[0mannotation[0m[0m                = "easy-aci:1.0.1"
      [32m+[0m [0m[1m[0mdescription[0m[0m               = (known after apply)
      [32m+[0m [0m[1m[0mid[0m[0m                        = (known after apply)
      [32m+[0m [0m[1m[0mleaf_interface_profile_dn[0m[0m = (known after apply)
      [32m+[0m [0m[1m[0mname[0m[0m                      = "Eth1-02"
      [32m+[0m [0m[1m[0mname_alias[0m[0m                = (known after apply)
    }

[1m  # module.switch.aci_access_port_selector.leaf_interface_selectors["asgard-leaf201-Eth1/20"][0m will be created[0m[0m
[0m  [32m+[0m[0m resource "aci_access_port_selector" "leaf_interface_selectors" {
      [32m+[0m [0m[1m[0maccess_port_selector_type[0m[0m = "range"
      [32m+[0m [0m[1m[0mannotation[0m[0m                = "easy-aci:1.0.1"
      [32m+[0m [0m[1m[0mdescription[0m[0m               = (known after apply)
      [32m+[0m [0m[1m[0mid[0m[0m                        = (known after apply)
      [32m+[0m [0m[1m[0mleaf_interface_profile_dn[0m[0m = (known after apply)
      [32m+[0m [0m[1m[0mname[0m[0m                      = "Eth1-20"
      [32m+[0m [0m[1m[0mname_alias[0m[0m                = (known after apply)
    }

[1m  # module.switch.aci_access_port_selector.leaf_interface_selectors["asgard-leaf201-Eth1/21"][0m will be created[0m[0m
[0m  [32m+[0m[0m resource "aci_access_port_selector" "leaf_interface_selectors" {
      [32m+[0m [0m[1m[0maccess_port_selector_type[0m[0m = "range"
      [32m+[0m [0m[1m[0mannotation[0m[0m                = "easy-aci:1.0.1"
      [32m+[0m [0m[1m[0mdescription[0m[0m               = (known after apply)
      [32m+[0m [0m[1m[0mid[0m[0m                        = (known after apply)
      [32m+[0m [0m[1m[0mleaf_interface_profile_dn[0m[0m = (known after apply)
      [32m+[0m [0m[1m[0mname[0m[0m                      = "Eth1-21"
      [32m+[0m [0m[1m[0mname_alias[0m[0m                = (known after apply)
    }

[1m  # module.switch.aci_access_port_selector.leaf_interface_selectors["asgard-leaf201-Eth1/22"][0m will be created[0m[0m
[0m  [32m+[0m[0m resource "aci_access_port_selector" "leaf_interface_selectors" {
      [32m+[0m [0m[1m[0maccess_port_selector_type[0m[0m = "range"
      [32m+[0m [0m[1m[0mannotation[0m[0m                = "easy-aci:1.0.1"
      [32m+[0m [0m[1m[0mdescription[0m[0m               = (known after apply)
      [32m+[0m [0m[1m[0mid[0m[0m                        = (known after apply)
      [32m+[0m [0m[1m[0mleaf_interface_profile_dn[0m[0m = (known after apply)
      [32m+[0m [0m[1m[0mname[0m[0m                      = "Eth1-22"
      [32m+[0m [0m[1m[0mname_alias[0m[0m                = (known after apply)
    }

[1m  # module.switch.aci_access_port_selector.leaf_interface_selectors["asgard-leaf201-Eth1/23"][0m will be created[0m[0m
[0m  [32m+[0m[0m resource "aci_access_port_selector" "leaf_interface_selectors" {
      [32m+[0m [0m[1m[0maccess_port_selector_type[0m[0m = "range"
      [32m+[0m [0m[1m[0mannotation[0m[0m                = "easy-aci:1.0.1"
      [32m+[0m [0m[1m[0mdescription[0m[0m               = (known after apply)
      [32m+[0m [0m[1m[0mid[0m[0m                        = (known after apply)
      [32m+[0m [0m[1m[0mleaf_interface_profile_dn[0m[0m = (known after apply)
      [32m+[0m [0m[1m[0mname[0m[0m                      = "Eth1-23"
      [32m+[0m [0m[1m[0mname_alias[0m[0m                = (known after apply)
    }

[1m  # module.switch.aci_access_port_selector.leaf_interface_selectors["asgard-leaf201-Eth1/24"][0m will be created[0m[0m
[0m  [32m+[0m[0m resource "aci_access_port_selector" "leaf_interface_selectors" {
      [32m+[0m [0m[1m[0maccess_port_selector_type[0m[0m = "range"
      [32m+[0m [0m[1m[0mannotation[0m[0m                = "easy-aci:1.0.1"
      [32m+[0m [0m[1m[0mdescription[0m[0m               = (known after apply)
      [32m+[0m [0m[1m[0mid[0m[0m                        = (known after apply)
      [32m+[0m [0m[1m[0mleaf_interface_profile_dn[0m[0m = (known after apply)
      [32m+[0m [0m[1m[0mname[0m[0m                      = "Eth1-24"
      [32m+[0m [0m[1m[0mname_alias[0m[0m                = (known after apply)
    }

[1m  # module.switch.aci_access_port_selector.leaf_interface_selectors["asgard-leaf201-Eth1/25"][0m will be created[0m[0m
[0m  [32m+[0m[0m resource "aci_access_port_selector" "leaf_interface_selectors" {
      [32m+[0m [0m[1m[0maccess_port_selector_type[0m[0m      = "range"
      [32m+[0m [0m[1m[0mannotation[0m[0m                     = "easy-aci:1.0.1"
      [32m+[0m [0m[1m[0mdescription[0m[0m                    = (known after apply)
      [32m+[0m [0m[1m[0mid[0m[0m                             = (known after apply)
      [32m+[0m [0m[1m[0mleaf_interface_profile_dn[0m[0m      = (known after apply)
      [32m+[0m [0m[1m[0mname[0m[0m                           = "Eth1-25"
      [32m+[0m [0m[1m[0mname_alias[0m[0m                     = (known after apply)
      [32m+[0m [0m[1m[0mrelation_infra_rs_acc_base_grp[0m[0m = "uni/infra/funcprof/accbundle-vpc025"
    }

[1m  # module.switch.aci_access_port_selector.leaf_interface_selectors["asgard-leaf201-Eth1/26"][0m will be created[0m[0m
[0m  [32m+[0m[0m resource "aci_access_port_selector" "leaf_interface_selectors" {
      [32m+[0m [0m[1m[0maccess_port_selector_type[0m[0m      = "range"
      [32m+[0m [0m[1m[0mannotation[0m[0m                     = "easy-aci:1.0.1"
      [32m+[0m [0m[1m[0mdescription[0m[0m                    = (known after apply)
      [32m+[0m [0m[1m[0mid[0m[0m                             = (known after apply)
      [32m+[0m [0m[1m[0mleaf_interface_profile_dn[0m[0m      = (known after apply)
      [32m+[0m [0m[1m[0mname[0m[0m                           = "Eth1-26"
      [32m+[0m [0m[1m[0mname_alias[0m[0m                     = (known after apply)
      [32m+[0m [0m[1m[0mrelation_infra_rs_acc_base_grp[0m[0m = "uni/infra/funcprof/accbundle-vpc026"
    }

[1m  # module.switch.aci_access_port_selector.leaf_interface_selectors["asgard-leaf201-Eth1/27"][0m will be created[0m[0m
[0m  [32m+[0m[0m resource "aci_access_port_selector" "leaf_interface_selectors" {
      [32m+[0m [0m[1m[0maccess_port_selector_type[0m[0m      = "range"
      [32m+[0m [0m[1m[0mannotation[0m[0m                     = "easy-aci:1.0.1"
      [32m+[0m [0m[1m[0mdescription[0m[0m                    = (known after apply)
      [32m+[0m [0m[1m[0mid[0m[0m                             = (known after apply)
      [32m+[0m [0m[1m[0mleaf_interface_profile_dn[0m[0m      = (known after apply)
      [32m+[0m [0m[1m[0mname[0m[0m                           = "Eth1-27"
      [32m+[0m [0m[1m[0mname_alias[0m[0m                     = (known after apply)
      [32m+[0m [0m[1m[0mrelation_infra_rs_acc_base_grp[0m[0m = "uni/infra/funcprof/accbundle-vpc027"
    }

[1m  # module.switch.aci_access_port_selector.leaf_interface_selectors["asgard-leaf201-Eth1/28"][0m will be created[0m[0m
[0m  [32m+[0m[0m resource "aci_access_port_selector" "leaf_interface_selectors" {
      [32m+[0m [0m[1m[0maccess_port_selector_type[0m[0m      = "range"
      [32m+[0m [0m[1m[0mannotation[0m[0m                     = "easy-aci:1.0.1"
      [32m+[0m [0m[1m[0mdescription[0m[0m                    = (known after apply)
      [32m+[0m [0m[1m[0mid[0m[0m                             = (known after apply)
      [32m+[0m [0m[1m[0mleaf_interface_profile_dn[0m[0m      = (known after apply)
      [32m+[0m [0m[1m[0mname[0m[0m                           = "Eth1-28"
      [32m+[0m [0m[1m[0mname_alias[0m[0m                     = (known after apply)
      [32m+[0m [0m[1m[0mrelation_infra_rs_acc_base_grp[0m[0m = "uni/infra/funcprof/accbundle-vpc028"
    }

[1m  # module.switch.aci_access_port_selector.leaf_interface_selectors["asgard-leaf201-Eth1/29"][0m will be created[0m[0m
[0m  [32m+[0m[0m resource "aci_access_port_selector" "leaf_interface_selectors" {
      [32m+[0m [0m[1m[0maccess_port_selector_type[0m[0m      = "range"
      [32m+[0m [0m[1m[0mannotation[0m[0m                     = "easy-aci:1.0.1"
      [32m+[0m [0m[1m[0mdescription[0m[0m                    = (known after apply)
      [32m+[0m [0m[1m[0mid[0m[0m                             = (known after apply)
      [32m+[0m [0m[1m[0mleaf_interface_profile_dn[0m[0m      = (known after apply)
      [32m+[0m [0m[1m[0mname[0m[0m                           = "Eth1-29"
      [32m+[0m [0m[1m[0mname_alias[0m[0m                     = (known after apply)
      [32m+[0m [0m[1m[0mrelation_infra_rs_acc_base_grp[0m[0m = "uni/infra/funcprof/accbundle-l3out"
    }

[1m  # module.switch.aci_access_port_selector.leaf_interface_selectors["asgard-leaf201-Eth1/3"][0m will be created[0m[0m
[0m  [32m+[0m[0m resource "aci_access_port_selector" "leaf_interface_selectors" {
      [32m+[0m [0m[1m[0maccess_port_selector_type[0m[0m = "range"
      [32m+[0m [0m[1m[0mannotation[0m[0m                = "easy-aci:1.0.1"
      [32m+[0m [0m[1m[0mdescription[0m[0m               = (known after apply)
      [32m+[0m [0m[1m[0mid[0m[0m                        = (known after apply)
      [32m+[0m [0m[1m[0mleaf_interface_profile_dn[0m[0m = (known after apply)
      [32m+[0m [0m[1m[0mname[0m[0m                      = "Eth1-03"
      [32m+[0m [0m[1m[0mname_alias[0m[0m                = (known after apply)
    }

[1m  # module.switch.aci_access_port_selector.leaf_interface_selectors["asgard-leaf201-Eth1/30"][0m will be created[0m[0m
[0m  [32m+[0m[0m resource "aci_access_port_selector" "leaf_interface_selectors" {
      [32m+[0m [0m[1m[0maccess_port_selector_type[0m[0m      = "range"
      [32m+[0m [0m[1m[0mannotation[0m[0m                     = "easy-aci:1.0.1"
      [32m+[0m [0m[1m[0mdescription[0m[0m                    = (known after apply)
      [32m+[0m [0m[1m[0mid[0m[0m                             = (known after apply)
      [32m+[0m [0m[1m[0mleaf_interface_profile_dn[0m[0m      = (known after apply)
      [32m+[0m [0m[1m[0mname[0m[0m                           = "Eth1-30"
      [32m+[0m [0m[1m[0mname_alias[0m[0m                     = (known after apply)
      [32m+[0m [0m[1m[0mrelation_infra_rs_acc_base_grp[0m[0m = "uni/infra/funcprof/accbundle-l3out"
    }

[1m  # module.switch.aci_access_port_selector.leaf_interface_selectors["asgard-leaf201-Eth1/31"][0m will be created[0m[0m
[0m  [32m+[0m[0m resource "aci_access_port_selector" "leaf_interface_selectors" {
      [32m+[0m [0m[1m[0maccess_port_selector_type[0m[0m = "range"
      [32m+[0m [0m[1m[0mannotation[0m[0m                = "easy-aci:1.0.1"
      [32m+[0m [0m[1m[0mdescription[0m[0m               = (known after apply)
      [32m+[0m [0m[1m[0mid[0m[0m                        = (known after apply)
      [32m+[0m [0m[1m[0mleaf_interface_profile_dn[0m[0m = (known after apply)
      [32m+[0m [0m[1m[0mname[0m[0m                      = "Eth1-31"
      [32m+[0m [0m[1m[0mname_alias[0m[0m                = (known after apply)
    }

[1m  # module.switch.aci_access_port_selector.leaf_interface_selectors["asgard-leaf201-Eth1/32"][0m will be created[0m[0m
[0m  [32m+[0m[0m resource "aci_access_port_selector" "leaf_interface_selectors" {
      [32m+[0m [0m[1m[0maccess_port_selector_type[0m[0m = "range"
      [32m+[0m [0m[1m[0mannotation[0m[0m                = "easy-aci:1.0.1"
      [32m+[0m [0m[1m[0mdescription[0m[0m               = (known after apply)
      [32m+[0m [0m[1m[0mid[0m[0m                        = (known after apply)
      [32m+[0m [0m[1m[0mleaf_interface_profile_dn[0m[0m = (known after apply)
      [32m+[0m [0m[1m[0mname[0m[0m                      = "Eth1-32"
      [32m+[0m [0m[1m[0mname_alias[0m[0m                = (known after apply)
    }

[1m  # module.switch.aci_access_port_selector.leaf_interface_selectors["asgard-leaf201-Eth1/33"][0m will be created[0m[0m
[0m  [32m+[0m[0m resource "aci_access_port_selector" "leaf_interface_selectors" {
      [32m+[0m [0m[1m[0maccess_port_selector_type[0m[0m = "range"
      [32m+[0m [0m[1m[0mannotation[0m[0m                = "easy-aci:1.0.1"
      [32m+[0m [0m[1m[0mdescription[0m[0m               = (known after apply)
      [32m+[0m [0m[1m[0mid[0m[0m                        = (known after apply)
      [32m+[0m [0m[1m[0mleaf_interface_profile_dn[0m[0m = (known after apply)
      [32m+[0m [0m[1m[0mname[0m[0m                      = "Eth1-33"
      [32m+[0m [0m[1m[0mname_alias[0m[0m                = (known after apply)
    }

[1m  # module.switch.aci_access_port_selector.leaf_interface_selectors["asgard-leaf201-Eth1/34"][0m will be created[0m[0m
[0m  [32m+[0m[0m resource "aci_access_port_selector" "leaf_interface_selectors" {
      [32m+[0m [0m[1m[0maccess_port_selector_type[0m[0m = "range"
      [32m+[0m [0m[1m[0mannotation[0m[0m                = "easy-aci:1.0.1"
      [32m+[0m [0m[1m[0mdescription[0m[0m               = (known after apply)
      [32m+[0m [0m[1m[0mid[0m[0m                        = (known after apply)
      [32m+[0m [0m[1m[0mleaf_interface_profile_dn[0m[0m = (known after apply)
      [32m+[0m [0m[1m[0mname[0m[0m                      = "Eth1-34"
      [32m+[0m [0m[1m[0mname_alias[0m[0m                = (known after apply)
    }

[1m  # module.switch.aci_access_port_selector.leaf_interface_selectors["asgard-leaf201-Eth1/35"][0m will be created[0m[0m
[0m  [32m+[0m[0m resource "aci_access_port_selector" "leaf_interface_selectors" {
      [32m+[0m [0m[1m[0maccess_port_selector_type[0m[0m = "range"
      [32m+[0m [0m[1m[0mannotation[0m[0m                = "easy-aci:1.0.1"
      [32m+[0m [0m[1m[0mdescription[0m[0m               = (known after apply)
      [32m+[0m [0m[1m[0mid[0m[0m                        = (known after apply)
      [32m+[0m [0m[1m[0mleaf_interface_profile_dn[0m[0m = (known after apply)
      [32m+[0m [0m[1m[0mname[0m[0m                      = "Eth1-35"
      [32m+[0m [0m[1m[0mname_alias[0m[0m                = (known after apply)
    }

[1m  # module.switch.aci_access_port_selector.leaf_interface_selectors["asgard-leaf201-Eth1/36"][0m will be created[0m[0m
[0m  [32m+[0m[0m resource "aci_access_port_selector" "leaf_interface_selectors" {
      [32m+[0m [0m[1m[0maccess_port_selector_type[0m[0m = "range"
      [32m+[0m [0m[1m[0mannotation[0m[0m                = "easy-aci:1.0.1"
      [32m+[0m [0m[1m[0mdescription[0m[0m               = (known after apply)
      [32m+[0m [0m[1m[0mid[0m[0m                        = (known after apply)
      [32m+[0m [0m[1m[0mleaf_interface_profile_dn[0m[0m = (known after apply)
      [32m+[0m [0m[1m[0mname[0m[0m                      = "Eth1-36"
      [32m+[0m [0m[1m[0mname_alias[0m[0m                = (known after apply)
    }

[1m  # module.switch.aci_access_port_selector.leaf_interface_selectors["asgard-leaf201-Eth1/4"][0m will be created[0m[0m
[0m  [32m+[0m[0m resource "aci_access_port_selector" "leaf_interface_selectors" {
      [32m+[0m [0m[1m[0maccess_port_selector_type[0m[0m = "range"
      [32m+[0m [0m[1m[0mannotation[0m[0m                = "easy-aci:1.0.1"
      [32m+[0m [0m[1m[0mdescription[0m[0m               = (known after apply)
      [32m+[0m [0m[1m[0mid[0m[0m                        = (known after apply)
      [32m+[0m [0m[1m[0mleaf_interface_profile_dn[0m[0m = (known after apply)
      [32m+[0m [0m[1m[0mname[0m[0m                      = "Eth1-04"
      [32m+[0m [0m[1m[0mname_alias[0m[0m                = (known after apply)
    }

[1m  # module.switch.aci_access_port_selector.leaf_interface_selectors["asgard-leaf201-Eth1/5"][0m will be created[0m[0m
[0m  [32m+[0m[0m resource "aci_access_port_selector" "leaf_interface_selectors" {
      [32m+[0m [0m[1m[0maccess_port_selector_type[0m[0m = "range"
      [32m+[0m [0m[1m[0mannotation[0m[0m                = "easy-aci:1.0.1"
      [32m+[0m [0m[1m[0mdescription[0m[0m               = (known after apply)
      [32m+[0m [0m[1m[0mid[0m[0m                        = (known after apply)
      [32m+[0m [0m[1m[0mleaf_interface_profile_dn[0m[0m = (known after apply)
      [32m+[0m [0m[1m[0mname[0m[0m                      = "Eth1-05"
      [32m+[0m [0m[1m[0mname_alias[0m[0m                = (known after apply)
    }

[1m  # module.switch.aci_access_port_selector.leaf_interface_selectors["asgard-leaf201-Eth1/6"][0m will be created[0m[0m
[0m  [32m+[0m[0m resource "aci_access_port_selector" "leaf_interface_selectors" {
      [32m+[0m [0m[1m[0maccess_port_selector_type[0m[0m = "range"
      [32m+[0m [0m[1m[0mannotation[0m[0m                = "easy-aci:1.0.1"
      [32m+[0m [0m[1m[0mdescription[0m[0m               = (known after apply)
      [32m+[0m [0m[1m[0mid[0m[0m                        = (known after apply)
      [32m+[0m [0m[1m[0mleaf_interface_profile_dn[0m[0m = (known after apply)
      [32m+[0m [0m[1m[0mname[0m[0m                      = "Eth1-06"
      [32m+[0m [0m[1m[0mname_alias[0m[0m                = (known after apply)
    }

[1m  # module.switch.aci_access_port_selector.leaf_interface_selectors["asgard-leaf201-Eth1/7"][0m will be created[0m[0m
[0m  [32m+[0m[0m resource "aci_access_port_selector" "leaf_interface_selectors" {
      [32m+[0m [0m[1m[0maccess_port_selector_type[0m[0m = "range"
      [32m+[0m [0m[1m[0mannotation[0m[0m                = "easy-aci:1.0.1"
      [32m+[0m [0m[1m[0mdescription[0m[0m               = (known after apply)
      [32m+[0m [0m[1m[0mid[0m[0m                        = (known after apply)
      [32m+[0m [0m[1m[0mleaf_interface_profile_dn[0m[0m = (known after apply)
      [32m+[0m [0m[1m[0mname[0m[0m                      = "Eth1-07"
      [32m+[0m [0m[1m[0mname_alias[0m[0m                = (known after apply)
    }

[1m  # module.switch.aci_access_port_selector.leaf_interface_selectors["asgard-leaf201-Eth1/8"][0m will be created[0m[0m
[0m  [32m+[0m[0m resource "aci_access_port_selector" "leaf_interface_selectors" {
      [32m+[0m [0m[1m[0maccess_port_selector_type[0m[0m = "range"
      [32m+[0m [0m[1m[0mannotation[0m[0m                = "easy-aci:1.0.1"
      [32m+[0m [0m[1m[0mdescription[0m[0m               = (known after apply)
      [32m+[0m [0m[1m[0mid[0m[0m                        = (known after apply)
      [32m+[0m [0m[1m[0mleaf_interface_profile_dn[0m[0m = (known after apply)
      [32m+[0m [0m[1m[0mname[0m[0m                      = "Eth1-08"
      [32m+[0m [0m[1m[0mname_alias[0m[0m                = (known after apply)
    }

[1m  # module.switch.aci_access_port_selector.leaf_interface_selectors["asgard-leaf201-Eth1/9"][0m will be created[0m[0m
[0m  [32m+[0m[0m resource "aci_access_port_selector" "leaf_interface_selectors" {
      [32m+[0m [0m[1m[0maccess_port_selector_type[0m[0m = "range"
      [32m+[0m [0m[1m[0mannotation[0m[0m                = "easy-aci:1.0.1"
      [32m+[0m [0m[1m[0mdescription[0m[0m               = (known after apply)
      [32m+[0m [0m[1m[0mid[0m[0m                        = (known after apply)
      [32m+[0m [0m[1m[0mleaf_interface_profile_dn[0m[0m = (known after apply)
      [32m+[0m [0m[1m[0mname[0m[0m                      = "Eth1-09"
      [32m+[0m [0m[1m[0mname_alias[0m[0m                = (known after apply)
    }

[1m  # module.switch.aci_access_port_selector.leaf_interface_selectors["asgard-leaf202-Eth1/1"][0m will be created[0m[0m
[0m  [32m+[0m[0m resource "aci_access_port_selector" "leaf_interface_selectors" {
      [32m+[0m [0m[1m[0maccess_port_selector_type[0m[0m = "range"
      [32m+[0m [0m[1m[0mannotation[0m[0m                = "easy-aci:1.0.1"
      [32m+[0m [0m[1m[0mdescription[0m[0m               = (known after apply)
      [32m+[0m [0m[1m[0mid[0m[0m                        = (known after apply)
      [32m+[0m [0m[1m[0mleaf_interface_profile_dn[0m[0m = (known after apply)
      [32m+[0m [0m[1m[0mname[0m[0m                      = "Eth1-01"
      [32m+[0m [0m[1m[0mname_alias[0m[0m                = (known after apply)
    }

[1m  # module.switch.aci_access_port_selector.leaf_interface_selectors["asgard-leaf202-Eth1/10"][0m will be created[0m[0m
[0m  [32m+[0m[0m resource "aci_access_port_selector" "leaf_interface_selectors" {
      [32m+[0m [0m[1m[0maccess_port_selector_type[0m[0m = "range"
      [32m+[0m [0m[1m[0mannotation[0m[0m                = "easy-aci:1.0.1"
      [32m+[0m [0m[1m[0mdescription[0m[0m               = (known after apply)
      [32m+[0m [0m[1m[0mid[0m[0m                        = (known after apply)
      [32m+[0m [0m[1m[0mleaf_interface_profile_dn[0m[0m = (known after apply)
      [32m+[0m [0m[1m[0mname[0m[0m                      = "Eth1-10"
      [32m+[0m [0m[1m[0mname_alias[0m[0m                = (known after apply)
    }

[1m  # module.switch.aci_access_port_selector.leaf_interface_selectors["asgard-leaf202-Eth1/11"][0m will be created[0m[0m
[0m  [32m+[0m[0m resource "aci_access_port_selector" "leaf_interface_selectors" {
      [32m+[0m [0m[1m[0maccess_port_selector_type[0m[0m = "range"
      [32m+[0m [0m[1m[0mannotation[0m[0m                = "easy-aci:1.0.1"
      [32m+[0m [0m[1m[0mdescription[0m[0m               = (known after apply)
      [32m+[0m [0m[1m[0mid[0m[0m                        = (known after apply)
      [32m+[0m [0m[1m[0mleaf_interface_profile_dn[0m[0m = (known after apply)
      [32m+[0m [0m[1m[0mname[0m[0m                      = "Eth1-11"
      [32m+[0m [0m[1m[0mname_alias[0m[0m                = (known after apply)
    }

[1m  # module.switch.aci_access_port_selector.leaf_interface_selectors["asgard-leaf202-Eth1/12"][0m will be created[0m[0m
[0m  [32m+[0m[0m resource "aci_access_port_selector" "leaf_interface_selectors" {
      [32m+[0m [0m[1m[0maccess_port_selector_type[0m[0m = "range"
      [32m+[0m [0m[1m[0mannotation[0m[0m                = "easy-aci:1.0.1"
      [32m+[0m [0m[1m[0mdescription[0m[0m               = (known after apply)
      [32m+[0m [0m[1m[0mid[0m[0m                        = (known after apply)
      [32m+[0m [0m[1m[0mleaf_interface_profile_dn[0m[0m = (known after apply)
      [32m+[0m [0m[1m[0mname[0m[0m                      = "Eth1-12"
      [32m+[0m [0m[1m[0mname_alias[0m[0m                = (known after apply)
    }

[1m  # module.switch.aci_access_port_selector.leaf_interface_selectors["asgard-leaf202-Eth1/13"][0m will be created[0m[0m
[0m  [32m+[0m[0m resource "aci_access_port_selector" "leaf_interface_selectors" {
      [32m+[0m [0m[1m[0maccess_port_selector_type[0m[0m = "range"
      [32m+[0m [0m[1m[0mannotation[0m[0m                = "easy-aci:1.0.1"
      [32m+[0m [0m[1m[0mdescription[0m[0m               = (known after apply)
      [32m+[0m [0m[1m[0mid[0m[0m                        = (known after apply)
      [32m+[0m [0m[1m[0mleaf_interface_profile_dn[0m[0m = (known after apply)
      [32m+[0m [0m[1m[0mname[0m[0m                      = "Eth1-13"
      [32m+[0m [0m[1m[0mname_alias[0m[0m                = (known after apply)
    }

[1m  # module.switch.aci_access_port_selector.leaf_interface_selectors["asgard-leaf202-Eth1/14"][0m will be created[0m[0m
[0m  [32m+[0m[0m resource "aci_access_port_selector" "leaf_interface_selectors" {
      [32m+[0m [0m[1m[0maccess_port_selector_type[0m[0m = "range"
      [32m+[0m [0m[1m[0mannotation[0m[0m                = "easy-aci:1.0.1"
      [32m+[0m [0m[1m[0mdescription[0m[0m               = (known after apply)
      [32m+[0m [0m[1m[0mid[0m[0m                        = (known after apply)
      [32m+[0m [0m[1m[0mleaf_interface_profile_dn[0m[0m = (known after apply)
      [32m+[0m [0m[1m[0mname[0m[0m                      = "Eth1-14"
      [32m+[0m [0m[1m[0mname_alias[0m[0m                = (known after apply)
    }

[1m  # module.switch.aci_access_port_selector.leaf_interface_selectors["asgard-leaf202-Eth1/15"][0m will be created[0m[0m
[0m  [32m+[0m[0m resource "aci_access_port_selector" "leaf_interface_selectors" {
      [32m+[0m [0m[1m[0maccess_port_selector_type[0m[0m = "range"
      [32m+[0m [0m[1m[0mannotation[0m[0m                = "easy-aci:1.0.1"
      [32m+[0m [0m[1m[0mdescription[0m[0m               = (known after apply)
      [32m+[0m [0m[1m[0mid[0m[0m                        = (known after apply)
      [32m+[0m [0m[1m[0mleaf_interface_profile_dn[0m[0m = (known after apply)
      [32m+[0m [0m[1m[0mname[0m[0m                      = "Eth1-15"
      [32m+[0m [0m[1m[0mname_alias[0m[0m                = (known after apply)
    }

[1m  # module.switch.aci_access_port_selector.leaf_interface_selectors["asgard-leaf202-Eth1/16"][0m will be created[0m[0m
[0m  [32m+[0m[0m resource "aci_access_port_selector" "leaf_interface_selectors" {
      [32m+[0m [0m[1m[0maccess_port_selector_type[0m[0m = "range"
      [32m+[0m [0m[1m[0mannotation[0m[0m                = "easy-aci:1.0.1"
      [32m+[0m [0m[1m[0mdescription[0m[0m               = (known after apply)
      [32m+[0m [0m[1m[0mid[0m[0m                        = (known after apply)
      [32m+[0m [0m[1m[0mleaf_interface_profile_dn[0m[0m = (known after apply)
      [32m+[0m [0m[1m[0mname[0m[0m                      = "Eth1-16"
      [32m+[0m [0m[1m[0mname_alias[0m[0m                = (known after apply)
    }

[1m  # module.switch.aci_access_port_selector.leaf_interface_selectors["asgard-leaf202-Eth1/17"][0m will be created[0m[0m
[0m  [32m+[0m[0m resource "aci_access_port_selector" "leaf_interface_selectors" {
      [32m+[0m [0m[1m[0maccess_port_selector_type[0m[0m = "range"
      [32m+[0m [0m[1m[0mannotation[0m[0m                = "easy-aci:1.0.1"
      [32m+[0m [0m[1m[0mdescription[0m[0m               = (known after apply)
      [32m+[0m [0m[1m[0mid[0m[0m                        = (known after apply)
      [32m+[0m [0m[1m[0mleaf_interface_profile_dn[0m[0m = (known after apply)
      [32m+[0m [0m[1m[0mname[0m[0m                      = "Eth1-17"
      [32m+[0m [0m[1m[0mname_alias[0m[0m                = (known after apply)
    }

[1m  # module.switch.aci_access_port_selector.leaf_interface_selectors["asgard-leaf202-Eth1/18"][0m will be created[0m[0m
[0m  [32m+[0m[0m resource "aci_access_port_selector" "leaf_interface_selectors" {
      [32m+[0m [0m[1m[0maccess_port_selector_type[0m[0m = "range"
      [32m+[0m [0m[1m[0mannotation[0m[0m                = "easy-aci:1.0.1"
      [32m+[0m [0m[1m[0mdescription[0m[0m               = (known after apply)
      [32m+[0m [0m[1m[0mid[0m[0m                        = (known after apply)
      [32m+[0m [0m[1m[0mleaf_interface_profile_dn[0m[0m = (known after apply)
      [32m+[0m [0m[1m[0mname[0m[0m                      = "Eth1-18"
      [32m+[0m [0m[1m[0mname_alias[0m[0m                = (known after apply)
    }

[1m  # module.switch.aci_access_port_selector.leaf_interface_selectors["asgard-leaf202-Eth1/19"][0m will be created[0m[0m
[0m  [32m+[0m[0m resource "aci_access_port_selector" "leaf_interface_selectors" {
      [32m+[0m [0m[1m[0maccess_port_selector_type[0m[0m = "range"
      [32m+[0m [0m[1m[0mannotation[0m[0m                = "easy-aci:1.0.1"
      [32m+[0m [0m[1m[0mdescription[0m[0m               = (known after apply)
      [32m+[0m [0m[1m[0mid[0m[0m                        = (known after apply)
      [32m+[0m [0m[1m[0mleaf_interface_profile_dn[0m[0m = (known after apply)
      [32m+[0m [0m[1m[0mname[0m[0m                      = "Eth1-19"
      [32m+[0m [0m[1m[0mname_alias[0m[0m                = (known after apply)
    }

[1m  # module.switch.aci_access_port_selector.leaf_interface_selectors["asgard-leaf202-Eth1/2"][0m will be created[0m[0m
[0m  [32m+[0m[0m resource "aci_access_port_selector" "leaf_interface_selectors" {
      [32m+[0m [0m[1m[0maccess_port_selector_type[0m[0m = "range"
      [32m+[0m [0m[1m[0mannotation[0m[0m                = "easy-aci:1.0.1"
      [32m+[0m [0m[1m[0mdescription[0m[0m               = (known after apply)
      [32m+[0m [0m[1m[0mid[0m[0m                        = (known after apply)
      [32m+[0m [0m[1m[0mleaf_interface_profile_dn[0m[0m = (known after apply)
      [32m+[0m [0m[1m[0mname[0m[0m                      = "Eth1-02"
      [32m+[0m [0m[1m[0mname_alias[0m[0m                = (known after apply)
    }

[1m  # module.switch.aci_access_port_selector.leaf_interface_selectors["asgard-leaf202-Eth1/20"][0m will be created[0m[0m
[0m  [32m+[0m[0m resource "aci_access_port_selector" "leaf_interface_selectors" {
      [32m+[0m [0m[1m[0maccess_port_selector_type[0m[0m = "range"
      [32m+[0m [0m[1m[0mannotation[0m[0m                = "easy-aci:1.0.1"
      [32m+[0m [0m[1m[0mdescription[0m[0m               = (known after apply)
      [32m+[0m [0m[1m[0mid[0m[0m                        = (known after apply)
      [32m+[0m [0m[1m[0mleaf_interface_profile_dn[0m[0m = (known after apply)
      [32m+[0m [0m[1m[0mname[0m[0m                      = "Eth1-20"
      [32m+[0m [0m[1m[0mname_alias[0m[0m                = (known after apply)
    }

[1m  # module.switch.aci_access_port_selector.leaf_interface_selectors["asgard-leaf202-Eth1/21"][0m will be created[0m[0m
[0m  [32m+[0m[0m resource "aci_access_port_selector" "leaf_interface_selectors" {
      [32m+[0m [0m[1m[0maccess_port_selector_type[0m[0m = "range"
      [32m+[0m [0m[1m[0mannotation[0m[0m                = "easy-aci:1.0.1"
      [32m+[0m [0m[1m[0mdescription[0m[0m               = (known after apply)
      [32m+[0m [0m[1m[0mid[0m[0m                        = (known after apply)
      [32m+[0m [0m[1m[0mleaf_interface_profile_dn[0m[0m = (known after apply)
      [32m+[0m [0m[1m[0mname[0m[0m                      = "Eth1-21"
      [32m+[0m [0m[1m[0mname_alias[0m[0m                = (known after apply)
    }

[1m  # module.switch.aci_access_port_selector.leaf_interface_selectors["asgard-leaf202-Eth1/22"][0m will be created[0m[0m
[0m  [32m+[0m[0m resource "aci_access_port_selector" "leaf_interface_selectors" {
      [32m+[0m [0m[1m[0maccess_port_selector_type[0m[0m = "range"
      [32m+[0m [0m[1m[0mannotation[0m[0m                = "easy-aci:1.0.1"
      [32m+[0m [0m[1m[0mdescription[0m[0m               = (known after apply)
      [32m+[0m [0m[1m[0mid[0m[0m                        = (known after apply)
      [32m+[0m [0m[1m[0mleaf_interface_profile_dn[0m[0m = (known after apply)
      [32m+[0m [0m[1m[0mname[0m[0m                      = "Eth1-22"
      [32m+[0m [0m[1m[0mname_alias[0m[0m                = (known after apply)
    }

[1m  # module.switch.aci_access_port_selector.leaf_interface_selectors["asgard-leaf202-Eth1/23"][0m will be created[0m[0m
[0m  [32m+[0m[0m resource "aci_access_port_selector" "leaf_interface_selectors" {
      [32m+[0m [0m[1m[0maccess_port_selector_type[0m[0m = "range"
      [32m+[0m [0m[1m[0mannotation[0m[0m                = "easy-aci:1.0.1"
      [32m+[0m [0m[1m[0mdescription[0m[0m               = (known after apply)
      [32m+[0m [0m[1m[0mid[0m[0m                        = (known after apply)
      [32m+[0m [0m[1m[0mleaf_interface_profile_dn[0m[0m = (known after apply)
      [32m+[0m [0m[1m[0mname[0m[0m                      = "Eth1-23"
      [32m+[0m [0m[1m[0mname_alias[0m[0m                = (known after apply)
    }

[1m  # module.switch.aci_access_port_selector.leaf_interface_selectors["asgard-leaf202-Eth1/24"][0m will be created[0m[0m
[0m  [32m+[0m[0m resource "aci_access_port_selector" "leaf_interface_selectors" {
      [32m+[0m [0m[1m[0maccess_port_selector_type[0m[0m = "range"
      [32m+[0m [0m[1m[0mannotation[0m[0m                = "easy-aci:1.0.1"
      [32m+[0m [0m[1m[0mdescription[0m[0m               = (known after apply)
      [32m+[0m [0m[1m[0mid[0m[0m                        = (known after apply)
      [32m+[0m [0m[1m[0mleaf_interface_profile_dn[0m[0m = (known after apply)
      [32m+[0m [0m[1m[0mname[0m[0m                      = "Eth1-24"
      [32m+[0m [0m[1m[0mname_alias[0m[0m                = (known after apply)
    }

[1m  # module.switch.aci_access_port_selector.leaf_interface_selectors["asgard-leaf202-Eth1/25"][0m will be created[0m[0m
[0m  [32m+[0m[0m resource "aci_access_port_selector" "leaf_interface_selectors" {
      [32m+[0m [0m[1m[0maccess_port_selector_type[0m[0m      = "range"
      [32m+[0m [0m[1m[0mannotation[0m[0m                     = "easy-aci:1.0.1"
      [32m+[0m [0m[1m[0mdescription[0m[0m                    = (known after apply)
      [32m+[0m [0m[1m[0mid[0m[0m                             = (known after apply)
      [32m+[0m [0m[1m[0mleaf_interface_profile_dn[0m[0m      = (known after apply)
      [32m+[0m [0m[1m[0mname[0m[0m                           = "Eth1-25"
      [32m+[0m [0m[1m[0mname_alias[0m[0m                     = (known after apply)
      [32m+[0m [0m[1m[0mrelation_infra_rs_acc_base_grp[0m[0m = "uni/infra/funcprof/accbundle-vpc025"
    }

[1m  # module.switch.aci_access_port_selector.leaf_interface_selectors["asgard-leaf202-Eth1/26"][0m will be created[0m[0m
[0m  [32m+[0m[0m resource "aci_access_port_selector" "leaf_interface_selectors" {
      [32m+[0m [0m[1m[0maccess_port_selector_type[0m[0m      = "range"
      [32m+[0m [0m[1m[0mannotation[0m[0m                     = "easy-aci:1.0.1"
      [32m+[0m [0m[1m[0mdescription[0m[0m                    = (known after apply)
      [32m+[0m [0m[1m[0mid[0m[0m                             = (known after apply)
      [32m+[0m [0m[1m[0mleaf_interface_profile_dn[0m[0m      = (known after apply)
      [32m+[0m [0m[1m[0mname[0m[0m                           = "Eth1-26"
      [32m+[0m [0m[1m[0mname_alias[0m[0m                     = (known after apply)
      [32m+[0m [0m[1m[0mrelation_infra_rs_acc_base_grp[0m[0m = "uni/infra/funcprof/accbundle-vpc026"
    }

[1m  # module.switch.aci_access_port_selector.leaf_interface_selectors["asgard-leaf202-Eth1/27"][0m will be created[0m[0m
[0m  [32m+[0m[0m resource "aci_access_port_selector" "leaf_interface_selectors" {
      [32m+[0m [0m[1m[0maccess_port_selector_type[0m[0m      = "range"
      [32m+[0m [0m[1m[0mannotation[0m[0m                     = "easy-aci:1.0.1"
      [32m+[0m [0m[1m[0mdescription[0m[0m                    = (known after apply)
      [32m+[0m [0m[1m[0mid[0m[0m                             = (known after apply)
      [32m+[0m [0m[1m[0mleaf_interface_profile_dn[0m[0m      = (known after apply)
      [32m+[0m [0m[1m[0mname[0m[0m                           = "Eth1-27"
      [32m+[0m [0m[1m[0mname_alias[0m[0m                     = (known after apply)
      [32m+[0m [0m[1m[0mrelation_infra_rs_acc_base_grp[0m[0m = "uni/infra/funcprof/accbundle-vpc027"
    }

[1m  # module.switch.aci_access_port_selector.leaf_interface_selectors["asgard-leaf202-Eth1/28"][0m will be created[0m[0m
[0m  [32m+[0m[0m resource "aci_access_port_selector" "leaf_interface_selectors" {
      [32m+[0m [0m[1m[0maccess_port_selector_type[0m[0m      = "range"
      [32m+[0m [0m[1m[0mannotation[0m[0m                     = "easy-aci:1.0.1"
      [32m+[0m [0m[1m[0mdescription[0m[0m                    = (known after apply)
      [32m+[0m [0m[1m[0mid[0m[0m                             = (known after apply)
      [32m+[0m [0m[1m[0mleaf_interface_profile_dn[0m[0m      = (known after apply)
      [32m+[0m [0m[1m[0mname[0m[0m                           = "Eth1-28"
      [32m+[0m [0m[1m[0mname_alias[0m[0m                     = (known after apply)
      [32m+[0m [0m[1m[0mrelation_infra_rs_acc_base_grp[0m[0m = "uni/infra/funcprof/accbundle-vpc028"
    }

[1m  # module.switch.aci_access_port_selector.leaf_interface_selectors["asgard-leaf202-Eth1/29"][0m will be created[0m[0m
[0m  [32m+[0m[0m resource "aci_access_port_selector" "leaf_interface_selectors" {
      [32m+[0m [0m[1m[0maccess_port_selector_type[0m[0m      = "range"
      [32m+[0m [0m[1m[0mannotation[0m[0m                     = "easy-aci:1.0.1"
      [32m+[0m [0m[1m[0mdescription[0m[0m                    = (known after apply)
      [32m+[0m [0m[1m[0mid[0m[0m                             = (known after apply)
      [32m+[0m [0m[1m[0mleaf_interface_profile_dn[0m[0m      = (known after apply)
      [32m+[0m [0m[1m[0mname[0m[0m                           = "Eth1-29"
      [32m+[0m [0m[1m[0mname_alias[0m[0m                     = (known after apply)
      [32m+[0m [0m[1m[0mrelation_infra_rs_acc_base_grp[0m[0m = "uni/infra/funcprof/accbundle-l3out"
    }

[1m  # module.switch.aci_access_port_selector.leaf_interface_selectors["asgard-leaf202-Eth1/3"][0m will be created[0m[0m
[0m  [32m+[0m[0m resource "aci_access_port_selector" "leaf_interface_selectors" {
      [32m+[0m [0m[1m[0maccess_port_selector_type[0m[0m = "range"
      [32m+[0m [0m[1m[0mannotation[0m[0m                = "easy-aci:1.0.1"
      [32m+[0m [0m[1m[0mdescription[0m[0m               = (known after apply)
      [32m+[0m [0m[1m[0mid[0m[0m                        = (known after apply)
      [32m+[0m [0m[1m[0mleaf_interface_profile_dn[0m[0m = (known after apply)
      [32m+[0m [0m[1m[0mname[0m[0m                      = "Eth1-03"
      [32m+[0m [0m[1m[0mname_alias[0m[0m                = (known after apply)
    }

[1m  # module.switch.aci_access_port_selector.leaf_interface_selectors["asgard-leaf202-Eth1/30"][0m will be created[0m[0m
[0m  [32m+[0m[0m resource "aci_access_port_selector" "leaf_interface_selectors" {
      [32m+[0m [0m[1m[0maccess_port_selector_type[0m[0m      = "range"
      [32m+[0m [0m[1m[0mannotation[0m[0m                     = "easy-aci:1.0.1"
      [32m+[0m [0m[1m[0mdescription[0m[0m                    = (known after apply)
      [32m+[0m [0m[1m[0mid[0m[0m                             = (known after apply)
      [32m+[0m [0m[1m[0mleaf_interface_profile_dn[0m[0m      = (known after apply)
      [32m+[0m [0m[1m[0mname[0m[0m                           = "Eth1-30"
      [32m+[0m [0m[1m[0mname_alias[0m[0m                     = (known after apply)
      [32m+[0m [0m[1m[0mrelation_infra_rs_acc_base_grp[0m[0m = "uni/infra/funcprof/accbundle-l3out"
    }

[1m  # module.switch.aci_access_port_selector.leaf_interface_selectors["asgard-leaf202-Eth1/31"][0m will be created[0m[0m
[0m  [32m+[0m[0m resource "aci_access_port_selector" "leaf_interface_selectors" {
      [32m+[0m [0m[1m[0maccess_port_selector_type[0m[0m = "range"
      [32m+[0m [0m[1m[0mannotation[0m[0m                = "easy-aci:1.0.1"
      [32m+[0m [0m[1m[0mdescription[0m[0m               = (known after apply)
      [32m+[0m [0m[1m[0mid[0m[0m                        = (known after apply)
      [32m+[0m [0m[1m[0mleaf_interface_profile_dn[0m[0m = (known after apply)
      [32m+[0m [0m[1m[0mname[0m[0m                      = "Eth1-31"
      [32m+[0m [0m[1m[0mname_alias[0m[0m                = (known after apply)
    }

[1m  # module.switch.aci_access_port_selector.leaf_interface_selectors["asgard-leaf202-Eth1/32"][0m will be created[0m[0m
[0m  [32m+[0m[0m resource "aci_access_port_selector" "leaf_interface_selectors" {
      [32m+[0m [0m[1m[0maccess_port_selector_type[0m[0m = "range"
      [32m+[0m [0m[1m[0mannotation[0m[0m                = "easy-aci:1.0.1"
      [32m+[0m [0m[1m[0mdescription[0m[0m               = (known after apply)
      [32m+[0m [0m[1m[0mid[0m[0m                        = (known after apply)
      [32m+[0m [0m[1m[0mleaf_interface_profile_dn[0m[0m = (known after apply)
      [32m+[0m [0m[1m[0mname[0m[0m                      = "Eth1-32"
      [32m+[0m [0m[1m[0mname_alias[0m[0m                = (known after apply)
    }

[1m  # module.switch.aci_access_port_selector.leaf_interface_selectors["asgard-leaf202-Eth1/33"][0m will be created[0m[0m
[0m  [32m+[0m[0m resource "aci_access_port_selector" "leaf_interface_selectors" {
      [32m+[0m [0m[1m[0maccess_port_selector_type[0m[0m = "range"
      [32m+[0m [0m[1m[0mannotation[0m[0m                = "easy-aci:1.0.1"
      [32m+[0m [0m[1m[0mdescription[0m[0m               = (known after apply)
      [32m+[0m [0m[1m[0mid[0m[0m                        = (known after apply)
      [32m+[0m [0m[1m[0mleaf_interface_profile_dn[0m[0m = (known after apply)
      [32m+[0m [0m[1m[0mname[0m[0m                      = "Eth1-33"
      [32m+[0m [0m[1m[0mname_alias[0m[0m                = (known after apply)
    }

[1m  # module.switch.aci_access_port_selector.leaf_interface_selectors["asgard-leaf202-Eth1/34"][0m will be created[0m[0m
[0m  [32m+[0m[0m resource "aci_access_port_selector" "leaf_interface_selectors" {
      [32m+[0m [0m[1m[0maccess_port_selector_type[0m[0m = "range"
      [32m+[0m [0m[1m[0mannotation[0m[0m                = "easy-aci:1.0.1"
      [32m+[0m [0m[1m[0mdescription[0m[0m               = (known after apply)
      [32m+[0m [0m[1m[0mid[0m[0m                        = (known after apply)
      [32m+[0m [0m[1m[0mleaf_interface_profile_dn[0m[0m = (known after apply)
      [32m+[0m [0m[1m[0mname[0m[0m                      = "Eth1-34"
      [32m+[0m [0m[1m[0mname_alias[0m[0m                = (known after apply)
    }

[1m  # module.switch.aci_access_port_selector.leaf_interface_selectors["asgard-leaf202-Eth1/35"][0m will be created[0m[0m
[0m  [32m+[0m[0m resource "aci_access_port_selector" "leaf_interface_selectors" {
      [32m+[0m [0m[1m[0maccess_port_selector_type[0m[0m = "range"
      [32m+[0m [0m[1m[0mannotation[0m[0m                = "easy-aci:1.0.1"
      [32m+[0m [0m[1m[0mdescription[0m[0m               = (known after apply)
      [32m+[0m [0m[1m[0mid[0m[0m                        = (known after apply)
      [32m+[0m [0m[1m[0mleaf_interface_profile_dn[0m[0m = (known after apply)
      [32m+[0m [0m[1m[0mname[0m[0m                      = "Eth1-35"
      [32m+[0m [0m[1m[0mname_alias[0m[0m                = (known after apply)
    }

[1m  # module.switch.aci_access_port_selector.leaf_interface_selectors["asgard-leaf202-Eth1/36"][0m will be created[0m[0m
[0m  [32m+[0m[0m resource "aci_access_port_selector" "leaf_interface_selectors" {
      [32m+[0m [0m[1m[0maccess_port_selector_type[0m[0m = "range"
      [32m+[0m [0m[1m[0mannotation[0m[0m                = "easy-aci:1.0.1"
      [32m+[0m [0m[1m[0mdescription[0m[0m               = (known after apply)
      [32m+[0m [0m[1m[0mid[0m[0m                        = (known after apply)
      [32m+[0m [0m[1m[0mleaf_interface_profile_dn[0m[0m = (known after apply)
      [32m+[0m [0m[1m[0mname[0m[0m                      = "Eth1-36"
      [32m+[0m [0m[1m[0mname_alias[0m[0m                = (known after apply)
    }

[1m  # module.switch.aci_access_port_selector.leaf_interface_selectors["asgard-leaf202-Eth1/4"][0m will be created[0m[0m
[0m  [32m+[0m[0m resource "aci_access_port_selector" "leaf_interface_selectors" {
      [32m+[0m [0m[1m[0maccess_port_selector_type[0m[0m = "range"
      [32m+[0m [0m[1m[0mannotation[0m[0m                = "easy-aci:1.0.1"
      [32m+[0m [0m[1m[0mdescription[0m[0m               = (known after apply)
      [32m+[0m [0m[1m[0mid[0m[0m                        = (known after apply)
      [32m+[0m [0m[1m[0mleaf_interface_profile_dn[0m[0m = (known after apply)
      [32m+[0m [0m[1m[0mname[0m[0m                      = "Eth1-04"
      [32m+[0m [0m[1m[0mname_alias[0m[0m                = (known after apply)
    }

[1m  # module.switch.aci_access_port_selector.leaf_interface_selectors["asgard-leaf202-Eth1/5"][0m will be created[0m[0m
[0m  [32m+[0m[0m resource "aci_access_port_selector" "leaf_interface_selectors" {
      [32m+[0m [0m[1m[0maccess_port_selector_type[0m[0m = "range"
      [32m+[0m [0m[1m[0mannotation[0m[0m                = "easy-aci:1.0.1"
      [32m+[0m [0m[1m[0mdescription[0m[0m               = (known after apply)
      [32m+[0m [0m[1m[0mid[0m[0m                        = (known after apply)
      [32m+[0m [0m[1m[0mleaf_interface_profile_dn[0m[0m = (known after apply)
      [32m+[0m [0m[1m[0mname[0m[0m                      = "Eth1-05"
      [32m+[0m [0m[1m[0mname_alias[0m[0m                = (known after apply)
    }

[1m  # module.switch.aci_access_port_selector.leaf_interface_selectors["asgard-leaf202-Eth1/6"][0m will be created[0m[0m
[0m  [32m+[0m[0m resource "aci_access_port_selector" "leaf_interface_selectors" {
      [32m+[0m [0m[1m[0maccess_port_selector_type[0m[0m = "range"
      [32m+[0m [0m[1m[0mannotation[0m[0m                = "easy-aci:1.0.1"
      [32m+[0m [0m[1m[0mdescription[0m[0m               = (known after apply)
      [32m+[0m [0m[1m[0mid[0m[0m                        = (known after apply)
      [32m+[0m [0m[1m[0mleaf_interface_profile_dn[0m[0m = (known after apply)
      [32m+[0m [0m[1m[0mname[0m[0m                      = "Eth1-06"
      [32m+[0m [0m[1m[0mname_alias[0m[0m                = (known after apply)
    }

[1m  # module.switch.aci_access_port_selector.leaf_interface_selectors["asgard-leaf202-Eth1/7"][0m will be created[0m[0m
[0m  [32m+[0m[0m resource "aci_access_port_selector" "leaf_interface_selectors" {
      [32m+[0m [0m[1m[0maccess_port_selector_type[0m[0m = "range"
      [32m+[0m [0m[1m[0mannotation[0m[0m                = "easy-aci:1.0.1"
      [32m+[0m [0m[1m[0mdescription[0m[0m               = (known after apply)
      [32m+[0m [0m[1m[0mid[0m[0m                        = (known after apply)
      [32m+[0m [0m[1m[0mleaf_interface_profile_dn[0m[0m = (known after apply)
      [32m+[0m [0m[1m[0mname[0m[0m                      = "Eth1-07"
      [32m+[0m [0m[1m[0mname_alias[0m[0m                = (known after apply)
    }

[1m  # module.switch.aci_access_port_selector.leaf_interface_selectors["asgard-leaf202-Eth1/8"][0m will be created[0m[0m
[0m  [32m+[0m[0m resource "aci_access_port_selector" "leaf_interface_selectors" {
      [32m+[0m [0m[1m[0maccess_port_selector_type[0m[0m = "range"
      [32m+[0m [0m[1m[0mannotation[0m[0m                = "easy-aci:1.0.1"
      [32m+[0m [0m[1m[0mdescription[0m[0m               = (known after apply)
      [32m+[0m [0m[1m[0mid[0m[0m                        = (known after apply)
      [32m+[0m [0m[1m[0mleaf_interface_profile_dn[0m[0m = (known after apply)
      [32m+[0m [0m[1m[0mname[0m[0m                      = "Eth1-08"
      [32m+[0m [0m[1m[0mname_alias[0m[0m                = (known after apply)
    }

[1m  # module.switch.aci_access_port_selector.leaf_interface_selectors["asgard-leaf202-Eth1/9"][0m will be created[0m[0m
[0m  [32m+[0m[0m resource "aci_access_port_selector" "leaf_interface_selectors" {
      [32m+[0m [0m[1m[0maccess_port_selector_type[0m[0m = "range"
      [32m+[0m [0m[1m[0mannotation[0m[0m                = "easy-aci:1.0.1"
      [32m+[0m [0m[1m[0mdescription[0m[0m               = (known after apply)
      [32m+[0m [0m[1m[0mid[0m[0m                        = (known after apply)
      [32m+[0m [0m[1m[0mleaf_interface_profile_dn[0m[0m = (known after apply)
      [32m+[0m [0m[1m[0mname[0m[0m                      = "Eth1-09"
      [32m+[0m [0m[1m[0mname_alias[0m[0m                = (known after apply)
    }

[1m  # module.switch.aci_leaf_interface_profile.leaf_interface_profiles["asgard-leaf201"][0m will be created[0m[0m
[0m  [32m+[0m[0m resource "aci_leaf_interface_profile" "leaf_interface_profiles" {
      [32m+[0m [0m[1m[0mannotation[0m[0m  = "easy-aci:1.0.1"
      [32m+[0m [0m[1m[0mdescription[0m[0m = (known after apply)
      [32m+[0m [0m[1m[0mid[0m[0m          = (known after apply)
      [32m+[0m [0m[1m[0mname[0m[0m        = "asgard-leaf201"
      [32m+[0m [0m[1m[0mname_alias[0m[0m  = (known after apply)
    }

[1m  # module.switch.aci_leaf_interface_profile.leaf_interface_profiles["asgard-leaf202"][0m will be created[0m[0m
[0m  [32m+[0m[0m resource "aci_leaf_interface_profile" "leaf_interface_profiles" {
      [32m+[0m [0m[1m[0mannotation[0m[0m  = "easy-aci:1.0.1"
      [32m+[0m [0m[1m[0mdescription[0m[0m = (known after apply)
      [32m+[0m [0m[1m[0mid[0m[0m          = (known after apply)
      [32m+[0m [0m[1m[0mname[0m[0m        = "asgard-leaf202"
      [32m+[0m [0m[1m[0mname_alias[0m[0m  = (known after apply)
    }

[1m  # module.switch.aci_leaf_profile.leaf_profiles["asgard-leaf201"][0m will be created[0m[0m
[0m  [32m+[0m[0m resource "aci_leaf_profile" "leaf_profiles" {
      [32m+[0m [0m[1m[0mannotation[0m[0m                   = "easy-aci:1.0.1"
      [32m+[0m [0m[1m[0mdescription[0m[0m                  = (known after apply)
      [32m+[0m [0m[1m[0mid[0m[0m                           = (known after apply)
      [32m+[0m [0m[1m[0mleaf_selector_ids[0m[0m            = (known after apply)
      [32m+[0m [0m[1m[0mname[0m[0m                         = "asgard-leaf201"
      [32m+[0m [0m[1m[0mname_alias[0m[0m                   = (known after apply)
      [32m+[0m [0m[1m[0mnode_block_ids[0m[0m               = (known after apply)
      [32m+[0m [0m[1m[0mrelation_infra_rs_acc_port_p[0m[0m = (known after apply)

      [32m+[0m [0mleaf_selector {
          [32m+[0m [0m[1m[0mdescription[0m[0m             = (known after apply)
          [32m+[0m [0m[1m[0mid[0m[0m                      = (known after apply)
          [32m+[0m [0m[1m[0mname[0m[0m                    = (known after apply)
          [32m+[0m [0m[1m[0mswitch_association_type[0m[0m = (known after apply)

          [32m+[0m [0mnode_block {
              [32m+[0m [0m[1m[0mdescription[0m[0m = (known after apply)
              [32m+[0m [0m[1m[0mfrom_[0m[0m       = (known after apply)
              [32m+[0m [0m[1m[0mid[0m[0m          = (known after apply)
              [32m+[0m [0m[1m[0mname[0m[0m        = (known after apply)
              [32m+[0m [0m[1m[0mto_[0m[0m         = (known after apply)
            }
        }
    }

[1m  # module.switch.aci_leaf_profile.leaf_profiles["asgard-leaf202"][0m will be created[0m[0m
[0m  [32m+[0m[0m resource "aci_leaf_profile" "leaf_profiles" {
      [32m+[0m [0m[1m[0mannotation[0m[0m                   = "easy-aci:1.0.1"
      [32m+[0m [0m[1m[0mdescription[0m[0m                  = (known after apply)
      [32m+[0m [0m[1m[0mid[0m[0m                           = (known after apply)
      [32m+[0m [0m[1m[0mleaf_selector_ids[0m[0m            = (known after apply)
      [32m+[0m [0m[1m[0mname[0m[0m                         = "asgard-leaf202"
      [32m+[0m [0m[1m[0mname_alias[0m[0m                   = (known after apply)
      [32m+[0m [0m[1m[0mnode_block_ids[0m[0m               = (known after apply)
      [32m+[0m [0m[1m[0mrelation_infra_rs_acc_port_p[0m[0m = (known after apply)

      [32m+[0m [0mleaf_selector {
          [32m+[0m [0m[1m[0mdescription[0m[0m             = (known after apply)
          [32m+[0m [0m[1m[0mid[0m[0m                      = (known after apply)
          [32m+[0m [0m[1m[0mname[0m[0m                    = (known after apply)
          [32m+[0m [0m[1m[0mswitch_association_type[0m[0m = (known after apply)

          [32m+[0m [0mnode_block {
              [32m+[0m [0m[1m[0mdescription[0m[0m = (known after apply)
              [32m+[0m [0m[1m[0mfrom_[0m[0m       = (known after apply)
              [32m+[0m [0m[1m[0mid[0m[0m          = (known after apply)
              [32m+[0m [0m[1m[0mname[0m[0m        = (known after apply)
              [32m+[0m [0m[1m[0mto_[0m[0m         = (known after apply)
            }
        }
    }

[1m  # module.switch.aci_leaf_selector.leaf_selectors["asgard-leaf201"][0m will be created[0m[0m
[0m  [32m+[0m[0m resource "aci_leaf_selector" "leaf_selectors" {
      [32m+[0m [0m[1m[0mannotation[0m[0m                       = "easy-aci:1.0.1"
      [32m+[0m [0m[1m[0mdescription[0m[0m                      = (known after apply)
      [32m+[0m [0m[1m[0mid[0m[0m                               = (known after apply)
      [32m+[0m [0m[1m[0mleaf_profile_dn[0m[0m                  = (known after apply)
      [32m+[0m [0m[1m[0mname[0m[0m                             = "asgard-leaf201"
      [32m+[0m [0m[1m[0mname_alias[0m[0m                       = (known after apply)
      [32m+[0m [0m[1m[0mrelation_infra_rs_acc_node_p_grp[0m[0m = "uni/infra/funcprof/accnodepgrp-default"
      [32m+[0m [0m[1m[0mswitch_association_type[0m[0m          = "range"
    }

[1m  # module.switch.aci_leaf_selector.leaf_selectors["asgard-leaf202"][0m will be created[0m[0m
[0m  [32m+[0m[0m resource "aci_leaf_selector" "leaf_selectors" {
      [32m+[0m [0m[1m[0mannotation[0m[0m                       = "easy-aci:1.0.1"
      [32m+[0m [0m[1m[0mdescription[0m[0m                      = (known after apply)
      [32m+[0m [0m[1m[0mid[0m[0m                               = (known after apply)
      [32m+[0m [0m[1m[0mleaf_profile_dn[0m[0m                  = (known after apply)
      [32m+[0m [0m[1m[0mname[0m[0m                             = "asgard-leaf202"
      [32m+[0m [0m[1m[0mname_alias[0m[0m                       = (known after apply)
      [32m+[0m [0m[1m[0mrelation_infra_rs_acc_node_p_grp[0m[0m = "uni/infra/funcprof/accnodepgrp-default"
      [32m+[0m [0m[1m[0mswitch_association_type[0m[0m          = "range"
    }

[1m  # module.switch.aci_node_block.leaf_profile_blocks["asgard-leaf201"][0m will be created[0m[0m
[0m  [32m+[0m[0m resource "aci_node_block" "leaf_profile_blocks" {
      [32m+[0m [0m[1m[0mannotation[0m[0m            = "easy-aci:1.0.1"
      [32m+[0m [0m[1m[0mdescription[0m[0m           = (known after apply)
      [32m+[0m [0m[1m[0mfrom_[0m[0m                 = "asgard-leaf201"
      [32m+[0m [0m[1m[0mid[0m[0m                    = (known after apply)
      [32m+[0m [0m[1m[0mname[0m[0m                  = "blkasgard-leaf201-asgard-leaf201"
      [32m+[0m [0m[1m[0mname_alias[0m[0m            = (known after apply)
      [32m+[0m [0m[1m[0mswitch_association_dn[0m[0m = (known after apply)
      [32m+[0m [0m[1m[0mto_[0m[0m                   = "asgard-leaf201"
    }

[1m  # module.switch.aci_node_block.leaf_profile_blocks["asgard-leaf202"][0m will be created[0m[0m
[0m  [32m+[0m[0m resource "aci_node_block" "leaf_profile_blocks" {
      [32m+[0m [0m[1m[0mannotation[0m[0m            = "easy-aci:1.0.1"
      [32m+[0m [0m[1m[0mdescription[0m[0m           = (known after apply)
      [32m+[0m [0m[1m[0mfrom_[0m[0m                 = "asgard-leaf202"
      [32m+[0m [0m[1m[0mid[0m[0m                    = (known after apply)
      [32m+[0m [0m[1m[0mname[0m[0m                  = "blkasgard-leaf202-asgard-leaf202"
      [32m+[0m [0m[1m[0mname_alias[0m[0m            = (known after apply)
      [32m+[0m [0m[1m[0mswitch_association_dn[0m[0m = (known after apply)
      [32m+[0m [0m[1m[0mto_[0m[0m                   = "asgard-leaf202"
    }

[1m  # module.switch.aci_rest_managed.fabric_membership["asgard-leaf201"][0m will be created[0m[0m
[0m  [32m+[0m[0m resource "aci_rest_managed" "fabric_membership" {
      [32m+[0m [0m[1m[0mclass_name[0m[0m = "fabricNodeIdentP"
      [32m+[0m [0m[1m[0mcontent[0m[0m    = {
          [32m+[0m [0m"extPoolId" = "0"
          [32m+[0m [0m"name"      = "asgard-leaf201"
          [32m+[0m [0m"nodeId"    = "201"
          [32m+[0m [0m"nodeType"  = "unspecified"
          [32m+[0m [0m"podId"     = "1"
          [32m+[0m [0m"role"      = "unspecified"
          [32m+[0m [0m"serial"    = "FDO232415ML"
        }
      [32m+[0m [0m[1m[0mdn[0m[0m         = "uni/controller/nodeidentpol/nodep-FDO232415ML"
      [32m+[0m [0m[1m[0mid[0m[0m         = (known after apply)
    }

[1m  # module.switch.aci_rest_managed.fabric_membership["asgard-leaf202"][0m will be created[0m[0m
[0m  [32m+[0m[0m resource "aci_rest_managed" "fabric_membership" {
      [32m+[0m [0m[1m[0mclass_name[0m[0m = "fabricNodeIdentP"
      [32m+[0m [0m[1m[0mcontent[0m[0m    = {
          [32m+[0m [0m"extPoolId" = "0"
          [32m+[0m [0m"name"      = "asgard-leaf202"
          [32m+[0m [0m"nodeId"    = "202"
          [32m+[0m [0m"nodeType"  = "unspecified"
          [32m+[0m [0m"podId"     = "1"
          [32m+[0m [0m"role"      = "unspecified"
          [32m+[0m [0m"serial"    = "FDO23191QGP"
        }
      [32m+[0m [0m[1m[0mdn[0m[0m         = "uni/controller/nodeidentpol/nodep-FDO23191QGP"
      [32m+[0m [0m[1m[0mid[0m[0m         = (known after apply)
    }

[1m  # module.switch.aci_rest_managed.fabric_membership["asgard-spine101"][0m will be created[0m[0m
[0m  [32m+[0m[0m resource "aci_rest_managed" "fabric_membership" {
      [32m+[0m [0m[1m[0mclass_name[0m[0m = "fabricNodeIdentP"
      [32m+[0m [0m[1m[0mcontent[0m[0m    = {
          [32m+[0m [0m"extPoolId" = "0"
          [32m+[0m [0m"name"      = "asgard-spine101"
          [32m+[0m [0m"nodeId"    = "101"
          [32m+[0m [0m"nodeType"  = "unspecified"
          [32m+[0m [0m"podId"     = "1"
          [32m+[0m [0m"role"      = "unspecified"
          [32m+[0m [0m"serial"    = "FDO22010LGL"
        }
      [32m+[0m [0m[1m[0mdn[0m[0m         = "uni/controller/nodeidentpol/nodep-FDO22010LGL"
      [32m+[0m [0m[1m[0mid[0m[0m         = (known after apply)
    }

[1m  # module.switch.aci_rest_managed.fabric_membership["asgard-spine102"][0m will be created[0m[0m
[0m  [32m+[0m[0m resource "aci_rest_managed" "fabric_membership" {
      [32m+[0m [0m[1m[0mclass_name[0m[0m = "fabricNodeIdentP"
      [32m+[0m [0m[1m[0mcontent[0m[0m    = {
          [32m+[0m [0m"extPoolId" = "0"
          [32m+[0m [0m"name"      = "asgard-spine102"
          [32m+[0m [0m"nodeId"    = "102"
          [32m+[0m [0m"nodeType"  = "unspecified"
          [32m+[0m [0m"podId"     = "1"
          [32m+[0m [0m"role"      = "unspecified"
          [32m+[0m [0m"serial"    = "FDO22220V7Y"
        }
      [32m+[0m [0m[1m[0mdn[0m[0m         = "uni/controller/nodeidentpol/nodep-FDO22220V7Y"
      [32m+[0m [0m[1m[0mid[0m[0m         = (known after apply)
    }

[1m  # module.switch.aci_rest_managed.spine_interface_policy_group["asgard-spine101-Eth1/29"][0m will be created[0m[0m
[0m  [32m+[0m[0m resource "aci_rest_managed" "spine_interface_policy_group" {
      [32m+[0m [0m[1m[0mclass_name[0m[0m = "infraRsSpAccGrp"
      [32m+[0m [0m[1m[0mcontent[0m[0m    = {
          [32m+[0m [0m"tDn" = "uni/infra/funcprof/spaccportgrp-default"
        }
      [32m+[0m [0m[1m[0mdn[0m[0m         = "uni/infra/spaccportprof-asgard-spine101/shports-Eth1-29-typ-range/rsspAccGrp"
      [32m+[0m [0m[1m[0mid[0m[0m         = (known after apply)
    }

[1m  # module.switch.aci_rest_managed.spine_interface_policy_group["asgard-spine101-Eth1/30"][0m will be created[0m[0m
[0m  [32m+[0m[0m resource "aci_rest_managed" "spine_interface_policy_group" {
      [32m+[0m [0m[1m[0mclass_name[0m[0m = "infraRsSpAccGrp"
      [32m+[0m [0m[1m[0mcontent[0m[0m    = {
          [32m+[0m [0m"tDn" = "uni/infra/funcprof/spaccportgrp-default"
        }
      [32m+[0m [0m[1m[0mdn[0m[0m         = "uni/infra/spaccportprof-asgard-spine101/shports-Eth1-30-typ-range/rsspAccGrp"
      [32m+[0m [0m[1m[0mid[0m[0m         = (known after apply)
    }

[1m  # module.switch.aci_rest_managed.spine_interface_policy_group["asgard-spine102-Eth1/29"][0m will be created[0m[0m
[0m  [32m+[0m[0m resource "aci_rest_managed" "spine_interface_policy_group" {
      [32m+[0m [0m[1m[0mclass_name[0m[0m = "infraRsSpAccGrp"
      [32m+[0m [0m[1m[0mcontent[0m[0m    = {
          [32m+[0m [0m"tDn" = "uni/infra/funcprof/spaccportgrp-default"
        }
      [32m+[0m [0m[1m[0mdn[0m[0m         = "uni/infra/spaccportprof-asgard-spine102/shports-Eth1-29-typ-range/rsspAccGrp"
      [32m+[0m [0m[1m[0mid[0m[0m         = (known after apply)
    }

[1m  # module.switch.aci_rest_managed.spine_interface_policy_group["asgard-spine102-Eth1/30"][0m will be created[0m[0m
[0m  [32m+[0m[0m resource "aci_rest_managed" "spine_interface_policy_group" {
      [32m+[0m [0m[1m[0mclass_name[0m[0m = "infraRsSpAccGrp"
      [32m+[0m [0m[1m[0mcontent[0m[0m    = {
          [32m+[0m [0m"tDn" = "uni/infra/funcprof/spaccportgrp-default"
        }
      [32m+[0m [0m[1m[0mdn[0m[0m         = "uni/infra/spaccportprof-asgard-spine102/shports-Eth1-30-typ-range/rsspAccGrp"
      [32m+[0m [0m[1m[0mid[0m[0m         = (known after apply)
    }

[1m  # module.switch.aci_rest_managed.spine_interface_selectors["asgard-spine101-Eth1/1"][0m will be created[0m[0m
[0m  [32m+[0m[0m resource "aci_rest_managed" "spine_interface_selectors" {
      [32m+[0m [0m[1m[0mclass_name[0m[0m = "infraSHPortS"
      [32m+[0m [0m[1m[0mcontent[0m[0m    = {
          [32m+[0m [0m"descr" = ""
          [32m+[0m [0m"name"  = "Eth1-01"
        }
      [32m+[0m [0m[1m[0mdn[0m[0m         = "uni/infra/spaccportprof-asgard-spine101/shports-Eth1-01-typ-range"
      [32m+[0m [0m[1m[0mid[0m[0m         = (known after apply)

      [32m+[0m [0mchild {
          [32m+[0m [0m[1m[0mclass_name[0m[0m = "infraPortBlk"
          [32m+[0m [0m[1m[0mcontent[0m[0m    = {
              [32m+[0m [0m"fromCard" = "1"
              [32m+[0m [0m"fromPort" = "1"
              [32m+[0m [0m"name"     = "Eth1-01"
              [32m+[0m [0m"toCard"   = "1"
              [32m+[0m [0m"toPort"   = "1"
            }
          [32m+[0m [0m[1m[0mrn[0m[0m         = "portblk-Eth1-01"
        }
    }

[1m  # module.switch.aci_rest_managed.spine_interface_selectors["asgard-spine101-Eth1/10"][0m will be created[0m[0m
[0m  [32m+[0m[0m resource "aci_rest_managed" "spine_interface_selectors" {
      [32m+[0m [0m[1m[0mclass_name[0m[0m = "infraSHPortS"
      [32m+[0m [0m[1m[0mcontent[0m[0m    = {
          [32m+[0m [0m"descr" = ""
          [32m+[0m [0m"name"  = "Eth1-10"
        }
      [32m+[0m [0m[1m[0mdn[0m[0m         = "uni/infra/spaccportprof-asgard-spine101/shports-Eth1-10-typ-range"
      [32m+[0m [0m[1m[0mid[0m[0m         = (known after apply)

      [32m+[0m [0mchild {
          [32m+[0m [0m[1m[0mclass_name[0m[0m = "infraPortBlk"
          [32m+[0m [0m[1m[0mcontent[0m[0m    = {
              [32m+[0m [0m"fromCard" = "1"
              [32m+[0m [0m"fromPort" = "10"
              [32m+[0m [0m"name"     = "Eth1-10"
              [32m+[0m [0m"toCard"   = "1"
              [32m+[0m [0m"toPort"   = "10"
            }
          [32m+[0m [0m[1m[0mrn[0m[0m         = "portblk-Eth1-10"
        }
    }

[1m  # module.switch.aci_rest_managed.spine_interface_selectors["asgard-spine101-Eth1/11"][0m will be created[0m[0m
[0m  [32m+[0m[0m resource "aci_rest_managed" "spine_interface_selectors" {
      [32m+[0m [0m[1m[0mclass_name[0m[0m = "infraSHPortS"
      [32m+[0m [0m[1m[0mcontent[0m[0m    = {
          [32m+[0m [0m"descr" = ""
          [32m+[0m [0m"name"  = "Eth1-11"
        }
      [32m+[0m [0m[1m[0mdn[0m[0m         = "uni/infra/spaccportprof-asgard-spine101/shports-Eth1-11-typ-range"
      [32m+[0m [0m[1m[0mid[0m[0m         = (known after apply)

      [32m+[0m [0mchild {
          [32m+[0m [0m[1m[0mclass_name[0m[0m = "infraPortBlk"
          [32m+[0m [0m[1m[0mcontent[0m[0m    = {
              [32m+[0m [0m"fromCard" = "1"
              [32m+[0m [0m"fromPort" = "11"
              [32m+[0m [0m"name"     = "Eth1-11"
              [32m+[0m [0m"toCard"   = "1"
              [32m+[0m [0m"toPort"   = "11"
            }
          [32m+[0m [0m[1m[0mrn[0m[0m         = "portblk-Eth1-11"
        }
    }

[1m  # module.switch.aci_rest_managed.spine_interface_selectors["asgard-spine101-Eth1/12"][0m will be created[0m[0m
[0m  [32m+[0m[0m resource "aci_rest_managed" "spine_interface_selectors" {
      [32m+[0m [0m[1m[0mclass_name[0m[0m = "infraSHPortS"
      [32m+[0m [0m[1m[0mcontent[0m[0m    = {
          [32m+[0m [0m"descr" = ""
          [32m+[0m [0m"name"  = "Eth1-12"
        }
      [32m+[0m [0m[1m[0mdn[0m[0m         = "uni/infra/spaccportprof-asgard-spine101/shports-Eth1-12-typ-range"
      [32m+[0m [0m[1m[0mid[0m[0m         = (known after apply)

      [32m+[0m [0mchild {
          [32m+[0m [0m[1m[0mclass_name[0m[0m = "infraPortBlk"
          [32m+[0m [0m[1m[0mcontent[0m[0m    = {
              [32m+[0m [0m"fromCard" = "1"
              [32m+[0m [0m"fromPort" = "12"
              [32m+[0m [0m"name"     = "Eth1-12"
              [32m+[0m [0m"toCard"   = "1"
              [32m+[0m [0m"toPort"   = "12"
            }
          [32m+[0m [0m[1m[0mrn[0m[0m         = "portblk-Eth1-12"
        }
    }

[1m  # module.switch.aci_rest_managed.spine_interface_selectors["asgard-spine101-Eth1/13"][0m will be created[0m[0m
[0m  [32m+[0m[0m resource "aci_rest_managed" "spine_interface_selectors" {
      [32m+[0m [0m[1m[0mclass_name[0m[0m = "infraSHPortS"
      [32m+[0m [0m[1m[0mcontent[0m[0m    = {
          [32m+[0m [0m"descr" = ""
          [32m+[0m [0m"name"  = "Eth1-13"
        }
      [32m+[0m [0m[1m[0mdn[0m[0m         = "uni/infra/spaccportprof-asgard-spine101/shports-Eth1-13-typ-range"
      [32m+[0m [0m[1m[0mid[0m[0m         = (known after apply)

      [32m+[0m [0mchild {
          [32m+[0m [0m[1m[0mclass_name[0m[0m = "infraPortBlk"
          [32m+[0m [0m[1m[0mcontent[0m[0m    = {
              [32m+[0m [0m"fromCard" = "1"
              [32m+[0m [0m"fromPort" = "13"
              [32m+[0m [0m"name"     = "Eth1-13"
              [32m+[0m [0m"toCard"   = "1"
              [32m+[0m [0m"toPort"   = "13"
            }
          [32m+[0m [0m[1m[0mrn[0m[0m         = "portblk-Eth1-13"
        }
    }

[1m  # module.switch.aci_rest_managed.spine_interface_selectors["asgard-spine101-Eth1/14"][0m will be created[0m[0m
[0m  [32m+[0m[0m resource "aci_rest_managed" "spine_interface_selectors" {
      [32m+[0m [0m[1m[0mclass_name[0m[0m = "infraSHPortS"
      [32m+[0m [0m[1m[0mcontent[0m[0m    = {
          [32m+[0m [0m"descr" = ""
          [32m+[0m [0m"name"  = "Eth1-14"
        }
      [32m+[0m [0m[1m[0mdn[0m[0m         = "uni/infra/spaccportprof-asgard-spine101/shports-Eth1-14-typ-range"
      [32m+[0m [0m[1m[0mid[0m[0m         = (known after apply)

      [32m+[0m [0mchild {
          [32m+[0m [0m[1m[0mclass_name[0m[0m = "infraPortBlk"
          [32m+[0m [0m[1m[0mcontent[0m[0m    = {
              [32m+[0m [0m"fromCard" = "1"
              [32m+[0m [0m"fromPort" = "14"
              [32m+[0m [0m"name"     = "Eth1-14"
              [32m+[0m [0m"toCard"   = "1"
              [32m+[0m [0m"toPort"   = "14"
            }
          [32m+[0m [0m[1m[0mrn[0m[0m         = "portblk-Eth1-14"
        }
    }

[1m  # module.switch.aci_rest_managed.spine_interface_selectors["asgard-spine101-Eth1/15"][0m will be created[0m[0m
[0m  [32m+[0m[0m resource "aci_rest_managed" "spine_interface_selectors" {
      [32m+[0m [0m[1m[0mclass_name[0m[0m = "infraSHPortS"
      [32m+[0m [0m[1m[0mcontent[0m[0m    = {
          [32m+[0m [0m"descr" = ""
          [32m+[0m [0m"name"  = "Eth1-15"
        }
      [32m+[0m [0m[1m[0mdn[0m[0m         = "uni/infra/spaccportprof-asgard-spine101/shports-Eth1-15-typ-range"
      [32m+[0m [0m[1m[0mid[0m[0m         = (known after apply)

      [32m+[0m [0mchild {
          [32m+[0m [0m[1m[0mclass_name[0m[0m = "infraPortBlk"
          [32m+[0m [0m[1m[0mcontent[0m[0m    = {
              [32m+[0m [0m"fromCard" = "1"
              [32m+[0m [0m"fromPort" = "15"
              [32m+[0m [0m"name"     = "Eth1-15"
              [32m+[0m [0m"toCard"   = "1"
              [32m+[0m [0m"toPort"   = "15"
            }
          [32m+[0m [0m[1m[0mrn[0m[0m         = "portblk-Eth1-15"
        }
    }

[1m  # module.switch.aci_rest_managed.spine_interface_selectors["asgard-spine101-Eth1/16"][0m will be created[0m[0m
[0m  [32m+[0m[0m resource "aci_rest_managed" "spine_interface_selectors" {
      [32m+[0m [0m[1m[0mclass_name[0m[0m = "infraSHPortS"
      [32m+[0m [0m[1m[0mcontent[0m[0m    = {
          [32m+[0m [0m"descr" = ""
          [32m+[0m [0m"name"  = "Eth1-16"
        }
      [32m+[0m [0m[1m[0mdn[0m[0m         = "uni/infra/spaccportprof-asgard-spine101/shports-Eth1-16-typ-range"
      [32m+[0m [0m[1m[0mid[0m[0m         = (known after apply)

      [32m+[0m [0mchild {
          [32m+[0m [0m[1m[0mclass_name[0m[0m = "infraPortBlk"
          [32m+[0m [0m[1m[0mcontent[0m[0m    = {
              [32m+[0m [0m"fromCard" = "1"
              [32m+[0m [0m"fromPort" = "16"
              [32m+[0m [0m"name"     = "Eth1-16"
              [32m+[0m [0m"toCard"   = "1"
              [32m+[0m [0m"toPort"   = "16"
            }
          [32m+[0m [0m[1m[0mrn[0m[0m         = "portblk-Eth1-16"
        }
    }

[1m  # module.switch.aci_rest_managed.spine_interface_selectors["asgard-spine101-Eth1/17"][0m will be created[0m[0m
[0m  [32m+[0m[0m resource "aci_rest_managed" "spine_interface_selectors" {
      [32m+[0m [0m[1m[0mclass_name[0m[0m = "infraSHPortS"
      [32m+[0m [0m[1m[0mcontent[0m[0m    = {
          [32m+[0m [0m"descr" = ""
          [32m+[0m [0m"name"  = "Eth1-17"
        }
      [32m+[0m [0m[1m[0mdn[0m[0m         = "uni/infra/spaccportprof-asgard-spine101/shports-Eth1-17-typ-range"
      [32m+[0m [0m[1m[0mid[0m[0m         = (known after apply)

      [32m+[0m [0mchild {
          [32m+[0m [0m[1m[0mclass_name[0m[0m = "infraPortBlk"
          [32m+[0m [0m[1m[0mcontent[0m[0m    = {
              [32m+[0m [0m"fromCard" = "1"
              [32m+[0m [0m"fromPort" = "17"
              [32m+[0m [0m"name"     = "Eth1-17"
              [32m+[0m [0m"toCard"   = "1"
              [32m+[0m [0m"toPort"   = "17"
            }
          [32m+[0m [0m[1m[0mrn[0m[0m         = "portblk-Eth1-17"
        }
    }

[1m  # module.switch.aci_rest_managed.spine_interface_selectors["asgard-spine101-Eth1/18"][0m will be created[0m[0m
[0m  [32m+[0m[0m resource "aci_rest_managed" "spine_interface_selectors" {
      [32m+[0m [0m[1m[0mclass_name[0m[0m = "infraSHPortS"
      [32m+[0m [0m[1m[0mcontent[0m[0m    = {
          [32m+[0m [0m"descr" = ""
          [32m+[0m [0m"name"  = "Eth1-18"
        }
      [32m+[0m [0m[1m[0mdn[0m[0m         = "uni/infra/spaccportprof-asgard-spine101/shports-Eth1-18-typ-range"
      [32m+[0m [0m[1m[0mid[0m[0m         = (known after apply)

      [32m+[0m [0mchild {
          [32m+[0m [0m[1m[0mclass_name[0m[0m = "infraPortBlk"
          [32m+[0m [0m[1m[0mcontent[0m[0m    = {
              [32m+[0m [0m"fromCard" = "1"
              [32m+[0m [0m"fromPort" = "18"
              [32m+[0m [0m"name"     = "Eth1-18"
              [32m+[0m [0m"toCard"   = "1"
              [32m+[0m [0m"toPort"   = "18"
            }
          [32m+[0m [0m[1m[0mrn[0m[0m         = "portblk-Eth1-18"
        }
    }

[1m  # module.switch.aci_rest_managed.spine_interface_selectors["asgard-spine101-Eth1/19"][0m will be created[0m[0m
[0m  [32m+[0m[0m resource "aci_rest_managed" "spine_interface_selectors" {
      [32m+[0m [0m[1m[0mclass_name[0m[0m = "infraSHPortS"
      [32m+[0m [0m[1m[0mcontent[0m[0m    = {
          [32m+[0m [0m"descr" = ""
          [32m+[0m [0m"name"  = "Eth1-19"
        }
      [32m+[0m [0m[1m[0mdn[0m[0m         = "uni/infra/spaccportprof-asgard-spine101/shports-Eth1-19-typ-range"
      [32m+[0m [0m[1m[0mid[0m[0m         = (known after apply)

      [32m+[0m [0mchild {
          [32m+[0m [0m[1m[0mclass_name[0m[0m = "infraPortBlk"
          [32m+[0m [0m[1m[0mcontent[0m[0m    = {
              [32m+[0m [0m"fromCard" = "1"
              [32m+[0m [0m"fromPort" = "19"
              [32m+[0m [0m"name"     = "Eth1-19"
              [32m+[0m [0m"toCard"   = "1"
              [32m+[0m [0m"toPort"   = "19"
            }
          [32m+[0m [0m[1m[0mrn[0m[0m         = "portblk-Eth1-19"
        }
    }

[1m  # module.switch.aci_rest_managed.spine_interface_selectors["asgard-spine101-Eth1/2"][0m will be created[0m[0m
[0m  [32m+[0m[0m resource "aci_rest_managed" "spine_interface_selectors" {
      [32m+[0m [0m[1m[0mclass_name[0m[0m = "infraSHPortS"
      [32m+[0m [0m[1m[0mcontent[0m[0m    = {
          [32m+[0m [0m"descr" = ""
          [32m+[0m [0m"name"  = "Eth1-02"
        }
      [32m+[0m [0m[1m[0mdn[0m[0m         = "uni/infra/spaccportprof-asgard-spine101/shports-Eth1-02-typ-range"
      [32m+[0m [0m[1m[0mid[0m[0m         = (known after apply)

      [32m+[0m [0mchild {
          [32m+[0m [0m[1m[0mclass_name[0m[0m = "infraPortBlk"
          [32m+[0m [0m[1m[0mcontent[0m[0m    = {
              [32m+[0m [0m"fromCard" = "1"
              [32m+[0m [0m"fromPort" = "2"
              [32m+[0m [0m"name"     = "Eth1-02"
              [32m+[0m [0m"toCard"   = "1"
              [32m+[0m [0m"toPort"   = "2"
            }
          [32m+[0m [0m[1m[0mrn[0m[0m         = "portblk-Eth1-02"
        }
    }

[1m  # module.switch.aci_rest_managed.spine_interface_selectors["asgard-spine101-Eth1/20"][0m will be created[0m[0m
[0m  [32m+[0m[0m resource "aci_rest_managed" "spine_interface_selectors" {
      [32m+[0m [0m[1m[0mclass_name[0m[0m = "infraSHPortS"
      [32m+[0m [0m[1m[0mcontent[0m[0m    = {
          [32m+[0m [0m"descr" = ""
          [32m+[0m [0m"name"  = "Eth1-20"
        }
      [32m+[0m [0m[1m[0mdn[0m[0m         = "uni/infra/spaccportprof-asgard-spine101/shports-Eth1-20-typ-range"
      [32m+[0m [0m[1m[0mid[0m[0m         = (known after apply)

      [32m+[0m [0mchild {
          [32m+[0m [0m[1m[0mclass_name[0m[0m = "infraPortBlk"
          [32m+[0m [0m[1m[0mcontent[0m[0m    = {
              [32m+[0m [0m"fromCard" = "1"
              [32m+[0m [0m"fromPort" = "20"
              [32m+[0m [0m"name"     = "Eth1-20"
              [32m+[0m [0m"toCard"   = "1"
              [32m+[0m [0m"toPort"   = "20"
            }
          [32m+[0m [0m[1m[0mrn[0m[0m         = "portblk-Eth1-20"
        }
    }

[1m  # module.switch.aci_rest_managed.spine_interface_selectors["asgard-spine101-Eth1/21"][0m will be created[0m[0m
[0m  [32m+[0m[0m resource "aci_rest_managed" "spine_interface_selectors" {
      [32m+[0m [0m[1m[0mclass_name[0m[0m = "infraSHPortS"
      [32m+[0m [0m[1m[0mcontent[0m[0m    = {
          [32m+[0m [0m"descr" = ""
          [32m+[0m [0m"name"  = "Eth1-21"
        }
      [32m+[0m [0m[1m[0mdn[0m[0m         = "uni/infra/spaccportprof-asgard-spine101/shports-Eth1-21-typ-range"
      [32m+[0m [0m[1m[0mid[0m[0m         = (known after apply)

      [32m+[0m [0mchild {
          [32m+[0m [0m[1m[0mclass_name[0m[0m = "infraPortBlk"
          [32m+[0m [0m[1m[0mcontent[0m[0m    = {
              [32m+[0m [0m"fromCard" = "1"
              [32m+[0m [0m"fromPort" = "21"
              [32m+[0m [0m"name"     = "Eth1-21"
              [32m+[0m [0m"toCard"   = "1"
              [32m+[0m [0m"toPort"   = "21"
            }
          [32m+[0m [0m[1m[0mrn[0m[0m         = "portblk-Eth1-21"
        }
    }

[1m  # module.switch.aci_rest_managed.spine_interface_selectors["asgard-spine101-Eth1/22"][0m will be created[0m[0m
[0m  [32m+[0m[0m resource "aci_rest_managed" "spine_interface_selectors" {
      [32m+[0m [0m[1m[0mclass_name[0m[0m = "infraSHPortS"
      [32m+[0m [0m[1m[0mcontent[0m[0m    = {
          [32m+[0m [0m"descr" = ""
          [32m+[0m [0m"name"  = "Eth1-22"
        }
      [32m+[0m [0m[1m[0mdn[0m[0m         = "uni/infra/spaccportprof-asgard-spine101/shports-Eth1-22-typ-range"
      [32m+[0m [0m[1m[0mid[0m[0m         = (known after apply)

      [32m+[0m [0mchild {
          [32m+[0m [0m[1m[0mclass_name[0m[0m = "infraPortBlk"
          [32m+[0m [0m[1m[0mcontent[0m[0m    = {
              [32m+[0m [0m"fromCard" = "1"
              [32m+[0m [0m"fromPort" = "22"
              [32m+[0m [0m"name"     = "Eth1-22"
              [32m+[0m [0m"toCard"   = "1"
              [32m+[0m [0m"toPort"   = "22"
            }
          [32m+[0m [0m[1m[0mrn[0m[0m         = "portblk-Eth1-22"
        }
    }

[1m  # module.switch.aci_rest_managed.spine_interface_selectors["asgard-spine101-Eth1/23"][0m will be created[0m[0m
[0m  [32m+[0m[0m resource "aci_rest_managed" "spine_interface_selectors" {
      [32m+[0m [0m[1m[0mclass_name[0m[0m = "infraSHPortS"
      [32m+[0m [0m[1m[0mcontent[0m[0m    = {
          [32m+[0m [0m"descr" = ""
          [32m+[0m [0m"name"  = "Eth1-23"
        }
      [32m+[0m [0m[1m[0mdn[0m[0m         = "uni/infra/spaccportprof-asgard-spine101/shports-Eth1-23-typ-range"
      [32m+[0m [0m[1m[0mid[0m[0m         = (known after apply)

      [32m+[0m [0mchild {
          [32m+[0m [0m[1m[0mclass_name[0m[0m = "infraPortBlk"
          [32m+[0m [0m[1m[0mcontent[0m[0m    = {
              [32m+[0m [0m"fromCard" = "1"
              [32m+[0m [0m"fromPort" = "23"
              [32m+[0m [0m"name"     = "Eth1-23"
              [32m+[0m [0m"toCard"   = "1"
              [32m+[0m [0m"toPort"   = "23"
            }
          [32m+[0m [0m[1m[0mrn[0m[0m         = "portblk-Eth1-23"
        }
    }

[1m  # module.switch.aci_rest_managed.spine_interface_selectors["asgard-spine101-Eth1/24"][0m will be created[0m[0m
[0m  [32m+[0m[0m resource "aci_rest_managed" "spine_interface_selectors" {
      [32m+[0m [0m[1m[0mclass_name[0m[0m = "infraSHPortS"
      [32m+[0m [0m[1m[0mcontent[0m[0m    = {
          [32m+[0m [0m"descr" = ""
          [32m+[0m [0m"name"  = "Eth1-24"
        }
      [32m+[0m [0m[1m[0mdn[0m[0m         = "uni/infra/spaccportprof-asgard-spine101/shports-Eth1-24-typ-range"
      [32m+[0m [0m[1m[0mid[0m[0m         = (known after apply)

      [32m+[0m [0mchild {
          [32m+[0m [0m[1m[0mclass_name[0m[0m = "infraPortBlk"
          [32m+[0m [0m[1m[0mcontent[0m[0m    = {
              [32m+[0m [0m"fromCard" = "1"
              [32m+[0m [0m"fromPort" = "24"
              [32m+[0m [0m"name"     = "Eth1-24"
              [32m+[0m [0m"toCard"   = "1"
              [32m+[0m [0m"toPort"   = "24"
            }
          [32m+[0m [0m[1m[0mrn[0m[0m         = "portblk-Eth1-24"
        }
    }

[1m  # module.switch.aci_rest_managed.spine_interface_selectors["asgard-spine101-Eth1/25"][0m will be created[0m[0m
[0m  [32m+[0m[0m resource "aci_rest_managed" "spine_interface_selectors" {
      [32m+[0m [0m[1m[0mclass_name[0m[0m = "infraSHPortS"
      [32m+[0m [0m[1m[0mcontent[0m[0m    = {
          [32m+[0m [0m"descr" = ""
          [32m+[0m [0m"name"  = "Eth1-25"
        }
      [32m+[0m [0m[1m[0mdn[0m[0m         = "uni/infra/spaccportprof-asgard-spine101/shports-Eth1-25-typ-range"
      [32m+[0m [0m[1m[0mid[0m[0m         = (known after apply)

      [32m+[0m [0mchild {
          [32m+[0m [0m[1m[0mclass_name[0m[0m = "infraPortBlk"
          [32m+[0m [0m[1m[0mcontent[0m[0m    = {
              [32m+[0m [0m"fromCard" = "1"
              [32m+[0m [0m"fromPort" = "25"
              [32m+[0m [0m"name"     = "Eth1-25"
              [32m+[0m [0m"toCard"   = "1"
              [32m+[0m [0m"toPort"   = "25"
            }
          [32m+[0m [0m[1m[0mrn[0m[0m         = "portblk-Eth1-25"
        }
    }

[1m  # module.switch.aci_rest_managed.spine_interface_selectors["asgard-spine101-Eth1/26"][0m will be created[0m[0m
[0m  [32m+[0m[0m resource "aci_rest_managed" "spine_interface_selectors" {
      [32m+[0m [0m[1m[0mclass_name[0m[0m = "infraSHPortS"
      [32m+[0m [0m[1m[0mcontent[0m[0m    = {
          [32m+[0m [0m"descr" = ""
          [32m+[0m [0m"name"  = "Eth1-26"
        }
      [32m+[0m [0m[1m[0mdn[0m[0m         = "uni/infra/spaccportprof-asgard-spine101/shports-Eth1-26-typ-range"
      [32m+[0m [0m[1m[0mid[0m[0m         = (known after apply)

      [32m+[0m [0mchild {
          [32m+[0m [0m[1m[0mclass_name[0m[0m = "infraPortBlk"
          [32m+[0m [0m[1m[0mcontent[0m[0m    = {
              [32m+[0m [0m"fromCard" = "1"
              [32m+[0m [0m"fromPort" = "26"
              [32m+[0m [0m"name"     = "Eth1-26"
              [32m+[0m [0m"toCard"   = "1"
              [32m+[0m [0m"toPort"   = "26"
            }
          [32m+[0m [0m[1m[0mrn[0m[0m         = "portblk-Eth1-26"
        }
    }

[1m  # module.switch.aci_rest_managed.spine_interface_selectors["asgard-spine101-Eth1/27"][0m will be created[0m[0m
[0m  [32m+[0m[0m resource "aci_rest_managed" "spine_interface_selectors" {
      [32m+[0m [0m[1m[0mclass_name[0m[0m = "infraSHPortS"
      [32m+[0m [0m[1m[0mcontent[0m[0m    = {
          [32m+[0m [0m"descr" = ""
          [32m+[0m [0m"name"  = "Eth1-27"
        }
      [32m+[0m [0m[1m[0mdn[0m[0m         = "uni/infra/spaccportprof-asgard-spine101/shports-Eth1-27-typ-range"
      [32m+[0m [0m[1m[0mid[0m[0m         = (known after apply)

      [32m+[0m [0mchild {
          [32m+[0m [0m[1m[0mclass_name[0m[0m = "infraPortBlk"
          [32m+[0m [0m[1m[0mcontent[0m[0m    = {
              [32m+[0m [0m"fromCard" = "1"
              [32m+[0m [0m"fromPort" = "27"
              [32m+[0m [0m"name"     = "Eth1-27"
              [32m+[0m [0m"toCard"   = "1"
              [32m+[0m [0m"toPort"   = "27"
            }
          [32m+[0m [0m[1m[0mrn[0m[0m         = "portblk-Eth1-27"
        }
    }

[1m  # module.switch.aci_rest_managed.spine_interface_selectors["asgard-spine101-Eth1/28"][0m will be created[0m[0m
[0m  [32m+[0m[0m resource "aci_rest_managed" "spine_interface_selectors" {
      [32m+[0m [0m[1m[0mclass_name[0m[0m = "infraSHPortS"
      [32m+[0m [0m[1m[0mcontent[0m[0m    = {
          [32m+[0m [0m"descr" = ""
          [32m+[0m [0m"name"  = "Eth1-28"
        }
      [32m+[0m [0m[1m[0mdn[0m[0m         = "uni/infra/spaccportprof-asgard-spine101/shports-Eth1-28-typ-range"
      [32m+[0m [0m[1m[0mid[0m[0m         = (known after apply)

      [32m+[0m [0mchild {
          [32m+[0m [0m[1m[0mclass_name[0m[0m = "infraPortBlk"
          [32m+[0m [0m[1m[0mcontent[0m[0m    = {
              [32m+[0m [0m"fromCard" = "1"
              [32m+[0m [0m"fromPort" = "28"
              [32m+[0m [0m"name"     = "Eth1-28"
              [32m+[0m [0m"toCard"   = "1"
              [32m+[0m [0m"toPort"   = "28"
            }
          [32m+[0m [0m[1m[0mrn[0m[0m         = "portblk-Eth1-28"
        }
    }

[1m  # module.switch.aci_rest_managed.spine_interface_selectors["asgard-spine101-Eth1/29"][0m will be created[0m[0m
[0m  [32m+[0m[0m resource "aci_rest_managed" "spine_interface_selectors" {
      [32m+[0m [0m[1m[0mclass_name[0m[0m = "infraSHPortS"
      [32m+[0m [0m[1m[0mcontent[0m[0m    = {
          [32m+[0m [0m"descr" = ""
          [32m+[0m [0m"name"  = "Eth1-29"
        }
      [32m+[0m [0m[1m[0mdn[0m[0m         = "uni/infra/spaccportprof-asgard-spine101/shports-Eth1-29-typ-range"
      [32m+[0m [0m[1m[0mid[0m[0m         = (known after apply)

      [32m+[0m [0mchild {
          [32m+[0m [0m[1m[0mclass_name[0m[0m = "infraPortBlk"
          [32m+[0m [0m[1m[0mcontent[0m[0m    = {
              [32m+[0m [0m"fromCard" = "1"
              [32m+[0m [0m"fromPort" = "29"
              [32m+[0m [0m"name"     = "Eth1-29"
              [32m+[0m [0m"toCard"   = "1"
              [32m+[0m [0m"toPort"   = "29"
            }
          [32m+[0m [0m[1m[0mrn[0m[0m         = "portblk-Eth1-29"
        }
    }

[1m  # module.switch.aci_rest_managed.spine_interface_selectors["asgard-spine101-Eth1/3"][0m will be created[0m[0m
[0m  [32m+[0m[0m resource "aci_rest_managed" "spine_interface_selectors" {
      [32m+[0m [0m[1m[0mclass_name[0m[0m = "infraSHPortS"
      [32m+[0m [0m[1m[0mcontent[0m[0m    = {
          [32m+[0m [0m"descr" = ""
          [32m+[0m [0m"name"  = "Eth1-03"
        }
      [32m+[0m [0m[1m[0mdn[0m[0m         = "uni/infra/spaccportprof-asgard-spine101/shports-Eth1-03-typ-range"
      [32m+[0m [0m[1m[0mid[0m[0m         = (known after apply)

      [32m+[0m [0mchild {
          [32m+[0m [0m[1m[0mclass_name[0m[0m = "infraPortBlk"
          [32m+[0m [0m[1m[0mcontent[0m[0m    = {
              [32m+[0m [0m"fromCard" = "1"
              [32m+[0m [0m"fromPort" = "3"
              [32m+[0m [0m"name"     = "Eth1-03"
              [32m+[0m [0m"toCard"   = "1"
              [32m+[0m [0m"toPort"   = "3"
            }
          [32m+[0m [0m[1m[0mrn[0m[0m         = "portblk-Eth1-03"
        }
    }

[1m  # module.switch.aci_rest_managed.spine_interface_selectors["asgard-spine101-Eth1/30"][0m will be created[0m[0m
[0m  [32m+[0m[0m resource "aci_rest_managed" "spine_interface_selectors" {
      [32m+[0m [0m[1m[0mclass_name[0m[0m = "infraSHPortS"
      [32m+[0m [0m[1m[0mcontent[0m[0m    = {
          [32m+[0m [0m"descr" = ""
          [32m+[0m [0m"name"  = "Eth1-30"
        }
      [32m+[0m [0m[1m[0mdn[0m[0m         = "uni/infra/spaccportprof-asgard-spine101/shports-Eth1-30-typ-range"
      [32m+[0m [0m[1m[0mid[0m[0m         = (known after apply)

      [32m+[0m [0mchild {
          [32m+[0m [0m[1m[0mclass_name[0m[0m = "infraPortBlk"
          [32m+[0m [0m[1m[0mcontent[0m[0m    = {
              [32m+[0m [0m"fromCard" = "1"
              [32m+[0m [0m"fromPort" = "30"
              [32m+[0m [0m"name"     = "Eth1-30"
              [32m+[0m [0m"toCard"   = "1"
              [32m+[0m [0m"toPort"   = "30"
            }
          [32m+[0m [0m[1m[0mrn[0m[0m         = "portblk-Eth1-30"
        }
    }

[1m  # module.switch.aci_rest_managed.spine_interface_selectors["asgard-spine101-Eth1/31"][0m will be created[0m[0m
[0m  [32m+[0m[0m resource "aci_rest_managed" "spine_interface_selectors" {
      [32m+[0m [0m[1m[0mclass_name[0m[0m = "infraSHPortS"
      [32m+[0m [0m[1m[0mcontent[0m[0m    = {
          [32m+[0m [0m"descr" = ""
          [32m+[0m [0m"name"  = "Eth1-31"
        }
      [32m+[0m [0m[1m[0mdn[0m[0m         = "uni/infra/spaccportprof-asgard-spine101/shports-Eth1-31-typ-range"
      [32m+[0m [0m[1m[0mid[0m[0m         = (known after apply)

      [32m+[0m [0mchild {
          [32m+[0m [0m[1m[0mclass_name[0m[0m = "infraPortBlk"
          [32m+[0m [0m[1m[0mcontent[0m[0m    = {
              [32m+[0m [0m"fromCard" = "1"
              [32m+[0m [0m"fromPort" = "31"
              [32m+[0m [0m"name"     = "Eth1-31"
              [32m+[0m [0m"toCard"   = "1"
              [32m+[0m [0m"toPort"   = "31"
            }
          [32m+[0m [0m[1m[0mrn[0m[0m         = "portblk-Eth1-31"
        }
    }

[1m  # module.switch.aci_rest_managed.spine_interface_selectors["asgard-spine101-Eth1/32"][0m will be created[0m[0m
[0m  [32m+[0m[0m resource "aci_rest_managed" "spine_interface_selectors" {
      [32m+[0m [0m[1m[0mclass_name[0m[0m = "infraSHPortS"
      [32m+[0m [0m[1m[0mcontent[0m[0m    = {
          [32m+[0m [0m"descr" = ""
          [32m+[0m [0m"name"  = "Eth1-32"
        }
      [32m+[0m [0m[1m[0mdn[0m[0m         = "uni/infra/spaccportprof-asgard-spine101/shports-Eth1-32-typ-range"
      [32m+[0m [0m[1m[0mid[0m[0m         = (known after apply)

      [32m+[0m [0mchild {
          [32m+[0m [0m[1m[0mclass_name[0m[0m = "infraPortBlk"
          [32m+[0m [0m[1m[0mcontent[0m[0m    = {
              [32m+[0m [0m"fromCard" = "1"
              [32m+[0m [0m"fromPort" = "32"
              [32m+[0m [0m"name"     = "Eth1-32"
              [32m+[0m [0m"toCard"   = "1"
              [32m+[0m [0m"toPort"   = "32"
            }
          [32m+[0m [0m[1m[0mrn[0m[0m         = "portblk-Eth1-32"
        }
    }

[1m  # module.switch.aci_rest_managed.spine_interface_selectors["asgard-spine101-Eth1/33"][0m will be created[0m[0m
[0m  [32m+[0m[0m resource "aci_rest_managed" "spine_interface_selectors" {
      [32m+[0m [0m[1m[0mclass_name[0m[0m = "infraSHPortS"
      [32m+[0m [0m[1m[0mcontent[0m[0m    = {
          [32m+[0m [0m"descr" = ""
          [32m+[0m [0m"name"  = "Eth1-33"
        }
      [32m+[0m [0m[1m[0mdn[0m[0m         = "uni/infra/spaccportprof-asgard-spine101/shports-Eth1-33-typ-range"
      [32m+[0m [0m[1m[0mid[0m[0m         = (known after apply)

      [32m+[0m [0mchild {
          [32m+[0m [0m[1m[0mclass_name[0m[0m = "infraPortBlk"
          [32m+[0m [0m[1m[0mcontent[0m[0m    = {
              [32m+[0m [0m"fromCard" = "1"
              [32m+[0m [0m"fromPort" = "33"
              [32m+[0m [0m"name"     = "Eth1-33"
              [32m+[0m [0m"toCard"   = "1"
              [32m+[0m [0m"toPort"   = "33"
            }
          [32m+[0m [0m[1m[0mrn[0m[0m         = "portblk-Eth1-33"
        }
    }

[1m  # module.switch.aci_rest_managed.spine_interface_selectors["asgard-spine101-Eth1/34"][0m will be created[0m[0m
[0m  [32m+[0m[0m resource "aci_rest_managed" "spine_interface_selectors" {
      [32m+[0m [0m[1m[0mclass_name[0m[0m = "infraSHPortS"
      [32m+[0m [0m[1m[0mcontent[0m[0m    = {
          [32m+[0m [0m"descr" = ""
          [32m+[0m [0m"name"  = "Eth1-34"
        }
      [32m+[0m [0m[1m[0mdn[0m[0m         = "uni/infra/spaccportprof-asgard-spine101/shports-Eth1-34-typ-range"
      [32m+[0m [0m[1m[0mid[0m[0m         = (known after apply)

      [32m+[0m [0mchild {
          [32m+[0m [0m[1m[0mclass_name[0m[0m = "infraPortBlk"
          [32m+[0m [0m[1m[0mcontent[0m[0m    = {
              [32m+[0m [0m"fromCard" = "1"
              [32m+[0m [0m"fromPort" = "34"
              [32m+[0m [0m"name"     = "Eth1-34"
              [32m+[0m [0m"toCard"   = "1"
              [32m+[0m [0m"toPort"   = "34"
            }
          [32m+[0m [0m[1m[0mrn[0m[0m         = "portblk-Eth1-34"
        }
    }

[1m  # module.switch.aci_rest_managed.spine_interface_selectors["asgard-spine101-Eth1/4"][0m will be created[0m[0m
[0m  [32m+[0m[0m resource "aci_rest_managed" "spine_interface_selectors" {
      [32m+[0m [0m[1m[0mclass_name[0m[0m = "infraSHPortS"
      [32m+[0m [0m[1m[0mcontent[0m[0m    = {
          [32m+[0m [0m"descr" = ""
          [32m+[0m [0m"name"  = "Eth1-04"
        }
      [32m+[0m [0m[1m[0mdn[0m[0m         = "uni/infra/spaccportprof-asgard-spine101/shports-Eth1-04-typ-range"
      [32m+[0m [0m[1m[0mid[0m[0m         = (known after apply)

      [32m+[0m [0mchild {
          [32m+[0m [0m[1m[0mclass_name[0m[0m = "infraPortBlk"
          [32m+[0m [0m[1m[0mcontent[0m[0m    = {
              [32m+[0m [0m"fromCard" = "1"
              [32m+[0m [0m"fromPort" = "4"
              [32m+[0m [0m"name"     = "Eth1-04"
              [32m+[0m [0m"toCard"   = "1"
              [32m+[0m [0m"toPort"   = "4"
            }
          [32m+[0m [0m[1m[0mrn[0m[0m         = "portblk-Eth1-04"
        }
    }

[1m  # module.switch.aci_rest_managed.spine_interface_selectors["asgard-spine101-Eth1/5"][0m will be created[0m[0m
[0m  [32m+[0m[0m resource "aci_rest_managed" "spine_interface_selectors" {
      [32m+[0m [0m[1m[0mclass_name[0m[0m = "infraSHPortS"
      [32m+[0m [0m[1m[0mcontent[0m[0m    = {
          [32m+[0m [0m"descr" = ""
          [32m+[0m [0m"name"  = "Eth1-05"
        }
      [32m+[0m [0m[1m[0mdn[0m[0m         = "uni/infra/spaccportprof-asgard-spine101/shports-Eth1-05-typ-range"
      [32m+[0m [0m[1m[0mid[0m[0m         = (known after apply)

      [32m+[0m [0mchild {
          [32m+[0m [0m[1m[0mclass_name[0m[0m = "infraPortBlk"
          [32m+[0m [0m[1m[0mcontent[0m[0m    = {
              [32m+[0m [0m"fromCard" = "1"
              [32m+[0m [0m"fromPort" = "5"
              [32m+[0m [0m"name"     = "Eth1-05"
              [32m+[0m [0m"toCard"   = "1"
              [32m+[0m [0m"toPort"   = "5"
            }
          [32m+[0m [0m[1m[0mrn[0m[0m         = "portblk-Eth1-05"
        }
    }

[1m  # module.switch.aci_rest_managed.spine_interface_selectors["asgard-spine101-Eth1/6"][0m will be created[0m[0m
[0m  [32m+[0m[0m resource "aci_rest_managed" "spine_interface_selectors" {
      [32m+[0m [0m[1m[0mclass_name[0m[0m = "infraSHPortS"
      [32m+[0m [0m[1m[0mcontent[0m[0m    = {
          [32m+[0m [0m"descr" = ""
          [32m+[0m [0m"name"  = "Eth1-06"
        }
      [32m+[0m [0m[1m[0mdn[0m[0m         = "uni/infra/spaccportprof-asgard-spine101/shports-Eth1-06-typ-range"
      [32m+[0m [0m[1m[0mid[0m[0m         = (known after apply)

      [32m+[0m [0mchild {
          [32m+[0m [0m[1m[0mclass_name[0m[0m = "infraPortBlk"
          [32m+[0m [0m[1m[0mcontent[0m[0m    = {
              [32m+[0m [0m"fromCard" = "1"
              [32m+[0m [0m"fromPort" = "6"
              [32m+[0m [0m"name"     = "Eth1-06"
              [32m+[0m [0m"toCard"   = "1"
              [32m+[0m [0m"toPort"   = "6"
            }
          [32m+[0m [0m[1m[0mrn[0m[0m         = "portblk-Eth1-06"
        }
    }

[1m  # module.switch.aci_rest_managed.spine_interface_selectors["asgard-spine101-Eth1/7"][0m will be created[0m[0m
[0m  [32m+[0m[0m resource "aci_rest_managed" "spine_interface_selectors" {
      [32m+[0m [0m[1m[0mclass_name[0m[0m = "infraSHPortS"
      [32m+[0m [0m[1m[0mcontent[0m[0m    = {
          [32m+[0m [0m"descr" = ""
          [32m+[0m [0m"name"  = "Eth1-07"
        }
      [32m+[0m [0m[1m[0mdn[0m[0m         = "uni/infra/spaccportprof-asgard-spine101/shports-Eth1-07-typ-range"
      [32m+[0m [0m[1m[0mid[0m[0m         = (known after apply)

      [32m+[0m [0mchild {
          [32m+[0m [0m[1m[0mclass_name[0m[0m = "infraPortBlk"
          [32m+[0m [0m[1m[0mcontent[0m[0m    = {
              [32m+[0m [0m"fromCard" = "1"
              [32m+[0m [0m"fromPort" = "7"
              [32m+[0m [0m"name"     = "Eth1-07"
              [32m+[0m [0m"toCard"   = "1"
              [32m+[0m [0m"toPort"   = "7"
            }
          [32m+[0m [0m[1m[0mrn[0m[0m         = "portblk-Eth1-07"
        }
    }

[1m  # module.switch.aci_rest_managed.spine_interface_selectors["asgard-spine101-Eth1/8"][0m will be created[0m[0m
[0m  [32m+[0m[0m resource "aci_rest_managed" "spine_interface_selectors" {
      [32m+[0m [0m[1m[0mclass_name[0m[0m = "infraSHPortS"
      [32m+[0m [0m[1m[0mcontent[0m[0m    = {
          [32m+[0m [0m"descr" = ""
          [32m+[0m [0m"name"  = "Eth1-08"
        }
      [32m+[0m [0m[1m[0mdn[0m[0m         = "uni/infra/spaccportprof-asgard-spine101/shports-Eth1-08-typ-range"
      [32m+[0m [0m[1m[0mid[0m[0m         = (known after apply)

      [32m+[0m [0mchild {
          [32m+[0m [0m[1m[0mclass_name[0m[0m = "infraPortBlk"
          [32m+[0m [0m[1m[0mcontent[0m[0m    = {
              [32m+[0m [0m"fromCard" = "1"
              [32m+[0m [0m"fromPort" = "8"
              [32m+[0m [0m"name"     = "Eth1-08"
              [32m+[0m [0m"toCard"   = "1"
              [32m+[0m [0m"toPort"   = "8"
            }
          [32m+[0m [0m[1m[0mrn[0m[0m         = "portblk-Eth1-08"
        }
    }

[1m  # module.switch.aci_rest_managed.spine_interface_selectors["asgard-spine101-Eth1/9"][0m will be created[0m[0m
[0m  [32m+[0m[0m resource "aci_rest_managed" "spine_interface_selectors" {
      [32m+[0m [0m[1m[0mclass_name[0m[0m = "infraSHPortS"
      [32m+[0m [0m[1m[0mcontent[0m[0m    = {
          [32m+[0m [0m"descr" = ""
          [32m+[0m [0m"name"  = "Eth1-09"
        }
      [32m+[0m [0m[1m[0mdn[0m[0m         = "uni/infra/spaccportprof-asgard-spine101/shports-Eth1-09-typ-range"
      [32m+[0m [0m[1m[0mid[0m[0m         = (known after apply)

      [32m+[0m [0mchild {
          [32m+[0m [0m[1m[0mclass_name[0m[0m = "infraPortBlk"
          [32m+[0m [0m[1m[0mcontent[0m[0m    = {
              [32m+[0m [0m"fromCard" = "1"
              [32m+[0m [0m"fromPort" = "9"
              [32m+[0m [0m"name"     = "Eth1-09"
              [32m+[0m [0m"toCard"   = "1"
              [32m+[0m [0m"toPort"   = "9"
            }
          [32m+[0m [0m[1m[0mrn[0m[0m         = "portblk-Eth1-09"
        }
    }

[1m  # module.switch.aci_rest_managed.spine_interface_selectors["asgard-spine102-Eth1/1"][0m will be created[0m[0m
[0m  [32m+[0m[0m resource "aci_rest_managed" "spine_interface_selectors" {
      [32m+[0m [0m[1m[0mclass_name[0m[0m = "infraSHPortS"
      [32m+[0m [0m[1m[0mcontent[0m[0m    = {
          [32m+[0m [0m"descr" = ""
          [32m+[0m [0m"name"  = "Eth1-01"
        }
      [32m+[0m [0m[1m[0mdn[0m[0m         = "uni/infra/spaccportprof-asgard-spine102/shports-Eth1-01-typ-range"
      [32m+[0m [0m[1m[0mid[0m[0m         = (known after apply)

      [32m+[0m [0mchild {
          [32m+[0m [0m[1m[0mclass_name[0m[0m = "infraPortBlk"
          [32m+[0m [0m[1m[0mcontent[0m[0m    = {
              [32m+[0m [0m"fromCard" = "1"
              [32m+[0m [0m"fromPort" = "1"
              [32m+[0m [0m"name"     = "Eth1-01"
              [32m+[0m [0m"toCard"   = "1"
              [32m+[0m [0m"toPort"   = "1"
            }
          [32m+[0m [0m[1m[0mrn[0m[0m         = "portblk-Eth1-01"
        }
    }

[1m  # module.switch.aci_rest_managed.spine_interface_selectors["asgard-spine102-Eth1/10"][0m will be created[0m[0m
[0m  [32m+[0m[0m resource "aci_rest_managed" "spine_interface_selectors" {
      [32m+[0m [0m[1m[0mclass_name[0m[0m = "infraSHPortS"
      [32m+[0m [0m[1m[0mcontent[0m[0m    = {
          [32m+[0m [0m"descr" = ""
          [32m+[0m [0m"name"  = "Eth1-10"
        }
      [32m+[0m [0m[1m[0mdn[0m[0m         = "uni/infra/spaccportprof-asgard-spine102/shports-Eth1-10-typ-range"
      [32m+[0m [0m[1m[0mid[0m[0m         = (known after apply)

      [32m+[0m [0mchild {
          [32m+[0m [0m[1m[0mclass_name[0m[0m = "infraPortBlk"
          [32m+[0m [0m[1m[0mcontent[0m[0m    = {
              [32m+[0m [0m"fromCard" = "1"
              [32m+[0m [0m"fromPort" = "10"
              [32m+[0m [0m"name"     = "Eth1-10"
              [32m+[0m [0m"toCard"   = "1"
              [32m+[0m [0m"toPort"   = "10"
            }
          [32m+[0m [0m[1m[0mrn[0m[0m         = "portblk-Eth1-10"
        }
    }

[1m  # module.switch.aci_rest_managed.spine_interface_selectors["asgard-spine102-Eth1/11"][0m will be created[0m[0m
[0m  [32m+[0m[0m resource "aci_rest_managed" "spine_interface_selectors" {
      [32m+[0m [0m[1m[0mclass_name[0m[0m = "infraSHPortS"
      [32m+[0m [0m[1m[0mcontent[0m[0m    = {
          [32m+[0m [0m"descr" = ""
          [32m+[0m [0m"name"  = "Eth1-11"
        }
      [32m+[0m [0m[1m[0mdn[0m[0m         = "uni/infra/spaccportprof-asgard-spine102/shports-Eth1-11-typ-range"
      [32m+[0m [0m[1m[0mid[0m[0m         = (known after apply)

      [32m+[0m [0mchild {
          [32m+[0m [0m[1m[0mclass_name[0m[0m = "infraPortBlk"
          [32m+[0m [0m[1m[0mcontent[0m[0m    = {
              [32m+[0m [0m"fromCard" = "1"
              [32m+[0m [0m"fromPort" = "11"
              [32m+[0m [0m"name"     = "Eth1-11"
              [32m+[0m [0m"toCard"   = "1"
              [32m+[0m [0m"toPort"   = "11"
            }
          [32m+[0m [0m[1m[0mrn[0m[0m         = "portblk-Eth1-11"
        }
    }

[1m  # module.switch.aci_rest_managed.spine_interface_selectors["asgard-spine102-Eth1/12"][0m will be created[0m[0m
[0m  [32m+[0m[0m resource "aci_rest_managed" "spine_interface_selectors" {
      [32m+[0m [0m[1m[0mclass_name[0m[0m = "infraSHPortS"
      [32m+[0m [0m[1m[0mcontent[0m[0m    = {
          [32m+[0m [0m"descr" = ""
          [32m+[0m [0m"name"  = "Eth1-12"
        }
      [32m+[0m [0m[1m[0mdn[0m[0m         = "uni/infra/spaccportprof-asgard-spine102/shports-Eth1-12-typ-range"
      [32m+[0m [0m[1m[0mid[0m[0m         = (known after apply)

      [32m+[0m [0mchild {
          [32m+[0m [0m[1m[0mclass_name[0m[0m = "infraPortBlk"
          [32m+[0m [0m[1m[0mcontent[0m[0m    = {
              [32m+[0m [0m"fromCard" = "1"
              [32m+[0m [0m"fromPort" = "12"
              [32m+[0m [0m"name"     = "Eth1-12"
              [32m+[0m [0m"toCard"   = "1"
              [32m+[0m [0m"toPort"   = "12"
            }
          [32m+[0m [0m[1m[0mrn[0m[0m         = "portblk-Eth1-12"
        }
    }

[1m  # module.switch.aci_rest_managed.spine_interface_selectors["asgard-spine102-Eth1/13"][0m will be created[0m[0m
[0m  [32m+[0m[0m resource "aci_rest_managed" "spine_interface_selectors" {
      [32m+[0m [0m[1m[0mclass_name[0m[0m = "infraSHPortS"
      [32m+[0m [0m[1m[0mcontent[0m[0m    = {
          [32m+[0m [0m"descr" = ""
          [32m+[0m [0m"name"  = "Eth1-13"
        }
      [32m+[0m [0m[1m[0mdn[0m[0m         = "uni/infra/spaccportprof-asgard-spine102/shports-Eth1-13-typ-range"
      [32m+[0m [0m[1m[0mid[0m[0m         = (known after apply)

      [32m+[0m [0mchild {
          [32m+[0m [0m[1m[0mclass_name[0m[0m = "infraPortBlk"
          [32m+[0m [0m[1m[0mcontent[0m[0m    = {
              [32m+[0m [0m"fromCard" = "1"
              [32m+[0m [0m"fromPort" = "13"
              [32m+[0m [0m"name"     = "Eth1-13"
              [32m+[0m [0m"toCard"   = "1"
              [32m+[0m [0m"toPort"   = "13"
            }
          [32m+[0m [0m[1m[0mrn[0m[0m         = "portblk-Eth1-13"
        }
    }

[1m  # module.switch.aci_rest_managed.spine_interface_selectors["asgard-spine102-Eth1/14"][0m will be created[0m[0m
[0m  [32m+[0m[0m resource "aci_rest_managed" "spine_interface_selectors" {
      [32m+[0m [0m[1m[0mclass_name[0m[0m = "infraSHPortS"
      [32m+[0m [0m[1m[0mcontent[0m[0m    = {
          [32m+[0m [0m"descr" = ""
          [32m+[0m [0m"name"  = "Eth1-14"
        }
      [32m+[0m [0m[1m[0mdn[0m[0m         = "uni/infra/spaccportprof-asgard-spine102/shports-Eth1-14-typ-range"
      [32m+[0m [0m[1m[0mid[0m[0m         = (known after apply)

      [32m+[0m [0mchild {
          [32m+[0m [0m[1m[0mclass_name[0m[0m = "infraPortBlk"
          [32m+[0m [0m[1m[0mcontent[0m[0m    = {
              [32m+[0m [0m"fromCard" = "1"
              [32m+[0m [0m"fromPort" = "14"
              [32m+[0m [0m"name"     = "Eth1-14"
              [32m+[0m [0m"toCard"   = "1"
              [32m+[0m [0m"toPort"   = "14"
            }
          [32m+[0m [0m[1m[0mrn[0m[0m         = "portblk-Eth1-14"
        }
    }

[1m  # module.switch.aci_rest_managed.spine_interface_selectors["asgard-spine102-Eth1/15"][0m will be created[0m[0m
[0m  [32m+[0m[0m resource "aci_rest_managed" "spine_interface_selectors" {
      [32m+[0m [0m[1m[0mclass_name[0m[0m = "infraSHPortS"
      [32m+[0m [0m[1m[0mcontent[0m[0m    = {
          [32m+[0m [0m"descr" = ""
          [32m+[0m [0m"name"  = "Eth1-15"
        }
      [32m+[0m [0m[1m[0mdn[0m[0m         = "uni/infra/spaccportprof-asgard-spine102/shports-Eth1-15-typ-range"
      [32m+[0m [0m[1m[0mid[0m[0m         = (known after apply)

      [32m+[0m [0mchild {
          [32m+[0m [0m[1m[0mclass_name[0m[0m = "infraPortBlk"
          [32m+[0m [0m[1m[0mcontent[0m[0m    = {
              [32m+[0m [0m"fromCard" = "1"
              [32m+[0m [0m"fromPort" = "15"
              [32m+[0m [0m"name"     = "Eth1-15"
              [32m+[0m [0m"toCard"   = "1"
              [32m+[0m [0m"toPort"   = "15"
            }
          [32m+[0m [0m[1m[0mrn[0m[0m         = "portblk-Eth1-15"
        }
    }

[1m  # module.switch.aci_rest_managed.spine_interface_selectors["asgard-spine102-Eth1/16"][0m will be created[0m[0m
[0m  [32m+[0m[0m resource "aci_rest_managed" "spine_interface_selectors" {
      [32m+[0m [0m[1m[0mclass_name[0m[0m = "infraSHPortS"
      [32m+[0m [0m[1m[0mcontent[0m[0m    = {
          [32m+[0m [0m"descr" = ""
          [32m+[0m [0m"name"  = "Eth1-16"
        }
      [32m+[0m [0m[1m[0mdn[0m[0m         = "uni/infra/spaccportprof-asgard-spine102/shports-Eth1-16-typ-range"
      [32m+[0m [0m[1m[0mid[0m[0m         = (known after apply)

      [32m+[0m [0mchild {
          [32m+[0m [0m[1m[0mclass_name[0m[0m = "infraPortBlk"
          [32m+[0m [0m[1m[0mcontent[0m[0m    = {
              [32m+[0m [0m"fromCard" = "1"
              [32m+[0m [0m"fromPort" = "16"
              [32m+[0m [0m"name"     = "Eth1-16"
              [32m+[0m [0m"toCard"   = "1"
              [32m+[0m [0m"toPort"   = "16"
            }
          [32m+[0m [0m[1m[0mrn[0m[0m         = "portblk-Eth1-16"
        }
    }

[1m  # module.switch.aci_rest_managed.spine_interface_selectors["asgard-spine102-Eth1/17"][0m will be created[0m[0m
[0m  [32m+[0m[0m resource "aci_rest_managed" "spine_interface_selectors" {
      [32m+[0m [0m[1m[0mclass_name[0m[0m = "infraSHPortS"
      [32m+[0m [0m[1m[0mcontent[0m[0m    = {
          [32m+[0m [0m"descr" = ""
          [32m+[0m [0m"name"  = "Eth1-17"
        }
      [32m+[0m [0m[1m[0mdn[0m[0m         = "uni/infra/spaccportprof-asgard-spine102/shports-Eth1-17-typ-range"
      [32m+[0m [0m[1m[0mid[0m[0m         = (known after apply)

      [32m+[0m [0mchild {
          [32m+[0m [0m[1m[0mclass_name[0m[0m = "infraPortBlk"
          [32m+[0m [0m[1m[0mcontent[0m[0m    = {
              [32m+[0m [0m"fromCard" = "1"
              [32m+[0m [0m"fromPort" = "17"
              [32m+[0m [0m"name"     = "Eth1-17"
              [32m+[0m [0m"toCard"   = "1"
              [32m+[0m [0m"toPort"   = "17"
            }
          [32m+[0m [0m[1m[0mrn[0m[0m         = "portblk-Eth1-17"
        }
    }

[1m  # module.switch.aci_rest_managed.spine_interface_selectors["asgard-spine102-Eth1/18"][0m will be created[0m[0m
[0m  [32m+[0m[0m resource "aci_rest_managed" "spine_interface_selectors" {
      [32m+[0m [0m[1m[0mclass_name[0m[0m = "infraSHPortS"
      [32m+[0m [0m[1m[0mcontent[0m[0m    = {
          [32m+[0m [0m"descr" = ""
          [32m+[0m [0m"name"  = "Eth1-18"
        }
      [32m+[0m [0m[1m[0mdn[0m[0m         = "uni/infra/spaccportprof-asgard-spine102/shports-Eth1-18-typ-range"
      [32m+[0m [0m[1m[0mid[0m[0m         = (known after apply)

      [32m+[0m [0mchild {
          [32m+[0m [0m[1m[0mclass_name[0m[0m = "infraPortBlk"
          [32m+[0m [0m[1m[0mcontent[0m[0m    = {
              [32m+[0m [0m"fromCard" = "1"
              [32m+[0m [0m"fromPort" = "18"
              [32m+[0m [0m"name"     = "Eth1-18"
              [32m+[0m [0m"toCard"   = "1"
              [32m+[0m [0m"toPort"   = "18"
            }
          [32m+[0m [0m[1m[0mrn[0m[0m         = "portblk-Eth1-18"
        }
    }

[1m  # module.switch.aci_rest_managed.spine_interface_selectors["asgard-spine102-Eth1/19"][0m will be created[0m[0m
[0m  [32m+[0m[0m resource "aci_rest_managed" "spine_interface_selectors" {
      [32m+[0m [0m[1m[0mclass_name[0m[0m = "infraSHPortS"
      [32m+[0m [0m[1m[0mcontent[0m[0m    = {
          [32m+[0m [0m"descr" = ""
          [32m+[0m [0m"name"  = "Eth1-19"
        }
      [32m+[0m [0m[1m[0mdn[0m[0m         = "uni/infra/spaccportprof-asgard-spine102/shports-Eth1-19-typ-range"
      [32m+[0m [0m[1m[0mid[0m[0m         = (known after apply)

      [32m+[0m [0mchild {
          [32m+[0m [0m[1m[0mclass_name[0m[0m = "infraPortBlk"
          [32m+[0m [0m[1m[0mcontent[0m[0m    = {
              [32m+[0m [0m"fromCard" = "1"
              [32m+[0m [0m"fromPort" = "19"
              [32m+[0m [0m"name"     = "Eth1-19"
              [32m+[0m [0m"toCard"   = "1"
              [32m+[0m [0m"toPort"   = "19"
            }
          [32m+[0m [0m[1m[0mrn[0m[0m         = "portblk-Eth1-19"
        }
    }

[1m  # module.switch.aci_rest_managed.spine_interface_selectors["asgard-spine102-Eth1/2"][0m will be created[0m[0m
[0m  [32m+[0m[0m resource "aci_rest_managed" "spine_interface_selectors" {
      [32m+[0m [0m[1m[0mclass_name[0m[0m = "infraSHPortS"
      [32m+[0m [0m[1m[0mcontent[0m[0m    = {
          [32m+[0m [0m"descr" = ""
          [32m+[0m [0m"name"  = "Eth1-02"
        }
      [32m+[0m [0m[1m[0mdn[0m[0m         = "uni/infra/spaccportprof-asgard-spine102/shports-Eth1-02-typ-range"
      [32m+[0m [0m[1m[0mid[0m[0m         = (known after apply)

      [32m+[0m [0mchild {
          [32m+[0m [0m[1m[0mclass_name[0m[0m = "infraPortBlk"
          [32m+[0m [0m[1m[0mcontent[0m[0m    = {
              [32m+[0m [0m"fromCard" = "1"
              [32m+[0m [0m"fromPort" = "2"
              [32m+[0m [0m"name"     = "Eth1-02"
              [32m+[0m [0m"toCard"   = "1"
              [32m+[0m [0m"toPort"   = "2"
            }
          [32m+[0m [0m[1m[0mrn[0m[0m         = "portblk-Eth1-02"
        }
    }

[1m  # module.switch.aci_rest_managed.spine_interface_selectors["asgard-spine102-Eth1/20"][0m will be created[0m[0m
[0m  [32m+[0m[0m resource "aci_rest_managed" "spine_interface_selectors" {
      [32m+[0m [0m[1m[0mclass_name[0m[0m = "infraSHPortS"
      [32m+[0m [0m[1m[0mcontent[0m[0m    = {
          [32m+[0m [0m"descr" = ""
          [32m+[0m [0m"name"  = "Eth1-20"
        }
      [32m+[0m [0m[1m[0mdn[0m[0m         = "uni/infra/spaccportprof-asgard-spine102/shports-Eth1-20-typ-range"
      [32m+[0m [0m[1m[0mid[0m[0m         = (known after apply)

      [32m+[0m [0mchild {
          [32m+[0m [0m[1m[0mclass_name[0m[0m = "infraPortBlk"
          [32m+[0m [0m[1m[0mcontent[0m[0m    = {
              [32m+[0m [0m"fromCard" = "1"
              [32m+[0m [0m"fromPort" = "20"
              [32m+[0m [0m"name"     = "Eth1-20"
              [32m+[0m [0m"toCard"   = "1"
              [32m+[0m [0m"toPort"   = "20"
            }
          [32m+[0m [0m[1m[0mrn[0m[0m         = "portblk-Eth1-20"
        }
    }

[1m  # module.switch.aci_rest_managed.spine_interface_selectors["asgard-spine102-Eth1/21"][0m will be created[0m[0m
[0m  [32m+[0m[0m resource "aci_rest_managed" "spine_interface_selectors" {
      [32m+[0m [0m[1m[0mclass_name[0m[0m = "infraSHPortS"
      [32m+[0m [0m[1m[0mcontent[0m[0m    = {
          [32m+[0m [0m"descr" = ""
          [32m+[0m [0m"name"  = "Eth1-21"
        }
      [32m+[0m [0m[1m[0mdn[0m[0m         = "uni/infra/spaccportprof-asgard-spine102/shports-Eth1-21-typ-range"
      [32m+[0m [0m[1m[0mid[0m[0m         = (known after apply)

      [32m+[0m [0mchild {
          [32m+[0m [0m[1m[0mclass_name[0m[0m = "infraPortBlk"
          [32m+[0m [0m[1m[0mcontent[0m[0m    = {
              [32m+[0m [0m"fromCard" = "1"
              [32m+[0m [0m"fromPort" = "21"
              [32m+[0m [0m"name"     = "Eth1-21"
              [32m+[0m [0m"toCard"   = "1"
              [32m+[0m [0m"toPort"   = "21"
            }
          [32m+[0m [0m[1m[0mrn[0m[0m         = "portblk-Eth1-21"
        }
    }

[1m  # module.switch.aci_rest_managed.spine_interface_selectors["asgard-spine102-Eth1/22"][0m will be created[0m[0m
[0m  [32m+[0m[0m resource "aci_rest_managed" "spine_interface_selectors" {
      [32m+[0m [0m[1m[0mclass_name[0m[0m = "infraSHPortS"
      [32m+[0m [0m[1m[0mcontent[0m[0m    = {
          [32m+[0m [0m"descr" = ""
          [32m+[0m [0m"name"  = "Eth1-22"
        }
      [32m+[0m [0m[1m[0mdn[0m[0m         = "uni/infra/spaccportprof-asgard-spine102/shports-Eth1-22-typ-range"
      [32m+[0m [0m[1m[0mid[0m[0m         = (known after apply)

      [32m+[0m [0mchild {
          [32m+[0m [0m[1m[0mclass_name[0m[0m = "infraPortBlk"
          [32m+[0m [0m[1m[0mcontent[0m[0m    = {
              [32m+[0m [0m"fromCard" = "1"
              [32m+[0m [0m"fromPort" = "22"
              [32m+[0m [0m"name"     = "Eth1-22"
              [32m+[0m [0m"toCard"   = "1"
              [32m+[0m [0m"toPort"   = "22"
            }
          [32m+[0m [0m[1m[0mrn[0m[0m         = "portblk-Eth1-22"
        }
    }

[1m  # module.switch.aci_rest_managed.spine_interface_selectors["asgard-spine102-Eth1/23"][0m will be created[0m[0m
[0m  [32m+[0m[0m resource "aci_rest_managed" "spine_interface_selectors" {
      [32m+[0m [0m[1m[0mclass_name[0m[0m = "infraSHPortS"
      [32m+[0m [0m[1m[0mcontent[0m[0m    = {
          [32m+[0m [0m"descr" = ""
          [32m+[0m [0m"name"  = "Eth1-23"
        }
      [32m+[0m [0m[1m[0mdn[0m[0m         = "uni/infra/spaccportprof-asgard-spine102/shports-Eth1-23-typ-range"
      [32m+[0m [0m[1m[0mid[0m[0m         = (known after apply)

      [32m+[0m [0mchild {
          [32m+[0m [0m[1m[0mclass_name[0m[0m = "infraPortBlk"
          [32m+[0m [0m[1m[0mcontent[0m[0m    = {
              [32m+[0m [0m"fromCard" = "1"
              [32m+[0m [0m"fromPort" = "23"
              [32m+[0m [0m"name"     = "Eth1-23"
              [32m+[0m [0m"toCard"   = "1"
              [32m+[0m [0m"toPort"   = "23"
            }
          [32m+[0m [0m[1m[0mrn[0m[0m         = "portblk-Eth1-23"
        }
    }

[1m  # module.switch.aci_rest_managed.spine_interface_selectors["asgard-spine102-Eth1/24"][0m will be created[0m[0m
[0m  [32m+[0m[0m resource "aci_rest_managed" "spine_interface_selectors" {
      [32m+[0m [0m[1m[0mclass_name[0m[0m = "infraSHPortS"
      [32m+[0m [0m[1m[0mcontent[0m[0m    = {
          [32m+[0m [0m"descr" = ""
          [32m+[0m [0m"name"  = "Eth1-24"
        }
      [32m+[0m [0m[1m[0mdn[0m[0m         = "uni/infra/spaccportprof-asgard-spine102/shports-Eth1-24-typ-range"
      [32m+[0m [0m[1m[0mid[0m[0m         = (known after apply)

      [32m+[0m [0mchild {
          [32m+[0m [0m[1m[0mclass_name[0m[0m = "infraPortBlk"
          [32m+[0m [0m[1m[0mcontent[0m[0m    = {
              [32m+[0m [0m"fromCard" = "1"
              [32m+[0m [0m"fromPort" = "24"
              [32m+[0m [0m"name"     = "Eth1-24"
              [32m+[0m [0m"toCard"   = "1"
              [32m+[0m [0m"toPort"   = "24"
            }
          [32m+[0m [0m[1m[0mrn[0m[0m         = "portblk-Eth1-24"
        }
    }

[1m  # module.switch.aci_rest_managed.spine_interface_selectors["asgard-spine102-Eth1/25"][0m will be created[0m[0m
[0m  [32m+[0m[0m resource "aci_rest_managed" "spine_interface_selectors" {
      [32m+[0m [0m[1m[0mclass_name[0m[0m = "infraSHPortS"
      [32m+[0m [0m[1m[0mcontent[0m[0m    = {
          [32m+[0m [0m"descr" = ""
          [32m+[0m [0m"name"  = "Eth1-25"
        }
      [32m+[0m [0m[1m[0mdn[0m[0m         = "uni/infra/spaccportprof-asgard-spine102/shports-Eth1-25-typ-range"
      [32m+[0m [0m[1m[0mid[0m[0m         = (known after apply)

      [32m+[0m [0mchild {
          [32m+[0m [0m[1m[0mclass_name[0m[0m = "infraPortBlk"
          [32m+[0m [0m[1m[0mcontent[0m[0m    = {
              [32m+[0m [0m"fromCard" = "1"
              [32m+[0m [0m"fromPort" = "25"
              [32m+[0m [0m"name"     = "Eth1-25"
              [32m+[0m [0m"toCard"   = "1"
              [32m+[0m [0m"toPort"   = "25"
            }
          [32m+[0m [0m[1m[0mrn[0m[0m         = "portblk-Eth1-25"
        }
    }

[1m  # module.switch.aci_rest_managed.spine_interface_selectors["asgard-spine102-Eth1/26"][0m will be created[0m[0m
[0m  [32m+[0m[0m resource "aci_rest_managed" "spine_interface_selectors" {
      [32m+[0m [0m[1m[0mclass_name[0m[0m = "infraSHPortS"
      [32m+[0m [0m[1m[0mcontent[0m[0m    = {
          [32m+[0m [0m"descr" = ""
          [32m+[0m [0m"name"  = "Eth1-26"
        }
      [32m+[0m [0m[1m[0mdn[0m[0m         = "uni/infra/spaccportprof-asgard-spine102/shports-Eth1-26-typ-range"
      [32m+[0m [0m[1m[0mid[0m[0m         = (known after apply)

      [32m+[0m [0mchild {
          [32m+[0m [0m[1m[0mclass_name[0m[0m = "infraPortBlk"
          [32m+[0m [0m[1m[0mcontent[0m[0m    = {
              [32m+[0m [0m"fromCard" = "1"
              [32m+[0m [0m"fromPort" = "26"
              [32m+[0m [0m"name"     = "Eth1-26"
              [32m+[0m [0m"toCard"   = "1"
              [32m+[0m [0m"toPort"   = "26"
            }
          [32m+[0m [0m[1m[0mrn[0m[0m         = "portblk-Eth1-26"
        }
    }

[1m  # module.switch.aci_rest_managed.spine_interface_selectors["asgard-spine102-Eth1/27"][0m will be created[0m[0m
[0m  [32m+[0m[0m resource "aci_rest_managed" "spine_interface_selectors" {
      [32m+[0m [0m[1m[0mclass_name[0m[0m = "infraSHPortS"
      [32m+[0m [0m[1m[0mcontent[0m[0m    = {
          [32m+[0m [0m"descr" = ""
          [32m+[0m [0m"name"  = "Eth1-27"
        }
      [32m+[0m [0m[1m[0mdn[0m[0m         = "uni/infra/spaccportprof-asgard-spine102/shports-Eth1-27-typ-range"
      [32m+[0m [0m[1m[0mid[0m[0m         = (known after apply)

      [32m+[0m [0mchild {
          [32m+[0m [0m[1m[0mclass_name[0m[0m = "infraPortBlk"
          [32m+[0m [0m[1m[0mcontent[0m[0m    = {
              [32m+[0m [0m"fromCard" = "1"
              [32m+[0m [0m"fromPort" = "27"
              [32m+[0m [0m"name"     = "Eth1-27"
              [32m+[0m [0m"toCard"   = "1"
              [32m+[0m [0m"toPort"   = "27"
            }
          [32m+[0m [0m[1m[0mrn[0m[0m         = "portblk-Eth1-27"
        }
    }

[1m  # module.switch.aci_rest_managed.spine_interface_selectors["asgard-spine102-Eth1/28"][0m will be created[0m[0m
[0m  [32m+[0m[0m resource "aci_rest_managed" "spine_interface_selectors" {
      [32m+[0m [0m[1m[0mclass_name[0m[0m = "infraSHPortS"
      [32m+[0m [0m[1m[0mcontent[0m[0m    = {
          [32m+[0m [0m"descr" = ""
          [32m+[0m [0m"name"  = "Eth1-28"
        }
      [32m+[0m [0m[1m[0mdn[0m[0m         = "uni/infra/spaccportprof-asgard-spine102/shports-Eth1-28-typ-range"
      [32m+[0m [0m[1m[0mid[0m[0m         = (known after apply)

      [32m+[0m [0mchild {
          [32m+[0m [0m[1m[0mclass_name[0m[0m = "infraPortBlk"
          [32m+[0m [0m[1m[0mcontent[0m[0m    = {
              [32m+[0m [0m"fromCard" = "1"
              [32m+[0m [0m"fromPort" = "28"
              [32m+[0m [0m"name"     = "Eth1-28"
              [32m+[0m [0m"toCard"   = "1"
              [32m+[0m [0m"toPort"   = "28"
            }
          [32m+[0m [0m[1m[0mrn[0m[0m         = "portblk-Eth1-28"
        }
    }

[1m  # module.switch.aci_rest_managed.spine_interface_selectors["asgard-spine102-Eth1/29"][0m will be created[0m[0m
[0m  [32m+[0m[0m resource "aci_rest_managed" "spine_interface_selectors" {
      [32m+[0m [0m[1m[0mclass_name[0m[0m = "infraSHPortS"
      [32m+[0m [0m[1m[0mcontent[0m[0m    = {
          [32m+[0m [0m"descr" = ""
          [32m+[0m [0m"name"  = "Eth1-29"
        }
      [32m+[0m [0m[1m[0mdn[0m[0m         = "uni/infra/spaccportprof-asgard-spine102/shports-Eth1-29-typ-range"
      [32m+[0m [0m[1m[0mid[0m[0m         = (known after apply)

      [32m+[0m [0mchild {
          [32m+[0m [0m[1m[0mclass_name[0m[0m = "infraPortBlk"
          [32m+[0m [0m[1m[0mcontent[0m[0m    = {
              [32m+[0m [0m"fromCard" = "1"
              [32m+[0m [0m"fromPort" = "29"
              [32m+[0m [0m"name"     = "Eth1-29"
              [32m+[0m [0m"toCard"   = "1"
              [32m+[0m [0m"toPort"   = "29"
            }
          [32m+[0m [0m[1m[0mrn[0m[0m         = "portblk-Eth1-29"
        }
    }

[1m  # module.switch.aci_rest_managed.spine_interface_selectors["asgard-spine102-Eth1/3"][0m will be created[0m[0m
[0m  [32m+[0m[0m resource "aci_rest_managed" "spine_interface_selectors" {
      [32m+[0m [0m[1m[0mclass_name[0m[0m = "infraSHPortS"
      [32m+[0m [0m[1m[0mcontent[0m[0m    = {
          [32m+[0m [0m"descr" = ""
          [32m+[0m [0m"name"  = "Eth1-03"
        }
      [32m+[0m [0m[1m[0mdn[0m[0m         = "uni/infra/spaccportprof-asgard-spine102/shports-Eth1-03-typ-range"
      [32m+[0m [0m[1m[0mid[0m[0m         = (known after apply)

      [32m+[0m [0mchild {
          [32m+[0m [0m[1m[0mclass_name[0m[0m = "infraPortBlk"
          [32m+[0m [0m[1m[0mcontent[0m[0m    = {
              [32m+[0m [0m"fromCard" = "1"
              [32m+[0m [0m"fromPort" = "3"
              [32m+[0m [0m"name"     = "Eth1-03"
              [32m+[0m [0m"toCard"   = "1"
              [32m+[0m [0m"toPort"   = "3"
            }
          [32m+[0m [0m[1m[0mrn[0m[0m         = "portblk-Eth1-03"
        }
    }

[1m  # module.switch.aci_rest_managed.spine_interface_selectors["asgard-spine102-Eth1/30"][0m will be created[0m[0m
[0m  [32m+[0m[0m resource "aci_rest_managed" "spine_interface_selectors" {
      [32m+[0m [0m[1m[0mclass_name[0m[0m = "infraSHPortS"
      [32m+[0m [0m[1m[0mcontent[0m[0m    = {
          [32m+[0m [0m"descr" = ""
          [32m+[0m [0m"name"  = "Eth1-30"
        }
      [32m+[0m [0m[1m[0mdn[0m[0m         = "uni/infra/spaccportprof-asgard-spine102/shports-Eth1-30-typ-range"
      [32m+[0m [0m[1m[0mid[0m[0m         = (known after apply)

      [32m+[0m [0mchild {
          [32m+[0m [0m[1m[0mclass_name[0m[0m = "infraPortBlk"
          [32m+[0m [0m[1m[0mcontent[0m[0m    = {
              [32m+[0m [0m"fromCard" = "1"
              [32m+[0m [0m"fromPort" = "30"
              [32m+[0m [0m"name"     = "Eth1-30"
              [32m+[0m [0m"toCard"   = "1"
              [32m+[0m [0m"toPort"   = "30"
            }
          [32m+[0m [0m[1m[0mrn[0m[0m         = "portblk-Eth1-30"
        }
    }

[1m  # module.switch.aci_rest_managed.spine_interface_selectors["asgard-spine102-Eth1/31"][0m will be created[0m[0m
[0m  [32m+[0m[0m resource "aci_rest_managed" "spine_interface_selectors" {
      [32m+[0m [0m[1m[0mclass_name[0m[0m = "infraSHPortS"
      [32m+[0m [0m[1m[0mcontent[0m[0m    = {
          [32m+[0m [0m"descr" = ""
          [32m+[0m [0m"name"  = "Eth1-31"
        }
      [32m+[0m [0m[1m[0mdn[0m[0m         = "uni/infra/spaccportprof-asgard-spine102/shports-Eth1-31-typ-range"
      [32m+[0m [0m[1m[0mid[0m[0m         = (known after apply)

      [32m+[0m [0mchild {
          [32m+[0m [0m[1m[0mclass_name[0m[0m = "infraPortBlk"
          [32m+[0m [0m[1m[0mcontent[0m[0m    = {
              [32m+[0m [0m"fromCard" = "1"
              [32m+[0m [0m"fromPort" = "31"
              [32m+[0m [0m"name"     = "Eth1-31"
              [32m+[0m [0m"toCard"   = "1"
              [32m+[0m [0m"toPort"   = "31"
            }
          [32m+[0m [0m[1m[0mrn[0m[0m         = "portblk-Eth1-31"
        }
    }

[1m  # module.switch.aci_rest_managed.spine_interface_selectors["asgard-spine102-Eth1/32"][0m will be created[0m[0m
[0m  [32m+[0m[0m resource "aci_rest_managed" "spine_interface_selectors" {
      [32m+[0m [0m[1m[0mclass_name[0m[0m = "infraSHPortS"
      [32m+[0m [0m[1m[0mcontent[0m[0m    = {
          [32m+[0m [0m"descr" = ""
          [32m+[0m [0m"name"  = "Eth1-32"
        }
      [32m+[0m [0m[1m[0mdn[0m[0m         = "uni/infra/spaccportprof-asgard-spine102/shports-Eth1-32-typ-range"
      [32m+[0m [0m[1m[0mid[0m[0m         = (known after apply)

      [32m+[0m [0mchild {
          [32m+[0m [0m[1m[0mclass_name[0m[0m = "infraPortBlk"
          [32m+[0m [0m[1m[0mcontent[0m[0m    = {
              [32m+[0m [0m"fromCard" = "1"
              [32m+[0m [0m"fromPort" = "32"
              [32m+[0m [0m"name"     = "Eth1-32"
              [32m+[0m [0m"toCard"   = "1"
              [32m+[0m [0m"toPort"   = "32"
            }
          [32m+[0m [0m[1m[0mrn[0m[0m         = "portblk-Eth1-32"
        }
    }

[1m  # module.switch.aci_rest_managed.spine_interface_selectors["asgard-spine102-Eth1/33"][0m will be created[0m[0m
[0m  [32m+[0m[0m resource "aci_rest_managed" "spine_interface_selectors" {
      [32m+[0m [0m[1m[0mclass_name[0m[0m = "infraSHPortS"
      [32m+[0m [0m[1m[0mcontent[0m[0m    = {
          [32m+[0m [0m"descr" = ""
          [32m+[0m [0m"name"  = "Eth1-33"
        }
      [32m+[0m [0m[1m[0mdn[0m[0m         = "uni/infra/spaccportprof-asgard-spine102/shports-Eth1-33-typ-range"
      [32m+[0m [0m[1m[0mid[0m[0m         = (known after apply)

      [32m+[0m [0mchild {
          [32m+[0m [0m[1m[0mclass_name[0m[0m = "infraPortBlk"
          [32m+[0m [0m[1m[0mcontent[0m[0m    = {
              [32m+[0m [0m"fromCard" = "1"
              [32m+[0m [0m"fromPort" = "33"
              [32m+[0m [0m"name"     = "Eth1-33"
              [32m+[0m [0m"toCard"   = "1"
              [32m+[0m [0m"toPort"   = "33"
            }
          [32m+[0m [0m[1m[0mrn[0m[0m         = "portblk-Eth1-33"
        }
    }

[1m  # module.switch.aci_rest_managed.spine_interface_selectors["asgard-spine102-Eth1/34"][0m will be created[0m[0m
[0m  [32m+[0m[0m resource "aci_rest_managed" "spine_interface_selectors" {
      [32m+[0m [0m[1m[0mclass_name[0m[0m = "infraSHPortS"
      [32m+[0m [0m[1m[0mcontent[0m[0m    = {
          [32m+[0m [0m"descr" = ""
          [32m+[0m [0m"name"  = "Eth1-34"
        }
      [32m+[0m [0m[1m[0mdn[0m[0m         = "uni/infra/spaccportprof-asgard-spine102/shports-Eth1-34-typ-range"
      [32m+[0m [0m[1m[0mid[0m[0m         = (known after apply)

      [32m+[0m [0mchild {
          [32m+[0m [0m[1m[0mclass_name[0m[0m = "infraPortBlk"
          [32m+[0m [0m[1m[0mcontent[0m[0m    = {
              [32m+[0m [0m"fromCard" = "1"
              [32m+[0m [0m"fromPort" = "34"
              [32m+[0m [0m"name"     = "Eth1-34"
              [32m+[0m [0m"toCard"   = "1"
              [32m+[0m [0m"toPort"   = "34"
            }
          [32m+[0m [0m[1m[0mrn[0m[0m         = "portblk-Eth1-34"
        }
    }

[1m  # module.switch.aci_rest_managed.spine_interface_selectors["asgard-spine102-Eth1/4"][0m will be created[0m[0m
[0m  [32m+[0m[0m resource "aci_rest_managed" "spine_interface_selectors" {
      [32m+[0m [0m[1m[0mclass_name[0m[0m = "infraSHPortS"
      [32m+[0m [0m[1m[0mcontent[0m[0m    = {
          [32m+[0m [0m"descr" = ""
          [32m+[0m [0m"name"  = "Eth1-04"
        }
      [32m+[0m [0m[1m[0mdn[0m[0m         = "uni/infra/spaccportprof-asgard-spine102/shports-Eth1-04-typ-range"
      [32m+[0m [0m[1m[0mid[0m[0m         = (known after apply)

      [32m+[0m [0mchild {
          [32m+[0m [0m[1m[0mclass_name[0m[0m = "infraPortBlk"
          [32m+[0m [0m[1m[0mcontent[0m[0m    = {
              [32m+[0m [0m"fromCard" = "1"
              [32m+[0m [0m"fromPort" = "4"
              [32m+[0m [0m"name"     = "Eth1-04"
              [32m+[0m [0m"toCard"   = "1"
              [32m+[0m [0m"toPort"   = "4"
            }
          [32m+[0m [0m[1m[0mrn[0m[0m         = "portblk-Eth1-04"
        }
    }

[1m  # module.switch.aci_rest_managed.spine_interface_selectors["asgard-spine102-Eth1/5"][0m will be created[0m[0m
[0m  [32m+[0m[0m resource "aci_rest_managed" "spine_interface_selectors" {
      [32m+[0m [0m[1m[0mclass_name[0m[0m = "infraSHPortS"
      [32m+[0m [0m[1m[0mcontent[0m[0m    = {
          [32m+[0m [0m"descr" = ""
          [32m+[0m [0m"name"  = "Eth1-05"
        }
      [32m+[0m [0m[1m[0mdn[0m[0m         = "uni/infra/spaccportprof-asgard-spine102/shports-Eth1-05-typ-range"
      [32m+[0m [0m[1m[0mid[0m[0m         = (known after apply)

      [32m+[0m [0mchild {
          [32m+[0m [0m[1m[0mclass_name[0m[0m = "infraPortBlk"
          [32m+[0m [0m[1m[0mcontent[0m[0m    = {
              [32m+[0m [0m"fromCard" = "1"
              [32m+[0m [0m"fromPort" = "5"
              [32m+[0m [0m"name"     = "Eth1-05"
              [32m+[0m [0m"toCard"   = "1"
              [32m+[0m [0m"toPort"   = "5"
            }
          [32m+[0m [0m[1m[0mrn[0m[0m         = "portblk-Eth1-05"
        }
    }

[1m  # module.switch.aci_rest_managed.spine_interface_selectors["asgard-spine102-Eth1/6"][0m will be created[0m[0m
[0m  [32m+[0m[0m resource "aci_rest_managed" "spine_interface_selectors" {
      [32m+[0m [0m[1m[0mclass_name[0m[0m = "infraSHPortS"
      [32m+[0m [0m[1m[0mcontent[0m[0m    = {
          [32m+[0m [0m"descr" = ""
          [32m+[0m [0m"name"  = "Eth1-06"
        }
      [32m+[0m [0m[1m[0mdn[0m[0m         = "uni/infra/spaccportprof-asgard-spine102/shports-Eth1-06-typ-range"
      [32m+[0m [0m[1m[0mid[0m[0m         = (known after apply)

      [32m+[0m [0mchild {
          [32m+[0m [0m[1m[0mclass_name[0m[0m = "infraPortBlk"
          [32m+[0m [0m[1m[0mcontent[0m[0m    = {
              [32m+[0m [0m"fromCard" = "1"
              [32m+[0m [0m"fromPort" = "6"
              [32m+[0m [0m"name"     = "Eth1-06"
              [32m+[0m [0m"toCard"   = "1"
              [32m+[0m [0m"toPort"   = "6"
            }
          [32m+[0m [0m[1m[0mrn[0m[0m         = "portblk-Eth1-06"
        }
    }

[1m  # module.switch.aci_rest_managed.spine_interface_selectors["asgard-spine102-Eth1/7"][0m will be created[0m[0m
[0m  [32m+[0m[0m resource "aci_rest_managed" "spine_interface_selectors" {
      [32m+[0m [0m[1m[0mclass_name[0m[0m = "infraSHPortS"
      [32m+[0m [0m[1m[0mcontent[0m[0m    = {
          [32m+[0m [0m"descr" = ""
          [32m+[0m [0m"name"  = "Eth1-07"
        }
      [32m+[0m [0m[1m[0mdn[0m[0m         = "uni/infra/spaccportprof-asgard-spine102/shports-Eth1-07-typ-range"
      [32m+[0m [0m[1m[0mid[0m[0m         = (known after apply)

      [32m+[0m [0mchild {
          [32m+[0m [0m[1m[0mclass_name[0m[0m = "infraPortBlk"
          [32m+[0m [0m[1m[0mcontent[0m[0m    = {
              [32m+[0m [0m"fromCard" = "1"
              [32m+[0m [0m"fromPort" = "7"
              [32m+[0m [0m"name"     = "Eth1-07"
              [32m+[0m [0m"toCard"   = "1"
              [32m+[0m [0m"toPort"   = "7"
            }
          [32m+[0m [0m[1m[0mrn[0m[0m         = "portblk-Eth1-07"
        }
    }

[1m  # module.switch.aci_rest_managed.spine_interface_selectors["asgard-spine102-Eth1/8"][0m will be created[0m[0m
[0m  [32m+[0m[0m resource "aci_rest_managed" "spine_interface_selectors" {
      [32m+[0m [0m[1m[0mclass_name[0m[0m = "infraSHPortS"
      [32m+[0m [0m[1m[0mcontent[0m[0m    = {
          [32m+[0m [0m"descr" = ""
          [32m+[0m [0m"name"  = "Eth1-08"
        }
      [32m+[0m [0m[1m[0mdn[0m[0m         = "uni/infra/spaccportprof-asgard-spine102/shports-Eth1-08-typ-range"
      [32m+[0m [0m[1m[0mid[0m[0m         = (known after apply)

      [32m+[0m [0mchild {
          [32m+[0m [0m[1m[0mclass_name[0m[0m = "infraPortBlk"
          [32m+[0m [0m[1m[0mcontent[0m[0m    = {
              [32m+[0m [0m"fromCard" = "1"
              [32m+[0m [0m"fromPort" = "8"
              [32m+[0m [0m"name"     = "Eth1-08"
              [32m+[0m [0m"toCard"   = "1"
              [32m+[0m [0m"toPort"   = "8"
            }
          [32m+[0m [0m[1m[0mrn[0m[0m         = "portblk-Eth1-08"
        }
    }

[1m  # module.switch.aci_rest_managed.spine_interface_selectors["asgard-spine102-Eth1/9"][0m will be created[0m[0m
[0m  [32m+[0m[0m resource "aci_rest_managed" "spine_interface_selectors" {
      [32m+[0m [0m[1m[0mclass_name[0m[0m = "infraSHPortS"
      [32m+[0m [0m[1m[0mcontent[0m[0m    = {
          [32m+[0m [0m"descr" = ""
          [32m+[0m [0m"name"  = "Eth1-09"
        }
      [32m+[0m [0m[1m[0mdn[0m[0m         = "uni/infra/spaccportprof-asgard-spine102/shports-Eth1-09-typ-range"
      [32m+[0m [0m[1m[0mid[0m[0m         = (known after apply)

      [32m+[0m [0mchild {
          [32m+[0m [0m[1m[0mclass_name[0m[0m = "infraPortBlk"
          [32m+[0m [0m[1m[0mcontent[0m[0m    = {
              [32m+[0m [0m"fromCard" = "1"
              [32m+[0m [0m"fromPort" = "9"
              [32m+[0m [0m"name"     = "Eth1-09"
              [32m+[0m [0m"toCard"   = "1"
              [32m+[0m [0m"toPort"   = "9"
            }
          [32m+[0m [0m[1m[0mrn[0m[0m         = "portblk-Eth1-09"
        }
    }

[1m  # module.switch.aci_rest_managed.spine_profile_node_blocks["asgard-spine101"][0m will be created[0m[0m
[0m  [32m+[0m[0m resource "aci_rest_managed" "spine_profile_node_blocks" {
      [32m+[0m [0m[1m[0mclass_name[0m[0m = "infraNodeBlk"
      [32m+[0m [0m[1m[0mcontent[0m[0m    = {
          [32m+[0m [0m"from_" = "asgard-spine101"
          [32m+[0m [0m"name"  = "blkasgard-spine101-asgard-spine101"
          [32m+[0m [0m"to_"   = "asgard-spine101"
        }
      [32m+[0m [0m[1m[0mdn[0m[0m         = "uni/infra/spprof-asgard-spine101/spines-asgard-spine101-typ-range/nodeblk-blkasgard-spine101-asgard-spine101"
      [32m+[0m [0m[1m[0mid[0m[0m         = (known after apply)
    }

[1m  # module.switch.aci_rest_managed.spine_profile_node_blocks["asgard-spine102"][0m will be created[0m[0m
[0m  [32m+[0m[0m resource "aci_rest_managed" "spine_profile_node_blocks" {
      [32m+[0m [0m[1m[0mclass_name[0m[0m = "infraNodeBlk"
      [32m+[0m [0m[1m[0mcontent[0m[0m    = {
          [32m+[0m [0m"from_" = "asgard-spine102"
          [32m+[0m [0m"name"  = "blkasgard-spine102-asgard-spine102"
          [32m+[0m [0m"to_"   = "asgard-spine102"
        }
      [32m+[0m [0m[1m[0mdn[0m[0m         = "uni/infra/spprof-asgard-spine102/spines-asgard-spine102-typ-range/nodeblk-blkasgard-spine102-asgard-spine102"
      [32m+[0m [0m[1m[0mid[0m[0m         = (known after apply)
    }

[1m  # module.switch.aci_spine_interface_profile.spine_interface_profiles["asgard-spine101"][0m will be created[0m[0m
[0m  [32m+[0m[0m resource "aci_spine_interface_profile" "spine_interface_profiles" {
      [32m+[0m [0m[1m[0mannotation[0m[0m  = "easy-aci:1.0.1"
      [32m+[0m [0m[1m[0mdescription[0m[0m = (known after apply)
      [32m+[0m [0m[1m[0mid[0m[0m          = (known after apply)
      [32m+[0m [0m[1m[0mname[0m[0m        = "asgard-spine101"
      [32m+[0m [0m[1m[0mname_alias[0m[0m  = (known after apply)
    }

[1m  # module.switch.aci_spine_interface_profile.spine_interface_profiles["asgard-spine102"][0m will be created[0m[0m
[0m  [32m+[0m[0m resource "aci_spine_interface_profile" "spine_interface_profiles" {
      [32m+[0m [0m[1m[0mannotation[0m[0m  = "easy-aci:1.0.1"
      [32m+[0m [0m[1m[0mdescription[0m[0m = (known after apply)
      [32m+[0m [0m[1m[0mid[0m[0m          = (known after apply)
      [32m+[0m [0m[1m[0mname[0m[0m        = "asgard-spine102"
      [32m+[0m [0m[1m[0mname_alias[0m[0m  = (known after apply)
    }

[1m  # module.switch.aci_spine_profile.spine_profiles["asgard-spine101"][0m will be created[0m[0m
[0m  [32m+[0m[0m resource "aci_spine_profile" "spine_profiles" {
      [32m+[0m [0m[1m[0mannotation[0m[0m                      = "easy-aci:1.0.1"
      [32m+[0m [0m[1m[0mdescription[0m[0m                     = (known after apply)
      [32m+[0m [0m[1m[0mid[0m[0m                              = (known after apply)
      [32m+[0m [0m[1m[0mname[0m[0m                            = "asgard-spine101"
      [32m+[0m [0m[1m[0mname_alias[0m[0m                      = (known after apply)
      [32m+[0m [0m[1m[0mnode_block_ids[0m[0m                  = (known after apply)
      [32m+[0m [0m[1m[0mrelation_infra_rs_sp_acc_port_p[0m[0m = (known after apply)
      [32m+[0m [0m[1m[0mspine_selector_ids[0m[0m              = (known after apply)

      [32m+[0m [0mspine_selector {
          [32m+[0m [0m[1m[0mdescription[0m[0m             = (known after apply)
          [32m+[0m [0m[1m[0mid[0m[0m                      = (known after apply)
          [32m+[0m [0m[1m[0mname[0m[0m                    = (known after apply)
          [32m+[0m [0m[1m[0mswitch_association_type[0m[0m = (known after apply)

          [32m+[0m [0mnode_block {
              [32m+[0m [0m[1m[0mdescription[0m[0m = (known after apply)
              [32m+[0m [0m[1m[0mfrom_[0m[0m       = (known after apply)
              [32m+[0m [0m[1m[0mid[0m[0m          = (known after apply)
              [32m+[0m [0m[1m[0mname[0m[0m        = (known after apply)
              [32m+[0m [0m[1m[0mto_[0m[0m         = (known after apply)
            }
        }
    }

[1m  # module.switch.aci_spine_profile.spine_profiles["asgard-spine102"][0m will be created[0m[0m
[0m  [32m+[0m[0m resource "aci_spine_profile" "spine_profiles" {
      [32m+[0m [0m[1m[0mannotation[0m[0m                      = "easy-aci:1.0.1"
      [32m+[0m [0m[1m[0mdescription[0m[0m                     = (known after apply)
      [32m+[0m [0m[1m[0mid[0m[0m                              = (known after apply)
      [32m+[0m [0m[1m[0mname[0m[0m                            = "asgard-spine102"
      [32m+[0m [0m[1m[0mname_alias[0m[0m                      = (known after apply)
      [32m+[0m [0m[1m[0mnode_block_ids[0m[0m                  = (known after apply)
      [32m+[0m [0m[1m[0mrelation_infra_rs_sp_acc_port_p[0m[0m = (known after apply)
      [32m+[0m [0m[1m[0mspine_selector_ids[0m[0m              = (known after apply)

      [32m+[0m [0mspine_selector {
          [32m+[0m [0m[1m[0mdescription[0m[0m             = (known after apply)
          [32m+[0m [0m[1m[0mid[0m[0m                      = (known after apply)
          [32m+[0m [0m[1m[0mname[0m[0m                    = (known after apply)
          [32m+[0m [0m[1m[0mswitch_association_type[0m[0m = (known after apply)

          [32m+[0m [0mnode_block {
              [32m+[0m [0m[1m[0mdescription[0m[0m = (known after apply)
              [32m+[0m [0m[1m[0mfrom_[0m[0m       = (known after apply)
              [32m+[0m [0m[1m[0mid[0m[0m          = (known after apply)
              [32m+[0m [0m[1m[0mname[0m[0m        = (known after apply)
              [32m+[0m [0m[1m[0mto_[0m[0m         = (known after apply)
            }
        }
    }

[1m  # module.switch.aci_spine_switch_association.spine_profiles["asgard-spine101"][0m will be created[0m[0m
[0m  [32m+[0m[0m resource "aci_spine_switch_association" "spine_profiles" {
      [32m+[0m [0m[1m[0mannotation[0m[0m                             = "easy-aci:1.0.1"
      [32m+[0m [0m[1m[0mdescription[0m[0m                            = (known after apply)
      [32m+[0m [0m[1m[0mid[0m[0m                                     = (known after apply)
      [32m+[0m [0m[1m[0mname[0m[0m                                   = "asgard-spine101"
      [32m+[0m [0m[1m[0mname_alias[0m[0m                             = (known after apply)
      [32m+[0m [0m[1m[0mrelation_infra_rs_spine_acc_node_p_grp[0m[0m = "uni/infra/funcprof/spaccnodepgrp-default"
      [32m+[0m [0m[1m[0mspine_profile_dn[0m[0m                       = (known after apply)
      [32m+[0m [0m[1m[0mspine_switch_association_type[0m[0m          = "range"
    }

[1m  # module.switch.aci_spine_switch_association.spine_profiles["asgard-spine102"][0m will be created[0m[0m
[0m  [32m+[0m[0m resource "aci_spine_switch_association" "spine_profiles" {
      [32m+[0m [0m[1m[0mannotation[0m[0m                             = "easy-aci:1.0.1"
      [32m+[0m [0m[1m[0mdescription[0m[0m                            = (known after apply)
      [32m+[0m [0m[1m[0mid[0m[0m                                     = (known after apply)
      [32m+[0m [0m[1m[0mname[0m[0m                                   = "asgard-spine102"
      [32m+[0m [0m[1m[0mname_alias[0m[0m                             = (known after apply)
      [32m+[0m [0m[1m[0mrelation_infra_rs_spine_acc_node_p_grp[0m[0m = "uni/infra/funcprof/spaccnodepgrp-default"
      [32m+[0m [0m[1m[0mspine_profile_dn[0m[0m                       = (known after apply)
      [32m+[0m [0m[1m[0mspine_switch_association_type[0m[0m          = "range"
    }

[1m  # module.switch.aci_static_node_mgmt_address.static_node_mgmt_addresses["asgard-leaf201-inb-inband"][0m will be created[0m[0m
[0m  [32m+[0m[0m resource "aci_static_node_mgmt_address" "static_node_mgmt_addresses" {
      [32m+[0m [0m[1m[0maddr[0m[0m              = "10.92.0.201/24"
      [32m+[0m [0m[1m[0mannotation[0m[0m        = "easy-aci:1.0.1"
      [32m+[0m [0m[1m[0mdescription[0m[0m       = (known after apply)
      [32m+[0m [0m[1m[0mgw[0m[0m                = "10.92.0.254"
      [32m+[0m [0m[1m[0mid[0m[0m                = (known after apply)
      [32m+[0m [0m[1m[0mmanagement_epg_dn[0m[0m = "uni/tn-mgmt/mgmtp-default/inb-inband"
      [32m+[0m [0m[1m[0mt_dn[0m[0m              = "topology/pod-1/node-asgard-leaf201"
      [32m+[0m [0m[1m[0mtype[0m[0m              = "in_band"
      [32m+[0m [0m[1m[0mv6_addr[0m[0m           = (known after apply)
      [32m+[0m [0m[1m[0mv6_gw[0m[0m             = (known after apply)
    }

[1m  # module.switch.aci_static_node_mgmt_address.static_node_mgmt_addresses["asgard-leaf201-oob-ooband"][0m will be created[0m[0m
[0m  [32m+[0m[0m resource "aci_static_node_mgmt_address" "static_node_mgmt_addresses" {
      [32m+[0m [0m[1m[0maddr[0m[0m              = "192.168.64.9/23"
      [32m+[0m [0m[1m[0mannotation[0m[0m        = "easy-aci:1.0.1"
      [32m+[0m [0m[1m[0mdescription[0m[0m       = (known after apply)
      [32m+[0m [0m[1m[0mgw[0m[0m                = "192.168.64.1"
      [32m+[0m [0m[1m[0mid[0m[0m                = (known after apply)
      [32m+[0m [0m[1m[0mmanagement_epg_dn[0m[0m = "uni/tn-mgmt/mgmtp-default/oob-ooband"
      [32m+[0m [0m[1m[0mt_dn[0m[0m              = "topology/pod-1/node-asgard-leaf201"
      [32m+[0m [0m[1m[0mtype[0m[0m              = "out_of_band"
      [32m+[0m [0m[1m[0mv6_addr[0m[0m           = (known after apply)
      [32m+[0m [0m[1m[0mv6_gw[0m[0m             = (known after apply)
    }

[1m  # module.switch.aci_static_node_mgmt_address.static_node_mgmt_addresses["asgard-leaf202-inb-inband"][0m will be created[0m[0m
[0m  [32m+[0m[0m resource "aci_static_node_mgmt_address" "static_node_mgmt_addresses" {
      [32m+[0m [0m[1m[0maddr[0m[0m              = "10.92.0.202/24"
      [32m+[0m [0m[1m[0mannotation[0m[0m        = "easy-aci:1.0.1"
      [32m+[0m [0m[1m[0mdescription[0m[0m       = (known after apply)
      [32m+[0m [0m[1m[0mgw[0m[0m                = "10.92.0.254"
      [32m+[0m [0m[1m[0mid[0m[0m                = (known after apply)
      [32m+[0m [0m[1m[0mmanagement_epg_dn[0m[0m = "uni/tn-mgmt/mgmtp-default/inb-inband"
      [32m+[0m [0m[1m[0mt_dn[0m[0m              = "topology/pod-1/node-asgard-leaf202"
      [32m+[0m [0m[1m[0mtype[0m[0m              = "in_band"
      [32m+[0m [0m[1m[0mv6_addr[0m[0m           = (known after apply)
      [32m+[0m [0m[1m[0mv6_gw[0m[0m             = (known after apply)
    }

[1m  # module.switch.aci_static_node_mgmt_address.static_node_mgmt_addresses["asgard-leaf202-oob-ooband"][0m will be created[0m[0m
[0m  [32m+[0m[0m resource "aci_static_node_mgmt_address" "static_node_mgmt_addresses" {
      [32m+[0m [0m[1m[0maddr[0m[0m              = "192.168.64.10/23"
      [32m+[0m [0m[1m[0mannotation[0m[0m        = "easy-aci:1.0.1"
      [32m+[0m [0m[1m[0mdescription[0m[0m       = (known after apply)
      [32m+[0m [0m[1m[0mgw[0m[0m                = "192.168.64.1"
      [32m+[0m [0m[1m[0mid[0m[0m                = (known after apply)
      [32m+[0m [0m[1m[0mmanagement_epg_dn[0m[0m = "uni/tn-mgmt/mgmtp-default/oob-ooband"
      [32m+[0m [0m[1m[0mt_dn[0m[0m              = "topology/pod-1/node-asgard-leaf202"
      [32m+[0m [0m[1m[0mtype[0m[0m              = "out_of_band"
      [32m+[0m [0m[1m[0mv6_addr[0m[0m           = (known after apply)
      [32m+[0m [0m[1m[0mv6_gw[0m[0m             = (known after apply)
    }

[1m  # module.switch.aci_static_node_mgmt_address.static_node_mgmt_addresses["asgard-spine101-inb-inband"][0m will be created[0m[0m
[0m  [32m+[0m[0m resource "aci_static_node_mgmt_address" "static_node_mgmt_addresses" {
      [32m+[0m [0m[1m[0maddr[0m[0m              = "10.92.0.101/24"
      [32m+[0m [0m[1m[0mannotation[0m[0m        = "easy-aci:1.0.1"
      [32m+[0m [0m[1m[0mdescription[0m[0m       = (known after apply)
      [32m+[0m [0m[1m[0mgw[0m[0m                = "10.92.0.254"
      [32m+[0m [0m[1m[0mid[0m[0m                = (known after apply)
      [32m+[0m [0m[1m[0mmanagement_epg_dn[0m[0m = "uni/tn-mgmt/mgmtp-default/inb-inband"
      [32m+[0m [0m[1m[0mt_dn[0m[0m              = "topology/pod-1/node-asgard-spine101"
      [32m+[0m [0m[1m[0mtype[0m[0m              = "in_band"
      [32m+[0m [0m[1m[0mv6_addr[0m[0m           = (known after apply)
      [32m+[0m [0m[1m[0mv6_gw[0m[0m             = (known after apply)
    }

[1m  # module.switch.aci_static_node_mgmt_address.static_node_mgmt_addresses["asgard-spine101-oob-ooband"][0m will be created[0m[0m
[0m  [32m+[0m[0m resource "aci_static_node_mgmt_address" "static_node_mgmt_addresses" {
      [32m+[0m [0m[1m[0maddr[0m[0m              = "192.168.64.11/23"
      [32m+[0m [0m[1m[0mannotation[0m[0m        = "easy-aci:1.0.1"
      [32m+[0m [0m[1m[0mdescription[0m[0m       = (known after apply)
      [32m+[0m [0m[1m[0mgw[0m[0m                = "192.168.64.1"
      [32m+[0m [0m[1m[0mid[0m[0m                = (known after apply)
      [32m+[0m [0m[1m[0mmanagement_epg_dn[0m[0m = "uni/tn-mgmt/mgmtp-default/oob-ooband"
      [32m+[0m [0m[1m[0mt_dn[0m[0m              = "topology/pod-1/node-asgard-spine101"
      [32m+[0m [0m[1m[0mtype[0m[0m              = "out_of_band"
      [32m+[0m [0m[1m[0mv6_addr[0m[0m           = (known after apply)
      [32m+[0m [0m[1m[0mv6_gw[0m[0m             = (known after apply)
    }

[1m  # module.switch.aci_static_node_mgmt_address.static_node_mgmt_addresses["asgard-spine102-inb-inband"][0m will be created[0m[0m
[0m  [32m+[0m[0m resource "aci_static_node_mgmt_address" "static_node_mgmt_addresses" {
      [32m+[0m [0m[1m[0maddr[0m[0m              = "10.92.0.102/24"
      [32m+[0m [0m[1m[0mannotation[0m[0m        = "easy-aci:1.0.1"
      [32m+[0m [0m[1m[0mdescription[0m[0m       = (known after apply)
      [32m+[0m [0m[1m[0mgw[0m[0m                = "10.92.0.254"
      [32m+[0m [0m[1m[0mid[0m[0m                = (known after apply)
      [32m+[0m [0m[1m[0mmanagement_epg_dn[0m[0m = "uni/tn-mgmt/mgmtp-default/inb-inband"
      [32m+[0m [0m[1m[0mt_dn[0m[0m              = "topology/pod-1/node-asgard-spine102"
      [32m+[0m [0m[1m[0mtype[0m[0m              = "in_band"
      [32m+[0m [0m[1m[0mv6_addr[0m[0m           = (known after apply)
      [32m+[0m [0m[1m[0mv6_gw[0m[0m             = (known after apply)
    }

[1m  # module.switch.aci_static_node_mgmt_address.static_node_mgmt_addresses["asgard-spine102-oob-ooband"][0m will be created[0m[0m
[0m  [32m+[0m[0m resource "aci_static_node_mgmt_address" "static_node_mgmt_addresses" {
      [32m+[0m [0m[1m[0maddr[0m[0m              = "192.168.64.12/23"
      [32m+[0m [0m[1m[0mannotation[0m[0m        = "easy-aci:1.0.1"
      [32m+[0m [0m[1m[0mdescription[0m[0m       = (known after apply)
      [32m+[0m [0m[1m[0mgw[0m[0m                = "192.168.64.1"
      [32m+[0m [0m[1m[0mid[0m[0m                = (known after apply)
      [32m+[0m [0m[1m[0mmanagement_epg_dn[0m[0m = "uni/tn-mgmt/mgmtp-default/oob-ooband"
      [32m+[0m [0m[1m[0mt_dn[0m[0m              = "topology/pod-1/node-asgard-spine102"
      [32m+[0m [0m[1m[0mtype[0m[0m              = "out_of_band"
      [32m+[0m [0m[1m[0mv6_addr[0m[0m           = (known after apply)
      [32m+[0m [0m[1m[0mv6_gw[0m[0m             = (known after apply)
    }

[1m  # module.switch.aci_vpc_explicit_protection_group.vpc_domains["asgard-leaf201-202"][0m will be created[0m[0m
[0m  [32m+[0m[0m resource "aci_vpc_explicit_protection_group" "vpc_domains" {
      [32m+[0m [0m[1m[0mannotation[0m[0m                       = "easy-aci:1.0.1"
      [32m+[0m [0m[1m[0mid[0m[0m                               = (known after apply)
      [32m+[0m [0m[1m[0mname[0m[0m                             = "asgard-leaf201-202"
      [32m+[0m [0m[1m[0mswitch1[0m[0m                          = "201"
      [32m+[0m [0m[1m[0mswitch2[0m[0m                          = "202"
      [32m+[0m [0m[1m[0mvpc_domain_policy[0m[0m                = "default"
      [32m+[0m [0m[1m[0mvpc_explicit_protection_group_id[0m[0m = "asgard-leaf201-202"
    }

[1m  # module.system_settings.aci_coop_policy.coop_group_policy["default"][0m will be created[0m[0m
[0m  [32m+[0m[0m resource "aci_coop_policy" "coop_group_policy" {
      [32m+[0m [0m[1m[0mannotation[0m[0m  = "easy-aci:1.0.1"
      [32m+[0m [0m[1m[0mdescription[0m[0m = (known after apply)
      [32m+[0m [0m[1m[0mid[0m[0m          = (known after apply)
      [32m+[0m [0m[1m[0mname_alias[0m[0m  = (known after apply)
      [32m+[0m [0m[1m[0mtype[0m[0m        = "strict"
    }

[1m  # module.system_settings.aci_encryption_key.global_aes_passphrase["default"][0m will be created[0m[0m
[0m  [32m+[0m[0m resource "aci_encryption_key" "global_aes_passphrase" {
      [32m+[0m [0m[1m[0mannotation[0m[0m                        = "orchestrator:terraform"
      [32m+[0m [0m[1m[0mclear_encryption_key[0m[0m              = "no"
      [32m+[0m [0m[1m[0mdescription[0m[0m                       = (known after apply)
      [32m+[0m [0m[1m[0mid[0m[0m                                = (known after apply)
      [32m+[0m [0m[1m[0mname_alias[0m[0m                        = (known after apply)
      [32m+[0m [0m[1m[0mpassphrase[0m[0m                        = (sensitive)
      [32m+[0m [0m[1m[0mpassphrase_key_derivation_version[0m[0m = "v1"
      [32m+[0m [0m[1m[0mstrong_encryption_enabled[0m[0m         = "yes"
    }

[1m  # module.system_settings.aci_endpoint_controls.rouge_ep_control["default"][0m will be created[0m[0m
[0m  [32m+[0m[0m resource "aci_endpoint_controls" "rouge_ep_control" {
      [32m+[0m [0m[1m[0madmin_st[0m[0m              = "enabled"
      [32m+[0m [0m[1m[0mannotation[0m[0m            = "easy-aci:1.0.1"
      [32m+[0m [0m[1m[0mdescription[0m[0m           = (known after apply)
      [32m+[0m [0m[1m[0mhold_intvl[0m[0m            = "1800"
      [32m+[0m [0m[1m[0mid[0m[0m                    = (known after apply)
      [32m+[0m [0m[1m[0mname_alias[0m[0m            = (known after apply)
      [32m+[0m [0m[1m[0mrogue_ep_detect_intvl[0m[0m = "30"
      [32m+[0m [0m[1m[0mrogue_ep_detect_mult[0m[0m  = "6"
    }

[1m  # module.system_settings.aci_endpoint_ip_aging_profile.ip_aging["default"][0m will be created[0m[0m
[0m  [32m+[0m[0m resource "aci_endpoint_ip_aging_profile" "ip_aging" {
      [32m+[0m [0m[1m[0madmin_st[0m[0m    = "enabled"
      [32m+[0m [0m[1m[0mannotation[0m[0m  = "easy-aci:1.0.1"
      [32m+[0m [0m[1m[0mdescription[0m[0m = (known after apply)
      [32m+[0m [0m[1m[0mid[0m[0m          = (known after apply)
      [32m+[0m [0m[1m[0mname_alias[0m[0m  = (known after apply)
    }

[1m  # module.system_settings.aci_isis_domain_policy.isis_policy["default"][0m will be created[0m[0m
[0m  [32m+[0m[0m resource "aci_isis_domain_policy" "isis_policy" {
      [32m+[0m [0m[1m[0mannotation[0m[0m          = "easy-aci:1.0.1"
      [32m+[0m [0m[1m[0mdescription[0m[0m         = (known after apply)
      [32m+[0m [0m[1m[0mid[0m[0m                  = (known after apply)
      [32m+[0m [0m[1m[0misis_level_name[0m[0m     = (known after apply)
      [32m+[0m [0m[1m[0misis_level_type[0m[0m     = "l1"
      [32m+[0m [0m[1m[0mlsp_fast_flood[0m[0m      = "enabled"
      [32m+[0m [0m[1m[0mlsp_gen_init_intvl[0m[0m  = "50"
      [32m+[0m [0m[1m[0mlsp_gen_max_intvl[0m[0m   = "8000"
      [32m+[0m [0m[1m[0mlsp_gen_sec_intvl[0m[0m   = "50"
      [32m+[0m [0m[1m[0mmtu[0m[0m                 = "1492"
      [32m+[0m [0m[1m[0mname_alias[0m[0m          = (known after apply)
      [32m+[0m [0m[1m[0mredistrib_metric[0m[0m    = "63"
      [32m+[0m [0m[1m[0mspf_comp_init_intvl[0m[0m = "50"
      [32m+[0m [0m[1m[0mspf_comp_max_intvl[0m[0m  = "8000"
      [32m+[0m [0m[1m[0mspf_comp_sec_intvl[0m[0m  = "50"
    }

[1m  # module.system_settings.aci_mgmt_preference.apic_connectivity_preference["default"][0m will be created[0m[0m
[0m  [32m+[0m[0m resource "aci_mgmt_preference" "apic_connectivity_preference" {
      [32m+[0m [0m[1m[0mannotation[0m[0m     = "easy-aci:1.0.1"
      [32m+[0m [0m[1m[0mdescription[0m[0m    = (known after apply)
      [32m+[0m [0m[1m[0mid[0m[0m             = (known after apply)
      [32m+[0m [0m[1m[0minterface_pref[0m[0m = "inband"
      [32m+[0m [0m[1m[0mname_alias[0m[0m     = (known after apply)
    }

[1m  # module.system_settings.aci_port_tracking.port_tracking["default"][0m will be created[0m[0m
[0m  [32m+[0m[0m resource "aci_port_tracking" "port_tracking" {
      [32m+[0m [0m[1m[0madmin_st[0m[0m           = "on"
      [32m+[0m [0m[1m[0mannotation[0m[0m         = "easy-aci:1.0.1"
      [32m+[0m [0m[1m[0mdelay[0m[0m              = "120"
      [32m+[0m [0m[1m[0mdescription[0m[0m        = (known after apply)
      [32m+[0m [0m[1m[0mid[0m[0m                 = (known after apply)
      [32m+[0m [0m[1m[0minclude_apic_ports[0m[0m = "no"
      [32m+[0m [0m[1m[0mminlinks[0m[0m           = "0"
      [32m+[0m [0m[1m[0mname_alias[0m[0m         = (known after apply)
    }

[1m  # module.system_settings.aci_rest_managed.bgp_autonomous_system_number["default"][0m will be created[0m[0m
[0m  [32m+[0m[0m resource "aci_rest_managed" "bgp_autonomous_system_number" {
      [32m+[0m [0m[1m[0mclass_name[0m[0m = "bgpAsP"
      [32m+[0m [0m[1m[0mcontent[0m[0m    = {
          [32m+[0m [0m"asn" = "65501"
        }
      [32m+[0m [0m[1m[0mdn[0m[0m         = "uni/fabric/bgpInstP-default/as"
      [32m+[0m [0m[1m[0mid[0m[0m         = (known after apply)
    }

[1m  # module.system_settings.aci_rest_managed.bgp_route_reflectors["Pod-1-Node-101"][0m will be created[0m[0m
[0m  [32m+[0m[0m resource "aci_rest_managed" "bgp_route_reflectors" {
      [32m+[0m [0m[1m[0mclass_name[0m[0m = "bgpRRNodePEp"
      [32m+[0m [0m[1m[0mcontent[0m[0m    = {
          [32m+[0m [0m"id"    = "101"
          [32m+[0m [0m"podId" = "1"
        }
      [32m+[0m [0m[1m[0mdn[0m[0m         = "uni/fabric/bgpInstP-default/rr/node-101"
      [32m+[0m [0m[1m[0mid[0m[0m         = (known after apply)
    }

[1m  # module.system_settings.aci_rest_managed.bgp_route_reflectors["Pod-1-Node-102"][0m will be created[0m[0m
[0m  [32m+[0m[0m resource "aci_rest_managed" "bgp_route_reflectors" {
      [32m+[0m [0m[1m[0mclass_name[0m[0m = "bgpRRNodePEp"
      [32m+[0m [0m[1m[0mcontent[0m[0m    = {
          [32m+[0m [0m"id"    = "102"
          [32m+[0m [0m"podId" = "1"
        }
      [32m+[0m [0m[1m[0mdn[0m[0m         = "uni/fabric/bgpInstP-default/rr/node-102"
      [32m+[0m [0m[1m[0mid[0m[0m         = (known after apply)
    }

[1m  # module.system_settings.aci_rest_managed.ep_loop_protection["default"][0m will be created[0m[0m
[0m  [32m+[0m[0m resource "aci_rest_managed" "ep_loop_protection" {
      [32m+[0m [0m[1m[0mclass_name[0m[0m = "epLoopProtectP"
      [32m+[0m [0m[1m[0mcontent[0m[0m    = {
          [32m+[0m [0m"action"          = "port-disable"
          [32m+[0m [0m"adminSt"         = "enabled"
          [32m+[0m [0m"loopDetectIntvl" = "60"
          [32m+[0m [0m"loopDetectMult"  = "4"
        }
      [32m+[0m [0m[1m[0mdn[0m[0m         = "uni/infra/epLoopProtectP-default"
      [32m+[0m [0m[1m[0mid[0m[0m         = (known after apply)
    }

[1m  # module.system_settings.aci_rest_managed.ptp_and_latency_measurement["default"][0m will be created[0m[0m
[0m  [32m+[0m[0m resource "aci_rest_managed" "ptp_and_latency_measurement" {
      [32m+[0m [0m[1m[0mclass_name[0m[0m = "latencyPtpMode"
      [32m+[0m [0m[1m[0mcontent[0m[0m    = {
          [32m+[0m [0m"annotation"         = "easy-aci:1.0.1"
          [32m+[0m [0m"fabAnnounceIntvl"   = "1"
          [32m+[0m [0m"fabAnnounceTimeout" = "3"
          [32m+[0m [0m"fabDelayIntvl"      = "-2"
          [32m+[0m [0m"fabProfileTemplate" = "aes67"
          [32m+[0m [0m"fabSyncIntvl"       = "-3"
          [32m+[0m [0m"globalDomain"       = "0"
          [32m+[0m [0m"prio1"              = "255"
          [32m+[0m [0m"prio2"              = "255"
          [32m+[0m [0m"state"              = "enabled"
        }
      [32m+[0m [0m[1m[0mdn[0m[0m         = "uni/fabric/ptpmode"
      [32m+[0m [0m[1m[0mid[0m[0m         = (known after apply)
    }

[0m[1mPlan:[0m 506 to add, 0 to change, 0 to destroy.
[0m[0m
[1mChanges to Outputs:[0m[0m
  [32m+[0m [0m[1m[0maccess[0m[0m          = {
      [32m+[0m [0mattachable_access_entity_profiles      = {
          [32m+[0m [0m"accessAep" = (known after apply)
          [32m+[0m [0m"infraAep"  = (known after apply)
          [32m+[0m [0m"trunkAep"  = (known after apply)
        }
      [32m+[0m [0mcdp_interface                          = {
          [32m+[0m [0m"cdpDisabled" = (known after apply)
          [32m+[0m [0m"cdpEnabled"  = (known after apply)
        }
      [32m+[0m [0mdhcp_relay                             = {
          [32m+[0m [0m"ad1" = (known after apply)
          [32m+[0m [0m"ad2" = (known after apply)
        }
      [32m+[0m [0merror_disabled_recovery_policy         = {}
      [32m+[0m [0mfibre_channel_interface                = {}
      [32m+[0m [0ml2_interface                           = {
          [32m+[0m [0m"portLocal" = (known after apply)
        }
      [32m+[0m [0ml3_domains                             = {
          [32m+[0m [0m"l3out" = (known after apply)
        }
      [32m+[0m [0mleaf_interfaces_policy_groups_access   = {
          [32m+[0m [0m"accessPort" = (known after apply)
          [32m+[0m [0m"infraPort"  = (known after apply)
          [32m+[0m [0m"trunkPort"  = (known after apply)
        }
      [32m+[0m [0mleaf_interfaces_policy_groups_breakout = {
          [32m+[0m [0m"100g-2x" = (known after apply)
          [32m+[0m [0m"100g-4x" = (known after apply)
          [32m+[0m [0m"10g-4x"  = (known after apply)
          [32m+[0m [0m"25g-4x"  = (known after apply)
          [32m+[0m [0m"50g-8x"  = (known after apply)
        }
      [32m+[0m [0mleaf_interfaces_policy_groups_bundle   = {
          [32m+[0m [0m"l3out"  = (known after apply)
          [32m+[0m [0m"vpc001" = (known after apply)
          [32m+[0m [0m"vpc002" = (known after apply)
          [32m+[0m [0m"vpc003" = (known after apply)
          [32m+[0m [0m"vpc004" = (known after apply)
          [32m+[0m [0m"vpc005" = (known after apply)
          [32m+[0m [0m"vpc006" = (known after apply)
          [32m+[0m [0m"vpc007" = (known after apply)
          [32m+[0m [0m"vpc008" = (known after apply)
          [32m+[0m [0m"vpc009" = (known after apply)
          [32m+[0m [0m"vpc010" = (known after apply)
          [32m+[0m [0m"vpc011" = (known after apply)
          [32m+[0m [0m"vpc012" = (known after apply)
          [32m+[0m [0m"vpc013" = (known after apply)
          [32m+[0m [0m"vpc014" = (known after apply)
          [32m+[0m [0m"vpc015" = (known after apply)
          [32m+[0m [0m"vpc016" = (known after apply)
          [32m+[0m [0m"vpc017" = (known after apply)
          [32m+[0m [0m"vpc018" = (known after apply)
          [32m+[0m [0m"vpc019" = (known after apply)
          [32m+[0m [0m"vpc020" = (known after apply)
          [32m+[0m [0m"vpc021" = (known after apply)
          [32m+[0m [0m"vpc022" = (known after apply)
          [32m+[0m [0m"vpc023" = (known after apply)
          [32m+[0m [0m"vpc024" = (known after apply)
          [32m+[0m [0m"vpc025" = (known after apply)
          [32m+[0m [0m"vpc026" = (known after apply)
          [32m+[0m [0m"vpc027" = (known after apply)
          [32m+[0m [0m"vpc028" = (known after apply)
          [32m+[0m [0m"vpc029" = (known after apply)
          [32m+[0m [0m"vpc030" = (known after apply)
          [32m+[0m [0m"vpc031" = (known after apply)
          [32m+[0m [0m"vpc032" = (known after apply)
          [32m+[0m [0m"vpc033" = (known after apply)
          [32m+[0m [0m"vpc034" = (known after apply)
          [32m+[0m [0m"vpc035" = (known after apply)
          [32m+[0m [0m"vpc036" = (known after apply)
          [32m+[0m [0m"vpc037" = (known after apply)
          [32m+[0m [0m"vpc038" = (known after apply)
          [32m+[0m [0m"vpc039" = (known after apply)
          [32m+[0m [0m"vpc040" = (known after apply)
          [32m+[0m [0m"vpc041" = (known after apply)
          [32m+[0m [0m"vpc042" = (known after apply)
          [32m+[0m [0m"vpc043" = (known after apply)
          [32m+[0m [0m"vpc044" = (known after apply)
          [32m+[0m [0m"vpc045" = (known after apply)
          [32m+[0m [0m"vpc046" = (known after apply)
          [32m+[0m [0m"vpc047" = (known after apply)
          [32m+[0m [0m"vpc048" = (known after apply)
          [32m+[0m [0m"vpc049" = (known after apply)
          [32m+[0m [0m"vpc050" = (known after apply)
          [32m+[0m [0m"vpc051" = (known after apply)
          [32m+[0m [0m"vpc052" = (known after apply)
          [32m+[0m [0m"vpc053" = (known after apply)
          [32m+[0m [0m"vpc054" = (known after apply)
          [32m+[0m [0m"vpc055" = (known after apply)
          [32m+[0m [0m"vpc056" = (known after apply)
          [32m+[0m [0m"vpc057" = (known after apply)
          [32m+[0m [0m"vpc058" = (known after apply)
          [32m+[0m [0m"vpc059" = (known after apply)
          [32m+[0m [0m"vpc060" = (known after apply)
          [32m+[0m [0m"vpc061" = (known after apply)
          [32m+[0m [0m"vpc062" = (known after apply)
          [32m+[0m [0m"vpc063" = (known after apply)
          [32m+[0m [0m"vpc064" = (known after apply)
          [32m+[0m [0m"vpc065" = (known after apply)
          [32m+[0m [0m"vpc066" = (known after apply)
          [32m+[0m [0m"vpc067" = (known after apply)
          [32m+[0m [0m"vpc068" = (known after apply)
          [32m+[0m [0m"vpc069" = (known after apply)
          [32m+[0m [0m"vpc070" = (known after apply)
          [32m+[0m [0m"vpc071" = (known after apply)
          [32m+[0m [0m"vpc072" = (known after apply)
          [32m+[0m [0m"vpc073" = (known after apply)
          [32m+[0m [0m"vpc074" = (known after apply)
          [32m+[0m [0m"vpc075" = (known after apply)
          [32m+[0m [0m"vpc076" = (known after apply)
          [32m+[0m [0m"vpc077" = (known after apply)
          [32m+[0m [0m"vpc078" = (known after apply)
          [32m+[0m [0m"vpc079" = (known after apply)
          [32m+[0m [0m"vpc080" = (known after apply)
          [32m+[0m [0m"vpc081" = (known after apply)
          [32m+[0m [0m"vpc082" = (known after apply)
          [32m+[0m [0m"vpc083" = (known after apply)
          [32m+[0m [0m"vpc084" = (known after apply)
          [32m+[0m [0m"vpc085" = (known after apply)
          [32m+[0m [0m"vpc086" = (known after apply)
          [32m+[0m [0m"vpc087" = (known after apply)
          [32m+[0m [0m"vpc088" = (known after apply)
          [32m+[0m [0m"vpc089" = (known after apply)
          [32m+[0m [0m"vpc090" = (known after apply)
          [32m+[0m [0m"vpc091" = (known after apply)
          [32m+[0m [0m"vpc092" = (known after apply)
          [32m+[0m [0m"vpc093" = (known after apply)
          [32m+[0m [0m"vpc094" = (known after apply)
          [32m+[0m [0m"vpc095" = (known after apply)
          [32m+[0m [0m"vpc096" = (known after apply)
          [32m+[0m [0m"vpc097" = (known after apply)
          [32m+[0m [0m"vpc098" = (known after apply)
          [32m+[0m [0m"vpc099" = (known after apply)
          [32m+[0m [0m"vpc100" = (known after apply)
          [32m+[0m [0m"vpc101" = (known after apply)
          [32m+[0m [0m"vpc102" = (known after apply)
          [32m+[0m [0m"vpc103" = (known after apply)
          [32m+[0m [0m"vpc104" = (known after apply)
          [32m+[0m [0m"vpc105" = (known after apply)
          [32m+[0m [0m"vpc106" = (known after apply)
          [32m+[0m [0m"vpc107" = (known after apply)
          [32m+[0m [0m"vpc108" = (known after apply)
        }
      [32m+[0m [0mlink_level                             = {
          [32m+[0m [0m"100GAuto"    = (known after apply)
          [32m+[0m [0m"100GnoNg"    = (known after apply)
          [32m+[0m [0m"100MAuto"    = (known after apply)
          [32m+[0m [0m"100MnoNg"    = (known after apply)
          [32m+[0m [0m"10GAuto"     = (known after apply)
          [32m+[0m [0m"10GnoNg"     = (known after apply)
          [32m+[0m [0m"1GAuto"      = (known after apply)
          [32m+[0m [0m"1GnoNg"      = (known after apply)
          [32m+[0m [0m"200GAuto"    = (known after apply)
          [32m+[0m [0m"200GnoNg"    = (known after apply)
          [32m+[0m [0m"25GAuto"     = (known after apply)
          [32m+[0m [0m"25GnoNg"     = (known after apply)
          [32m+[0m [0m"400GAuto"    = (known after apply)
          [32m+[0m [0m"400GnoNg"    = (known after apply)
          [32m+[0m [0m"40GAuto"     = (known after apply)
          [32m+[0m [0m"40GnoNg"     = (known after apply)
          [32m+[0m [0m"50GAuto"     = (known after apply)
          [32m+[0m [0m"50GnoNg"     = (known after apply)
          [32m+[0m [0m"cl74_fc_fec" = (known after apply)
          [32m+[0m [0m"inheritAuto" = (known after apply)
          [32m+[0m [0m"inheritnoNg" = (known after apply)
        }
      [32m+[0m [0mlldp_interface                         = {
          [32m+[0m [0m"lldpDisabled" = (known after apply)
          [32m+[0m [0m"lldpEnabled"  = (known after apply)
          [32m+[0m [0m"lldpRx"       = (known after apply)
          [32m+[0m [0m"lldpTx"       = (known after apply)
        }
      [32m+[0m [0mmcp_instance_policy                    = {}
      [32m+[0m [0mmcp_interface                          = {
          [32m+[0m [0m"mcpDisabled" = (known after apply)
          [32m+[0m [0m"mcpEnabled"  = (known after apply)
        }
      [32m+[0m [0mphysical_domains                       = {
          [32m+[0m [0m"access" = (known after apply)
        }
      [32m+[0m [0mport_channel                           = {
          [32m+[0m [0m"lacpActive"    = (known after apply)
          [32m+[0m [0m"lacpPassive"   = (known after apply)
          [32m+[0m [0m"macPin"        = (known after apply)
          [32m+[0m [0m"macPinNicLoad" = (known after apply)
          [32m+[0m [0m"static"        = (known after apply)
        }
      [32m+[0m [0mport_security                          = {
          [32m+[0m [0m"default" = (known after apply)
        }
      [32m+[0m [0mqos_class                              = {}
      [32m+[0m [0mspanning_tree_interface                = {
          [32m+[0m [0m"bpduFG" = (known after apply)
          [32m+[0m [0m"bpduFt" = (known after apply)
          [32m+[0m [0m"bpduGd" = (known after apply)
        }
      [32m+[0m [0mspine_interface_policy_groups          = {}
      [32m+[0m [0mswitches_leaf_policy_groups            = {
          [32m+[0m [0m"default" = (known after apply)
        }
      [32m+[0m [0mswitches_spine_policy_groups           = {
          [32m+[0m [0m"default" = (known after apply)
        }
      [32m+[0m [0mvlan_pools                             = {
          [32m+[0m [0m"all-vlans" = (known after apply)
        }
      [32m+[0m [0mvmm_domains                            = {
          [32m+[0m [0m"Asgard" = (known after apply)
        }
    }
  [32m+[0m [0m[1m[0madmin[0m[0m           = {}
  [32m+[0m [0m[1m[0mfabric[0m[0m          = {
      [32m+[0m [0mdate_and_time      = {
          [32m+[0m [0m"default" = (known after apply)
        }
      [32m+[0m [0mdns_profiles       = {
          [32m+[0m [0m"default" = (known after apply)
        }
      [32m+[0m [0msnmp_client_groups = {
          [32m+[0m [0m"default-ooband" = (known after apply)
        }
      [32m+[0m [0msnmp_policies      = {
          [32m+[0m [0m"default" = (known after apply)
        }
    }
  [32m+[0m [0m[1m[0mswitch[0m[0m          = {}
  [32m+[0m [0m[1m[0msystem_settings[0m[0m = {}
[90m
─────────────────────────────────────────────────────────────────────────────[0m

Saved the plan to: main.plan

To perform exactly these actions, run the following command to apply:
    terraform apply "main.plan"
